{"format_version":"1.2","terraform_version":"1.13.3","variables":{"additional_domain_name":{"value":"www.devsandbox.space"},"bucket_name":{"value":"panda-files-app"},"certificate_domain_name":{"value":"devsandbox.space"},"db_name":{"value":"react_node_app"},"db_password":{"value":"Asd1-CaPQ22"},"db_username":{"value":"admin_3_tier"},"pri_sub_3a_cidr":{"value":"10.0.3.0/24"},"pri_sub_4b_cidr":{"value":"10.0.4.0/24"},"pri_sub_5a_cidr":{"value":"10.0.5.0/24"},"pri_sub_6b_cidr":{"value":"10.0.6.0/24"},"pri_sub_7a_cidr":{"value":"10.0.7.0/24"},"pri_sub_8b_cidr":{"value":"10.0.8.0/24"},"project_name":{"value":"three-tier-app"},"pub_sub_1a_cidr":{"value":"10.0.1.0/24"},"pub_sub_2b_cidr":{"value":"10.0.2.0/24"},"region":{"value":"us-east-1"},"vpc_cidr":{"value":"10.0.0.0/16"}},"planned_values":{"root_module":{"child_modules":[{"resources":[{"address":"module.alb.aws_lb.application_load_balancer","mode":"managed","type":"aws_lb","name":"application_load_balancer","provider_name":"registry.terraform.io/hashicorp/aws","schema_version":0,"values":{"access_logs":[{"bucket":"","enabled":false,"prefix":""}],"arn":"arn:aws:elasticloadbalancing:us-east-1:513410254332:loadbalancer/app/three-tier-app-alb/3a1d50a8fbf423cf","arn_suffix":"app/three-tier-app-alb/3a1d50a8fbf423cf","customer_owned_ipv4_pool":"","desync_mitigation_mode":"defensive","dns_name":"three-tier-app-alb-1573992113.us-east-1.elb.amazonaws.com","drop_invalid_header_fields":false,"enable_cross_zone_load_balancing":true,"enable_deletion_protection":false,"enable_http2":true,"enable_tls_version_and_cipher_suite_headers":false,"enable_waf_fail_open":false,"enable_xff_client_port":false,"id":"arn:aws:elasticloadbalancing:us-east-1:513410254332:loadbalancer/app/three-tier-app-alb/3a1d50a8fbf423cf","idle_timeout":60,"internal":false,"ip_address_type":"ipv4","load_balancer_type":"application","name":"three-tier-app-alb","name_prefix":null,"preserve_host_header":false,"security_groups":["sg-02ab4df8a4a243f1b"],"subnet_mapping":[{"allocation_id":"","ipv6_address":"","outpost_id":"","private_ipv4_address":"","subnet_id":"subnet-02a62a8d91fd9772e"},{"allocation_id":"","ipv6_address":"","outpost_id":"","private_ipv4_address":"","subnet_id":"subnet-05a81b6a463955e83"}],"subnets":["subnet-02a62a8d91fd9772e","subnet-05a81b6a463955e83"],"tags":{"Name":"three-tier-app-alb"},"tags_all":{"Name":"three-tier-app-alb"},"timeouts":null,"vpc_id":"vpc-0ed9c7463763df965","xff_header_processing_mode":"append","zone_id":"Z35SXDOTRQ7X7K"},"sensitive_values":{"access_logs":[{}],"security_groups":[false],"subnet_mapping":[{},{}],"subnets":[false,false],"tags":{},"tags_all":{}}},{"address":"module.alb.aws_lb.internal_application_load_balancer","mode":"managed","type":"aws_lb","name":"internal_application_load_balancer","provider_name":"registry.terraform.io/hashicorp/aws","schema_version":0,"values":{"access_logs":[{"bucket":"","enabled":false,"prefix":""}],"arn":"arn:aws:elasticloadbalancing:us-east-1:513410254332:loadbalancer/app/three-tier-app-internal-alb/de9ed85e4ce7b721","arn_suffix":"app/three-tier-app-internal-alb/de9ed85e4ce7b721","customer_owned_ipv4_pool":"","desync_mitigation_mode":"defensive","dns_name":"internal-three-tier-app-internal-alb-451008563.us-east-1.elb.amazonaws.com","drop_invalid_header_fields":false,"enable_cross_zone_load_balancing":true,"enable_deletion_protection":false,"enable_http2":true,"enable_tls_version_and_cipher_suite_headers":false,"enable_waf_fail_open":false,"enable_xff_client_port":false,"id":"arn:aws:elasticloadbalancing:us-east-1:513410254332:loadbalancer/app/three-tier-app-internal-alb/de9ed85e4ce7b721","idle_timeout":60,"internal":true,"ip_address_type":"ipv4","load_balancer_type":"application","name":"three-tier-app-internal-alb","name_prefix":null,"preserve_host_header":false,"security_groups":["sg-0d54f115b78ecc568"],"subnet_mapping":[{"allocation_id":"","ipv6_address":"","outpost_id":"","private_ipv4_address":"","subnet_id":"subnet-06d5b3d179bb223f3"},{"allocation_id":"","ipv6_address":"","outpost_id":"","private_ipv4_address":"","subnet_id":"subnet-0ee16b2ed1b905f04"}],"subnets":["subnet-06d5b3d179bb223f3","subnet-0ee16b2ed1b905f04"],"tags":{"Name":"three-tier-app-internal-alb"},"tags_all":{"Name":"three-tier-app-internal-alb"},"timeouts":null,"vpc_id":"vpc-0ed9c7463763df965","xff_header_processing_mode":"append","zone_id":"Z35SXDOTRQ7X7K"},"sensitive_values":{"access_logs":[{}],"security_groups":[false],"subnet_mapping":[{},{}],"subnets":[false,false],"tags":{},"tags_all":{}}},{"address":"module.alb.aws_lb_listener.alb_http_listener","mode":"managed","type":"aws_lb_listener","name":"alb_http_listener","provider_name":"registry.terraform.io/hashicorp/aws","schema_version":0,"values":{"alpn_policy":null,"arn":"arn:aws:elasticloadbalancing:us-east-1:513410254332:listener/app/three-tier-app-alb/3a1d50a8fbf423cf/69f143aff9b98d6c","certificate_arn":null,"default_action":[{"authenticate_cognito":[],"authenticate_oidc":[],"fixed_response":[],"forward":[],"order":1,"redirect":[],"target_group_arn":"arn:aws:elasticloadbalancing:us-east-1:513410254332:targetgroup/three-tier-app-tg/27e2a03b66342ee3","type":"forward"}],"id":"arn:aws:elasticloadbalancing:us-east-1:513410254332:listener/app/three-tier-app-alb/3a1d50a8fbf423cf/69f143aff9b98d6c","load_balancer_arn":"arn:aws:elasticloadbalancing:us-east-1:513410254332:loadbalancer/app/three-tier-app-alb/3a1d50a8fbf423cf","port":80,"protocol":"HTTP","ssl_policy":"","tags":{},"tags_all":{},"timeouts":null},"sensitive_values":{"default_action":[{"authenticate_cognito":[],"authenticate_oidc":[],"fixed_response":[],"forward":[],"redirect":[]}],"tags":{},"tags_all":{}}},{"address":"module.alb.aws_lb_listener.internal_alb_http_listener","mode":"managed","type":"aws_lb_listener","name":"internal_alb_http_listener","provider_name":"registry.terraform.io/hashicorp/aws","schema_version":0,"values":{"alpn_policy":null,"arn":"arn:aws:elasticloadbalancing:us-east-1:513410254332:listener/app/three-tier-app-internal-alb/de9ed85e4ce7b721/04f5f414c7980f52","certificate_arn":null,"default_action":[{"authenticate_cognito":[],"authenticate_oidc":[],"fixed_response":[],"forward":[],"order":1,"redirect":[],"target_group_arn":"arn:aws:elasticloadbalancing:us-east-1:513410254332:targetgroup/three-tier-app-internal-alb-tg/ea7f626de7fb758f","type":"forward"}],"id":"arn:aws:elasticloadbalancing:us-east-1:513410254332:listener/app/three-tier-app-internal-alb/de9ed85e4ce7b721/04f5f414c7980f52","load_balancer_arn":"arn:aws:elasticloadbalancing:us-east-1:513410254332:loadbalancer/app/three-tier-app-internal-alb/de9ed85e4ce7b721","port":80,"protocol":"HTTP","ssl_policy":"","tags":{},"tags_all":{},"timeouts":null},"sensitive_values":{"default_action":[{"authenticate_cognito":[],"authenticate_oidc":[],"fixed_response":[],"forward":[],"redirect":[]}],"tags":{},"tags_all":{}}},{"address":"module.alb.aws_lb_target_group.alb_target_group","mode":"managed","type":"aws_lb_target_group","name":"alb_target_group","provider_name":"registry.terraform.io/hashicorp/aws","schema_version":0,"values":{"arn":"arn:aws:elasticloadbalancing:us-east-1:513410254332:targetgroup/three-tier-app-tg/27e2a03b66342ee3","arn_suffix":"targetgroup/three-tier-app-tg/27e2a03b66342ee3","connection_termination":false,"deregistration_delay":"300","health_check":[{"enabled":true,"healthy_threshold":2,"interval":300,"matcher":"200","path":"/health","port":"traffic-port","protocol":"HTTP","timeout":60,"unhealthy_threshold":5}],"id":"arn:aws:elasticloadbalancing:us-east-1:513410254332:targetgroup/three-tier-app-tg/27e2a03b66342ee3","ip_address_type":"ipv4","lambda_multi_value_headers_enabled":false,"load_balancing_algorithm_type":"round_robin","load_balancing_cross_zone_enabled":"use_load_balancer_configuration","name":"three-tier-app-tg","name_prefix":null,"port":80,"preserve_client_ip":null,"protocol":"HTTP","protocol_version":"HTTP1","proxy_protocol_v2":false,"slow_start":0,"stickiness":[{"cookie_duration":86400,"cookie_name":"","enabled":false,"type":"lb_cookie"}],"tags":{},"tags_all":{},"target_failover":[{"on_deregistration":null,"on_unhealthy":null}],"target_type":"instance","vpc_id":"vpc-0ed9c7463763df965"},"sensitive_values":{"health_check":[{}],"stickiness":[{}],"tags":{},"tags_all":{},"target_failover":[{}]}},{"address":"module.alb.aws_lb_target_group.internal_alb_target_group","mode":"managed","type":"aws_lb_target_group","name":"internal_alb_target_group","provider_name":"registry.terraform.io/hashicorp/aws","schema_version":0,"values":{"arn":"arn:aws:elasticloadbalancing:us-east-1:513410254332:targetgroup/three-tier-app-internal-alb-tg/ea7f626de7fb758f","arn_suffix":"targetgroup/three-tier-app-internal-alb-tg/ea7f626de7fb758f","connection_termination":false,"deregistration_delay":"300","health_check":[{"enabled":true,"healthy_threshold":2,"interval":300,"matcher":"200","path":"/health","port":"traffic-port","protocol":"HTTP","timeout":60,"unhealthy_threshold":5}],"id":"arn:aws:elasticloadbalancing:us-east-1:513410254332:targetgroup/three-tier-app-internal-alb-tg/ea7f626de7fb758f","ip_address_type":"ipv4","lambda_multi_value_headers_enabled":false,"load_balancing_algorithm_type":"round_robin","load_balancing_cross_zone_enabled":"use_load_balancer_configuration","name":"three-tier-app-internal-alb-tg","name_prefix":null,"port":4000,"preserve_client_ip":null,"protocol":"HTTP","protocol_version":"HTTP1","proxy_protocol_v2":false,"slow_start":0,"stickiness":[{"cookie_duration":86400,"cookie_name":"","enabled":false,"type":"lb_cookie"}],"tags":{},"tags_all":{},"target_failover":[{"on_deregistration":null,"on_unhealthy":null}],"target_type":"instance","vpc_id":"vpc-0ed9c7463763df965"},"sensitive_values":{"health_check":[{}],"stickiness":[{}],"tags":{},"tags_all":{},"target_failover":[{}]}}],"address":"module.alb"},{"resources":[{"address":"module.asg.aws_autoscaling_group.asg_name","mode":"managed","type":"aws_autoscaling_group","name":"asg_name","provider_name":"registry.terraform.io/hashicorp/aws","schema_version":0,"values":{"arn":"arn:aws:autoscaling:us-east-1:513410254332:autoScalingGroup:08808ccb-693b-4e75-9029-329b7a3bbee7:autoScalingGroupName/three-tier-app-asg","availability_zones":["us-east-1a","us-east-1b"],"capacity_rebalance":false,"context":"","default_cooldown":300,"default_instance_warmup":0,"desired_capacity":1,"desired_capacity_type":"","enabled_metrics":["GroupDesiredCapacity","GroupInServiceInstances","GroupMaxSize","GroupMinSize","GroupTotalInstances"],"force_delete":false,"force_delete_warm_pool":false,"health_check_grace_period":300,"health_check_type":"ELB","id":"three-tier-app-asg","initial_lifecycle_hook":[],"instance_refresh":[],"launch_configuration":"","launch_template":[{"id":"lt-0ac991b26e6cf1e43","name":"three-tier-app-tpl","version":"1"}],"load_balancers":[],"max_instance_lifetime":0,"max_size":1,"metrics_granularity":"1Minute","min_elb_capacity":null,"min_size":1,"mixed_instances_policy":[],"name":"three-tier-app-asg","name_prefix":"","placement_group":"","predicted_capacity":0,"protect_from_scale_in":false,"service_linked_role_arn":"arn:aws:iam::513410254332:role/aws-service-role/autoscaling.amazonaws.com/AWSServiceRoleForAutoScaling","suspended_processes":[],"tag":[{"key":"Name","propagate_at_launch":true,"value":"three-tier-app-client-ec2"}],"tags":null,"target_group_arns":["arn:aws:elasticloadbalancing:us-east-1:513410254332:targetgroup/three-tier-app-tg/27e2a03b66342ee3"],"termination_policies":[],"timeouts":null,"vpc_zone_identifier":["subnet-060b9e1c01222f3b7","subnet-06927b7372ba82f7a"],"wait_for_capacity_timeout":"10m","wait_for_elb_capacity":null,"warm_pool":[],"warm_pool_size":0},"sensitive_values":{"availability_zones":[false,false],"enabled_metrics":[false,false,false,false,false],"initial_lifecycle_hook":[],"instance_refresh":[],"launch_template":[{}],"load_balancers":[],"mixed_instances_policy":[],"suspended_processes":[],"tag":[{}],"target_group_arns":[false],"termination_policies":[],"vpc_zone_identifier":[false,false],"warm_pool":[]}},{"address":"module.asg.aws_autoscaling_group.server_asg_name","mode":"managed","type":"aws_autoscaling_group","name":"server_asg_name","provider_name":"registry.terraform.io/hashicorp/aws","schema_version":0,"values":{"arn":"arn:aws:autoscaling:us-east-1:513410254332:autoScalingGroup:e19cc4f1-0f11-4993-b014-d96c56d88b38:autoScalingGroupName/three-tier-app-server-asg","availability_zones":["us-east-1a","us-east-1b"],"capacity_rebalance":false,"context":"","default_cooldown":300,"default_instance_warmup":0,"desired_capacity":1,"desired_capacity_type":"","enabled_metrics":["GroupDesiredCapacity","GroupInServiceInstances","GroupMaxSize","GroupMinSize","GroupTotalInstances"],"force_delete":false,"force_delete_warm_pool":false,"health_check_grace_period":300,"health_check_type":"ELB","id":"three-tier-app-server-asg","initial_lifecycle_hook":[],"instance_refresh":[],"launch_configuration":"","launch_template":[{"id":"lt-0a13a4c2de77186f8","name":"three-tier-app-server_tpl","version":"1"}],"load_balancers":[],"max_instance_lifetime":0,"max_size":1,"metrics_granularity":"1Minute","min_elb_capacity":null,"min_size":1,"mixed_instances_policy":[],"name":"three-tier-app-server-asg","name_prefix":"","placement_group":"","predicted_capacity":0,"protect_from_scale_in":false,"service_linked_role_arn":"arn:aws:iam::513410254332:role/aws-service-role/autoscaling.amazonaws.com/AWSServiceRoleForAutoScaling","suspended_processes":[],"tag":[{"key":"Name","propagate_at_launch":true,"value":"three-tier-app-server-ec2"}],"tags":null,"target_group_arns":["arn:aws:elasticloadbalancing:us-east-1:513410254332:targetgroup/three-tier-app-internal-alb-tg/ea7f626de7fb758f"],"termination_policies":[],"timeouts":null,"vpc_zone_identifier":["subnet-06d5b3d179bb223f3","subnet-0ee16b2ed1b905f04"],"wait_for_capacity_timeout":"10m","wait_for_elb_capacity":null,"warm_pool":[],"warm_pool_size":0},"sensitive_values":{"availability_zones":[false,false],"enabled_metrics":[false,false,false,false,false],"initial_lifecycle_hook":[],"instance_refresh":[],"launch_template":[{}],"load_balancers":[],"mixed_instances_policy":[],"suspended_processes":[],"tag":[{}],"target_group_arns":[false],"termination_policies":[],"vpc_zone_identifier":[false,false],"warm_pool":[]}},{"address":"module.asg.aws_autoscaling_policy.scale_down","mode":"managed","type":"aws_autoscaling_policy","name":"scale_down","provider_name":"registry.terraform.io/hashicorp/aws","schema_version":0,"values":{"adjustment_type":"ChangeInCapacity","arn":"arn:aws:autoscaling:us-east-1:513410254332:scalingPolicy:e3d9d7d3-56b7-42cb-8525-866ea2772b83:autoScalingGroupName/three-tier-app-asg:policyName/three-tier-app-asg-scale-down","autoscaling_group_name":"three-tier-app-asg","cooldown":300,"enabled":true,"estimated_instance_warmup":0,"id":"three-tier-app-asg-scale-down","metric_aggregation_type":"","min_adjustment_magnitude":0,"name":"three-tier-app-asg-scale-down","policy_type":"SimpleScaling","predictive_scaling_configuration":[],"scaling_adjustment":-1,"step_adjustment":[],"target_tracking_configuration":[]},"sensitive_values":{"predictive_scaling_configuration":[],"step_adjustment":[],"target_tracking_configuration":[]}},{"address":"module.asg.aws_autoscaling_policy.scale_up","mode":"managed","type":"aws_autoscaling_policy","name":"scale_up","provider_name":"registry.terraform.io/hashicorp/aws","schema_version":0,"values":{"adjustment_type":"ChangeInCapacity","arn":"arn:aws:autoscaling:us-east-1:513410254332:scalingPolicy:69ef0225-61ac-4c9d-a5f1-bdd4d4c28fbb:autoScalingGroupName/three-tier-app-asg:policyName/three-tier-app-asg-scale-up","autoscaling_group_name":"three-tier-app-asg","cooldown":300,"enabled":true,"estimated_instance_warmup":0,"id":"three-tier-app-asg-scale-up","metric_aggregation_type":"","min_adjustment_magnitude":0,"name":"three-tier-app-asg-scale-up","policy_type":"SimpleScaling","predictive_scaling_configuration":[],"scaling_adjustment":1,"step_adjustment":[],"target_tracking_configuration":[]},"sensitive_values":{"predictive_scaling_configuration":[],"step_adjustment":[],"target_tracking_configuration":[]}},{"address":"module.asg.aws_autoscaling_policy.server_scale_down","mode":"managed","type":"aws_autoscaling_policy","name":"server_scale_down","provider_name":"registry.terraform.io/hashicorp/aws","schema_version":0,"values":{"adjustment_type":"ChangeInCapacity","arn":"arn:aws:autoscaling:us-east-1:513410254332:scalingPolicy:568737a8-4025-4d4e-89b5-df1509c18736:autoScalingGroupName/three-tier-app-server-asg:policyName/three-tier-app-server-asg-scale-down","autoscaling_group_name":"three-tier-app-server-asg","cooldown":300,"enabled":true,"estimated_instance_warmup":0,"id":"three-tier-app-server-asg-scale-down","metric_aggregation_type":"","min_adjustment_magnitude":0,"name":"three-tier-app-server-asg-scale-down","policy_type":"SimpleScaling","predictive_scaling_configuration":[],"scaling_adjustment":-1,"step_adjustment":[],"target_tracking_configuration":[]},"sensitive_values":{"predictive_scaling_configuration":[],"step_adjustment":[],"target_tracking_configuration":[]}},{"address":"module.asg.aws_autoscaling_policy.server_scale_up","mode":"managed","type":"aws_autoscaling_policy","name":"server_scale_up","provider_name":"registry.terraform.io/hashicorp/aws","schema_version":0,"values":{"adjustment_type":"ChangeInCapacity","arn":"arn:aws:autoscaling:us-east-1:513410254332:scalingPolicy:72db72bb-4690-40f2-9e06-2138d544eac0:autoScalingGroupName/three-tier-app-server-asg:policyName/three-tier-app-server-asg-scale-up","autoscaling_group_name":"three-tier-app-server-asg","cooldown":300,"enabled":true,"estimated_instance_warmup":0,"id":"three-tier-app-server-asg-scale-up","metric_aggregation_type":"","min_adjustment_magnitude":0,"name":"three-tier-app-server-asg-scale-up","policy_type":"SimpleScaling","predictive_scaling_configuration":[],"scaling_adjustment":1,"step_adjustment":[],"target_tracking_configuration":[]},"sensitive_values":{"predictive_scaling_configuration":[],"step_adjustment":[],"target_tracking_configuration":[]}},{"address":"module.asg.aws_cloudwatch_metric_alarm.scale_down_alarm","mode":"managed","type":"aws_cloudwatch_metric_alarm","name":"scale_down_alarm","provider_name":"registry.terraform.io/hashicorp/aws","schema_version":1,"values":{"actions_enabled":true,"alarm_actions":["arn:aws:autoscaling:us-east-1:513410254332:scalingPolicy:e3d9d7d3-56b7-42cb-8525-866ea2772b83:autoScalingGroupName/three-tier-app-asg:policyName/three-tier-app-asg-scale-down"],"alarm_description":"asg-scale-down-cpu-alarm","alarm_name":"three-tier-app-asg-scale-down-alarm","arn":"arn:aws:cloudwatch:us-east-1:513410254332:alarm:three-tier-app-asg-scale-down-alarm","comparison_operator":"LessThanOrEqualToThreshold","datapoints_to_alarm":0,"dimensions":{"AutoScalingGroupName":"three-tier-app-asg"},"evaluate_low_sample_count_percentiles":"","evaluation_periods":2,"extended_statistic":"","id":"three-tier-app-asg-scale-down-alarm","insufficient_data_actions":[],"metric_name":"CPUUtilization","metric_query":[],"namespace":"AWS/EC2","ok_actions":[],"period":120,"statistic":"Average","tags":{},"tags_all":{},"threshold":5,"threshold_metric_id":"","treat_missing_data":"missing","unit":""},"sensitive_values":{"alarm_actions":[false],"dimensions":{},"insufficient_data_actions":[],"metric_query":[],"ok_actions":[],"tags":{},"tags_all":{}}},{"address":"module.asg.aws_cloudwatch_metric_alarm.scale_up_alarm","mode":"managed","type":"aws_cloudwatch_metric_alarm","name":"scale_up_alarm","provider_name":"registry.terraform.io/hashicorp/aws","schema_version":1,"values":{"actions_enabled":true,"alarm_actions":["arn:aws:autoscaling:us-east-1:513410254332:scalingPolicy:69ef0225-61ac-4c9d-a5f1-bdd4d4c28fbb:autoScalingGroupName/three-tier-app-asg:policyName/three-tier-app-asg-scale-up"],"alarm_description":"asg-scale-up-cpu-alarm","alarm_name":"three-tier-app-asg-scale-up-alarm","arn":"arn:aws:cloudwatch:us-east-1:513410254332:alarm:three-tier-app-asg-scale-up-alarm","comparison_operator":"GreaterThanOrEqualToThreshold","datapoints_to_alarm":0,"dimensions":{"AutoScalingGroupName":"three-tier-app-asg"},"evaluate_low_sample_count_percentiles":"","evaluation_periods":2,"extended_statistic":"","id":"three-tier-app-asg-scale-up-alarm","insufficient_data_actions":[],"metric_name":"CPUUtilization","metric_query":[],"namespace":"AWS/EC2","ok_actions":[],"period":120,"statistic":"Average","tags":{},"tags_all":{},"threshold":50,"threshold_metric_id":"","treat_missing_data":"missing","unit":""},"sensitive_values":{"alarm_actions":[false],"dimensions":{},"insufficient_data_actions":[],"metric_query":[],"ok_actions":[],"tags":{},"tags_all":{}}},{"address":"module.asg.aws_cloudwatch_metric_alarm.server_scale_down_alarm","mode":"managed","type":"aws_cloudwatch_metric_alarm","name":"server_scale_down_alarm","provider_name":"registry.terraform.io/hashicorp/aws","schema_version":1,"values":{"actions_enabled":true,"alarm_actions":["arn:aws:autoscaling:us-east-1:513410254332:scalingPolicy:568737a8-4025-4d4e-89b5-df1509c18736:autoScalingGroupName/three-tier-app-server-asg:policyName/three-tier-app-server-asg-scale-down"],"alarm_description":"asg-scale-down-cpu-alarm","alarm_name":"three-tier-app-server-asg-scale-down-alarm","arn":"arn:aws:cloudwatch:us-east-1:513410254332:alarm:three-tier-app-server-asg-scale-down-alarm","comparison_operator":"LessThanOrEqualToThreshold","datapoints_to_alarm":0,"dimensions":{"AutoScalingGroupName":"three-tier-app-server-asg"},"evaluate_low_sample_count_percentiles":"","evaluation_periods":2,"extended_statistic":"","id":"three-tier-app-server-asg-scale-down-alarm","insufficient_data_actions":[],"metric_name":"CPUUtilization","metric_query":[],"namespace":"AWS/EC2","ok_actions":[],"period":120,"statistic":"Average","tags":{},"tags_all":{},"threshold":5,"threshold_metric_id":"","treat_missing_data":"missing","unit":""},"sensitive_values":{"alarm_actions":[false],"dimensions":{},"insufficient_data_actions":[],"metric_query":[],"ok_actions":[],"tags":{},"tags_all":{}}},{"address":"module.asg.aws_cloudwatch_metric_alarm.server_scale_up_alarm","mode":"managed","type":"aws_cloudwatch_metric_alarm","name":"server_scale_up_alarm","provider_name":"registry.terraform.io/hashicorp/aws","schema_version":1,"values":{"actions_enabled":true,"alarm_actions":["arn:aws:autoscaling:us-east-1:513410254332:scalingPolicy:72db72bb-4690-40f2-9e06-2138d544eac0:autoScalingGroupName/three-tier-app-server-asg:policyName/three-tier-app-server-asg-scale-up"],"alarm_description":"asg-scale-up-cpu-alarm","alarm_name":"three-tier-app-server-asg-scale-up-alarm","arn":"arn:aws:cloudwatch:us-east-1:513410254332:alarm:three-tier-app-server-asg-scale-up-alarm","comparison_operator":"GreaterThanOrEqualToThreshold","datapoints_to_alarm":0,"dimensions":{"AutoScalingGroupName":"three-tier-app-server-asg"},"evaluate_low_sample_count_percentiles":"","evaluation_periods":2,"extended_statistic":"","id":"three-tier-app-server-asg-scale-up-alarm","insufficient_data_actions":[],"metric_name":"CPUUtilization","metric_query":[],"namespace":"AWS/EC2","ok_actions":[],"period":120,"statistic":"Average","tags":{},"tags_all":{},"threshold":50,"threshold_metric_id":"","treat_missing_data":"missing","unit":""},"sensitive_values":{"alarm_actions":[false],"dimensions":{},"insufficient_data_actions":[],"metric_query":[],"ok_actions":[],"tags":{},"tags_all":{}}},{"address":"module.asg.aws_launch_template.lt_name","mode":"managed","type":"aws_launch_template","name":"lt_name","provider_name":"registry.terraform.io/hashicorp/aws","schema_version":0,"values":{"arn":"arn:aws:ec2:us-east-1:513410254332:launch-template/lt-0ac991b26e6cf1e43","block_device_mappings":[{"device_name":"/dev/xvda","ebs":[{"delete_on_termination":"true","encrypted":"true","iops":0,"kms_key_id":"","snapshot_id":"","throughput":0,"volume_size":8,"volume_type":"standard"}],"no_device":"","virtual_name":""}],"capacity_reservation_specification":[],"cpu_options":[],"credit_specification":[],"default_version":1,"description":"","disable_api_stop":false,"disable_api_termination":false,"ebs_optimized":"","elastic_gpu_specifications":[],"elastic_inference_accelerator":[],"enclave_options":[],"hibernation_options":[],"iam_instance_profile":[{"arn":"","name":"S3-SSM-CW-Profile"}],"id":"lt-0ac991b26e6cf1e43","image_id":"ami-0858e76ce571eb464","instance_initiated_shutdown_behavior":"","instance_market_options":[],"instance_requirements":[],"instance_type":"t4g.micro","kernel_id":"","key_name":"","latest_version":1,"license_specification":[],"maintenance_options":[],"metadata_options":[],"monitoring":[],"name":"three-tier-app-tpl","name_prefix":"","network_interfaces":[{"associate_carrier_ip_address":"","associate_public_ip_address":"false","delete_on_termination":"","description":"","device_index":0,"interface_type":"","ipv4_address_count":0,"ipv4_addresses":[],"ipv4_prefix_count":0,"ipv4_prefixes":[],"ipv6_address_count":0,"ipv6_addresses":[],"ipv6_prefix_count":0,"ipv6_prefixes":[],"network_card_index":0,"network_interface_id":"","private_ip_address":"","security_groups":["sg-06f7dd670a0a78126"],"subnet_id":""}],"placement":[],"private_dns_name_options":[],"ram_disk_id":"","security_group_names":[],"tag_specifications":[{"resource_type":"instance","tags":{"Name":"three-tier-app-client"}}],"tags":{"Name":"three-tier-app-tpl"},"tags_all":{"Name":"three-tier-app-tpl"},"update_default_version":null,"user_data":"IyEvYmluL2Jhc2gKIyA9PT09PT09PT09PT09PT09PT09PT09PT09PT09PT09PT09PT09PT09PQojIENPTU1BTkRTIFRPIFJVTiBJTiBUSEUgV0VCIFNFUlZFUgojID09PT09PT09PT09PT09PT09PT09PT09PT09PT09PT09PT09PT09PT09CgojID09PT09PT09PT09PT09PT09PT09PT09PT09PT09PT09PT09PT09PT09CiMgQ09QWSBXRUItVElFUiBDT0RFIEZST00gUzMKIyA9PT09PT09PT09PT09PT09PT09PT09PT09PT09PT09PT09PT09PT09PQpleGVjID4gPih0ZWUgL3Zhci9sb2cvdXNlci1kYXRhLmxvZykgMj4mMQpzdWRvIC1zdSBlYzItdXNlcgpjZCAvaG9tZS9lYzItdXNlcgoKIyAhISEgSU1QICEhIQojIE1PRElGWSBCRUxPVyBDT0RFIFdJVEggWU9VUiBTMyBCVUNLRVQgTkFNRQpzdWRvIGF3cyBzMyBjcCBzMzovL3BhbmRhLWZpbGVzLWFwcC9hcHBsaWNhdGlvbi1jb2RlL3dlYi10aWVyIHdlYi10aWVyIC0tcmVjdXJzaXZlCnN1ZG8gY2hvd24gLVIgZWMyLXVzZXI6ZWMyLXVzZXIgL2hvbWUvZWMyLXVzZXIKc3VkbyBjaG1vZCAtUiA3NTUgL2hvbWUvZWMyLXVzZXIKCiMgPT09PT09PT09PT09PT09PT09PT09PT09PT09PT09PT09PT09PT09PT0KIyBJTlNUQUxMSU5HIE5PREVKUyAoRk9SIFVTSU5HIFJFQUNUIExJQlJBUlkpCiMgPT09PT09PT09PT09PT09PT09PT09PT09PT09PT09PT09PT09PT09PT0KIyAoUkVGOiBodHRwczovL2RvY3MuYXdzLmFtYXpvbi5jb20vc2RrLWZvci1qYXZhc2NyaXB0L3YyL2RldmVsb3Blci1ndWlkZS9zZXR0aW5nLXVwLW5vZGUtb24tZWMyLWluc3RhbmNlLmh0bWwpCQpzdWRvIHJ1bnVzZXIgLWwgZWMyLXVzZXIgLWMgJwpjdXJsIC1vLSBodHRwczovL3Jhdy5naXRodWJ1c2VyY29udGVudC5jb20vbnZtLXNoL252bS92MC4zOS43L2luc3RhbGwuc2ggfCBiYXNoCnNvdXJjZSB+Ly5iYXNocmMKbnZtIGluc3RhbGwgMTYKbnZtIHVzZSAxNgpjZCAvaG9tZS9lYzItdXNlci93ZWItdGllcgpucG0gaW5zdGFsbApucG0gYXVkaXQgZml4CgojID09PT09PT09PT09PT09PT09PT09PT09PT09PT09PT09PT09PT09PT09CiMgQlVJTERJTkcgVEhFIEFQUCBGT1IgUFJPRFVDVElPTgojID09PT09PT09PT09PT09PT09PT09PT09PT09PT09PT09PT09PT09PT09CiMgQmVsb3cgY29tbWFuZCBpcyB1c2VkIHRvIGJ1aWxkIHRoZSBjb2RlIHdoaWNoIGNhbiBiZSBzZXJ2ZWQgYnkgdGhlIHdlYnNlcnZlciAoTmdpbngpCmNkIC9ob21lL2VjMi11c2VyL3dlYi10aWVyCm5wbSBydW4gYnVpbGQKJwojID09PT09PT09PT09PT09PT09PT09PT09PT09PT09PT09PT09PT09PT09CiMgSU5TVEFMTElORyBOR0lOWCAoV0VCU0VSVkVSKQojID09PT09PT09PT09PT09PT09PT09PT09PT09PT09PT09PT09PT09PT09CiMgKFJFRjogaHR0cHM6Ly9kZXYudG8vMHhmZWRldi9ob3ctdG8taW5zdGFsbC1uZ2lueC1hcy1yZXZlcnNlLXByb3h5LWFuZC1jb25maWd1cmUtY2VydGJvdC1vbi1hbWF6b24tbGludXgtMjAyMy0yY2M5KQojIE5PVEU6IEJlZm9yZSB1c2luZyB0aGUgbmdpbnguY29uZiBmaWxlIGluIGJlbG93IGNvZGUsIGVuc3VyZSB0byBhZGQgdGhlIEludGVybmFsLUxvYWQtQmFsYW5jZXItRE5TIGluIHRoZSBuZ2lueC5jb25mIGZpbGUgJiB1cGxvYWQgaXQgdG8gUzMKCnN1ZG8geXVtIGluc3RhbGwgbmdpbnggLXkJCmNkIC9ldGMvbmdpbngKc3VkbyBtdiBuZ2lueC5jb25mIG5naW54LWJhY2t1cC5jb25mCgojICEhISBJTVAgISEhCiMgTU9ESUZZIEJFTE9XIENPREUgV0lUSCBZT1VSIFMzIEJVQ0tFVCBOQU1FCnN1ZG8gYXdzIHMzIGNwIHMzOi8vcGFuZGEtZmlsZXMtYXBwL2FwcGxpY2F0aW9uLWNvZGUvbmdpbnguY29uZiAuCnN1ZG8gc2VkIC1pICJzLzxZb3VyLUludGVybmFsLUxvYWRCYWxhbmNlci1ETlM+L2ludGVybmFsLXRocmVlLXRpZXItYXBwLWludGVybmFsLWFsYi00NTEwMDg1NjMudXMtZWFzdC0xLmVsYi5hbWF6b25hd3MuY29tL2ciIG5naW54LmNvbmYKCnN1ZG8gY2htb2QgLVIgNzU1IC9ob21lL2VjMi11c2VyCnN1ZG8gc2VydmljZSBuZ2lueCByZXN0YXJ0CnN1ZG8gY2hrY29uZmlnIG5naW54IG9uCgojIEluc3RhbGwgQ2xvdWRXYXRjaCBhZ2VudApzdWRvIHl1bSBpbnN0YWxsIC15IGFtYXpvbi1jbG91ZHdhdGNoLWFnZW50CgojIENyZWF0ZSBDbG91ZFdhdGNoIGFnZW50IGNvbmZpZ3VyYXRpb24Kc3VkbyB0ZWUgL29wdC9hd3MvYW1hem9uLWNsb3Vkd2F0Y2gtYWdlbnQvZXRjL2FtYXpvbi1jbG91ZHdhdGNoLWFnZW50Lmpzb24gPiAvZGV2L251bGwgPDxFT0wKewogICJsb2dzIjogewogICAgImxvZ3NfY29sbGVjdGVkIjogewogICAgICAiZmlsZXMiOiB7CiAgICAgICAgImNvbGxlY3RfbGlzdCI6IFsKICAgICAgICAgewogICAgICAgICAgICAiZmlsZV9wYXRoIjogIi92YXIvbG9nL25naW54L2FjY2Vzcy5sb2ciLAogICAgICAgICAgICAibG9nX2dyb3VwX25hbWUiOiAibmdpbngtbG9ncy1mcm9udGVuZCIsCiAgICAgICAgICAgICJsb2dfc3RyZWFtX25hbWUiOiAie2luc3RhbmNlX2lkfS1uZ2lueC1hY2Nlc3MiLAogICAgICAgICAgICAidGltZXN0YW1wX2Zvcm1hdCI6ICIlYiAlZCAlSDolTTolUyIKICAgICAgICAgIH0sCiAgICAgICAgICB7CiAgICAgICAgICAgICJmaWxlX3BhdGgiOiAiL3Zhci9sb2cvbmdpbngvZXJyb3IubG9nIiwKICAgICAgICAgICAgImxvZ19ncm91cF9uYW1lIjogIm5naW54LWxvZ3MtZnJvbnRlbmQiLAogICAgICAgICAgICAibG9nX3N0cmVhbV9uYW1lIjogIntpbnN0YW5jZV9pZH0tbmdpbngtZXJyb3IiLAogICAgICAgICAgICAidGltZXN0YW1wX2Zvcm1hdCI6ICIlYiAlZCAlSDolTTolUyIKICAgICAgICAgIH0KICAgICAgICAgIAogICAgICAgIF0KICAgICAgfQogICAgfQogIH0KfQpFT0wKCiMgU3RhcnQgQ2xvdWRXYXRjaCBhZ2VudApzdWRvIC9vcHQvYXdzL2FtYXpvbi1jbG91ZHdhdGNoLWFnZW50L2Jpbi9hbWF6b24tY2xvdWR3YXRjaC1hZ2VudC1jdGwgLWEgZmV0Y2gtY29uZmlnIC1tIGVjMiAtYyBmaWxlOi9vcHQvYXdzL2FtYXpvbi1jbG91ZHdhdGNoLWFnZW50L2V0Yy9hbWF6b24tY2xvdWR3YXRjaC1hZ2VudC5qc29uIC1zCgoKCg==","vpc_security_group_ids":[]},"sensitive_values":{"block_device_mappings":[{"ebs":[{}]}],"capacity_reservation_specification":[],"cpu_options":[],"credit_specification":[],"elastic_gpu_specifications":[],"elastic_inference_accelerator":[],"enclave_options":[],"hibernation_options":[],"iam_instance_profile":[{}],"instance_market_options":[],"instance_requirements":[],"license_specification":[],"maintenance_options":[],"metadata_options":[],"monitoring":[],"network_interfaces":[{"ipv4_addresses":[],"ipv4_prefixes":[],"ipv6_addresses":[],"ipv6_prefixes":[],"security_groups":[false]}],"placement":[],"private_dns_name_options":[],"security_group_names":[],"tag_specifications":[{"tags":{}}],"tags":{},"tags_all":{},"vpc_security_group_ids":[]}},{"address":"module.asg.aws_launch_template.server_lt_name","mode":"managed","type":"aws_launch_template","name":"server_lt_name","provider_name":"registry.terraform.io/hashicorp/aws","schema_version":0,"values":{"arn":"arn:aws:ec2:us-east-1:513410254332:launch-template/lt-0a13a4c2de77186f8","block_device_mappings":[{"device_name":"/dev/xvda","ebs":[{"delete_on_termination":"true","encrypted":"true","iops":0,"kms_key_id":"","snapshot_id":"","throughput":0,"volume_size":8,"volume_type":"standard"}],"no_device":"","virtual_name":""}],"capacity_reservation_specification":[],"cpu_options":[],"credit_specification":[],"default_version":1,"description":"","disable_api_stop":false,"disable_api_termination":false,"ebs_optimized":"","elastic_gpu_specifications":[],"elastic_inference_accelerator":[],"enclave_options":[],"hibernation_options":[],"iam_instance_profile":[{"arn":"","name":"S3-SSM-CW-Profile"}],"id":"lt-0a13a4c2de77186f8","image_id":"ami-0858e76ce571eb464","instance_initiated_shutdown_behavior":"","instance_market_options":[],"instance_requirements":[],"instance_type":"t4g.micro","kernel_id":"","key_name":"","latest_version":1,"license_specification":[],"maintenance_options":[],"metadata_options":[],"monitoring":[],"name":"three-tier-app-server_tpl","name_prefix":"","network_interfaces":[{"associate_carrier_ip_address":"","associate_public_ip_address":"false","delete_on_termination":"","description":"","device_index":0,"interface_type":"","ipv4_address_count":0,"ipv4_addresses":[],"ipv4_prefix_count":0,"ipv4_prefixes":[],"ipv6_address_count":0,"ipv6_addresses":[],"ipv6_prefix_count":0,"ipv6_prefixes":[],"network_card_index":0,"network_interface_id":"","private_ip_address":"","security_groups":["sg-090125fd0fc8b1f21"],"subnet_id":""}],"placement":[],"private_dns_name_options":[],"ram_disk_id":"","security_group_names":[],"tag_specifications":[{"resource_type":"instance","tags":{"Name":"three-tier-app-server"}}],"tags":{"Name":"three-tier-app-server_tpl"},"tags_all":{"Name":"three-tier-app-server_tpl"},"update_default_version":null,"user_data":"IyEvYmluL2Jhc2gKZXhlYyA+ID4odGVlIC92YXIvbG9nL3VzZXItZGF0YS5sb2cpIDI+JjEKI3NldCAteGUKCiMgPT09PT09PT09PT09PT09PT09PT09PT09PT09PT09PT09PT09PT09PT0KIyBDT01NQU5EUyBUTyBSVU4gSU4gVEhFIEFQUExJQ0FUSU9OIFNFUlZFUgojID09PT09PT09PT09PT09PT09PT09PT09PT09PT09PT09PT09PT09PT09CgojID09PT09PT09PT09PT09PT09PT09PT09PT09PT09PT09PT09PT09CiMgSU5TVEFMTElORyBNWVNRTCBJTiBBTUFaT04gTElOVVggMjAyMwojID09PT09PT09PT09PT09PT09PT09PT09PT09PT09PT09PT09PT09CiMgKFJFRjogaHR0cHM6Ly9kZXYudG8vYXdzLWJ1aWxkZXJzL2luc3RhbGxpbmctbXlzcWwtb24tYW1hem9uLWxpbnV4LTIwMjMtMTUxMikKCgoKc3VkbyAtc3UgZWMyLXVzZXIKCiMgQ09QWSBBUFAgQ09ERQpjZCAvaG9tZS9lYzItdXNlcgphd3MgczMgY3AgczM6Ly9wYW5kYS1maWxlcy1hcHAvYXBwbGljYXRpb24tY29kZS9hcHAtdGllciBhcHAtdGllciAtLXJlY3Vyc2l2ZQoKZWNobyAiPT09PT09PT09PSBQcmVwYXJpbmcgU1FMIHNjaGVtYSA9PT09PT09PT09IgpjcCBhcHAtdGllci9hcHBkYi5zcWwgL3RtcC9hcHBkYi5zcWwKCgpzdWRvIHdnZXQgaHR0cHM6Ly9kZXYubXlzcWwuY29tL2dldC9teXNxbDgwLWNvbW11bml0eS1yZWxlYXNlLWVsOS0xLm5vYXJjaC5ycG0Kc3VkbyBkbmYgaW5zdGFsbCBteXNxbDgwLWNvbW11bml0eS1yZWxlYXNlLWVsOS0xLm5vYXJjaC5ycG0gLXkKc3VkbyBycG0gLS1pbXBvcnQgaHR0cHM6Ly9yZXBvLm15c3FsLmNvbS9SUE0tR1BHLUtFWS1teXNxbC0yMDIzCnN1ZG8gZG5mIGluc3RhbGwgbXlzcWwtY29tbXVuaXR5LWNsaWVudCAteQpteXNxbCAtLXZlcnNpb24KCiMgVE8gVEVTVCBDT05ORUNUSU9OIEJFVFdFRU4gQVBQLVNFUlZFUiAmIERBVEFCQVNFIFNFUlZFUgojIG15c3FsIC1oICJwYW5kYS1kZXYtZGIuY3c1YzR1dW13OWg1LnVzLWVhc3QtMS5yZHMuYW1hem9uYXdzLmNvbSIgXAojICAgICAgIC11ICJhZG1pbl8zX3RpZXIiIFwKIyAgICAgICAtcCJBc2QxLUNhUFEyMiIgPDxFT0YKIyBDUkVBVEUgREFUQUJBU0UgSUYgTk9UIEVYSVNUUyByZWFjdF9ub2RlX2FwcDsKIyBTSE9XIERBVEFCQVNFUzsKIyBVU0UgcmVhY3Rfbm9kZV9hcHA7CiMgQ1JFQVRFIFRBQkxFIElGIE5PVCBFWElTVFMgdHJhbnNhY3Rpb25zKGlkIElOVCBOT1QgTlVMTAojIEFVVE9fSU5DUkVNRU5ULCBhbW91bnQgREVDSU1BTCgxMCwyKSwgZGVzY3JpcHRpb24KIyBWQVJDSEFSKDEwMCksIFBSSU1BUlkgS0VZKGlkKSk7ICAgIAojIFNIT1cgVEFCTEVTOyAgICAKIyBJTlNFUlQgSU5UTyB0cmFuc2FjdGlvbnMgKGFtb3VudCxkZXNjcmlwdGlvbikgVkFMVUVTICgnNDAwJywnZ3JvY2VyaWVzJyk7ICAgCiMgU0VMRUNUICogRlJPTSB0cmFuc2FjdGlvbnM7CiMgRU9GCgoKIyBUTyBURVNUIENPTk5FQ1RJT04gQkVUV0VFTiBBUFAtU0VSVkVSICYgREFUQUJBU0UgU0VSVkVSIGFuZCBpbnN0ZXJ0IGRhdGFiYXNlIHNjaGVtYQoKbXlzcWwgLWggInBhbmRhLWRldi1kYi5jdzVjNHV1bXc5aDUudXMtZWFzdC0xLnJkcy5hbWF6b25hd3MuY29tIiBcCiAgICAgIC11ICJhZG1pbl8zX3RpZXIiIFwKICAgICAgLXAiQXNkMS1DYVBRMjIiIDwgL3RtcC9hcHBkYi5zcWwKCgojPT09PT09PT09PT09PT09PT09PT09PT09PT09PT09PQojIENPUFlJTkcgQ09OVEVOVCBGUk9NIFMzIEJVQ0tFVAojPT09PT09PT09PT09PT09PT09PT09PT09PT09PT09PQojICEhISBJTVAgISEhCiMgTU9ESUZZIEJFTE9XIENPREUgV0lUSCBZT1VSIFMzIEJVQ0tFVCBOQU1FCiMgIyBDT1BZIEFQUCBDT0RFCiMgY2QgL2hvbWUvZWMyLXVzZXIKIyBhd3MgczMgY3AgczM6Ly9wYW5kYS1maWxlcy1hcHAvYXBwbGljYXRpb24tY29kZS9hcHAtdGllciBhcHAtdGllciAtLXJlY3Vyc2l2ZQojIG9yCiMgc3VkbyB5dW0gaW5zdGFsbCBnaXQgLXkKIyBnaXQgY2xvbmUgaHR0cHM6Ly9naXRodWIuY29tL3BhbmRhY2xvdWQxL0FXU19Qcm9qZWN0MS5naXQgYXBwbGljYXRpb24tY29kZQoKIyBzdWRvIHNlZCAtaSAicy9EQl9IT1NUIDogJycvREJfSE9TVCA6IFwicGFuZGEtZGV2LWRiLmN3NWM0dXVtdzloNS51cy1lYXN0LTEucmRzLmFtYXpvbmF3cy5jb21cIi8iIGFwcC10aWVyL0RiQ29uZmlnLmpzCiMgc3VkbyBzZWQgLWkgInMvREJfVVNFUiA6ICcnL0RCX1VTRVIgOiBcImFkbWluXzNfdGllclwiLyIgYXBwLXRpZXIvRGJDb25maWcuanMKIyBzdWRvIHNlZCAtaSAicy9EQl9QV0QgIDogJycvREJfUFdEICA6IFwiQXNkMS1DYVBRMjJcIi8iIGFwcC10aWVyL0RiQ29uZmlnLmpzCiMgc3VkbyBzZWQgLWkgInMvREJfREFUQUJBU0UgOiAnJy9EQl9EQVRBQkFTRSA6IFwicmVhY3Rfbm9kZV9hcHBcIi8iIGFwcC10aWVyL0RiQ29uZmlnLmpzCgoKc3VkbyBzZWQgLWkgInMvPHNlY3JldC1uYW1lPi90aHJlZS10aWVyLWFwcC1zZWNyZXQvZyIgYXBwLXRpZXIvRGJDb25maWcuanMKc3VkbyBzZWQgLWkgInMvPHJlZ2lvbj4vdXMtZWFzdC0xL2ciIGFwcC10aWVyL0RiQ29uZmlnLmpzCgpjaG93biAtUiBlYzItdXNlcjplYzItdXNlciAvaG9tZS9lYzItdXNlci9hcHAtdGllcgpjaG1vZCAtUiA3NTUgL2hvbWUvZWMyLXVzZXIvYXBwLXRpZXIKCiM9PT09PT09PT09PT09PT09PT09PT09PT09PT09PT09CiMgSU5TVEFMTElORyBOT0RFSlMKIz09PT09PT09PT09PT09PT09PT09PT09PT09PT09PT0KIyAoUkVGOiBodHRwczovL2RvY3MuYXdzLmFtYXpvbi5jb20vc2RrLWZvci1qYXZhc2NyaXB0L3YyL2RldmVsb3Blci1ndWlkZS9zZXR0aW5nLXVwLW5vZGUtb24tZWMyLWluc3RhbmNlLmh0bWwpCgojIFJVTiBOVk0vTm9kZS9QTTIgQVMgZWMyLXVzZXIKc3VkbyBydW51c2VyIC1sIGVjMi11c2VyIC1jICcKIyBzZXQgLXhlCmV4cG9ydCBIT01FPS9ob21lL2VjMi11c2VyCmV4cG9ydCBOVk1fRElSPSIkSE9NRS8ubnZtIgoKIyBJbnN0YWxsIE5WTQpjdXJsIC1vLSBodHRwczovL3Jhdy5naXRodWJ1c2VyY29udGVudC5jb20vbnZtLXNoL252bS92MC4zOS43L2luc3RhbGwuc2ggfCBiYXNoCgojIExvYWQgTlZNClsgLXMgIiROVk1fRElSL252bS5zaCIgXSAmJiBcLiAiJE5WTV9ESVIvbnZtLnNoIgoKIyBJbnN0YWxsIE5vZGUuanMgMTYgYW5kIHNldCBkZWZhdWx0Cm52bSBpbnN0YWxsIDE2Cm52bSBhbGlhcyBkZWZhdWx0IDE2Cm52bSB1c2UgMTYKCiMgSW5zdGFsbCBkZXBlbmRlbmNpZXMgYW5kIFBNMgpucG0gaW5zdGFsbCAtZyBwbTIKY2QgL2hvbWUvZWMyLXVzZXIvYXBwLXRpZXIKbnBtIGluc3RhbGwKbnBtIGF1ZGl0IGZpeCB8fCB0cnVlCgojPT09PT09PT09PT09PT09PT09PT09PT09PT09PT09PQojIFNUQVJUSU5HIElOREVYLkpTIEZJTEUKIz09PT09PT09PT09PT09PT09PT09PT09PT09PT09PT0KIyBTdGFydCBhcHAgd2l0aCBQTTIKcG0yIHN0YXJ0IGluZGV4LmpzCnBtMiBzdGFydHVwIHN5c3RlbWQgLXUgZWMyLXVzZXIgLS1ocCAvaG9tZS9lYzItdXNlcgonCnN1ZG8gZW52IFBBVEg9JFBBVEg6L2hvbWUvZWMyLXVzZXIvLm52bS92ZXJzaW9ucy9ub2RlL3YxNi4yMC4yL2JpbiAvaG9tZS9lYzItdXNlci8ubnZtL3ZlcnNpb25zL25vZGUvdjE2LjIwLjIvbGliL25vZGVfbW9kdWxlcy9wbTIvYmluL3BtMiBzdGFydHVwIHN5c3RlbWQgLXUgZWMyLXVzZXIgLS1ocCAvaG9tZS9lYzItdXNlcgpzdWRvIHJ1bnVzZXIgLWwgZWMyLXVzZXIgLWMgJ3BtMiBzYXZlJwoKIyBIRUFMVEggQ0hFQ0sKY3VybCAtZiBodHRwOi8vbG9jYWxob3N0OjQwMDAvaGVhbHRoIHx8IGVjaG8gIkhlYWx0aCBjaGVjayBmYWlsZWQiCgojIEluc3RhbGwgQ2xvdWRXYXRjaCBhZ2VudApzdWRvIHl1bSBpbnN0YWxsIC15IGFtYXpvbi1jbG91ZHdhdGNoLWFnZW50CmV4cG9ydCBMT0dfRElSPSIvaG9tZS9lYzItdXNlci8ucG0yL2xvZ3MiCiMgQ3JlYXRlIENsb3VkV2F0Y2ggYWdlbnQgY29uZmlndXJhdGlvbgpzdWRvIHRlZSAvb3B0L2F3cy9hbWF6b24tY2xvdWR3YXRjaC1hZ2VudC9ldGMvYW1hem9uLWNsb3Vkd2F0Y2gtYWdlbnQuanNvbiA+IC9kZXYvbnVsbCA8PEVPTAp7CiAgImxvZ3MiOiB7CiAgICAibG9nc19jb2xsZWN0ZWQiOiB7CiAgICAgICJmaWxlcyI6IHsKICAgICAgICAiY29sbGVjdF9saXN0IjogWwogICAgICAgICAgewogICAgICAgICAgICAiZmlsZV9wYXRoIjogIiRMT0dfRElSL2luZGV4LW91dC5sb2ciLAogICAgICAgICAgICAibG9nX2dyb3VwX25hbWUiOiAibm9kZS1hcHAtbG9ncy1iYWNrZW5kIiwKICAgICAgICAgICAgImxvZ19zdHJlYW1fbmFtZSI6ICJ7aW5zdGFuY2VfaWR9LWluZGV4LW91dC1sb2ciLAogICAgICAgICAgICAidGltZXN0YW1wX2Zvcm1hdCI6ICIlWS0lbS0lZCAlSDolTTolUyIKICAgICAgICAgIH0sCiAgICAgICAgICB7CiAgICAgICAgICAgICJmaWxlX3BhdGgiOiAiJExPR19ESVIvaW5kZXgtZXJyb3IubG9nIiwKICAgICAgICAgICAgImxvZ19ncm91cF9uYW1lIjogIm5vZGUtYXBwLWxvZ3MtYmFja2VuZCIsCiAgICAgICAgICAgICJsb2dfc3RyZWFtX25hbWUiOiAie2luc3RhbmNlX2lkfS1pbmRleC1lcnJvci1sb2ciLAogICAgICAgICAgICAidGltZXN0YW1wX2Zvcm1hdCI6ICIlWS0lbS0lZCAlSDolTTolUyIKICAgICAgICAgIH0KICAgICAgICBdCiAgICAgIH0KICAgIH0KICB9Cn0KRU9MCgojIFN0YXJ0IENsb3VkV2F0Y2ggYWdlbnQKc3VkbyAvb3B0L2F3cy9hbWF6b24tY2xvdWR3YXRjaC1hZ2VudC9iaW4vYW1hem9uLWNsb3Vkd2F0Y2gtYWdlbnQtY3RsIC1hIGZldGNoLWNvbmZpZyAtbSBlYzIgLWMgZmlsZTovb3B0L2F3cy9hbWF6b24tY2xvdWR3YXRjaC1hZ2VudC9ldGMvYW1hem9uLWNsb3Vkd2F0Y2gtYWdlbnQuanNvbiAtcwoKCgojL2V0Yy9zeXN0ZW1kL3N5c3RlbS9wbTItZWMyLXVzZXIuc2VydmljZS4K","vpc_security_group_ids":[]},"sensitive_values":{"block_device_mappings":[{"ebs":[{}]}],"capacity_reservation_specification":[],"cpu_options":[],"credit_specification":[],"elastic_gpu_specifications":[],"elastic_inference_accelerator":[],"enclave_options":[],"hibernation_options":[],"iam_instance_profile":[{}],"instance_market_options":[],"instance_requirements":[],"license_specification":[],"maintenance_options":[],"metadata_options":[],"monitoring":[],"network_interfaces":[{"ipv4_addresses":[],"ipv4_prefixes":[],"ipv6_addresses":[],"ipv6_prefixes":[],"security_groups":[false]}],"placement":[],"private_dns_name_options":[],"security_group_names":[],"tag_specifications":[{"tags":{}}],"tags":{},"tags_all":{},"vpc_security_group_ids":[]}},{"address":"module.asg.data.aws_ami.latest_amazon_linux","mode":"data","type":"aws_ami","name":"latest_amazon_linux","provider_name":"registry.terraform.io/hashicorp/aws","schema_version":0,"values":{"executable_users":null,"filter":[{"name":"name","values":["al2023-ami-2023.*-arm64"]},{"name":"virtualization-type","values":["hvm"]}],"include_deprecated":null,"most_recent":true,"name_regex":null,"owners":["amazon"],"timeouts":null},"sensitive_values":{"block_device_mappings":[],"filter":[{"values":[false]},{"values":[false]}],"owners":[false],"product_codes":[],"state_reason":{},"tags":{}}}],"address":"module.asg"},{"resources":[{"address":"module.aws_secret.aws_secretsmanager_secret.db_secret","mode":"managed","type":"aws_secretsmanager_secret","name":"db_secret","provider_name":"registry.terraform.io/hashicorp/aws","schema_version":0,"values":{"arn":"arn:aws:secretsmanager:us-east-1:513410254332:secret:three-tier-app-secret-0rVkQW","description":"Database credentials for my application","force_overwrite_replica_secret":false,"id":"arn:aws:secretsmanager:us-east-1:513410254332:secret:three-tier-app-secret-0rVkQW","kms_key_id":"","name":"three-tier-app-secret","name_prefix":"","policy":"","recovery_window_in_days":0,"replica":[],"rotation_enabled":false,"rotation_lambda_arn":"","rotation_rules":[],"tags":{"Name":"three-tier-app-secret"},"tags_all":{"Name":"three-tier-app-secret"}},"sensitive_values":{"replica":[],"rotation_rules":[],"tags":{},"tags_all":{}}},{"address":"module.aws_secret.aws_secretsmanager_secret_version.db_secret_version","mode":"managed","type":"aws_secretsmanager_secret_version","name":"db_secret_version","provider_name":"registry.terraform.io/hashicorp/aws","schema_version":0,"values":{"arn":"arn:aws:secretsmanager:us-east-1:513410254332:secret:three-tier-app-secret-0rVkQW","id":"arn:aws:secretsmanager:us-east-1:513410254332:secret:three-tier-app-secret-0rVkQW|BC701E35-7D41-4EE7-8AC0-4F0EFFDFE820","secret_binary":"","secret_id":"arn:aws:secretsmanager:us-east-1:513410254332:secret:three-tier-app-secret-0rVkQW","secret_string":"{\"DB_HOST\":\"panda-dev-db.cw5c4uumw9h5.us-east-1.rds.amazonaws.com\",\"DB_NAME\":\"react_node_app\",\"DB_PASSWORD\":\"Asd1-CaPQ22\",\"DB_USERNAME\":\"admin_3_tier\"}","version_id":"BC701E35-7D41-4EE7-8AC0-4F0EFFDFE820","version_stages":["AWSCURRENT"]},"sensitive_values":{"secret_binary":true,"secret_string":true,"version_stages":[false]}},{"address":"module.aws_secret.aws_ssm_parameter.db_host","mode":"managed","type":"aws_ssm_parameter","name":"db_host","provider_name":"registry.terraform.io/hashicorp/aws","schema_version":0,"values":{"allowed_pattern":"","arn":"arn:aws:ssm:us-east-1:513410254332:parameter/DB_HOST","data_type":"text","description":"database dns address","id":"DB_HOST","insecure_value":null,"key_id":"","name":"DB_HOST","overwrite":null,"tags":{"environment":"dev"},"tags_all":{"environment":"dev"},"tier":"Standard","type":"String","value":"panda-dev-db.cw5c4uumw9h5.us-east-1.rds.amazonaws.com","version":1},"sensitive_values":{"tags":{},"tags_all":{},"value":true}},{"address":"module.aws_secret.aws_ssm_parameter.db_name","mode":"managed","type":"aws_ssm_parameter","name":"db_name","provider_name":"registry.terraform.io/hashicorp/aws","schema_version":0,"values":{"allowed_pattern":"","arn":"arn:aws:ssm:us-east-1:513410254332:parameter/DB_NAME","data_type":"text","description":"database name","id":"DB_NAME","insecure_value":null,"key_id":"","name":"DB_NAME","overwrite":null,"tags":{"environment":"dev"},"tags_all":{"environment":"dev"},"tier":"Standard","type":"String","value":"react_node_app","version":1},"sensitive_values":{"tags":{},"tags_all":{},"value":true}},{"address":"module.aws_secret.aws_ssm_parameter.db_password","mode":"managed","type":"aws_ssm_parameter","name":"db_password","provider_name":"registry.terraform.io/hashicorp/aws","schema_version":0,"values":{"allowed_pattern":"","arn":"arn:aws:ssm:us-east-1:513410254332:parameter/DB_PASSWORD","data_type":"text","description":"database password","id":"DB_PASSWORD","insecure_value":null,"key_id":"alias/aws/ssm","name":"DB_PASSWORD","overwrite":null,"tags":{"environment":"dev"},"tags_all":{"environment":"dev"},"tier":"Standard","type":"SecureString","value":"Asd1-CaPQ22","version":1},"sensitive_values":{"tags":{},"tags_all":{},"value":true}},{"address":"module.aws_secret.aws_ssm_parameter.db_username","mode":"managed","type":"aws_ssm_parameter","name":"db_username","provider_name":"registry.terraform.io/hashicorp/aws","schema_version":0,"values":{"allowed_pattern":"","arn":"arn:aws:ssm:us-east-1:513410254332:parameter/DB_USERNAME","data_type":"text","description":"database username","id":"DB_USERNAME","insecure_value":null,"key_id":"","name":"DB_USERNAME","overwrite":null,"tags":{"environment":"dev"},"tags_all":{"environment":"dev"},"tier":"Standard","type":"String","value":"admin_3_tier","version":1},"sensitive_values":{"tags":{},"tags_all":{},"value":true}}],"address":"module.aws_secret"},{"resources":[{"address":"module.cloudfront.aws_cloudfront_distribution.my_distribution","mode":"managed","type":"aws_cloudfront_distribution","name":"my_distribution","provider_name":"registry.terraform.io/hashicorp/aws","schema_version":1,"values":{"aliases":["www.devsandbox.space"],"arn":"arn:aws:cloudfront::513410254332:distribution/E3P78MJZOEIZ0F","caller_reference":"terraform-20251023125843853800000005","comment":null,"custom_error_response":[],"default_cache_behavior":[{"allowed_methods":["DELETE","GET","HEAD","OPTIONS","PATCH","POST","PUT"],"cache_policy_id":"","cached_methods":["GET","HEAD","OPTIONS"],"compress":false,"default_ttl":0,"field_level_encryption_id":"","forwarded_values":[{"cookies":[{"forward":"all","whitelisted_names":[]}],"headers":["host"],"query_string":true,"query_string_cache_keys":[]}],"function_association":[],"lambda_function_association":[],"max_ttl":0,"min_ttl":0,"origin_request_policy_id":"","realtime_log_config_arn":"","response_headers_policy_id":"","smooth_streaming":false,"target_origin_id":"three-tier-app-alb-1573992113.us-east-1.elb.amazonaws.com","trusted_key_groups":[],"trusted_signers":[],"viewer_protocol_policy":"redirect-to-https"}],"default_root_object":"","domain_name":"d13rolzhpu3gtp.cloudfront.net","enabled":true,"etag":"E14HTSM37YYLDI","hosted_zone_id":"Z2FDTNDATAQYW2","http_version":"http2","id":"E3P78MJZOEIZ0F","in_progress_validation_batches":0,"is_ipv6_enabled":false,"last_modified_time":"2025-10-23 12:58:45.781 +0000 UTC","logging_config":[],"ordered_cache_behavior":[],"origin":[{"connection_attempts":3,"connection_timeout":10,"custom_header":[],"custom_origin_config":[{"http_port":80,"https_port":443,"origin_keepalive_timeout":5,"origin_protocol_policy":"http-only","origin_read_timeout":30,"origin_ssl_protocols":["TLSv1.2"]}],"domain_name":"three-tier-app-alb-1573992113.us-east-1.elb.amazonaws.com","origin_access_control_id":"","origin_id":"three-tier-app-alb-1573992113.us-east-1.elb.amazonaws.com","origin_path":"","origin_shield":[],"s3_origin_config":[]}],"origin_group":[],"price_class":"PriceClass_All","restrictions":[{"geo_restriction":[{"locations":[],"restriction_type":"none"}]}],"retain_on_delete":false,"status":"Deployed","tags":{"Name":"three-tier-app"},"tags_all":{"Name":"three-tier-app"},"trusted_key_groups":[{"enabled":false,"items":[]}],"trusted_signers":[{"enabled":false,"items":[]}],"viewer_certificate":[{"cloudfront_default_certificate":false,"iam_certificate_id":"","minimum_protocol_version":"TLSv1.2_2018","ssl_support_method":"sni-only"}],"wait_for_deployment":true,"web_acl_id":""},"sensitive_values":{"aliases":[false],"custom_error_response":[],"default_cache_behavior":[{"allowed_methods":[false,false,false,false,false,false,false],"cached_methods":[false,false,false],"forwarded_values":[{"cookies":[{"whitelisted_names":[]}],"headers":[false],"query_string_cache_keys":[]}],"function_association":[],"lambda_function_association":[],"trusted_key_groups":[],"trusted_signers":[]}],"logging_config":[],"ordered_cache_behavior":[],"origin":[{"custom_header":[],"custom_origin_config":[{"origin_ssl_protocols":[false]}],"origin_shield":[],"s3_origin_config":[]}],"origin_group":[],"restrictions":[{"geo_restriction":[{"locations":[]}]}],"tags":{},"tags_all":{},"trusted_key_groups":[{"items":[]}],"trusted_signers":[{"items":[]}],"viewer_certificate":[{}]}},{"address":"module.cloudfront.data.aws_acm_certificate.issued","mode":"data","type":"aws_acm_certificate","name":"issued","provider_name":"registry.terraform.io/hashicorp/aws","schema_version":0,"values":{"domain":"devsandbox.space","key_types":null,"most_recent":null,"statuses":["ISSUED"],"types":null},"sensitive_values":{"statuses":[false],"tags":{}}}],"address":"module.cloudfront"},{"resources":[{"address":"module.iam_role.aws_flow_log.example_vpc_flow_log","mode":"managed","type":"aws_flow_log","name":"example_vpc_flow_log","provider_name":"registry.terraform.io/hashicorp/aws","schema_version":0,"values":{"arn":"arn:aws:ec2:us-east-1:513410254332:vpc-flow-log/fl-0e8e47b9060a53326","deliver_cross_account_role":"","destination_options":[{"file_format":"plain-text","hive_compatible_partitions":false,"per_hour_partition":false}],"eni_id":null,"iam_role_arn":"","id":"fl-0e8e47b9060a53326","log_destination":"arn:aws:s3:::vpc-flow-log-s3-bucket-panda","log_destination_type":"s3","log_format":"${version} ${account-id} ${interface-id} ${srcaddr} ${dstaddr} ${srcport} ${dstport} ${protocol} ${packets} ${bytes} ${start} ${end} ${action} ${log-status}","log_group_name":"","max_aggregation_interval":600,"subnet_id":null,"tags":{},"tags_all":{},"traffic_type":"ALL","transit_gateway_attachment_id":null,"transit_gateway_id":null,"vpc_id":"vpc-0ed9c7463763df965"},"sensitive_values":{"destination_options":[{}],"tags":{},"tags_all":{}}},{"address":"module.iam_role.aws_iam_instance_profile.s3_ssm_cw_profile","mode":"managed","type":"aws_iam_instance_profile","name":"s3_ssm_cw_profile","provider_name":"registry.terraform.io/hashicorp/aws","schema_version":0,"values":{"arn":"arn:aws:iam::513410254332:instance-profile/S3-SSM-CW-Profile","create_date":"2025-10-23T12:11:54Z","id":"S3-SSM-CW-Profile","name":"S3-SSM-CW-Profile","name_prefix":"","path":"/","role":"S3-SSM-CW-Role","tags":{},"tags_all":{},"unique_id":"AIPAXPCNCYX6LMIRF4CPS"},"sensitive_values":{"tags":{},"tags_all":{}}},{"address":"module.iam_role.aws_iam_policy.cloudwatch_agent_policy","mode":"managed","type":"aws_iam_policy","name":"cloudwatch_agent_policy","provider_name":"registry.terraform.io/hashicorp/aws","schema_version":0,"values":{"arn":"arn:aws:iam::513410254332:policy/cloudwatch-agent-policy","description":"Policy for EC2 instances to send logs to CloudWatch","id":"arn:aws:iam::513410254332:policy/cloudwatch-agent-policy","name":"cloudwatch-agent-policy","name_prefix":"","path":"/","policy":"{\"Statement\":[{\"Action\":[\"logs:CreateLogStream\",\"logs:GetLogEvents\",\"logs:DeleteLogStream\",\"logs:PutLogEvents\"],\"Effect\":\"Allow\",\"Resource\":\"arn:aws:logs:*:*:log-group:*:log-stream:*\",\"Sid\":\"VisualEditor0\"},{\"Action\":[\"logs:ListTagsLogGroup\",\"logs:GetLogRecord\",\"logs:DeleteLogGroup\",\"logs:DescribeLogStreams\",\"logs:DescribeMetricFilters\",\"logs:GetLogGroupFields\",\"logs:CreateLogGroup\"],\"Effect\":\"Allow\",\"Resource\":\"arn:aws:logs:*:*:log-group:*\",\"Sid\":\"VisualEditor1\"},{\"Action\":[\"logs:CreateLogDelivery\",\"logs:DescribeLogGroups\",\"logs:ListLogGroupsForQuery\",\"logs:GetLogDelivery\",\"logs:ListLogGroups\",\"logs:DescribeDestinations\"],\"Effect\":\"Allow\",\"Resource\":\"*\",\"Sid\":\"VisualEditor2\"}],\"Version\":\"2012-10-17\"}","policy_id":"ANPAXPCNCYX6FEYRTI5GG","tags":{},"tags_all":{}},"sensitive_values":{"tags":{},"tags_all":{}}},{"address":"module.iam_role.aws_iam_role.s3_ssm_CW_role","mode":"managed","type":"aws_iam_role","name":"s3_ssm_CW_role","provider_name":"registry.terraform.io/hashicorp/aws","schema_version":0,"values":{"arn":"arn:aws:iam::513410254332:role/S3-SSM-CW-Role","assume_role_policy":"{\"Statement\":[{\"Action\":\"sts:AssumeRole\",\"Effect\":\"Allow\",\"Principal\":{\"Service\":\"ec2.amazonaws.com\"}}],\"Version\":\"2012-10-17\"}","create_date":"2025-10-23T12:11:53Z","description":"","force_detach_policies":false,"id":"S3-SSM-CW-Role","inline_policy":[],"managed_policy_arns":["arn:aws:iam::513410254332:policy/cloudwatch-agent-policy","arn:aws:iam::aws:policy/AmazonS3ReadOnlyAccess","arn:aws:iam::aws:policy/AmazonSSMManagedInstanceCore","arn:aws:iam::aws:policy/AmazonSSMReadOnlyAccess","arn:aws:iam::aws:policy/SecretsManagerReadWrite"],"max_session_duration":3600,"name":"S3-SSM-CW-Role","name_prefix":"","path":"/","permissions_boundary":null,"role_last_used":[{"last_used_date":"2025-10-23T13:10:10Z","region":"us-east-1"}],"tags":{"Name":"S3-SSM-Role","Purpose":"Allow EC2 to access S3 and use SSM agent"},"tags_all":{"Name":"S3-SSM-Role","Purpose":"Allow EC2 to access S3 and use SSM agent"},"unique_id":"AROAXPCNCYX6AJRCBJG43"},"sensitive_values":{"inline_policy":[],"managed_policy_arns":[false,false,false,false,false],"role_last_used":[{}],"tags":{},"tags_all":{}}},{"address":"module.iam_role.aws_iam_role.vpc_flow_logs_role","mode":"managed","type":"aws_iam_role","name":"vpc_flow_logs_role","provider_name":"registry.terraform.io/hashicorp/aws","schema_version":0,"values":{"arn":"arn:aws:iam::513410254332:role/VPCFlowLogsRole","assume_role_policy":"{\"Statement\":[{\"Action\":\"sts:AssumeRole\",\"Effect\":\"Allow\",\"Principal\":{\"Service\":\"vpc-flow-logs.amazonaws.com\"}}],\"Version\":\"2012-10-17\"}","create_date":"2025-10-23T12:11:53Z","description":"","force_detach_policies":false,"id":"VPCFlowLogsRole","inline_policy":[],"managed_policy_arns":[],"max_session_duration":3600,"name":"VPCFlowLogsRole","name_prefix":"","path":"/","permissions_boundary":null,"role_last_used":[{"last_used_date":"","region":""}],"tags":{},"tags_all":{},"unique_id":"AROAXPCNCYX6JNFAH4UTD"},"sensitive_values":{"inline_policy":[],"managed_policy_arns":[],"role_last_used":[{}],"tags":{},"tags_all":{}}},{"address":"module.iam_role.aws_iam_role_policy_attachment.cloudwatch_agent_attachment","mode":"managed","type":"aws_iam_role_policy_attachment","name":"cloudwatch_agent_attachment","provider_name":"registry.terraform.io/hashicorp/aws","schema_version":0,"values":{"id":"S3-SSM-CW-Role-20251023121153638800000002","policy_arn":"arn:aws:iam::513410254332:policy/cloudwatch-agent-policy","role":"S3-SSM-CW-Role"},"sensitive_values":{}},{"address":"module.iam_role.aws_iam_role_policy_attachment.s3_readonly_attach","mode":"managed","type":"aws_iam_role_policy_attachment","name":"s3_readonly_attach","provider_name":"registry.terraform.io/hashicorp/aws","schema_version":0,"values":{"id":"S3-SSM-CW-Role-20251023121153959900000006","policy_arn":"arn:aws:iam::aws:policy/AmazonS3ReadOnlyAccess","role":"S3-SSM-CW-Role"},"sensitive_values":{}},{"address":"module.iam_role.aws_iam_role_policy_attachment.secret_manager-ReadWrite","mode":"managed","type":"aws_iam_role_policy_attachment","name":"secret_manager-ReadWrite","provider_name":"registry.terraform.io/hashicorp/aws","schema_version":0,"values":{"id":"S3-SSM-CW-Role-20251023121153941800000005","policy_arn":"arn:aws:iam::aws:policy/SecretsManagerReadWrite","role":"S3-SSM-CW-Role"},"sensitive_values":{}},{"address":"module.iam_role.aws_iam_role_policy_attachment.ssm_core_attach","mode":"managed","type":"aws_iam_role_policy_attachment","name":"ssm_core_attach","provider_name":"registry.terraform.io/hashicorp/aws","schema_version":0,"values":{"id":"S3-SSM-CW-Role-20251023121153654800000003","policy_arn":"arn:aws:iam::aws:policy/AmazonSSMManagedInstanceCore","role":"S3-SSM-CW-Role"},"sensitive_values":{}},{"address":"module.iam_role.aws_iam_role_policy_attachment.ssmparameter_read_only","mode":"managed","type":"aws_iam_role_policy_attachment","name":"ssmparameter_read_only","provider_name":"registry.terraform.io/hashicorp/aws","schema_version":0,"values":{"id":"S3-SSM-CW-Role-20251023121153658100000004","policy_arn":"arn:aws:iam::aws:policy/AmazonSSMReadOnlyAccess","role":"S3-SSM-CW-Role"},"sensitive_values":{}},{"address":"module.iam_role.aws_s3_bucket.vpc_flow_logs_bucket","mode":"managed","type":"aws_s3_bucket","name":"vpc_flow_logs_bucket","provider_name":"registry.terraform.io/hashicorp/aws","schema_version":0,"values":{"acceleration_status":"","acl":null,"arn":"arn:aws:s3:::vpc-flow-log-s3-bucket-panda","bucket":"vpc-flow-log-s3-bucket-panda","bucket_domain_name":"vpc-flow-log-s3-bucket-panda.s3.amazonaws.com","bucket_prefix":"","bucket_regional_domain_name":"vpc-flow-log-s3-bucket-panda.s3.amazonaws.com","cors_rule":[],"force_destroy":false,"grant":[{"id":"1b8188c46fd8935275c8f66d99e3c7fda4fc46ac42327479ee84342e70e029cb","permissions":["FULL_CONTROL"],"type":"CanonicalUser","uri":""}],"hosted_zone_id":"Z3AQBSTGFYJSTF","id":"vpc-flow-log-s3-bucket-panda","lifecycle_rule":[],"logging":[],"object_lock_configuration":[],"object_lock_enabled":false,"policy":"{\"Statement\":[{\"Action\":\"s3:PutObject\",\"Condition\":{\"ArnLike\":{\"aws:SourceArn\":\"arn:aws:logs:us-east-1:513410254332:*\"},\"StringEquals\":{\"aws:SourceAccount\":\"513410254332\",\"s3:x-amz-acl\":\"bucket-owner-full-control\"}},\"Effect\":\"Allow\",\"Principal\":{\"Service\":\"delivery.logs.amazonaws.com\"},\"Resource\":\"arn:aws:s3:::vpc-flow-log-s3-bucket-panda/AWSLogs/513410254332/*\",\"Sid\":\"AWSLogDeliveryWrite\"},{\"Action\":\"s3:GetBucketAcl\",\"Condition\":{\"ArnLike\":{\"aws:SourceArn\":\"arn:aws:logs:us-east-1:513410254332:*\"},\"StringEquals\":{\"aws:SourceAccount\":\"513410254332\"}},\"Effect\":\"Allow\",\"Principal\":{\"Service\":\"delivery.logs.amazonaws.com\"},\"Resource\":\"arn:aws:s3:::vpc-flow-log-s3-bucket-panda\",\"Sid\":\"AWSLogDeliveryAclCheck\"}],\"Version\":\"2012-10-17\"}","region":"us-east-1","replication_configuration":[],"request_payer":"BucketOwner","server_side_encryption_configuration":[{"rule":[{"apply_server_side_encryption_by_default":[{"kms_master_key_id":"","sse_algorithm":"AES256"}],"bucket_key_enabled":false}]}],"tags":{},"tags_all":{},"timeouts":null,"versioning":[{"enabled":false,"mfa_delete":false}],"website":[],"website_domain":null,"website_endpoint":null},"sensitive_values":{"cors_rule":[],"grant":[{"permissions":[false]}],"lifecycle_rule":[],"logging":[],"object_lock_configuration":[],"replication_configuration":[],"server_side_encryption_configuration":[{"rule":[{"apply_server_side_encryption_by_default":[{}]}]}],"tags":{},"tags_all":{},"versioning":[{}],"website":[]}},{"address":"module.iam_role.aws_s3_bucket_acl.acl","mode":"managed","type":"aws_s3_bucket_acl","name":"acl","provider_name":"registry.terraform.io/hashicorp/aws","schema_version":0,"values":{"access_control_policy":[{"grant":[{"grantee":[{"display_name":"","email_address":"","id":"1b8188c46fd8935275c8f66d99e3c7fda4fc46ac42327479ee84342e70e029cb","type":"CanonicalUser","uri":""}],"permission":"FULL_CONTROL"}],"owner":[{"display_name":"","id":"1b8188c46fd8935275c8f66d99e3c7fda4fc46ac42327479ee84342e70e029cb"}]}],"acl":"private","bucket":"vpc-flow-log-s3-bucket-panda","expected_bucket_owner":"","id":"vpc-flow-log-s3-bucket-panda,private"},"sensitive_values":{"access_control_policy":[{"grant":[{"grantee":[{}]}],"owner":[{}]}]}},{"address":"module.iam_role.aws_s3_bucket_ownership_controls.vpc_flow_logs","mode":"managed","type":"aws_s3_bucket_ownership_controls","name":"vpc_flow_logs","provider_name":"registry.terraform.io/hashicorp/aws","schema_version":0,"values":{"bucket":"vpc-flow-log-s3-bucket-panda","id":"vpc-flow-log-s3-bucket-panda","rule":[{"object_ownership":"BucketOwnerPreferred"}]},"sensitive_values":{"rule":[{}]}},{"address":"module.iam_role.aws_s3_bucket_policy.vpc_flow_logs","mode":"managed","type":"aws_s3_bucket_policy","name":"vpc_flow_logs","provider_name":"registry.terraform.io/hashicorp/aws","schema_version":0,"values":{"bucket":"vpc-flow-log-s3-bucket-panda","id":"vpc-flow-log-s3-bucket-panda","policy":"{\"Statement\":[{\"Action\":\"s3:PutObject\",\"Condition\":{\"ArnLike\":{\"aws:SourceArn\":\"arn:aws:logs:us-east-1:513410254332:*\"},\"StringEquals\":{\"aws:SourceAccount\":\"513410254332\",\"s3:x-amz-acl\":\"bucket-owner-full-control\"}},\"Effect\":\"Allow\",\"Principal\":{\"Service\":\"delivery.logs.amazonaws.com\"},\"Resource\":\"arn:aws:s3:::vpc-flow-log-s3-bucket-panda/AWSLogs/513410254332/*\",\"Sid\":\"AWSLogDeliveryWrite\"},{\"Action\":\"s3:GetBucketAcl\",\"Condition\":{\"ArnLike\":{\"aws:SourceArn\":\"arn:aws:logs:us-east-1:513410254332:*\"},\"StringEquals\":{\"aws:SourceAccount\":\"513410254332\"}},\"Effect\":\"Allow\",\"Principal\":{\"Service\":\"delivery.logs.amazonaws.com\"},\"Resource\":\"arn:aws:s3:::vpc-flow-log-s3-bucket-panda\",\"Sid\":\"AWSLogDeliveryAclCheck\"}],\"Version\":\"2012-10-17\"}"},"sensitive_values":{}},{"address":"module.iam_role.aws_s3_bucket_public_access_block.vpc_flow_logs","mode":"managed","type":"aws_s3_bucket_public_access_block","name":"vpc_flow_logs","provider_name":"registry.terraform.io/hashicorp/aws","schema_version":0,"values":{"block_public_acls":true,"block_public_policy":true,"bucket":"vpc-flow-log-s3-bucket-panda","id":"vpc-flow-log-s3-bucket-panda","ignore_public_acls":true,"restrict_public_buckets":true},"sensitive_values":{}},{"address":"module.iam_role.aws_s3_bucket_server_side_encryption_configuration.SSE_config","mode":"managed","type":"aws_s3_bucket_server_side_encryption_configuration","name":"SSE_config","provider_name":"registry.terraform.io/hashicorp/aws","schema_version":0,"values":{"bucket":"vpc-flow-log-s3-bucket-panda","expected_bucket_owner":"","id":"vpc-flow-log-s3-bucket-panda","rule":[{"apply_server_side_encryption_by_default":[{"kms_master_key_id":"","sse_algorithm":"AES256"}],"bucket_key_enabled":false}]},"sensitive_values":{"rule":[{"apply_server_side_encryption_by_default":[{}]}]}}],"address":"module.iam_role"},{"resources":[{"address":"module.nat_instance.aws_instance.nat_ec2_instance","mode":"managed","type":"aws_instance","name":"nat_ec2_instance","provider_name":"registry.terraform.io/hashicorp/aws","schema_version":1,"values":{"ami":"ami-0858e76ce571eb464","arn":"arn:aws:ec2:us-east-1:513410254332:instance/i-0a6df63f99dc4fc15","associate_public_ip_address":true,"availability_zone":"us-east-1a","capacity_reservation_specification":[{"capacity_reservation_preference":"open","capacity_reservation_target":[]}],"cpu_core_count":2,"cpu_options":[{"amd_sev_snp":"","core_count":2,"threads_per_core":1}],"cpu_threads_per_core":1,"credit_specification":[{"cpu_credits":"unlimited"}],"disable_api_stop":false,"disable_api_termination":false,"ebs_block_device":[],"ebs_optimized":false,"enclave_options":[{"enabled":false}],"ephemeral_block_device":[],"get_password_data":false,"hibernation":false,"host_id":"","host_resource_group_arn":null,"iam_instance_profile":"S3-SSM-CW-Profile","id":"i-0a6df63f99dc4fc15","instance_initiated_shutdown_behavior":"stop","instance_state":"running","instance_type":"t4g.micro","ipv6_address_count":0,"ipv6_addresses":[],"key_name":"","launch_template":[],"maintenance_options":[{"auto_recovery":"default"}],"metadata_options":[{"http_endpoint":"enabled","http_put_response_hop_limit":2,"http_tokens":"required","instance_metadata_tags":"disabled"}],"monitoring":false,"network_interface":[],"outpost_arn":"","password_data":"","placement_group":"","placement_partition_number":0,"primary_network_interface_id":"eni-001d15b595c1ee6fc","private_dns":"ip-10-0-1-45.ec2.internal","private_dns_name_options":[{"enable_resource_name_dns_a_record":false,"enable_resource_name_dns_aaaa_record":false,"hostname_type":"ip-name"}],"private_ip":"10.0.1.45","public_dns":"ec2-34-205-9-230.compute-1.amazonaws.com","public_ip":"34.205.9.230","root_block_device":[{"delete_on_termination":true,"device_name":"/dev/xvda","encrypted":false,"iops":0,"kms_key_id":"","tags":{},"throughput":0,"volume_id":"vol-0c18a25abcf170a39","volume_size":8,"volume_type":"standard"}],"secondary_private_ips":[],"security_groups":[],"source_dest_check":false,"subnet_id":"subnet-02a62a8d91fd9772e","tags":{"Environment":"dev","Name":"self-managed-nat-ec2-instance","Terraform":"true"},"tags_all":{"Environment":"dev","Name":"self-managed-nat-ec2-instance","Terraform":"true"},"tenancy":"default","timeouts":null,"user_data":"37466f4f64deda81aba492cc4903affd8f02bc1b","user_data_base64":null,"user_data_replace_on_change":false,"volume_tags":null,"vpc_security_group_ids":["sg-05454c25137b66934"]},"sensitive_values":{"capacity_reservation_specification":[{"capacity_reservation_target":[]}],"cpu_options":[{}],"credit_specification":[{}],"ebs_block_device":[],"enclave_options":[{}],"ephemeral_block_device":[],"ipv6_addresses":[],"launch_template":[],"maintenance_options":[{}],"metadata_options":[{}],"network_interface":[],"private_dns_name_options":[{}],"root_block_device":[{"tags":{}}],"secondary_private_ips":[],"security_groups":[],"tags":{},"tags_all":{},"vpc_security_group_ids":[false]}},{"address":"module.nat_instance.aws_route_table.pri-rt-a","mode":"managed","type":"aws_route_table","name":"pri-rt-a","provider_name":"registry.terraform.io/hashicorp/aws","schema_version":0,"values":{"arn":"arn:aws:ec2:us-east-1:513410254332:route-table/rtb-0e2f670a825c80f45","id":"rtb-0e2f670a825c80f45","owner_id":"513410254332","propagating_vgws":[],"route":[{"carrier_gateway_id":"","cidr_block":"0.0.0.0/0","core_network_arn":"","destination_prefix_list_id":"","egress_only_gateway_id":"","gateway_id":"","instance_id":"","ipv6_cidr_block":"","local_gateway_id":"","nat_gateway_id":"","network_interface_id":"eni-001d15b595c1ee6fc","transit_gateway_id":"","vpc_endpoint_id":"","vpc_peering_connection_id":""}],"tags":{"Name":"Pri-rt-a"},"tags_all":{"Name":"Pri-rt-a"},"timeouts":null,"vpc_id":"vpc-0ed9c7463763df965"},"sensitive_values":{"propagating_vgws":[],"route":[{}],"tags":{},"tags_all":{}}},{"address":"module.nat_instance.aws_route_table.pri-rt-b","mode":"managed","type":"aws_route_table","name":"pri-rt-b","provider_name":"registry.terraform.io/hashicorp/aws","schema_version":0,"values":{"arn":"arn:aws:ec2:us-east-1:513410254332:route-table/rtb-0791f4f85a3964a5b","id":"rtb-0791f4f85a3964a5b","owner_id":"513410254332","propagating_vgws":[],"route":[{"carrier_gateway_id":"","cidr_block":"0.0.0.0/0","core_network_arn":"","destination_prefix_list_id":"","egress_only_gateway_id":"","gateway_id":"","instance_id":"","ipv6_cidr_block":"","local_gateway_id":"","nat_gateway_id":"","network_interface_id":"eni-001d15b595c1ee6fc","transit_gateway_id":"","vpc_endpoint_id":"","vpc_peering_connection_id":""}],"tags":{"Name":"pri-rt-b"},"tags_all":{"Name":"pri-rt-b"},"timeouts":null,"vpc_id":"vpc-0ed9c7463763df965"},"sensitive_values":{"propagating_vgws":[],"route":[{}],"tags":{},"tags_all":{}}},{"address":"module.nat_instance.aws_route_table_association.pri-sub-3a-with-Pri-rt-a","mode":"managed","type":"aws_route_table_association","name":"pri-sub-3a-with-Pri-rt-a","provider_name":"registry.terraform.io/hashicorp/aws","schema_version":0,"values":{"gateway_id":"","id":"rtbassoc-0d3506c1a4ff3de16","route_table_id":"rtb-0e2f670a825c80f45","subnet_id":"subnet-06927b7372ba82f7a","timeouts":null},"sensitive_values":{}},{"address":"module.nat_instance.aws_route_table_association.pri-sub-4b-with-Pri-rt-b","mode":"managed","type":"aws_route_table_association","name":"pri-sub-4b-with-Pri-rt-b","provider_name":"registry.terraform.io/hashicorp/aws","schema_version":0,"values":{"gateway_id":"","id":"rtbassoc-0360bfcb6cb3f7442","route_table_id":"rtb-0e2f670a825c80f45","subnet_id":"subnet-060b9e1c01222f3b7","timeouts":null},"sensitive_values":{}},{"address":"module.nat_instance.aws_route_table_association.pri-sub-5a-with-pri-rt-b","mode":"managed","type":"aws_route_table_association","name":"pri-sub-5a-with-pri-rt-b","provider_name":"registry.terraform.io/hashicorp/aws","schema_version":0,"values":{"gateway_id":"","id":"rtbassoc-040b5caa53f958da5","route_table_id":"rtb-0791f4f85a3964a5b","subnet_id":"subnet-06d5b3d179bb223f3","timeouts":null},"sensitive_values":{}},{"address":"module.nat_instance.aws_route_table_association.pri-sub-6b-with-pri-rt-b","mode":"managed","type":"aws_route_table_association","name":"pri-sub-6b-with-pri-rt-b","provider_name":"registry.terraform.io/hashicorp/aws","schema_version":0,"values":{"gateway_id":"","id":"rtbassoc-08adc770625a65909","route_table_id":"rtb-0791f4f85a3964a5b","subnet_id":"subnet-0ee16b2ed1b905f04","timeouts":null},"sensitive_values":{}},{"address":"module.nat_instance.aws_security_group.nat_ec2_sg","mode":"managed","type":"aws_security_group","name":"nat_ec2_sg","provider_name":"registry.terraform.io/hashicorp/aws","schema_version":1,"values":{"arn":"arn:aws:ec2:us-east-1:513410254332:security-group/sg-05454c25137b66934","description":"Security group of Self-Managed NAT EC2 Instance","egress":[{"cidr_blocks":["0.0.0.0/0"],"description":"Allow all outbound traffic","from_port":0,"ipv6_cidr_blocks":[],"prefix_list_ids":[],"protocol":"-1","security_groups":[],"self":false,"to_port":0}],"id":"sg-05454c25137b66934","ingress":[{"cidr_blocks":["10.0.0.0/16"],"description":"Allow all TCP traffic from VPC CIDR","from_port":0,"ipv6_cidr_blocks":[],"prefix_list_ids":[],"protocol":"tcp","security_groups":[],"self":false,"to_port":65535}],"name":"self-managed-nat-ec2-sg","name_prefix":"","owner_id":"513410254332","revoke_rules_on_delete":false,"tags":{"Environment":"dev","Name":"self-managed-nat-ec2-instance-sg","Terraform":"true"},"tags_all":{"Environment":"dev","Name":"self-managed-nat-ec2-instance-sg","Terraform":"true"},"timeouts":null,"vpc_id":"vpc-0ed9c7463763df965"},"sensitive_values":{"egress":[{"cidr_blocks":[false],"ipv6_cidr_blocks":[],"prefix_list_ids":[],"security_groups":[]}],"ingress":[{"cidr_blocks":[false],"ipv6_cidr_blocks":[],"prefix_list_ids":[],"security_groups":[]}],"tags":{},"tags_all":{}}}],"address":"module.nat_instance"},{"resources":[{"address":"module.rds.aws_db_instance.panda-database","mode":"managed","type":"aws_db_instance","name":"panda-database","provider_name":"registry.terraform.io/hashicorp/aws","schema_version":1,"values":{"address":"panda-dev-db.cw5c4uumw9h5.us-east-1.rds.amazonaws.com","allocated_storage":20,"allow_major_version_upgrade":null,"apply_immediately":false,"arn":"arn:aws:rds:us-east-1:513410254332:db:panda-dev-db","auto_minor_version_upgrade":true,"availability_zone":"us-east-1b","backup_retention_period":0,"backup_window":"07:50-08:20","blue_green_update":[],"ca_cert_identifier":"rds-ca-rsa2048-g1","character_set_name":"","copy_tags_to_snapshot":false,"custom_iam_instance_profile":"","customer_owned_ip_enabled":false,"db_name":"","db_subnet_group_name":"panda-db-subnet-a-b","delete_automated_backups":true,"deletion_protection":false,"domain":"","domain_iam_role_name":"","enabled_cloudwatch_logs_exports":[],"endpoint":"panda-dev-db.cw5c4uumw9h5.us-east-1.rds.amazonaws.com:3306","engine":"mysql","engine_version":"8.0.42","engine_version_actual":"8.0.42","final_snapshot_identifier":null,"hosted_zone_id":"Z2R2ITUGPM61AM","iam_database_authentication_enabled":false,"id":"panda-dev-db","identifier":"panda-dev-db","identifier_prefix":"","instance_class":"db.t4g.micro","iops":0,"kms_key_id":"","latest_restorable_time":"","license_model":"general-public-license","listener_endpoint":[],"maintenance_window":"tue:04:55-tue:05:25","manage_master_user_password":null,"master_user_secret":[],"master_user_secret_kms_key_id":null,"max_allocated_storage":0,"monitoring_interval":0,"monitoring_role_arn":"","multi_az":true,"name":"","nchar_character_set_name":"","network_type":"IPV4","option_group_name":"default:mysql-8-0","parameter_group_name":"default.mysql8.0","password":"Asd1-CaPQ22","performance_insights_enabled":false,"performance_insights_kms_key_id":"","performance_insights_retention_period":0,"port":3306,"publicly_accessible":false,"replica_mode":"","replicas":[],"replicate_source_db":"","resource_id":"db-4ZVMG5BXCY2JU3SVET27NTDIEM","restore_to_point_in_time":[],"s3_import":[],"security_group_names":[],"skip_final_snapshot":true,"snapshot_identifier":null,"status":"available","storage_encrypted":false,"storage_throughput":0,"storage_type":"standard","tags":{"Name":"appdb"},"tags_all":{"Name":"appdb"},"timeouts":null,"timezone":"","username":"admin_3_tier","vpc_security_group_ids":["sg-0e09713dd04b840d0"]},"sensitive_values":{"blue_green_update":[],"enabled_cloudwatch_logs_exports":[],"listener_endpoint":[],"master_user_secret":[],"password":true,"replicas":[],"restore_to_point_in_time":[],"s3_import":[],"security_group_names":[],"tags":{},"tags_all":{},"vpc_security_group_ids":[false]}},{"address":"module.rds.aws_db_subnet_group.db-subnet","mode":"managed","type":"aws_db_subnet_group","name":"db-subnet","provider_name":"registry.terraform.io/hashicorp/aws","schema_version":0,"values":{"arn":"arn:aws:rds:us-east-1:513410254332:subgrp:panda-db-subnet-a-b","description":"Managed by Terraform","id":"panda-db-subnet-a-b","name":"panda-db-subnet-a-b","name_prefix":"","subnet_ids":["subnet-0c48a9d9292782465","subnet-0d173725643e87c49"],"supported_network_types":["IPV4"],"tags":{},"tags_all":{},"vpc_id":"vpc-0ed9c7463763df965"},"sensitive_values":{"subnet_ids":[false,false],"supported_network_types":[false],"tags":{},"tags_all":{}}}],"address":"module.rds"},{"resources":[{"address":"module.route53.aws_acm_certificate.cert","mode":"managed","type":"aws_acm_certificate","name":"cert","provider_name":"registry.terraform.io/hashicorp/aws","schema_version":0,"values":{"arn":"arn:aws:acm:us-east-1:513410254332:certificate/43ac9a5a-1c1c-4e1c-807d-17318e3329eb","certificate_authority_arn":"","certificate_body":null,"certificate_chain":null,"domain_name":"devsandbox.space","domain_validation_options":[{"domain_name":"devsandbox.space","resource_record_name":"_b826de41894a255c19d48867f1c62d58.devsandbox.space.","resource_record_type":"CNAME","resource_record_value":"_cb3b95319b5da6ef31e4fc91b8f839ef.xlfgrmvvlj.acm-validations.aws."},{"domain_name":"www.devsandbox.space","resource_record_name":"_f6059a8ecf70bca8020a97e1ebecfcc2.www.devsandbox.space.","resource_record_type":"CNAME","resource_record_value":"_e50336ead38ce4b427ce78480c979697.xlfgrmvvlj.acm-validations.aws."}],"early_renewal_duration":"","id":"arn:aws:acm:us-east-1:513410254332:certificate/43ac9a5a-1c1c-4e1c-807d-17318e3329eb","key_algorithm":"RSA_2048","not_after":"2026-11-21T23:59:59Z","not_before":"2025-10-23T00:00:00Z","options":[{"certificate_transparency_logging_preference":"ENABLED"}],"pending_renewal":false,"private_key":null,"renewal_eligibility":"ELIGIBLE","renewal_summary":[],"status":"ISSUED","subject_alternative_names":["devsandbox.space","www.devsandbox.space"],"tags":{"Environment":"test"},"tags_all":{"Environment":"test"},"type":"AMAZON_ISSUED","validation_emails":[],"validation_method":"DNS","validation_option":[]},"sensitive_values":{"domain_validation_options":[{},{}],"options":[{}],"private_key":true,"renewal_summary":[],"subject_alternative_names":[false,false],"tags":{},"tags_all":{},"validation_emails":[],"validation_option":[]}},{"address":"module.route53.aws_acm_certificate_validation.cert_validation","mode":"managed","type":"aws_acm_certificate_validation","name":"cert_validation","provider_name":"registry.terraform.io/hashicorp/aws","schema_version":0,"values":{"certificate_arn":"arn:aws:acm:us-east-1:513410254332:certificate/43ac9a5a-1c1c-4e1c-807d-17318e3329eb","id":"2025-10-23 12:12:14.045 +0000 UTC","timeouts":{"create":"5m"},"validation_record_fqdns":["_b826de41894a255c19d48867f1c62d58.devsandbox.space","_f6059a8ecf70bca8020a97e1ebecfcc2.www.devsandbox.space"]},"sensitive_values":{"timeouts":{},"validation_record_fqdns":[false,false]}},{"address":"module.route53.aws_route53_record.cert_validation_record[\"devsandbox.space\"]","mode":"managed","type":"aws_route53_record","name":"cert_validation_record","index":"devsandbox.space","provider_name":"registry.terraform.io/hashicorp/aws","schema_version":2,"values":{"alias":[],"allow_overwrite":true,"cidr_routing_policy":[],"failover_routing_policy":[],"fqdn":"_b826de41894a255c19d48867f1c62d58.devsandbox.space","geolocation_routing_policy":[],"health_check_id":"","id":"Z01883253QKY9CDJWMTTM__b826de41894a255c19d48867f1c62d58.devsandbox.space._CNAME","latency_routing_policy":[],"multivalue_answer_routing_policy":false,"name":"_b826de41894a255c19d48867f1c62d58.devsandbox.space","records":["_cb3b95319b5da6ef31e4fc91b8f839ef.xlfgrmvvlj.acm-validations.aws."],"set_identifier":"","ttl":60,"type":"CNAME","weighted_routing_policy":[],"zone_id":"Z01883253QKY9CDJWMTTM"},"sensitive_values":{"alias":[],"cidr_routing_policy":[],"failover_routing_policy":[],"geolocation_routing_policy":[],"latency_routing_policy":[],"records":[false],"weighted_routing_policy":[]}},{"address":"module.route53.aws_route53_record.cert_validation_record[\"www.devsandbox.space\"]","mode":"managed","type":"aws_route53_record","name":"cert_validation_record","index":"www.devsandbox.space","provider_name":"registry.terraform.io/hashicorp/aws","schema_version":2,"values":{"alias":[],"allow_overwrite":true,"cidr_routing_policy":[],"failover_routing_policy":[],"fqdn":"_f6059a8ecf70bca8020a97e1ebecfcc2.www.devsandbox.space","geolocation_routing_policy":[],"health_check_id":"","id":"Z01883253QKY9CDJWMTTM__f6059a8ecf70bca8020a97e1ebecfcc2.www.devsandbox.space._CNAME","latency_routing_policy":[],"multivalue_answer_routing_policy":false,"name":"_f6059a8ecf70bca8020a97e1ebecfcc2.www.devsandbox.space","records":["_e50336ead38ce4b427ce78480c979697.xlfgrmvvlj.acm-validations.aws."],"set_identifier":"","ttl":60,"type":"CNAME","weighted_routing_policy":[],"zone_id":"Z01883253QKY9CDJWMTTM"},"sensitive_values":{"alias":[],"cidr_routing_policy":[],"failover_routing_policy":[],"geolocation_routing_policy":[],"latency_routing_policy":[],"records":[false],"weighted_routing_policy":[]}},{"address":"module.route53.aws_route53_record.cloudfront[\"www.devsandbox.space\"]","mode":"managed","type":"aws_route53_record","name":"cloudfront","index":"www.devsandbox.space","provider_name":"registry.terraform.io/hashicorp/aws","schema_version":2,"values":{"alias":[{"evaluate_target_health":false,"name":"d13rolzhpu3gtp.cloudfront.net","zone_id":"Z2FDTNDATAQYW2"}],"allow_overwrite":null,"cidr_routing_policy":[],"failover_routing_policy":[],"fqdn":"www.devsandbox.space","geolocation_routing_policy":[],"health_check_id":"","id":"Z01883253QKY9CDJWMTTM_www.devsandbox.space_A","latency_routing_policy":[],"multivalue_answer_routing_policy":false,"name":"www.devsandbox.space","records":[],"set_identifier":"","ttl":0,"type":"A","weighted_routing_policy":[],"zone_id":"Z01883253QKY9CDJWMTTM"},"sensitive_values":{"alias":[{}],"cidr_routing_policy":[],"failover_routing_policy":[],"geolocation_routing_policy":[],"latency_routing_policy":[],"records":[],"weighted_routing_policy":[]}},{"address":"module.route53.aws_route53_record.cloudfront_record","mode":"managed","type":"aws_route53_record","name":"cloudfront_record","provider_name":"registry.terraform.io/hashicorp/aws","schema_version":2,"values":{"alias":[{"evaluate_target_health":false,"name":"d13rolzhpu3gtp.cloudfront.net","zone_id":"Z2FDTNDATAQYW2"}],"allow_overwrite":null,"cidr_routing_policy":[],"failover_routing_policy":[],"fqdn":"devsandbox.space","geolocation_routing_policy":[],"health_check_id":"","id":"Z01883253QKY9CDJWMTTM_devsandbox.space_A","latency_routing_policy":[],"multivalue_answer_routing_policy":false,"name":"devsandbox.space","records":[],"set_identifier":"","ttl":0,"type":"A","weighted_routing_policy":[],"zone_id":"Z01883253QKY9CDJWMTTM"},"sensitive_values":{"alias":[{}],"cidr_routing_policy":[],"failover_routing_policy":[],"geolocation_routing_policy":[],"latency_routing_policy":[],"records":[],"weighted_routing_policy":[]}}],"address":"module.route53"},{"resources":[{"address":"module.s3.aws_s3_bucket.panda-bucket","mode":"managed","type":"aws_s3_bucket","name":"panda-bucket","provider_name":"registry.terraform.io/hashicorp/aws","schema_version":0,"values":{"acceleration_status":"","acl":null,"arn":"arn:aws:s3:::panda-files-app","bucket":"panda-files-app","bucket_domain_name":"panda-files-app.s3.amazonaws.com","bucket_prefix":"","bucket_regional_domain_name":"panda-files-app.s3.amazonaws.com","cors_rule":[],"force_destroy":true,"grant":[{"id":"1b8188c46fd8935275c8f66d99e3c7fda4fc46ac42327479ee84342e70e029cb","permissions":["FULL_CONTROL"],"type":"CanonicalUser","uri":""}],"hosted_zone_id":"Z3AQBSTGFYJSTF","id":"panda-files-app","lifecycle_rule":[],"logging":[],"object_lock_configuration":[],"object_lock_enabled":false,"policy":"","region":"us-east-1","replication_configuration":[],"request_payer":"BucketOwner","server_side_encryption_configuration":[{"rule":[{"apply_server_side_encryption_by_default":[{"kms_master_key_id":"","sse_algorithm":"AES256"}],"bucket_key_enabled":false}]}],"tags":{"Environment":"Dev","Name":"panda-files-app-files"},"tags_all":{"Environment":"Dev","Name":"panda-files-app-files"},"timeouts":null,"versioning":[{"enabled":false,"mfa_delete":false}],"website":[],"website_domain":null,"website_endpoint":null},"sensitive_values":{"cors_rule":[],"grant":[{"permissions":[false]}],"lifecycle_rule":[],"logging":[],"object_lock_configuration":[],"replication_configuration":[],"server_side_encryption_configuration":[{"rule":[{"apply_server_side_encryption_by_default":[{}]}]}],"tags":{},"tags_all":{},"versioning":[{}],"website":[]}},{"address":"module.s3.aws_s3_object.app_code_upload[\"app-tier/DbConfig.js\"]","mode":"managed","type":"aws_s3_object","name":"app_code_upload","index":"app-tier/DbConfig.js","provider_name":"registry.terraform.io/hashicorp/aws","schema_version":0,"values":{"acl":"private","bucket":"panda-files-app","bucket_key_enabled":false,"cache_control":"","content":null,"content_base64":null,"content_disposition":"","content_encoding":"","content_language":"","content_type":"binary/octet-stream","etag":"33fbbfc604edd63dcdbb914c2f59f909","force_destroy":false,"id":"application-code/app-tier/DbConfig.js","key":"application-code/app-tier/DbConfig.js","kms_key_id":null,"metadata":{},"object_lock_legal_hold_status":"","object_lock_mode":"","object_lock_retain_until_date":"","server_side_encryption":"AES256","source":"./application-code/application-code/app-tier/DbConfig.js","source_hash":null,"storage_class":"STANDARD","tags":{},"tags_all":{},"version_id":"","website_redirect":""},"sensitive_values":{"metadata":{},"tags":{},"tags_all":{}}},{"address":"module.s3.aws_s3_object.app_code_upload[\"app-tier/DbConfigParamater.js\"]","mode":"managed","type":"aws_s3_object","name":"app_code_upload","index":"app-tier/DbConfigParamater.js","provider_name":"registry.terraform.io/hashicorp/aws","schema_version":0,"values":{"acl":"private","bucket":"panda-files-app","bucket_key_enabled":false,"cache_control":"","content":null,"content_base64":null,"content_disposition":"","content_encoding":"","content_language":"","content_type":"binary/octet-stream","etag":"de5af0f30dc8d0fd89eaecad369e2a4d","force_destroy":false,"id":"application-code/app-tier/DbConfigParamater.js","key":"application-code/app-tier/DbConfigParamater.js","kms_key_id":null,"metadata":{},"object_lock_legal_hold_status":"","object_lock_mode":"","object_lock_retain_until_date":"","server_side_encryption":"AES256","source":"./application-code/application-code/app-tier/DbConfigParamater.js","source_hash":null,"storage_class":"STANDARD","tags":{},"tags_all":{},"version_id":"","website_redirect":""},"sensitive_values":{"metadata":{},"tags":{},"tags_all":{}}},{"address":"module.s3.aws_s3_object.app_code_upload[\"app-tier/README.md\"]","mode":"managed","type":"aws_s3_object","name":"app_code_upload","index":"app-tier/README.md","provider_name":"registry.terraform.io/hashicorp/aws","schema_version":0,"values":{"acl":"private","bucket":"panda-files-app","bucket_key_enabled":false,"cache_control":"","content":null,"content_base64":null,"content_disposition":"","content_encoding":"","content_language":"","content_type":"binary/octet-stream","etag":"ee26df7183085c627e5bda5360b78e44","force_destroy":false,"id":"application-code/app-tier/README.md","key":"application-code/app-tier/README.md","kms_key_id":null,"metadata":{},"object_lock_legal_hold_status":"","object_lock_mode":"","object_lock_retain_until_date":"","server_side_encryption":"AES256","source":"./application-code/application-code/app-tier/README.md","source_hash":null,"storage_class":"STANDARD","tags":{},"tags_all":{},"version_id":"","website_redirect":""},"sensitive_values":{"metadata":{},"tags":{},"tags_all":{}}},{"address":"module.s3.aws_s3_object.app_code_upload[\"app-tier/TransactionService.js\"]","mode":"managed","type":"aws_s3_object","name":"app_code_upload","index":"app-tier/TransactionService.js","provider_name":"registry.terraform.io/hashicorp/aws","schema_version":0,"values":{"acl":"private","bucket":"panda-files-app","bucket_key_enabled":false,"cache_control":"","content":null,"content_base64":null,"content_disposition":"","content_encoding":"","content_language":"","content_type":"binary/octet-stream","etag":"e8d86d592753e1fc582f2dc293268d93","force_destroy":false,"id":"application-code/app-tier/TransactionService.js","key":"application-code/app-tier/TransactionService.js","kms_key_id":null,"metadata":{},"object_lock_legal_hold_status":"","object_lock_mode":"","object_lock_retain_until_date":"","server_side_encryption":"AES256","source":"./application-code/application-code/app-tier/TransactionService.js","source_hash":null,"storage_class":"STANDARD","tags":{},"tags_all":{},"version_id":"","website_redirect":""},"sensitive_values":{"metadata":{},"tags":{},"tags_all":{}}},{"address":"module.s3.aws_s3_object.app_code_upload[\"app-tier/appdb.sql\"]","mode":"managed","type":"aws_s3_object","name":"app_code_upload","index":"app-tier/appdb.sql","provider_name":"registry.terraform.io/hashicorp/aws","schema_version":0,"values":{"acl":"private","bucket":"panda-files-app","bucket_key_enabled":false,"cache_control":"","content":null,"content_base64":null,"content_disposition":"","content_encoding":"","content_language":"","content_type":"binary/octet-stream","etag":"a00f7261f1b44a923da2253e79466559","force_destroy":false,"id":"application-code/app-tier/appdb.sql","key":"application-code/app-tier/appdb.sql","kms_key_id":null,"metadata":{},"object_lock_legal_hold_status":"","object_lock_mode":"","object_lock_retain_until_date":"","server_side_encryption":"AES256","source":"./application-code/application-code/app-tier/appdb.sql","source_hash":null,"storage_class":"STANDARD","tags":{},"tags_all":{},"website_redirect":""},"sensitive_values":{"metadata":{},"tags":{},"tags_all":{}}},{"address":"module.s3.aws_s3_object.app_code_upload[\"app-tier/index.js\"]","mode":"managed","type":"aws_s3_object","name":"app_code_upload","index":"app-tier/index.js","provider_name":"registry.terraform.io/hashicorp/aws","schema_version":0,"values":{"acl":"private","bucket":"panda-files-app","bucket_key_enabled":false,"cache_control":"","content":null,"content_base64":null,"content_disposition":"","content_encoding":"","content_language":"","content_type":"binary/octet-stream","etag":"b2c79ba7fd87a1b51221130e2c387a65","force_destroy":false,"id":"application-code/app-tier/index.js","key":"application-code/app-tier/index.js","kms_key_id":null,"metadata":{},"object_lock_legal_hold_status":"","object_lock_mode":"","object_lock_retain_until_date":"","server_side_encryption":"AES256","source":"./application-code/application-code/app-tier/index.js","source_hash":null,"storage_class":"STANDARD","tags":{},"tags_all":{},"version_id":"","website_redirect":""},"sensitive_values":{"metadata":{},"tags":{},"tags_all":{}}},{"address":"module.s3.aws_s3_object.app_code_upload[\"app-tier/package-lock.json\"]","mode":"managed","type":"aws_s3_object","name":"app_code_upload","index":"app-tier/package-lock.json","provider_name":"registry.terraform.io/hashicorp/aws","schema_version":0,"values":{"acl":"private","bucket":"panda-files-app","bucket_key_enabled":false,"cache_control":"","content":null,"content_base64":null,"content_disposition":"","content_encoding":"","content_language":"","content_type":"binary/octet-stream","etag":"d6592d4b62be9b5487ea71a435055dc4","force_destroy":false,"id":"application-code/app-tier/package-lock.json","key":"application-code/app-tier/package-lock.json","kms_key_id":null,"metadata":{},"object_lock_legal_hold_status":"","object_lock_mode":"","object_lock_retain_until_date":"","server_side_encryption":"AES256","source":"./application-code/application-code/app-tier/package-lock.json","source_hash":null,"storage_class":"STANDARD","tags":{},"tags_all":{},"version_id":"","website_redirect":""},"sensitive_values":{"metadata":{},"tags":{},"tags_all":{}}},{"address":"module.s3.aws_s3_object.app_code_upload[\"app-tier/package.json\"]","mode":"managed","type":"aws_s3_object","name":"app_code_upload","index":"app-tier/package.json","provider_name":"registry.terraform.io/hashicorp/aws","schema_version":0,"values":{"acl":"private","bucket":"panda-files-app","bucket_key_enabled":false,"cache_control":"","content":null,"content_base64":null,"content_disposition":"","content_encoding":"","content_language":"","content_type":"binary/octet-stream","etag":"ed9a1d43b1bc75150abb0111cb780fea","force_destroy":false,"id":"application-code/app-tier/package.json","key":"application-code/app-tier/package.json","kms_key_id":null,"metadata":{},"object_lock_legal_hold_status":"","object_lock_mode":"","object_lock_retain_until_date":"","server_side_encryption":"AES256","source":"./application-code/application-code/app-tier/package.json","source_hash":null,"storage_class":"STANDARD","tags":{},"tags_all":{},"version_id":"","website_redirect":""},"sensitive_values":{"metadata":{},"tags":{},"tags_all":{}}},{"address":"module.s3.aws_s3_object.app_code_upload[\"nginx.conf\"]","mode":"managed","type":"aws_s3_object","name":"app_code_upload","index":"nginx.conf","provider_name":"registry.terraform.io/hashicorp/aws","schema_version":0,"values":{"acl":"private","bucket":"panda-files-app","bucket_key_enabled":false,"cache_control":"","content":null,"content_base64":null,"content_disposition":"","content_encoding":"","content_language":"","content_type":"binary/octet-stream","etag":"621b719532f6d2b391605cd9be30c6a4","force_destroy":false,"id":"application-code/nginx.conf","key":"application-code/nginx.conf","kms_key_id":null,"metadata":{},"object_lock_legal_hold_status":"","object_lock_mode":"","object_lock_retain_until_date":"","server_side_encryption":"AES256","source":"./application-code/application-code/nginx.conf","source_hash":null,"storage_class":"STANDARD","tags":{},"tags_all":{},"version_id":"","website_redirect":""},"sensitive_values":{"metadata":{},"tags":{},"tags_all":{}}},{"address":"module.s3.aws_s3_object.app_code_upload[\"web-tier/README.md\"]","mode":"managed","type":"aws_s3_object","name":"app_code_upload","index":"web-tier/README.md","provider_name":"registry.terraform.io/hashicorp/aws","schema_version":0,"values":{"acl":"private","bucket":"panda-files-app","bucket_key_enabled":false,"cache_control":"","content":null,"content_base64":null,"content_disposition":"","content_encoding":"","content_language":"","content_type":"binary/octet-stream","etag":"c64ca2b5dc0ae30f3cf8ac05a46e998a","force_destroy":false,"id":"application-code/web-tier/README.md","key":"application-code/web-tier/README.md","kms_key_id":null,"metadata":{},"object_lock_legal_hold_status":"","object_lock_mode":"","object_lock_retain_until_date":"","server_side_encryption":"AES256","source":"./application-code/application-code/web-tier/README.md","source_hash":null,"storage_class":"STANDARD","tags":{},"tags_all":{},"version_id":"","website_redirect":""},"sensitive_values":{"metadata":{},"tags":{},"tags_all":{}}},{"address":"module.s3.aws_s3_object.app_code_upload[\"web-tier/package.json\"]","mode":"managed","type":"aws_s3_object","name":"app_code_upload","index":"web-tier/package.json","provider_name":"registry.terraform.io/hashicorp/aws","schema_version":0,"values":{"acl":"private","bucket":"panda-files-app","bucket_key_enabled":false,"cache_control":"","content":null,"content_base64":null,"content_disposition":"","content_encoding":"","content_language":"","content_type":"binary/octet-stream","etag":"48383a0576de4f3fb1977ef849b2eeed","force_destroy":false,"id":"application-code/web-tier/package.json","key":"application-code/web-tier/package.json","kms_key_id":null,"metadata":{},"object_lock_legal_hold_status":"","object_lock_mode":"","object_lock_retain_until_date":"","server_side_encryption":"AES256","source":"./application-code/application-code/web-tier/package.json","source_hash":null,"storage_class":"STANDARD","tags":{},"tags_all":{},"version_id":"","website_redirect":""},"sensitive_values":{"metadata":{},"tags":{},"tags_all":{}}},{"address":"module.s3.aws_s3_object.app_code_upload[\"web-tier/public/index.html\"]","mode":"managed","type":"aws_s3_object","name":"app_code_upload","index":"web-tier/public/index.html","provider_name":"registry.terraform.io/hashicorp/aws","schema_version":0,"values":{"acl":"private","bucket":"panda-files-app","bucket_key_enabled":false,"cache_control":"","content":null,"content_base64":null,"content_disposition":"","content_encoding":"","content_language":"","content_type":"binary/octet-stream","etag":"2713d23a48428953d282203441881094","force_destroy":false,"id":"application-code/web-tier/public/index.html","key":"application-code/web-tier/public/index.html","kms_key_id":null,"metadata":{},"object_lock_legal_hold_status":"","object_lock_mode":"","object_lock_retain_until_date":"","server_side_encryption":"AES256","source":"./application-code/application-code/web-tier/public/index.html","source_hash":null,"storage_class":"STANDARD","tags":{},"tags_all":{},"version_id":"","website_redirect":""},"sensitive_values":{"metadata":{},"tags":{},"tags_all":{}}},{"address":"module.s3.aws_s3_object.app_code_upload[\"web-tier/public/robots.txt\"]","mode":"managed","type":"aws_s3_object","name":"app_code_upload","index":"web-tier/public/robots.txt","provider_name":"registry.terraform.io/hashicorp/aws","schema_version":0,"values":{"acl":"private","bucket":"panda-files-app","bucket_key_enabled":false,"cache_control":"","content":null,"content_base64":null,"content_disposition":"","content_encoding":"","content_language":"","content_type":"binary/octet-stream","etag":"61c27d2cd39a713f7829422c3d9edcc7","force_destroy":false,"id":"application-code/web-tier/public/robots.txt","key":"application-code/web-tier/public/robots.txt","kms_key_id":null,"metadata":{},"object_lock_legal_hold_status":"","object_lock_mode":"","object_lock_retain_until_date":"","server_side_encryption":"AES256","source":"./application-code/application-code/web-tier/public/robots.txt","source_hash":null,"storage_class":"STANDARD","tags":{},"tags_all":{},"version_id":"","website_redirect":""},"sensitive_values":{"metadata":{},"tags":{},"tags_all":{}}},{"address":"module.s3.aws_s3_object.app_code_upload[\"web-tier/src/.DS_Store\"]","mode":"managed","type":"aws_s3_object","name":"app_code_upload","index":"web-tier/src/.DS_Store","provider_name":"registry.terraform.io/hashicorp/aws","schema_version":0,"values":{"acl":"private","bucket":"panda-files-app","bucket_key_enabled":false,"cache_control":"","content":null,"content_base64":null,"content_disposition":"","content_encoding":"","content_language":"","content_type":"binary/octet-stream","etag":"043538f594b20af06afac65638c12244","force_destroy":false,"id":"application-code/web-tier/src/.DS_Store","key":"application-code/web-tier/src/.DS_Store","kms_key_id":null,"metadata":{},"object_lock_legal_hold_status":"","object_lock_mode":"","object_lock_retain_until_date":"","server_side_encryption":"AES256","source":"./application-code/application-code/web-tier/src/.DS_Store","source_hash":null,"storage_class":"STANDARD","tags":{},"tags_all":{},"version_id":"","website_redirect":""},"sensitive_values":{"metadata":{},"tags":{},"tags_all":{}}},{"address":"module.s3.aws_s3_object.app_code_upload[\"web-tier/src/App.css\"]","mode":"managed","type":"aws_s3_object","name":"app_code_upload","index":"web-tier/src/App.css","provider_name":"registry.terraform.io/hashicorp/aws","schema_version":0,"values":{"acl":"private","bucket":"panda-files-app","bucket_key_enabled":false,"cache_control":"","content":null,"content_base64":null,"content_disposition":"","content_encoding":"","content_language":"","content_type":"binary/octet-stream","etag":"d13a52212899f79d8eaec9710ea53b39","force_destroy":false,"id":"application-code/web-tier/src/App.css","key":"application-code/web-tier/src/App.css","kms_key_id":null,"metadata":{},"object_lock_legal_hold_status":"","object_lock_mode":"","object_lock_retain_until_date":"","server_side_encryption":"AES256","source":"./application-code/application-code/web-tier/src/App.css","source_hash":null,"storage_class":"STANDARD","tags":{},"tags_all":{},"version_id":"","website_redirect":""},"sensitive_values":{"metadata":{},"tags":{},"tags_all":{}}},{"address":"module.s3.aws_s3_object.app_code_upload[\"web-tier/src/App.js\"]","mode":"managed","type":"aws_s3_object","name":"app_code_upload","index":"web-tier/src/App.js","provider_name":"registry.terraform.io/hashicorp/aws","schema_version":0,"values":{"acl":"private","bucket":"panda-files-app","bucket_key_enabled":false,"cache_control":"","content":null,"content_base64":null,"content_disposition":"","content_encoding":"","content_language":"","content_type":"binary/octet-stream","etag":"0ce5fe36ed49d37762aadb0a95fd2ae6","force_destroy":false,"id":"application-code/web-tier/src/App.js","key":"application-code/web-tier/src/App.js","kms_key_id":null,"metadata":{},"object_lock_legal_hold_status":"","object_lock_mode":"","object_lock_retain_until_date":"","server_side_encryption":"AES256","source":"./application-code/application-code/web-tier/src/App.js","source_hash":null,"storage_class":"STANDARD","tags":{},"tags_all":{},"version_id":"","website_redirect":""},"sensitive_values":{"metadata":{},"tags":{},"tags_all":{}}},{"address":"module.s3.aws_s3_object.app_code_upload[\"web-tier/src/App.test.js\"]","mode":"managed","type":"aws_s3_object","name":"app_code_upload","index":"web-tier/src/App.test.js","provider_name":"registry.terraform.io/hashicorp/aws","schema_version":0,"values":{"acl":"private","bucket":"panda-files-app","bucket_key_enabled":false,"cache_control":"","content":null,"content_base64":null,"content_disposition":"","content_encoding":"","content_language":"","content_type":"binary/octet-stream","etag":"83ca979af0e840672a4aa673b0c7be01","force_destroy":false,"id":"application-code/web-tier/src/App.test.js","key":"application-code/web-tier/src/App.test.js","kms_key_id":null,"metadata":{},"object_lock_legal_hold_status":"","object_lock_mode":"","object_lock_retain_until_date":"","server_side_encryption":"AES256","source":"./application-code/application-code/web-tier/src/App.test.js","source_hash":null,"storage_class":"STANDARD","tags":{},"tags_all":{},"version_id":"","website_redirect":""},"sensitive_values":{"metadata":{},"tags":{},"tags_all":{}}},{"address":"module.s3.aws_s3_object.app_code_upload[\"web-tier/src/assets/3TierArch.png\"]","mode":"managed","type":"aws_s3_object","name":"app_code_upload","index":"web-tier/src/assets/3TierArch.png","provider_name":"registry.terraform.io/hashicorp/aws","schema_version":0,"values":{"acl":"private","bucket":"panda-files-app","bucket_key_enabled":false,"cache_control":"","content":null,"content_base64":null,"content_disposition":"","content_encoding":"","content_language":"","content_type":"binary/octet-stream","etag":"f903537e49e4ce10607e4dc955ec8069","force_destroy":false,"id":"application-code/web-tier/src/assets/3TierArch.png","key":"application-code/web-tier/src/assets/3TierArch.png","kms_key_id":null,"metadata":{},"object_lock_legal_hold_status":"","object_lock_mode":"","object_lock_retain_until_date":"","server_side_encryption":"AES256","source":"./application-code/application-code/web-tier/src/assets/3TierArch.png","source_hash":null,"storage_class":"STANDARD","tags":{},"tags_all":{},"version_id":"","website_redirect":""},"sensitive_values":{"metadata":{},"tags":{},"tags_all":{}}},{"address":"module.s3.aws_s3_object.app_code_upload[\"web-tier/src/components/.DS_Store\"]","mode":"managed","type":"aws_s3_object","name":"app_code_upload","index":"web-tier/src/components/.DS_Store","provider_name":"registry.terraform.io/hashicorp/aws","schema_version":0,"values":{"acl":"private","bucket":"panda-files-app","bucket_key_enabled":false,"cache_control":"","content":null,"content_base64":null,"content_disposition":"","content_encoding":"","content_language":"","content_type":"binary/octet-stream","etag":"f8462d61a845bc6550b4ee37260002b6","force_destroy":false,"id":"application-code/web-tier/src/components/.DS_Store","key":"application-code/web-tier/src/components/.DS_Store","kms_key_id":null,"metadata":{},"object_lock_legal_hold_status":"","object_lock_mode":"","object_lock_retain_until_date":"","server_side_encryption":"AES256","source":"./application-code/application-code/web-tier/src/components/.DS_Store","source_hash":null,"storage_class":"STANDARD","tags":{},"tags_all":{},"version_id":"","website_redirect":""},"sensitive_values":{"metadata":{},"tags":{},"tags_all":{}}},{"address":"module.s3.aws_s3_object.app_code_upload[\"web-tier/src/components/Burger/Burger.js\"]","mode":"managed","type":"aws_s3_object","name":"app_code_upload","index":"web-tier/src/components/Burger/Burger.js","provider_name":"registry.terraform.io/hashicorp/aws","schema_version":0,"values":{"acl":"private","bucket":"panda-files-app","bucket_key_enabled":false,"cache_control":"","content":null,"content_base64":null,"content_disposition":"","content_encoding":"","content_language":"","content_type":"binary/octet-stream","etag":"a5d965b205409be80561f018b699adea","force_destroy":false,"id":"application-code/web-tier/src/components/Burger/Burger.js","key":"application-code/web-tier/src/components/Burger/Burger.js","kms_key_id":null,"metadata":{},"object_lock_legal_hold_status":"","object_lock_mode":"","object_lock_retain_until_date":"","server_side_encryption":"AES256","source":"./application-code/application-code/web-tier/src/components/Burger/Burger.js","source_hash":null,"storage_class":"STANDARD","tags":{},"tags_all":{},"version_id":"","website_redirect":""},"sensitive_values":{"metadata":{},"tags":{},"tags_all":{}}},{"address":"module.s3.aws_s3_object.app_code_upload[\"web-tier/src/components/Burger/Burger.styled.js\"]","mode":"managed","type":"aws_s3_object","name":"app_code_upload","index":"web-tier/src/components/Burger/Burger.styled.js","provider_name":"registry.terraform.io/hashicorp/aws","schema_version":0,"values":{"acl":"private","bucket":"panda-files-app","bucket_key_enabled":false,"cache_control":"","content":null,"content_base64":null,"content_disposition":"","content_encoding":"","content_language":"","content_type":"binary/octet-stream","etag":"b2a2b36bec8c7a1fb86c8c96c106dc10","force_destroy":false,"id":"application-code/web-tier/src/components/Burger/Burger.styled.js","key":"application-code/web-tier/src/components/Burger/Burger.styled.js","kms_key_id":null,"metadata":{},"object_lock_legal_hold_status":"","object_lock_mode":"","object_lock_retain_until_date":"","server_side_encryption":"AES256","source":"./application-code/application-code/web-tier/src/components/Burger/Burger.styled.js","source_hash":null,"storage_class":"STANDARD","tags":{},"tags_all":{},"version_id":"","website_redirect":""},"sensitive_values":{"metadata":{},"tags":{},"tags_all":{}}},{"address":"module.s3.aws_s3_object.app_code_upload[\"web-tier/src/components/Burger/index.js\"]","mode":"managed","type":"aws_s3_object","name":"app_code_upload","index":"web-tier/src/components/Burger/index.js","provider_name":"registry.terraform.io/hashicorp/aws","schema_version":0,"values":{"acl":"private","bucket":"panda-files-app","bucket_key_enabled":false,"cache_control":"","content":null,"content_base64":null,"content_disposition":"","content_encoding":"","content_language":"","content_type":"binary/octet-stream","etag":"6e4b039730ed4da56a4064232c202233","force_destroy":false,"id":"application-code/web-tier/src/components/Burger/index.js","key":"application-code/web-tier/src/components/Burger/index.js","kms_key_id":null,"metadata":{},"object_lock_legal_hold_status":"","object_lock_mode":"","object_lock_retain_until_date":"","server_side_encryption":"AES256","source":"./application-code/application-code/web-tier/src/components/Burger/index.js","source_hash":null,"storage_class":"STANDARD","tags":{},"tags_all":{},"version_id":"","website_redirect":""},"sensitive_values":{"metadata":{},"tags":{},"tags_all":{}}},{"address":"module.s3.aws_s3_object.app_code_upload[\"web-tier/src/components/DatabaseDemo/DatabaseDemo.css\"]","mode":"managed","type":"aws_s3_object","name":"app_code_upload","index":"web-tier/src/components/DatabaseDemo/DatabaseDemo.css","provider_name":"registry.terraform.io/hashicorp/aws","schema_version":0,"values":{"acl":"private","bucket":"panda-files-app","bucket_key_enabled":false,"cache_control":"","content":null,"content_base64":null,"content_disposition":"","content_encoding":"","content_language":"","content_type":"binary/octet-stream","etag":"ccbbea93949bbdc9215338ec1e53c762","force_destroy":false,"id":"application-code/web-tier/src/components/DatabaseDemo/DatabaseDemo.css","key":"application-code/web-tier/src/components/DatabaseDemo/DatabaseDemo.css","kms_key_id":null,"metadata":{},"object_lock_legal_hold_status":"","object_lock_mode":"","object_lock_retain_until_date":"","server_side_encryption":"AES256","source":"./application-code/application-code/web-tier/src/components/DatabaseDemo/DatabaseDemo.css","source_hash":null,"storage_class":"STANDARD","tags":{},"tags_all":{},"version_id":"","website_redirect":""},"sensitive_values":{"metadata":{},"tags":{},"tags_all":{}}},{"address":"module.s3.aws_s3_object.app_code_upload[\"web-tier/src/components/DatabaseDemo/DatabaseDemo.js\"]","mode":"managed","type":"aws_s3_object","name":"app_code_upload","index":"web-tier/src/components/DatabaseDemo/DatabaseDemo.js","provider_name":"registry.terraform.io/hashicorp/aws","schema_version":0,"values":{"acl":"private","bucket":"panda-files-app","bucket_key_enabled":false,"cache_control":"","content":null,"content_base64":null,"content_disposition":"","content_encoding":"","content_language":"","content_type":"binary/octet-stream","etag":"9ab2d96558ec2756e4c452cba6ee2cfd","force_destroy":false,"id":"application-code/web-tier/src/components/DatabaseDemo/DatabaseDemo.js","key":"application-code/web-tier/src/components/DatabaseDemo/DatabaseDemo.js","kms_key_id":null,"metadata":{},"object_lock_legal_hold_status":"","object_lock_mode":"","object_lock_retain_until_date":"","server_side_encryption":"AES256","source":"./application-code/application-code/web-tier/src/components/DatabaseDemo/DatabaseDemo.js","source_hash":null,"storage_class":"STANDARD","tags":{},"tags_all":{},"version_id":"","website_redirect":""},"sensitive_values":{"metadata":{},"tags":{},"tags_all":{}}},{"address":"module.s3.aws_s3_object.app_code_upload[\"web-tier/src/components/Home/Home.js\"]","mode":"managed","type":"aws_s3_object","name":"app_code_upload","index":"web-tier/src/components/Home/Home.js","provider_name":"registry.terraform.io/hashicorp/aws","schema_version":0,"values":{"acl":"private","bucket":"panda-files-app","bucket_key_enabled":false,"cache_control":"","content":null,"content_base64":null,"content_disposition":"","content_encoding":"","content_language":"","content_type":"binary/octet-stream","etag":"b772edaaa17e61f8f394ae63b304eaef","force_destroy":false,"id":"application-code/web-tier/src/components/Home/Home.js","key":"application-code/web-tier/src/components/Home/Home.js","kms_key_id":null,"metadata":{},"object_lock_legal_hold_status":"","object_lock_mode":"","object_lock_retain_until_date":"","server_side_encryption":"AES256","source":"./application-code/application-code/web-tier/src/components/Home/Home.js","source_hash":null,"storage_class":"STANDARD","tags":{},"tags_all":{},"version_id":"","website_redirect":""},"sensitive_values":{"metadata":{},"tags":{},"tags_all":{}}},{"address":"module.s3.aws_s3_object.app_code_upload[\"web-tier/src/components/Menu/Menu.js\"]","mode":"managed","type":"aws_s3_object","name":"app_code_upload","index":"web-tier/src/components/Menu/Menu.js","provider_name":"registry.terraform.io/hashicorp/aws","schema_version":0,"values":{"acl":"private","bucket":"panda-files-app","bucket_key_enabled":false,"cache_control":"","content":null,"content_base64":null,"content_disposition":"","content_encoding":"","content_language":"","content_type":"binary/octet-stream","etag":"dc803e695cfaaf3c7926e86f327d81b9","force_destroy":false,"id":"application-code/web-tier/src/components/Menu/Menu.js","key":"application-code/web-tier/src/components/Menu/Menu.js","kms_key_id":null,"metadata":{},"object_lock_legal_hold_status":"","object_lock_mode":"","object_lock_retain_until_date":"","server_side_encryption":"AES256","source":"./application-code/application-code/web-tier/src/components/Menu/Menu.js","source_hash":null,"storage_class":"STANDARD","tags":{},"tags_all":{},"version_id":"","website_redirect":""},"sensitive_values":{"metadata":{},"tags":{},"tags_all":{}}},{"address":"module.s3.aws_s3_object.app_code_upload[\"web-tier/src/components/Menu/Menu.styled.js\"]","mode":"managed","type":"aws_s3_object","name":"app_code_upload","index":"web-tier/src/components/Menu/Menu.styled.js","provider_name":"registry.terraform.io/hashicorp/aws","schema_version":0,"values":{"acl":"private","bucket":"panda-files-app","bucket_key_enabled":false,"cache_control":"","content":null,"content_base64":null,"content_disposition":"","content_encoding":"","content_language":"","content_type":"binary/octet-stream","etag":"0c08ea6a16e4d10b09ba5c67a1561193","force_destroy":false,"id":"application-code/web-tier/src/components/Menu/Menu.styled.js","key":"application-code/web-tier/src/components/Menu/Menu.styled.js","kms_key_id":null,"metadata":{},"object_lock_legal_hold_status":"","object_lock_mode":"","object_lock_retain_until_date":"","server_side_encryption":"AES256","source":"./application-code/application-code/web-tier/src/components/Menu/Menu.styled.js","source_hash":null,"storage_class":"STANDARD","tags":{},"tags_all":{},"version_id":"","website_redirect":""},"sensitive_values":{"metadata":{},"tags":{},"tags_all":{}}},{"address":"module.s3.aws_s3_object.app_code_upload[\"web-tier/src/components/Menu/index.js\"]","mode":"managed","type":"aws_s3_object","name":"app_code_upload","index":"web-tier/src/components/Menu/index.js","provider_name":"registry.terraform.io/hashicorp/aws","schema_version":0,"values":{"acl":"private","bucket":"panda-files-app","bucket_key_enabled":false,"cache_control":"","content":null,"content_base64":null,"content_disposition":"","content_encoding":"","content_language":"","content_type":"binary/octet-stream","etag":"a0d7779bf693d230afd821ba2785a0a3","force_destroy":false,"id":"application-code/web-tier/src/components/Menu/index.js","key":"application-code/web-tier/src/components/Menu/index.js","kms_key_id":null,"metadata":{},"object_lock_legal_hold_status":"","object_lock_mode":"","object_lock_retain_until_date":"","server_side_encryption":"AES256","source":"./application-code/application-code/web-tier/src/components/Menu/index.js","source_hash":null,"storage_class":"STANDARD","tags":{},"tags_all":{},"version_id":"","website_redirect":""},"sensitive_values":{"metadata":{},"tags":{},"tags_all":{}}},{"address":"module.s3.aws_s3_object.app_code_upload[\"web-tier/src/components/index.js\"]","mode":"managed","type":"aws_s3_object","name":"app_code_upload","index":"web-tier/src/components/index.js","provider_name":"registry.terraform.io/hashicorp/aws","schema_version":0,"values":{"acl":"private","bucket":"panda-files-app","bucket_key_enabled":false,"cache_control":"","content":null,"content_base64":null,"content_disposition":"","content_encoding":"","content_language":"","content_type":"binary/octet-stream","etag":"9754a556d58a9481d74e01a7cb1ff379","force_destroy":false,"id":"application-code/web-tier/src/components/index.js","key":"application-code/web-tier/src/components/index.js","kms_key_id":null,"metadata":{},"object_lock_legal_hold_status":"","object_lock_mode":"","object_lock_retain_until_date":"","server_side_encryption":"AES256","source":"./application-code/application-code/web-tier/src/components/index.js","source_hash":null,"storage_class":"STANDARD","tags":{},"tags_all":{},"version_id":"","website_redirect":""},"sensitive_values":{"metadata":{},"tags":{},"tags_all":{}}},{"address":"module.s3.aws_s3_object.app_code_upload[\"web-tier/src/global.js\"]","mode":"managed","type":"aws_s3_object","name":"app_code_upload","index":"web-tier/src/global.js","provider_name":"registry.terraform.io/hashicorp/aws","schema_version":0,"values":{"acl":"private","bucket":"panda-files-app","bucket_key_enabled":false,"cache_control":"","content":null,"content_base64":null,"content_disposition":"","content_encoding":"","content_language":"","content_type":"binary/octet-stream","etag":"8921ee2713f9fb38fb9c630cc1766904","force_destroy":false,"id":"application-code/web-tier/src/global.js","key":"application-code/web-tier/src/global.js","kms_key_id":null,"metadata":{},"object_lock_legal_hold_status":"","object_lock_mode":"","object_lock_retain_until_date":"","server_side_encryption":"AES256","source":"./application-code/application-code/web-tier/src/global.js","source_hash":null,"storage_class":"STANDARD","tags":{},"tags_all":{},"version_id":"","website_redirect":""},"sensitive_values":{"metadata":{},"tags":{},"tags_all":{}}},{"address":"module.s3.aws_s3_object.app_code_upload[\"web-tier/src/hooks.js\"]","mode":"managed","type":"aws_s3_object","name":"app_code_upload","index":"web-tier/src/hooks.js","provider_name":"registry.terraform.io/hashicorp/aws","schema_version":0,"values":{"acl":"private","bucket":"panda-files-app","bucket_key_enabled":false,"cache_control":"","content":null,"content_base64":null,"content_disposition":"","content_encoding":"","content_language":"","content_type":"binary/octet-stream","etag":"41d5a7e3d265564b7aa3c30180741b04","force_destroy":false,"id":"application-code/web-tier/src/hooks.js","key":"application-code/web-tier/src/hooks.js","kms_key_id":null,"metadata":{},"object_lock_legal_hold_status":"","object_lock_mode":"","object_lock_retain_until_date":"","server_side_encryption":"AES256","source":"./application-code/application-code/web-tier/src/hooks.js","source_hash":null,"storage_class":"STANDARD","tags":{},"tags_all":{},"version_id":"","website_redirect":""},"sensitive_values":{"metadata":{},"tags":{},"tags_all":{}}},{"address":"module.s3.aws_s3_object.app_code_upload[\"web-tier/src/index.css\"]","mode":"managed","type":"aws_s3_object","name":"app_code_upload","index":"web-tier/src/index.css","provider_name":"registry.terraform.io/hashicorp/aws","schema_version":0,"values":{"acl":"private","bucket":"panda-files-app","bucket_key_enabled":false,"cache_control":"","content":null,"content_base64":null,"content_disposition":"","content_encoding":"","content_language":"","content_type":"binary/octet-stream","etag":"7386d27f653921d6b5c3b54e0cd9d67d","force_destroy":false,"id":"application-code/web-tier/src/index.css","key":"application-code/web-tier/src/index.css","kms_key_id":null,"metadata":{},"object_lock_legal_hold_status":"","object_lock_mode":"","object_lock_retain_until_date":"","server_side_encryption":"AES256","source":"./application-code/application-code/web-tier/src/index.css","source_hash":null,"storage_class":"STANDARD","tags":{},"tags_all":{},"version_id":"","website_redirect":""},"sensitive_values":{"metadata":{},"tags":{},"tags_all":{}}},{"address":"module.s3.aws_s3_object.app_code_upload[\"web-tier/src/index.js\"]","mode":"managed","type":"aws_s3_object","name":"app_code_upload","index":"web-tier/src/index.js","provider_name":"registry.terraform.io/hashicorp/aws","schema_version":0,"values":{"acl":"private","bucket":"panda-files-app","bucket_key_enabled":false,"cache_control":"","content":null,"content_base64":null,"content_disposition":"","content_encoding":"","content_language":"","content_type":"binary/octet-stream","etag":"0f52bca8d3ae14f17fa443a1ab3c1ac3","force_destroy":false,"id":"application-code/web-tier/src/index.js","key":"application-code/web-tier/src/index.js","kms_key_id":null,"metadata":{},"object_lock_legal_hold_status":"","object_lock_mode":"","object_lock_retain_until_date":"","server_side_encryption":"AES256","source":"./application-code/application-code/web-tier/src/index.js","source_hash":null,"storage_class":"STANDARD","tags":{},"tags_all":{},"version_id":"","website_redirect":""},"sensitive_values":{"metadata":{},"tags":{},"tags_all":{}}},{"address":"module.s3.aws_s3_object.app_code_upload[\"web-tier/src/reportWebVitals.js\"]","mode":"managed","type":"aws_s3_object","name":"app_code_upload","index":"web-tier/src/reportWebVitals.js","provider_name":"registry.terraform.io/hashicorp/aws","schema_version":0,"values":{"acl":"private","bucket":"panda-files-app","bucket_key_enabled":false,"cache_control":"","content":null,"content_base64":null,"content_disposition":"","content_encoding":"","content_language":"","content_type":"binary/octet-stream","etag":"b528fd380de9b503eb5c84973639cca4","force_destroy":false,"id":"application-code/web-tier/src/reportWebVitals.js","key":"application-code/web-tier/src/reportWebVitals.js","kms_key_id":null,"metadata":{},"object_lock_legal_hold_status":"","object_lock_mode":"","object_lock_retain_until_date":"","server_side_encryption":"AES256","source":"./application-code/application-code/web-tier/src/reportWebVitals.js","source_hash":null,"storage_class":"STANDARD","tags":{},"tags_all":{},"version_id":"","website_redirect":""},"sensitive_values":{"metadata":{},"tags":{},"tags_all":{}}},{"address":"module.s3.aws_s3_object.app_code_upload[\"web-tier/src/setupTests.js\"]","mode":"managed","type":"aws_s3_object","name":"app_code_upload","index":"web-tier/src/setupTests.js","provider_name":"registry.terraform.io/hashicorp/aws","schema_version":0,"values":{"acl":"private","bucket":"panda-files-app","bucket_key_enabled":false,"cache_control":"","content":null,"content_base64":null,"content_disposition":"","content_encoding":"","content_language":"","content_type":"binary/octet-stream","etag":"72158175c4ba432ede32a7c2ca4143e0","force_destroy":false,"id":"application-code/web-tier/src/setupTests.js","key":"application-code/web-tier/src/setupTests.js","kms_key_id":null,"metadata":{},"object_lock_legal_hold_status":"","object_lock_mode":"","object_lock_retain_until_date":"","server_side_encryption":"AES256","source":"./application-code/application-code/web-tier/src/setupTests.js","source_hash":null,"storage_class":"STANDARD","tags":{},"tags_all":{},"version_id":"","website_redirect":""},"sensitive_values":{"metadata":{},"tags":{},"tags_all":{}}},{"address":"module.s3.aws_s3_object.app_code_upload[\"web-tier/src/theme.js\"]","mode":"managed","type":"aws_s3_object","name":"app_code_upload","index":"web-tier/src/theme.js","provider_name":"registry.terraform.io/hashicorp/aws","schema_version":0,"values":{"acl":"private","bucket":"panda-files-app","bucket_key_enabled":false,"cache_control":"","content":null,"content_base64":null,"content_disposition":"","content_encoding":"","content_language":"","content_type":"binary/octet-stream","etag":"a1aa698756c35f056a1b62fbbd0f1c40","force_destroy":false,"id":"application-code/web-tier/src/theme.js","key":"application-code/web-tier/src/theme.js","kms_key_id":null,"metadata":{},"object_lock_legal_hold_status":"","object_lock_mode":"","object_lock_retain_until_date":"","server_side_encryption":"AES256","source":"./application-code/application-code/web-tier/src/theme.js","source_hash":null,"storage_class":"STANDARD","tags":{},"tags_all":{},"version_id":"","website_redirect":""},"sensitive_values":{"metadata":{},"tags":{},"tags_all":{}}}],"address":"module.s3"},{"resources":[{"address":"module.security-group.aws_security_group.alb_sg","mode":"managed","type":"aws_security_group","name":"alb_sg","provider_name":"registry.terraform.io/hashicorp/aws","schema_version":1,"values":{"arn":"arn:aws:ec2:us-east-1:513410254332:security-group/sg-02ab4df8a4a243f1b","description":"enable http/https access on port 80/443","egress":[{"cidr_blocks":["0.0.0.0/0"],"description":"","from_port":0,"ipv6_cidr_blocks":[],"prefix_list_ids":[],"protocol":"-1","security_groups":[],"self":false,"to_port":0}],"id":"sg-02ab4df8a4a243f1b","ingress":[{"cidr_blocks":["0.0.0.0/0"],"description":"http access","from_port":80,"ipv6_cidr_blocks":[],"prefix_list_ids":[],"protocol":"tcp","security_groups":[],"self":false,"to_port":80},{"cidr_blocks":["0.0.0.0/0"],"description":"https access","from_port":443,"ipv6_cidr_blocks":[],"prefix_list_ids":[],"protocol":"tcp","security_groups":[],"self":false,"to_port":443}],"name":"alb security group","name_prefix":"","owner_id":"513410254332","revoke_rules_on_delete":false,"tags":{"Name":"alb_sg"},"tags_all":{"Name":"alb_sg"},"timeouts":null,"vpc_id":"vpc-0ed9c7463763df965"},"sensitive_values":{"egress":[{"cidr_blocks":[false],"ipv6_cidr_blocks":[],"prefix_list_ids":[],"security_groups":[]}],"ingress":[{"cidr_blocks":[false],"ipv6_cidr_blocks":[],"prefix_list_ids":[],"security_groups":[]},{"cidr_blocks":[false],"ipv6_cidr_blocks":[],"prefix_list_ids":[],"security_groups":[]}],"tags":{},"tags_all":{}}},{"address":"module.security-group.aws_security_group.client_sg","mode":"managed","type":"aws_security_group","name":"client_sg","provider_name":"registry.terraform.io/hashicorp/aws","schema_version":1,"values":{"arn":"arn:aws:ec2:us-east-1:513410254332:security-group/sg-06f7dd670a0a78126","description":"enable http/https access on port 80 for client sg","egress":[{"cidr_blocks":["0.0.0.0/0"],"description":"","from_port":0,"ipv6_cidr_blocks":[],"prefix_list_ids":[],"protocol":"-1","security_groups":[],"self":false,"to_port":0}],"id":"sg-06f7dd670a0a78126","ingress":[{"cidr_blocks":[],"description":"http access","from_port":80,"ipv6_cidr_blocks":[],"prefix_list_ids":[],"protocol":"tcp","security_groups":["sg-02ab4df8a4a243f1b"],"self":false,"to_port":80}],"name":"client_sg","name_prefix":"","owner_id":"513410254332","revoke_rules_on_delete":false,"tags":{"Name":"Client_sg"},"tags_all":{"Name":"Client_sg"},"timeouts":null,"vpc_id":"vpc-0ed9c7463763df965"},"sensitive_values":{"egress":[{"cidr_blocks":[false],"ipv6_cidr_blocks":[],"prefix_list_ids":[],"security_groups":[]}],"ingress":[{"cidr_blocks":[],"ipv6_cidr_blocks":[],"prefix_list_ids":[],"security_groups":[false]}],"tags":{},"tags_all":{}}},{"address":"module.security-group.aws_security_group.db_sg","mode":"managed","type":"aws_security_group","name":"db_sg","provider_name":"registry.terraform.io/hashicorp/aws","schema_version":1,"values":{"arn":"arn:aws:ec2:us-east-1:513410254332:security-group/sg-0e09713dd04b840d0","description":"enable mysql access on port 3305 from server-sg","egress":[{"cidr_blocks":["0.0.0.0/0"],"description":"","from_port":0,"ipv6_cidr_blocks":[],"prefix_list_ids":[],"protocol":"-1","security_groups":[],"self":false,"to_port":0}],"id":"sg-0e09713dd04b840d0","ingress":[{"cidr_blocks":[],"description":"mysql access","from_port":3306,"ipv6_cidr_blocks":[],"prefix_list_ids":[],"protocol":"tcp","security_groups":["sg-090125fd0fc8b1f21"],"self":false,"to_port":3306}],"name":"db_sg","name_prefix":"","owner_id":"513410254332","revoke_rules_on_delete":false,"tags":{"Name":"database_sg"},"tags_all":{"Name":"database_sg"},"timeouts":null,"vpc_id":"vpc-0ed9c7463763df965"},"sensitive_values":{"egress":[{"cidr_blocks":[false],"ipv6_cidr_blocks":[],"prefix_list_ids":[],"security_groups":[]}],"ingress":[{"cidr_blocks":[],"ipv6_cidr_blocks":[],"prefix_list_ids":[],"security_groups":[false]}],"tags":{},"tags_all":{}}},{"address":"module.security-group.aws_security_group.internal_alb_sg","mode":"managed","type":"aws_security_group","name":"internal_alb_sg","provider_name":"registry.terraform.io/hashicorp/aws","schema_version":1,"values":{"arn":"arn:aws:ec2:us-east-1:513410254332:security-group/sg-0d54f115b78ecc568","description":"enable http/https access on port 80 for internal alb sg","egress":[{"cidr_blocks":["0.0.0.0/0"],"description":"","from_port":0,"ipv6_cidr_blocks":[],"prefix_list_ids":[],"protocol":"-1","security_groups":[],"self":false,"to_port":0}],"id":"sg-0d54f115b78ecc568","ingress":[{"cidr_blocks":[],"description":"http access","from_port":80,"ipv6_cidr_blocks":[],"prefix_list_ids":[],"protocol":"tcp","security_groups":["sg-06f7dd670a0a78126"],"self":false,"to_port":80}],"name":"internal_alb_sg","name_prefix":"","owner_id":"513410254332","revoke_rules_on_delete":false,"tags":{"Name":"internal_alb_sg"},"tags_all":{"Name":"internal_alb_sg"},"timeouts":null,"vpc_id":"vpc-0ed9c7463763df965"},"sensitive_values":{"egress":[{"cidr_blocks":[false],"ipv6_cidr_blocks":[],"prefix_list_ids":[],"security_groups":[]}],"ingress":[{"cidr_blocks":[],"ipv6_cidr_blocks":[],"prefix_list_ids":[],"security_groups":[false]}],"tags":{},"tags_all":{}}},{"address":"module.security-group.aws_security_group.server_sg","mode":"managed","type":"aws_security_group","name":"server_sg","provider_name":"registry.terraform.io/hashicorp/aws","schema_version":1,"values":{"arn":"arn:aws:ec2:us-east-1:513410254332:security-group/sg-090125fd0fc8b1f21","description":"enable http/https access on port 4000 for server app sg","egress":[{"cidr_blocks":["0.0.0.0/0"],"description":"","from_port":0,"ipv6_cidr_blocks":[],"prefix_list_ids":[],"protocol":"-1","security_groups":[],"self":false,"to_port":0}],"id":"sg-090125fd0fc8b1f21","ingress":[{"cidr_blocks":[],"description":"custom tcp access","from_port":4000,"ipv6_cidr_blocks":[],"prefix_list_ids":[],"protocol":"tcp","security_groups":["sg-0d54f115b78ecc568"],"self":false,"to_port":4000}],"name":"server_sg","name_prefix":"","owner_id":"513410254332","revoke_rules_on_delete":false,"tags":{"Name":"server_sg"},"tags_all":{"Name":"server_sg"},"timeouts":null,"vpc_id":"vpc-0ed9c7463763df965"},"sensitive_values":{"egress":[{"cidr_blocks":[false],"ipv6_cidr_blocks":[],"prefix_list_ids":[],"security_groups":[]}],"ingress":[{"cidr_blocks":[],"ipv6_cidr_blocks":[],"prefix_list_ids":[],"security_groups":[false]}],"tags":{},"tags_all":{}}}],"address":"module.security-group"},{"resources":[{"address":"module.vpc.aws_internet_gateway.internet_gateway","mode":"managed","type":"aws_internet_gateway","name":"internet_gateway","provider_name":"registry.terraform.io/hashicorp/aws","schema_version":0,"values":{"arn":"arn:aws:ec2:us-east-1:513410254332:internet-gateway/igw-0e62f99a8c9a13b7c","id":"igw-0e62f99a8c9a13b7c","owner_id":"513410254332","tags":{"Name":"three-tier-app-igw"},"tags_all":{"Name":"three-tier-app-igw"},"timeouts":null,"vpc_id":"vpc-0ed9c7463763df965"},"sensitive_values":{"tags":{},"tags_all":{}}},{"address":"module.vpc.aws_route_table.public_route_table","mode":"managed","type":"aws_route_table","name":"public_route_table","provider_name":"registry.terraform.io/hashicorp/aws","schema_version":0,"values":{"arn":"arn:aws:ec2:us-east-1:513410254332:route-table/rtb-0f7ccde9a3bf9dfc6","id":"rtb-0f7ccde9a3bf9dfc6","owner_id":"513410254332","propagating_vgws":[],"route":[{"carrier_gateway_id":"","cidr_block":"0.0.0.0/0","core_network_arn":"","destination_prefix_list_id":"","egress_only_gateway_id":"","gateway_id":"igw-0e62f99a8c9a13b7c","instance_id":"","ipv6_cidr_block":"","local_gateway_id":"","nat_gateway_id":"","network_interface_id":"","transit_gateway_id":"","vpc_endpoint_id":"","vpc_peering_connection_id":""}],"tags":{"Name":"Public-rt"},"tags_all":{"Name":"Public-rt"},"timeouts":null,"vpc_id":"vpc-0ed9c7463763df965"},"sensitive_values":{"propagating_vgws":[],"route":[{}],"tags":{},"tags_all":{}}},{"address":"module.vpc.aws_route_table_association.pub-sub-1a_route_table_association","mode":"managed","type":"aws_route_table_association","name":"pub-sub-1a_route_table_association","provider_name":"registry.terraform.io/hashicorp/aws","schema_version":0,"values":{"gateway_id":"","id":"rtbassoc-044271983b00cf362","route_table_id":"rtb-0f7ccde9a3bf9dfc6","subnet_id":"subnet-02a62a8d91fd9772e","timeouts":null},"sensitive_values":{}},{"address":"module.vpc.aws_route_table_association.pub-sub-2-b_route_table_association","mode":"managed","type":"aws_route_table_association","name":"pub-sub-2-b_route_table_association","provider_name":"registry.terraform.io/hashicorp/aws","schema_version":0,"values":{"gateway_id":"","id":"rtbassoc-0fa6d9b58257916c4","route_table_id":"rtb-0f7ccde9a3bf9dfc6","subnet_id":"subnet-05a81b6a463955e83","timeouts":null},"sensitive_values":{}},{"address":"module.vpc.aws_subnet.pri_sub_3a","mode":"managed","type":"aws_subnet","name":"pri_sub_3a","provider_name":"registry.terraform.io/hashicorp/aws","schema_version":1,"values":{"arn":"arn:aws:ec2:us-east-1:513410254332:subnet/subnet-06927b7372ba82f7a","assign_ipv6_address_on_creation":false,"availability_zone":"us-east-1a","availability_zone_id":"use1-az1","cidr_block":"10.0.3.0/24","customer_owned_ipv4_pool":"","enable_dns64":false,"enable_lni_at_device_index":0,"enable_resource_name_dns_a_record_on_launch":false,"enable_resource_name_dns_aaaa_record_on_launch":false,"id":"subnet-06927b7372ba82f7a","ipv6_cidr_block":"","ipv6_cidr_block_association_id":"","ipv6_native":false,"map_customer_owned_ip_on_launch":false,"map_public_ip_on_launch":false,"outpost_arn":"","owner_id":"513410254332","private_dns_hostname_type_on_launch":"ip-name","tags":{"Name":"pri-sub-3a"},"tags_all":{"Name":"pri-sub-3a"},"timeouts":null,"vpc_id":"vpc-0ed9c7463763df965"},"sensitive_values":{"tags":{},"tags_all":{}}},{"address":"module.vpc.aws_subnet.pri_sub_4b","mode":"managed","type":"aws_subnet","name":"pri_sub_4b","provider_name":"registry.terraform.io/hashicorp/aws","schema_version":1,"values":{"arn":"arn:aws:ec2:us-east-1:513410254332:subnet/subnet-060b9e1c01222f3b7","assign_ipv6_address_on_creation":false,"availability_zone":"us-east-1b","availability_zone_id":"use1-az2","cidr_block":"10.0.4.0/24","customer_owned_ipv4_pool":"","enable_dns64":false,"enable_lni_at_device_index":0,"enable_resource_name_dns_a_record_on_launch":false,"enable_resource_name_dns_aaaa_record_on_launch":false,"id":"subnet-060b9e1c01222f3b7","ipv6_cidr_block":"","ipv6_cidr_block_association_id":"","ipv6_native":false,"map_customer_owned_ip_on_launch":false,"map_public_ip_on_launch":false,"outpost_arn":"","owner_id":"513410254332","private_dns_hostname_type_on_launch":"ip-name","tags":{"Name":"pri-sub-4b"},"tags_all":{"Name":"pri-sub-4b"},"timeouts":null,"vpc_id":"vpc-0ed9c7463763df965"},"sensitive_values":{"tags":{},"tags_all":{}}},{"address":"module.vpc.aws_subnet.pri_sub_5a","mode":"managed","type":"aws_subnet","name":"pri_sub_5a","provider_name":"registry.terraform.io/hashicorp/aws","schema_version":1,"values":{"arn":"arn:aws:ec2:us-east-1:513410254332:subnet/subnet-06d5b3d179bb223f3","assign_ipv6_address_on_creation":false,"availability_zone":"us-east-1a","availability_zone_id":"use1-az1","cidr_block":"10.0.5.0/24","customer_owned_ipv4_pool":"","enable_dns64":false,"enable_lni_at_device_index":0,"enable_resource_name_dns_a_record_on_launch":false,"enable_resource_name_dns_aaaa_record_on_launch":false,"id":"subnet-06d5b3d179bb223f3","ipv6_cidr_block":"","ipv6_cidr_block_association_id":"","ipv6_native":false,"map_customer_owned_ip_on_launch":false,"map_public_ip_on_launch":false,"outpost_arn":"","owner_id":"513410254332","private_dns_hostname_type_on_launch":"ip-name","tags":{"Name":"pri-sub-5a"},"tags_all":{"Name":"pri-sub-5a"},"timeouts":null,"vpc_id":"vpc-0ed9c7463763df965"},"sensitive_values":{"tags":{},"tags_all":{}}},{"address":"module.vpc.aws_subnet.pri_sub_6b","mode":"managed","type":"aws_subnet","name":"pri_sub_6b","provider_name":"registry.terraform.io/hashicorp/aws","schema_version":1,"values":{"arn":"arn:aws:ec2:us-east-1:513410254332:subnet/subnet-0ee16b2ed1b905f04","assign_ipv6_address_on_creation":false,"availability_zone":"us-east-1b","availability_zone_id":"use1-az2","cidr_block":"10.0.6.0/24","customer_owned_ipv4_pool":"","enable_dns64":false,"enable_lni_at_device_index":0,"enable_resource_name_dns_a_record_on_launch":false,"enable_resource_name_dns_aaaa_record_on_launch":false,"id":"subnet-0ee16b2ed1b905f04","ipv6_cidr_block":"","ipv6_cidr_block_association_id":"","ipv6_native":false,"map_customer_owned_ip_on_launch":false,"map_public_ip_on_launch":false,"outpost_arn":"","owner_id":"513410254332","private_dns_hostname_type_on_launch":"ip-name","tags":{"Name":"pri-sub-6b"},"tags_all":{"Name":"pri-sub-6b"},"timeouts":null,"vpc_id":"vpc-0ed9c7463763df965"},"sensitive_values":{"tags":{},"tags_all":{}}},{"address":"module.vpc.aws_subnet.pri_sub_7a","mode":"managed","type":"aws_subnet","name":"pri_sub_7a","provider_name":"registry.terraform.io/hashicorp/aws","schema_version":1,"values":{"arn":"arn:aws:ec2:us-east-1:513410254332:subnet/subnet-0d173725643e87c49","assign_ipv6_address_on_creation":false,"availability_zone":"us-east-1a","availability_zone_id":"use1-az1","cidr_block":"10.0.7.0/24","customer_owned_ipv4_pool":"","enable_dns64":false,"enable_lni_at_device_index":0,"enable_resource_name_dns_a_record_on_launch":false,"enable_resource_name_dns_aaaa_record_on_launch":false,"id":"subnet-0d173725643e87c49","ipv6_cidr_block":"","ipv6_cidr_block_association_id":"","ipv6_native":false,"map_customer_owned_ip_on_launch":false,"map_public_ip_on_launch":false,"outpost_arn":"","owner_id":"513410254332","private_dns_hostname_type_on_launch":"ip-name","tags":{"Name":"pri-sub-7a"},"tags_all":{"Name":"pri-sub-7a"},"timeouts":null,"vpc_id":"vpc-0ed9c7463763df965"},"sensitive_values":{"tags":{},"tags_all":{}}},{"address":"module.vpc.aws_subnet.pri_sub_8b","mode":"managed","type":"aws_subnet","name":"pri_sub_8b","provider_name":"registry.terraform.io/hashicorp/aws","schema_version":1,"values":{"arn":"arn:aws:ec2:us-east-1:513410254332:subnet/subnet-0c48a9d9292782465","assign_ipv6_address_on_creation":false,"availability_zone":"us-east-1b","availability_zone_id":"use1-az2","cidr_block":"10.0.8.0/24","customer_owned_ipv4_pool":"","enable_dns64":false,"enable_lni_at_device_index":0,"enable_resource_name_dns_a_record_on_launch":false,"enable_resource_name_dns_aaaa_record_on_launch":false,"id":"subnet-0c48a9d9292782465","ipv6_cidr_block":"","ipv6_cidr_block_association_id":"","ipv6_native":false,"map_customer_owned_ip_on_launch":false,"map_public_ip_on_launch":false,"outpost_arn":"","owner_id":"513410254332","private_dns_hostname_type_on_launch":"ip-name","tags":{"Name":"pri-sub-8b"},"tags_all":{"Name":"pri-sub-8b"},"timeouts":null,"vpc_id":"vpc-0ed9c7463763df965"},"sensitive_values":{"tags":{},"tags_all":{}}},{"address":"module.vpc.aws_subnet.pub_sub_1a","mode":"managed","type":"aws_subnet","name":"pub_sub_1a","provider_name":"registry.terraform.io/hashicorp/aws","schema_version":1,"values":{"arn":"arn:aws:ec2:us-east-1:513410254332:subnet/subnet-02a62a8d91fd9772e","assign_ipv6_address_on_creation":false,"availability_zone":"us-east-1a","availability_zone_id":"use1-az1","cidr_block":"10.0.1.0/24","customer_owned_ipv4_pool":"","enable_dns64":false,"enable_lni_at_device_index":0,"enable_resource_name_dns_a_record_on_launch":false,"enable_resource_name_dns_aaaa_record_on_launch":false,"id":"subnet-02a62a8d91fd9772e","ipv6_cidr_block":"","ipv6_cidr_block_association_id":"","ipv6_native":false,"map_customer_owned_ip_on_launch":false,"map_public_ip_on_launch":true,"outpost_arn":"","owner_id":"513410254332","private_dns_hostname_type_on_launch":"ip-name","tags":{"Name":"pub_sub_1a"},"tags_all":{"Name":"pub_sub_1a"},"timeouts":null,"vpc_id":"vpc-0ed9c7463763df965"},"sensitive_values":{"tags":{},"tags_all":{}}},{"address":"module.vpc.aws_subnet.pub_sub_2b","mode":"managed","type":"aws_subnet","name":"pub_sub_2b","provider_name":"registry.terraform.io/hashicorp/aws","schema_version":1,"values":{"arn":"arn:aws:ec2:us-east-1:513410254332:subnet/subnet-05a81b6a463955e83","assign_ipv6_address_on_creation":false,"availability_zone":"us-east-1b","availability_zone_id":"use1-az2","cidr_block":"10.0.2.0/24","customer_owned_ipv4_pool":"","enable_dns64":false,"enable_lni_at_device_index":0,"enable_resource_name_dns_a_record_on_launch":false,"enable_resource_name_dns_aaaa_record_on_launch":false,"id":"subnet-05a81b6a463955e83","ipv6_cidr_block":"","ipv6_cidr_block_association_id":"","ipv6_native":false,"map_customer_owned_ip_on_launch":false,"map_public_ip_on_launch":true,"outpost_arn":"","owner_id":"513410254332","private_dns_hostname_type_on_launch":"ip-name","tags":{"Name":"pub_sub_2b"},"tags_all":{"Name":"pub_sub_2b"},"timeouts":null,"vpc_id":"vpc-0ed9c7463763df965"},"sensitive_values":{"tags":{},"tags_all":{}}},{"address":"module.vpc.aws_vpc.vpc","mode":"managed","type":"aws_vpc","name":"vpc","provider_name":"registry.terraform.io/hashicorp/aws","schema_version":1,"values":{"arn":"arn:aws:ec2:us-east-1:513410254332:vpc/vpc-0ed9c7463763df965","assign_generated_ipv6_cidr_block":false,"cidr_block":"10.0.0.0/16","default_network_acl_id":"acl-08961104d71b62b93","default_route_table_id":"rtb-007c04d9ba2959e64","default_security_group_id":"sg-002110b5575625693","dhcp_options_id":"dopt-0ca36381dcb570912","enable_classiclink":false,"enable_classiclink_dns_support":false,"enable_dns_hostnames":true,"enable_dns_support":true,"enable_network_address_usage_metrics":false,"id":"vpc-0ed9c7463763df965","instance_tenancy":"default","ipv4_ipam_pool_id":null,"ipv4_netmask_length":null,"ipv6_association_id":"","ipv6_cidr_block":"","ipv6_cidr_block_network_border_group":"","ipv6_ipam_pool_id":"","ipv6_netmask_length":0,"main_route_table_id":"rtb-007c04d9ba2959e64","owner_id":"513410254332","tags":{"Name":"three-tier-app-vpc"},"tags_all":{"Name":"three-tier-app-vpc"}},"sensitive_values":{"tags":{},"tags_all":{}}}],"address":"module.vpc"}]}},"resource_drift":[{"address":"module.iam_role.aws_iam_role.s3_ssm_CW_role","module_address":"module.iam_role","mode":"managed","type":"aws_iam_role","name":"s3_ssm_CW_role","provider_name":"registry.terraform.io/hashicorp/aws","change":{"actions":["update"],"before":{"arn":"arn:aws:iam::513410254332:role/S3-SSM-CW-Role","assume_role_policy":"{\"Statement\":[{\"Action\":\"sts:AssumeRole\",\"Effect\":\"Allow\",\"Principal\":{\"Service\":\"ec2.amazonaws.com\"}}],\"Version\":\"2012-10-17\"}","create_date":"2025-10-23T12:11:53Z","description":"","force_detach_policies":false,"id":"S3-SSM-CW-Role","inline_policy":[],"managed_policy_arns":["arn:aws:iam::513410254332:policy/cloudwatch-agent-policy","arn:aws:iam::aws:policy/AmazonS3ReadOnlyAccess","arn:aws:iam::aws:policy/AmazonSSMManagedInstanceCore","arn:aws:iam::aws:policy/AmazonSSMReadOnlyAccess","arn:aws:iam::aws:policy/SecretsManagerReadWrite"],"max_session_duration":3600,"name":"S3-SSM-CW-Role","name_prefix":"","path":"/","permissions_boundary":null,"role_last_used":[{"last_used_date":"2025-10-23T13:00:23Z","region":"us-east-1"}],"tags":{"Name":"S3-SSM-Role","Purpose":"Allow EC2 to access S3 and use SSM agent"},"tags_all":{"Name":"S3-SSM-Role","Purpose":"Allow EC2 to access S3 and use SSM agent"},"unique_id":"AROAXPCNCYX6AJRCBJG43"},"after":{"arn":"arn:aws:iam::513410254332:role/S3-SSM-CW-Role","assume_role_policy":"{\"Statement\":[{\"Action\":\"sts:AssumeRole\",\"Effect\":\"Allow\",\"Principal\":{\"Service\":\"ec2.amazonaws.com\"}}],\"Version\":\"2012-10-17\"}","create_date":"2025-10-23T12:11:53Z","description":"","force_detach_policies":false,"id":"S3-SSM-CW-Role","inline_policy":[],"managed_policy_arns":["arn:aws:iam::513410254332:policy/cloudwatch-agent-policy","arn:aws:iam::aws:policy/AmazonS3ReadOnlyAccess","arn:aws:iam::aws:policy/AmazonSSMManagedInstanceCore","arn:aws:iam::aws:policy/AmazonSSMReadOnlyAccess","arn:aws:iam::aws:policy/SecretsManagerReadWrite"],"max_session_duration":3600,"name":"S3-SSM-CW-Role","name_prefix":"","path":"/","permissions_boundary":null,"role_last_used":[{"last_used_date":"2025-10-23T13:10:10Z","region":"us-east-1"}],"tags":{"Name":"S3-SSM-Role","Purpose":"Allow EC2 to access S3 and use SSM agent"},"tags_all":{"Name":"S3-SSM-Role","Purpose":"Allow EC2 to access S3 and use SSM agent"},"unique_id":"AROAXPCNCYX6AJRCBJG43"},"after_unknown":{},"before_sensitive":{"inline_policy":[],"managed_policy_arns":[false,false,false,false,false],"role_last_used":[{}],"tags":{},"tags_all":{}},"after_sensitive":{"inline_policy":[],"managed_policy_arns":[false,false,false,false,false],"role_last_used":[{}],"tags":{},"tags_all":{}}}},{"address":"module.nat_instance.aws_route_table.pri-rt-a","module_address":"module.nat_instance","mode":"managed","type":"aws_route_table","name":"pri-rt-a","provider_name":"registry.terraform.io/hashicorp/aws","change":{"actions":["update"],"before":{"arn":"arn:aws:ec2:us-east-1:513410254332:route-table/rtb-0e2f670a825c80f45","id":"rtb-0e2f670a825c80f45","owner_id":"513410254332","propagating_vgws":[],"route":[{"carrier_gateway_id":"","cidr_block":"0.0.0.0/0","core_network_arn":"","destination_prefix_list_id":"","egress_only_gateway_id":"","gateway_id":"","instance_id":"","ipv6_cidr_block":"","local_gateway_id":"","nat_gateway_id":"","network_interface_id":"eni-001d15b595c1ee6fc","transit_gateway_id":"","vpc_endpoint_id":"","vpc_peering_connection_id":""}],"tags":{"Name":"Pri-rt-a"},"tags_all":{"Name":"Pri-rt-a"},"timeouts":null,"vpc_id":"vpc-0ed9c7463763df965"},"after":{"arn":"arn:aws:ec2:us-east-1:513410254332:route-table/rtb-0e2f670a825c80f45","id":"rtb-0e2f670a825c80f45","owner_id":"513410254332","propagating_vgws":[],"route":[{"carrier_gateway_id":"","cidr_block":"0.0.0.0/0","core_network_arn":"","destination_prefix_list_id":"","egress_only_gateway_id":"","gateway_id":"","instance_id":"i-0a6df63f99dc4fc15","ipv6_cidr_block":"","local_gateway_id":"","nat_gateway_id":"","network_interface_id":"eni-001d15b595c1ee6fc","transit_gateway_id":"","vpc_endpoint_id":"","vpc_peering_connection_id":""}],"tags":{"Name":"Pri-rt-a"},"tags_all":{"Name":"Pri-rt-a"},"timeouts":null,"vpc_id":"vpc-0ed9c7463763df965"},"after_unknown":{},"before_sensitive":{"propagating_vgws":[],"route":[{}],"tags":{},"tags_all":{}},"after_sensitive":{"propagating_vgws":[],"route":[{}],"tags":{},"tags_all":{}}}},{"address":"module.nat_instance.aws_route_table.pri-rt-b","module_address":"module.nat_instance","mode":"managed","type":"aws_route_table","name":"pri-rt-b","provider_name":"registry.terraform.io/hashicorp/aws","change":{"actions":["update"],"before":{"arn":"arn:aws:ec2:us-east-1:513410254332:route-table/rtb-0791f4f85a3964a5b","id":"rtb-0791f4f85a3964a5b","owner_id":"513410254332","propagating_vgws":[],"route":[{"carrier_gateway_id":"","cidr_block":"0.0.0.0/0","core_network_arn":"","destination_prefix_list_id":"","egress_only_gateway_id":"","gateway_id":"","instance_id":"","ipv6_cidr_block":"","local_gateway_id":"","nat_gateway_id":"","network_interface_id":"eni-001d15b595c1ee6fc","transit_gateway_id":"","vpc_endpoint_id":"","vpc_peering_connection_id":""}],"tags":{"Name":"pri-rt-b"},"tags_all":{"Name":"pri-rt-b"},"timeouts":null,"vpc_id":"vpc-0ed9c7463763df965"},"after":{"arn":"arn:aws:ec2:us-east-1:513410254332:route-table/rtb-0791f4f85a3964a5b","id":"rtb-0791f4f85a3964a5b","owner_id":"513410254332","propagating_vgws":[],"route":[{"carrier_gateway_id":"","cidr_block":"0.0.0.0/0","core_network_arn":"","destination_prefix_list_id":"","egress_only_gateway_id":"","gateway_id":"","instance_id":"i-0a6df63f99dc4fc15","ipv6_cidr_block":"","local_gateway_id":"","nat_gateway_id":"","network_interface_id":"eni-001d15b595c1ee6fc","transit_gateway_id":"","vpc_endpoint_id":"","vpc_peering_connection_id":""}],"tags":{"Name":"pri-rt-b"},"tags_all":{"Name":"pri-rt-b"},"timeouts":null,"vpc_id":"vpc-0ed9c7463763df965"},"after_unknown":{},"before_sensitive":{"propagating_vgws":[],"route":[{}],"tags":{},"tags_all":{}},"after_sensitive":{"propagating_vgws":[],"route":[{}],"tags":{},"tags_all":{}}}},{"address":"module.route53.aws_route53_record.cloudfront_record","module_address":"module.route53","mode":"managed","type":"aws_route53_record","name":"cloudfront_record","provider_name":"registry.terraform.io/hashicorp/aws","change":{"actions":["update"],"before":{"alias":[{"evaluate_target_health":false,"name":"d13rolzhpu3gtp.cloudfront.net","zone_id":"Z2FDTNDATAQYW2"}],"allow_overwrite":null,"cidr_routing_policy":[],"failover_routing_policy":[],"fqdn":"devsandbox.space","geolocation_routing_policy":[],"health_check_id":"","id":"Z01883253QKY9CDJWMTTM_devsandbox.space_A","latency_routing_policy":[],"multivalue_answer_routing_policy":false,"name":"devsandbox.space","records":null,"set_identifier":"","ttl":0,"type":"A","weighted_routing_policy":[],"zone_id":"Z01883253QKY9CDJWMTTM"},"after":{"alias":[{"evaluate_target_health":false,"name":"d13rolzhpu3gtp.cloudfront.net","zone_id":"Z2FDTNDATAQYW2"}],"allow_overwrite":null,"cidr_routing_policy":[],"failover_routing_policy":[],"fqdn":"devsandbox.space","geolocation_routing_policy":[],"health_check_id":"","id":"Z01883253QKY9CDJWMTTM_devsandbox.space_A","latency_routing_policy":[],"multivalue_answer_routing_policy":false,"name":"devsandbox.space","records":[],"set_identifier":"","ttl":0,"type":"A","weighted_routing_policy":[],"zone_id":"Z01883253QKY9CDJWMTTM"},"after_unknown":{},"before_sensitive":{"alias":[{}],"cidr_routing_policy":[],"failover_routing_policy":[],"geolocation_routing_policy":[],"latency_routing_policy":[],"weighted_routing_policy":[]},"after_sensitive":{"alias":[{}],"cidr_routing_policy":[],"failover_routing_policy":[],"geolocation_routing_policy":[],"latency_routing_policy":[],"records":[],"weighted_routing_policy":[]}}}],"resource_changes":[{"address":"module.alb.aws_lb.application_load_balancer","module_address":"module.alb","mode":"managed","type":"aws_lb","name":"application_load_balancer","provider_name":"registry.terraform.io/hashicorp/aws","change":{"actions":["no-op"],"before":{"access_logs":[{"bucket":"","enabled":false,"prefix":""}],"arn":"arn:aws:elasticloadbalancing:us-east-1:513410254332:loadbalancer/app/three-tier-app-alb/3a1d50a8fbf423cf","arn_suffix":"app/three-tier-app-alb/3a1d50a8fbf423cf","customer_owned_ipv4_pool":"","desync_mitigation_mode":"defensive","dns_name":"three-tier-app-alb-1573992113.us-east-1.elb.amazonaws.com","drop_invalid_header_fields":false,"enable_cross_zone_load_balancing":true,"enable_deletion_protection":false,"enable_http2":true,"enable_tls_version_and_cipher_suite_headers":false,"enable_waf_fail_open":false,"enable_xff_client_port":false,"id":"arn:aws:elasticloadbalancing:us-east-1:513410254332:loadbalancer/app/three-tier-app-alb/3a1d50a8fbf423cf","idle_timeout":60,"internal":false,"ip_address_type":"ipv4","load_balancer_type":"application","name":"three-tier-app-alb","name_prefix":null,"preserve_host_header":false,"security_groups":["sg-02ab4df8a4a243f1b"],"subnet_mapping":[{"allocation_id":"","ipv6_address":"","outpost_id":"","private_ipv4_address":"","subnet_id":"subnet-02a62a8d91fd9772e"},{"allocation_id":"","ipv6_address":"","outpost_id":"","private_ipv4_address":"","subnet_id":"subnet-05a81b6a463955e83"}],"subnets":["subnet-02a62a8d91fd9772e","subnet-05a81b6a463955e83"],"tags":{"Name":"three-tier-app-alb"},"tags_all":{"Name":"three-tier-app-alb"},"timeouts":null,"vpc_id":"vpc-0ed9c7463763df965","xff_header_processing_mode":"append","zone_id":"Z35SXDOTRQ7X7K"},"after":{"access_logs":[{"bucket":"","enabled":false,"prefix":""}],"arn":"arn:aws:elasticloadbalancing:us-east-1:513410254332:loadbalancer/app/three-tier-app-alb/3a1d50a8fbf423cf","arn_suffix":"app/three-tier-app-alb/3a1d50a8fbf423cf","customer_owned_ipv4_pool":"","desync_mitigation_mode":"defensive","dns_name":"three-tier-app-alb-1573992113.us-east-1.elb.amazonaws.com","drop_invalid_header_fields":false,"enable_cross_zone_load_balancing":true,"enable_deletion_protection":false,"enable_http2":true,"enable_tls_version_and_cipher_suite_headers":false,"enable_waf_fail_open":false,"enable_xff_client_port":false,"id":"arn:aws:elasticloadbalancing:us-east-1:513410254332:loadbalancer/app/three-tier-app-alb/3a1d50a8fbf423cf","idle_timeout":60,"internal":false,"ip_address_type":"ipv4","load_balancer_type":"application","name":"three-tier-app-alb","name_prefix":null,"preserve_host_header":false,"security_groups":["sg-02ab4df8a4a243f1b"],"subnet_mapping":[{"allocation_id":"","ipv6_address":"","outpost_id":"","private_ipv4_address":"","subnet_id":"subnet-02a62a8d91fd9772e"},{"allocation_id":"","ipv6_address":"","outpost_id":"","private_ipv4_address":"","subnet_id":"subnet-05a81b6a463955e83"}],"subnets":["subnet-02a62a8d91fd9772e","subnet-05a81b6a463955e83"],"tags":{"Name":"three-tier-app-alb"},"tags_all":{"Name":"three-tier-app-alb"},"timeouts":null,"vpc_id":"vpc-0ed9c7463763df965","xff_header_processing_mode":"append","zone_id":"Z35SXDOTRQ7X7K"},"after_unknown":{},"before_sensitive":{"access_logs":[{}],"security_groups":[false],"subnet_mapping":[{},{}],"subnets":[false,false],"tags":{},"tags_all":{}},"after_sensitive":{"access_logs":[{}],"security_groups":[false],"subnet_mapping":[{},{}],"subnets":[false,false],"tags":{},"tags_all":{}}}},{"address":"module.alb.aws_lb.internal_application_load_balancer","module_address":"module.alb","mode":"managed","type":"aws_lb","name":"internal_application_load_balancer","provider_name":"registry.terraform.io/hashicorp/aws","change":{"actions":["no-op"],"before":{"access_logs":[{"bucket":"","enabled":false,"prefix":""}],"arn":"arn:aws:elasticloadbalancing:us-east-1:513410254332:loadbalancer/app/three-tier-app-internal-alb/de9ed85e4ce7b721","arn_suffix":"app/three-tier-app-internal-alb/de9ed85e4ce7b721","customer_owned_ipv4_pool":"","desync_mitigation_mode":"defensive","dns_name":"internal-three-tier-app-internal-alb-451008563.us-east-1.elb.amazonaws.com","drop_invalid_header_fields":false,"enable_cross_zone_load_balancing":true,"enable_deletion_protection":false,"enable_http2":true,"enable_tls_version_and_cipher_suite_headers":false,"enable_waf_fail_open":false,"enable_xff_client_port":false,"id":"arn:aws:elasticloadbalancing:us-east-1:513410254332:loadbalancer/app/three-tier-app-internal-alb/de9ed85e4ce7b721","idle_timeout":60,"internal":true,"ip_address_type":"ipv4","load_balancer_type":"application","name":"three-tier-app-internal-alb","name_prefix":null,"preserve_host_header":false,"security_groups":["sg-0d54f115b78ecc568"],"subnet_mapping":[{"allocation_id":"","ipv6_address":"","outpost_id":"","private_ipv4_address":"","subnet_id":"subnet-06d5b3d179bb223f3"},{"allocation_id":"","ipv6_address":"","outpost_id":"","private_ipv4_address":"","subnet_id":"subnet-0ee16b2ed1b905f04"}],"subnets":["subnet-06d5b3d179bb223f3","subnet-0ee16b2ed1b905f04"],"tags":{"Name":"three-tier-app-internal-alb"},"tags_all":{"Name":"three-tier-app-internal-alb"},"timeouts":null,"vpc_id":"vpc-0ed9c7463763df965","xff_header_processing_mode":"append","zone_id":"Z35SXDOTRQ7X7K"},"after":{"access_logs":[{"bucket":"","enabled":false,"prefix":""}],"arn":"arn:aws:elasticloadbalancing:us-east-1:513410254332:loadbalancer/app/three-tier-app-internal-alb/de9ed85e4ce7b721","arn_suffix":"app/three-tier-app-internal-alb/de9ed85e4ce7b721","customer_owned_ipv4_pool":"","desync_mitigation_mode":"defensive","dns_name":"internal-three-tier-app-internal-alb-451008563.us-east-1.elb.amazonaws.com","drop_invalid_header_fields":false,"enable_cross_zone_load_balancing":true,"enable_deletion_protection":false,"enable_http2":true,"enable_tls_version_and_cipher_suite_headers":false,"enable_waf_fail_open":false,"enable_xff_client_port":false,"id":"arn:aws:elasticloadbalancing:us-east-1:513410254332:loadbalancer/app/three-tier-app-internal-alb/de9ed85e4ce7b721","idle_timeout":60,"internal":true,"ip_address_type":"ipv4","load_balancer_type":"application","name":"three-tier-app-internal-alb","name_prefix":null,"preserve_host_header":false,"security_groups":["sg-0d54f115b78ecc568"],"subnet_mapping":[{"allocation_id":"","ipv6_address":"","outpost_id":"","private_ipv4_address":"","subnet_id":"subnet-06d5b3d179bb223f3"},{"allocation_id":"","ipv6_address":"","outpost_id":"","private_ipv4_address":"","subnet_id":"subnet-0ee16b2ed1b905f04"}],"subnets":["subnet-06d5b3d179bb223f3","subnet-0ee16b2ed1b905f04"],"tags":{"Name":"three-tier-app-internal-alb"},"tags_all":{"Name":"three-tier-app-internal-alb"},"timeouts":null,"vpc_id":"vpc-0ed9c7463763df965","xff_header_processing_mode":"append","zone_id":"Z35SXDOTRQ7X7K"},"after_unknown":{},"before_sensitive":{"access_logs":[{}],"security_groups":[false],"subnet_mapping":[{},{}],"subnets":[false,false],"tags":{},"tags_all":{}},"after_sensitive":{"access_logs":[{}],"security_groups":[false],"subnet_mapping":[{},{}],"subnets":[false,false],"tags":{},"tags_all":{}}}},{"address":"module.alb.aws_lb_listener.alb_http_listener","module_address":"module.alb","mode":"managed","type":"aws_lb_listener","name":"alb_http_listener","provider_name":"registry.terraform.io/hashicorp/aws","change":{"actions":["no-op"],"before":{"alpn_policy":null,"arn":"arn:aws:elasticloadbalancing:us-east-1:513410254332:listener/app/three-tier-app-alb/3a1d50a8fbf423cf/69f143aff9b98d6c","certificate_arn":null,"default_action":[{"authenticate_cognito":[],"authenticate_oidc":[],"fixed_response":[],"forward":[],"order":1,"redirect":[],"target_group_arn":"arn:aws:elasticloadbalancing:us-east-1:513410254332:targetgroup/three-tier-app-tg/27e2a03b66342ee3","type":"forward"}],"id":"arn:aws:elasticloadbalancing:us-east-1:513410254332:listener/app/three-tier-app-alb/3a1d50a8fbf423cf/69f143aff9b98d6c","load_balancer_arn":"arn:aws:elasticloadbalancing:us-east-1:513410254332:loadbalancer/app/three-tier-app-alb/3a1d50a8fbf423cf","port":80,"protocol":"HTTP","ssl_policy":"","tags":{},"tags_all":{},"timeouts":null},"after":{"alpn_policy":null,"arn":"arn:aws:elasticloadbalancing:us-east-1:513410254332:listener/app/three-tier-app-alb/3a1d50a8fbf423cf/69f143aff9b98d6c","certificate_arn":null,"default_action":[{"authenticate_cognito":[],"authenticate_oidc":[],"fixed_response":[],"forward":[],"order":1,"redirect":[],"target_group_arn":"arn:aws:elasticloadbalancing:us-east-1:513410254332:targetgroup/three-tier-app-tg/27e2a03b66342ee3","type":"forward"}],"id":"arn:aws:elasticloadbalancing:us-east-1:513410254332:listener/app/three-tier-app-alb/3a1d50a8fbf423cf/69f143aff9b98d6c","load_balancer_arn":"arn:aws:elasticloadbalancing:us-east-1:513410254332:loadbalancer/app/three-tier-app-alb/3a1d50a8fbf423cf","port":80,"protocol":"HTTP","ssl_policy":"","tags":{},"tags_all":{},"timeouts":null},"after_unknown":{},"before_sensitive":{"default_action":[{"authenticate_cognito":[],"authenticate_oidc":[],"fixed_response":[],"forward":[],"redirect":[]}],"tags":{},"tags_all":{}},"after_sensitive":{"default_action":[{"authenticate_cognito":[],"authenticate_oidc":[],"fixed_response":[],"forward":[],"redirect":[]}],"tags":{},"tags_all":{}}}},{"address":"module.alb.aws_lb_listener.internal_alb_http_listener","module_address":"module.alb","mode":"managed","type":"aws_lb_listener","name":"internal_alb_http_listener","provider_name":"registry.terraform.io/hashicorp/aws","change":{"actions":["no-op"],"before":{"alpn_policy":null,"arn":"arn:aws:elasticloadbalancing:us-east-1:513410254332:listener/app/three-tier-app-internal-alb/de9ed85e4ce7b721/04f5f414c7980f52","certificate_arn":null,"default_action":[{"authenticate_cognito":[],"authenticate_oidc":[],"fixed_response":[],"forward":[],"order":1,"redirect":[],"target_group_arn":"arn:aws:elasticloadbalancing:us-east-1:513410254332:targetgroup/three-tier-app-internal-alb-tg/ea7f626de7fb758f","type":"forward"}],"id":"arn:aws:elasticloadbalancing:us-east-1:513410254332:listener/app/three-tier-app-internal-alb/de9ed85e4ce7b721/04f5f414c7980f52","load_balancer_arn":"arn:aws:elasticloadbalancing:us-east-1:513410254332:loadbalancer/app/three-tier-app-internal-alb/de9ed85e4ce7b721","port":80,"protocol":"HTTP","ssl_policy":"","tags":{},"tags_all":{},"timeouts":null},"after":{"alpn_policy":null,"arn":"arn:aws:elasticloadbalancing:us-east-1:513410254332:listener/app/three-tier-app-internal-alb/de9ed85e4ce7b721/04f5f414c7980f52","certificate_arn":null,"default_action":[{"authenticate_cognito":[],"authenticate_oidc":[],"fixed_response":[],"forward":[],"order":1,"redirect":[],"target_group_arn":"arn:aws:elasticloadbalancing:us-east-1:513410254332:targetgroup/three-tier-app-internal-alb-tg/ea7f626de7fb758f","type":"forward"}],"id":"arn:aws:elasticloadbalancing:us-east-1:513410254332:listener/app/three-tier-app-internal-alb/de9ed85e4ce7b721/04f5f414c7980f52","load_balancer_arn":"arn:aws:elasticloadbalancing:us-east-1:513410254332:loadbalancer/app/three-tier-app-internal-alb/de9ed85e4ce7b721","port":80,"protocol":"HTTP","ssl_policy":"","tags":{},"tags_all":{},"timeouts":null},"after_unknown":{},"before_sensitive":{"default_action":[{"authenticate_cognito":[],"authenticate_oidc":[],"fixed_response":[],"forward":[],"redirect":[]}],"tags":{},"tags_all":{}},"after_sensitive":{"default_action":[{"authenticate_cognito":[],"authenticate_oidc":[],"fixed_response":[],"forward":[],"redirect":[]}],"tags":{},"tags_all":{}}}},{"address":"module.alb.aws_lb_target_group.alb_target_group","module_address":"module.alb","mode":"managed","type":"aws_lb_target_group","name":"alb_target_group","provider_name":"registry.terraform.io/hashicorp/aws","change":{"actions":["no-op"],"before":{"arn":"arn:aws:elasticloadbalancing:us-east-1:513410254332:targetgroup/three-tier-app-tg/27e2a03b66342ee3","arn_suffix":"targetgroup/three-tier-app-tg/27e2a03b66342ee3","connection_termination":false,"deregistration_delay":"300","health_check":[{"enabled":true,"healthy_threshold":2,"interval":300,"matcher":"200","path":"/health","port":"traffic-port","protocol":"HTTP","timeout":60,"unhealthy_threshold":5}],"id":"arn:aws:elasticloadbalancing:us-east-1:513410254332:targetgroup/three-tier-app-tg/27e2a03b66342ee3","ip_address_type":"ipv4","lambda_multi_value_headers_enabled":false,"load_balancing_algorithm_type":"round_robin","load_balancing_cross_zone_enabled":"use_load_balancer_configuration","name":"three-tier-app-tg","name_prefix":null,"port":80,"preserve_client_ip":null,"protocol":"HTTP","protocol_version":"HTTP1","proxy_protocol_v2":false,"slow_start":0,"stickiness":[{"cookie_duration":86400,"cookie_name":"","enabled":false,"type":"lb_cookie"}],"tags":{},"tags_all":{},"target_failover":[{"on_deregistration":null,"on_unhealthy":null}],"target_type":"instance","vpc_id":"vpc-0ed9c7463763df965"},"after":{"arn":"arn:aws:elasticloadbalancing:us-east-1:513410254332:targetgroup/three-tier-app-tg/27e2a03b66342ee3","arn_suffix":"targetgroup/three-tier-app-tg/27e2a03b66342ee3","connection_termination":false,"deregistration_delay":"300","health_check":[{"enabled":true,"healthy_threshold":2,"interval":300,"matcher":"200","path":"/health","port":"traffic-port","protocol":"HTTP","timeout":60,"unhealthy_threshold":5}],"id":"arn:aws:elasticloadbalancing:us-east-1:513410254332:targetgroup/three-tier-app-tg/27e2a03b66342ee3","ip_address_type":"ipv4","lambda_multi_value_headers_enabled":false,"load_balancing_algorithm_type":"round_robin","load_balancing_cross_zone_enabled":"use_load_balancer_configuration","name":"three-tier-app-tg","name_prefix":null,"port":80,"preserve_client_ip":null,"protocol":"HTTP","protocol_version":"HTTP1","proxy_protocol_v2":false,"slow_start":0,"stickiness":[{"cookie_duration":86400,"cookie_name":"","enabled":false,"type":"lb_cookie"}],"tags":{},"tags_all":{},"target_failover":[{"on_deregistration":null,"on_unhealthy":null}],"target_type":"instance","vpc_id":"vpc-0ed9c7463763df965"},"after_unknown":{},"before_sensitive":{"health_check":[{}],"stickiness":[{}],"tags":{},"tags_all":{},"target_failover":[{}]},"after_sensitive":{"health_check":[{}],"stickiness":[{}],"tags":{},"tags_all":{},"target_failover":[{}]}}},{"address":"module.alb.aws_lb_target_group.internal_alb_target_group","module_address":"module.alb","mode":"managed","type":"aws_lb_target_group","name":"internal_alb_target_group","provider_name":"registry.terraform.io/hashicorp/aws","change":{"actions":["no-op"],"before":{"arn":"arn:aws:elasticloadbalancing:us-east-1:513410254332:targetgroup/three-tier-app-internal-alb-tg/ea7f626de7fb758f","arn_suffix":"targetgroup/three-tier-app-internal-alb-tg/ea7f626de7fb758f","connection_termination":false,"deregistration_delay":"300","health_check":[{"enabled":true,"healthy_threshold":2,"interval":300,"matcher":"200","path":"/health","port":"traffic-port","protocol":"HTTP","timeout":60,"unhealthy_threshold":5}],"id":"arn:aws:elasticloadbalancing:us-east-1:513410254332:targetgroup/three-tier-app-internal-alb-tg/ea7f626de7fb758f","ip_address_type":"ipv4","lambda_multi_value_headers_enabled":false,"load_balancing_algorithm_type":"round_robin","load_balancing_cross_zone_enabled":"use_load_balancer_configuration","name":"three-tier-app-internal-alb-tg","name_prefix":null,"port":4000,"preserve_client_ip":null,"protocol":"HTTP","protocol_version":"HTTP1","proxy_protocol_v2":false,"slow_start":0,"stickiness":[{"cookie_duration":86400,"cookie_name":"","enabled":false,"type":"lb_cookie"}],"tags":{},"tags_all":{},"target_failover":[{"on_deregistration":null,"on_unhealthy":null}],"target_type":"instance","vpc_id":"vpc-0ed9c7463763df965"},"after":{"arn":"arn:aws:elasticloadbalancing:us-east-1:513410254332:targetgroup/three-tier-app-internal-alb-tg/ea7f626de7fb758f","arn_suffix":"targetgroup/three-tier-app-internal-alb-tg/ea7f626de7fb758f","connection_termination":false,"deregistration_delay":"300","health_check":[{"enabled":true,"healthy_threshold":2,"interval":300,"matcher":"200","path":"/health","port":"traffic-port","protocol":"HTTP","timeout":60,"unhealthy_threshold":5}],"id":"arn:aws:elasticloadbalancing:us-east-1:513410254332:targetgroup/three-tier-app-internal-alb-tg/ea7f626de7fb758f","ip_address_type":"ipv4","lambda_multi_value_headers_enabled":false,"load_balancing_algorithm_type":"round_robin","load_balancing_cross_zone_enabled":"use_load_balancer_configuration","name":"three-tier-app-internal-alb-tg","name_prefix":null,"port":4000,"preserve_client_ip":null,"protocol":"HTTP","protocol_version":"HTTP1","proxy_protocol_v2":false,"slow_start":0,"stickiness":[{"cookie_duration":86400,"cookie_name":"","enabled":false,"type":"lb_cookie"}],"tags":{},"tags_all":{},"target_failover":[{"on_deregistration":null,"on_unhealthy":null}],"target_type":"instance","vpc_id":"vpc-0ed9c7463763df965"},"after_unknown":{},"before_sensitive":{"health_check":[{}],"stickiness":[{}],"tags":{},"tags_all":{},"target_failover":[{}]},"after_sensitive":{"health_check":[{}],"stickiness":[{}],"tags":{},"tags_all":{},"target_failover":[{}]}}},{"address":"module.asg.data.aws_ami.latest_amazon_linux","module_address":"module.asg","mode":"data","type":"aws_ami","name":"latest_amazon_linux","provider_name":"registry.terraform.io/hashicorp/aws","change":{"actions":["read"],"before":null,"after":{"executable_users":null,"filter":[{"name":"name","values":["al2023-ami-2023.*-arm64"]},{"name":"virtualization-type","values":["hvm"]}],"include_deprecated":null,"most_recent":true,"name_regex":null,"owners":["amazon"],"timeouts":null},"after_unknown":{"architecture":true,"arn":true,"block_device_mappings":true,"boot_mode":true,"creation_date":true,"deprecation_time":true,"description":true,"ena_support":true,"filter":[{"values":[false]},{"values":[false]}],"hypervisor":true,"id":true,"image_id":true,"image_location":true,"image_owner_alias":true,"image_type":true,"imds_support":true,"kernel_id":true,"name":true,"owner_id":true,"owners":[false],"platform":true,"platform_details":true,"product_codes":true,"public":true,"ramdisk_id":true,"root_device_name":true,"root_device_type":true,"root_snapshot_id":true,"sriov_net_support":true,"state":true,"state_reason":true,"tags":true,"tpm_support":true,"usage_operation":true,"virtualization_type":true},"before_sensitive":false,"after_sensitive":{"block_device_mappings":[],"filter":[{"values":[false]},{"values":[false]}],"owners":[false],"product_codes":[],"state_reason":{},"tags":{}}},"action_reason":"read_because_dependency_pending"},{"address":"module.asg.aws_autoscaling_group.asg_name","module_address":"module.asg","mode":"managed","type":"aws_autoscaling_group","name":"asg_name","provider_name":"registry.terraform.io/hashicorp/aws","change":{"actions":["no-op"],"before":{"arn":"arn:aws:autoscaling:us-east-1:513410254332:autoScalingGroup:08808ccb-693b-4e75-9029-329b7a3bbee7:autoScalingGroupName/three-tier-app-asg","availability_zones":["us-east-1a","us-east-1b"],"capacity_rebalance":false,"context":"","default_cooldown":300,"default_instance_warmup":0,"desired_capacity":1,"desired_capacity_type":"","enabled_metrics":["GroupDesiredCapacity","GroupInServiceInstances","GroupMaxSize","GroupMinSize","GroupTotalInstances"],"force_delete":false,"force_delete_warm_pool":false,"health_check_grace_period":300,"health_check_type":"ELB","id":"three-tier-app-asg","initial_lifecycle_hook":[],"instance_refresh":[],"launch_configuration":"","launch_template":[{"id":"lt-0ac991b26e6cf1e43","name":"three-tier-app-tpl","version":"1"}],"load_balancers":[],"max_instance_lifetime":0,"max_size":1,"metrics_granularity":"1Minute","min_elb_capacity":null,"min_size":1,"mixed_instances_policy":[],"name":"three-tier-app-asg","name_prefix":"","placement_group":"","predicted_capacity":0,"protect_from_scale_in":false,"service_linked_role_arn":"arn:aws:iam::513410254332:role/aws-service-role/autoscaling.amazonaws.com/AWSServiceRoleForAutoScaling","suspended_processes":[],"tag":[{"key":"Name","propagate_at_launch":true,"value":"three-tier-app-client-ec2"}],"tags":null,"target_group_arns":["arn:aws:elasticloadbalancing:us-east-1:513410254332:targetgroup/three-tier-app-tg/27e2a03b66342ee3"],"termination_policies":[],"timeouts":null,"vpc_zone_identifier":["subnet-060b9e1c01222f3b7","subnet-06927b7372ba82f7a"],"wait_for_capacity_timeout":"10m","wait_for_elb_capacity":null,"warm_pool":[],"warm_pool_size":0},"after":{"arn":"arn:aws:autoscaling:us-east-1:513410254332:autoScalingGroup:08808ccb-693b-4e75-9029-329b7a3bbee7:autoScalingGroupName/three-tier-app-asg","availability_zones":["us-east-1a","us-east-1b"],"capacity_rebalance":false,"context":"","default_cooldown":300,"default_instance_warmup":0,"desired_capacity":1,"desired_capacity_type":"","enabled_metrics":["GroupDesiredCapacity","GroupInServiceInstances","GroupMaxSize","GroupMinSize","GroupTotalInstances"],"force_delete":false,"force_delete_warm_pool":false,"health_check_grace_period":300,"health_check_type":"ELB","id":"three-tier-app-asg","initial_lifecycle_hook":[],"instance_refresh":[],"launch_configuration":"","launch_template":[{"id":"lt-0ac991b26e6cf1e43","name":"three-tier-app-tpl","version":"1"}],"load_balancers":[],"max_instance_lifetime":0,"max_size":1,"metrics_granularity":"1Minute","min_elb_capacity":null,"min_size":1,"mixed_instances_policy":[],"name":"three-tier-app-asg","name_prefix":"","placement_group":"","predicted_capacity":0,"protect_from_scale_in":false,"service_linked_role_arn":"arn:aws:iam::513410254332:role/aws-service-role/autoscaling.amazonaws.com/AWSServiceRoleForAutoScaling","suspended_processes":[],"tag":[{"key":"Name","propagate_at_launch":true,"value":"three-tier-app-client-ec2"}],"tags":null,"target_group_arns":["arn:aws:elasticloadbalancing:us-east-1:513410254332:targetgroup/three-tier-app-tg/27e2a03b66342ee3"],"termination_policies":[],"timeouts":null,"vpc_zone_identifier":["subnet-060b9e1c01222f3b7","subnet-06927b7372ba82f7a"],"wait_for_capacity_timeout":"10m","wait_for_elb_capacity":null,"warm_pool":[],"warm_pool_size":0},"after_unknown":{},"before_sensitive":{"availability_zones":[false,false],"enabled_metrics":[false,false,false,false,false],"initial_lifecycle_hook":[],"instance_refresh":[],"launch_template":[{}],"load_balancers":[],"mixed_instances_policy":[],"suspended_processes":[],"tag":[{}],"target_group_arns":[false],"termination_policies":[],"vpc_zone_identifier":[false,false],"warm_pool":[]},"after_sensitive":{"availability_zones":[false,false],"enabled_metrics":[false,false,false,false,false],"initial_lifecycle_hook":[],"instance_refresh":[],"launch_template":[{}],"load_balancers":[],"mixed_instances_policy":[],"suspended_processes":[],"tag":[{}],"target_group_arns":[false],"termination_policies":[],"vpc_zone_identifier":[false,false],"warm_pool":[]}}},{"address":"module.asg.aws_autoscaling_group.server_asg_name","module_address":"module.asg","mode":"managed","type":"aws_autoscaling_group","name":"server_asg_name","provider_name":"registry.terraform.io/hashicorp/aws","change":{"actions":["no-op"],"before":{"arn":"arn:aws:autoscaling:us-east-1:513410254332:autoScalingGroup:e19cc4f1-0f11-4993-b014-d96c56d88b38:autoScalingGroupName/three-tier-app-server-asg","availability_zones":["us-east-1a","us-east-1b"],"capacity_rebalance":false,"context":"","default_cooldown":300,"default_instance_warmup":0,"desired_capacity":1,"desired_capacity_type":"","enabled_metrics":["GroupDesiredCapacity","GroupInServiceInstances","GroupMaxSize","GroupMinSize","GroupTotalInstances"],"force_delete":false,"force_delete_warm_pool":false,"health_check_grace_period":300,"health_check_type":"ELB","id":"three-tier-app-server-asg","initial_lifecycle_hook":[],"instance_refresh":[],"launch_configuration":"","launch_template":[{"id":"lt-0a13a4c2de77186f8","name":"three-tier-app-server_tpl","version":"1"}],"load_balancers":[],"max_instance_lifetime":0,"max_size":1,"metrics_granularity":"1Minute","min_elb_capacity":null,"min_size":1,"mixed_instances_policy":[],"name":"three-tier-app-server-asg","name_prefix":"","placement_group":"","predicted_capacity":0,"protect_from_scale_in":false,"service_linked_role_arn":"arn:aws:iam::513410254332:role/aws-service-role/autoscaling.amazonaws.com/AWSServiceRoleForAutoScaling","suspended_processes":[],"tag":[{"key":"Name","propagate_at_launch":true,"value":"three-tier-app-server-ec2"}],"tags":null,"target_group_arns":["arn:aws:elasticloadbalancing:us-east-1:513410254332:targetgroup/three-tier-app-internal-alb-tg/ea7f626de7fb758f"],"termination_policies":[],"timeouts":null,"vpc_zone_identifier":["subnet-06d5b3d179bb223f3","subnet-0ee16b2ed1b905f04"],"wait_for_capacity_timeout":"10m","wait_for_elb_capacity":null,"warm_pool":[],"warm_pool_size":0},"after":{"arn":"arn:aws:autoscaling:us-east-1:513410254332:autoScalingGroup:e19cc4f1-0f11-4993-b014-d96c56d88b38:autoScalingGroupName/three-tier-app-server-asg","availability_zones":["us-east-1a","us-east-1b"],"capacity_rebalance":false,"context":"","default_cooldown":300,"default_instance_warmup":0,"desired_capacity":1,"desired_capacity_type":"","enabled_metrics":["GroupDesiredCapacity","GroupInServiceInstances","GroupMaxSize","GroupMinSize","GroupTotalInstances"],"force_delete":false,"force_delete_warm_pool":false,"health_check_grace_period":300,"health_check_type":"ELB","id":"three-tier-app-server-asg","initial_lifecycle_hook":[],"instance_refresh":[],"launch_configuration":"","launch_template":[{"id":"lt-0a13a4c2de77186f8","name":"three-tier-app-server_tpl","version":"1"}],"load_balancers":[],"max_instance_lifetime":0,"max_size":1,"metrics_granularity":"1Minute","min_elb_capacity":null,"min_size":1,"mixed_instances_policy":[],"name":"three-tier-app-server-asg","name_prefix":"","placement_group":"","predicted_capacity":0,"protect_from_scale_in":false,"service_linked_role_arn":"arn:aws:iam::513410254332:role/aws-service-role/autoscaling.amazonaws.com/AWSServiceRoleForAutoScaling","suspended_processes":[],"tag":[{"key":"Name","propagate_at_launch":true,"value":"three-tier-app-server-ec2"}],"tags":null,"target_group_arns":["arn:aws:elasticloadbalancing:us-east-1:513410254332:targetgroup/three-tier-app-internal-alb-tg/ea7f626de7fb758f"],"termination_policies":[],"timeouts":null,"vpc_zone_identifier":["subnet-06d5b3d179bb223f3","subnet-0ee16b2ed1b905f04"],"wait_for_capacity_timeout":"10m","wait_for_elb_capacity":null,"warm_pool":[],"warm_pool_size":0},"after_unknown":{},"before_sensitive":{"availability_zones":[false,false],"enabled_metrics":[false,false,false,false,false],"initial_lifecycle_hook":[],"instance_refresh":[],"launch_template":[{}],"load_balancers":[],"mixed_instances_policy":[],"suspended_processes":[],"tag":[{}],"target_group_arns":[false],"termination_policies":[],"vpc_zone_identifier":[false,false],"warm_pool":[]},"after_sensitive":{"availability_zones":[false,false],"enabled_metrics":[false,false,false,false,false],"initial_lifecycle_hook":[],"instance_refresh":[],"launch_template":[{}],"load_balancers":[],"mixed_instances_policy":[],"suspended_processes":[],"tag":[{}],"target_group_arns":[false],"termination_policies":[],"vpc_zone_identifier":[false,false],"warm_pool":[]}}},{"address":"module.asg.aws_autoscaling_policy.scale_down","module_address":"module.asg","mode":"managed","type":"aws_autoscaling_policy","name":"scale_down","provider_name":"registry.terraform.io/hashicorp/aws","change":{"actions":["no-op"],"before":{"adjustment_type":"ChangeInCapacity","arn":"arn:aws:autoscaling:us-east-1:513410254332:scalingPolicy:e3d9d7d3-56b7-42cb-8525-866ea2772b83:autoScalingGroupName/three-tier-app-asg:policyName/three-tier-app-asg-scale-down","autoscaling_group_name":"three-tier-app-asg","cooldown":300,"enabled":true,"estimated_instance_warmup":0,"id":"three-tier-app-asg-scale-down","metric_aggregation_type":"","min_adjustment_magnitude":0,"name":"three-tier-app-asg-scale-down","policy_type":"SimpleScaling","predictive_scaling_configuration":[],"scaling_adjustment":-1,"step_adjustment":[],"target_tracking_configuration":[]},"after":{"adjustment_type":"ChangeInCapacity","arn":"arn:aws:autoscaling:us-east-1:513410254332:scalingPolicy:e3d9d7d3-56b7-42cb-8525-866ea2772b83:autoScalingGroupName/three-tier-app-asg:policyName/three-tier-app-asg-scale-down","autoscaling_group_name":"three-tier-app-asg","cooldown":300,"enabled":true,"estimated_instance_warmup":0,"id":"three-tier-app-asg-scale-down","metric_aggregation_type":"","min_adjustment_magnitude":0,"name":"three-tier-app-asg-scale-down","policy_type":"SimpleScaling","predictive_scaling_configuration":[],"scaling_adjustment":-1,"step_adjustment":[],"target_tracking_configuration":[]},"after_unknown":{},"before_sensitive":{"predictive_scaling_configuration":[],"step_adjustment":[],"target_tracking_configuration":[]},"after_sensitive":{"predictive_scaling_configuration":[],"step_adjustment":[],"target_tracking_configuration":[]}}},{"address":"module.asg.aws_autoscaling_policy.scale_up","module_address":"module.asg","mode":"managed","type":"aws_autoscaling_policy","name":"scale_up","provider_name":"registry.terraform.io/hashicorp/aws","change":{"actions":["no-op"],"before":{"adjustment_type":"ChangeInCapacity","arn":"arn:aws:autoscaling:us-east-1:513410254332:scalingPolicy:69ef0225-61ac-4c9d-a5f1-bdd4d4c28fbb:autoScalingGroupName/three-tier-app-asg:policyName/three-tier-app-asg-scale-up","autoscaling_group_name":"three-tier-app-asg","cooldown":300,"enabled":true,"estimated_instance_warmup":0,"id":"three-tier-app-asg-scale-up","metric_aggregation_type":"","min_adjustment_magnitude":0,"name":"three-tier-app-asg-scale-up","policy_type":"SimpleScaling","predictive_scaling_configuration":[],"scaling_adjustment":1,"step_adjustment":[],"target_tracking_configuration":[]},"after":{"adjustment_type":"ChangeInCapacity","arn":"arn:aws:autoscaling:us-east-1:513410254332:scalingPolicy:69ef0225-61ac-4c9d-a5f1-bdd4d4c28fbb:autoScalingGroupName/three-tier-app-asg:policyName/three-tier-app-asg-scale-up","autoscaling_group_name":"three-tier-app-asg","cooldown":300,"enabled":true,"estimated_instance_warmup":0,"id":"three-tier-app-asg-scale-up","metric_aggregation_type":"","min_adjustment_magnitude":0,"name":"three-tier-app-asg-scale-up","policy_type":"SimpleScaling","predictive_scaling_configuration":[],"scaling_adjustment":1,"step_adjustment":[],"target_tracking_configuration":[]},"after_unknown":{},"before_sensitive":{"predictive_scaling_configuration":[],"step_adjustment":[],"target_tracking_configuration":[]},"after_sensitive":{"predictive_scaling_configuration":[],"step_adjustment":[],"target_tracking_configuration":[]}}},{"address":"module.asg.aws_autoscaling_policy.server_scale_down","module_address":"module.asg","mode":"managed","type":"aws_autoscaling_policy","name":"server_scale_down","provider_name":"registry.terraform.io/hashicorp/aws","change":{"actions":["no-op"],"before":{"adjustment_type":"ChangeInCapacity","arn":"arn:aws:autoscaling:us-east-1:513410254332:scalingPolicy:568737a8-4025-4d4e-89b5-df1509c18736:autoScalingGroupName/three-tier-app-server-asg:policyName/three-tier-app-server-asg-scale-down","autoscaling_group_name":"three-tier-app-server-asg","cooldown":300,"enabled":true,"estimated_instance_warmup":0,"id":"three-tier-app-server-asg-scale-down","metric_aggregation_type":"","min_adjustment_magnitude":0,"name":"three-tier-app-server-asg-scale-down","policy_type":"SimpleScaling","predictive_scaling_configuration":[],"scaling_adjustment":-1,"step_adjustment":[],"target_tracking_configuration":[]},"after":{"adjustment_type":"ChangeInCapacity","arn":"arn:aws:autoscaling:us-east-1:513410254332:scalingPolicy:568737a8-4025-4d4e-89b5-df1509c18736:autoScalingGroupName/three-tier-app-server-asg:policyName/three-tier-app-server-asg-scale-down","autoscaling_group_name":"three-tier-app-server-asg","cooldown":300,"enabled":true,"estimated_instance_warmup":0,"id":"three-tier-app-server-asg-scale-down","metric_aggregation_type":"","min_adjustment_magnitude":0,"name":"three-tier-app-server-asg-scale-down","policy_type":"SimpleScaling","predictive_scaling_configuration":[],"scaling_adjustment":-1,"step_adjustment":[],"target_tracking_configuration":[]},"after_unknown":{},"before_sensitive":{"predictive_scaling_configuration":[],"step_adjustment":[],"target_tracking_configuration":[]},"after_sensitive":{"predictive_scaling_configuration":[],"step_adjustment":[],"target_tracking_configuration":[]}}},{"address":"module.asg.aws_autoscaling_policy.server_scale_up","module_address":"module.asg","mode":"managed","type":"aws_autoscaling_policy","name":"server_scale_up","provider_name":"registry.terraform.io/hashicorp/aws","change":{"actions":["no-op"],"before":{"adjustment_type":"ChangeInCapacity","arn":"arn:aws:autoscaling:us-east-1:513410254332:scalingPolicy:72db72bb-4690-40f2-9e06-2138d544eac0:autoScalingGroupName/three-tier-app-server-asg:policyName/three-tier-app-server-asg-scale-up","autoscaling_group_name":"three-tier-app-server-asg","cooldown":300,"enabled":true,"estimated_instance_warmup":0,"id":"three-tier-app-server-asg-scale-up","metric_aggregation_type":"","min_adjustment_magnitude":0,"name":"three-tier-app-server-asg-scale-up","policy_type":"SimpleScaling","predictive_scaling_configuration":[],"scaling_adjustment":1,"step_adjustment":[],"target_tracking_configuration":[]},"after":{"adjustment_type":"ChangeInCapacity","arn":"arn:aws:autoscaling:us-east-1:513410254332:scalingPolicy:72db72bb-4690-40f2-9e06-2138d544eac0:autoScalingGroupName/three-tier-app-server-asg:policyName/three-tier-app-server-asg-scale-up","autoscaling_group_name":"three-tier-app-server-asg","cooldown":300,"enabled":true,"estimated_instance_warmup":0,"id":"three-tier-app-server-asg-scale-up","metric_aggregation_type":"","min_adjustment_magnitude":0,"name":"three-tier-app-server-asg-scale-up","policy_type":"SimpleScaling","predictive_scaling_configuration":[],"scaling_adjustment":1,"step_adjustment":[],"target_tracking_configuration":[]},"after_unknown":{},"before_sensitive":{"predictive_scaling_configuration":[],"step_adjustment":[],"target_tracking_configuration":[]},"after_sensitive":{"predictive_scaling_configuration":[],"step_adjustment":[],"target_tracking_configuration":[]}}},{"address":"module.asg.aws_cloudwatch_metric_alarm.scale_down_alarm","module_address":"module.asg","mode":"managed","type":"aws_cloudwatch_metric_alarm","name":"scale_down_alarm","provider_name":"registry.terraform.io/hashicorp/aws","change":{"actions":["no-op"],"before":{"actions_enabled":true,"alarm_actions":["arn:aws:autoscaling:us-east-1:513410254332:scalingPolicy:e3d9d7d3-56b7-42cb-8525-866ea2772b83:autoScalingGroupName/three-tier-app-asg:policyName/three-tier-app-asg-scale-down"],"alarm_description":"asg-scale-down-cpu-alarm","alarm_name":"three-tier-app-asg-scale-down-alarm","arn":"arn:aws:cloudwatch:us-east-1:513410254332:alarm:three-tier-app-asg-scale-down-alarm","comparison_operator":"LessThanOrEqualToThreshold","datapoints_to_alarm":0,"dimensions":{"AutoScalingGroupName":"three-tier-app-asg"},"evaluate_low_sample_count_percentiles":"","evaluation_periods":2,"extended_statistic":"","id":"three-tier-app-asg-scale-down-alarm","insufficient_data_actions":[],"metric_name":"CPUUtilization","metric_query":[],"namespace":"AWS/EC2","ok_actions":[],"period":120,"statistic":"Average","tags":{},"tags_all":{},"threshold":5,"threshold_metric_id":"","treat_missing_data":"missing","unit":""},"after":{"actions_enabled":true,"alarm_actions":["arn:aws:autoscaling:us-east-1:513410254332:scalingPolicy:e3d9d7d3-56b7-42cb-8525-866ea2772b83:autoScalingGroupName/three-tier-app-asg:policyName/three-tier-app-asg-scale-down"],"alarm_description":"asg-scale-down-cpu-alarm","alarm_name":"three-tier-app-asg-scale-down-alarm","arn":"arn:aws:cloudwatch:us-east-1:513410254332:alarm:three-tier-app-asg-scale-down-alarm","comparison_operator":"LessThanOrEqualToThreshold","datapoints_to_alarm":0,"dimensions":{"AutoScalingGroupName":"three-tier-app-asg"},"evaluate_low_sample_count_percentiles":"","evaluation_periods":2,"extended_statistic":"","id":"three-tier-app-asg-scale-down-alarm","insufficient_data_actions":[],"metric_name":"CPUUtilization","metric_query":[],"namespace":"AWS/EC2","ok_actions":[],"period":120,"statistic":"Average","tags":{},"tags_all":{},"threshold":5,"threshold_metric_id":"","treat_missing_data":"missing","unit":""},"after_unknown":{},"before_sensitive":{"alarm_actions":[false],"dimensions":{},"insufficient_data_actions":[],"metric_query":[],"ok_actions":[],"tags":{},"tags_all":{}},"after_sensitive":{"alarm_actions":[false],"dimensions":{},"insufficient_data_actions":[],"metric_query":[],"ok_actions":[],"tags":{},"tags_all":{}}}},{"address":"module.asg.aws_cloudwatch_metric_alarm.scale_up_alarm","module_address":"module.asg","mode":"managed","type":"aws_cloudwatch_metric_alarm","name":"scale_up_alarm","provider_name":"registry.terraform.io/hashicorp/aws","change":{"actions":["no-op"],"before":{"actions_enabled":true,"alarm_actions":["arn:aws:autoscaling:us-east-1:513410254332:scalingPolicy:69ef0225-61ac-4c9d-a5f1-bdd4d4c28fbb:autoScalingGroupName/three-tier-app-asg:policyName/three-tier-app-asg-scale-up"],"alarm_description":"asg-scale-up-cpu-alarm","alarm_name":"three-tier-app-asg-scale-up-alarm","arn":"arn:aws:cloudwatch:us-east-1:513410254332:alarm:three-tier-app-asg-scale-up-alarm","comparison_operator":"GreaterThanOrEqualToThreshold","datapoints_to_alarm":0,"dimensions":{"AutoScalingGroupName":"three-tier-app-asg"},"evaluate_low_sample_count_percentiles":"","evaluation_periods":2,"extended_statistic":"","id":"three-tier-app-asg-scale-up-alarm","insufficient_data_actions":[],"metric_name":"CPUUtilization","metric_query":[],"namespace":"AWS/EC2","ok_actions":[],"period":120,"statistic":"Average","tags":{},"tags_all":{},"threshold":50,"threshold_metric_id":"","treat_missing_data":"missing","unit":""},"after":{"actions_enabled":true,"alarm_actions":["arn:aws:autoscaling:us-east-1:513410254332:scalingPolicy:69ef0225-61ac-4c9d-a5f1-bdd4d4c28fbb:autoScalingGroupName/three-tier-app-asg:policyName/three-tier-app-asg-scale-up"],"alarm_description":"asg-scale-up-cpu-alarm","alarm_name":"three-tier-app-asg-scale-up-alarm","arn":"arn:aws:cloudwatch:us-east-1:513410254332:alarm:three-tier-app-asg-scale-up-alarm","comparison_operator":"GreaterThanOrEqualToThreshold","datapoints_to_alarm":0,"dimensions":{"AutoScalingGroupName":"three-tier-app-asg"},"evaluate_low_sample_count_percentiles":"","evaluation_periods":2,"extended_statistic":"","id":"three-tier-app-asg-scale-up-alarm","insufficient_data_actions":[],"metric_name":"CPUUtilization","metric_query":[],"namespace":"AWS/EC2","ok_actions":[],"period":120,"statistic":"Average","tags":{},"tags_all":{},"threshold":50,"threshold_metric_id":"","treat_missing_data":"missing","unit":""},"after_unknown":{},"before_sensitive":{"alarm_actions":[false],"dimensions":{},"insufficient_data_actions":[],"metric_query":[],"ok_actions":[],"tags":{},"tags_all":{}},"after_sensitive":{"alarm_actions":[false],"dimensions":{},"insufficient_data_actions":[],"metric_query":[],"ok_actions":[],"tags":{},"tags_all":{}}}},{"address":"module.asg.aws_cloudwatch_metric_alarm.server_scale_down_alarm","module_address":"module.asg","mode":"managed","type":"aws_cloudwatch_metric_alarm","name":"server_scale_down_alarm","provider_name":"registry.terraform.io/hashicorp/aws","change":{"actions":["no-op"],"before":{"actions_enabled":true,"alarm_actions":["arn:aws:autoscaling:us-east-1:513410254332:scalingPolicy:568737a8-4025-4d4e-89b5-df1509c18736:autoScalingGroupName/three-tier-app-server-asg:policyName/three-tier-app-server-asg-scale-down"],"alarm_description":"asg-scale-down-cpu-alarm","alarm_name":"three-tier-app-server-asg-scale-down-alarm","arn":"arn:aws:cloudwatch:us-east-1:513410254332:alarm:three-tier-app-server-asg-scale-down-alarm","comparison_operator":"LessThanOrEqualToThreshold","datapoints_to_alarm":0,"dimensions":{"AutoScalingGroupName":"three-tier-app-server-asg"},"evaluate_low_sample_count_percentiles":"","evaluation_periods":2,"extended_statistic":"","id":"three-tier-app-server-asg-scale-down-alarm","insufficient_data_actions":[],"metric_name":"CPUUtilization","metric_query":[],"namespace":"AWS/EC2","ok_actions":[],"period":120,"statistic":"Average","tags":{},"tags_all":{},"threshold":5,"threshold_metric_id":"","treat_missing_data":"missing","unit":""},"after":{"actions_enabled":true,"alarm_actions":["arn:aws:autoscaling:us-east-1:513410254332:scalingPolicy:568737a8-4025-4d4e-89b5-df1509c18736:autoScalingGroupName/three-tier-app-server-asg:policyName/three-tier-app-server-asg-scale-down"],"alarm_description":"asg-scale-down-cpu-alarm","alarm_name":"three-tier-app-server-asg-scale-down-alarm","arn":"arn:aws:cloudwatch:us-east-1:513410254332:alarm:three-tier-app-server-asg-scale-down-alarm","comparison_operator":"LessThanOrEqualToThreshold","datapoints_to_alarm":0,"dimensions":{"AutoScalingGroupName":"three-tier-app-server-asg"},"evaluate_low_sample_count_percentiles":"","evaluation_periods":2,"extended_statistic":"","id":"three-tier-app-server-asg-scale-down-alarm","insufficient_data_actions":[],"metric_name":"CPUUtilization","metric_query":[],"namespace":"AWS/EC2","ok_actions":[],"period":120,"statistic":"Average","tags":{},"tags_all":{},"threshold":5,"threshold_metric_id":"","treat_missing_data":"missing","unit":""},"after_unknown":{},"before_sensitive":{"alarm_actions":[false],"dimensions":{},"insufficient_data_actions":[],"metric_query":[],"ok_actions":[],"tags":{},"tags_all":{}},"after_sensitive":{"alarm_actions":[false],"dimensions":{},"insufficient_data_actions":[],"metric_query":[],"ok_actions":[],"tags":{},"tags_all":{}}}},{"address":"module.asg.aws_cloudwatch_metric_alarm.server_scale_up_alarm","module_address":"module.asg","mode":"managed","type":"aws_cloudwatch_metric_alarm","name":"server_scale_up_alarm","provider_name":"registry.terraform.io/hashicorp/aws","change":{"actions":["no-op"],"before":{"actions_enabled":true,"alarm_actions":["arn:aws:autoscaling:us-east-1:513410254332:scalingPolicy:72db72bb-4690-40f2-9e06-2138d544eac0:autoScalingGroupName/three-tier-app-server-asg:policyName/three-tier-app-server-asg-scale-up"],"alarm_description":"asg-scale-up-cpu-alarm","alarm_name":"three-tier-app-server-asg-scale-up-alarm","arn":"arn:aws:cloudwatch:us-east-1:513410254332:alarm:three-tier-app-server-asg-scale-up-alarm","comparison_operator":"GreaterThanOrEqualToThreshold","datapoints_to_alarm":0,"dimensions":{"AutoScalingGroupName":"three-tier-app-server-asg"},"evaluate_low_sample_count_percentiles":"","evaluation_periods":2,"extended_statistic":"","id":"three-tier-app-server-asg-scale-up-alarm","insufficient_data_actions":[],"metric_name":"CPUUtilization","metric_query":[],"namespace":"AWS/EC2","ok_actions":[],"period":120,"statistic":"Average","tags":{},"tags_all":{},"threshold":50,"threshold_metric_id":"","treat_missing_data":"missing","unit":""},"after":{"actions_enabled":true,"alarm_actions":["arn:aws:autoscaling:us-east-1:513410254332:scalingPolicy:72db72bb-4690-40f2-9e06-2138d544eac0:autoScalingGroupName/three-tier-app-server-asg:policyName/three-tier-app-server-asg-scale-up"],"alarm_description":"asg-scale-up-cpu-alarm","alarm_name":"three-tier-app-server-asg-scale-up-alarm","arn":"arn:aws:cloudwatch:us-east-1:513410254332:alarm:three-tier-app-server-asg-scale-up-alarm","comparison_operator":"GreaterThanOrEqualToThreshold","datapoints_to_alarm":0,"dimensions":{"AutoScalingGroupName":"three-tier-app-server-asg"},"evaluate_low_sample_count_percentiles":"","evaluation_periods":2,"extended_statistic":"","id":"three-tier-app-server-asg-scale-up-alarm","insufficient_data_actions":[],"metric_name":"CPUUtilization","metric_query":[],"namespace":"AWS/EC2","ok_actions":[],"period":120,"statistic":"Average","tags":{},"tags_all":{},"threshold":50,"threshold_metric_id":"","treat_missing_data":"missing","unit":""},"after_unknown":{},"before_sensitive":{"alarm_actions":[false],"dimensions":{},"insufficient_data_actions":[],"metric_query":[],"ok_actions":[],"tags":{},"tags_all":{}},"after_sensitive":{"alarm_actions":[false],"dimensions":{},"insufficient_data_actions":[],"metric_query":[],"ok_actions":[],"tags":{},"tags_all":{}}}},{"address":"module.asg.aws_launch_template.lt_name","module_address":"module.asg","mode":"managed","type":"aws_launch_template","name":"lt_name","provider_name":"registry.terraform.io/hashicorp/aws","change":{"actions":["no-op"],"before":{"arn":"arn:aws:ec2:us-east-1:513410254332:launch-template/lt-0ac991b26e6cf1e43","block_device_mappings":[{"device_name":"/dev/xvda","ebs":[{"delete_on_termination":"true","encrypted":"true","iops":0,"kms_key_id":"","snapshot_id":"","throughput":0,"volume_size":8,"volume_type":"standard"}],"no_device":"","virtual_name":""}],"capacity_reservation_specification":[],"cpu_options":[],"credit_specification":[],"default_version":1,"description":"","disable_api_stop":false,"disable_api_termination":false,"ebs_optimized":"","elastic_gpu_specifications":[],"elastic_inference_accelerator":[],"enclave_options":[],"hibernation_options":[],"iam_instance_profile":[{"arn":"","name":"S3-SSM-CW-Profile"}],"id":"lt-0ac991b26e6cf1e43","image_id":"ami-0858e76ce571eb464","instance_initiated_shutdown_behavior":"","instance_market_options":[],"instance_requirements":[],"instance_type":"t4g.micro","kernel_id":"","key_name":"","latest_version":1,"license_specification":[],"maintenance_options":[],"metadata_options":[],"monitoring":[],"name":"three-tier-app-tpl","name_prefix":"","network_interfaces":[{"associate_carrier_ip_address":"","associate_public_ip_address":"false","delete_on_termination":"","description":"","device_index":0,"interface_type":"","ipv4_address_count":0,"ipv4_addresses":[],"ipv4_prefix_count":0,"ipv4_prefixes":[],"ipv6_address_count":0,"ipv6_addresses":[],"ipv6_prefix_count":0,"ipv6_prefixes":[],"network_card_index":0,"network_interface_id":"","private_ip_address":"","security_groups":["sg-06f7dd670a0a78126"],"subnet_id":""}],"placement":[],"private_dns_name_options":[],"ram_disk_id":"","security_group_names":[],"tag_specifications":[{"resource_type":"instance","tags":{"Name":"three-tier-app-client"}}],"tags":{"Name":"three-tier-app-tpl"},"tags_all":{"Name":"three-tier-app-tpl"},"update_default_version":null,"user_data":"IyEvYmluL2Jhc2gKIyA9PT09PT09PT09PT09PT09PT09PT09PT09PT09PT09PT09PT09PT09PQojIENPTU1BTkRTIFRPIFJVTiBJTiBUSEUgV0VCIFNFUlZFUgojID09PT09PT09PT09PT09PT09PT09PT09PT09PT09PT09PT09PT09PT09CgojID09PT09PT09PT09PT09PT09PT09PT09PT09PT09PT09PT09PT09PT09CiMgQ09QWSBXRUItVElFUiBDT0RFIEZST00gUzMKIyA9PT09PT09PT09PT09PT09PT09PT09PT09PT09PT09PT09PT09PT09PQpleGVjID4gPih0ZWUgL3Zhci9sb2cvdXNlci1kYXRhLmxvZykgMj4mMQpzdWRvIC1zdSBlYzItdXNlcgpjZCAvaG9tZS9lYzItdXNlcgoKIyAhISEgSU1QICEhIQojIE1PRElGWSBCRUxPVyBDT0RFIFdJVEggWU9VUiBTMyBCVUNLRVQgTkFNRQpzdWRvIGF3cyBzMyBjcCBzMzovL3BhbmRhLWZpbGVzLWFwcC9hcHBsaWNhdGlvbi1jb2RlL3dlYi10aWVyIHdlYi10aWVyIC0tcmVjdXJzaXZlCnN1ZG8gY2hvd24gLVIgZWMyLXVzZXI6ZWMyLXVzZXIgL2hvbWUvZWMyLXVzZXIKc3VkbyBjaG1vZCAtUiA3NTUgL2hvbWUvZWMyLXVzZXIKCiMgPT09PT09PT09PT09PT09PT09PT09PT09PT09PT09PT09PT09PT09PT0KIyBJTlNUQUxMSU5HIE5PREVKUyAoRk9SIFVTSU5HIFJFQUNUIExJQlJBUlkpCiMgPT09PT09PT09PT09PT09PT09PT09PT09PT09PT09PT09PT09PT09PT0KIyAoUkVGOiBodHRwczovL2RvY3MuYXdzLmFtYXpvbi5jb20vc2RrLWZvci1qYXZhc2NyaXB0L3YyL2RldmVsb3Blci1ndWlkZS9zZXR0aW5nLXVwLW5vZGUtb24tZWMyLWluc3RhbmNlLmh0bWwpCQpzdWRvIHJ1bnVzZXIgLWwgZWMyLXVzZXIgLWMgJwpjdXJsIC1vLSBodHRwczovL3Jhdy5naXRodWJ1c2VyY29udGVudC5jb20vbnZtLXNoL252bS92MC4zOS43L2luc3RhbGwuc2ggfCBiYXNoCnNvdXJjZSB+Ly5iYXNocmMKbnZtIGluc3RhbGwgMTYKbnZtIHVzZSAxNgpjZCAvaG9tZS9lYzItdXNlci93ZWItdGllcgpucG0gaW5zdGFsbApucG0gYXVkaXQgZml4CgojID09PT09PT09PT09PT09PT09PT09PT09PT09PT09PT09PT09PT09PT09CiMgQlVJTERJTkcgVEhFIEFQUCBGT1IgUFJPRFVDVElPTgojID09PT09PT09PT09PT09PT09PT09PT09PT09PT09PT09PT09PT09PT09CiMgQmVsb3cgY29tbWFuZCBpcyB1c2VkIHRvIGJ1aWxkIHRoZSBjb2RlIHdoaWNoIGNhbiBiZSBzZXJ2ZWQgYnkgdGhlIHdlYnNlcnZlciAoTmdpbngpCmNkIC9ob21lL2VjMi11c2VyL3dlYi10aWVyCm5wbSBydW4gYnVpbGQKJwojID09PT09PT09PT09PT09PT09PT09PT09PT09PT09PT09PT09PT09PT09CiMgSU5TVEFMTElORyBOR0lOWCAoV0VCU0VSVkVSKQojID09PT09PT09PT09PT09PT09PT09PT09PT09PT09PT09PT09PT09PT09CiMgKFJFRjogaHR0cHM6Ly9kZXYudG8vMHhmZWRldi9ob3ctdG8taW5zdGFsbC1uZ2lueC1hcy1yZXZlcnNlLXByb3h5LWFuZC1jb25maWd1cmUtY2VydGJvdC1vbi1hbWF6b24tbGludXgtMjAyMy0yY2M5KQojIE5PVEU6IEJlZm9yZSB1c2luZyB0aGUgbmdpbnguY29uZiBmaWxlIGluIGJlbG93IGNvZGUsIGVuc3VyZSB0byBhZGQgdGhlIEludGVybmFsLUxvYWQtQmFsYW5jZXItRE5TIGluIHRoZSBuZ2lueC5jb25mIGZpbGUgJiB1cGxvYWQgaXQgdG8gUzMKCnN1ZG8geXVtIGluc3RhbGwgbmdpbnggLXkJCmNkIC9ldGMvbmdpbngKc3VkbyBtdiBuZ2lueC5jb25mIG5naW54LWJhY2t1cC5jb25mCgojICEhISBJTVAgISEhCiMgTU9ESUZZIEJFTE9XIENPREUgV0lUSCBZT1VSIFMzIEJVQ0tFVCBOQU1FCnN1ZG8gYXdzIHMzIGNwIHMzOi8vcGFuZGEtZmlsZXMtYXBwL2FwcGxpY2F0aW9uLWNvZGUvbmdpbnguY29uZiAuCnN1ZG8gc2VkIC1pICJzLzxZb3VyLUludGVybmFsLUxvYWRCYWxhbmNlci1ETlM+L2ludGVybmFsLXRocmVlLXRpZXItYXBwLWludGVybmFsLWFsYi00NTEwMDg1NjMudXMtZWFzdC0xLmVsYi5hbWF6b25hd3MuY29tL2ciIG5naW54LmNvbmYKCnN1ZG8gY2htb2QgLVIgNzU1IC9ob21lL2VjMi11c2VyCnN1ZG8gc2VydmljZSBuZ2lueCByZXN0YXJ0CnN1ZG8gY2hrY29uZmlnIG5naW54IG9uCgojIEluc3RhbGwgQ2xvdWRXYXRjaCBhZ2VudApzdWRvIHl1bSBpbnN0YWxsIC15IGFtYXpvbi1jbG91ZHdhdGNoLWFnZW50CgojIENyZWF0ZSBDbG91ZFdhdGNoIGFnZW50IGNvbmZpZ3VyYXRpb24Kc3VkbyB0ZWUgL29wdC9hd3MvYW1hem9uLWNsb3Vkd2F0Y2gtYWdlbnQvZXRjL2FtYXpvbi1jbG91ZHdhdGNoLWFnZW50Lmpzb24gPiAvZGV2L251bGwgPDxFT0wKewogICJsb2dzIjogewogICAgImxvZ3NfY29sbGVjdGVkIjogewogICAgICAiZmlsZXMiOiB7CiAgICAgICAgImNvbGxlY3RfbGlzdCI6IFsKICAgICAgICAgewogICAgICAgICAgICAiZmlsZV9wYXRoIjogIi92YXIvbG9nL25naW54L2FjY2Vzcy5sb2ciLAogICAgICAgICAgICAibG9nX2dyb3VwX25hbWUiOiAibmdpbngtbG9ncy1mcm9udGVuZCIsCiAgICAgICAgICAgICJsb2dfc3RyZWFtX25hbWUiOiAie2luc3RhbmNlX2lkfS1uZ2lueC1hY2Nlc3MiLAogICAgICAgICAgICAidGltZXN0YW1wX2Zvcm1hdCI6ICIlYiAlZCAlSDolTTolUyIKICAgICAgICAgIH0sCiAgICAgICAgICB7CiAgICAgICAgICAgICJmaWxlX3BhdGgiOiAiL3Zhci9sb2cvbmdpbngvZXJyb3IubG9nIiwKICAgICAgICAgICAgImxvZ19ncm91cF9uYW1lIjogIm5naW54LWxvZ3MtZnJvbnRlbmQiLAogICAgICAgICAgICAibG9nX3N0cmVhbV9uYW1lIjogIntpbnN0YW5jZV9pZH0tbmdpbngtZXJyb3IiLAogICAgICAgICAgICAidGltZXN0YW1wX2Zvcm1hdCI6ICIlYiAlZCAlSDolTTolUyIKICAgICAgICAgIH0KICAgICAgICAgIAogICAgICAgIF0KICAgICAgfQogICAgfQogIH0KfQpFT0wKCiMgU3RhcnQgQ2xvdWRXYXRjaCBhZ2VudApzdWRvIC9vcHQvYXdzL2FtYXpvbi1jbG91ZHdhdGNoLWFnZW50L2Jpbi9hbWF6b24tY2xvdWR3YXRjaC1hZ2VudC1jdGwgLWEgZmV0Y2gtY29uZmlnIC1tIGVjMiAtYyBmaWxlOi9vcHQvYXdzL2FtYXpvbi1jbG91ZHdhdGNoLWFnZW50L2V0Yy9hbWF6b24tY2xvdWR3YXRjaC1hZ2VudC5qc29uIC1zCgoKCg==","vpc_security_group_ids":[]},"after":{"arn":"arn:aws:ec2:us-east-1:513410254332:launch-template/lt-0ac991b26e6cf1e43","block_device_mappings":[{"device_name":"/dev/xvda","ebs":[{"delete_on_termination":"true","encrypted":"true","iops":0,"kms_key_id":"","snapshot_id":"","throughput":0,"volume_size":8,"volume_type":"standard"}],"no_device":"","virtual_name":""}],"capacity_reservation_specification":[],"cpu_options":[],"credit_specification":[],"default_version":1,"description":"","disable_api_stop":false,"disable_api_termination":false,"ebs_optimized":"","elastic_gpu_specifications":[],"elastic_inference_accelerator":[],"enclave_options":[],"hibernation_options":[],"iam_instance_profile":[{"arn":"","name":"S3-SSM-CW-Profile"}],"id":"lt-0ac991b26e6cf1e43","image_id":"ami-0858e76ce571eb464","instance_initiated_shutdown_behavior":"","instance_market_options":[],"instance_requirements":[],"instance_type":"t4g.micro","kernel_id":"","key_name":"","latest_version":1,"license_specification":[],"maintenance_options":[],"metadata_options":[],"monitoring":[],"name":"three-tier-app-tpl","name_prefix":"","network_interfaces":[{"associate_carrier_ip_address":"","associate_public_ip_address":"false","delete_on_termination":"","description":"","device_index":0,"interface_type":"","ipv4_address_count":0,"ipv4_addresses":[],"ipv4_prefix_count":0,"ipv4_prefixes":[],"ipv6_address_count":0,"ipv6_addresses":[],"ipv6_prefix_count":0,"ipv6_prefixes":[],"network_card_index":0,"network_interface_id":"","private_ip_address":"","security_groups":["sg-06f7dd670a0a78126"],"subnet_id":""}],"placement":[],"private_dns_name_options":[],"ram_disk_id":"","security_group_names":[],"tag_specifications":[{"resource_type":"instance","tags":{"Name":"three-tier-app-client"}}],"tags":{"Name":"three-tier-app-tpl"},"tags_all":{"Name":"three-tier-app-tpl"},"update_default_version":null,"user_data":"IyEvYmluL2Jhc2gKIyA9PT09PT09PT09PT09PT09PT09PT09PT09PT09PT09PT09PT09PT09PQojIENPTU1BTkRTIFRPIFJVTiBJTiBUSEUgV0VCIFNFUlZFUgojID09PT09PT09PT09PT09PT09PT09PT09PT09PT09PT09PT09PT09PT09CgojID09PT09PT09PT09PT09PT09PT09PT09PT09PT09PT09PT09PT09PT09CiMgQ09QWSBXRUItVElFUiBDT0RFIEZST00gUzMKIyA9PT09PT09PT09PT09PT09PT09PT09PT09PT09PT09PT09PT09PT09PQpleGVjID4gPih0ZWUgL3Zhci9sb2cvdXNlci1kYXRhLmxvZykgMj4mMQpzdWRvIC1zdSBlYzItdXNlcgpjZCAvaG9tZS9lYzItdXNlcgoKIyAhISEgSU1QICEhIQojIE1PRElGWSBCRUxPVyBDT0RFIFdJVEggWU9VUiBTMyBCVUNLRVQgTkFNRQpzdWRvIGF3cyBzMyBjcCBzMzovL3BhbmRhLWZpbGVzLWFwcC9hcHBsaWNhdGlvbi1jb2RlL3dlYi10aWVyIHdlYi10aWVyIC0tcmVjdXJzaXZlCnN1ZG8gY2hvd24gLVIgZWMyLXVzZXI6ZWMyLXVzZXIgL2hvbWUvZWMyLXVzZXIKc3VkbyBjaG1vZCAtUiA3NTUgL2hvbWUvZWMyLXVzZXIKCiMgPT09PT09PT09PT09PT09PT09PT09PT09PT09PT09PT09PT09PT09PT0KIyBJTlNUQUxMSU5HIE5PREVKUyAoRk9SIFVTSU5HIFJFQUNUIExJQlJBUlkpCiMgPT09PT09PT09PT09PT09PT09PT09PT09PT09PT09PT09PT09PT09PT0KIyAoUkVGOiBodHRwczovL2RvY3MuYXdzLmFtYXpvbi5jb20vc2RrLWZvci1qYXZhc2NyaXB0L3YyL2RldmVsb3Blci1ndWlkZS9zZXR0aW5nLXVwLW5vZGUtb24tZWMyLWluc3RhbmNlLmh0bWwpCQpzdWRvIHJ1bnVzZXIgLWwgZWMyLXVzZXIgLWMgJwpjdXJsIC1vLSBodHRwczovL3Jhdy5naXRodWJ1c2VyY29udGVudC5jb20vbnZtLXNoL252bS92MC4zOS43L2luc3RhbGwuc2ggfCBiYXNoCnNvdXJjZSB+Ly5iYXNocmMKbnZtIGluc3RhbGwgMTYKbnZtIHVzZSAxNgpjZCAvaG9tZS9lYzItdXNlci93ZWItdGllcgpucG0gaW5zdGFsbApucG0gYXVkaXQgZml4CgojID09PT09PT09PT09PT09PT09PT09PT09PT09PT09PT09PT09PT09PT09CiMgQlVJTERJTkcgVEhFIEFQUCBGT1IgUFJPRFVDVElPTgojID09PT09PT09PT09PT09PT09PT09PT09PT09PT09PT09PT09PT09PT09CiMgQmVsb3cgY29tbWFuZCBpcyB1c2VkIHRvIGJ1aWxkIHRoZSBjb2RlIHdoaWNoIGNhbiBiZSBzZXJ2ZWQgYnkgdGhlIHdlYnNlcnZlciAoTmdpbngpCmNkIC9ob21lL2VjMi11c2VyL3dlYi10aWVyCm5wbSBydW4gYnVpbGQKJwojID09PT09PT09PT09PT09PT09PT09PT09PT09PT09PT09PT09PT09PT09CiMgSU5TVEFMTElORyBOR0lOWCAoV0VCU0VSVkVSKQojID09PT09PT09PT09PT09PT09PT09PT09PT09PT09PT09PT09PT09PT09CiMgKFJFRjogaHR0cHM6Ly9kZXYudG8vMHhmZWRldi9ob3ctdG8taW5zdGFsbC1uZ2lueC1hcy1yZXZlcnNlLXByb3h5LWFuZC1jb25maWd1cmUtY2VydGJvdC1vbi1hbWF6b24tbGludXgtMjAyMy0yY2M5KQojIE5PVEU6IEJlZm9yZSB1c2luZyB0aGUgbmdpbnguY29uZiBmaWxlIGluIGJlbG93IGNvZGUsIGVuc3VyZSB0byBhZGQgdGhlIEludGVybmFsLUxvYWQtQmFsYW5jZXItRE5TIGluIHRoZSBuZ2lueC5jb25mIGZpbGUgJiB1cGxvYWQgaXQgdG8gUzMKCnN1ZG8geXVtIGluc3RhbGwgbmdpbnggLXkJCmNkIC9ldGMvbmdpbngKc3VkbyBtdiBuZ2lueC5jb25mIG5naW54LWJhY2t1cC5jb25mCgojICEhISBJTVAgISEhCiMgTU9ESUZZIEJFTE9XIENPREUgV0lUSCBZT1VSIFMzIEJVQ0tFVCBOQU1FCnN1ZG8gYXdzIHMzIGNwIHMzOi8vcGFuZGEtZmlsZXMtYXBwL2FwcGxpY2F0aW9uLWNvZGUvbmdpbnguY29uZiAuCnN1ZG8gc2VkIC1pICJzLzxZb3VyLUludGVybmFsLUxvYWRCYWxhbmNlci1ETlM+L2ludGVybmFsLXRocmVlLXRpZXItYXBwLWludGVybmFsLWFsYi00NTEwMDg1NjMudXMtZWFzdC0xLmVsYi5hbWF6b25hd3MuY29tL2ciIG5naW54LmNvbmYKCnN1ZG8gY2htb2QgLVIgNzU1IC9ob21lL2VjMi11c2VyCnN1ZG8gc2VydmljZSBuZ2lueCByZXN0YXJ0CnN1ZG8gY2hrY29uZmlnIG5naW54IG9uCgojIEluc3RhbGwgQ2xvdWRXYXRjaCBhZ2VudApzdWRvIHl1bSBpbnN0YWxsIC15IGFtYXpvbi1jbG91ZHdhdGNoLWFnZW50CgojIENyZWF0ZSBDbG91ZFdhdGNoIGFnZW50IGNvbmZpZ3VyYXRpb24Kc3VkbyB0ZWUgL29wdC9hd3MvYW1hem9uLWNsb3Vkd2F0Y2gtYWdlbnQvZXRjL2FtYXpvbi1jbG91ZHdhdGNoLWFnZW50Lmpzb24gPiAvZGV2L251bGwgPDxFT0wKewogICJsb2dzIjogewogICAgImxvZ3NfY29sbGVjdGVkIjogewogICAgICAiZmlsZXMiOiB7CiAgICAgICAgImNvbGxlY3RfbGlzdCI6IFsKICAgICAgICAgewogICAgICAgICAgICAiZmlsZV9wYXRoIjogIi92YXIvbG9nL25naW54L2FjY2Vzcy5sb2ciLAogICAgICAgICAgICAibG9nX2dyb3VwX25hbWUiOiAibmdpbngtbG9ncy1mcm9udGVuZCIsCiAgICAgICAgICAgICJsb2dfc3RyZWFtX25hbWUiOiAie2luc3RhbmNlX2lkfS1uZ2lueC1hY2Nlc3MiLAogICAgICAgICAgICAidGltZXN0YW1wX2Zvcm1hdCI6ICIlYiAlZCAlSDolTTolUyIKICAgICAgICAgIH0sCiAgICAgICAgICB7CiAgICAgICAgICAgICJmaWxlX3BhdGgiOiAiL3Zhci9sb2cvbmdpbngvZXJyb3IubG9nIiwKICAgICAgICAgICAgImxvZ19ncm91cF9uYW1lIjogIm5naW54LWxvZ3MtZnJvbnRlbmQiLAogICAgICAgICAgICAibG9nX3N0cmVhbV9uYW1lIjogIntpbnN0YW5jZV9pZH0tbmdpbngtZXJyb3IiLAogICAgICAgICAgICAidGltZXN0YW1wX2Zvcm1hdCI6ICIlYiAlZCAlSDolTTolUyIKICAgICAgICAgIH0KICAgICAgICAgIAogICAgICAgIF0KICAgICAgfQogICAgfQogIH0KfQpFT0wKCiMgU3RhcnQgQ2xvdWRXYXRjaCBhZ2VudApzdWRvIC9vcHQvYXdzL2FtYXpvbi1jbG91ZHdhdGNoLWFnZW50L2Jpbi9hbWF6b24tY2xvdWR3YXRjaC1hZ2VudC1jdGwgLWEgZmV0Y2gtY29uZmlnIC1tIGVjMiAtYyBmaWxlOi9vcHQvYXdzL2FtYXpvbi1jbG91ZHdhdGNoLWFnZW50L2V0Yy9hbWF6b24tY2xvdWR3YXRjaC1hZ2VudC5qc29uIC1zCgoKCg==","vpc_security_group_ids":[]},"after_unknown":{},"before_sensitive":{"block_device_mappings":[{"ebs":[{}]}],"capacity_reservation_specification":[],"cpu_options":[],"credit_specification":[],"elastic_gpu_specifications":[],"elastic_inference_accelerator":[],"enclave_options":[],"hibernation_options":[],"iam_instance_profile":[{}],"instance_market_options":[],"instance_requirements":[],"license_specification":[],"maintenance_options":[],"metadata_options":[],"monitoring":[],"network_interfaces":[{"ipv4_addresses":[],"ipv4_prefixes":[],"ipv6_addresses":[],"ipv6_prefixes":[],"security_groups":[false]}],"placement":[],"private_dns_name_options":[],"security_group_names":[],"tag_specifications":[{"tags":{}}],"tags":{},"tags_all":{},"vpc_security_group_ids":[]},"after_sensitive":{"block_device_mappings":[{"ebs":[{}]}],"capacity_reservation_specification":[],"cpu_options":[],"credit_specification":[],"elastic_gpu_specifications":[],"elastic_inference_accelerator":[],"enclave_options":[],"hibernation_options":[],"iam_instance_profile":[{}],"instance_market_options":[],"instance_requirements":[],"license_specification":[],"maintenance_options":[],"metadata_options":[],"monitoring":[],"network_interfaces":[{"ipv4_addresses":[],"ipv4_prefixes":[],"ipv6_addresses":[],"ipv6_prefixes":[],"security_groups":[false]}],"placement":[],"private_dns_name_options":[],"security_group_names":[],"tag_specifications":[{"tags":{}}],"tags":{},"tags_all":{},"vpc_security_group_ids":[]}}},{"address":"module.asg.aws_launch_template.server_lt_name","module_address":"module.asg","mode":"managed","type":"aws_launch_template","name":"server_lt_name","provider_name":"registry.terraform.io/hashicorp/aws","change":{"actions":["no-op"],"before":{"arn":"arn:aws:ec2:us-east-1:513410254332:launch-template/lt-0a13a4c2de77186f8","block_device_mappings":[{"device_name":"/dev/xvda","ebs":[{"delete_on_termination":"true","encrypted":"true","iops":0,"kms_key_id":"","snapshot_id":"","throughput":0,"volume_size":8,"volume_type":"standard"}],"no_device":"","virtual_name":""}],"capacity_reservation_specification":[],"cpu_options":[],"credit_specification":[],"default_version":1,"description":"","disable_api_stop":false,"disable_api_termination":false,"ebs_optimized":"","elastic_gpu_specifications":[],"elastic_inference_accelerator":[],"enclave_options":[],"hibernation_options":[],"iam_instance_profile":[{"arn":"","name":"S3-SSM-CW-Profile"}],"id":"lt-0a13a4c2de77186f8","image_id":"ami-0858e76ce571eb464","instance_initiated_shutdown_behavior":"","instance_market_options":[],"instance_requirements":[],"instance_type":"t4g.micro","kernel_id":"","key_name":"","latest_version":1,"license_specification":[],"maintenance_options":[],"metadata_options":[],"monitoring":[],"name":"three-tier-app-server_tpl","name_prefix":"","network_interfaces":[{"associate_carrier_ip_address":"","associate_public_ip_address":"false","delete_on_termination":"","description":"","device_index":0,"interface_type":"","ipv4_address_count":0,"ipv4_addresses":[],"ipv4_prefix_count":0,"ipv4_prefixes":[],"ipv6_address_count":0,"ipv6_addresses":[],"ipv6_prefix_count":0,"ipv6_prefixes":[],"network_card_index":0,"network_interface_id":"","private_ip_address":"","security_groups":["sg-090125fd0fc8b1f21"],"subnet_id":""}],"placement":[],"private_dns_name_options":[],"ram_disk_id":"","security_group_names":[],"tag_specifications":[{"resource_type":"instance","tags":{"Name":"three-tier-app-server"}}],"tags":{"Name":"three-tier-app-server_tpl"},"tags_all":{"Name":"three-tier-app-server_tpl"},"update_default_version":null,"user_data":"IyEvYmluL2Jhc2gKZXhlYyA+ID4odGVlIC92YXIvbG9nL3VzZXItZGF0YS5sb2cpIDI+JjEKI3NldCAteGUKCiMgPT09PT09PT09PT09PT09PT09PT09PT09PT09PT09PT09PT09PT09PT0KIyBDT01NQU5EUyBUTyBSVU4gSU4gVEhFIEFQUExJQ0FUSU9OIFNFUlZFUgojID09PT09PT09PT09PT09PT09PT09PT09PT09PT09PT09PT09PT09PT09CgojID09PT09PT09PT09PT09PT09PT09PT09PT09PT09PT09PT09PT09CiMgSU5TVEFMTElORyBNWVNRTCBJTiBBTUFaT04gTElOVVggMjAyMwojID09PT09PT09PT09PT09PT09PT09PT09PT09PT09PT09PT09PT09CiMgKFJFRjogaHR0cHM6Ly9kZXYudG8vYXdzLWJ1aWxkZXJzL2luc3RhbGxpbmctbXlzcWwtb24tYW1hem9uLWxpbnV4LTIwMjMtMTUxMikKCgoKc3VkbyAtc3UgZWMyLXVzZXIKCiMgQ09QWSBBUFAgQ09ERQpjZCAvaG9tZS9lYzItdXNlcgphd3MgczMgY3AgczM6Ly9wYW5kYS1maWxlcy1hcHAvYXBwbGljYXRpb24tY29kZS9hcHAtdGllciBhcHAtdGllciAtLXJlY3Vyc2l2ZQoKZWNobyAiPT09PT09PT09PSBQcmVwYXJpbmcgU1FMIHNjaGVtYSA9PT09PT09PT09IgpjcCBhcHAtdGllci9hcHBkYi5zcWwgL3RtcC9hcHBkYi5zcWwKCgpzdWRvIHdnZXQgaHR0cHM6Ly9kZXYubXlzcWwuY29tL2dldC9teXNxbDgwLWNvbW11bml0eS1yZWxlYXNlLWVsOS0xLm5vYXJjaC5ycG0Kc3VkbyBkbmYgaW5zdGFsbCBteXNxbDgwLWNvbW11bml0eS1yZWxlYXNlLWVsOS0xLm5vYXJjaC5ycG0gLXkKc3VkbyBycG0gLS1pbXBvcnQgaHR0cHM6Ly9yZXBvLm15c3FsLmNvbS9SUE0tR1BHLUtFWS1teXNxbC0yMDIzCnN1ZG8gZG5mIGluc3RhbGwgbXlzcWwtY29tbXVuaXR5LWNsaWVudCAteQpteXNxbCAtLXZlcnNpb24KCiMgVE8gVEVTVCBDT05ORUNUSU9OIEJFVFdFRU4gQVBQLVNFUlZFUiAmIERBVEFCQVNFIFNFUlZFUgojIG15c3FsIC1oICJwYW5kYS1kZXYtZGIuY3c1YzR1dW13OWg1LnVzLWVhc3QtMS5yZHMuYW1hem9uYXdzLmNvbSIgXAojICAgICAgIC11ICJhZG1pbl8zX3RpZXIiIFwKIyAgICAgICAtcCJBc2QxLUNhUFEyMiIgPDxFT0YKIyBDUkVBVEUgREFUQUJBU0UgSUYgTk9UIEVYSVNUUyByZWFjdF9ub2RlX2FwcDsKIyBTSE9XIERBVEFCQVNFUzsKIyBVU0UgcmVhY3Rfbm9kZV9hcHA7CiMgQ1JFQVRFIFRBQkxFIElGIE5PVCBFWElTVFMgdHJhbnNhY3Rpb25zKGlkIElOVCBOT1QgTlVMTAojIEFVVE9fSU5DUkVNRU5ULCBhbW91bnQgREVDSU1BTCgxMCwyKSwgZGVzY3JpcHRpb24KIyBWQVJDSEFSKDEwMCksIFBSSU1BUlkgS0VZKGlkKSk7ICAgIAojIFNIT1cgVEFCTEVTOyAgICAKIyBJTlNFUlQgSU5UTyB0cmFuc2FjdGlvbnMgKGFtb3VudCxkZXNjcmlwdGlvbikgVkFMVUVTICgnNDAwJywnZ3JvY2VyaWVzJyk7ICAgCiMgU0VMRUNUICogRlJPTSB0cmFuc2FjdGlvbnM7CiMgRU9GCgoKIyBUTyBURVNUIENPTk5FQ1RJT04gQkVUV0VFTiBBUFAtU0VSVkVSICYgREFUQUJBU0UgU0VSVkVSIGFuZCBpbnN0ZXJ0IGRhdGFiYXNlIHNjaGVtYQoKbXlzcWwgLWggInBhbmRhLWRldi1kYi5jdzVjNHV1bXc5aDUudXMtZWFzdC0xLnJkcy5hbWF6b25hd3MuY29tIiBcCiAgICAgIC11ICJhZG1pbl8zX3RpZXIiIFwKICAgICAgLXAiQXNkMS1DYVBRMjIiIDwgL3RtcC9hcHBkYi5zcWwKCgojPT09PT09PT09PT09PT09PT09PT09PT09PT09PT09PQojIENPUFlJTkcgQ09OVEVOVCBGUk9NIFMzIEJVQ0tFVAojPT09PT09PT09PT09PT09PT09PT09PT09PT09PT09PQojICEhISBJTVAgISEhCiMgTU9ESUZZIEJFTE9XIENPREUgV0lUSCBZT1VSIFMzIEJVQ0tFVCBOQU1FCiMgIyBDT1BZIEFQUCBDT0RFCiMgY2QgL2hvbWUvZWMyLXVzZXIKIyBhd3MgczMgY3AgczM6Ly9wYW5kYS1maWxlcy1hcHAvYXBwbGljYXRpb24tY29kZS9hcHAtdGllciBhcHAtdGllciAtLXJlY3Vyc2l2ZQojIG9yCiMgc3VkbyB5dW0gaW5zdGFsbCBnaXQgLXkKIyBnaXQgY2xvbmUgaHR0cHM6Ly9naXRodWIuY29tL3BhbmRhY2xvdWQxL0FXU19Qcm9qZWN0MS5naXQgYXBwbGljYXRpb24tY29kZQoKIyBzdWRvIHNlZCAtaSAicy9EQl9IT1NUIDogJycvREJfSE9TVCA6IFwicGFuZGEtZGV2LWRiLmN3NWM0dXVtdzloNS51cy1lYXN0LTEucmRzLmFtYXpvbmF3cy5jb21cIi8iIGFwcC10aWVyL0RiQ29uZmlnLmpzCiMgc3VkbyBzZWQgLWkgInMvREJfVVNFUiA6ICcnL0RCX1VTRVIgOiBcImFkbWluXzNfdGllclwiLyIgYXBwLXRpZXIvRGJDb25maWcuanMKIyBzdWRvIHNlZCAtaSAicy9EQl9QV0QgIDogJycvREJfUFdEICA6IFwiQXNkMS1DYVBRMjJcIi8iIGFwcC10aWVyL0RiQ29uZmlnLmpzCiMgc3VkbyBzZWQgLWkgInMvREJfREFUQUJBU0UgOiAnJy9EQl9EQVRBQkFTRSA6IFwicmVhY3Rfbm9kZV9hcHBcIi8iIGFwcC10aWVyL0RiQ29uZmlnLmpzCgoKc3VkbyBzZWQgLWkgInMvPHNlY3JldC1uYW1lPi90aHJlZS10aWVyLWFwcC1zZWNyZXQvZyIgYXBwLXRpZXIvRGJDb25maWcuanMKc3VkbyBzZWQgLWkgInMvPHJlZ2lvbj4vdXMtZWFzdC0xL2ciIGFwcC10aWVyL0RiQ29uZmlnLmpzCgpjaG93biAtUiBlYzItdXNlcjplYzItdXNlciAvaG9tZS9lYzItdXNlci9hcHAtdGllcgpjaG1vZCAtUiA3NTUgL2hvbWUvZWMyLXVzZXIvYXBwLXRpZXIKCiM9PT09PT09PT09PT09PT09PT09PT09PT09PT09PT09CiMgSU5TVEFMTElORyBOT0RFSlMKIz09PT09PT09PT09PT09PT09PT09PT09PT09PT09PT0KIyAoUkVGOiBodHRwczovL2RvY3MuYXdzLmFtYXpvbi5jb20vc2RrLWZvci1qYXZhc2NyaXB0L3YyL2RldmVsb3Blci1ndWlkZS9zZXR0aW5nLXVwLW5vZGUtb24tZWMyLWluc3RhbmNlLmh0bWwpCgojIFJVTiBOVk0vTm9kZS9QTTIgQVMgZWMyLXVzZXIKc3VkbyBydW51c2VyIC1sIGVjMi11c2VyIC1jICcKIyBzZXQgLXhlCmV4cG9ydCBIT01FPS9ob21lL2VjMi11c2VyCmV4cG9ydCBOVk1fRElSPSIkSE9NRS8ubnZtIgoKIyBJbnN0YWxsIE5WTQpjdXJsIC1vLSBodHRwczovL3Jhdy5naXRodWJ1c2VyY29udGVudC5jb20vbnZtLXNoL252bS92MC4zOS43L2luc3RhbGwuc2ggfCBiYXNoCgojIExvYWQgTlZNClsgLXMgIiROVk1fRElSL252bS5zaCIgXSAmJiBcLiAiJE5WTV9ESVIvbnZtLnNoIgoKIyBJbnN0YWxsIE5vZGUuanMgMTYgYW5kIHNldCBkZWZhdWx0Cm52bSBpbnN0YWxsIDE2Cm52bSBhbGlhcyBkZWZhdWx0IDE2Cm52bSB1c2UgMTYKCiMgSW5zdGFsbCBkZXBlbmRlbmNpZXMgYW5kIFBNMgpucG0gaW5zdGFsbCAtZyBwbTIKY2QgL2hvbWUvZWMyLXVzZXIvYXBwLXRpZXIKbnBtIGluc3RhbGwKbnBtIGF1ZGl0IGZpeCB8fCB0cnVlCgojPT09PT09PT09PT09PT09PT09PT09PT09PT09PT09PQojIFNUQVJUSU5HIElOREVYLkpTIEZJTEUKIz09PT09PT09PT09PT09PT09PT09PT09PT09PT09PT0KIyBTdGFydCBhcHAgd2l0aCBQTTIKcG0yIHN0YXJ0IGluZGV4LmpzCnBtMiBzdGFydHVwIHN5c3RlbWQgLXUgZWMyLXVzZXIgLS1ocCAvaG9tZS9lYzItdXNlcgonCnN1ZG8gZW52IFBBVEg9JFBBVEg6L2hvbWUvZWMyLXVzZXIvLm52bS92ZXJzaW9ucy9ub2RlL3YxNi4yMC4yL2JpbiAvaG9tZS9lYzItdXNlci8ubnZtL3ZlcnNpb25zL25vZGUvdjE2LjIwLjIvbGliL25vZGVfbW9kdWxlcy9wbTIvYmluL3BtMiBzdGFydHVwIHN5c3RlbWQgLXUgZWMyLXVzZXIgLS1ocCAvaG9tZS9lYzItdXNlcgpzdWRvIHJ1bnVzZXIgLWwgZWMyLXVzZXIgLWMgJ3BtMiBzYXZlJwoKIyBIRUFMVEggQ0hFQ0sKY3VybCAtZiBodHRwOi8vbG9jYWxob3N0OjQwMDAvaGVhbHRoIHx8IGVjaG8gIkhlYWx0aCBjaGVjayBmYWlsZWQiCgojIEluc3RhbGwgQ2xvdWRXYXRjaCBhZ2VudApzdWRvIHl1bSBpbnN0YWxsIC15IGFtYXpvbi1jbG91ZHdhdGNoLWFnZW50CmV4cG9ydCBMT0dfRElSPSIvaG9tZS9lYzItdXNlci8ucG0yL2xvZ3MiCiMgQ3JlYXRlIENsb3VkV2F0Y2ggYWdlbnQgY29uZmlndXJhdGlvbgpzdWRvIHRlZSAvb3B0L2F3cy9hbWF6b24tY2xvdWR3YXRjaC1hZ2VudC9ldGMvYW1hem9uLWNsb3Vkd2F0Y2gtYWdlbnQuanNvbiA+IC9kZXYvbnVsbCA8PEVPTAp7CiAgImxvZ3MiOiB7CiAgICAibG9nc19jb2xsZWN0ZWQiOiB7CiAgICAgICJmaWxlcyI6IHsKICAgICAgICAiY29sbGVjdF9saXN0IjogWwogICAgICAgICAgewogICAgICAgICAgICAiZmlsZV9wYXRoIjogIiRMT0dfRElSL2luZGV4LW91dC5sb2ciLAogICAgICAgICAgICAibG9nX2dyb3VwX25hbWUiOiAibm9kZS1hcHAtbG9ncy1iYWNrZW5kIiwKICAgICAgICAgICAgImxvZ19zdHJlYW1fbmFtZSI6ICJ7aW5zdGFuY2VfaWR9LWluZGV4LW91dC1sb2ciLAogICAgICAgICAgICAidGltZXN0YW1wX2Zvcm1hdCI6ICIlWS0lbS0lZCAlSDolTTolUyIKICAgICAgICAgIH0sCiAgICAgICAgICB7CiAgICAgICAgICAgICJmaWxlX3BhdGgiOiAiJExPR19ESVIvaW5kZXgtZXJyb3IubG9nIiwKICAgICAgICAgICAgImxvZ19ncm91cF9uYW1lIjogIm5vZGUtYXBwLWxvZ3MtYmFja2VuZCIsCiAgICAgICAgICAgICJsb2dfc3RyZWFtX25hbWUiOiAie2luc3RhbmNlX2lkfS1pbmRleC1lcnJvci1sb2ciLAogICAgICAgICAgICAidGltZXN0YW1wX2Zvcm1hdCI6ICIlWS0lbS0lZCAlSDolTTolUyIKICAgICAgICAgIH0KICAgICAgICBdCiAgICAgIH0KICAgIH0KICB9Cn0KRU9MCgojIFN0YXJ0IENsb3VkV2F0Y2ggYWdlbnQKc3VkbyAvb3B0L2F3cy9hbWF6b24tY2xvdWR3YXRjaC1hZ2VudC9iaW4vYW1hem9uLWNsb3Vkd2F0Y2gtYWdlbnQtY3RsIC1hIGZldGNoLWNvbmZpZyAtbSBlYzIgLWMgZmlsZTovb3B0L2F3cy9hbWF6b24tY2xvdWR3YXRjaC1hZ2VudC9ldGMvYW1hem9uLWNsb3Vkd2F0Y2gtYWdlbnQuanNvbiAtcwoKCgojL2V0Yy9zeXN0ZW1kL3N5c3RlbS9wbTItZWMyLXVzZXIuc2VydmljZS4K","vpc_security_group_ids":[]},"after":{"arn":"arn:aws:ec2:us-east-1:513410254332:launch-template/lt-0a13a4c2de77186f8","block_device_mappings":[{"device_name":"/dev/xvda","ebs":[{"delete_on_termination":"true","encrypted":"true","iops":0,"kms_key_id":"","snapshot_id":"","throughput":0,"volume_size":8,"volume_type":"standard"}],"no_device":"","virtual_name":""}],"capacity_reservation_specification":[],"cpu_options":[],"credit_specification":[],"default_version":1,"description":"","disable_api_stop":false,"disable_api_termination":false,"ebs_optimized":"","elastic_gpu_specifications":[],"elastic_inference_accelerator":[],"enclave_options":[],"hibernation_options":[],"iam_instance_profile":[{"arn":"","name":"S3-SSM-CW-Profile"}],"id":"lt-0a13a4c2de77186f8","image_id":"ami-0858e76ce571eb464","instance_initiated_shutdown_behavior":"","instance_market_options":[],"instance_requirements":[],"instance_type":"t4g.micro","kernel_id":"","key_name":"","latest_version":1,"license_specification":[],"maintenance_options":[],"metadata_options":[],"monitoring":[],"name":"three-tier-app-server_tpl","name_prefix":"","network_interfaces":[{"associate_carrier_ip_address":"","associate_public_ip_address":"false","delete_on_termination":"","description":"","device_index":0,"interface_type":"","ipv4_address_count":0,"ipv4_addresses":[],"ipv4_prefix_count":0,"ipv4_prefixes":[],"ipv6_address_count":0,"ipv6_addresses":[],"ipv6_prefix_count":0,"ipv6_prefixes":[],"network_card_index":0,"network_interface_id":"","private_ip_address":"","security_groups":["sg-090125fd0fc8b1f21"],"subnet_id":""}],"placement":[],"private_dns_name_options":[],"ram_disk_id":"","security_group_names":[],"tag_specifications":[{"resource_type":"instance","tags":{"Name":"three-tier-app-server"}}],"tags":{"Name":"three-tier-app-server_tpl"},"tags_all":{"Name":"three-tier-app-server_tpl"},"update_default_version":null,"user_data":"IyEvYmluL2Jhc2gKZXhlYyA+ID4odGVlIC92YXIvbG9nL3VzZXItZGF0YS5sb2cpIDI+JjEKI3NldCAteGUKCiMgPT09PT09PT09PT09PT09PT09PT09PT09PT09PT09PT09PT09PT09PT0KIyBDT01NQU5EUyBUTyBSVU4gSU4gVEhFIEFQUExJQ0FUSU9OIFNFUlZFUgojID09PT09PT09PT09PT09PT09PT09PT09PT09PT09PT09PT09PT09PT09CgojID09PT09PT09PT09PT09PT09PT09PT09PT09PT09PT09PT09PT09CiMgSU5TVEFMTElORyBNWVNRTCBJTiBBTUFaT04gTElOVVggMjAyMwojID09PT09PT09PT09PT09PT09PT09PT09PT09PT09PT09PT09PT09CiMgKFJFRjogaHR0cHM6Ly9kZXYudG8vYXdzLWJ1aWxkZXJzL2luc3RhbGxpbmctbXlzcWwtb24tYW1hem9uLWxpbnV4LTIwMjMtMTUxMikKCgoKc3VkbyAtc3UgZWMyLXVzZXIKCiMgQ09QWSBBUFAgQ09ERQpjZCAvaG9tZS9lYzItdXNlcgphd3MgczMgY3AgczM6Ly9wYW5kYS1maWxlcy1hcHAvYXBwbGljYXRpb24tY29kZS9hcHAtdGllciBhcHAtdGllciAtLXJlY3Vyc2l2ZQoKZWNobyAiPT09PT09PT09PSBQcmVwYXJpbmcgU1FMIHNjaGVtYSA9PT09PT09PT09IgpjcCBhcHAtdGllci9hcHBkYi5zcWwgL3RtcC9hcHBkYi5zcWwKCgpzdWRvIHdnZXQgaHR0cHM6Ly9kZXYubXlzcWwuY29tL2dldC9teXNxbDgwLWNvbW11bml0eS1yZWxlYXNlLWVsOS0xLm5vYXJjaC5ycG0Kc3VkbyBkbmYgaW5zdGFsbCBteXNxbDgwLWNvbW11bml0eS1yZWxlYXNlLWVsOS0xLm5vYXJjaC5ycG0gLXkKc3VkbyBycG0gLS1pbXBvcnQgaHR0cHM6Ly9yZXBvLm15c3FsLmNvbS9SUE0tR1BHLUtFWS1teXNxbC0yMDIzCnN1ZG8gZG5mIGluc3RhbGwgbXlzcWwtY29tbXVuaXR5LWNsaWVudCAteQpteXNxbCAtLXZlcnNpb24KCiMgVE8gVEVTVCBDT05ORUNUSU9OIEJFVFdFRU4gQVBQLVNFUlZFUiAmIERBVEFCQVNFIFNFUlZFUgojIG15c3FsIC1oICJwYW5kYS1kZXYtZGIuY3c1YzR1dW13OWg1LnVzLWVhc3QtMS5yZHMuYW1hem9uYXdzLmNvbSIgXAojICAgICAgIC11ICJhZG1pbl8zX3RpZXIiIFwKIyAgICAgICAtcCJBc2QxLUNhUFEyMiIgPDxFT0YKIyBDUkVBVEUgREFUQUJBU0UgSUYgTk9UIEVYSVNUUyByZWFjdF9ub2RlX2FwcDsKIyBTSE9XIERBVEFCQVNFUzsKIyBVU0UgcmVhY3Rfbm9kZV9hcHA7CiMgQ1JFQVRFIFRBQkxFIElGIE5PVCBFWElTVFMgdHJhbnNhY3Rpb25zKGlkIElOVCBOT1QgTlVMTAojIEFVVE9fSU5DUkVNRU5ULCBhbW91bnQgREVDSU1BTCgxMCwyKSwgZGVzY3JpcHRpb24KIyBWQVJDSEFSKDEwMCksIFBSSU1BUlkgS0VZKGlkKSk7ICAgIAojIFNIT1cgVEFCTEVTOyAgICAKIyBJTlNFUlQgSU5UTyB0cmFuc2FjdGlvbnMgKGFtb3VudCxkZXNjcmlwdGlvbikgVkFMVUVTICgnNDAwJywnZ3JvY2VyaWVzJyk7ICAgCiMgU0VMRUNUICogRlJPTSB0cmFuc2FjdGlvbnM7CiMgRU9GCgoKIyBUTyBURVNUIENPTk5FQ1RJT04gQkVUV0VFTiBBUFAtU0VSVkVSICYgREFUQUJBU0UgU0VSVkVSIGFuZCBpbnN0ZXJ0IGRhdGFiYXNlIHNjaGVtYQoKbXlzcWwgLWggInBhbmRhLWRldi1kYi5jdzVjNHV1bXc5aDUudXMtZWFzdC0xLnJkcy5hbWF6b25hd3MuY29tIiBcCiAgICAgIC11ICJhZG1pbl8zX3RpZXIiIFwKICAgICAgLXAiQXNkMS1DYVBRMjIiIDwgL3RtcC9hcHBkYi5zcWwKCgojPT09PT09PT09PT09PT09PT09PT09PT09PT09PT09PQojIENPUFlJTkcgQ09OVEVOVCBGUk9NIFMzIEJVQ0tFVAojPT09PT09PT09PT09PT09PT09PT09PT09PT09PT09PQojICEhISBJTVAgISEhCiMgTU9ESUZZIEJFTE9XIENPREUgV0lUSCBZT1VSIFMzIEJVQ0tFVCBOQU1FCiMgIyBDT1BZIEFQUCBDT0RFCiMgY2QgL2hvbWUvZWMyLXVzZXIKIyBhd3MgczMgY3AgczM6Ly9wYW5kYS1maWxlcy1hcHAvYXBwbGljYXRpb24tY29kZS9hcHAtdGllciBhcHAtdGllciAtLXJlY3Vyc2l2ZQojIG9yCiMgc3VkbyB5dW0gaW5zdGFsbCBnaXQgLXkKIyBnaXQgY2xvbmUgaHR0cHM6Ly9naXRodWIuY29tL3BhbmRhY2xvdWQxL0FXU19Qcm9qZWN0MS5naXQgYXBwbGljYXRpb24tY29kZQoKIyBzdWRvIHNlZCAtaSAicy9EQl9IT1NUIDogJycvREJfSE9TVCA6IFwicGFuZGEtZGV2LWRiLmN3NWM0dXVtdzloNS51cy1lYXN0LTEucmRzLmFtYXpvbmF3cy5jb21cIi8iIGFwcC10aWVyL0RiQ29uZmlnLmpzCiMgc3VkbyBzZWQgLWkgInMvREJfVVNFUiA6ICcnL0RCX1VTRVIgOiBcImFkbWluXzNfdGllclwiLyIgYXBwLXRpZXIvRGJDb25maWcuanMKIyBzdWRvIHNlZCAtaSAicy9EQl9QV0QgIDogJycvREJfUFdEICA6IFwiQXNkMS1DYVBRMjJcIi8iIGFwcC10aWVyL0RiQ29uZmlnLmpzCiMgc3VkbyBzZWQgLWkgInMvREJfREFUQUJBU0UgOiAnJy9EQl9EQVRBQkFTRSA6IFwicmVhY3Rfbm9kZV9hcHBcIi8iIGFwcC10aWVyL0RiQ29uZmlnLmpzCgoKc3VkbyBzZWQgLWkgInMvPHNlY3JldC1uYW1lPi90aHJlZS10aWVyLWFwcC1zZWNyZXQvZyIgYXBwLXRpZXIvRGJDb25maWcuanMKc3VkbyBzZWQgLWkgInMvPHJlZ2lvbj4vdXMtZWFzdC0xL2ciIGFwcC10aWVyL0RiQ29uZmlnLmpzCgpjaG93biAtUiBlYzItdXNlcjplYzItdXNlciAvaG9tZS9lYzItdXNlci9hcHAtdGllcgpjaG1vZCAtUiA3NTUgL2hvbWUvZWMyLXVzZXIvYXBwLXRpZXIKCiM9PT09PT09PT09PT09PT09PT09PT09PT09PT09PT09CiMgSU5TVEFMTElORyBOT0RFSlMKIz09PT09PT09PT09PT09PT09PT09PT09PT09PT09PT0KIyAoUkVGOiBodHRwczovL2RvY3MuYXdzLmFtYXpvbi5jb20vc2RrLWZvci1qYXZhc2NyaXB0L3YyL2RldmVsb3Blci1ndWlkZS9zZXR0aW5nLXVwLW5vZGUtb24tZWMyLWluc3RhbmNlLmh0bWwpCgojIFJVTiBOVk0vTm9kZS9QTTIgQVMgZWMyLXVzZXIKc3VkbyBydW51c2VyIC1sIGVjMi11c2VyIC1jICcKIyBzZXQgLXhlCmV4cG9ydCBIT01FPS9ob21lL2VjMi11c2VyCmV4cG9ydCBOVk1fRElSPSIkSE9NRS8ubnZtIgoKIyBJbnN0YWxsIE5WTQpjdXJsIC1vLSBodHRwczovL3Jhdy5naXRodWJ1c2VyY29udGVudC5jb20vbnZtLXNoL252bS92MC4zOS43L2luc3RhbGwuc2ggfCBiYXNoCgojIExvYWQgTlZNClsgLXMgIiROVk1fRElSL252bS5zaCIgXSAmJiBcLiAiJE5WTV9ESVIvbnZtLnNoIgoKIyBJbnN0YWxsIE5vZGUuanMgMTYgYW5kIHNldCBkZWZhdWx0Cm52bSBpbnN0YWxsIDE2Cm52bSBhbGlhcyBkZWZhdWx0IDE2Cm52bSB1c2UgMTYKCiMgSW5zdGFsbCBkZXBlbmRlbmNpZXMgYW5kIFBNMgpucG0gaW5zdGFsbCAtZyBwbTIKY2QgL2hvbWUvZWMyLXVzZXIvYXBwLXRpZXIKbnBtIGluc3RhbGwKbnBtIGF1ZGl0IGZpeCB8fCB0cnVlCgojPT09PT09PT09PT09PT09PT09PT09PT09PT09PT09PQojIFNUQVJUSU5HIElOREVYLkpTIEZJTEUKIz09PT09PT09PT09PT09PT09PT09PT09PT09PT09PT0KIyBTdGFydCBhcHAgd2l0aCBQTTIKcG0yIHN0YXJ0IGluZGV4LmpzCnBtMiBzdGFydHVwIHN5c3RlbWQgLXUgZWMyLXVzZXIgLS1ocCAvaG9tZS9lYzItdXNlcgonCnN1ZG8gZW52IFBBVEg9JFBBVEg6L2hvbWUvZWMyLXVzZXIvLm52bS92ZXJzaW9ucy9ub2RlL3YxNi4yMC4yL2JpbiAvaG9tZS9lYzItdXNlci8ubnZtL3ZlcnNpb25zL25vZGUvdjE2LjIwLjIvbGliL25vZGVfbW9kdWxlcy9wbTIvYmluL3BtMiBzdGFydHVwIHN5c3RlbWQgLXUgZWMyLXVzZXIgLS1ocCAvaG9tZS9lYzItdXNlcgpzdWRvIHJ1bnVzZXIgLWwgZWMyLXVzZXIgLWMgJ3BtMiBzYXZlJwoKIyBIRUFMVEggQ0hFQ0sKY3VybCAtZiBodHRwOi8vbG9jYWxob3N0OjQwMDAvaGVhbHRoIHx8IGVjaG8gIkhlYWx0aCBjaGVjayBmYWlsZWQiCgojIEluc3RhbGwgQ2xvdWRXYXRjaCBhZ2VudApzdWRvIHl1bSBpbnN0YWxsIC15IGFtYXpvbi1jbG91ZHdhdGNoLWFnZW50CmV4cG9ydCBMT0dfRElSPSIvaG9tZS9lYzItdXNlci8ucG0yL2xvZ3MiCiMgQ3JlYXRlIENsb3VkV2F0Y2ggYWdlbnQgY29uZmlndXJhdGlvbgpzdWRvIHRlZSAvb3B0L2F3cy9hbWF6b24tY2xvdWR3YXRjaC1hZ2VudC9ldGMvYW1hem9uLWNsb3Vkd2F0Y2gtYWdlbnQuanNvbiA+IC9kZXYvbnVsbCA8PEVPTAp7CiAgImxvZ3MiOiB7CiAgICAibG9nc19jb2xsZWN0ZWQiOiB7CiAgICAgICJmaWxlcyI6IHsKICAgICAgICAiY29sbGVjdF9saXN0IjogWwogICAgICAgICAgewogICAgICAgICAgICAiZmlsZV9wYXRoIjogIiRMT0dfRElSL2luZGV4LW91dC5sb2ciLAogICAgICAgICAgICAibG9nX2dyb3VwX25hbWUiOiAibm9kZS1hcHAtbG9ncy1iYWNrZW5kIiwKICAgICAgICAgICAgImxvZ19zdHJlYW1fbmFtZSI6ICJ7aW5zdGFuY2VfaWR9LWluZGV4LW91dC1sb2ciLAogICAgICAgICAgICAidGltZXN0YW1wX2Zvcm1hdCI6ICIlWS0lbS0lZCAlSDolTTolUyIKICAgICAgICAgIH0sCiAgICAgICAgICB7CiAgICAgICAgICAgICJmaWxlX3BhdGgiOiAiJExPR19ESVIvaW5kZXgtZXJyb3IubG9nIiwKICAgICAgICAgICAgImxvZ19ncm91cF9uYW1lIjogIm5vZGUtYXBwLWxvZ3MtYmFja2VuZCIsCiAgICAgICAgICAgICJsb2dfc3RyZWFtX25hbWUiOiAie2luc3RhbmNlX2lkfS1pbmRleC1lcnJvci1sb2ciLAogICAgICAgICAgICAidGltZXN0YW1wX2Zvcm1hdCI6ICIlWS0lbS0lZCAlSDolTTolUyIKICAgICAgICAgIH0KICAgICAgICBdCiAgICAgIH0KICAgIH0KICB9Cn0KRU9MCgojIFN0YXJ0IENsb3VkV2F0Y2ggYWdlbnQKc3VkbyAvb3B0L2F3cy9hbWF6b24tY2xvdWR3YXRjaC1hZ2VudC9iaW4vYW1hem9uLWNsb3Vkd2F0Y2gtYWdlbnQtY3RsIC1hIGZldGNoLWNvbmZpZyAtbSBlYzIgLWMgZmlsZTovb3B0L2F3cy9hbWF6b24tY2xvdWR3YXRjaC1hZ2VudC9ldGMvYW1hem9uLWNsb3Vkd2F0Y2gtYWdlbnQuanNvbiAtcwoKCgojL2V0Yy9zeXN0ZW1kL3N5c3RlbS9wbTItZWMyLXVzZXIuc2VydmljZS4K","vpc_security_group_ids":[]},"after_unknown":{},"before_sensitive":{"block_device_mappings":[{"ebs":[{}]}],"capacity_reservation_specification":[],"cpu_options":[],"credit_specification":[],"elastic_gpu_specifications":[],"elastic_inference_accelerator":[],"enclave_options":[],"hibernation_options":[],"iam_instance_profile":[{}],"instance_market_options":[],"instance_requirements":[],"license_specification":[],"maintenance_options":[],"metadata_options":[],"monitoring":[],"network_interfaces":[{"ipv4_addresses":[],"ipv4_prefixes":[],"ipv6_addresses":[],"ipv6_prefixes":[],"security_groups":[false]}],"placement":[],"private_dns_name_options":[],"security_group_names":[],"tag_specifications":[{"tags":{}}],"tags":{},"tags_all":{},"vpc_security_group_ids":[]},"after_sensitive":{"block_device_mappings":[{"ebs":[{}]}],"capacity_reservation_specification":[],"cpu_options":[],"credit_specification":[],"elastic_gpu_specifications":[],"elastic_inference_accelerator":[],"enclave_options":[],"hibernation_options":[],"iam_instance_profile":[{}],"instance_market_options":[],"instance_requirements":[],"license_specification":[],"maintenance_options":[],"metadata_options":[],"monitoring":[],"network_interfaces":[{"ipv4_addresses":[],"ipv4_prefixes":[],"ipv6_addresses":[],"ipv6_prefixes":[],"security_groups":[false]}],"placement":[],"private_dns_name_options":[],"security_group_names":[],"tag_specifications":[{"tags":{}}],"tags":{},"tags_all":{},"vpc_security_group_ids":[]}}},{"address":"module.aws_secret.aws_secretsmanager_secret.db_secret","module_address":"module.aws_secret","mode":"managed","type":"aws_secretsmanager_secret","name":"db_secret","provider_name":"registry.terraform.io/hashicorp/aws","change":{"actions":["no-op"],"before":{"arn":"arn:aws:secretsmanager:us-east-1:513410254332:secret:three-tier-app-secret-0rVkQW","description":"Database credentials for my application","force_overwrite_replica_secret":false,"id":"arn:aws:secretsmanager:us-east-1:513410254332:secret:three-tier-app-secret-0rVkQW","kms_key_id":"","name":"three-tier-app-secret","name_prefix":"","policy":"","recovery_window_in_days":0,"replica":[],"rotation_enabled":false,"rotation_lambda_arn":"","rotation_rules":[],"tags":{"Name":"three-tier-app-secret"},"tags_all":{"Name":"three-tier-app-secret"}},"after":{"arn":"arn:aws:secretsmanager:us-east-1:513410254332:secret:three-tier-app-secret-0rVkQW","description":"Database credentials for my application","force_overwrite_replica_secret":false,"id":"arn:aws:secretsmanager:us-east-1:513410254332:secret:three-tier-app-secret-0rVkQW","kms_key_id":"","name":"three-tier-app-secret","name_prefix":"","policy":"","recovery_window_in_days":0,"replica":[],"rotation_enabled":false,"rotation_lambda_arn":"","rotation_rules":[],"tags":{"Name":"three-tier-app-secret"},"tags_all":{"Name":"three-tier-app-secret"}},"after_unknown":{},"before_sensitive":{"replica":[],"rotation_rules":[],"tags":{},"tags_all":{}},"after_sensitive":{"replica":[],"rotation_rules":[],"tags":{},"tags_all":{}}}},{"address":"module.aws_secret.aws_secretsmanager_secret_version.db_secret_version","module_address":"module.aws_secret","mode":"managed","type":"aws_secretsmanager_secret_version","name":"db_secret_version","provider_name":"registry.terraform.io/hashicorp/aws","change":{"actions":["no-op"],"before":{"arn":"arn:aws:secretsmanager:us-east-1:513410254332:secret:three-tier-app-secret-0rVkQW","id":"arn:aws:secretsmanager:us-east-1:513410254332:secret:three-tier-app-secret-0rVkQW|BC701E35-7D41-4EE7-8AC0-4F0EFFDFE820","secret_binary":"","secret_id":"arn:aws:secretsmanager:us-east-1:513410254332:secret:three-tier-app-secret-0rVkQW","secret_string":"{\"DB_HOST\":\"panda-dev-db.cw5c4uumw9h5.us-east-1.rds.amazonaws.com\",\"DB_NAME\":\"react_node_app\",\"DB_PASSWORD\":\"Asd1-CaPQ22\",\"DB_USERNAME\":\"admin_3_tier\"}","version_id":"BC701E35-7D41-4EE7-8AC0-4F0EFFDFE820","version_stages":["AWSCURRENT"]},"after":{"arn":"arn:aws:secretsmanager:us-east-1:513410254332:secret:three-tier-app-secret-0rVkQW","id":"arn:aws:secretsmanager:us-east-1:513410254332:secret:three-tier-app-secret-0rVkQW|BC701E35-7D41-4EE7-8AC0-4F0EFFDFE820","secret_binary":"","secret_id":"arn:aws:secretsmanager:us-east-1:513410254332:secret:three-tier-app-secret-0rVkQW","secret_string":"{\"DB_HOST\":\"panda-dev-db.cw5c4uumw9h5.us-east-1.rds.amazonaws.com\",\"DB_NAME\":\"react_node_app\",\"DB_PASSWORD\":\"Asd1-CaPQ22\",\"DB_USERNAME\":\"admin_3_tier\"}","version_id":"BC701E35-7D41-4EE7-8AC0-4F0EFFDFE820","version_stages":["AWSCURRENT"]},"after_unknown":{},"before_sensitive":{"secret_binary":true,"secret_string":true,"version_stages":[false]},"after_sensitive":{"secret_binary":true,"secret_string":true,"version_stages":[false]}}},{"address":"module.aws_secret.aws_ssm_parameter.db_host","module_address":"module.aws_secret","mode":"managed","type":"aws_ssm_parameter","name":"db_host","provider_name":"registry.terraform.io/hashicorp/aws","change":{"actions":["no-op"],"before":{"allowed_pattern":"","arn":"arn:aws:ssm:us-east-1:513410254332:parameter/DB_HOST","data_type":"text","description":"database dns address","id":"DB_HOST","insecure_value":null,"key_id":"","name":"DB_HOST","overwrite":null,"tags":{"environment":"dev"},"tags_all":{"environment":"dev"},"tier":"Standard","type":"String","value":"panda-dev-db.cw5c4uumw9h5.us-east-1.rds.amazonaws.com","version":1},"after":{"allowed_pattern":"","arn":"arn:aws:ssm:us-east-1:513410254332:parameter/DB_HOST","data_type":"text","description":"database dns address","id":"DB_HOST","insecure_value":null,"key_id":"","name":"DB_HOST","overwrite":null,"tags":{"environment":"dev"},"tags_all":{"environment":"dev"},"tier":"Standard","type":"String","value":"panda-dev-db.cw5c4uumw9h5.us-east-1.rds.amazonaws.com","version":1},"after_unknown":{},"before_sensitive":{"tags":{},"tags_all":{},"value":true},"after_sensitive":{"tags":{},"tags_all":{},"value":true}}},{"address":"module.aws_secret.aws_ssm_parameter.db_name","module_address":"module.aws_secret","mode":"managed","type":"aws_ssm_parameter","name":"db_name","provider_name":"registry.terraform.io/hashicorp/aws","change":{"actions":["no-op"],"before":{"allowed_pattern":"","arn":"arn:aws:ssm:us-east-1:513410254332:parameter/DB_NAME","data_type":"text","description":"database name","id":"DB_NAME","insecure_value":null,"key_id":"","name":"DB_NAME","overwrite":null,"tags":{"environment":"dev"},"tags_all":{"environment":"dev"},"tier":"Standard","type":"String","value":"react_node_app","version":1},"after":{"allowed_pattern":"","arn":"arn:aws:ssm:us-east-1:513410254332:parameter/DB_NAME","data_type":"text","description":"database name","id":"DB_NAME","insecure_value":null,"key_id":"","name":"DB_NAME","overwrite":null,"tags":{"environment":"dev"},"tags_all":{"environment":"dev"},"tier":"Standard","type":"String","value":"react_node_app","version":1},"after_unknown":{},"before_sensitive":{"tags":{},"tags_all":{},"value":true},"after_sensitive":{"tags":{},"tags_all":{},"value":true}}},{"address":"module.aws_secret.aws_ssm_parameter.db_password","module_address":"module.aws_secret","mode":"managed","type":"aws_ssm_parameter","name":"db_password","provider_name":"registry.terraform.io/hashicorp/aws","change":{"actions":["no-op"],"before":{"allowed_pattern":"","arn":"arn:aws:ssm:us-east-1:513410254332:parameter/DB_PASSWORD","data_type":"text","description":"database password","id":"DB_PASSWORD","insecure_value":null,"key_id":"alias/aws/ssm","name":"DB_PASSWORD","overwrite":null,"tags":{"environment":"dev"},"tags_all":{"environment":"dev"},"tier":"Standard","type":"SecureString","value":"Asd1-CaPQ22","version":1},"after":{"allowed_pattern":"","arn":"arn:aws:ssm:us-east-1:513410254332:parameter/DB_PASSWORD","data_type":"text","description":"database password","id":"DB_PASSWORD","insecure_value":null,"key_id":"alias/aws/ssm","name":"DB_PASSWORD","overwrite":null,"tags":{"environment":"dev"},"tags_all":{"environment":"dev"},"tier":"Standard","type":"SecureString","value":"Asd1-CaPQ22","version":1},"after_unknown":{},"before_sensitive":{"tags":{},"tags_all":{},"value":true},"after_sensitive":{"tags":{},"tags_all":{},"value":true}}},{"address":"module.aws_secret.aws_ssm_parameter.db_username","module_address":"module.aws_secret","mode":"managed","type":"aws_ssm_parameter","name":"db_username","provider_name":"registry.terraform.io/hashicorp/aws","change":{"actions":["no-op"],"before":{"allowed_pattern":"","arn":"arn:aws:ssm:us-east-1:513410254332:parameter/DB_USERNAME","data_type":"text","description":"database username","id":"DB_USERNAME","insecure_value":null,"key_id":"","name":"DB_USERNAME","overwrite":null,"tags":{"environment":"dev"},"tags_all":{"environment":"dev"},"tier":"Standard","type":"String","value":"admin_3_tier","version":1},"after":{"allowed_pattern":"","arn":"arn:aws:ssm:us-east-1:513410254332:parameter/DB_USERNAME","data_type":"text","description":"database username","id":"DB_USERNAME","insecure_value":null,"key_id":"","name":"DB_USERNAME","overwrite":null,"tags":{"environment":"dev"},"tags_all":{"environment":"dev"},"tier":"Standard","type":"String","value":"admin_3_tier","version":1},"after_unknown":{},"before_sensitive":{"tags":{},"tags_all":{},"value":true},"after_sensitive":{"tags":{},"tags_all":{},"value":true}}},{"address":"module.cloudfront.data.aws_acm_certificate.issued","module_address":"module.cloudfront","mode":"data","type":"aws_acm_certificate","name":"issued","provider_name":"registry.terraform.io/hashicorp/aws","change":{"actions":["read"],"before":null,"after":{"domain":"devsandbox.space","key_types":null,"most_recent":null,"statuses":["ISSUED"],"types":null},"after_unknown":{"arn":true,"certificate":true,"certificate_chain":true,"id":true,"status":true,"statuses":[false],"tags":true},"before_sensitive":false,"after_sensitive":{"statuses":[false],"tags":{}}},"action_reason":"read_because_dependency_pending"},{"address":"module.cloudfront.aws_cloudfront_distribution.my_distribution","module_address":"module.cloudfront","mode":"managed","type":"aws_cloudfront_distribution","name":"my_distribution","provider_name":"registry.terraform.io/hashicorp/aws","change":{"actions":["update"],"before":{"aliases":["www.devsandbox.space"],"arn":"arn:aws:cloudfront::513410254332:distribution/E3P78MJZOEIZ0F","caller_reference":"terraform-20251023125843853800000005","comment":null,"custom_error_response":[],"default_cache_behavior":[{"allowed_methods":["DELETE","GET","HEAD","OPTIONS","PATCH","POST","PUT"],"cache_policy_id":"","cached_methods":["GET","HEAD","OPTIONS"],"compress":false,"default_ttl":0,"field_level_encryption_id":"","forwarded_values":[{"cookies":[{"forward":"all","whitelisted_names":[]}],"headers":["host"],"query_string":true,"query_string_cache_keys":[]}],"function_association":[],"lambda_function_association":[],"max_ttl":0,"min_ttl":0,"origin_request_policy_id":"","realtime_log_config_arn":"","response_headers_policy_id":"","smooth_streaming":false,"target_origin_id":"three-tier-app-alb-1573992113.us-east-1.elb.amazonaws.com","trusted_key_groups":[],"trusted_signers":[],"viewer_protocol_policy":"redirect-to-https"}],"default_root_object":"","domain_name":"d13rolzhpu3gtp.cloudfront.net","enabled":true,"etag":"E14HTSM37YYLDI","hosted_zone_id":"Z2FDTNDATAQYW2","http_version":"http2","id":"E3P78MJZOEIZ0F","in_progress_validation_batches":0,"is_ipv6_enabled":false,"last_modified_time":"2025-10-23 12:58:45.781 +0000 UTC","logging_config":[],"ordered_cache_behavior":[],"origin":[{"connection_attempts":3,"connection_timeout":10,"custom_header":[],"custom_origin_config":[{"http_port":80,"https_port":443,"origin_keepalive_timeout":5,"origin_protocol_policy":"http-only","origin_read_timeout":30,"origin_ssl_protocols":["TLSv1.2"]}],"domain_name":"three-tier-app-alb-1573992113.us-east-1.elb.amazonaws.com","origin_access_control_id":"","origin_id":"three-tier-app-alb-1573992113.us-east-1.elb.amazonaws.com","origin_path":"","origin_shield":[],"s3_origin_config":[]}],"origin_group":[],"price_class":"PriceClass_All","restrictions":[{"geo_restriction":[{"locations":[],"restriction_type":"none"}]}],"retain_on_delete":false,"status":"Deployed","tags":{"Name":"three-tier-app"},"tags_all":{"Name":"three-tier-app"},"trusted_key_groups":[{"enabled":false,"items":[]}],"trusted_signers":[{"enabled":false,"items":[]}],"viewer_certificate":[{"acm_certificate_arn":"arn:aws:acm:us-east-1:513410254332:certificate/43ac9a5a-1c1c-4e1c-807d-17318e3329eb","cloudfront_default_certificate":false,"iam_certificate_id":"","minimum_protocol_version":"TLSv1.2_2018","ssl_support_method":"sni-only"}],"wait_for_deployment":true,"web_acl_id":""},"after":{"aliases":["www.devsandbox.space"],"arn":"arn:aws:cloudfront::513410254332:distribution/E3P78MJZOEIZ0F","caller_reference":"terraform-20251023125843853800000005","comment":null,"custom_error_response":[],"default_cache_behavior":[{"allowed_methods":["DELETE","GET","HEAD","OPTIONS","PATCH","POST","PUT"],"cache_policy_id":"","cached_methods":["GET","HEAD","OPTIONS"],"compress":false,"default_ttl":0,"field_level_encryption_id":"","forwarded_values":[{"cookies":[{"forward":"all","whitelisted_names":[]}],"headers":["host"],"query_string":true,"query_string_cache_keys":[]}],"function_association":[],"lambda_function_association":[],"max_ttl":0,"min_ttl":0,"origin_request_policy_id":"","realtime_log_config_arn":"","response_headers_policy_id":"","smooth_streaming":false,"target_origin_id":"three-tier-app-alb-1573992113.us-east-1.elb.amazonaws.com","trusted_key_groups":[],"trusted_signers":[],"viewer_protocol_policy":"redirect-to-https"}],"default_root_object":"","domain_name":"d13rolzhpu3gtp.cloudfront.net","enabled":true,"etag":"E14HTSM37YYLDI","hosted_zone_id":"Z2FDTNDATAQYW2","http_version":"http2","id":"E3P78MJZOEIZ0F","in_progress_validation_batches":0,"is_ipv6_enabled":false,"last_modified_time":"2025-10-23 12:58:45.781 +0000 UTC","logging_config":[],"ordered_cache_behavior":[],"origin":[{"connection_attempts":3,"connection_timeout":10,"custom_header":[],"custom_origin_config":[{"http_port":80,"https_port":443,"origin_keepalive_timeout":5,"origin_protocol_policy":"http-only","origin_read_timeout":30,"origin_ssl_protocols":["TLSv1.2"]}],"domain_name":"three-tier-app-alb-1573992113.us-east-1.elb.amazonaws.com","origin_access_control_id":"","origin_id":"three-tier-app-alb-1573992113.us-east-1.elb.amazonaws.com","origin_path":"","origin_shield":[],"s3_origin_config":[]}],"origin_group":[],"price_class":"PriceClass_All","restrictions":[{"geo_restriction":[{"locations":[],"restriction_type":"none"}]}],"retain_on_delete":false,"status":"Deployed","tags":{"Name":"three-tier-app"},"tags_all":{"Name":"three-tier-app"},"trusted_key_groups":[{"enabled":false,"items":[]}],"trusted_signers":[{"enabled":false,"items":[]}],"viewer_certificate":[{"cloudfront_default_certificate":false,"iam_certificate_id":"","minimum_protocol_version":"TLSv1.2_2018","ssl_support_method":"sni-only"}],"wait_for_deployment":true,"web_acl_id":""},"after_unknown":{"aliases":[false],"custom_error_response":[],"default_cache_behavior":[{"allowed_methods":[false,false,false,false,false,false,false],"cached_methods":[false,false,false],"forwarded_values":[{"cookies":[{"whitelisted_names":[]}],"headers":[false],"query_string_cache_keys":[]}],"function_association":[],"lambda_function_association":[],"trusted_key_groups":[],"trusted_signers":[]}],"logging_config":[],"ordered_cache_behavior":[],"origin":[{"custom_header":[],"custom_origin_config":[{"origin_ssl_protocols":[false]}],"origin_shield":[],"s3_origin_config":[]}],"origin_group":[],"restrictions":[{"geo_restriction":[{"locations":[]}]}],"tags":{},"tags_all":{},"trusted_key_groups":[{"items":[]}],"trusted_signers":[{"items":[]}],"viewer_certificate":[{"acm_certificate_arn":true}]},"before_sensitive":{"aliases":[false],"custom_error_response":[],"default_cache_behavior":[{"allowed_methods":[false,false,false,false,false,false,false],"cached_methods":[false,false,false],"forwarded_values":[{"cookies":[{"whitelisted_names":[]}],"headers":[false],"query_string_cache_keys":[]}],"function_association":[],"lambda_function_association":[],"trusted_key_groups":[],"trusted_signers":[]}],"logging_config":[],"ordered_cache_behavior":[],"origin":[{"custom_header":[],"custom_origin_config":[{"origin_ssl_protocols":[false]}],"origin_shield":[],"s3_origin_config":[]}],"origin_group":[],"restrictions":[{"geo_restriction":[{"locations":[]}]}],"tags":{},"tags_all":{},"trusted_key_groups":[{"items":[]}],"trusted_signers":[{"items":[]}],"viewer_certificate":[{}]},"after_sensitive":{"aliases":[false],"custom_error_response":[],"default_cache_behavior":[{"allowed_methods":[false,false,false,false,false,false,false],"cached_methods":[false,false,false],"forwarded_values":[{"cookies":[{"whitelisted_names":[]}],"headers":[false],"query_string_cache_keys":[]}],"function_association":[],"lambda_function_association":[],"trusted_key_groups":[],"trusted_signers":[]}],"logging_config":[],"ordered_cache_behavior":[],"origin":[{"custom_header":[],"custom_origin_config":[{"origin_ssl_protocols":[false]}],"origin_shield":[],"s3_origin_config":[]}],"origin_group":[],"restrictions":[{"geo_restriction":[{"locations":[]}]}],"tags":{},"tags_all":{},"trusted_key_groups":[{"items":[]}],"trusted_signers":[{"items":[]}],"viewer_certificate":[{}]}}},{"address":"module.iam_role.aws_flow_log.example_vpc_flow_log","module_address":"module.iam_role","mode":"managed","type":"aws_flow_log","name":"example_vpc_flow_log","provider_name":"registry.terraform.io/hashicorp/aws","change":{"actions":["no-op"],"before":{"arn":"arn:aws:ec2:us-east-1:513410254332:vpc-flow-log/fl-0e8e47b9060a53326","deliver_cross_account_role":"","destination_options":[{"file_format":"plain-text","hive_compatible_partitions":false,"per_hour_partition":false}],"eni_id":null,"iam_role_arn":"","id":"fl-0e8e47b9060a53326","log_destination":"arn:aws:s3:::vpc-flow-log-s3-bucket-panda","log_destination_type":"s3","log_format":"${version} ${account-id} ${interface-id} ${srcaddr} ${dstaddr} ${srcport} ${dstport} ${protocol} ${packets} ${bytes} ${start} ${end} ${action} ${log-status}","log_group_name":"","max_aggregation_interval":600,"subnet_id":null,"tags":{},"tags_all":{},"traffic_type":"ALL","transit_gateway_attachment_id":null,"transit_gateway_id":null,"vpc_id":"vpc-0ed9c7463763df965"},"after":{"arn":"arn:aws:ec2:us-east-1:513410254332:vpc-flow-log/fl-0e8e47b9060a53326","deliver_cross_account_role":"","destination_options":[{"file_format":"plain-text","hive_compatible_partitions":false,"per_hour_partition":false}],"eni_id":null,"iam_role_arn":"","id":"fl-0e8e47b9060a53326","log_destination":"arn:aws:s3:::vpc-flow-log-s3-bucket-panda","log_destination_type":"s3","log_format":"${version} ${account-id} ${interface-id} ${srcaddr} ${dstaddr} ${srcport} ${dstport} ${protocol} ${packets} ${bytes} ${start} ${end} ${action} ${log-status}","log_group_name":"","max_aggregation_interval":600,"subnet_id":null,"tags":{},"tags_all":{},"traffic_type":"ALL","transit_gateway_attachment_id":null,"transit_gateway_id":null,"vpc_id":"vpc-0ed9c7463763df965"},"after_unknown":{},"before_sensitive":{"destination_options":[{}],"tags":{},"tags_all":{}},"after_sensitive":{"destination_options":[{}],"tags":{},"tags_all":{}}}},{"address":"module.iam_role.aws_iam_instance_profile.s3_ssm_cw_profile","module_address":"module.iam_role","mode":"managed","type":"aws_iam_instance_profile","name":"s3_ssm_cw_profile","provider_name":"registry.terraform.io/hashicorp/aws","change":{"actions":["no-op"],"before":{"arn":"arn:aws:iam::513410254332:instance-profile/S3-SSM-CW-Profile","create_date":"2025-10-23T12:11:54Z","id":"S3-SSM-CW-Profile","name":"S3-SSM-CW-Profile","name_prefix":"","path":"/","role":"S3-SSM-CW-Role","tags":{},"tags_all":{},"unique_id":"AIPAXPCNCYX6LMIRF4CPS"},"after":{"arn":"arn:aws:iam::513410254332:instance-profile/S3-SSM-CW-Profile","create_date":"2025-10-23T12:11:54Z","id":"S3-SSM-CW-Profile","name":"S3-SSM-CW-Profile","name_prefix":"","path":"/","role":"S3-SSM-CW-Role","tags":{},"tags_all":{},"unique_id":"AIPAXPCNCYX6LMIRF4CPS"},"after_unknown":{},"before_sensitive":{"tags":{},"tags_all":{}},"after_sensitive":{"tags":{},"tags_all":{}}}},{"address":"module.iam_role.aws_iam_policy.cloudwatch_agent_policy","module_address":"module.iam_role","mode":"managed","type":"aws_iam_policy","name":"cloudwatch_agent_policy","provider_name":"registry.terraform.io/hashicorp/aws","change":{"actions":["no-op"],"before":{"arn":"arn:aws:iam::513410254332:policy/cloudwatch-agent-policy","description":"Policy for EC2 instances to send logs to CloudWatch","id":"arn:aws:iam::513410254332:policy/cloudwatch-agent-policy","name":"cloudwatch-agent-policy","name_prefix":"","path":"/","policy":"{\"Statement\":[{\"Action\":[\"logs:CreateLogStream\",\"logs:GetLogEvents\",\"logs:DeleteLogStream\",\"logs:PutLogEvents\"],\"Effect\":\"Allow\",\"Resource\":\"arn:aws:logs:*:*:log-group:*:log-stream:*\",\"Sid\":\"VisualEditor0\"},{\"Action\":[\"logs:ListTagsLogGroup\",\"logs:GetLogRecord\",\"logs:DeleteLogGroup\",\"logs:DescribeLogStreams\",\"logs:DescribeMetricFilters\",\"logs:GetLogGroupFields\",\"logs:CreateLogGroup\"],\"Effect\":\"Allow\",\"Resource\":\"arn:aws:logs:*:*:log-group:*\",\"Sid\":\"VisualEditor1\"},{\"Action\":[\"logs:CreateLogDelivery\",\"logs:DescribeLogGroups\",\"logs:ListLogGroupsForQuery\",\"logs:GetLogDelivery\",\"logs:ListLogGroups\",\"logs:DescribeDestinations\"],\"Effect\":\"Allow\",\"Resource\":\"*\",\"Sid\":\"VisualEditor2\"}],\"Version\":\"2012-10-17\"}","policy_id":"ANPAXPCNCYX6FEYRTI5GG","tags":{},"tags_all":{}},"after":{"arn":"arn:aws:iam::513410254332:policy/cloudwatch-agent-policy","description":"Policy for EC2 instances to send logs to CloudWatch","id":"arn:aws:iam::513410254332:policy/cloudwatch-agent-policy","name":"cloudwatch-agent-policy","name_prefix":"","path":"/","policy":"{\"Statement\":[{\"Action\":[\"logs:CreateLogStream\",\"logs:GetLogEvents\",\"logs:DeleteLogStream\",\"logs:PutLogEvents\"],\"Effect\":\"Allow\",\"Resource\":\"arn:aws:logs:*:*:log-group:*:log-stream:*\",\"Sid\":\"VisualEditor0\"},{\"Action\":[\"logs:ListTagsLogGroup\",\"logs:GetLogRecord\",\"logs:DeleteLogGroup\",\"logs:DescribeLogStreams\",\"logs:DescribeMetricFilters\",\"logs:GetLogGroupFields\",\"logs:CreateLogGroup\"],\"Effect\":\"Allow\",\"Resource\":\"arn:aws:logs:*:*:log-group:*\",\"Sid\":\"VisualEditor1\"},{\"Action\":[\"logs:CreateLogDelivery\",\"logs:DescribeLogGroups\",\"logs:ListLogGroupsForQuery\",\"logs:GetLogDelivery\",\"logs:ListLogGroups\",\"logs:DescribeDestinations\"],\"Effect\":\"Allow\",\"Resource\":\"*\",\"Sid\":\"VisualEditor2\"}],\"Version\":\"2012-10-17\"}","policy_id":"ANPAXPCNCYX6FEYRTI5GG","tags":{},"tags_all":{}},"after_unknown":{},"before_sensitive":{"tags":{},"tags_all":{}},"after_sensitive":{"tags":{},"tags_all":{}}}},{"address":"module.iam_role.aws_iam_role.s3_ssm_CW_role","module_address":"module.iam_role","mode":"managed","type":"aws_iam_role","name":"s3_ssm_CW_role","provider_name":"registry.terraform.io/hashicorp/aws","change":{"actions":["no-op"],"before":{"arn":"arn:aws:iam::513410254332:role/S3-SSM-CW-Role","assume_role_policy":"{\"Statement\":[{\"Action\":\"sts:AssumeRole\",\"Effect\":\"Allow\",\"Principal\":{\"Service\":\"ec2.amazonaws.com\"}}],\"Version\":\"2012-10-17\"}","create_date":"2025-10-23T12:11:53Z","description":"","force_detach_policies":false,"id":"S3-SSM-CW-Role","inline_policy":[],"managed_policy_arns":["arn:aws:iam::513410254332:policy/cloudwatch-agent-policy","arn:aws:iam::aws:policy/AmazonS3ReadOnlyAccess","arn:aws:iam::aws:policy/AmazonSSMManagedInstanceCore","arn:aws:iam::aws:policy/AmazonSSMReadOnlyAccess","arn:aws:iam::aws:policy/SecretsManagerReadWrite"],"max_session_duration":3600,"name":"S3-SSM-CW-Role","name_prefix":"","path":"/","permissions_boundary":null,"role_last_used":[{"last_used_date":"2025-10-23T13:10:10Z","region":"us-east-1"}],"tags":{"Name":"S3-SSM-Role","Purpose":"Allow EC2 to access S3 and use SSM agent"},"tags_all":{"Name":"S3-SSM-Role","Purpose":"Allow EC2 to access S3 and use SSM agent"},"unique_id":"AROAXPCNCYX6AJRCBJG43"},"after":{"arn":"arn:aws:iam::513410254332:role/S3-SSM-CW-Role","assume_role_policy":"{\"Statement\":[{\"Action\":\"sts:AssumeRole\",\"Effect\":\"Allow\",\"Principal\":{\"Service\":\"ec2.amazonaws.com\"}}],\"Version\":\"2012-10-17\"}","create_date":"2025-10-23T12:11:53Z","description":"","force_detach_policies":false,"id":"S3-SSM-CW-Role","inline_policy":[],"managed_policy_arns":["arn:aws:iam::513410254332:policy/cloudwatch-agent-policy","arn:aws:iam::aws:policy/AmazonS3ReadOnlyAccess","arn:aws:iam::aws:policy/AmazonSSMManagedInstanceCore","arn:aws:iam::aws:policy/AmazonSSMReadOnlyAccess","arn:aws:iam::aws:policy/SecretsManagerReadWrite"],"max_session_duration":3600,"name":"S3-SSM-CW-Role","name_prefix":"","path":"/","permissions_boundary":null,"role_last_used":[{"last_used_date":"2025-10-23T13:10:10Z","region":"us-east-1"}],"tags":{"Name":"S3-SSM-Role","Purpose":"Allow EC2 to access S3 and use SSM agent"},"tags_all":{"Name":"S3-SSM-Role","Purpose":"Allow EC2 to access S3 and use SSM agent"},"unique_id":"AROAXPCNCYX6AJRCBJG43"},"after_unknown":{},"before_sensitive":{"inline_policy":[],"managed_policy_arns":[false,false,false,false,false],"role_last_used":[{}],"tags":{},"tags_all":{}},"after_sensitive":{"inline_policy":[],"managed_policy_arns":[false,false,false,false,false],"role_last_used":[{}],"tags":{},"tags_all":{}}}},{"address":"module.iam_role.aws_iam_role.vpc_flow_logs_role","module_address":"module.iam_role","mode":"managed","type":"aws_iam_role","name":"vpc_flow_logs_role","provider_name":"registry.terraform.io/hashicorp/aws","change":{"actions":["no-op"],"before":{"arn":"arn:aws:iam::513410254332:role/VPCFlowLogsRole","assume_role_policy":"{\"Statement\":[{\"Action\":\"sts:AssumeRole\",\"Effect\":\"Allow\",\"Principal\":{\"Service\":\"vpc-flow-logs.amazonaws.com\"}}],\"Version\":\"2012-10-17\"}","create_date":"2025-10-23T12:11:53Z","description":"","force_detach_policies":false,"id":"VPCFlowLogsRole","inline_policy":[],"managed_policy_arns":[],"max_session_duration":3600,"name":"VPCFlowLogsRole","name_prefix":"","path":"/","permissions_boundary":null,"role_last_used":[{"last_used_date":"","region":""}],"tags":{},"tags_all":{},"unique_id":"AROAXPCNCYX6JNFAH4UTD"},"after":{"arn":"arn:aws:iam::513410254332:role/VPCFlowLogsRole","assume_role_policy":"{\"Statement\":[{\"Action\":\"sts:AssumeRole\",\"Effect\":\"Allow\",\"Principal\":{\"Service\":\"vpc-flow-logs.amazonaws.com\"}}],\"Version\":\"2012-10-17\"}","create_date":"2025-10-23T12:11:53Z","description":"","force_detach_policies":false,"id":"VPCFlowLogsRole","inline_policy":[],"managed_policy_arns":[],"max_session_duration":3600,"name":"VPCFlowLogsRole","name_prefix":"","path":"/","permissions_boundary":null,"role_last_used":[{"last_used_date":"","region":""}],"tags":{},"tags_all":{},"unique_id":"AROAXPCNCYX6JNFAH4UTD"},"after_unknown":{},"before_sensitive":{"inline_policy":[],"managed_policy_arns":[],"role_last_used":[{}],"tags":{},"tags_all":{}},"after_sensitive":{"inline_policy":[],"managed_policy_arns":[],"role_last_used":[{}],"tags":{},"tags_all":{}}}},{"address":"module.iam_role.aws_iam_role_policy_attachment.cloudwatch_agent_attachment","module_address":"module.iam_role","mode":"managed","type":"aws_iam_role_policy_attachment","name":"cloudwatch_agent_attachment","provider_name":"registry.terraform.io/hashicorp/aws","change":{"actions":["no-op"],"before":{"id":"S3-SSM-CW-Role-20251023121153638800000002","policy_arn":"arn:aws:iam::513410254332:policy/cloudwatch-agent-policy","role":"S3-SSM-CW-Role"},"after":{"id":"S3-SSM-CW-Role-20251023121153638800000002","policy_arn":"arn:aws:iam::513410254332:policy/cloudwatch-agent-policy","role":"S3-SSM-CW-Role"},"after_unknown":{},"before_sensitive":{},"after_sensitive":{}}},{"address":"module.iam_role.aws_iam_role_policy_attachment.s3_readonly_attach","module_address":"module.iam_role","mode":"managed","type":"aws_iam_role_policy_attachment","name":"s3_readonly_attach","provider_name":"registry.terraform.io/hashicorp/aws","change":{"actions":["no-op"],"before":{"id":"S3-SSM-CW-Role-20251023121153959900000006","policy_arn":"arn:aws:iam::aws:policy/AmazonS3ReadOnlyAccess","role":"S3-SSM-CW-Role"},"after":{"id":"S3-SSM-CW-Role-20251023121153959900000006","policy_arn":"arn:aws:iam::aws:policy/AmazonS3ReadOnlyAccess","role":"S3-SSM-CW-Role"},"after_unknown":{},"before_sensitive":{},"after_sensitive":{}}},{"address":"module.iam_role.aws_iam_role_policy_attachment.secret_manager-ReadWrite","module_address":"module.iam_role","mode":"managed","type":"aws_iam_role_policy_attachment","name":"secret_manager-ReadWrite","provider_name":"registry.terraform.io/hashicorp/aws","change":{"actions":["no-op"],"before":{"id":"S3-SSM-CW-Role-20251023121153941800000005","policy_arn":"arn:aws:iam::aws:policy/SecretsManagerReadWrite","role":"S3-SSM-CW-Role"},"after":{"id":"S3-SSM-CW-Role-20251023121153941800000005","policy_arn":"arn:aws:iam::aws:policy/SecretsManagerReadWrite","role":"S3-SSM-CW-Role"},"after_unknown":{},"before_sensitive":{},"after_sensitive":{}}},{"address":"module.iam_role.aws_iam_role_policy_attachment.ssm_core_attach","module_address":"module.iam_role","mode":"managed","type":"aws_iam_role_policy_attachment","name":"ssm_core_attach","provider_name":"registry.terraform.io/hashicorp/aws","change":{"actions":["no-op"],"before":{"id":"S3-SSM-CW-Role-20251023121153654800000003","policy_arn":"arn:aws:iam::aws:policy/AmazonSSMManagedInstanceCore","role":"S3-SSM-CW-Role"},"after":{"id":"S3-SSM-CW-Role-20251023121153654800000003","policy_arn":"arn:aws:iam::aws:policy/AmazonSSMManagedInstanceCore","role":"S3-SSM-CW-Role"},"after_unknown":{},"before_sensitive":{},"after_sensitive":{}}},{"address":"module.iam_role.aws_iam_role_policy_attachment.ssmparameter_read_only","module_address":"module.iam_role","mode":"managed","type":"aws_iam_role_policy_attachment","name":"ssmparameter_read_only","provider_name":"registry.terraform.io/hashicorp/aws","change":{"actions":["no-op"],"before":{"id":"S3-SSM-CW-Role-20251023121153658100000004","policy_arn":"arn:aws:iam::aws:policy/AmazonSSMReadOnlyAccess","role":"S3-SSM-CW-Role"},"after":{"id":"S3-SSM-CW-Role-20251023121153658100000004","policy_arn":"arn:aws:iam::aws:policy/AmazonSSMReadOnlyAccess","role":"S3-SSM-CW-Role"},"after_unknown":{},"before_sensitive":{},"after_sensitive":{}}},{"address":"module.iam_role.aws_s3_bucket.vpc_flow_logs_bucket","module_address":"module.iam_role","mode":"managed","type":"aws_s3_bucket","name":"vpc_flow_logs_bucket","provider_name":"registry.terraform.io/hashicorp/aws","change":{"actions":["no-op"],"before":{"acceleration_status":"","acl":null,"arn":"arn:aws:s3:::vpc-flow-log-s3-bucket-panda","bucket":"vpc-flow-log-s3-bucket-panda","bucket_domain_name":"vpc-flow-log-s3-bucket-panda.s3.amazonaws.com","bucket_prefix":"","bucket_regional_domain_name":"vpc-flow-log-s3-bucket-panda.s3.amazonaws.com","cors_rule":[],"force_destroy":false,"grant":[{"id":"1b8188c46fd8935275c8f66d99e3c7fda4fc46ac42327479ee84342e70e029cb","permissions":["FULL_CONTROL"],"type":"CanonicalUser","uri":""}],"hosted_zone_id":"Z3AQBSTGFYJSTF","id":"vpc-flow-log-s3-bucket-panda","lifecycle_rule":[],"logging":[],"object_lock_configuration":[],"object_lock_enabled":false,"policy":"{\"Statement\":[{\"Action\":\"s3:PutObject\",\"Condition\":{\"ArnLike\":{\"aws:SourceArn\":\"arn:aws:logs:us-east-1:513410254332:*\"},\"StringEquals\":{\"aws:SourceAccount\":\"513410254332\",\"s3:x-amz-acl\":\"bucket-owner-full-control\"}},\"Effect\":\"Allow\",\"Principal\":{\"Service\":\"delivery.logs.amazonaws.com\"},\"Resource\":\"arn:aws:s3:::vpc-flow-log-s3-bucket-panda/AWSLogs/513410254332/*\",\"Sid\":\"AWSLogDeliveryWrite\"},{\"Action\":\"s3:GetBucketAcl\",\"Condition\":{\"ArnLike\":{\"aws:SourceArn\":\"arn:aws:logs:us-east-1:513410254332:*\"},\"StringEquals\":{\"aws:SourceAccount\":\"513410254332\"}},\"Effect\":\"Allow\",\"Principal\":{\"Service\":\"delivery.logs.amazonaws.com\"},\"Resource\":\"arn:aws:s3:::vpc-flow-log-s3-bucket-panda\",\"Sid\":\"AWSLogDeliveryAclCheck\"}],\"Version\":\"2012-10-17\"}","region":"us-east-1","replication_configuration":[],"request_payer":"BucketOwner","server_side_encryption_configuration":[{"rule":[{"apply_server_side_encryption_by_default":[{"kms_master_key_id":"","sse_algorithm":"AES256"}],"bucket_key_enabled":false}]}],"tags":{},"tags_all":{},"timeouts":null,"versioning":[{"enabled":false,"mfa_delete":false}],"website":[],"website_domain":null,"website_endpoint":null},"after":{"acceleration_status":"","acl":null,"arn":"arn:aws:s3:::vpc-flow-log-s3-bucket-panda","bucket":"vpc-flow-log-s3-bucket-panda","bucket_domain_name":"vpc-flow-log-s3-bucket-panda.s3.amazonaws.com","bucket_prefix":"","bucket_regional_domain_name":"vpc-flow-log-s3-bucket-panda.s3.amazonaws.com","cors_rule":[],"force_destroy":false,"grant":[{"id":"1b8188c46fd8935275c8f66d99e3c7fda4fc46ac42327479ee84342e70e029cb","permissions":["FULL_CONTROL"],"type":"CanonicalUser","uri":""}],"hosted_zone_id":"Z3AQBSTGFYJSTF","id":"vpc-flow-log-s3-bucket-panda","lifecycle_rule":[],"logging":[],"object_lock_configuration":[],"object_lock_enabled":false,"policy":"{\"Statement\":[{\"Action\":\"s3:PutObject\",\"Condition\":{\"ArnLike\":{\"aws:SourceArn\":\"arn:aws:logs:us-east-1:513410254332:*\"},\"StringEquals\":{\"aws:SourceAccount\":\"513410254332\",\"s3:x-amz-acl\":\"bucket-owner-full-control\"}},\"Effect\":\"Allow\",\"Principal\":{\"Service\":\"delivery.logs.amazonaws.com\"},\"Resource\":\"arn:aws:s3:::vpc-flow-log-s3-bucket-panda/AWSLogs/513410254332/*\",\"Sid\":\"AWSLogDeliveryWrite\"},{\"Action\":\"s3:GetBucketAcl\",\"Condition\":{\"ArnLike\":{\"aws:SourceArn\":\"arn:aws:logs:us-east-1:513410254332:*\"},\"StringEquals\":{\"aws:SourceAccount\":\"513410254332\"}},\"Effect\":\"Allow\",\"Principal\":{\"Service\":\"delivery.logs.amazonaws.com\"},\"Resource\":\"arn:aws:s3:::vpc-flow-log-s3-bucket-panda\",\"Sid\":\"AWSLogDeliveryAclCheck\"}],\"Version\":\"2012-10-17\"}","region":"us-east-1","replication_configuration":[],"request_payer":"BucketOwner","server_side_encryption_configuration":[{"rule":[{"apply_server_side_encryption_by_default":[{"kms_master_key_id":"","sse_algorithm":"AES256"}],"bucket_key_enabled":false}]}],"tags":{},"tags_all":{},"timeouts":null,"versioning":[{"enabled":false,"mfa_delete":false}],"website":[],"website_domain":null,"website_endpoint":null},"after_unknown":{},"before_sensitive":{"cors_rule":[],"grant":[{"permissions":[false]}],"lifecycle_rule":[],"logging":[],"object_lock_configuration":[],"replication_configuration":[],"server_side_encryption_configuration":[{"rule":[{"apply_server_side_encryption_by_default":[{}]}]}],"tags":{},"tags_all":{},"versioning":[{}],"website":[]},"after_sensitive":{"cors_rule":[],"grant":[{"permissions":[false]}],"lifecycle_rule":[],"logging":[],"object_lock_configuration":[],"replication_configuration":[],"server_side_encryption_configuration":[{"rule":[{"apply_server_side_encryption_by_default":[{}]}]}],"tags":{},"tags_all":{},"versioning":[{}],"website":[]}}},{"address":"module.iam_role.aws_s3_bucket_acl.acl","module_address":"module.iam_role","mode":"managed","type":"aws_s3_bucket_acl","name":"acl","provider_name":"registry.terraform.io/hashicorp/aws","change":{"actions":["no-op"],"before":{"access_control_policy":[{"grant":[{"grantee":[{"display_name":"","email_address":"","id":"1b8188c46fd8935275c8f66d99e3c7fda4fc46ac42327479ee84342e70e029cb","type":"CanonicalUser","uri":""}],"permission":"FULL_CONTROL"}],"owner":[{"display_name":"","id":"1b8188c46fd8935275c8f66d99e3c7fda4fc46ac42327479ee84342e70e029cb"}]}],"acl":"private","bucket":"vpc-flow-log-s3-bucket-panda","expected_bucket_owner":"","id":"vpc-flow-log-s3-bucket-panda,private"},"after":{"access_control_policy":[{"grant":[{"grantee":[{"display_name":"","email_address":"","id":"1b8188c46fd8935275c8f66d99e3c7fda4fc46ac42327479ee84342e70e029cb","type":"CanonicalUser","uri":""}],"permission":"FULL_CONTROL"}],"owner":[{"display_name":"","id":"1b8188c46fd8935275c8f66d99e3c7fda4fc46ac42327479ee84342e70e029cb"}]}],"acl":"private","bucket":"vpc-flow-log-s3-bucket-panda","expected_bucket_owner":"","id":"vpc-flow-log-s3-bucket-panda,private"},"after_unknown":{},"before_sensitive":{"access_control_policy":[{"grant":[{"grantee":[{}]}],"owner":[{}]}]},"after_sensitive":{"access_control_policy":[{"grant":[{"grantee":[{}]}],"owner":[{}]}]}}},{"address":"module.iam_role.aws_s3_bucket_ownership_controls.vpc_flow_logs","module_address":"module.iam_role","mode":"managed","type":"aws_s3_bucket_ownership_controls","name":"vpc_flow_logs","provider_name":"registry.terraform.io/hashicorp/aws","change":{"actions":["no-op"],"before":{"bucket":"vpc-flow-log-s3-bucket-panda","id":"vpc-flow-log-s3-bucket-panda","rule":[{"object_ownership":"BucketOwnerPreferred"}]},"after":{"bucket":"vpc-flow-log-s3-bucket-panda","id":"vpc-flow-log-s3-bucket-panda","rule":[{"object_ownership":"BucketOwnerPreferred"}]},"after_unknown":{},"before_sensitive":{"rule":[{}]},"after_sensitive":{"rule":[{}]}}},{"address":"module.iam_role.aws_s3_bucket_policy.vpc_flow_logs","module_address":"module.iam_role","mode":"managed","type":"aws_s3_bucket_policy","name":"vpc_flow_logs","provider_name":"registry.terraform.io/hashicorp/aws","change":{"actions":["no-op"],"before":{"bucket":"vpc-flow-log-s3-bucket-panda","id":"vpc-flow-log-s3-bucket-panda","policy":"{\"Statement\":[{\"Action\":\"s3:PutObject\",\"Condition\":{\"ArnLike\":{\"aws:SourceArn\":\"arn:aws:logs:us-east-1:513410254332:*\"},\"StringEquals\":{\"aws:SourceAccount\":\"513410254332\",\"s3:x-amz-acl\":\"bucket-owner-full-control\"}},\"Effect\":\"Allow\",\"Principal\":{\"Service\":\"delivery.logs.amazonaws.com\"},\"Resource\":\"arn:aws:s3:::vpc-flow-log-s3-bucket-panda/AWSLogs/513410254332/*\",\"Sid\":\"AWSLogDeliveryWrite\"},{\"Action\":\"s3:GetBucketAcl\",\"Condition\":{\"ArnLike\":{\"aws:SourceArn\":\"arn:aws:logs:us-east-1:513410254332:*\"},\"StringEquals\":{\"aws:SourceAccount\":\"513410254332\"}},\"Effect\":\"Allow\",\"Principal\":{\"Service\":\"delivery.logs.amazonaws.com\"},\"Resource\":\"arn:aws:s3:::vpc-flow-log-s3-bucket-panda\",\"Sid\":\"AWSLogDeliveryAclCheck\"}],\"Version\":\"2012-10-17\"}"},"after":{"bucket":"vpc-flow-log-s3-bucket-panda","id":"vpc-flow-log-s3-bucket-panda","policy":"{\"Statement\":[{\"Action\":\"s3:PutObject\",\"Condition\":{\"ArnLike\":{\"aws:SourceArn\":\"arn:aws:logs:us-east-1:513410254332:*\"},\"StringEquals\":{\"aws:SourceAccount\":\"513410254332\",\"s3:x-amz-acl\":\"bucket-owner-full-control\"}},\"Effect\":\"Allow\",\"Principal\":{\"Service\":\"delivery.logs.amazonaws.com\"},\"Resource\":\"arn:aws:s3:::vpc-flow-log-s3-bucket-panda/AWSLogs/513410254332/*\",\"Sid\":\"AWSLogDeliveryWrite\"},{\"Action\":\"s3:GetBucketAcl\",\"Condition\":{\"ArnLike\":{\"aws:SourceArn\":\"arn:aws:logs:us-east-1:513410254332:*\"},\"StringEquals\":{\"aws:SourceAccount\":\"513410254332\"}},\"Effect\":\"Allow\",\"Principal\":{\"Service\":\"delivery.logs.amazonaws.com\"},\"Resource\":\"arn:aws:s3:::vpc-flow-log-s3-bucket-panda\",\"Sid\":\"AWSLogDeliveryAclCheck\"}],\"Version\":\"2012-10-17\"}"},"after_unknown":{},"before_sensitive":{},"after_sensitive":{}}},{"address":"module.iam_role.aws_s3_bucket_public_access_block.vpc_flow_logs","module_address":"module.iam_role","mode":"managed","type":"aws_s3_bucket_public_access_block","name":"vpc_flow_logs","provider_name":"registry.terraform.io/hashicorp/aws","change":{"actions":["no-op"],"before":{"block_public_acls":true,"block_public_policy":true,"bucket":"vpc-flow-log-s3-bucket-panda","id":"vpc-flow-log-s3-bucket-panda","ignore_public_acls":true,"restrict_public_buckets":true},"after":{"block_public_acls":true,"block_public_policy":true,"bucket":"vpc-flow-log-s3-bucket-panda","id":"vpc-flow-log-s3-bucket-panda","ignore_public_acls":true,"restrict_public_buckets":true},"after_unknown":{},"before_sensitive":{},"after_sensitive":{}}},{"address":"module.iam_role.aws_s3_bucket_server_side_encryption_configuration.SSE_config","module_address":"module.iam_role","mode":"managed","type":"aws_s3_bucket_server_side_encryption_configuration","name":"SSE_config","provider_name":"registry.terraform.io/hashicorp/aws","change":{"actions":["no-op"],"before":{"bucket":"vpc-flow-log-s3-bucket-panda","expected_bucket_owner":"","id":"vpc-flow-log-s3-bucket-panda","rule":[{"apply_server_side_encryption_by_default":[{"kms_master_key_id":"","sse_algorithm":"AES256"}],"bucket_key_enabled":false}]},"after":{"bucket":"vpc-flow-log-s3-bucket-panda","expected_bucket_owner":"","id":"vpc-flow-log-s3-bucket-panda","rule":[{"apply_server_side_encryption_by_default":[{"kms_master_key_id":"","sse_algorithm":"AES256"}],"bucket_key_enabled":false}]},"after_unknown":{},"before_sensitive":{"rule":[{"apply_server_side_encryption_by_default":[{}]}]},"after_sensitive":{"rule":[{"apply_server_side_encryption_by_default":[{}]}]}}},{"address":"module.nat_instance.aws_instance.nat_ec2_instance","module_address":"module.nat_instance","mode":"managed","type":"aws_instance","name":"nat_ec2_instance","provider_name":"registry.terraform.io/hashicorp/aws","change":{"actions":["no-op"],"before":{"ami":"ami-0858e76ce571eb464","arn":"arn:aws:ec2:us-east-1:513410254332:instance/i-0a6df63f99dc4fc15","associate_public_ip_address":true,"availability_zone":"us-east-1a","capacity_reservation_specification":[{"capacity_reservation_preference":"open","capacity_reservation_target":[]}],"cpu_core_count":2,"cpu_options":[{"amd_sev_snp":"","core_count":2,"threads_per_core":1}],"cpu_threads_per_core":1,"credit_specification":[{"cpu_credits":"unlimited"}],"disable_api_stop":false,"disable_api_termination":false,"ebs_block_device":[],"ebs_optimized":false,"enclave_options":[{"enabled":false}],"ephemeral_block_device":[],"get_password_data":false,"hibernation":false,"host_id":"","host_resource_group_arn":null,"iam_instance_profile":"S3-SSM-CW-Profile","id":"i-0a6df63f99dc4fc15","instance_initiated_shutdown_behavior":"stop","instance_state":"running","instance_type":"t4g.micro","ipv6_address_count":0,"ipv6_addresses":[],"key_name":"","launch_template":[],"maintenance_options":[{"auto_recovery":"default"}],"metadata_options":[{"http_endpoint":"enabled","http_put_response_hop_limit":2,"http_tokens":"required","instance_metadata_tags":"disabled"}],"monitoring":false,"network_interface":[],"outpost_arn":"","password_data":"","placement_group":"","placement_partition_number":0,"primary_network_interface_id":"eni-001d15b595c1ee6fc","private_dns":"ip-10-0-1-45.ec2.internal","private_dns_name_options":[{"enable_resource_name_dns_a_record":false,"enable_resource_name_dns_aaaa_record":false,"hostname_type":"ip-name"}],"private_ip":"10.0.1.45","public_dns":"ec2-34-205-9-230.compute-1.amazonaws.com","public_ip":"34.205.9.230","root_block_device":[{"delete_on_termination":true,"device_name":"/dev/xvda","encrypted":false,"iops":0,"kms_key_id":"","tags":{},"throughput":0,"volume_id":"vol-0c18a25abcf170a39","volume_size":8,"volume_type":"standard"}],"secondary_private_ips":[],"security_groups":[],"source_dest_check":false,"subnet_id":"subnet-02a62a8d91fd9772e","tags":{"Environment":"dev","Name":"self-managed-nat-ec2-instance","Terraform":"true"},"tags_all":{"Environment":"dev","Name":"self-managed-nat-ec2-instance","Terraform":"true"},"tenancy":"default","timeouts":null,"user_data":"37466f4f64deda81aba492cc4903affd8f02bc1b","user_data_base64":null,"user_data_replace_on_change":false,"volume_tags":null,"vpc_security_group_ids":["sg-05454c25137b66934"]},"after":{"ami":"ami-0858e76ce571eb464","arn":"arn:aws:ec2:us-east-1:513410254332:instance/i-0a6df63f99dc4fc15","associate_public_ip_address":true,"availability_zone":"us-east-1a","capacity_reservation_specification":[{"capacity_reservation_preference":"open","capacity_reservation_target":[]}],"cpu_core_count":2,"cpu_options":[{"amd_sev_snp":"","core_count":2,"threads_per_core":1}],"cpu_threads_per_core":1,"credit_specification":[{"cpu_credits":"unlimited"}],"disable_api_stop":false,"disable_api_termination":false,"ebs_block_device":[],"ebs_optimized":false,"enclave_options":[{"enabled":false}],"ephemeral_block_device":[],"get_password_data":false,"hibernation":false,"host_id":"","host_resource_group_arn":null,"iam_instance_profile":"S3-SSM-CW-Profile","id":"i-0a6df63f99dc4fc15","instance_initiated_shutdown_behavior":"stop","instance_state":"running","instance_type":"t4g.micro","ipv6_address_count":0,"ipv6_addresses":[],"key_name":"","launch_template":[],"maintenance_options":[{"auto_recovery":"default"}],"metadata_options":[{"http_endpoint":"enabled","http_put_response_hop_limit":2,"http_tokens":"required","instance_metadata_tags":"disabled"}],"monitoring":false,"network_interface":[],"outpost_arn":"","password_data":"","placement_group":"","placement_partition_number":0,"primary_network_interface_id":"eni-001d15b595c1ee6fc","private_dns":"ip-10-0-1-45.ec2.internal","private_dns_name_options":[{"enable_resource_name_dns_a_record":false,"enable_resource_name_dns_aaaa_record":false,"hostname_type":"ip-name"}],"private_ip":"10.0.1.45","public_dns":"ec2-34-205-9-230.compute-1.amazonaws.com","public_ip":"34.205.9.230","root_block_device":[{"delete_on_termination":true,"device_name":"/dev/xvda","encrypted":false,"iops":0,"kms_key_id":"","tags":{},"throughput":0,"volume_id":"vol-0c18a25abcf170a39","volume_size":8,"volume_type":"standard"}],"secondary_private_ips":[],"security_groups":[],"source_dest_check":false,"subnet_id":"subnet-02a62a8d91fd9772e","tags":{"Environment":"dev","Name":"self-managed-nat-ec2-instance","Terraform":"true"},"tags_all":{"Environment":"dev","Name":"self-managed-nat-ec2-instance","Terraform":"true"},"tenancy":"default","timeouts":null,"user_data":"37466f4f64deda81aba492cc4903affd8f02bc1b","user_data_base64":null,"user_data_replace_on_change":false,"volume_tags":null,"vpc_security_group_ids":["sg-05454c25137b66934"]},"after_unknown":{},"before_sensitive":{"capacity_reservation_specification":[{"capacity_reservation_target":[]}],"cpu_options":[{}],"credit_specification":[{}],"ebs_block_device":[],"enclave_options":[{}],"ephemeral_block_device":[],"ipv6_addresses":[],"launch_template":[],"maintenance_options":[{}],"metadata_options":[{}],"network_interface":[],"private_dns_name_options":[{}],"root_block_device":[{"tags":{}}],"secondary_private_ips":[],"security_groups":[],"tags":{},"tags_all":{},"vpc_security_group_ids":[false]},"after_sensitive":{"capacity_reservation_specification":[{"capacity_reservation_target":[]}],"cpu_options":[{}],"credit_specification":[{}],"ebs_block_device":[],"enclave_options":[{}],"ephemeral_block_device":[],"ipv6_addresses":[],"launch_template":[],"maintenance_options":[{}],"metadata_options":[{}],"network_interface":[],"private_dns_name_options":[{}],"root_block_device":[{"tags":{}}],"secondary_private_ips":[],"security_groups":[],"tags":{},"tags_all":{},"vpc_security_group_ids":[false]}}},{"address":"module.nat_instance.aws_route_table.pri-rt-a","module_address":"module.nat_instance","mode":"managed","type":"aws_route_table","name":"pri-rt-a","provider_name":"registry.terraform.io/hashicorp/aws","change":{"actions":["update"],"before":{"arn":"arn:aws:ec2:us-east-1:513410254332:route-table/rtb-0e2f670a825c80f45","id":"rtb-0e2f670a825c80f45","owner_id":"513410254332","propagating_vgws":[],"route":[{"carrier_gateway_id":"","cidr_block":"0.0.0.0/0","core_network_arn":"","destination_prefix_list_id":"","egress_only_gateway_id":"","gateway_id":"","instance_id":"i-0a6df63f99dc4fc15","ipv6_cidr_block":"","local_gateway_id":"","nat_gateway_id":"","network_interface_id":"eni-001d15b595c1ee6fc","transit_gateway_id":"","vpc_endpoint_id":"","vpc_peering_connection_id":""}],"tags":{"Name":"Pri-rt-a"},"tags_all":{"Name":"Pri-rt-a"},"timeouts":null,"vpc_id":"vpc-0ed9c7463763df965"},"after":{"arn":"arn:aws:ec2:us-east-1:513410254332:route-table/rtb-0e2f670a825c80f45","id":"rtb-0e2f670a825c80f45","owner_id":"513410254332","propagating_vgws":[],"route":[{"carrier_gateway_id":"","cidr_block":"0.0.0.0/0","core_network_arn":"","destination_prefix_list_id":"","egress_only_gateway_id":"","gateway_id":"","instance_id":"","ipv6_cidr_block":"","local_gateway_id":"","nat_gateway_id":"","network_interface_id":"eni-001d15b595c1ee6fc","transit_gateway_id":"","vpc_endpoint_id":"","vpc_peering_connection_id":""}],"tags":{"Name":"Pri-rt-a"},"tags_all":{"Name":"Pri-rt-a"},"timeouts":null,"vpc_id":"vpc-0ed9c7463763df965"},"after_unknown":{},"before_sensitive":{"propagating_vgws":[],"route":[{}],"tags":{},"tags_all":{}},"after_sensitive":{"propagating_vgws":[],"route":[{}],"tags":{},"tags_all":{}}}},{"address":"module.nat_instance.aws_route_table.pri-rt-b","module_address":"module.nat_instance","mode":"managed","type":"aws_route_table","name":"pri-rt-b","provider_name":"registry.terraform.io/hashicorp/aws","change":{"actions":["update"],"before":{"arn":"arn:aws:ec2:us-east-1:513410254332:route-table/rtb-0791f4f85a3964a5b","id":"rtb-0791f4f85a3964a5b","owner_id":"513410254332","propagating_vgws":[],"route":[{"carrier_gateway_id":"","cidr_block":"0.0.0.0/0","core_network_arn":"","destination_prefix_list_id":"","egress_only_gateway_id":"","gateway_id":"","instance_id":"i-0a6df63f99dc4fc15","ipv6_cidr_block":"","local_gateway_id":"","nat_gateway_id":"","network_interface_id":"eni-001d15b595c1ee6fc","transit_gateway_id":"","vpc_endpoint_id":"","vpc_peering_connection_id":""}],"tags":{"Name":"pri-rt-b"},"tags_all":{"Name":"pri-rt-b"},"timeouts":null,"vpc_id":"vpc-0ed9c7463763df965"},"after":{"arn":"arn:aws:ec2:us-east-1:513410254332:route-table/rtb-0791f4f85a3964a5b","id":"rtb-0791f4f85a3964a5b","owner_id":"513410254332","propagating_vgws":[],"route":[{"carrier_gateway_id":"","cidr_block":"0.0.0.0/0","core_network_arn":"","destination_prefix_list_id":"","egress_only_gateway_id":"","gateway_id":"","instance_id":"","ipv6_cidr_block":"","local_gateway_id":"","nat_gateway_id":"","network_interface_id":"eni-001d15b595c1ee6fc","transit_gateway_id":"","vpc_endpoint_id":"","vpc_peering_connection_id":""}],"tags":{"Name":"pri-rt-b"},"tags_all":{"Name":"pri-rt-b"},"timeouts":null,"vpc_id":"vpc-0ed9c7463763df965"},"after_unknown":{},"before_sensitive":{"propagating_vgws":[],"route":[{}],"tags":{},"tags_all":{}},"after_sensitive":{"propagating_vgws":[],"route":[{}],"tags":{},"tags_all":{}}}},{"address":"module.nat_instance.aws_route_table_association.pri-sub-3a-with-Pri-rt-a","module_address":"module.nat_instance","mode":"managed","type":"aws_route_table_association","name":"pri-sub-3a-with-Pri-rt-a","provider_name":"registry.terraform.io/hashicorp/aws","change":{"actions":["no-op"],"before":{"gateway_id":"","id":"rtbassoc-0d3506c1a4ff3de16","route_table_id":"rtb-0e2f670a825c80f45","subnet_id":"subnet-06927b7372ba82f7a","timeouts":null},"after":{"gateway_id":"","id":"rtbassoc-0d3506c1a4ff3de16","route_table_id":"rtb-0e2f670a825c80f45","subnet_id":"subnet-06927b7372ba82f7a","timeouts":null},"after_unknown":{},"before_sensitive":{},"after_sensitive":{}}},{"address":"module.nat_instance.aws_route_table_association.pri-sub-4b-with-Pri-rt-b","module_address":"module.nat_instance","mode":"managed","type":"aws_route_table_association","name":"pri-sub-4b-with-Pri-rt-b","provider_name":"registry.terraform.io/hashicorp/aws","change":{"actions":["no-op"],"before":{"gateway_id":"","id":"rtbassoc-0360bfcb6cb3f7442","route_table_id":"rtb-0e2f670a825c80f45","subnet_id":"subnet-060b9e1c01222f3b7","timeouts":null},"after":{"gateway_id":"","id":"rtbassoc-0360bfcb6cb3f7442","route_table_id":"rtb-0e2f670a825c80f45","subnet_id":"subnet-060b9e1c01222f3b7","timeouts":null},"after_unknown":{},"before_sensitive":{},"after_sensitive":{}}},{"address":"module.nat_instance.aws_route_table_association.pri-sub-5a-with-pri-rt-b","module_address":"module.nat_instance","mode":"managed","type":"aws_route_table_association","name":"pri-sub-5a-with-pri-rt-b","provider_name":"registry.terraform.io/hashicorp/aws","change":{"actions":["no-op"],"before":{"gateway_id":"","id":"rtbassoc-040b5caa53f958da5","route_table_id":"rtb-0791f4f85a3964a5b","subnet_id":"subnet-06d5b3d179bb223f3","timeouts":null},"after":{"gateway_id":"","id":"rtbassoc-040b5caa53f958da5","route_table_id":"rtb-0791f4f85a3964a5b","subnet_id":"subnet-06d5b3d179bb223f3","timeouts":null},"after_unknown":{},"before_sensitive":{},"after_sensitive":{}}},{"address":"module.nat_instance.aws_route_table_association.pri-sub-6b-with-pri-rt-b","module_address":"module.nat_instance","mode":"managed","type":"aws_route_table_association","name":"pri-sub-6b-with-pri-rt-b","provider_name":"registry.terraform.io/hashicorp/aws","change":{"actions":["no-op"],"before":{"gateway_id":"","id":"rtbassoc-08adc770625a65909","route_table_id":"rtb-0791f4f85a3964a5b","subnet_id":"subnet-0ee16b2ed1b905f04","timeouts":null},"after":{"gateway_id":"","id":"rtbassoc-08adc770625a65909","route_table_id":"rtb-0791f4f85a3964a5b","subnet_id":"subnet-0ee16b2ed1b905f04","timeouts":null},"after_unknown":{},"before_sensitive":{},"after_sensitive":{}}},{"address":"module.nat_instance.aws_security_group.nat_ec2_sg","module_address":"module.nat_instance","mode":"managed","type":"aws_security_group","name":"nat_ec2_sg","provider_name":"registry.terraform.io/hashicorp/aws","change":{"actions":["no-op"],"before":{"arn":"arn:aws:ec2:us-east-1:513410254332:security-group/sg-05454c25137b66934","description":"Security group of Self-Managed NAT EC2 Instance","egress":[{"cidr_blocks":["0.0.0.0/0"],"description":"Allow all outbound traffic","from_port":0,"ipv6_cidr_blocks":[],"prefix_list_ids":[],"protocol":"-1","security_groups":[],"self":false,"to_port":0}],"id":"sg-05454c25137b66934","ingress":[{"cidr_blocks":["10.0.0.0/16"],"description":"Allow all TCP traffic from VPC CIDR","from_port":0,"ipv6_cidr_blocks":[],"prefix_list_ids":[],"protocol":"tcp","security_groups":[],"self":false,"to_port":65535}],"name":"self-managed-nat-ec2-sg","name_prefix":"","owner_id":"513410254332","revoke_rules_on_delete":false,"tags":{"Environment":"dev","Name":"self-managed-nat-ec2-instance-sg","Terraform":"true"},"tags_all":{"Environment":"dev","Name":"self-managed-nat-ec2-instance-sg","Terraform":"true"},"timeouts":null,"vpc_id":"vpc-0ed9c7463763df965"},"after":{"arn":"arn:aws:ec2:us-east-1:513410254332:security-group/sg-05454c25137b66934","description":"Security group of Self-Managed NAT EC2 Instance","egress":[{"cidr_blocks":["0.0.0.0/0"],"description":"Allow all outbound traffic","from_port":0,"ipv6_cidr_blocks":[],"prefix_list_ids":[],"protocol":"-1","security_groups":[],"self":false,"to_port":0}],"id":"sg-05454c25137b66934","ingress":[{"cidr_blocks":["10.0.0.0/16"],"description":"Allow all TCP traffic from VPC CIDR","from_port":0,"ipv6_cidr_blocks":[],"prefix_list_ids":[],"protocol":"tcp","security_groups":[],"self":false,"to_port":65535}],"name":"self-managed-nat-ec2-sg","name_prefix":"","owner_id":"513410254332","revoke_rules_on_delete":false,"tags":{"Environment":"dev","Name":"self-managed-nat-ec2-instance-sg","Terraform":"true"},"tags_all":{"Environment":"dev","Name":"self-managed-nat-ec2-instance-sg","Terraform":"true"},"timeouts":null,"vpc_id":"vpc-0ed9c7463763df965"},"after_unknown":{},"before_sensitive":{"egress":[{"cidr_blocks":[false],"ipv6_cidr_blocks":[],"prefix_list_ids":[],"security_groups":[]}],"ingress":[{"cidr_blocks":[false],"ipv6_cidr_blocks":[],"prefix_list_ids":[],"security_groups":[]}],"tags":{},"tags_all":{}},"after_sensitive":{"egress":[{"cidr_blocks":[false],"ipv6_cidr_blocks":[],"prefix_list_ids":[],"security_groups":[]}],"ingress":[{"cidr_blocks":[false],"ipv6_cidr_blocks":[],"prefix_list_ids":[],"security_groups":[]}],"tags":{},"tags_all":{}}}},{"address":"module.rds.aws_db_instance.panda-database","module_address":"module.rds","mode":"managed","type":"aws_db_instance","name":"panda-database","provider_name":"registry.terraform.io/hashicorp/aws","change":{"actions":["no-op"],"before":{"address":"panda-dev-db.cw5c4uumw9h5.us-east-1.rds.amazonaws.com","allocated_storage":20,"allow_major_version_upgrade":null,"apply_immediately":false,"arn":"arn:aws:rds:us-east-1:513410254332:db:panda-dev-db","auto_minor_version_upgrade":true,"availability_zone":"us-east-1b","backup_retention_period":0,"backup_window":"07:50-08:20","blue_green_update":[],"ca_cert_identifier":"rds-ca-rsa2048-g1","character_set_name":"","copy_tags_to_snapshot":false,"custom_iam_instance_profile":"","customer_owned_ip_enabled":false,"db_name":"","db_subnet_group_name":"panda-db-subnet-a-b","delete_automated_backups":true,"deletion_protection":false,"domain":"","domain_iam_role_name":"","enabled_cloudwatch_logs_exports":[],"endpoint":"panda-dev-db.cw5c4uumw9h5.us-east-1.rds.amazonaws.com:3306","engine":"mysql","engine_version":"8.0.42","engine_version_actual":"8.0.42","final_snapshot_identifier":null,"hosted_zone_id":"Z2R2ITUGPM61AM","iam_database_authentication_enabled":false,"id":"panda-dev-db","identifier":"panda-dev-db","identifier_prefix":"","instance_class":"db.t4g.micro","iops":0,"kms_key_id":"","latest_restorable_time":"","license_model":"general-public-license","listener_endpoint":[],"maintenance_window":"tue:04:55-tue:05:25","manage_master_user_password":null,"master_user_secret":[],"master_user_secret_kms_key_id":null,"max_allocated_storage":0,"monitoring_interval":0,"monitoring_role_arn":"","multi_az":true,"name":"","nchar_character_set_name":"","network_type":"IPV4","option_group_name":"default:mysql-8-0","parameter_group_name":"default.mysql8.0","password":"Asd1-CaPQ22","performance_insights_enabled":false,"performance_insights_kms_key_id":"","performance_insights_retention_period":0,"port":3306,"publicly_accessible":false,"replica_mode":"","replicas":[],"replicate_source_db":"","resource_id":"db-4ZVMG5BXCY2JU3SVET27NTDIEM","restore_to_point_in_time":[],"s3_import":[],"security_group_names":[],"skip_final_snapshot":true,"snapshot_identifier":null,"status":"available","storage_encrypted":false,"storage_throughput":0,"storage_type":"standard","tags":{"Name":"appdb"},"tags_all":{"Name":"appdb"},"timeouts":null,"timezone":"","username":"admin_3_tier","vpc_security_group_ids":["sg-0e09713dd04b840d0"]},"after":{"address":"panda-dev-db.cw5c4uumw9h5.us-east-1.rds.amazonaws.com","allocated_storage":20,"allow_major_version_upgrade":null,"apply_immediately":false,"arn":"arn:aws:rds:us-east-1:513410254332:db:panda-dev-db","auto_minor_version_upgrade":true,"availability_zone":"us-east-1b","backup_retention_period":0,"backup_window":"07:50-08:20","blue_green_update":[],"ca_cert_identifier":"rds-ca-rsa2048-g1","character_set_name":"","copy_tags_to_snapshot":false,"custom_iam_instance_profile":"","customer_owned_ip_enabled":false,"db_name":"","db_subnet_group_name":"panda-db-subnet-a-b","delete_automated_backups":true,"deletion_protection":false,"domain":"","domain_iam_role_name":"","enabled_cloudwatch_logs_exports":[],"endpoint":"panda-dev-db.cw5c4uumw9h5.us-east-1.rds.amazonaws.com:3306","engine":"mysql","engine_version":"8.0.42","engine_version_actual":"8.0.42","final_snapshot_identifier":null,"hosted_zone_id":"Z2R2ITUGPM61AM","iam_database_authentication_enabled":false,"id":"panda-dev-db","identifier":"panda-dev-db","identifier_prefix":"","instance_class":"db.t4g.micro","iops":0,"kms_key_id":"","latest_restorable_time":"","license_model":"general-public-license","listener_endpoint":[],"maintenance_window":"tue:04:55-tue:05:25","manage_master_user_password":null,"master_user_secret":[],"master_user_secret_kms_key_id":null,"max_allocated_storage":0,"monitoring_interval":0,"monitoring_role_arn":"","multi_az":true,"name":"","nchar_character_set_name":"","network_type":"IPV4","option_group_name":"default:mysql-8-0","parameter_group_name":"default.mysql8.0","password":"Asd1-CaPQ22","performance_insights_enabled":false,"performance_insights_kms_key_id":"","performance_insights_retention_period":0,"port":3306,"publicly_accessible":false,"replica_mode":"","replicas":[],"replicate_source_db":"","resource_id":"db-4ZVMG5BXCY2JU3SVET27NTDIEM","restore_to_point_in_time":[],"s3_import":[],"security_group_names":[],"skip_final_snapshot":true,"snapshot_identifier":null,"status":"available","storage_encrypted":false,"storage_throughput":0,"storage_type":"standard","tags":{"Name":"appdb"},"tags_all":{"Name":"appdb"},"timeouts":null,"timezone":"","username":"admin_3_tier","vpc_security_group_ids":["sg-0e09713dd04b840d0"]},"after_unknown":{},"before_sensitive":{"blue_green_update":[],"enabled_cloudwatch_logs_exports":[],"listener_endpoint":[],"master_user_secret":[],"password":true,"replicas":[],"restore_to_point_in_time":[],"s3_import":[],"security_group_names":[],"tags":{},"tags_all":{},"vpc_security_group_ids":[false]},"after_sensitive":{"blue_green_update":[],"enabled_cloudwatch_logs_exports":[],"listener_endpoint":[],"master_user_secret":[],"password":true,"replicas":[],"restore_to_point_in_time":[],"s3_import":[],"security_group_names":[],"tags":{},"tags_all":{},"vpc_security_group_ids":[false]}}},{"address":"module.rds.aws_db_subnet_group.db-subnet","module_address":"module.rds","mode":"managed","type":"aws_db_subnet_group","name":"db-subnet","provider_name":"registry.terraform.io/hashicorp/aws","change":{"actions":["no-op"],"before":{"arn":"arn:aws:rds:us-east-1:513410254332:subgrp:panda-db-subnet-a-b","description":"Managed by Terraform","id":"panda-db-subnet-a-b","name":"panda-db-subnet-a-b","name_prefix":"","subnet_ids":["subnet-0c48a9d9292782465","subnet-0d173725643e87c49"],"supported_network_types":["IPV4"],"tags":{},"tags_all":{},"vpc_id":"vpc-0ed9c7463763df965"},"after":{"arn":"arn:aws:rds:us-east-1:513410254332:subgrp:panda-db-subnet-a-b","description":"Managed by Terraform","id":"panda-db-subnet-a-b","name":"panda-db-subnet-a-b","name_prefix":"","subnet_ids":["subnet-0c48a9d9292782465","subnet-0d173725643e87c49"],"supported_network_types":["IPV4"],"tags":{},"tags_all":{},"vpc_id":"vpc-0ed9c7463763df965"},"after_unknown":{},"before_sensitive":{"subnet_ids":[false,false],"supported_network_types":[false],"tags":{},"tags_all":{}},"after_sensitive":{"subnet_ids":[false,false],"supported_network_types":[false],"tags":{},"tags_all":{}}}},{"address":"module.route53.aws_acm_certificate.cert","module_address":"module.route53","mode":"managed","type":"aws_acm_certificate","name":"cert","provider_name":"registry.terraform.io/hashicorp/aws","change":{"actions":["no-op"],"before":{"arn":"arn:aws:acm:us-east-1:513410254332:certificate/43ac9a5a-1c1c-4e1c-807d-17318e3329eb","certificate_authority_arn":"","certificate_body":null,"certificate_chain":null,"domain_name":"devsandbox.space","domain_validation_options":[{"domain_name":"devsandbox.space","resource_record_name":"_b826de41894a255c19d48867f1c62d58.devsandbox.space.","resource_record_type":"CNAME","resource_record_value":"_cb3b95319b5da6ef31e4fc91b8f839ef.xlfgrmvvlj.acm-validations.aws."},{"domain_name":"www.devsandbox.space","resource_record_name":"_f6059a8ecf70bca8020a97e1ebecfcc2.www.devsandbox.space.","resource_record_type":"CNAME","resource_record_value":"_e50336ead38ce4b427ce78480c979697.xlfgrmvvlj.acm-validations.aws."}],"early_renewal_duration":"","id":"arn:aws:acm:us-east-1:513410254332:certificate/43ac9a5a-1c1c-4e1c-807d-17318e3329eb","key_algorithm":"RSA_2048","not_after":"2026-11-21T23:59:59Z","not_before":"2025-10-23T00:00:00Z","options":[{"certificate_transparency_logging_preference":"ENABLED"}],"pending_renewal":false,"private_key":null,"renewal_eligibility":"ELIGIBLE","renewal_summary":[],"status":"ISSUED","subject_alternative_names":["devsandbox.space","www.devsandbox.space"],"tags":{"Environment":"test"},"tags_all":{"Environment":"test"},"type":"AMAZON_ISSUED","validation_emails":[],"validation_method":"DNS","validation_option":[]},"after":{"arn":"arn:aws:acm:us-east-1:513410254332:certificate/43ac9a5a-1c1c-4e1c-807d-17318e3329eb","certificate_authority_arn":"","certificate_body":null,"certificate_chain":null,"domain_name":"devsandbox.space","domain_validation_options":[{"domain_name":"devsandbox.space","resource_record_name":"_b826de41894a255c19d48867f1c62d58.devsandbox.space.","resource_record_type":"CNAME","resource_record_value":"_cb3b95319b5da6ef31e4fc91b8f839ef.xlfgrmvvlj.acm-validations.aws."},{"domain_name":"www.devsandbox.space","resource_record_name":"_f6059a8ecf70bca8020a97e1ebecfcc2.www.devsandbox.space.","resource_record_type":"CNAME","resource_record_value":"_e50336ead38ce4b427ce78480c979697.xlfgrmvvlj.acm-validations.aws."}],"early_renewal_duration":"","id":"arn:aws:acm:us-east-1:513410254332:certificate/43ac9a5a-1c1c-4e1c-807d-17318e3329eb","key_algorithm":"RSA_2048","not_after":"2026-11-21T23:59:59Z","not_before":"2025-10-23T00:00:00Z","options":[{"certificate_transparency_logging_preference":"ENABLED"}],"pending_renewal":false,"private_key":null,"renewal_eligibility":"ELIGIBLE","renewal_summary":[],"status":"ISSUED","subject_alternative_names":["devsandbox.space","www.devsandbox.space"],"tags":{"Environment":"test"},"tags_all":{"Environment":"test"},"type":"AMAZON_ISSUED","validation_emails":[],"validation_method":"DNS","validation_option":[]},"after_unknown":{},"before_sensitive":{"domain_validation_options":[{},{}],"options":[{}],"private_key":true,"renewal_summary":[],"subject_alternative_names":[false,false],"tags":{},"tags_all":{},"validation_emails":[],"validation_option":[]},"after_sensitive":{"domain_validation_options":[{},{}],"options":[{}],"private_key":true,"renewal_summary":[],"subject_alternative_names":[false,false],"tags":{},"tags_all":{},"validation_emails":[],"validation_option":[]}}},{"address":"module.route53.aws_acm_certificate_validation.cert_validation","module_address":"module.route53","mode":"managed","type":"aws_acm_certificate_validation","name":"cert_validation","provider_name":"registry.terraform.io/hashicorp/aws","change":{"actions":["no-op"],"before":{"certificate_arn":"arn:aws:acm:us-east-1:513410254332:certificate/43ac9a5a-1c1c-4e1c-807d-17318e3329eb","id":"2025-10-23 12:12:14.045 +0000 UTC","timeouts":{"create":"5m"},"validation_record_fqdns":["_b826de41894a255c19d48867f1c62d58.devsandbox.space","_f6059a8ecf70bca8020a97e1ebecfcc2.www.devsandbox.space"]},"after":{"certificate_arn":"arn:aws:acm:us-east-1:513410254332:certificate/43ac9a5a-1c1c-4e1c-807d-17318e3329eb","id":"2025-10-23 12:12:14.045 +0000 UTC","timeouts":{"create":"5m"},"validation_record_fqdns":["_b826de41894a255c19d48867f1c62d58.devsandbox.space","_f6059a8ecf70bca8020a97e1ebecfcc2.www.devsandbox.space"]},"after_unknown":{},"before_sensitive":{"timeouts":{},"validation_record_fqdns":[false,false]},"after_sensitive":{"timeouts":{},"validation_record_fqdns":[false,false]}}},{"address":"module.route53.aws_route53_record.cert_validation_record[\"devsandbox.space\"]","module_address":"module.route53","mode":"managed","type":"aws_route53_record","name":"cert_validation_record","index":"devsandbox.space","provider_name":"registry.terraform.io/hashicorp/aws","change":{"actions":["no-op"],"before":{"alias":[],"allow_overwrite":true,"cidr_routing_policy":[],"failover_routing_policy":[],"fqdn":"_b826de41894a255c19d48867f1c62d58.devsandbox.space","geolocation_routing_policy":[],"health_check_id":"","id":"Z01883253QKY9CDJWMTTM__b826de41894a255c19d48867f1c62d58.devsandbox.space._CNAME","latency_routing_policy":[],"multivalue_answer_routing_policy":false,"name":"_b826de41894a255c19d48867f1c62d58.devsandbox.space","records":["_cb3b95319b5da6ef31e4fc91b8f839ef.xlfgrmvvlj.acm-validations.aws."],"set_identifier":"","ttl":60,"type":"CNAME","weighted_routing_policy":[],"zone_id":"Z01883253QKY9CDJWMTTM"},"after":{"alias":[],"allow_overwrite":true,"cidr_routing_policy":[],"failover_routing_policy":[],"fqdn":"_b826de41894a255c19d48867f1c62d58.devsandbox.space","geolocation_routing_policy":[],"health_check_id":"","id":"Z01883253QKY9CDJWMTTM__b826de41894a255c19d48867f1c62d58.devsandbox.space._CNAME","latency_routing_policy":[],"multivalue_answer_routing_policy":false,"name":"_b826de41894a255c19d48867f1c62d58.devsandbox.space","records":["_cb3b95319b5da6ef31e4fc91b8f839ef.xlfgrmvvlj.acm-validations.aws."],"set_identifier":"","ttl":60,"type":"CNAME","weighted_routing_policy":[],"zone_id":"Z01883253QKY9CDJWMTTM"},"after_unknown":{},"before_sensitive":{"alias":[],"cidr_routing_policy":[],"failover_routing_policy":[],"geolocation_routing_policy":[],"latency_routing_policy":[],"records":[false],"weighted_routing_policy":[]},"after_sensitive":{"alias":[],"cidr_routing_policy":[],"failover_routing_policy":[],"geolocation_routing_policy":[],"latency_routing_policy":[],"records":[false],"weighted_routing_policy":[]}}},{"address":"module.route53.aws_route53_record.cert_validation_record[\"www.devsandbox.space\"]","module_address":"module.route53","mode":"managed","type":"aws_route53_record","name":"cert_validation_record","index":"www.devsandbox.space","provider_name":"registry.terraform.io/hashicorp/aws","change":{"actions":["no-op"],"before":{"alias":[],"allow_overwrite":true,"cidr_routing_policy":[],"failover_routing_policy":[],"fqdn":"_f6059a8ecf70bca8020a97e1ebecfcc2.www.devsandbox.space","geolocation_routing_policy":[],"health_check_id":"","id":"Z01883253QKY9CDJWMTTM__f6059a8ecf70bca8020a97e1ebecfcc2.www.devsandbox.space._CNAME","latency_routing_policy":[],"multivalue_answer_routing_policy":false,"name":"_f6059a8ecf70bca8020a97e1ebecfcc2.www.devsandbox.space","records":["_e50336ead38ce4b427ce78480c979697.xlfgrmvvlj.acm-validations.aws."],"set_identifier":"","ttl":60,"type":"CNAME","weighted_routing_policy":[],"zone_id":"Z01883253QKY9CDJWMTTM"},"after":{"alias":[],"allow_overwrite":true,"cidr_routing_policy":[],"failover_routing_policy":[],"fqdn":"_f6059a8ecf70bca8020a97e1ebecfcc2.www.devsandbox.space","geolocation_routing_policy":[],"health_check_id":"","id":"Z01883253QKY9CDJWMTTM__f6059a8ecf70bca8020a97e1ebecfcc2.www.devsandbox.space._CNAME","latency_routing_policy":[],"multivalue_answer_routing_policy":false,"name":"_f6059a8ecf70bca8020a97e1ebecfcc2.www.devsandbox.space","records":["_e50336ead38ce4b427ce78480c979697.xlfgrmvvlj.acm-validations.aws."],"set_identifier":"","ttl":60,"type":"CNAME","weighted_routing_policy":[],"zone_id":"Z01883253QKY9CDJWMTTM"},"after_unknown":{},"before_sensitive":{"alias":[],"cidr_routing_policy":[],"failover_routing_policy":[],"geolocation_routing_policy":[],"latency_routing_policy":[],"records":[false],"weighted_routing_policy":[]},"after_sensitive":{"alias":[],"cidr_routing_policy":[],"failover_routing_policy":[],"geolocation_routing_policy":[],"latency_routing_policy":[],"records":[false],"weighted_routing_policy":[]}}},{"address":"module.route53.aws_route53_record.cloudfront[\"www.devsandbox.space\"]","module_address":"module.route53","mode":"managed","type":"aws_route53_record","name":"cloudfront","index":"www.devsandbox.space","provider_name":"registry.terraform.io/hashicorp/aws","change":{"actions":["no-op"],"before":{"alias":[{"evaluate_target_health":false,"name":"d13rolzhpu3gtp.cloudfront.net","zone_id":"Z2FDTNDATAQYW2"}],"allow_overwrite":null,"cidr_routing_policy":[],"failover_routing_policy":[],"fqdn":"www.devsandbox.space","geolocation_routing_policy":[],"health_check_id":"","id":"Z01883253QKY9CDJWMTTM_www.devsandbox.space_A","latency_routing_policy":[],"multivalue_answer_routing_policy":false,"name":"www.devsandbox.space","records":[],"set_identifier":"","ttl":0,"type":"A","weighted_routing_policy":[],"zone_id":"Z01883253QKY9CDJWMTTM"},"after":{"alias":[{"evaluate_target_health":false,"name":"d13rolzhpu3gtp.cloudfront.net","zone_id":"Z2FDTNDATAQYW2"}],"allow_overwrite":null,"cidr_routing_policy":[],"failover_routing_policy":[],"fqdn":"www.devsandbox.space","geolocation_routing_policy":[],"health_check_id":"","id":"Z01883253QKY9CDJWMTTM_www.devsandbox.space_A","latency_routing_policy":[],"multivalue_answer_routing_policy":false,"name":"www.devsandbox.space","records":[],"set_identifier":"","ttl":0,"type":"A","weighted_routing_policy":[],"zone_id":"Z01883253QKY9CDJWMTTM"},"after_unknown":{},"before_sensitive":{"alias":[{}],"cidr_routing_policy":[],"failover_routing_policy":[],"geolocation_routing_policy":[],"latency_routing_policy":[],"records":[],"weighted_routing_policy":[]},"after_sensitive":{"alias":[{}],"cidr_routing_policy":[],"failover_routing_policy":[],"geolocation_routing_policy":[],"latency_routing_policy":[],"records":[],"weighted_routing_policy":[]}}},{"address":"module.route53.aws_route53_record.cloudfront_record","module_address":"module.route53","mode":"managed","type":"aws_route53_record","name":"cloudfront_record","provider_name":"registry.terraform.io/hashicorp/aws","change":{"actions":["no-op"],"before":{"alias":[{"evaluate_target_health":false,"name":"d13rolzhpu3gtp.cloudfront.net","zone_id":"Z2FDTNDATAQYW2"}],"allow_overwrite":null,"cidr_routing_policy":[],"failover_routing_policy":[],"fqdn":"devsandbox.space","geolocation_routing_policy":[],"health_check_id":"","id":"Z01883253QKY9CDJWMTTM_devsandbox.space_A","latency_routing_policy":[],"multivalue_answer_routing_policy":false,"name":"devsandbox.space","records":[],"set_identifier":"","ttl":0,"type":"A","weighted_routing_policy":[],"zone_id":"Z01883253QKY9CDJWMTTM"},"after":{"alias":[{"evaluate_target_health":false,"name":"d13rolzhpu3gtp.cloudfront.net","zone_id":"Z2FDTNDATAQYW2"}],"allow_overwrite":null,"cidr_routing_policy":[],"failover_routing_policy":[],"fqdn":"devsandbox.space","geolocation_routing_policy":[],"health_check_id":"","id":"Z01883253QKY9CDJWMTTM_devsandbox.space_A","latency_routing_policy":[],"multivalue_answer_routing_policy":false,"name":"devsandbox.space","records":[],"set_identifier":"","ttl":0,"type":"A","weighted_routing_policy":[],"zone_id":"Z01883253QKY9CDJWMTTM"},"after_unknown":{},"before_sensitive":{"alias":[{}],"cidr_routing_policy":[],"failover_routing_policy":[],"geolocation_routing_policy":[],"latency_routing_policy":[],"records":[],"weighted_routing_policy":[]},"after_sensitive":{"alias":[{}],"cidr_routing_policy":[],"failover_routing_policy":[],"geolocation_routing_policy":[],"latency_routing_policy":[],"records":[],"weighted_routing_policy":[]}}},{"address":"module.s3.aws_s3_bucket.panda-bucket","module_address":"module.s3","mode":"managed","type":"aws_s3_bucket","name":"panda-bucket","provider_name":"registry.terraform.io/hashicorp/aws","change":{"actions":["no-op"],"before":{"acceleration_status":"","acl":null,"arn":"arn:aws:s3:::panda-files-app","bucket":"panda-files-app","bucket_domain_name":"panda-files-app.s3.amazonaws.com","bucket_prefix":"","bucket_regional_domain_name":"panda-files-app.s3.amazonaws.com","cors_rule":[],"force_destroy":true,"grant":[{"id":"1b8188c46fd8935275c8f66d99e3c7fda4fc46ac42327479ee84342e70e029cb","permissions":["FULL_CONTROL"],"type":"CanonicalUser","uri":""}],"hosted_zone_id":"Z3AQBSTGFYJSTF","id":"panda-files-app","lifecycle_rule":[],"logging":[],"object_lock_configuration":[],"object_lock_enabled":false,"policy":"","region":"us-east-1","replication_configuration":[],"request_payer":"BucketOwner","server_side_encryption_configuration":[{"rule":[{"apply_server_side_encryption_by_default":[{"kms_master_key_id":"","sse_algorithm":"AES256"}],"bucket_key_enabled":false}]}],"tags":{"Environment":"Dev","Name":"panda-files-app-files"},"tags_all":{"Environment":"Dev","Name":"panda-files-app-files"},"timeouts":null,"versioning":[{"enabled":false,"mfa_delete":false}],"website":[],"website_domain":null,"website_endpoint":null},"after":{"acceleration_status":"","acl":null,"arn":"arn:aws:s3:::panda-files-app","bucket":"panda-files-app","bucket_domain_name":"panda-files-app.s3.amazonaws.com","bucket_prefix":"","bucket_regional_domain_name":"panda-files-app.s3.amazonaws.com","cors_rule":[],"force_destroy":true,"grant":[{"id":"1b8188c46fd8935275c8f66d99e3c7fda4fc46ac42327479ee84342e70e029cb","permissions":["FULL_CONTROL"],"type":"CanonicalUser","uri":""}],"hosted_zone_id":"Z3AQBSTGFYJSTF","id":"panda-files-app","lifecycle_rule":[],"logging":[],"object_lock_configuration":[],"object_lock_enabled":false,"policy":"","region":"us-east-1","replication_configuration":[],"request_payer":"BucketOwner","server_side_encryption_configuration":[{"rule":[{"apply_server_side_encryption_by_default":[{"kms_master_key_id":"","sse_algorithm":"AES256"}],"bucket_key_enabled":false}]}],"tags":{"Environment":"Dev","Name":"panda-files-app-files"},"tags_all":{"Environment":"Dev","Name":"panda-files-app-files"},"timeouts":null,"versioning":[{"enabled":false,"mfa_delete":false}],"website":[],"website_domain":null,"website_endpoint":null},"after_unknown":{},"before_sensitive":{"cors_rule":[],"grant":[{"permissions":[false]}],"lifecycle_rule":[],"logging":[],"object_lock_configuration":[],"replication_configuration":[],"server_side_encryption_configuration":[{"rule":[{"apply_server_side_encryption_by_default":[{}]}]}],"tags":{},"tags_all":{},"versioning":[{}],"website":[]},"after_sensitive":{"cors_rule":[],"grant":[{"permissions":[false]}],"lifecycle_rule":[],"logging":[],"object_lock_configuration":[],"replication_configuration":[],"server_side_encryption_configuration":[{"rule":[{"apply_server_side_encryption_by_default":[{}]}]}],"tags":{},"tags_all":{},"versioning":[{}],"website":[]}}},{"address":"module.s3.aws_s3_object.app_code_upload[\"app-tier/DbConfig.js\"]","module_address":"module.s3","mode":"managed","type":"aws_s3_object","name":"app_code_upload","index":"app-tier/DbConfig.js","provider_name":"registry.terraform.io/hashicorp/aws","change":{"actions":["no-op"],"before":{"acl":"private","bucket":"panda-files-app","bucket_key_enabled":false,"cache_control":"","content":null,"content_base64":null,"content_disposition":"","content_encoding":"","content_language":"","content_type":"binary/octet-stream","etag":"33fbbfc604edd63dcdbb914c2f59f909","force_destroy":false,"id":"application-code/app-tier/DbConfig.js","key":"application-code/app-tier/DbConfig.js","kms_key_id":null,"metadata":{},"object_lock_legal_hold_status":"","object_lock_mode":"","object_lock_retain_until_date":"","server_side_encryption":"AES256","source":"./application-code/application-code/app-tier/DbConfig.js","source_hash":null,"storage_class":"STANDARD","tags":{},"tags_all":{},"version_id":"","website_redirect":""},"after":{"acl":"private","bucket":"panda-files-app","bucket_key_enabled":false,"cache_control":"","content":null,"content_base64":null,"content_disposition":"","content_encoding":"","content_language":"","content_type":"binary/octet-stream","etag":"33fbbfc604edd63dcdbb914c2f59f909","force_destroy":false,"id":"application-code/app-tier/DbConfig.js","key":"application-code/app-tier/DbConfig.js","kms_key_id":null,"metadata":{},"object_lock_legal_hold_status":"","object_lock_mode":"","object_lock_retain_until_date":"","server_side_encryption":"AES256","source":"./application-code/application-code/app-tier/DbConfig.js","source_hash":null,"storage_class":"STANDARD","tags":{},"tags_all":{},"version_id":"","website_redirect":""},"after_unknown":{},"before_sensitive":{"metadata":{},"tags":{},"tags_all":{}},"after_sensitive":{"metadata":{},"tags":{},"tags_all":{}}}},{"address":"module.s3.aws_s3_object.app_code_upload[\"app-tier/DbConfigParamater.js\"]","module_address":"module.s3","mode":"managed","type":"aws_s3_object","name":"app_code_upload","index":"app-tier/DbConfigParamater.js","provider_name":"registry.terraform.io/hashicorp/aws","change":{"actions":["no-op"],"before":{"acl":"private","bucket":"panda-files-app","bucket_key_enabled":false,"cache_control":"","content":null,"content_base64":null,"content_disposition":"","content_encoding":"","content_language":"","content_type":"binary/octet-stream","etag":"de5af0f30dc8d0fd89eaecad369e2a4d","force_destroy":false,"id":"application-code/app-tier/DbConfigParamater.js","key":"application-code/app-tier/DbConfigParamater.js","kms_key_id":null,"metadata":{},"object_lock_legal_hold_status":"","object_lock_mode":"","object_lock_retain_until_date":"","server_side_encryption":"AES256","source":"./application-code/application-code/app-tier/DbConfigParamater.js","source_hash":null,"storage_class":"STANDARD","tags":{},"tags_all":{},"version_id":"","website_redirect":""},"after":{"acl":"private","bucket":"panda-files-app","bucket_key_enabled":false,"cache_control":"","content":null,"content_base64":null,"content_disposition":"","content_encoding":"","content_language":"","content_type":"binary/octet-stream","etag":"de5af0f30dc8d0fd89eaecad369e2a4d","force_destroy":false,"id":"application-code/app-tier/DbConfigParamater.js","key":"application-code/app-tier/DbConfigParamater.js","kms_key_id":null,"metadata":{},"object_lock_legal_hold_status":"","object_lock_mode":"","object_lock_retain_until_date":"","server_side_encryption":"AES256","source":"./application-code/application-code/app-tier/DbConfigParamater.js","source_hash":null,"storage_class":"STANDARD","tags":{},"tags_all":{},"version_id":"","website_redirect":""},"after_unknown":{},"before_sensitive":{"metadata":{},"tags":{},"tags_all":{}},"after_sensitive":{"metadata":{},"tags":{},"tags_all":{}}}},{"address":"module.s3.aws_s3_object.app_code_upload[\"app-tier/README.md\"]","module_address":"module.s3","mode":"managed","type":"aws_s3_object","name":"app_code_upload","index":"app-tier/README.md","provider_name":"registry.terraform.io/hashicorp/aws","change":{"actions":["no-op"],"before":{"acl":"private","bucket":"panda-files-app","bucket_key_enabled":false,"cache_control":"","content":null,"content_base64":null,"content_disposition":"","content_encoding":"","content_language":"","content_type":"binary/octet-stream","etag":"ee26df7183085c627e5bda5360b78e44","force_destroy":false,"id":"application-code/app-tier/README.md","key":"application-code/app-tier/README.md","kms_key_id":null,"metadata":{},"object_lock_legal_hold_status":"","object_lock_mode":"","object_lock_retain_until_date":"","server_side_encryption":"AES256","source":"./application-code/application-code/app-tier/README.md","source_hash":null,"storage_class":"STANDARD","tags":{},"tags_all":{},"version_id":"","website_redirect":""},"after":{"acl":"private","bucket":"panda-files-app","bucket_key_enabled":false,"cache_control":"","content":null,"content_base64":null,"content_disposition":"","content_encoding":"","content_language":"","content_type":"binary/octet-stream","etag":"ee26df7183085c627e5bda5360b78e44","force_destroy":false,"id":"application-code/app-tier/README.md","key":"application-code/app-tier/README.md","kms_key_id":null,"metadata":{},"object_lock_legal_hold_status":"","object_lock_mode":"","object_lock_retain_until_date":"","server_side_encryption":"AES256","source":"./application-code/application-code/app-tier/README.md","source_hash":null,"storage_class":"STANDARD","tags":{},"tags_all":{},"version_id":"","website_redirect":""},"after_unknown":{},"before_sensitive":{"metadata":{},"tags":{},"tags_all":{}},"after_sensitive":{"metadata":{},"tags":{},"tags_all":{}}}},{"address":"module.s3.aws_s3_object.app_code_upload[\"app-tier/TransactionService.js\"]","module_address":"module.s3","mode":"managed","type":"aws_s3_object","name":"app_code_upload","index":"app-tier/TransactionService.js","provider_name":"registry.terraform.io/hashicorp/aws","change":{"actions":["no-op"],"before":{"acl":"private","bucket":"panda-files-app","bucket_key_enabled":false,"cache_control":"","content":null,"content_base64":null,"content_disposition":"","content_encoding":"","content_language":"","content_type":"binary/octet-stream","etag":"e8d86d592753e1fc582f2dc293268d93","force_destroy":false,"id":"application-code/app-tier/TransactionService.js","key":"application-code/app-tier/TransactionService.js","kms_key_id":null,"metadata":{},"object_lock_legal_hold_status":"","object_lock_mode":"","object_lock_retain_until_date":"","server_side_encryption":"AES256","source":"./application-code/application-code/app-tier/TransactionService.js","source_hash":null,"storage_class":"STANDARD","tags":{},"tags_all":{},"version_id":"","website_redirect":""},"after":{"acl":"private","bucket":"panda-files-app","bucket_key_enabled":false,"cache_control":"","content":null,"content_base64":null,"content_disposition":"","content_encoding":"","content_language":"","content_type":"binary/octet-stream","etag":"e8d86d592753e1fc582f2dc293268d93","force_destroy":false,"id":"application-code/app-tier/TransactionService.js","key":"application-code/app-tier/TransactionService.js","kms_key_id":null,"metadata":{},"object_lock_legal_hold_status":"","object_lock_mode":"","object_lock_retain_until_date":"","server_side_encryption":"AES256","source":"./application-code/application-code/app-tier/TransactionService.js","source_hash":null,"storage_class":"STANDARD","tags":{},"tags_all":{},"version_id":"","website_redirect":""},"after_unknown":{},"before_sensitive":{"metadata":{},"tags":{},"tags_all":{}},"after_sensitive":{"metadata":{},"tags":{},"tags_all":{}}}},{"address":"module.s3.aws_s3_object.app_code_upload[\"app-tier/appdb.sql\"]","module_address":"module.s3","mode":"managed","type":"aws_s3_object","name":"app_code_upload","index":"app-tier/appdb.sql","provider_name":"registry.terraform.io/hashicorp/aws","change":{"actions":["update"],"before":{"acl":"private","bucket":"panda-files-app","bucket_key_enabled":false,"cache_control":"","content":null,"content_base64":null,"content_disposition":"","content_encoding":"","content_language":"","content_type":"binary/octet-stream","etag":"efccc0319b742e9208873e13cbbe1f06","force_destroy":false,"id":"application-code/app-tier/appdb.sql","key":"application-code/app-tier/appdb.sql","kms_key_id":null,"metadata":{},"object_lock_legal_hold_status":"","object_lock_mode":"","object_lock_retain_until_date":"","server_side_encryption":"AES256","source":"./application-code/application-code/app-tier/appdb.sql","source_hash":null,"storage_class":"STANDARD","tags":{},"tags_all":{},"version_id":"","website_redirect":""},"after":{"acl":"private","bucket":"panda-files-app","bucket_key_enabled":false,"cache_control":"","content":null,"content_base64":null,"content_disposition":"","content_encoding":"","content_language":"","content_type":"binary/octet-stream","etag":"a00f7261f1b44a923da2253e79466559","force_destroy":false,"id":"application-code/app-tier/appdb.sql","key":"application-code/app-tier/appdb.sql","kms_key_id":null,"metadata":{},"object_lock_legal_hold_status":"","object_lock_mode":"","object_lock_retain_until_date":"","server_side_encryption":"AES256","source":"./application-code/application-code/app-tier/appdb.sql","source_hash":null,"storage_class":"STANDARD","tags":{},"tags_all":{},"website_redirect":""},"after_unknown":{"metadata":{},"tags":{},"tags_all":{},"version_id":true},"before_sensitive":{"metadata":{},"tags":{},"tags_all":{}},"after_sensitive":{"metadata":{},"tags":{},"tags_all":{}}}},{"address":"module.s3.aws_s3_object.app_code_upload[\"app-tier/index.js\"]","module_address":"module.s3","mode":"managed","type":"aws_s3_object","name":"app_code_upload","index":"app-tier/index.js","provider_name":"registry.terraform.io/hashicorp/aws","change":{"actions":["no-op"],"before":{"acl":"private","bucket":"panda-files-app","bucket_key_enabled":false,"cache_control":"","content":null,"content_base64":null,"content_disposition":"","content_encoding":"","content_language":"","content_type":"binary/octet-stream","etag":"b2c79ba7fd87a1b51221130e2c387a65","force_destroy":false,"id":"application-code/app-tier/index.js","key":"application-code/app-tier/index.js","kms_key_id":null,"metadata":{},"object_lock_legal_hold_status":"","object_lock_mode":"","object_lock_retain_until_date":"","server_side_encryption":"AES256","source":"./application-code/application-code/app-tier/index.js","source_hash":null,"storage_class":"STANDARD","tags":{},"tags_all":{},"version_id":"","website_redirect":""},"after":{"acl":"private","bucket":"panda-files-app","bucket_key_enabled":false,"cache_control":"","content":null,"content_base64":null,"content_disposition":"","content_encoding":"","content_language":"","content_type":"binary/octet-stream","etag":"b2c79ba7fd87a1b51221130e2c387a65","force_destroy":false,"id":"application-code/app-tier/index.js","key":"application-code/app-tier/index.js","kms_key_id":null,"metadata":{},"object_lock_legal_hold_status":"","object_lock_mode":"","object_lock_retain_until_date":"","server_side_encryption":"AES256","source":"./application-code/application-code/app-tier/index.js","source_hash":null,"storage_class":"STANDARD","tags":{},"tags_all":{},"version_id":"","website_redirect":""},"after_unknown":{},"before_sensitive":{"metadata":{},"tags":{},"tags_all":{}},"after_sensitive":{"metadata":{},"tags":{},"tags_all":{}}}},{"address":"module.s3.aws_s3_object.app_code_upload[\"app-tier/package-lock.json\"]","module_address":"module.s3","mode":"managed","type":"aws_s3_object","name":"app_code_upload","index":"app-tier/package-lock.json","provider_name":"registry.terraform.io/hashicorp/aws","change":{"actions":["no-op"],"before":{"acl":"private","bucket":"panda-files-app","bucket_key_enabled":false,"cache_control":"","content":null,"content_base64":null,"content_disposition":"","content_encoding":"","content_language":"","content_type":"binary/octet-stream","etag":"d6592d4b62be9b5487ea71a435055dc4","force_destroy":false,"id":"application-code/app-tier/package-lock.json","key":"application-code/app-tier/package-lock.json","kms_key_id":null,"metadata":{},"object_lock_legal_hold_status":"","object_lock_mode":"","object_lock_retain_until_date":"","server_side_encryption":"AES256","source":"./application-code/application-code/app-tier/package-lock.json","source_hash":null,"storage_class":"STANDARD","tags":{},"tags_all":{},"version_id":"","website_redirect":""},"after":{"acl":"private","bucket":"panda-files-app","bucket_key_enabled":false,"cache_control":"","content":null,"content_base64":null,"content_disposition":"","content_encoding":"","content_language":"","content_type":"binary/octet-stream","etag":"d6592d4b62be9b5487ea71a435055dc4","force_destroy":false,"id":"application-code/app-tier/package-lock.json","key":"application-code/app-tier/package-lock.json","kms_key_id":null,"metadata":{},"object_lock_legal_hold_status":"","object_lock_mode":"","object_lock_retain_until_date":"","server_side_encryption":"AES256","source":"./application-code/application-code/app-tier/package-lock.json","source_hash":null,"storage_class":"STANDARD","tags":{},"tags_all":{},"version_id":"","website_redirect":""},"after_unknown":{},"before_sensitive":{"metadata":{},"tags":{},"tags_all":{}},"after_sensitive":{"metadata":{},"tags":{},"tags_all":{}}}},{"address":"module.s3.aws_s3_object.app_code_upload[\"app-tier/package.json\"]","module_address":"module.s3","mode":"managed","type":"aws_s3_object","name":"app_code_upload","index":"app-tier/package.json","provider_name":"registry.terraform.io/hashicorp/aws","change":{"actions":["no-op"],"before":{"acl":"private","bucket":"panda-files-app","bucket_key_enabled":false,"cache_control":"","content":null,"content_base64":null,"content_disposition":"","content_encoding":"","content_language":"","content_type":"binary/octet-stream","etag":"ed9a1d43b1bc75150abb0111cb780fea","force_destroy":false,"id":"application-code/app-tier/package.json","key":"application-code/app-tier/package.json","kms_key_id":null,"metadata":{},"object_lock_legal_hold_status":"","object_lock_mode":"","object_lock_retain_until_date":"","server_side_encryption":"AES256","source":"./application-code/application-code/app-tier/package.json","source_hash":null,"storage_class":"STANDARD","tags":{},"tags_all":{},"version_id":"","website_redirect":""},"after":{"acl":"private","bucket":"panda-files-app","bucket_key_enabled":false,"cache_control":"","content":null,"content_base64":null,"content_disposition":"","content_encoding":"","content_language":"","content_type":"binary/octet-stream","etag":"ed9a1d43b1bc75150abb0111cb780fea","force_destroy":false,"id":"application-code/app-tier/package.json","key":"application-code/app-tier/package.json","kms_key_id":null,"metadata":{},"object_lock_legal_hold_status":"","object_lock_mode":"","object_lock_retain_until_date":"","server_side_encryption":"AES256","source":"./application-code/application-code/app-tier/package.json","source_hash":null,"storage_class":"STANDARD","tags":{},"tags_all":{},"version_id":"","website_redirect":""},"after_unknown":{},"before_sensitive":{"metadata":{},"tags":{},"tags_all":{}},"after_sensitive":{"metadata":{},"tags":{},"tags_all":{}}}},{"address":"module.s3.aws_s3_object.app_code_upload[\"nginx.conf\"]","module_address":"module.s3","mode":"managed","type":"aws_s3_object","name":"app_code_upload","index":"nginx.conf","provider_name":"registry.terraform.io/hashicorp/aws","change":{"actions":["no-op"],"before":{"acl":"private","bucket":"panda-files-app","bucket_key_enabled":false,"cache_control":"","content":null,"content_base64":null,"content_disposition":"","content_encoding":"","content_language":"","content_type":"binary/octet-stream","etag":"621b719532f6d2b391605cd9be30c6a4","force_destroy":false,"id":"application-code/nginx.conf","key":"application-code/nginx.conf","kms_key_id":null,"metadata":{},"object_lock_legal_hold_status":"","object_lock_mode":"","object_lock_retain_until_date":"","server_side_encryption":"AES256","source":"./application-code/application-code/nginx.conf","source_hash":null,"storage_class":"STANDARD","tags":{},"tags_all":{},"version_id":"","website_redirect":""},"after":{"acl":"private","bucket":"panda-files-app","bucket_key_enabled":false,"cache_control":"","content":null,"content_base64":null,"content_disposition":"","content_encoding":"","content_language":"","content_type":"binary/octet-stream","etag":"621b719532f6d2b391605cd9be30c6a4","force_destroy":false,"id":"application-code/nginx.conf","key":"application-code/nginx.conf","kms_key_id":null,"metadata":{},"object_lock_legal_hold_status":"","object_lock_mode":"","object_lock_retain_until_date":"","server_side_encryption":"AES256","source":"./application-code/application-code/nginx.conf","source_hash":null,"storage_class":"STANDARD","tags":{},"tags_all":{},"version_id":"","website_redirect":""},"after_unknown":{},"before_sensitive":{"metadata":{},"tags":{},"tags_all":{}},"after_sensitive":{"metadata":{},"tags":{},"tags_all":{}}}},{"address":"module.s3.aws_s3_object.app_code_upload[\"web-tier/README.md\"]","module_address":"module.s3","mode":"managed","type":"aws_s3_object","name":"app_code_upload","index":"web-tier/README.md","provider_name":"registry.terraform.io/hashicorp/aws","change":{"actions":["no-op"],"before":{"acl":"private","bucket":"panda-files-app","bucket_key_enabled":false,"cache_control":"","content":null,"content_base64":null,"content_disposition":"","content_encoding":"","content_language":"","content_type":"binary/octet-stream","etag":"c64ca2b5dc0ae30f3cf8ac05a46e998a","force_destroy":false,"id":"application-code/web-tier/README.md","key":"application-code/web-tier/README.md","kms_key_id":null,"metadata":{},"object_lock_legal_hold_status":"","object_lock_mode":"","object_lock_retain_until_date":"","server_side_encryption":"AES256","source":"./application-code/application-code/web-tier/README.md","source_hash":null,"storage_class":"STANDARD","tags":{},"tags_all":{},"version_id":"","website_redirect":""},"after":{"acl":"private","bucket":"panda-files-app","bucket_key_enabled":false,"cache_control":"","content":null,"content_base64":null,"content_disposition":"","content_encoding":"","content_language":"","content_type":"binary/octet-stream","etag":"c64ca2b5dc0ae30f3cf8ac05a46e998a","force_destroy":false,"id":"application-code/web-tier/README.md","key":"application-code/web-tier/README.md","kms_key_id":null,"metadata":{},"object_lock_legal_hold_status":"","object_lock_mode":"","object_lock_retain_until_date":"","server_side_encryption":"AES256","source":"./application-code/application-code/web-tier/README.md","source_hash":null,"storage_class":"STANDARD","tags":{},"tags_all":{},"version_id":"","website_redirect":""},"after_unknown":{},"before_sensitive":{"metadata":{},"tags":{},"tags_all":{}},"after_sensitive":{"metadata":{},"tags":{},"tags_all":{}}}},{"address":"module.s3.aws_s3_object.app_code_upload[\"web-tier/package.json\"]","module_address":"module.s3","mode":"managed","type":"aws_s3_object","name":"app_code_upload","index":"web-tier/package.json","provider_name":"registry.terraform.io/hashicorp/aws","change":{"actions":["no-op"],"before":{"acl":"private","bucket":"panda-files-app","bucket_key_enabled":false,"cache_control":"","content":null,"content_base64":null,"content_disposition":"","content_encoding":"","content_language":"","content_type":"binary/octet-stream","etag":"48383a0576de4f3fb1977ef849b2eeed","force_destroy":false,"id":"application-code/web-tier/package.json","key":"application-code/web-tier/package.json","kms_key_id":null,"metadata":{},"object_lock_legal_hold_status":"","object_lock_mode":"","object_lock_retain_until_date":"","server_side_encryption":"AES256","source":"./application-code/application-code/web-tier/package.json","source_hash":null,"storage_class":"STANDARD","tags":{},"tags_all":{},"version_id":"","website_redirect":""},"after":{"acl":"private","bucket":"panda-files-app","bucket_key_enabled":false,"cache_control":"","content":null,"content_base64":null,"content_disposition":"","content_encoding":"","content_language":"","content_type":"binary/octet-stream","etag":"48383a0576de4f3fb1977ef849b2eeed","force_destroy":false,"id":"application-code/web-tier/package.json","key":"application-code/web-tier/package.json","kms_key_id":null,"metadata":{},"object_lock_legal_hold_status":"","object_lock_mode":"","object_lock_retain_until_date":"","server_side_encryption":"AES256","source":"./application-code/application-code/web-tier/package.json","source_hash":null,"storage_class":"STANDARD","tags":{},"tags_all":{},"version_id":"","website_redirect":""},"after_unknown":{},"before_sensitive":{"metadata":{},"tags":{},"tags_all":{}},"after_sensitive":{"metadata":{},"tags":{},"tags_all":{}}}},{"address":"module.s3.aws_s3_object.app_code_upload[\"web-tier/public/index.html\"]","module_address":"module.s3","mode":"managed","type":"aws_s3_object","name":"app_code_upload","index":"web-tier/public/index.html","provider_name":"registry.terraform.io/hashicorp/aws","change":{"actions":["no-op"],"before":{"acl":"private","bucket":"panda-files-app","bucket_key_enabled":false,"cache_control":"","content":null,"content_base64":null,"content_disposition":"","content_encoding":"","content_language":"","content_type":"binary/octet-stream","etag":"2713d23a48428953d282203441881094","force_destroy":false,"id":"application-code/web-tier/public/index.html","key":"application-code/web-tier/public/index.html","kms_key_id":null,"metadata":{},"object_lock_legal_hold_status":"","object_lock_mode":"","object_lock_retain_until_date":"","server_side_encryption":"AES256","source":"./application-code/application-code/web-tier/public/index.html","source_hash":null,"storage_class":"STANDARD","tags":{},"tags_all":{},"version_id":"","website_redirect":""},"after":{"acl":"private","bucket":"panda-files-app","bucket_key_enabled":false,"cache_control":"","content":null,"content_base64":null,"content_disposition":"","content_encoding":"","content_language":"","content_type":"binary/octet-stream","etag":"2713d23a48428953d282203441881094","force_destroy":false,"id":"application-code/web-tier/public/index.html","key":"application-code/web-tier/public/index.html","kms_key_id":null,"metadata":{},"object_lock_legal_hold_status":"","object_lock_mode":"","object_lock_retain_until_date":"","server_side_encryption":"AES256","source":"./application-code/application-code/web-tier/public/index.html","source_hash":null,"storage_class":"STANDARD","tags":{},"tags_all":{},"version_id":"","website_redirect":""},"after_unknown":{},"before_sensitive":{"metadata":{},"tags":{},"tags_all":{}},"after_sensitive":{"metadata":{},"tags":{},"tags_all":{}}}},{"address":"module.s3.aws_s3_object.app_code_upload[\"web-tier/public/robots.txt\"]","module_address":"module.s3","mode":"managed","type":"aws_s3_object","name":"app_code_upload","index":"web-tier/public/robots.txt","provider_name":"registry.terraform.io/hashicorp/aws","change":{"actions":["no-op"],"before":{"acl":"private","bucket":"panda-files-app","bucket_key_enabled":false,"cache_control":"","content":null,"content_base64":null,"content_disposition":"","content_encoding":"","content_language":"","content_type":"binary/octet-stream","etag":"61c27d2cd39a713f7829422c3d9edcc7","force_destroy":false,"id":"application-code/web-tier/public/robots.txt","key":"application-code/web-tier/public/robots.txt","kms_key_id":null,"metadata":{},"object_lock_legal_hold_status":"","object_lock_mode":"","object_lock_retain_until_date":"","server_side_encryption":"AES256","source":"./application-code/application-code/web-tier/public/robots.txt","source_hash":null,"storage_class":"STANDARD","tags":{},"tags_all":{},"version_id":"","website_redirect":""},"after":{"acl":"private","bucket":"panda-files-app","bucket_key_enabled":false,"cache_control":"","content":null,"content_base64":null,"content_disposition":"","content_encoding":"","content_language":"","content_type":"binary/octet-stream","etag":"61c27d2cd39a713f7829422c3d9edcc7","force_destroy":false,"id":"application-code/web-tier/public/robots.txt","key":"application-code/web-tier/public/robots.txt","kms_key_id":null,"metadata":{},"object_lock_legal_hold_status":"","object_lock_mode":"","object_lock_retain_until_date":"","server_side_encryption":"AES256","source":"./application-code/application-code/web-tier/public/robots.txt","source_hash":null,"storage_class":"STANDARD","tags":{},"tags_all":{},"version_id":"","website_redirect":""},"after_unknown":{},"before_sensitive":{"metadata":{},"tags":{},"tags_all":{}},"after_sensitive":{"metadata":{},"tags":{},"tags_all":{}}}},{"address":"module.s3.aws_s3_object.app_code_upload[\"web-tier/src/.DS_Store\"]","module_address":"module.s3","mode":"managed","type":"aws_s3_object","name":"app_code_upload","index":"web-tier/src/.DS_Store","provider_name":"registry.terraform.io/hashicorp/aws","change":{"actions":["no-op"],"before":{"acl":"private","bucket":"panda-files-app","bucket_key_enabled":false,"cache_control":"","content":null,"content_base64":null,"content_disposition":"","content_encoding":"","content_language":"","content_type":"binary/octet-stream","etag":"043538f594b20af06afac65638c12244","force_destroy":false,"id":"application-code/web-tier/src/.DS_Store","key":"application-code/web-tier/src/.DS_Store","kms_key_id":null,"metadata":{},"object_lock_legal_hold_status":"","object_lock_mode":"","object_lock_retain_until_date":"","server_side_encryption":"AES256","source":"./application-code/application-code/web-tier/src/.DS_Store","source_hash":null,"storage_class":"STANDARD","tags":{},"tags_all":{},"version_id":"","website_redirect":""},"after":{"acl":"private","bucket":"panda-files-app","bucket_key_enabled":false,"cache_control":"","content":null,"content_base64":null,"content_disposition":"","content_encoding":"","content_language":"","content_type":"binary/octet-stream","etag":"043538f594b20af06afac65638c12244","force_destroy":false,"id":"application-code/web-tier/src/.DS_Store","key":"application-code/web-tier/src/.DS_Store","kms_key_id":null,"metadata":{},"object_lock_legal_hold_status":"","object_lock_mode":"","object_lock_retain_until_date":"","server_side_encryption":"AES256","source":"./application-code/application-code/web-tier/src/.DS_Store","source_hash":null,"storage_class":"STANDARD","tags":{},"tags_all":{},"version_id":"","website_redirect":""},"after_unknown":{},"before_sensitive":{"metadata":{},"tags":{},"tags_all":{}},"after_sensitive":{"metadata":{},"tags":{},"tags_all":{}}}},{"address":"module.s3.aws_s3_object.app_code_upload[\"web-tier/src/App.css\"]","module_address":"module.s3","mode":"managed","type":"aws_s3_object","name":"app_code_upload","index":"web-tier/src/App.css","provider_name":"registry.terraform.io/hashicorp/aws","change":{"actions":["no-op"],"before":{"acl":"private","bucket":"panda-files-app","bucket_key_enabled":false,"cache_control":"","content":null,"content_base64":null,"content_disposition":"","content_encoding":"","content_language":"","content_type":"binary/octet-stream","etag":"d13a52212899f79d8eaec9710ea53b39","force_destroy":false,"id":"application-code/web-tier/src/App.css","key":"application-code/web-tier/src/App.css","kms_key_id":null,"metadata":{},"object_lock_legal_hold_status":"","object_lock_mode":"","object_lock_retain_until_date":"","server_side_encryption":"AES256","source":"./application-code/application-code/web-tier/src/App.css","source_hash":null,"storage_class":"STANDARD","tags":{},"tags_all":{},"version_id":"","website_redirect":""},"after":{"acl":"private","bucket":"panda-files-app","bucket_key_enabled":false,"cache_control":"","content":null,"content_base64":null,"content_disposition":"","content_encoding":"","content_language":"","content_type":"binary/octet-stream","etag":"d13a52212899f79d8eaec9710ea53b39","force_destroy":false,"id":"application-code/web-tier/src/App.css","key":"application-code/web-tier/src/App.css","kms_key_id":null,"metadata":{},"object_lock_legal_hold_status":"","object_lock_mode":"","object_lock_retain_until_date":"","server_side_encryption":"AES256","source":"./application-code/application-code/web-tier/src/App.css","source_hash":null,"storage_class":"STANDARD","tags":{},"tags_all":{},"version_id":"","website_redirect":""},"after_unknown":{},"before_sensitive":{"metadata":{},"tags":{},"tags_all":{}},"after_sensitive":{"metadata":{},"tags":{},"tags_all":{}}}},{"address":"module.s3.aws_s3_object.app_code_upload[\"web-tier/src/App.js\"]","module_address":"module.s3","mode":"managed","type":"aws_s3_object","name":"app_code_upload","index":"web-tier/src/App.js","provider_name":"registry.terraform.io/hashicorp/aws","change":{"actions":["no-op"],"before":{"acl":"private","bucket":"panda-files-app","bucket_key_enabled":false,"cache_control":"","content":null,"content_base64":null,"content_disposition":"","content_encoding":"","content_language":"","content_type":"binary/octet-stream","etag":"0ce5fe36ed49d37762aadb0a95fd2ae6","force_destroy":false,"id":"application-code/web-tier/src/App.js","key":"application-code/web-tier/src/App.js","kms_key_id":null,"metadata":{},"object_lock_legal_hold_status":"","object_lock_mode":"","object_lock_retain_until_date":"","server_side_encryption":"AES256","source":"./application-code/application-code/web-tier/src/App.js","source_hash":null,"storage_class":"STANDARD","tags":{},"tags_all":{},"version_id":"","website_redirect":""},"after":{"acl":"private","bucket":"panda-files-app","bucket_key_enabled":false,"cache_control":"","content":null,"content_base64":null,"content_disposition":"","content_encoding":"","content_language":"","content_type":"binary/octet-stream","etag":"0ce5fe36ed49d37762aadb0a95fd2ae6","force_destroy":false,"id":"application-code/web-tier/src/App.js","key":"application-code/web-tier/src/App.js","kms_key_id":null,"metadata":{},"object_lock_legal_hold_status":"","object_lock_mode":"","object_lock_retain_until_date":"","server_side_encryption":"AES256","source":"./application-code/application-code/web-tier/src/App.js","source_hash":null,"storage_class":"STANDARD","tags":{},"tags_all":{},"version_id":"","website_redirect":""},"after_unknown":{},"before_sensitive":{"metadata":{},"tags":{},"tags_all":{}},"after_sensitive":{"metadata":{},"tags":{},"tags_all":{}}}},{"address":"module.s3.aws_s3_object.app_code_upload[\"web-tier/src/App.test.js\"]","module_address":"module.s3","mode":"managed","type":"aws_s3_object","name":"app_code_upload","index":"web-tier/src/App.test.js","provider_name":"registry.terraform.io/hashicorp/aws","change":{"actions":["no-op"],"before":{"acl":"private","bucket":"panda-files-app","bucket_key_enabled":false,"cache_control":"","content":null,"content_base64":null,"content_disposition":"","content_encoding":"","content_language":"","content_type":"binary/octet-stream","etag":"83ca979af0e840672a4aa673b0c7be01","force_destroy":false,"id":"application-code/web-tier/src/App.test.js","key":"application-code/web-tier/src/App.test.js","kms_key_id":null,"metadata":{},"object_lock_legal_hold_status":"","object_lock_mode":"","object_lock_retain_until_date":"","server_side_encryption":"AES256","source":"./application-code/application-code/web-tier/src/App.test.js","source_hash":null,"storage_class":"STANDARD","tags":{},"tags_all":{},"version_id":"","website_redirect":""},"after":{"acl":"private","bucket":"panda-files-app","bucket_key_enabled":false,"cache_control":"","content":null,"content_base64":null,"content_disposition":"","content_encoding":"","content_language":"","content_type":"binary/octet-stream","etag":"83ca979af0e840672a4aa673b0c7be01","force_destroy":false,"id":"application-code/web-tier/src/App.test.js","key":"application-code/web-tier/src/App.test.js","kms_key_id":null,"metadata":{},"object_lock_legal_hold_status":"","object_lock_mode":"","object_lock_retain_until_date":"","server_side_encryption":"AES256","source":"./application-code/application-code/web-tier/src/App.test.js","source_hash":null,"storage_class":"STANDARD","tags":{},"tags_all":{},"version_id":"","website_redirect":""},"after_unknown":{},"before_sensitive":{"metadata":{},"tags":{},"tags_all":{}},"after_sensitive":{"metadata":{},"tags":{},"tags_all":{}}}},{"address":"module.s3.aws_s3_object.app_code_upload[\"web-tier/src/assets/3TierArch.png\"]","module_address":"module.s3","mode":"managed","type":"aws_s3_object","name":"app_code_upload","index":"web-tier/src/assets/3TierArch.png","provider_name":"registry.terraform.io/hashicorp/aws","change":{"actions":["no-op"],"before":{"acl":"private","bucket":"panda-files-app","bucket_key_enabled":false,"cache_control":"","content":null,"content_base64":null,"content_disposition":"","content_encoding":"","content_language":"","content_type":"binary/octet-stream","etag":"f903537e49e4ce10607e4dc955ec8069","force_destroy":false,"id":"application-code/web-tier/src/assets/3TierArch.png","key":"application-code/web-tier/src/assets/3TierArch.png","kms_key_id":null,"metadata":{},"object_lock_legal_hold_status":"","object_lock_mode":"","object_lock_retain_until_date":"","server_side_encryption":"AES256","source":"./application-code/application-code/web-tier/src/assets/3TierArch.png","source_hash":null,"storage_class":"STANDARD","tags":{},"tags_all":{},"version_id":"","website_redirect":""},"after":{"acl":"private","bucket":"panda-files-app","bucket_key_enabled":false,"cache_control":"","content":null,"content_base64":null,"content_disposition":"","content_encoding":"","content_language":"","content_type":"binary/octet-stream","etag":"f903537e49e4ce10607e4dc955ec8069","force_destroy":false,"id":"application-code/web-tier/src/assets/3TierArch.png","key":"application-code/web-tier/src/assets/3TierArch.png","kms_key_id":null,"metadata":{},"object_lock_legal_hold_status":"","object_lock_mode":"","object_lock_retain_until_date":"","server_side_encryption":"AES256","source":"./application-code/application-code/web-tier/src/assets/3TierArch.png","source_hash":null,"storage_class":"STANDARD","tags":{},"tags_all":{},"version_id":"","website_redirect":""},"after_unknown":{},"before_sensitive":{"metadata":{},"tags":{},"tags_all":{}},"after_sensitive":{"metadata":{},"tags":{},"tags_all":{}}}},{"address":"module.s3.aws_s3_object.app_code_upload[\"web-tier/src/components/.DS_Store\"]","module_address":"module.s3","mode":"managed","type":"aws_s3_object","name":"app_code_upload","index":"web-tier/src/components/.DS_Store","provider_name":"registry.terraform.io/hashicorp/aws","change":{"actions":["no-op"],"before":{"acl":"private","bucket":"panda-files-app","bucket_key_enabled":false,"cache_control":"","content":null,"content_base64":null,"content_disposition":"","content_encoding":"","content_language":"","content_type":"binary/octet-stream","etag":"f8462d61a845bc6550b4ee37260002b6","force_destroy":false,"id":"application-code/web-tier/src/components/.DS_Store","key":"application-code/web-tier/src/components/.DS_Store","kms_key_id":null,"metadata":{},"object_lock_legal_hold_status":"","object_lock_mode":"","object_lock_retain_until_date":"","server_side_encryption":"AES256","source":"./application-code/application-code/web-tier/src/components/.DS_Store","source_hash":null,"storage_class":"STANDARD","tags":{},"tags_all":{},"version_id":"","website_redirect":""},"after":{"acl":"private","bucket":"panda-files-app","bucket_key_enabled":false,"cache_control":"","content":null,"content_base64":null,"content_disposition":"","content_encoding":"","content_language":"","content_type":"binary/octet-stream","etag":"f8462d61a845bc6550b4ee37260002b6","force_destroy":false,"id":"application-code/web-tier/src/components/.DS_Store","key":"application-code/web-tier/src/components/.DS_Store","kms_key_id":null,"metadata":{},"object_lock_legal_hold_status":"","object_lock_mode":"","object_lock_retain_until_date":"","server_side_encryption":"AES256","source":"./application-code/application-code/web-tier/src/components/.DS_Store","source_hash":null,"storage_class":"STANDARD","tags":{},"tags_all":{},"version_id":"","website_redirect":""},"after_unknown":{},"before_sensitive":{"metadata":{},"tags":{},"tags_all":{}},"after_sensitive":{"metadata":{},"tags":{},"tags_all":{}}}},{"address":"module.s3.aws_s3_object.app_code_upload[\"web-tier/src/components/Burger/Burger.js\"]","module_address":"module.s3","mode":"managed","type":"aws_s3_object","name":"app_code_upload","index":"web-tier/src/components/Burger/Burger.js","provider_name":"registry.terraform.io/hashicorp/aws","change":{"actions":["no-op"],"before":{"acl":"private","bucket":"panda-files-app","bucket_key_enabled":false,"cache_control":"","content":null,"content_base64":null,"content_disposition":"","content_encoding":"","content_language":"","content_type":"binary/octet-stream","etag":"a5d965b205409be80561f018b699adea","force_destroy":false,"id":"application-code/web-tier/src/components/Burger/Burger.js","key":"application-code/web-tier/src/components/Burger/Burger.js","kms_key_id":null,"metadata":{},"object_lock_legal_hold_status":"","object_lock_mode":"","object_lock_retain_until_date":"","server_side_encryption":"AES256","source":"./application-code/application-code/web-tier/src/components/Burger/Burger.js","source_hash":null,"storage_class":"STANDARD","tags":{},"tags_all":{},"version_id":"","website_redirect":""},"after":{"acl":"private","bucket":"panda-files-app","bucket_key_enabled":false,"cache_control":"","content":null,"content_base64":null,"content_disposition":"","content_encoding":"","content_language":"","content_type":"binary/octet-stream","etag":"a5d965b205409be80561f018b699adea","force_destroy":false,"id":"application-code/web-tier/src/components/Burger/Burger.js","key":"application-code/web-tier/src/components/Burger/Burger.js","kms_key_id":null,"metadata":{},"object_lock_legal_hold_status":"","object_lock_mode":"","object_lock_retain_until_date":"","server_side_encryption":"AES256","source":"./application-code/application-code/web-tier/src/components/Burger/Burger.js","source_hash":null,"storage_class":"STANDARD","tags":{},"tags_all":{},"version_id":"","website_redirect":""},"after_unknown":{},"before_sensitive":{"metadata":{},"tags":{},"tags_all":{}},"after_sensitive":{"metadata":{},"tags":{},"tags_all":{}}}},{"address":"module.s3.aws_s3_object.app_code_upload[\"web-tier/src/components/Burger/Burger.styled.js\"]","module_address":"module.s3","mode":"managed","type":"aws_s3_object","name":"app_code_upload","index":"web-tier/src/components/Burger/Burger.styled.js","provider_name":"registry.terraform.io/hashicorp/aws","change":{"actions":["no-op"],"before":{"acl":"private","bucket":"panda-files-app","bucket_key_enabled":false,"cache_control":"","content":null,"content_base64":null,"content_disposition":"","content_encoding":"","content_language":"","content_type":"binary/octet-stream","etag":"b2a2b36bec8c7a1fb86c8c96c106dc10","force_destroy":false,"id":"application-code/web-tier/src/components/Burger/Burger.styled.js","key":"application-code/web-tier/src/components/Burger/Burger.styled.js","kms_key_id":null,"metadata":{},"object_lock_legal_hold_status":"","object_lock_mode":"","object_lock_retain_until_date":"","server_side_encryption":"AES256","source":"./application-code/application-code/web-tier/src/components/Burger/Burger.styled.js","source_hash":null,"storage_class":"STANDARD","tags":{},"tags_all":{},"version_id":"","website_redirect":""},"after":{"acl":"private","bucket":"panda-files-app","bucket_key_enabled":false,"cache_control":"","content":null,"content_base64":null,"content_disposition":"","content_encoding":"","content_language":"","content_type":"binary/octet-stream","etag":"b2a2b36bec8c7a1fb86c8c96c106dc10","force_destroy":false,"id":"application-code/web-tier/src/components/Burger/Burger.styled.js","key":"application-code/web-tier/src/components/Burger/Burger.styled.js","kms_key_id":null,"metadata":{},"object_lock_legal_hold_status":"","object_lock_mode":"","object_lock_retain_until_date":"","server_side_encryption":"AES256","source":"./application-code/application-code/web-tier/src/components/Burger/Burger.styled.js","source_hash":null,"storage_class":"STANDARD","tags":{},"tags_all":{},"version_id":"","website_redirect":""},"after_unknown":{},"before_sensitive":{"metadata":{},"tags":{},"tags_all":{}},"after_sensitive":{"metadata":{},"tags":{},"tags_all":{}}}},{"address":"module.s3.aws_s3_object.app_code_upload[\"web-tier/src/components/Burger/index.js\"]","module_address":"module.s3","mode":"managed","type":"aws_s3_object","name":"app_code_upload","index":"web-tier/src/components/Burger/index.js","provider_name":"registry.terraform.io/hashicorp/aws","change":{"actions":["no-op"],"before":{"acl":"private","bucket":"panda-files-app","bucket_key_enabled":false,"cache_control":"","content":null,"content_base64":null,"content_disposition":"","content_encoding":"","content_language":"","content_type":"binary/octet-stream","etag":"6e4b039730ed4da56a4064232c202233","force_destroy":false,"id":"application-code/web-tier/src/components/Burger/index.js","key":"application-code/web-tier/src/components/Burger/index.js","kms_key_id":null,"metadata":{},"object_lock_legal_hold_status":"","object_lock_mode":"","object_lock_retain_until_date":"","server_side_encryption":"AES256","source":"./application-code/application-code/web-tier/src/components/Burger/index.js","source_hash":null,"storage_class":"STANDARD","tags":{},"tags_all":{},"version_id":"","website_redirect":""},"after":{"acl":"private","bucket":"panda-files-app","bucket_key_enabled":false,"cache_control":"","content":null,"content_base64":null,"content_disposition":"","content_encoding":"","content_language":"","content_type":"binary/octet-stream","etag":"6e4b039730ed4da56a4064232c202233","force_destroy":false,"id":"application-code/web-tier/src/components/Burger/index.js","key":"application-code/web-tier/src/components/Burger/index.js","kms_key_id":null,"metadata":{},"object_lock_legal_hold_status":"","object_lock_mode":"","object_lock_retain_until_date":"","server_side_encryption":"AES256","source":"./application-code/application-code/web-tier/src/components/Burger/index.js","source_hash":null,"storage_class":"STANDARD","tags":{},"tags_all":{},"version_id":"","website_redirect":""},"after_unknown":{},"before_sensitive":{"metadata":{},"tags":{},"tags_all":{}},"after_sensitive":{"metadata":{},"tags":{},"tags_all":{}}}},{"address":"module.s3.aws_s3_object.app_code_upload[\"web-tier/src/components/DatabaseDemo/DatabaseDemo.css\"]","module_address":"module.s3","mode":"managed","type":"aws_s3_object","name":"app_code_upload","index":"web-tier/src/components/DatabaseDemo/DatabaseDemo.css","provider_name":"registry.terraform.io/hashicorp/aws","change":{"actions":["no-op"],"before":{"acl":"private","bucket":"panda-files-app","bucket_key_enabled":false,"cache_control":"","content":null,"content_base64":null,"content_disposition":"","content_encoding":"","content_language":"","content_type":"binary/octet-stream","etag":"ccbbea93949bbdc9215338ec1e53c762","force_destroy":false,"id":"application-code/web-tier/src/components/DatabaseDemo/DatabaseDemo.css","key":"application-code/web-tier/src/components/DatabaseDemo/DatabaseDemo.css","kms_key_id":null,"metadata":{},"object_lock_legal_hold_status":"","object_lock_mode":"","object_lock_retain_until_date":"","server_side_encryption":"AES256","source":"./application-code/application-code/web-tier/src/components/DatabaseDemo/DatabaseDemo.css","source_hash":null,"storage_class":"STANDARD","tags":{},"tags_all":{},"version_id":"","website_redirect":""},"after":{"acl":"private","bucket":"panda-files-app","bucket_key_enabled":false,"cache_control":"","content":null,"content_base64":null,"content_disposition":"","content_encoding":"","content_language":"","content_type":"binary/octet-stream","etag":"ccbbea93949bbdc9215338ec1e53c762","force_destroy":false,"id":"application-code/web-tier/src/components/DatabaseDemo/DatabaseDemo.css","key":"application-code/web-tier/src/components/DatabaseDemo/DatabaseDemo.css","kms_key_id":null,"metadata":{},"object_lock_legal_hold_status":"","object_lock_mode":"","object_lock_retain_until_date":"","server_side_encryption":"AES256","source":"./application-code/application-code/web-tier/src/components/DatabaseDemo/DatabaseDemo.css","source_hash":null,"storage_class":"STANDARD","tags":{},"tags_all":{},"version_id":"","website_redirect":""},"after_unknown":{},"before_sensitive":{"metadata":{},"tags":{},"tags_all":{}},"after_sensitive":{"metadata":{},"tags":{},"tags_all":{}}}},{"address":"module.s3.aws_s3_object.app_code_upload[\"web-tier/src/components/DatabaseDemo/DatabaseDemo.js\"]","module_address":"module.s3","mode":"managed","type":"aws_s3_object","name":"app_code_upload","index":"web-tier/src/components/DatabaseDemo/DatabaseDemo.js","provider_name":"registry.terraform.io/hashicorp/aws","change":{"actions":["no-op"],"before":{"acl":"private","bucket":"panda-files-app","bucket_key_enabled":false,"cache_control":"","content":null,"content_base64":null,"content_disposition":"","content_encoding":"","content_language":"","content_type":"binary/octet-stream","etag":"9ab2d96558ec2756e4c452cba6ee2cfd","force_destroy":false,"id":"application-code/web-tier/src/components/DatabaseDemo/DatabaseDemo.js","key":"application-code/web-tier/src/components/DatabaseDemo/DatabaseDemo.js","kms_key_id":null,"metadata":{},"object_lock_legal_hold_status":"","object_lock_mode":"","object_lock_retain_until_date":"","server_side_encryption":"AES256","source":"./application-code/application-code/web-tier/src/components/DatabaseDemo/DatabaseDemo.js","source_hash":null,"storage_class":"STANDARD","tags":{},"tags_all":{},"version_id":"","website_redirect":""},"after":{"acl":"private","bucket":"panda-files-app","bucket_key_enabled":false,"cache_control":"","content":null,"content_base64":null,"content_disposition":"","content_encoding":"","content_language":"","content_type":"binary/octet-stream","etag":"9ab2d96558ec2756e4c452cba6ee2cfd","force_destroy":false,"id":"application-code/web-tier/src/components/DatabaseDemo/DatabaseDemo.js","key":"application-code/web-tier/src/components/DatabaseDemo/DatabaseDemo.js","kms_key_id":null,"metadata":{},"object_lock_legal_hold_status":"","object_lock_mode":"","object_lock_retain_until_date":"","server_side_encryption":"AES256","source":"./application-code/application-code/web-tier/src/components/DatabaseDemo/DatabaseDemo.js","source_hash":null,"storage_class":"STANDARD","tags":{},"tags_all":{},"version_id":"","website_redirect":""},"after_unknown":{},"before_sensitive":{"metadata":{},"tags":{},"tags_all":{}},"after_sensitive":{"metadata":{},"tags":{},"tags_all":{}}}},{"address":"module.s3.aws_s3_object.app_code_upload[\"web-tier/src/components/Home/Home.js\"]","module_address":"module.s3","mode":"managed","type":"aws_s3_object","name":"app_code_upload","index":"web-tier/src/components/Home/Home.js","provider_name":"registry.terraform.io/hashicorp/aws","change":{"actions":["no-op"],"before":{"acl":"private","bucket":"panda-files-app","bucket_key_enabled":false,"cache_control":"","content":null,"content_base64":null,"content_disposition":"","content_encoding":"","content_language":"","content_type":"binary/octet-stream","etag":"b772edaaa17e61f8f394ae63b304eaef","force_destroy":false,"id":"application-code/web-tier/src/components/Home/Home.js","key":"application-code/web-tier/src/components/Home/Home.js","kms_key_id":null,"metadata":{},"object_lock_legal_hold_status":"","object_lock_mode":"","object_lock_retain_until_date":"","server_side_encryption":"AES256","source":"./application-code/application-code/web-tier/src/components/Home/Home.js","source_hash":null,"storage_class":"STANDARD","tags":{},"tags_all":{},"version_id":"","website_redirect":""},"after":{"acl":"private","bucket":"panda-files-app","bucket_key_enabled":false,"cache_control":"","content":null,"content_base64":null,"content_disposition":"","content_encoding":"","content_language":"","content_type":"binary/octet-stream","etag":"b772edaaa17e61f8f394ae63b304eaef","force_destroy":false,"id":"application-code/web-tier/src/components/Home/Home.js","key":"application-code/web-tier/src/components/Home/Home.js","kms_key_id":null,"metadata":{},"object_lock_legal_hold_status":"","object_lock_mode":"","object_lock_retain_until_date":"","server_side_encryption":"AES256","source":"./application-code/application-code/web-tier/src/components/Home/Home.js","source_hash":null,"storage_class":"STANDARD","tags":{},"tags_all":{},"version_id":"","website_redirect":""},"after_unknown":{},"before_sensitive":{"metadata":{},"tags":{},"tags_all":{}},"after_sensitive":{"metadata":{},"tags":{},"tags_all":{}}}},{"address":"module.s3.aws_s3_object.app_code_upload[\"web-tier/src/components/Menu/Menu.js\"]","module_address":"module.s3","mode":"managed","type":"aws_s3_object","name":"app_code_upload","index":"web-tier/src/components/Menu/Menu.js","provider_name":"registry.terraform.io/hashicorp/aws","change":{"actions":["no-op"],"before":{"acl":"private","bucket":"panda-files-app","bucket_key_enabled":false,"cache_control":"","content":null,"content_base64":null,"content_disposition":"","content_encoding":"","content_language":"","content_type":"binary/octet-stream","etag":"dc803e695cfaaf3c7926e86f327d81b9","force_destroy":false,"id":"application-code/web-tier/src/components/Menu/Menu.js","key":"application-code/web-tier/src/components/Menu/Menu.js","kms_key_id":null,"metadata":{},"object_lock_legal_hold_status":"","object_lock_mode":"","object_lock_retain_until_date":"","server_side_encryption":"AES256","source":"./application-code/application-code/web-tier/src/components/Menu/Menu.js","source_hash":null,"storage_class":"STANDARD","tags":{},"tags_all":{},"version_id":"","website_redirect":""},"after":{"acl":"private","bucket":"panda-files-app","bucket_key_enabled":false,"cache_control":"","content":null,"content_base64":null,"content_disposition":"","content_encoding":"","content_language":"","content_type":"binary/octet-stream","etag":"dc803e695cfaaf3c7926e86f327d81b9","force_destroy":false,"id":"application-code/web-tier/src/components/Menu/Menu.js","key":"application-code/web-tier/src/components/Menu/Menu.js","kms_key_id":null,"metadata":{},"object_lock_legal_hold_status":"","object_lock_mode":"","object_lock_retain_until_date":"","server_side_encryption":"AES256","source":"./application-code/application-code/web-tier/src/components/Menu/Menu.js","source_hash":null,"storage_class":"STANDARD","tags":{},"tags_all":{},"version_id":"","website_redirect":""},"after_unknown":{},"before_sensitive":{"metadata":{},"tags":{},"tags_all":{}},"after_sensitive":{"metadata":{},"tags":{},"tags_all":{}}}},{"address":"module.s3.aws_s3_object.app_code_upload[\"web-tier/src/components/Menu/Menu.styled.js\"]","module_address":"module.s3","mode":"managed","type":"aws_s3_object","name":"app_code_upload","index":"web-tier/src/components/Menu/Menu.styled.js","provider_name":"registry.terraform.io/hashicorp/aws","change":{"actions":["no-op"],"before":{"acl":"private","bucket":"panda-files-app","bucket_key_enabled":false,"cache_control":"","content":null,"content_base64":null,"content_disposition":"","content_encoding":"","content_language":"","content_type":"binary/octet-stream","etag":"0c08ea6a16e4d10b09ba5c67a1561193","force_destroy":false,"id":"application-code/web-tier/src/components/Menu/Menu.styled.js","key":"application-code/web-tier/src/components/Menu/Menu.styled.js","kms_key_id":null,"metadata":{},"object_lock_legal_hold_status":"","object_lock_mode":"","object_lock_retain_until_date":"","server_side_encryption":"AES256","source":"./application-code/application-code/web-tier/src/components/Menu/Menu.styled.js","source_hash":null,"storage_class":"STANDARD","tags":{},"tags_all":{},"version_id":"","website_redirect":""},"after":{"acl":"private","bucket":"panda-files-app","bucket_key_enabled":false,"cache_control":"","content":null,"content_base64":null,"content_disposition":"","content_encoding":"","content_language":"","content_type":"binary/octet-stream","etag":"0c08ea6a16e4d10b09ba5c67a1561193","force_destroy":false,"id":"application-code/web-tier/src/components/Menu/Menu.styled.js","key":"application-code/web-tier/src/components/Menu/Menu.styled.js","kms_key_id":null,"metadata":{},"object_lock_legal_hold_status":"","object_lock_mode":"","object_lock_retain_until_date":"","server_side_encryption":"AES256","source":"./application-code/application-code/web-tier/src/components/Menu/Menu.styled.js","source_hash":null,"storage_class":"STANDARD","tags":{},"tags_all":{},"version_id":"","website_redirect":""},"after_unknown":{},"before_sensitive":{"metadata":{},"tags":{},"tags_all":{}},"after_sensitive":{"metadata":{},"tags":{},"tags_all":{}}}},{"address":"module.s3.aws_s3_object.app_code_upload[\"web-tier/src/components/Menu/index.js\"]","module_address":"module.s3","mode":"managed","type":"aws_s3_object","name":"app_code_upload","index":"web-tier/src/components/Menu/index.js","provider_name":"registry.terraform.io/hashicorp/aws","change":{"actions":["no-op"],"before":{"acl":"private","bucket":"panda-files-app","bucket_key_enabled":false,"cache_control":"","content":null,"content_base64":null,"content_disposition":"","content_encoding":"","content_language":"","content_type":"binary/octet-stream","etag":"a0d7779bf693d230afd821ba2785a0a3","force_destroy":false,"id":"application-code/web-tier/src/components/Menu/index.js","key":"application-code/web-tier/src/components/Menu/index.js","kms_key_id":null,"metadata":{},"object_lock_legal_hold_status":"","object_lock_mode":"","object_lock_retain_until_date":"","server_side_encryption":"AES256","source":"./application-code/application-code/web-tier/src/components/Menu/index.js","source_hash":null,"storage_class":"STANDARD","tags":{},"tags_all":{},"version_id":"","website_redirect":""},"after":{"acl":"private","bucket":"panda-files-app","bucket_key_enabled":false,"cache_control":"","content":null,"content_base64":null,"content_disposition":"","content_encoding":"","content_language":"","content_type":"binary/octet-stream","etag":"a0d7779bf693d230afd821ba2785a0a3","force_destroy":false,"id":"application-code/web-tier/src/components/Menu/index.js","key":"application-code/web-tier/src/components/Menu/index.js","kms_key_id":null,"metadata":{},"object_lock_legal_hold_status":"","object_lock_mode":"","object_lock_retain_until_date":"","server_side_encryption":"AES256","source":"./application-code/application-code/web-tier/src/components/Menu/index.js","source_hash":null,"storage_class":"STANDARD","tags":{},"tags_all":{},"version_id":"","website_redirect":""},"after_unknown":{},"before_sensitive":{"metadata":{},"tags":{},"tags_all":{}},"after_sensitive":{"metadata":{},"tags":{},"tags_all":{}}}},{"address":"module.s3.aws_s3_object.app_code_upload[\"web-tier/src/components/index.js\"]","module_address":"module.s3","mode":"managed","type":"aws_s3_object","name":"app_code_upload","index":"web-tier/src/components/index.js","provider_name":"registry.terraform.io/hashicorp/aws","change":{"actions":["no-op"],"before":{"acl":"private","bucket":"panda-files-app","bucket_key_enabled":false,"cache_control":"","content":null,"content_base64":null,"content_disposition":"","content_encoding":"","content_language":"","content_type":"binary/octet-stream","etag":"9754a556d58a9481d74e01a7cb1ff379","force_destroy":false,"id":"application-code/web-tier/src/components/index.js","key":"application-code/web-tier/src/components/index.js","kms_key_id":null,"metadata":{},"object_lock_legal_hold_status":"","object_lock_mode":"","object_lock_retain_until_date":"","server_side_encryption":"AES256","source":"./application-code/application-code/web-tier/src/components/index.js","source_hash":null,"storage_class":"STANDARD","tags":{},"tags_all":{},"version_id":"","website_redirect":""},"after":{"acl":"private","bucket":"panda-files-app","bucket_key_enabled":false,"cache_control":"","content":null,"content_base64":null,"content_disposition":"","content_encoding":"","content_language":"","content_type":"binary/octet-stream","etag":"9754a556d58a9481d74e01a7cb1ff379","force_destroy":false,"id":"application-code/web-tier/src/components/index.js","key":"application-code/web-tier/src/components/index.js","kms_key_id":null,"metadata":{},"object_lock_legal_hold_status":"","object_lock_mode":"","object_lock_retain_until_date":"","server_side_encryption":"AES256","source":"./application-code/application-code/web-tier/src/components/index.js","source_hash":null,"storage_class":"STANDARD","tags":{},"tags_all":{},"version_id":"","website_redirect":""},"after_unknown":{},"before_sensitive":{"metadata":{},"tags":{},"tags_all":{}},"after_sensitive":{"metadata":{},"tags":{},"tags_all":{}}}},{"address":"module.s3.aws_s3_object.app_code_upload[\"web-tier/src/global.js\"]","module_address":"module.s3","mode":"managed","type":"aws_s3_object","name":"app_code_upload","index":"web-tier/src/global.js","provider_name":"registry.terraform.io/hashicorp/aws","change":{"actions":["no-op"],"before":{"acl":"private","bucket":"panda-files-app","bucket_key_enabled":false,"cache_control":"","content":null,"content_base64":null,"content_disposition":"","content_encoding":"","content_language":"","content_type":"binary/octet-stream","etag":"8921ee2713f9fb38fb9c630cc1766904","force_destroy":false,"id":"application-code/web-tier/src/global.js","key":"application-code/web-tier/src/global.js","kms_key_id":null,"metadata":{},"object_lock_legal_hold_status":"","object_lock_mode":"","object_lock_retain_until_date":"","server_side_encryption":"AES256","source":"./application-code/application-code/web-tier/src/global.js","source_hash":null,"storage_class":"STANDARD","tags":{},"tags_all":{},"version_id":"","website_redirect":""},"after":{"acl":"private","bucket":"panda-files-app","bucket_key_enabled":false,"cache_control":"","content":null,"content_base64":null,"content_disposition":"","content_encoding":"","content_language":"","content_type":"binary/octet-stream","etag":"8921ee2713f9fb38fb9c630cc1766904","force_destroy":false,"id":"application-code/web-tier/src/global.js","key":"application-code/web-tier/src/global.js","kms_key_id":null,"metadata":{},"object_lock_legal_hold_status":"","object_lock_mode":"","object_lock_retain_until_date":"","server_side_encryption":"AES256","source":"./application-code/application-code/web-tier/src/global.js","source_hash":null,"storage_class":"STANDARD","tags":{},"tags_all":{},"version_id":"","website_redirect":""},"after_unknown":{},"before_sensitive":{"metadata":{},"tags":{},"tags_all":{}},"after_sensitive":{"metadata":{},"tags":{},"tags_all":{}}}},{"address":"module.s3.aws_s3_object.app_code_upload[\"web-tier/src/hooks.js\"]","module_address":"module.s3","mode":"managed","type":"aws_s3_object","name":"app_code_upload","index":"web-tier/src/hooks.js","provider_name":"registry.terraform.io/hashicorp/aws","change":{"actions":["no-op"],"before":{"acl":"private","bucket":"panda-files-app","bucket_key_enabled":false,"cache_control":"","content":null,"content_base64":null,"content_disposition":"","content_encoding":"","content_language":"","content_type":"binary/octet-stream","etag":"41d5a7e3d265564b7aa3c30180741b04","force_destroy":false,"id":"application-code/web-tier/src/hooks.js","key":"application-code/web-tier/src/hooks.js","kms_key_id":null,"metadata":{},"object_lock_legal_hold_status":"","object_lock_mode":"","object_lock_retain_until_date":"","server_side_encryption":"AES256","source":"./application-code/application-code/web-tier/src/hooks.js","source_hash":null,"storage_class":"STANDARD","tags":{},"tags_all":{},"version_id":"","website_redirect":""},"after":{"acl":"private","bucket":"panda-files-app","bucket_key_enabled":false,"cache_control":"","content":null,"content_base64":null,"content_disposition":"","content_encoding":"","content_language":"","content_type":"binary/octet-stream","etag":"41d5a7e3d265564b7aa3c30180741b04","force_destroy":false,"id":"application-code/web-tier/src/hooks.js","key":"application-code/web-tier/src/hooks.js","kms_key_id":null,"metadata":{},"object_lock_legal_hold_status":"","object_lock_mode":"","object_lock_retain_until_date":"","server_side_encryption":"AES256","source":"./application-code/application-code/web-tier/src/hooks.js","source_hash":null,"storage_class":"STANDARD","tags":{},"tags_all":{},"version_id":"","website_redirect":""},"after_unknown":{},"before_sensitive":{"metadata":{},"tags":{},"tags_all":{}},"after_sensitive":{"metadata":{},"tags":{},"tags_all":{}}}},{"address":"module.s3.aws_s3_object.app_code_upload[\"web-tier/src/index.css\"]","module_address":"module.s3","mode":"managed","type":"aws_s3_object","name":"app_code_upload","index":"web-tier/src/index.css","provider_name":"registry.terraform.io/hashicorp/aws","change":{"actions":["no-op"],"before":{"acl":"private","bucket":"panda-files-app","bucket_key_enabled":false,"cache_control":"","content":null,"content_base64":null,"content_disposition":"","content_encoding":"","content_language":"","content_type":"binary/octet-stream","etag":"7386d27f653921d6b5c3b54e0cd9d67d","force_destroy":false,"id":"application-code/web-tier/src/index.css","key":"application-code/web-tier/src/index.css","kms_key_id":null,"metadata":{},"object_lock_legal_hold_status":"","object_lock_mode":"","object_lock_retain_until_date":"","server_side_encryption":"AES256","source":"./application-code/application-code/web-tier/src/index.css","source_hash":null,"storage_class":"STANDARD","tags":{},"tags_all":{},"version_id":"","website_redirect":""},"after":{"acl":"private","bucket":"panda-files-app","bucket_key_enabled":false,"cache_control":"","content":null,"content_base64":null,"content_disposition":"","content_encoding":"","content_language":"","content_type":"binary/octet-stream","etag":"7386d27f653921d6b5c3b54e0cd9d67d","force_destroy":false,"id":"application-code/web-tier/src/index.css","key":"application-code/web-tier/src/index.css","kms_key_id":null,"metadata":{},"object_lock_legal_hold_status":"","object_lock_mode":"","object_lock_retain_until_date":"","server_side_encryption":"AES256","source":"./application-code/application-code/web-tier/src/index.css","source_hash":null,"storage_class":"STANDARD","tags":{},"tags_all":{},"version_id":"","website_redirect":""},"after_unknown":{},"before_sensitive":{"metadata":{},"tags":{},"tags_all":{}},"after_sensitive":{"metadata":{},"tags":{},"tags_all":{}}}},{"address":"module.s3.aws_s3_object.app_code_upload[\"web-tier/src/index.js\"]","module_address":"module.s3","mode":"managed","type":"aws_s3_object","name":"app_code_upload","index":"web-tier/src/index.js","provider_name":"registry.terraform.io/hashicorp/aws","change":{"actions":["no-op"],"before":{"acl":"private","bucket":"panda-files-app","bucket_key_enabled":false,"cache_control":"","content":null,"content_base64":null,"content_disposition":"","content_encoding":"","content_language":"","content_type":"binary/octet-stream","etag":"0f52bca8d3ae14f17fa443a1ab3c1ac3","force_destroy":false,"id":"application-code/web-tier/src/index.js","key":"application-code/web-tier/src/index.js","kms_key_id":null,"metadata":{},"object_lock_legal_hold_status":"","object_lock_mode":"","object_lock_retain_until_date":"","server_side_encryption":"AES256","source":"./application-code/application-code/web-tier/src/index.js","source_hash":null,"storage_class":"STANDARD","tags":{},"tags_all":{},"version_id":"","website_redirect":""},"after":{"acl":"private","bucket":"panda-files-app","bucket_key_enabled":false,"cache_control":"","content":null,"content_base64":null,"content_disposition":"","content_encoding":"","content_language":"","content_type":"binary/octet-stream","etag":"0f52bca8d3ae14f17fa443a1ab3c1ac3","force_destroy":false,"id":"application-code/web-tier/src/index.js","key":"application-code/web-tier/src/index.js","kms_key_id":null,"metadata":{},"object_lock_legal_hold_status":"","object_lock_mode":"","object_lock_retain_until_date":"","server_side_encryption":"AES256","source":"./application-code/application-code/web-tier/src/index.js","source_hash":null,"storage_class":"STANDARD","tags":{},"tags_all":{},"version_id":"","website_redirect":""},"after_unknown":{},"before_sensitive":{"metadata":{},"tags":{},"tags_all":{}},"after_sensitive":{"metadata":{},"tags":{},"tags_all":{}}}},{"address":"module.s3.aws_s3_object.app_code_upload[\"web-tier/src/reportWebVitals.js\"]","module_address":"module.s3","mode":"managed","type":"aws_s3_object","name":"app_code_upload","index":"web-tier/src/reportWebVitals.js","provider_name":"registry.terraform.io/hashicorp/aws","change":{"actions":["no-op"],"before":{"acl":"private","bucket":"panda-files-app","bucket_key_enabled":false,"cache_control":"","content":null,"content_base64":null,"content_disposition":"","content_encoding":"","content_language":"","content_type":"binary/octet-stream","etag":"b528fd380de9b503eb5c84973639cca4","force_destroy":false,"id":"application-code/web-tier/src/reportWebVitals.js","key":"application-code/web-tier/src/reportWebVitals.js","kms_key_id":null,"metadata":{},"object_lock_legal_hold_status":"","object_lock_mode":"","object_lock_retain_until_date":"","server_side_encryption":"AES256","source":"./application-code/application-code/web-tier/src/reportWebVitals.js","source_hash":null,"storage_class":"STANDARD","tags":{},"tags_all":{},"version_id":"","website_redirect":""},"after":{"acl":"private","bucket":"panda-files-app","bucket_key_enabled":false,"cache_control":"","content":null,"content_base64":null,"content_disposition":"","content_encoding":"","content_language":"","content_type":"binary/octet-stream","etag":"b528fd380de9b503eb5c84973639cca4","force_destroy":false,"id":"application-code/web-tier/src/reportWebVitals.js","key":"application-code/web-tier/src/reportWebVitals.js","kms_key_id":null,"metadata":{},"object_lock_legal_hold_status":"","object_lock_mode":"","object_lock_retain_until_date":"","server_side_encryption":"AES256","source":"./application-code/application-code/web-tier/src/reportWebVitals.js","source_hash":null,"storage_class":"STANDARD","tags":{},"tags_all":{},"version_id":"","website_redirect":""},"after_unknown":{},"before_sensitive":{"metadata":{},"tags":{},"tags_all":{}},"after_sensitive":{"metadata":{},"tags":{},"tags_all":{}}}},{"address":"module.s3.aws_s3_object.app_code_upload[\"web-tier/src/setupTests.js\"]","module_address":"module.s3","mode":"managed","type":"aws_s3_object","name":"app_code_upload","index":"web-tier/src/setupTests.js","provider_name":"registry.terraform.io/hashicorp/aws","change":{"actions":["no-op"],"before":{"acl":"private","bucket":"panda-files-app","bucket_key_enabled":false,"cache_control":"","content":null,"content_base64":null,"content_disposition":"","content_encoding":"","content_language":"","content_type":"binary/octet-stream","etag":"72158175c4ba432ede32a7c2ca4143e0","force_destroy":false,"id":"application-code/web-tier/src/setupTests.js","key":"application-code/web-tier/src/setupTests.js","kms_key_id":null,"metadata":{},"object_lock_legal_hold_status":"","object_lock_mode":"","object_lock_retain_until_date":"","server_side_encryption":"AES256","source":"./application-code/application-code/web-tier/src/setupTests.js","source_hash":null,"storage_class":"STANDARD","tags":{},"tags_all":{},"version_id":"","website_redirect":""},"after":{"acl":"private","bucket":"panda-files-app","bucket_key_enabled":false,"cache_control":"","content":null,"content_base64":null,"content_disposition":"","content_encoding":"","content_language":"","content_type":"binary/octet-stream","etag":"72158175c4ba432ede32a7c2ca4143e0","force_destroy":false,"id":"application-code/web-tier/src/setupTests.js","key":"application-code/web-tier/src/setupTests.js","kms_key_id":null,"metadata":{},"object_lock_legal_hold_status":"","object_lock_mode":"","object_lock_retain_until_date":"","server_side_encryption":"AES256","source":"./application-code/application-code/web-tier/src/setupTests.js","source_hash":null,"storage_class":"STANDARD","tags":{},"tags_all":{},"version_id":"","website_redirect":""},"after_unknown":{},"before_sensitive":{"metadata":{},"tags":{},"tags_all":{}},"after_sensitive":{"metadata":{},"tags":{},"tags_all":{}}}},{"address":"module.s3.aws_s3_object.app_code_upload[\"web-tier/src/theme.js\"]","module_address":"module.s3","mode":"managed","type":"aws_s3_object","name":"app_code_upload","index":"web-tier/src/theme.js","provider_name":"registry.terraform.io/hashicorp/aws","change":{"actions":["no-op"],"before":{"acl":"private","bucket":"panda-files-app","bucket_key_enabled":false,"cache_control":"","content":null,"content_base64":null,"content_disposition":"","content_encoding":"","content_language":"","content_type":"binary/octet-stream","etag":"a1aa698756c35f056a1b62fbbd0f1c40","force_destroy":false,"id":"application-code/web-tier/src/theme.js","key":"application-code/web-tier/src/theme.js","kms_key_id":null,"metadata":{},"object_lock_legal_hold_status":"","object_lock_mode":"","object_lock_retain_until_date":"","server_side_encryption":"AES256","source":"./application-code/application-code/web-tier/src/theme.js","source_hash":null,"storage_class":"STANDARD","tags":{},"tags_all":{},"version_id":"","website_redirect":""},"after":{"acl":"private","bucket":"panda-files-app","bucket_key_enabled":false,"cache_control":"","content":null,"content_base64":null,"content_disposition":"","content_encoding":"","content_language":"","content_type":"binary/octet-stream","etag":"a1aa698756c35f056a1b62fbbd0f1c40","force_destroy":false,"id":"application-code/web-tier/src/theme.js","key":"application-code/web-tier/src/theme.js","kms_key_id":null,"metadata":{},"object_lock_legal_hold_status":"","object_lock_mode":"","object_lock_retain_until_date":"","server_side_encryption":"AES256","source":"./application-code/application-code/web-tier/src/theme.js","source_hash":null,"storage_class":"STANDARD","tags":{},"tags_all":{},"version_id":"","website_redirect":""},"after_unknown":{},"before_sensitive":{"metadata":{},"tags":{},"tags_all":{}},"after_sensitive":{"metadata":{},"tags":{},"tags_all":{}}}},{"address":"module.security-group.aws_security_group.alb_sg","module_address":"module.security-group","mode":"managed","type":"aws_security_group","name":"alb_sg","provider_name":"registry.terraform.io/hashicorp/aws","change":{"actions":["no-op"],"before":{"arn":"arn:aws:ec2:us-east-1:513410254332:security-group/sg-02ab4df8a4a243f1b","description":"enable http/https access on port 80/443","egress":[{"cidr_blocks":["0.0.0.0/0"],"description":"","from_port":0,"ipv6_cidr_blocks":[],"prefix_list_ids":[],"protocol":"-1","security_groups":[],"self":false,"to_port":0}],"id":"sg-02ab4df8a4a243f1b","ingress":[{"cidr_blocks":["0.0.0.0/0"],"description":"http access","from_port":80,"ipv6_cidr_blocks":[],"prefix_list_ids":[],"protocol":"tcp","security_groups":[],"self":false,"to_port":80},{"cidr_blocks":["0.0.0.0/0"],"description":"https access","from_port":443,"ipv6_cidr_blocks":[],"prefix_list_ids":[],"protocol":"tcp","security_groups":[],"self":false,"to_port":443}],"name":"alb security group","name_prefix":"","owner_id":"513410254332","revoke_rules_on_delete":false,"tags":{"Name":"alb_sg"},"tags_all":{"Name":"alb_sg"},"timeouts":null,"vpc_id":"vpc-0ed9c7463763df965"},"after":{"arn":"arn:aws:ec2:us-east-1:513410254332:security-group/sg-02ab4df8a4a243f1b","description":"enable http/https access on port 80/443","egress":[{"cidr_blocks":["0.0.0.0/0"],"description":"","from_port":0,"ipv6_cidr_blocks":[],"prefix_list_ids":[],"protocol":"-1","security_groups":[],"self":false,"to_port":0}],"id":"sg-02ab4df8a4a243f1b","ingress":[{"cidr_blocks":["0.0.0.0/0"],"description":"http access","from_port":80,"ipv6_cidr_blocks":[],"prefix_list_ids":[],"protocol":"tcp","security_groups":[],"self":false,"to_port":80},{"cidr_blocks":["0.0.0.0/0"],"description":"https access","from_port":443,"ipv6_cidr_blocks":[],"prefix_list_ids":[],"protocol":"tcp","security_groups":[],"self":false,"to_port":443}],"name":"alb security group","name_prefix":"","owner_id":"513410254332","revoke_rules_on_delete":false,"tags":{"Name":"alb_sg"},"tags_all":{"Name":"alb_sg"},"timeouts":null,"vpc_id":"vpc-0ed9c7463763df965"},"after_unknown":{},"before_sensitive":{"egress":[{"cidr_blocks":[false],"ipv6_cidr_blocks":[],"prefix_list_ids":[],"security_groups":[]}],"ingress":[{"cidr_blocks":[false],"ipv6_cidr_blocks":[],"prefix_list_ids":[],"security_groups":[]},{"cidr_blocks":[false],"ipv6_cidr_blocks":[],"prefix_list_ids":[],"security_groups":[]}],"tags":{},"tags_all":{}},"after_sensitive":{"egress":[{"cidr_blocks":[false],"ipv6_cidr_blocks":[],"prefix_list_ids":[],"security_groups":[]}],"ingress":[{"cidr_blocks":[false],"ipv6_cidr_blocks":[],"prefix_list_ids":[],"security_groups":[]},{"cidr_blocks":[false],"ipv6_cidr_blocks":[],"prefix_list_ids":[],"security_groups":[]}],"tags":{},"tags_all":{}}}},{"address":"module.security-group.aws_security_group.client_sg","module_address":"module.security-group","mode":"managed","type":"aws_security_group","name":"client_sg","provider_name":"registry.terraform.io/hashicorp/aws","change":{"actions":["no-op"],"before":{"arn":"arn:aws:ec2:us-east-1:513410254332:security-group/sg-06f7dd670a0a78126","description":"enable http/https access on port 80 for client sg","egress":[{"cidr_blocks":["0.0.0.0/0"],"description":"","from_port":0,"ipv6_cidr_blocks":[],"prefix_list_ids":[],"protocol":"-1","security_groups":[],"self":false,"to_port":0}],"id":"sg-06f7dd670a0a78126","ingress":[{"cidr_blocks":[],"description":"http access","from_port":80,"ipv6_cidr_blocks":[],"prefix_list_ids":[],"protocol":"tcp","security_groups":["sg-02ab4df8a4a243f1b"],"self":false,"to_port":80}],"name":"client_sg","name_prefix":"","owner_id":"513410254332","revoke_rules_on_delete":false,"tags":{"Name":"Client_sg"},"tags_all":{"Name":"Client_sg"},"timeouts":null,"vpc_id":"vpc-0ed9c7463763df965"},"after":{"arn":"arn:aws:ec2:us-east-1:513410254332:security-group/sg-06f7dd670a0a78126","description":"enable http/https access on port 80 for client sg","egress":[{"cidr_blocks":["0.0.0.0/0"],"description":"","from_port":0,"ipv6_cidr_blocks":[],"prefix_list_ids":[],"protocol":"-1","security_groups":[],"self":false,"to_port":0}],"id":"sg-06f7dd670a0a78126","ingress":[{"cidr_blocks":[],"description":"http access","from_port":80,"ipv6_cidr_blocks":[],"prefix_list_ids":[],"protocol":"tcp","security_groups":["sg-02ab4df8a4a243f1b"],"self":false,"to_port":80}],"name":"client_sg","name_prefix":"","owner_id":"513410254332","revoke_rules_on_delete":false,"tags":{"Name":"Client_sg"},"tags_all":{"Name":"Client_sg"},"timeouts":null,"vpc_id":"vpc-0ed9c7463763df965"},"after_unknown":{},"before_sensitive":{"egress":[{"cidr_blocks":[false],"ipv6_cidr_blocks":[],"prefix_list_ids":[],"security_groups":[]}],"ingress":[{"cidr_blocks":[],"ipv6_cidr_blocks":[],"prefix_list_ids":[],"security_groups":[false]}],"tags":{},"tags_all":{}},"after_sensitive":{"egress":[{"cidr_blocks":[false],"ipv6_cidr_blocks":[],"prefix_list_ids":[],"security_groups":[]}],"ingress":[{"cidr_blocks":[],"ipv6_cidr_blocks":[],"prefix_list_ids":[],"security_groups":[false]}],"tags":{},"tags_all":{}}}},{"address":"module.security-group.aws_security_group.db_sg","module_address":"module.security-group","mode":"managed","type":"aws_security_group","name":"db_sg","provider_name":"registry.terraform.io/hashicorp/aws","change":{"actions":["no-op"],"before":{"arn":"arn:aws:ec2:us-east-1:513410254332:security-group/sg-0e09713dd04b840d0","description":"enable mysql access on port 3305 from server-sg","egress":[{"cidr_blocks":["0.0.0.0/0"],"description":"","from_port":0,"ipv6_cidr_blocks":[],"prefix_list_ids":[],"protocol":"-1","security_groups":[],"self":false,"to_port":0}],"id":"sg-0e09713dd04b840d0","ingress":[{"cidr_blocks":[],"description":"mysql access","from_port":3306,"ipv6_cidr_blocks":[],"prefix_list_ids":[],"protocol":"tcp","security_groups":["sg-090125fd0fc8b1f21"],"self":false,"to_port":3306}],"name":"db_sg","name_prefix":"","owner_id":"513410254332","revoke_rules_on_delete":false,"tags":{"Name":"database_sg"},"tags_all":{"Name":"database_sg"},"timeouts":null,"vpc_id":"vpc-0ed9c7463763df965"},"after":{"arn":"arn:aws:ec2:us-east-1:513410254332:security-group/sg-0e09713dd04b840d0","description":"enable mysql access on port 3305 from server-sg","egress":[{"cidr_blocks":["0.0.0.0/0"],"description":"","from_port":0,"ipv6_cidr_blocks":[],"prefix_list_ids":[],"protocol":"-1","security_groups":[],"self":false,"to_port":0}],"id":"sg-0e09713dd04b840d0","ingress":[{"cidr_blocks":[],"description":"mysql access","from_port":3306,"ipv6_cidr_blocks":[],"prefix_list_ids":[],"protocol":"tcp","security_groups":["sg-090125fd0fc8b1f21"],"self":false,"to_port":3306}],"name":"db_sg","name_prefix":"","owner_id":"513410254332","revoke_rules_on_delete":false,"tags":{"Name":"database_sg"},"tags_all":{"Name":"database_sg"},"timeouts":null,"vpc_id":"vpc-0ed9c7463763df965"},"after_unknown":{},"before_sensitive":{"egress":[{"cidr_blocks":[false],"ipv6_cidr_blocks":[],"prefix_list_ids":[],"security_groups":[]}],"ingress":[{"cidr_blocks":[],"ipv6_cidr_blocks":[],"prefix_list_ids":[],"security_groups":[false]}],"tags":{},"tags_all":{}},"after_sensitive":{"egress":[{"cidr_blocks":[false],"ipv6_cidr_blocks":[],"prefix_list_ids":[],"security_groups":[]}],"ingress":[{"cidr_blocks":[],"ipv6_cidr_blocks":[],"prefix_list_ids":[],"security_groups":[false]}],"tags":{},"tags_all":{}}}},{"address":"module.security-group.aws_security_group.internal_alb_sg","module_address":"module.security-group","mode":"managed","type":"aws_security_group","name":"internal_alb_sg","provider_name":"registry.terraform.io/hashicorp/aws","change":{"actions":["no-op"],"before":{"arn":"arn:aws:ec2:us-east-1:513410254332:security-group/sg-0d54f115b78ecc568","description":"enable http/https access on port 80 for internal alb sg","egress":[{"cidr_blocks":["0.0.0.0/0"],"description":"","from_port":0,"ipv6_cidr_blocks":[],"prefix_list_ids":[],"protocol":"-1","security_groups":[],"self":false,"to_port":0}],"id":"sg-0d54f115b78ecc568","ingress":[{"cidr_blocks":[],"description":"http access","from_port":80,"ipv6_cidr_blocks":[],"prefix_list_ids":[],"protocol":"tcp","security_groups":["sg-06f7dd670a0a78126"],"self":false,"to_port":80}],"name":"internal_alb_sg","name_prefix":"","owner_id":"513410254332","revoke_rules_on_delete":false,"tags":{"Name":"internal_alb_sg"},"tags_all":{"Name":"internal_alb_sg"},"timeouts":null,"vpc_id":"vpc-0ed9c7463763df965"},"after":{"arn":"arn:aws:ec2:us-east-1:513410254332:security-group/sg-0d54f115b78ecc568","description":"enable http/https access on port 80 for internal alb sg","egress":[{"cidr_blocks":["0.0.0.0/0"],"description":"","from_port":0,"ipv6_cidr_blocks":[],"prefix_list_ids":[],"protocol":"-1","security_groups":[],"self":false,"to_port":0}],"id":"sg-0d54f115b78ecc568","ingress":[{"cidr_blocks":[],"description":"http access","from_port":80,"ipv6_cidr_blocks":[],"prefix_list_ids":[],"protocol":"tcp","security_groups":["sg-06f7dd670a0a78126"],"self":false,"to_port":80}],"name":"internal_alb_sg","name_prefix":"","owner_id":"513410254332","revoke_rules_on_delete":false,"tags":{"Name":"internal_alb_sg"},"tags_all":{"Name":"internal_alb_sg"},"timeouts":null,"vpc_id":"vpc-0ed9c7463763df965"},"after_unknown":{},"before_sensitive":{"egress":[{"cidr_blocks":[false],"ipv6_cidr_blocks":[],"prefix_list_ids":[],"security_groups":[]}],"ingress":[{"cidr_blocks":[],"ipv6_cidr_blocks":[],"prefix_list_ids":[],"security_groups":[false]}],"tags":{},"tags_all":{}},"after_sensitive":{"egress":[{"cidr_blocks":[false],"ipv6_cidr_blocks":[],"prefix_list_ids":[],"security_groups":[]}],"ingress":[{"cidr_blocks":[],"ipv6_cidr_blocks":[],"prefix_list_ids":[],"security_groups":[false]}],"tags":{},"tags_all":{}}}},{"address":"module.security-group.aws_security_group.server_sg","module_address":"module.security-group","mode":"managed","type":"aws_security_group","name":"server_sg","provider_name":"registry.terraform.io/hashicorp/aws","change":{"actions":["no-op"],"before":{"arn":"arn:aws:ec2:us-east-1:513410254332:security-group/sg-090125fd0fc8b1f21","description":"enable http/https access on port 4000 for server app sg","egress":[{"cidr_blocks":["0.0.0.0/0"],"description":"","from_port":0,"ipv6_cidr_blocks":[],"prefix_list_ids":[],"protocol":"-1","security_groups":[],"self":false,"to_port":0}],"id":"sg-090125fd0fc8b1f21","ingress":[{"cidr_blocks":[],"description":"custom tcp access","from_port":4000,"ipv6_cidr_blocks":[],"prefix_list_ids":[],"protocol":"tcp","security_groups":["sg-0d54f115b78ecc568"],"self":false,"to_port":4000}],"name":"server_sg","name_prefix":"","owner_id":"513410254332","revoke_rules_on_delete":false,"tags":{"Name":"server_sg"},"tags_all":{"Name":"server_sg"},"timeouts":null,"vpc_id":"vpc-0ed9c7463763df965"},"after":{"arn":"arn:aws:ec2:us-east-1:513410254332:security-group/sg-090125fd0fc8b1f21","description":"enable http/https access on port 4000 for server app sg","egress":[{"cidr_blocks":["0.0.0.0/0"],"description":"","from_port":0,"ipv6_cidr_blocks":[],"prefix_list_ids":[],"protocol":"-1","security_groups":[],"self":false,"to_port":0}],"id":"sg-090125fd0fc8b1f21","ingress":[{"cidr_blocks":[],"description":"custom tcp access","from_port":4000,"ipv6_cidr_blocks":[],"prefix_list_ids":[],"protocol":"tcp","security_groups":["sg-0d54f115b78ecc568"],"self":false,"to_port":4000}],"name":"server_sg","name_prefix":"","owner_id":"513410254332","revoke_rules_on_delete":false,"tags":{"Name":"server_sg"},"tags_all":{"Name":"server_sg"},"timeouts":null,"vpc_id":"vpc-0ed9c7463763df965"},"after_unknown":{},"before_sensitive":{"egress":[{"cidr_blocks":[false],"ipv6_cidr_blocks":[],"prefix_list_ids":[],"security_groups":[]}],"ingress":[{"cidr_blocks":[],"ipv6_cidr_blocks":[],"prefix_list_ids":[],"security_groups":[false]}],"tags":{},"tags_all":{}},"after_sensitive":{"egress":[{"cidr_blocks":[false],"ipv6_cidr_blocks":[],"prefix_list_ids":[],"security_groups":[]}],"ingress":[{"cidr_blocks":[],"ipv6_cidr_blocks":[],"prefix_list_ids":[],"security_groups":[false]}],"tags":{},"tags_all":{}}}},{"address":"module.vpc.aws_internet_gateway.internet_gateway","module_address":"module.vpc","mode":"managed","type":"aws_internet_gateway","name":"internet_gateway","provider_name":"registry.terraform.io/hashicorp/aws","change":{"actions":["no-op"],"before":{"arn":"arn:aws:ec2:us-east-1:513410254332:internet-gateway/igw-0e62f99a8c9a13b7c","id":"igw-0e62f99a8c9a13b7c","owner_id":"513410254332","tags":{"Name":"three-tier-app-igw"},"tags_all":{"Name":"three-tier-app-igw"},"timeouts":null,"vpc_id":"vpc-0ed9c7463763df965"},"after":{"arn":"arn:aws:ec2:us-east-1:513410254332:internet-gateway/igw-0e62f99a8c9a13b7c","id":"igw-0e62f99a8c9a13b7c","owner_id":"513410254332","tags":{"Name":"three-tier-app-igw"},"tags_all":{"Name":"three-tier-app-igw"},"timeouts":null,"vpc_id":"vpc-0ed9c7463763df965"},"after_unknown":{},"before_sensitive":{"tags":{},"tags_all":{}},"after_sensitive":{"tags":{},"tags_all":{}}}},{"address":"module.vpc.aws_route_table.public_route_table","module_address":"module.vpc","mode":"managed","type":"aws_route_table","name":"public_route_table","provider_name":"registry.terraform.io/hashicorp/aws","change":{"actions":["no-op"],"before":{"arn":"arn:aws:ec2:us-east-1:513410254332:route-table/rtb-0f7ccde9a3bf9dfc6","id":"rtb-0f7ccde9a3bf9dfc6","owner_id":"513410254332","propagating_vgws":[],"route":[{"carrier_gateway_id":"","cidr_block":"0.0.0.0/0","core_network_arn":"","destination_prefix_list_id":"","egress_only_gateway_id":"","gateway_id":"igw-0e62f99a8c9a13b7c","instance_id":"","ipv6_cidr_block":"","local_gateway_id":"","nat_gateway_id":"","network_interface_id":"","transit_gateway_id":"","vpc_endpoint_id":"","vpc_peering_connection_id":""}],"tags":{"Name":"Public-rt"},"tags_all":{"Name":"Public-rt"},"timeouts":null,"vpc_id":"vpc-0ed9c7463763df965"},"after":{"arn":"arn:aws:ec2:us-east-1:513410254332:route-table/rtb-0f7ccde9a3bf9dfc6","id":"rtb-0f7ccde9a3bf9dfc6","owner_id":"513410254332","propagating_vgws":[],"route":[{"carrier_gateway_id":"","cidr_block":"0.0.0.0/0","core_network_arn":"","destination_prefix_list_id":"","egress_only_gateway_id":"","gateway_id":"igw-0e62f99a8c9a13b7c","instance_id":"","ipv6_cidr_block":"","local_gateway_id":"","nat_gateway_id":"","network_interface_id":"","transit_gateway_id":"","vpc_endpoint_id":"","vpc_peering_connection_id":""}],"tags":{"Name":"Public-rt"},"tags_all":{"Name":"Public-rt"},"timeouts":null,"vpc_id":"vpc-0ed9c7463763df965"},"after_unknown":{},"before_sensitive":{"propagating_vgws":[],"route":[{}],"tags":{},"tags_all":{}},"after_sensitive":{"propagating_vgws":[],"route":[{}],"tags":{},"tags_all":{}}}},{"address":"module.vpc.aws_route_table_association.pub-sub-1a_route_table_association","module_address":"module.vpc","mode":"managed","type":"aws_route_table_association","name":"pub-sub-1a_route_table_association","provider_name":"registry.terraform.io/hashicorp/aws","change":{"actions":["no-op"],"before":{"gateway_id":"","id":"rtbassoc-044271983b00cf362","route_table_id":"rtb-0f7ccde9a3bf9dfc6","subnet_id":"subnet-02a62a8d91fd9772e","timeouts":null},"after":{"gateway_id":"","id":"rtbassoc-044271983b00cf362","route_table_id":"rtb-0f7ccde9a3bf9dfc6","subnet_id":"subnet-02a62a8d91fd9772e","timeouts":null},"after_unknown":{},"before_sensitive":{},"after_sensitive":{}}},{"address":"module.vpc.aws_route_table_association.pub-sub-2-b_route_table_association","module_address":"module.vpc","mode":"managed","type":"aws_route_table_association","name":"pub-sub-2-b_route_table_association","provider_name":"registry.terraform.io/hashicorp/aws","change":{"actions":["no-op"],"before":{"gateway_id":"","id":"rtbassoc-0fa6d9b58257916c4","route_table_id":"rtb-0f7ccde9a3bf9dfc6","subnet_id":"subnet-05a81b6a463955e83","timeouts":null},"after":{"gateway_id":"","id":"rtbassoc-0fa6d9b58257916c4","route_table_id":"rtb-0f7ccde9a3bf9dfc6","subnet_id":"subnet-05a81b6a463955e83","timeouts":null},"after_unknown":{},"before_sensitive":{},"after_sensitive":{}}},{"address":"module.vpc.aws_subnet.pri_sub_3a","module_address":"module.vpc","mode":"managed","type":"aws_subnet","name":"pri_sub_3a","provider_name":"registry.terraform.io/hashicorp/aws","change":{"actions":["no-op"],"before":{"arn":"arn:aws:ec2:us-east-1:513410254332:subnet/subnet-06927b7372ba82f7a","assign_ipv6_address_on_creation":false,"availability_zone":"us-east-1a","availability_zone_id":"use1-az1","cidr_block":"10.0.3.0/24","customer_owned_ipv4_pool":"","enable_dns64":false,"enable_lni_at_device_index":0,"enable_resource_name_dns_a_record_on_launch":false,"enable_resource_name_dns_aaaa_record_on_launch":false,"id":"subnet-06927b7372ba82f7a","ipv6_cidr_block":"","ipv6_cidr_block_association_id":"","ipv6_native":false,"map_customer_owned_ip_on_launch":false,"map_public_ip_on_launch":false,"outpost_arn":"","owner_id":"513410254332","private_dns_hostname_type_on_launch":"ip-name","tags":{"Name":"pri-sub-3a"},"tags_all":{"Name":"pri-sub-3a"},"timeouts":null,"vpc_id":"vpc-0ed9c7463763df965"},"after":{"arn":"arn:aws:ec2:us-east-1:513410254332:subnet/subnet-06927b7372ba82f7a","assign_ipv6_address_on_creation":false,"availability_zone":"us-east-1a","availability_zone_id":"use1-az1","cidr_block":"10.0.3.0/24","customer_owned_ipv4_pool":"","enable_dns64":false,"enable_lni_at_device_index":0,"enable_resource_name_dns_a_record_on_launch":false,"enable_resource_name_dns_aaaa_record_on_launch":false,"id":"subnet-06927b7372ba82f7a","ipv6_cidr_block":"","ipv6_cidr_block_association_id":"","ipv6_native":false,"map_customer_owned_ip_on_launch":false,"map_public_ip_on_launch":false,"outpost_arn":"","owner_id":"513410254332","private_dns_hostname_type_on_launch":"ip-name","tags":{"Name":"pri-sub-3a"},"tags_all":{"Name":"pri-sub-3a"},"timeouts":null,"vpc_id":"vpc-0ed9c7463763df965"},"after_unknown":{},"before_sensitive":{"tags":{},"tags_all":{}},"after_sensitive":{"tags":{},"tags_all":{}}}},{"address":"module.vpc.aws_subnet.pri_sub_4b","module_address":"module.vpc","mode":"managed","type":"aws_subnet","name":"pri_sub_4b","provider_name":"registry.terraform.io/hashicorp/aws","change":{"actions":["no-op"],"before":{"arn":"arn:aws:ec2:us-east-1:513410254332:subnet/subnet-060b9e1c01222f3b7","assign_ipv6_address_on_creation":false,"availability_zone":"us-east-1b","availability_zone_id":"use1-az2","cidr_block":"10.0.4.0/24","customer_owned_ipv4_pool":"","enable_dns64":false,"enable_lni_at_device_index":0,"enable_resource_name_dns_a_record_on_launch":false,"enable_resource_name_dns_aaaa_record_on_launch":false,"id":"subnet-060b9e1c01222f3b7","ipv6_cidr_block":"","ipv6_cidr_block_association_id":"","ipv6_native":false,"map_customer_owned_ip_on_launch":false,"map_public_ip_on_launch":false,"outpost_arn":"","owner_id":"513410254332","private_dns_hostname_type_on_launch":"ip-name","tags":{"Name":"pri-sub-4b"},"tags_all":{"Name":"pri-sub-4b"},"timeouts":null,"vpc_id":"vpc-0ed9c7463763df965"},"after":{"arn":"arn:aws:ec2:us-east-1:513410254332:subnet/subnet-060b9e1c01222f3b7","assign_ipv6_address_on_creation":false,"availability_zone":"us-east-1b","availability_zone_id":"use1-az2","cidr_block":"10.0.4.0/24","customer_owned_ipv4_pool":"","enable_dns64":false,"enable_lni_at_device_index":0,"enable_resource_name_dns_a_record_on_launch":false,"enable_resource_name_dns_aaaa_record_on_launch":false,"id":"subnet-060b9e1c01222f3b7","ipv6_cidr_block":"","ipv6_cidr_block_association_id":"","ipv6_native":false,"map_customer_owned_ip_on_launch":false,"map_public_ip_on_launch":false,"outpost_arn":"","owner_id":"513410254332","private_dns_hostname_type_on_launch":"ip-name","tags":{"Name":"pri-sub-4b"},"tags_all":{"Name":"pri-sub-4b"},"timeouts":null,"vpc_id":"vpc-0ed9c7463763df965"},"after_unknown":{},"before_sensitive":{"tags":{},"tags_all":{}},"after_sensitive":{"tags":{},"tags_all":{}}}},{"address":"module.vpc.aws_subnet.pri_sub_5a","module_address":"module.vpc","mode":"managed","type":"aws_subnet","name":"pri_sub_5a","provider_name":"registry.terraform.io/hashicorp/aws","change":{"actions":["no-op"],"before":{"arn":"arn:aws:ec2:us-east-1:513410254332:subnet/subnet-06d5b3d179bb223f3","assign_ipv6_address_on_creation":false,"availability_zone":"us-east-1a","availability_zone_id":"use1-az1","cidr_block":"10.0.5.0/24","customer_owned_ipv4_pool":"","enable_dns64":false,"enable_lni_at_device_index":0,"enable_resource_name_dns_a_record_on_launch":false,"enable_resource_name_dns_aaaa_record_on_launch":false,"id":"subnet-06d5b3d179bb223f3","ipv6_cidr_block":"","ipv6_cidr_block_association_id":"","ipv6_native":false,"map_customer_owned_ip_on_launch":false,"map_public_ip_on_launch":false,"outpost_arn":"","owner_id":"513410254332","private_dns_hostname_type_on_launch":"ip-name","tags":{"Name":"pri-sub-5a"},"tags_all":{"Name":"pri-sub-5a"},"timeouts":null,"vpc_id":"vpc-0ed9c7463763df965"},"after":{"arn":"arn:aws:ec2:us-east-1:513410254332:subnet/subnet-06d5b3d179bb223f3","assign_ipv6_address_on_creation":false,"availability_zone":"us-east-1a","availability_zone_id":"use1-az1","cidr_block":"10.0.5.0/24","customer_owned_ipv4_pool":"","enable_dns64":false,"enable_lni_at_device_index":0,"enable_resource_name_dns_a_record_on_launch":false,"enable_resource_name_dns_aaaa_record_on_launch":false,"id":"subnet-06d5b3d179bb223f3","ipv6_cidr_block":"","ipv6_cidr_block_association_id":"","ipv6_native":false,"map_customer_owned_ip_on_launch":false,"map_public_ip_on_launch":false,"outpost_arn":"","owner_id":"513410254332","private_dns_hostname_type_on_launch":"ip-name","tags":{"Name":"pri-sub-5a"},"tags_all":{"Name":"pri-sub-5a"},"timeouts":null,"vpc_id":"vpc-0ed9c7463763df965"},"after_unknown":{},"before_sensitive":{"tags":{},"tags_all":{}},"after_sensitive":{"tags":{},"tags_all":{}}}},{"address":"module.vpc.aws_subnet.pri_sub_6b","module_address":"module.vpc","mode":"managed","type":"aws_subnet","name":"pri_sub_6b","provider_name":"registry.terraform.io/hashicorp/aws","change":{"actions":["no-op"],"before":{"arn":"arn:aws:ec2:us-east-1:513410254332:subnet/subnet-0ee16b2ed1b905f04","assign_ipv6_address_on_creation":false,"availability_zone":"us-east-1b","availability_zone_id":"use1-az2","cidr_block":"10.0.6.0/24","customer_owned_ipv4_pool":"","enable_dns64":false,"enable_lni_at_device_index":0,"enable_resource_name_dns_a_record_on_launch":false,"enable_resource_name_dns_aaaa_record_on_launch":false,"id":"subnet-0ee16b2ed1b905f04","ipv6_cidr_block":"","ipv6_cidr_block_association_id":"","ipv6_native":false,"map_customer_owned_ip_on_launch":false,"map_public_ip_on_launch":false,"outpost_arn":"","owner_id":"513410254332","private_dns_hostname_type_on_launch":"ip-name","tags":{"Name":"pri-sub-6b"},"tags_all":{"Name":"pri-sub-6b"},"timeouts":null,"vpc_id":"vpc-0ed9c7463763df965"},"after":{"arn":"arn:aws:ec2:us-east-1:513410254332:subnet/subnet-0ee16b2ed1b905f04","assign_ipv6_address_on_creation":false,"availability_zone":"us-east-1b","availability_zone_id":"use1-az2","cidr_block":"10.0.6.0/24","customer_owned_ipv4_pool":"","enable_dns64":false,"enable_lni_at_device_index":0,"enable_resource_name_dns_a_record_on_launch":false,"enable_resource_name_dns_aaaa_record_on_launch":false,"id":"subnet-0ee16b2ed1b905f04","ipv6_cidr_block":"","ipv6_cidr_block_association_id":"","ipv6_native":false,"map_customer_owned_ip_on_launch":false,"map_public_ip_on_launch":false,"outpost_arn":"","owner_id":"513410254332","private_dns_hostname_type_on_launch":"ip-name","tags":{"Name":"pri-sub-6b"},"tags_all":{"Name":"pri-sub-6b"},"timeouts":null,"vpc_id":"vpc-0ed9c7463763df965"},"after_unknown":{},"before_sensitive":{"tags":{},"tags_all":{}},"after_sensitive":{"tags":{},"tags_all":{}}}},{"address":"module.vpc.aws_subnet.pri_sub_7a","module_address":"module.vpc","mode":"managed","type":"aws_subnet","name":"pri_sub_7a","provider_name":"registry.terraform.io/hashicorp/aws","change":{"actions":["no-op"],"before":{"arn":"arn:aws:ec2:us-east-1:513410254332:subnet/subnet-0d173725643e87c49","assign_ipv6_address_on_creation":false,"availability_zone":"us-east-1a","availability_zone_id":"use1-az1","cidr_block":"10.0.7.0/24","customer_owned_ipv4_pool":"","enable_dns64":false,"enable_lni_at_device_index":0,"enable_resource_name_dns_a_record_on_launch":false,"enable_resource_name_dns_aaaa_record_on_launch":false,"id":"subnet-0d173725643e87c49","ipv6_cidr_block":"","ipv6_cidr_block_association_id":"","ipv6_native":false,"map_customer_owned_ip_on_launch":false,"map_public_ip_on_launch":false,"outpost_arn":"","owner_id":"513410254332","private_dns_hostname_type_on_launch":"ip-name","tags":{"Name":"pri-sub-7a"},"tags_all":{"Name":"pri-sub-7a"},"timeouts":null,"vpc_id":"vpc-0ed9c7463763df965"},"after":{"arn":"arn:aws:ec2:us-east-1:513410254332:subnet/subnet-0d173725643e87c49","assign_ipv6_address_on_creation":false,"availability_zone":"us-east-1a","availability_zone_id":"use1-az1","cidr_block":"10.0.7.0/24","customer_owned_ipv4_pool":"","enable_dns64":false,"enable_lni_at_device_index":0,"enable_resource_name_dns_a_record_on_launch":false,"enable_resource_name_dns_aaaa_record_on_launch":false,"id":"subnet-0d173725643e87c49","ipv6_cidr_block":"","ipv6_cidr_block_association_id":"","ipv6_native":false,"map_customer_owned_ip_on_launch":false,"map_public_ip_on_launch":false,"outpost_arn":"","owner_id":"513410254332","private_dns_hostname_type_on_launch":"ip-name","tags":{"Name":"pri-sub-7a"},"tags_all":{"Name":"pri-sub-7a"},"timeouts":null,"vpc_id":"vpc-0ed9c7463763df965"},"after_unknown":{},"before_sensitive":{"tags":{},"tags_all":{}},"after_sensitive":{"tags":{},"tags_all":{}}}},{"address":"module.vpc.aws_subnet.pri_sub_8b","module_address":"module.vpc","mode":"managed","type":"aws_subnet","name":"pri_sub_8b","provider_name":"registry.terraform.io/hashicorp/aws","change":{"actions":["no-op"],"before":{"arn":"arn:aws:ec2:us-east-1:513410254332:subnet/subnet-0c48a9d9292782465","assign_ipv6_address_on_creation":false,"availability_zone":"us-east-1b","availability_zone_id":"use1-az2","cidr_block":"10.0.8.0/24","customer_owned_ipv4_pool":"","enable_dns64":false,"enable_lni_at_device_index":0,"enable_resource_name_dns_a_record_on_launch":false,"enable_resource_name_dns_aaaa_record_on_launch":false,"id":"subnet-0c48a9d9292782465","ipv6_cidr_block":"","ipv6_cidr_block_association_id":"","ipv6_native":false,"map_customer_owned_ip_on_launch":false,"map_public_ip_on_launch":false,"outpost_arn":"","owner_id":"513410254332","private_dns_hostname_type_on_launch":"ip-name","tags":{"Name":"pri-sub-8b"},"tags_all":{"Name":"pri-sub-8b"},"timeouts":null,"vpc_id":"vpc-0ed9c7463763df965"},"after":{"arn":"arn:aws:ec2:us-east-1:513410254332:subnet/subnet-0c48a9d9292782465","assign_ipv6_address_on_creation":false,"availability_zone":"us-east-1b","availability_zone_id":"use1-az2","cidr_block":"10.0.8.0/24","customer_owned_ipv4_pool":"","enable_dns64":false,"enable_lni_at_device_index":0,"enable_resource_name_dns_a_record_on_launch":false,"enable_resource_name_dns_aaaa_record_on_launch":false,"id":"subnet-0c48a9d9292782465","ipv6_cidr_block":"","ipv6_cidr_block_association_id":"","ipv6_native":false,"map_customer_owned_ip_on_launch":false,"map_public_ip_on_launch":false,"outpost_arn":"","owner_id":"513410254332","private_dns_hostname_type_on_launch":"ip-name","tags":{"Name":"pri-sub-8b"},"tags_all":{"Name":"pri-sub-8b"},"timeouts":null,"vpc_id":"vpc-0ed9c7463763df965"},"after_unknown":{},"before_sensitive":{"tags":{},"tags_all":{}},"after_sensitive":{"tags":{},"tags_all":{}}}},{"address":"module.vpc.aws_subnet.pub_sub_1a","module_address":"module.vpc","mode":"managed","type":"aws_subnet","name":"pub_sub_1a","provider_name":"registry.terraform.io/hashicorp/aws","change":{"actions":["no-op"],"before":{"arn":"arn:aws:ec2:us-east-1:513410254332:subnet/subnet-02a62a8d91fd9772e","assign_ipv6_address_on_creation":false,"availability_zone":"us-east-1a","availability_zone_id":"use1-az1","cidr_block":"10.0.1.0/24","customer_owned_ipv4_pool":"","enable_dns64":false,"enable_lni_at_device_index":0,"enable_resource_name_dns_a_record_on_launch":false,"enable_resource_name_dns_aaaa_record_on_launch":false,"id":"subnet-02a62a8d91fd9772e","ipv6_cidr_block":"","ipv6_cidr_block_association_id":"","ipv6_native":false,"map_customer_owned_ip_on_launch":false,"map_public_ip_on_launch":true,"outpost_arn":"","owner_id":"513410254332","private_dns_hostname_type_on_launch":"ip-name","tags":{"Name":"pub_sub_1a"},"tags_all":{"Name":"pub_sub_1a"},"timeouts":null,"vpc_id":"vpc-0ed9c7463763df965"},"after":{"arn":"arn:aws:ec2:us-east-1:513410254332:subnet/subnet-02a62a8d91fd9772e","assign_ipv6_address_on_creation":false,"availability_zone":"us-east-1a","availability_zone_id":"use1-az1","cidr_block":"10.0.1.0/24","customer_owned_ipv4_pool":"","enable_dns64":false,"enable_lni_at_device_index":0,"enable_resource_name_dns_a_record_on_launch":false,"enable_resource_name_dns_aaaa_record_on_launch":false,"id":"subnet-02a62a8d91fd9772e","ipv6_cidr_block":"","ipv6_cidr_block_association_id":"","ipv6_native":false,"map_customer_owned_ip_on_launch":false,"map_public_ip_on_launch":true,"outpost_arn":"","owner_id":"513410254332","private_dns_hostname_type_on_launch":"ip-name","tags":{"Name":"pub_sub_1a"},"tags_all":{"Name":"pub_sub_1a"},"timeouts":null,"vpc_id":"vpc-0ed9c7463763df965"},"after_unknown":{},"before_sensitive":{"tags":{},"tags_all":{}},"after_sensitive":{"tags":{},"tags_all":{}}}},{"address":"module.vpc.aws_subnet.pub_sub_2b","module_address":"module.vpc","mode":"managed","type":"aws_subnet","name":"pub_sub_2b","provider_name":"registry.terraform.io/hashicorp/aws","change":{"actions":["no-op"],"before":{"arn":"arn:aws:ec2:us-east-1:513410254332:subnet/subnet-05a81b6a463955e83","assign_ipv6_address_on_creation":false,"availability_zone":"us-east-1b","availability_zone_id":"use1-az2","cidr_block":"10.0.2.0/24","customer_owned_ipv4_pool":"","enable_dns64":false,"enable_lni_at_device_index":0,"enable_resource_name_dns_a_record_on_launch":false,"enable_resource_name_dns_aaaa_record_on_launch":false,"id":"subnet-05a81b6a463955e83","ipv6_cidr_block":"","ipv6_cidr_block_association_id":"","ipv6_native":false,"map_customer_owned_ip_on_launch":false,"map_public_ip_on_launch":true,"outpost_arn":"","owner_id":"513410254332","private_dns_hostname_type_on_launch":"ip-name","tags":{"Name":"pub_sub_2b"},"tags_all":{"Name":"pub_sub_2b"},"timeouts":null,"vpc_id":"vpc-0ed9c7463763df965"},"after":{"arn":"arn:aws:ec2:us-east-1:513410254332:subnet/subnet-05a81b6a463955e83","assign_ipv6_address_on_creation":false,"availability_zone":"us-east-1b","availability_zone_id":"use1-az2","cidr_block":"10.0.2.0/24","customer_owned_ipv4_pool":"","enable_dns64":false,"enable_lni_at_device_index":0,"enable_resource_name_dns_a_record_on_launch":false,"enable_resource_name_dns_aaaa_record_on_launch":false,"id":"subnet-05a81b6a463955e83","ipv6_cidr_block":"","ipv6_cidr_block_association_id":"","ipv6_native":false,"map_customer_owned_ip_on_launch":false,"map_public_ip_on_launch":true,"outpost_arn":"","owner_id":"513410254332","private_dns_hostname_type_on_launch":"ip-name","tags":{"Name":"pub_sub_2b"},"tags_all":{"Name":"pub_sub_2b"},"timeouts":null,"vpc_id":"vpc-0ed9c7463763df965"},"after_unknown":{},"before_sensitive":{"tags":{},"tags_all":{}},"after_sensitive":{"tags":{},"tags_all":{}}}},{"address":"module.vpc.aws_vpc.vpc","module_address":"module.vpc","mode":"managed","type":"aws_vpc","name":"vpc","provider_name":"registry.terraform.io/hashicorp/aws","change":{"actions":["no-op"],"before":{"arn":"arn:aws:ec2:us-east-1:513410254332:vpc/vpc-0ed9c7463763df965","assign_generated_ipv6_cidr_block":false,"cidr_block":"10.0.0.0/16","default_network_acl_id":"acl-08961104d71b62b93","default_route_table_id":"rtb-007c04d9ba2959e64","default_security_group_id":"sg-002110b5575625693","dhcp_options_id":"dopt-0ca36381dcb570912","enable_classiclink":false,"enable_classiclink_dns_support":false,"enable_dns_hostnames":true,"enable_dns_support":true,"enable_network_address_usage_metrics":false,"id":"vpc-0ed9c7463763df965","instance_tenancy":"default","ipv4_ipam_pool_id":null,"ipv4_netmask_length":null,"ipv6_association_id":"","ipv6_cidr_block":"","ipv6_cidr_block_network_border_group":"","ipv6_ipam_pool_id":"","ipv6_netmask_length":0,"main_route_table_id":"rtb-007c04d9ba2959e64","owner_id":"513410254332","tags":{"Name":"three-tier-app-vpc"},"tags_all":{"Name":"three-tier-app-vpc"}},"after":{"arn":"arn:aws:ec2:us-east-1:513410254332:vpc/vpc-0ed9c7463763df965","assign_generated_ipv6_cidr_block":false,"cidr_block":"10.0.0.0/16","default_network_acl_id":"acl-08961104d71b62b93","default_route_table_id":"rtb-007c04d9ba2959e64","default_security_group_id":"sg-002110b5575625693","dhcp_options_id":"dopt-0ca36381dcb570912","enable_classiclink":false,"enable_classiclink_dns_support":false,"enable_dns_hostnames":true,"enable_dns_support":true,"enable_network_address_usage_metrics":false,"id":"vpc-0ed9c7463763df965","instance_tenancy":"default","ipv4_ipam_pool_id":null,"ipv4_netmask_length":null,"ipv6_association_id":"","ipv6_cidr_block":"","ipv6_cidr_block_network_border_group":"","ipv6_ipam_pool_id":"","ipv6_netmask_length":0,"main_route_table_id":"rtb-007c04d9ba2959e64","owner_id":"513410254332","tags":{"Name":"three-tier-app-vpc"},"tags_all":{"Name":"three-tier-app-vpc"}},"after_unknown":{},"before_sensitive":{"tags":{},"tags_all":{}},"after_sensitive":{"tags":{},"tags_all":{}}}}],"prior_state":{"format_version":"1.0","terraform_version":"1.13.3","values":{"root_module":{"child_modules":[{"resources":[{"address":"module.alb.aws_lb.application_load_balancer","mode":"managed","type":"aws_lb","name":"application_load_balancer","provider_name":"registry.terraform.io/hashicorp/aws","schema_version":0,"values":{"access_logs":[{"bucket":"","enabled":false,"prefix":""}],"arn":"arn:aws:elasticloadbalancing:us-east-1:513410254332:loadbalancer/app/three-tier-app-alb/3a1d50a8fbf423cf","arn_suffix":"app/three-tier-app-alb/3a1d50a8fbf423cf","customer_owned_ipv4_pool":"","desync_mitigation_mode":"defensive","dns_name":"three-tier-app-alb-1573992113.us-east-1.elb.amazonaws.com","drop_invalid_header_fields":false,"enable_cross_zone_load_balancing":true,"enable_deletion_protection":false,"enable_http2":true,"enable_tls_version_and_cipher_suite_headers":false,"enable_waf_fail_open":false,"enable_xff_client_port":false,"id":"arn:aws:elasticloadbalancing:us-east-1:513410254332:loadbalancer/app/three-tier-app-alb/3a1d50a8fbf423cf","idle_timeout":60,"internal":false,"ip_address_type":"ipv4","load_balancer_type":"application","name":"three-tier-app-alb","name_prefix":null,"preserve_host_header":false,"security_groups":["sg-02ab4df8a4a243f1b"],"subnet_mapping":[{"allocation_id":"","ipv6_address":"","outpost_id":"","private_ipv4_address":"","subnet_id":"subnet-02a62a8d91fd9772e"},{"allocation_id":"","ipv6_address":"","outpost_id":"","private_ipv4_address":"","subnet_id":"subnet-05a81b6a463955e83"}],"subnets":["subnet-02a62a8d91fd9772e","subnet-05a81b6a463955e83"],"tags":{"Name":"three-tier-app-alb"},"tags_all":{"Name":"three-tier-app-alb"},"timeouts":null,"vpc_id":"vpc-0ed9c7463763df965","xff_header_processing_mode":"append","zone_id":"Z35SXDOTRQ7X7K"},"sensitive_values":{"access_logs":[{}],"security_groups":[false],"subnet_mapping":[{},{}],"subnets":[false,false],"tags":{},"tags_all":{}},"depends_on":["module.iam_role.aws_flow_log.example_vpc_flow_log","module.iam_role.aws_iam_instance_profile.s3_ssm_cw_profile","module.iam_role.aws_iam_policy.cloudwatch_agent_policy","module.iam_role.aws_iam_role.s3_ssm_CW_role","module.iam_role.aws_iam_role.vpc_flow_logs_role","module.iam_role.aws_iam_role_policy_attachment.cloudwatch_agent_attachment","module.iam_role.aws_iam_role_policy_attachment.s3_readonly_attach","module.iam_role.aws_iam_role_policy_attachment.secret_manager-ReadWrite","module.iam_role.aws_iam_role_policy_attachment.ssm_core_attach","module.iam_role.aws_iam_role_policy_attachment.ssmparameter_read_only","module.iam_role.aws_s3_bucket.vpc_flow_logs_bucket","module.iam_role.aws_s3_bucket_acl.acl","module.iam_role.aws_s3_bucket_ownership_controls.vpc_flow_logs","module.iam_role.aws_s3_bucket_policy.vpc_flow_logs","module.iam_role.aws_s3_bucket_public_access_block.vpc_flow_logs","module.iam_role.aws_s3_bucket_server_side_encryption_configuration.SSE_config","module.iam_role.data.aws_caller_identity.current","module.nat_instance.aws_instance.nat_ec2_instance","module.nat_instance.aws_route_table.pri-rt-a","module.nat_instance.aws_route_table.pri-rt-b","module.nat_instance.aws_route_table_association.pri-sub-3a-with-Pri-rt-a","module.nat_instance.aws_route_table_association.pri-sub-4b-with-Pri-rt-b","module.nat_instance.aws_route_table_association.pri-sub-5a-with-pri-rt-b","module.nat_instance.aws_route_table_association.pri-sub-6b-with-pri-rt-b","module.nat_instance.aws_security_group.nat_ec2_sg","module.nat_instance.data.aws_ami.latest_amazon_linux","module.security-group.aws_security_group.alb_sg","module.security-group.aws_security_group.client_sg","module.security-group.aws_security_group.db_sg","module.security-group.aws_security_group.internal_alb_sg","module.security-group.aws_security_group.server_sg","module.vpc.aws_internet_gateway.internet_gateway","module.vpc.aws_route_table.public_route_table","module.vpc.aws_route_table_association.pub-sub-1a_route_table_association","module.vpc.aws_route_table_association.pub-sub-2-b_route_table_association","module.vpc.aws_subnet.pri_sub_3a","module.vpc.aws_subnet.pri_sub_4b","module.vpc.aws_subnet.pri_sub_5a","module.vpc.aws_subnet.pri_sub_6b","module.vpc.aws_subnet.pri_sub_7a","module.vpc.aws_subnet.pri_sub_8b","module.vpc.aws_subnet.pub_sub_1a","module.vpc.aws_subnet.pub_sub_2b","module.vpc.aws_vpc.vpc","module.vpc.data.aws_availability_zones.available_zones"]},{"address":"module.alb.aws_lb.internal_application_load_balancer","mode":"managed","type":"aws_lb","name":"internal_application_load_balancer","provider_name":"registry.terraform.io/hashicorp/aws","schema_version":0,"values":{"access_logs":[{"bucket":"","enabled":false,"prefix":""}],"arn":"arn:aws:elasticloadbalancing:us-east-1:513410254332:loadbalancer/app/three-tier-app-internal-alb/de9ed85e4ce7b721","arn_suffix":"app/three-tier-app-internal-alb/de9ed85e4ce7b721","customer_owned_ipv4_pool":"","desync_mitigation_mode":"defensive","dns_name":"internal-three-tier-app-internal-alb-451008563.us-east-1.elb.amazonaws.com","drop_invalid_header_fields":false,"enable_cross_zone_load_balancing":true,"enable_deletion_protection":false,"enable_http2":true,"enable_tls_version_and_cipher_suite_headers":false,"enable_waf_fail_open":false,"enable_xff_client_port":false,"id":"arn:aws:elasticloadbalancing:us-east-1:513410254332:loadbalancer/app/three-tier-app-internal-alb/de9ed85e4ce7b721","idle_timeout":60,"internal":true,"ip_address_type":"ipv4","load_balancer_type":"application","name":"three-tier-app-internal-alb","name_prefix":null,"preserve_host_header":false,"security_groups":["sg-0d54f115b78ecc568"],"subnet_mapping":[{"allocation_id":"","ipv6_address":"","outpost_id":"","private_ipv4_address":"","subnet_id":"subnet-06d5b3d179bb223f3"},{"allocation_id":"","ipv6_address":"","outpost_id":"","private_ipv4_address":"","subnet_id":"subnet-0ee16b2ed1b905f04"}],"subnets":["subnet-06d5b3d179bb223f3","subnet-0ee16b2ed1b905f04"],"tags":{"Name":"three-tier-app-internal-alb"},"tags_all":{"Name":"three-tier-app-internal-alb"},"timeouts":null,"vpc_id":"vpc-0ed9c7463763df965","xff_header_processing_mode":"append","zone_id":"Z35SXDOTRQ7X7K"},"sensitive_values":{"access_logs":[{}],"security_groups":[false],"subnet_mapping":[{},{}],"subnets":[false,false],"tags":{},"tags_all":{}},"depends_on":["module.iam_role.aws_flow_log.example_vpc_flow_log","module.iam_role.aws_iam_instance_profile.s3_ssm_cw_profile","module.iam_role.aws_iam_policy.cloudwatch_agent_policy","module.iam_role.aws_iam_role.s3_ssm_CW_role","module.iam_role.aws_iam_role.vpc_flow_logs_role","module.iam_role.aws_iam_role_policy_attachment.cloudwatch_agent_attachment","module.iam_role.aws_iam_role_policy_attachment.s3_readonly_attach","module.iam_role.aws_iam_role_policy_attachment.secret_manager-ReadWrite","module.iam_role.aws_iam_role_policy_attachment.ssm_core_attach","module.iam_role.aws_iam_role_policy_attachment.ssmparameter_read_only","module.iam_role.aws_s3_bucket.vpc_flow_logs_bucket","module.iam_role.aws_s3_bucket_acl.acl","module.iam_role.aws_s3_bucket_ownership_controls.vpc_flow_logs","module.iam_role.aws_s3_bucket_policy.vpc_flow_logs","module.iam_role.aws_s3_bucket_public_access_block.vpc_flow_logs","module.iam_role.aws_s3_bucket_server_side_encryption_configuration.SSE_config","module.iam_role.data.aws_caller_identity.current","module.nat_instance.aws_instance.nat_ec2_instance","module.nat_instance.aws_route_table.pri-rt-a","module.nat_instance.aws_route_table.pri-rt-b","module.nat_instance.aws_route_table_association.pri-sub-3a-with-Pri-rt-a","module.nat_instance.aws_route_table_association.pri-sub-4b-with-Pri-rt-b","module.nat_instance.aws_route_table_association.pri-sub-5a-with-pri-rt-b","module.nat_instance.aws_route_table_association.pri-sub-6b-with-pri-rt-b","module.nat_instance.aws_security_group.nat_ec2_sg","module.nat_instance.data.aws_ami.latest_amazon_linux","module.security-group.aws_security_group.alb_sg","module.security-group.aws_security_group.client_sg","module.security-group.aws_security_group.db_sg","module.security-group.aws_security_group.internal_alb_sg","module.security-group.aws_security_group.server_sg","module.vpc.aws_internet_gateway.internet_gateway","module.vpc.aws_route_table.public_route_table","module.vpc.aws_route_table_association.pub-sub-1a_route_table_association","module.vpc.aws_route_table_association.pub-sub-2-b_route_table_association","module.vpc.aws_subnet.pri_sub_3a","module.vpc.aws_subnet.pri_sub_4b","module.vpc.aws_subnet.pri_sub_5a","module.vpc.aws_subnet.pri_sub_6b","module.vpc.aws_subnet.pri_sub_7a","module.vpc.aws_subnet.pri_sub_8b","module.vpc.aws_subnet.pub_sub_1a","module.vpc.aws_subnet.pub_sub_2b","module.vpc.aws_vpc.vpc","module.vpc.data.aws_availability_zones.available_zones"]},{"address":"module.alb.aws_lb_listener.alb_http_listener","mode":"managed","type":"aws_lb_listener","name":"alb_http_listener","provider_name":"registry.terraform.io/hashicorp/aws","schema_version":0,"values":{"alpn_policy":null,"arn":"arn:aws:elasticloadbalancing:us-east-1:513410254332:listener/app/three-tier-app-alb/3a1d50a8fbf423cf/69f143aff9b98d6c","certificate_arn":null,"default_action":[{"authenticate_cognito":[],"authenticate_oidc":[],"fixed_response":[],"forward":[],"order":1,"redirect":[],"target_group_arn":"arn:aws:elasticloadbalancing:us-east-1:513410254332:targetgroup/three-tier-app-tg/27e2a03b66342ee3","type":"forward"}],"id":"arn:aws:elasticloadbalancing:us-east-1:513410254332:listener/app/three-tier-app-alb/3a1d50a8fbf423cf/69f143aff9b98d6c","load_balancer_arn":"arn:aws:elasticloadbalancing:us-east-1:513410254332:loadbalancer/app/three-tier-app-alb/3a1d50a8fbf423cf","port":80,"protocol":"HTTP","ssl_policy":"","tags":{},"tags_all":{},"timeouts":null},"sensitive_values":{"default_action":[{"authenticate_cognito":[],"authenticate_oidc":[],"fixed_response":[],"forward":[],"redirect":[]}],"tags":{},"tags_all":{}},"depends_on":["module.alb.aws_lb.application_load_balancer","module.alb.aws_lb_target_group.alb_target_group","module.iam_role.aws_flow_log.example_vpc_flow_log","module.iam_role.aws_iam_instance_profile.s3_ssm_cw_profile","module.iam_role.aws_iam_policy.cloudwatch_agent_policy","module.iam_role.aws_iam_role.s3_ssm_CW_role","module.iam_role.aws_iam_role.vpc_flow_logs_role","module.iam_role.aws_iam_role_policy_attachment.cloudwatch_agent_attachment","module.iam_role.aws_iam_role_policy_attachment.s3_readonly_attach","module.iam_role.aws_iam_role_policy_attachment.secret_manager-ReadWrite","module.iam_role.aws_iam_role_policy_attachment.ssm_core_attach","module.iam_role.aws_iam_role_policy_attachment.ssmparameter_read_only","module.iam_role.aws_s3_bucket.vpc_flow_logs_bucket","module.iam_role.aws_s3_bucket_acl.acl","module.iam_role.aws_s3_bucket_ownership_controls.vpc_flow_logs","module.iam_role.aws_s3_bucket_policy.vpc_flow_logs","module.iam_role.aws_s3_bucket_public_access_block.vpc_flow_logs","module.iam_role.aws_s3_bucket_server_side_encryption_configuration.SSE_config","module.iam_role.data.aws_caller_identity.current","module.nat_instance.aws_instance.nat_ec2_instance","module.nat_instance.aws_route_table.pri-rt-a","module.nat_instance.aws_route_table.pri-rt-b","module.nat_instance.aws_route_table_association.pri-sub-3a-with-Pri-rt-a","module.nat_instance.aws_route_table_association.pri-sub-4b-with-Pri-rt-b","module.nat_instance.aws_route_table_association.pri-sub-5a-with-pri-rt-b","module.nat_instance.aws_route_table_association.pri-sub-6b-with-pri-rt-b","module.nat_instance.aws_security_group.nat_ec2_sg","module.nat_instance.data.aws_ami.latest_amazon_linux","module.security-group.aws_security_group.alb_sg","module.security-group.aws_security_group.client_sg","module.security-group.aws_security_group.db_sg","module.security-group.aws_security_group.internal_alb_sg","module.security-group.aws_security_group.server_sg","module.vpc.aws_internet_gateway.internet_gateway","module.vpc.aws_route_table.public_route_table","module.vpc.aws_route_table_association.pub-sub-1a_route_table_association","module.vpc.aws_route_table_association.pub-sub-2-b_route_table_association","module.vpc.aws_subnet.pri_sub_3a","module.vpc.aws_subnet.pri_sub_4b","module.vpc.aws_subnet.pri_sub_5a","module.vpc.aws_subnet.pri_sub_6b","module.vpc.aws_subnet.pri_sub_7a","module.vpc.aws_subnet.pri_sub_8b","module.vpc.aws_subnet.pub_sub_1a","module.vpc.aws_subnet.pub_sub_2b","module.vpc.aws_vpc.vpc","module.vpc.data.aws_availability_zones.available_zones"]},{"address":"module.alb.aws_lb_listener.internal_alb_http_listener","mode":"managed","type":"aws_lb_listener","name":"internal_alb_http_listener","provider_name":"registry.terraform.io/hashicorp/aws","schema_version":0,"values":{"alpn_policy":null,"arn":"arn:aws:elasticloadbalancing:us-east-1:513410254332:listener/app/three-tier-app-internal-alb/de9ed85e4ce7b721/04f5f414c7980f52","certificate_arn":null,"default_action":[{"authenticate_cognito":[],"authenticate_oidc":[],"fixed_response":[],"forward":[],"order":1,"redirect":[],"target_group_arn":"arn:aws:elasticloadbalancing:us-east-1:513410254332:targetgroup/three-tier-app-internal-alb-tg/ea7f626de7fb758f","type":"forward"}],"id":"arn:aws:elasticloadbalancing:us-east-1:513410254332:listener/app/three-tier-app-internal-alb/de9ed85e4ce7b721/04f5f414c7980f52","load_balancer_arn":"arn:aws:elasticloadbalancing:us-east-1:513410254332:loadbalancer/app/three-tier-app-internal-alb/de9ed85e4ce7b721","port":80,"protocol":"HTTP","ssl_policy":"","tags":{},"tags_all":{},"timeouts":null},"sensitive_values":{"default_action":[{"authenticate_cognito":[],"authenticate_oidc":[],"fixed_response":[],"forward":[],"redirect":[]}],"tags":{},"tags_all":{}},"depends_on":["module.alb.aws_lb.internal_application_load_balancer","module.alb.aws_lb_target_group.internal_alb_target_group","module.iam_role.aws_flow_log.example_vpc_flow_log","module.iam_role.aws_iam_instance_profile.s3_ssm_cw_profile","module.iam_role.aws_iam_policy.cloudwatch_agent_policy","module.iam_role.aws_iam_role.s3_ssm_CW_role","module.iam_role.aws_iam_role.vpc_flow_logs_role","module.iam_role.aws_iam_role_policy_attachment.cloudwatch_agent_attachment","module.iam_role.aws_iam_role_policy_attachment.s3_readonly_attach","module.iam_role.aws_iam_role_policy_attachment.secret_manager-ReadWrite","module.iam_role.aws_iam_role_policy_attachment.ssm_core_attach","module.iam_role.aws_iam_role_policy_attachment.ssmparameter_read_only","module.iam_role.aws_s3_bucket.vpc_flow_logs_bucket","module.iam_role.aws_s3_bucket_acl.acl","module.iam_role.aws_s3_bucket_ownership_controls.vpc_flow_logs","module.iam_role.aws_s3_bucket_policy.vpc_flow_logs","module.iam_role.aws_s3_bucket_public_access_block.vpc_flow_logs","module.iam_role.aws_s3_bucket_server_side_encryption_configuration.SSE_config","module.iam_role.data.aws_caller_identity.current","module.nat_instance.aws_instance.nat_ec2_instance","module.nat_instance.aws_route_table.pri-rt-a","module.nat_instance.aws_route_table.pri-rt-b","module.nat_instance.aws_route_table_association.pri-sub-3a-with-Pri-rt-a","module.nat_instance.aws_route_table_association.pri-sub-4b-with-Pri-rt-b","module.nat_instance.aws_route_table_association.pri-sub-5a-with-pri-rt-b","module.nat_instance.aws_route_table_association.pri-sub-6b-with-pri-rt-b","module.nat_instance.aws_security_group.nat_ec2_sg","module.nat_instance.data.aws_ami.latest_amazon_linux","module.security-group.aws_security_group.alb_sg","module.security-group.aws_security_group.client_sg","module.security-group.aws_security_group.db_sg","module.security-group.aws_security_group.internal_alb_sg","module.security-group.aws_security_group.server_sg","module.vpc.aws_internet_gateway.internet_gateway","module.vpc.aws_route_table.public_route_table","module.vpc.aws_route_table_association.pub-sub-1a_route_table_association","module.vpc.aws_route_table_association.pub-sub-2-b_route_table_association","module.vpc.aws_subnet.pri_sub_3a","module.vpc.aws_subnet.pri_sub_4b","module.vpc.aws_subnet.pri_sub_5a","module.vpc.aws_subnet.pri_sub_6b","module.vpc.aws_subnet.pri_sub_7a","module.vpc.aws_subnet.pri_sub_8b","module.vpc.aws_subnet.pub_sub_1a","module.vpc.aws_subnet.pub_sub_2b","module.vpc.aws_vpc.vpc","module.vpc.data.aws_availability_zones.available_zones"]},{"address":"module.alb.aws_lb_target_group.alb_target_group","mode":"managed","type":"aws_lb_target_group","name":"alb_target_group","provider_name":"registry.terraform.io/hashicorp/aws","schema_version":0,"values":{"arn":"arn:aws:elasticloadbalancing:us-east-1:513410254332:targetgroup/three-tier-app-tg/27e2a03b66342ee3","arn_suffix":"targetgroup/three-tier-app-tg/27e2a03b66342ee3","connection_termination":false,"deregistration_delay":"300","health_check":[{"enabled":true,"healthy_threshold":2,"interval":300,"matcher":"200","path":"/health","port":"traffic-port","protocol":"HTTP","timeout":60,"unhealthy_threshold":5}],"id":"arn:aws:elasticloadbalancing:us-east-1:513410254332:targetgroup/three-tier-app-tg/27e2a03b66342ee3","ip_address_type":"ipv4","lambda_multi_value_headers_enabled":false,"load_balancing_algorithm_type":"round_robin","load_balancing_cross_zone_enabled":"use_load_balancer_configuration","name":"three-tier-app-tg","name_prefix":null,"port":80,"preserve_client_ip":null,"protocol":"HTTP","protocol_version":"HTTP1","proxy_protocol_v2":false,"slow_start":0,"stickiness":[{"cookie_duration":86400,"cookie_name":"","enabled":false,"type":"lb_cookie"}],"tags":{},"tags_all":{},"target_failover":[{"on_deregistration":null,"on_unhealthy":null}],"target_type":"instance","vpc_id":"vpc-0ed9c7463763df965"},"sensitive_values":{"health_check":[{}],"stickiness":[{}],"tags":{},"tags_all":{},"target_failover":[{}]},"depends_on":["module.iam_role.aws_flow_log.example_vpc_flow_log","module.iam_role.aws_iam_instance_profile.s3_ssm_cw_profile","module.iam_role.aws_iam_policy.cloudwatch_agent_policy","module.iam_role.aws_iam_role.s3_ssm_CW_role","module.iam_role.aws_iam_role.vpc_flow_logs_role","module.iam_role.aws_iam_role_policy_attachment.cloudwatch_agent_attachment","module.iam_role.aws_iam_role_policy_attachment.s3_readonly_attach","module.iam_role.aws_iam_role_policy_attachment.secret_manager-ReadWrite","module.iam_role.aws_iam_role_policy_attachment.ssm_core_attach","module.iam_role.aws_iam_role_policy_attachment.ssmparameter_read_only","module.iam_role.aws_s3_bucket.vpc_flow_logs_bucket","module.iam_role.aws_s3_bucket_acl.acl","module.iam_role.aws_s3_bucket_ownership_controls.vpc_flow_logs","module.iam_role.aws_s3_bucket_policy.vpc_flow_logs","module.iam_role.aws_s3_bucket_public_access_block.vpc_flow_logs","module.iam_role.aws_s3_bucket_server_side_encryption_configuration.SSE_config","module.iam_role.data.aws_caller_identity.current","module.nat_instance.aws_instance.nat_ec2_instance","module.nat_instance.aws_route_table.pri-rt-a","module.nat_instance.aws_route_table.pri-rt-b","module.nat_instance.aws_route_table_association.pri-sub-3a-with-Pri-rt-a","module.nat_instance.aws_route_table_association.pri-sub-4b-with-Pri-rt-b","module.nat_instance.aws_route_table_association.pri-sub-5a-with-pri-rt-b","module.nat_instance.aws_route_table_association.pri-sub-6b-with-pri-rt-b","module.nat_instance.aws_security_group.nat_ec2_sg","module.nat_instance.data.aws_ami.latest_amazon_linux","module.security-group.aws_security_group.alb_sg","module.security-group.aws_security_group.client_sg","module.security-group.aws_security_group.db_sg","module.security-group.aws_security_group.internal_alb_sg","module.security-group.aws_security_group.server_sg","module.vpc.aws_internet_gateway.internet_gateway","module.vpc.aws_route_table.public_route_table","module.vpc.aws_route_table_association.pub-sub-1a_route_table_association","module.vpc.aws_route_table_association.pub-sub-2-b_route_table_association","module.vpc.aws_subnet.pri_sub_3a","module.vpc.aws_subnet.pri_sub_4b","module.vpc.aws_subnet.pri_sub_5a","module.vpc.aws_subnet.pri_sub_6b","module.vpc.aws_subnet.pri_sub_7a","module.vpc.aws_subnet.pri_sub_8b","module.vpc.aws_subnet.pub_sub_1a","module.vpc.aws_subnet.pub_sub_2b","module.vpc.aws_vpc.vpc","module.vpc.data.aws_availability_zones.available_zones"]},{"address":"module.alb.aws_lb_target_group.internal_alb_target_group","mode":"managed","type":"aws_lb_target_group","name":"internal_alb_target_group","provider_name":"registry.terraform.io/hashicorp/aws","schema_version":0,"values":{"arn":"arn:aws:elasticloadbalancing:us-east-1:513410254332:targetgroup/three-tier-app-internal-alb-tg/ea7f626de7fb758f","arn_suffix":"targetgroup/three-tier-app-internal-alb-tg/ea7f626de7fb758f","connection_termination":false,"deregistration_delay":"300","health_check":[{"enabled":true,"healthy_threshold":2,"interval":300,"matcher":"200","path":"/health","port":"traffic-port","protocol":"HTTP","timeout":60,"unhealthy_threshold":5}],"id":"arn:aws:elasticloadbalancing:us-east-1:513410254332:targetgroup/three-tier-app-internal-alb-tg/ea7f626de7fb758f","ip_address_type":"ipv4","lambda_multi_value_headers_enabled":false,"load_balancing_algorithm_type":"round_robin","load_balancing_cross_zone_enabled":"use_load_balancer_configuration","name":"three-tier-app-internal-alb-tg","name_prefix":null,"port":4000,"preserve_client_ip":null,"protocol":"HTTP","protocol_version":"HTTP1","proxy_protocol_v2":false,"slow_start":0,"stickiness":[{"cookie_duration":86400,"cookie_name":"","enabled":false,"type":"lb_cookie"}],"tags":{},"tags_all":{},"target_failover":[{"on_deregistration":null,"on_unhealthy":null}],"target_type":"instance","vpc_id":"vpc-0ed9c7463763df965"},"sensitive_values":{"health_check":[{}],"stickiness":[{}],"tags":{},"tags_all":{},"target_failover":[{}]},"depends_on":["module.iam_role.aws_flow_log.example_vpc_flow_log","module.iam_role.aws_iam_instance_profile.s3_ssm_cw_profile","module.iam_role.aws_iam_policy.cloudwatch_agent_policy","module.iam_role.aws_iam_role.s3_ssm_CW_role","module.iam_role.aws_iam_role.vpc_flow_logs_role","module.iam_role.aws_iam_role_policy_attachment.cloudwatch_agent_attachment","module.iam_role.aws_iam_role_policy_attachment.s3_readonly_attach","module.iam_role.aws_iam_role_policy_attachment.secret_manager-ReadWrite","module.iam_role.aws_iam_role_policy_attachment.ssm_core_attach","module.iam_role.aws_iam_role_policy_attachment.ssmparameter_read_only","module.iam_role.aws_s3_bucket.vpc_flow_logs_bucket","module.iam_role.aws_s3_bucket_acl.acl","module.iam_role.aws_s3_bucket_ownership_controls.vpc_flow_logs","module.iam_role.aws_s3_bucket_policy.vpc_flow_logs","module.iam_role.aws_s3_bucket_public_access_block.vpc_flow_logs","module.iam_role.aws_s3_bucket_server_side_encryption_configuration.SSE_config","module.iam_role.data.aws_caller_identity.current","module.nat_instance.aws_instance.nat_ec2_instance","module.nat_instance.aws_route_table.pri-rt-a","module.nat_instance.aws_route_table.pri-rt-b","module.nat_instance.aws_route_table_association.pri-sub-3a-with-Pri-rt-a","module.nat_instance.aws_route_table_association.pri-sub-4b-with-Pri-rt-b","module.nat_instance.aws_route_table_association.pri-sub-5a-with-pri-rt-b","module.nat_instance.aws_route_table_association.pri-sub-6b-with-pri-rt-b","module.nat_instance.aws_security_group.nat_ec2_sg","module.nat_instance.data.aws_ami.latest_amazon_linux","module.security-group.aws_security_group.alb_sg","module.security-group.aws_security_group.client_sg","module.security-group.aws_security_group.db_sg","module.security-group.aws_security_group.internal_alb_sg","module.security-group.aws_security_group.server_sg","module.vpc.aws_internet_gateway.internet_gateway","module.vpc.aws_route_table.public_route_table","module.vpc.aws_route_table_association.pub-sub-1a_route_table_association","module.vpc.aws_route_table_association.pub-sub-2-b_route_table_association","module.vpc.aws_subnet.pri_sub_3a","module.vpc.aws_subnet.pri_sub_4b","module.vpc.aws_subnet.pri_sub_5a","module.vpc.aws_subnet.pri_sub_6b","module.vpc.aws_subnet.pri_sub_7a","module.vpc.aws_subnet.pri_sub_8b","module.vpc.aws_subnet.pub_sub_1a","module.vpc.aws_subnet.pub_sub_2b","module.vpc.aws_vpc.vpc","module.vpc.data.aws_availability_zones.available_zones"]}],"address":"module.alb"},{"resources":[{"address":"module.asg.aws_autoscaling_group.asg_name","mode":"managed","type":"aws_autoscaling_group","name":"asg_name","provider_name":"registry.terraform.io/hashicorp/aws","schema_version":0,"values":{"arn":"arn:aws:autoscaling:us-east-1:513410254332:autoScalingGroup:08808ccb-693b-4e75-9029-329b7a3bbee7:autoScalingGroupName/three-tier-app-asg","availability_zones":["us-east-1a","us-east-1b"],"capacity_rebalance":false,"context":"","default_cooldown":300,"default_instance_warmup":0,"desired_capacity":1,"desired_capacity_type":"","enabled_metrics":["GroupDesiredCapacity","GroupInServiceInstances","GroupMaxSize","GroupMinSize","GroupTotalInstances"],"force_delete":false,"force_delete_warm_pool":false,"health_check_grace_period":300,"health_check_type":"ELB","id":"three-tier-app-asg","initial_lifecycle_hook":[],"instance_refresh":[],"launch_configuration":"","launch_template":[{"id":"lt-0ac991b26e6cf1e43","name":"three-tier-app-tpl","version":"1"}],"load_balancers":[],"max_instance_lifetime":0,"max_size":1,"metrics_granularity":"1Minute","min_elb_capacity":null,"min_size":1,"mixed_instances_policy":[],"name":"three-tier-app-asg","name_prefix":"","placement_group":"","predicted_capacity":0,"protect_from_scale_in":false,"service_linked_role_arn":"arn:aws:iam::513410254332:role/aws-service-role/autoscaling.amazonaws.com/AWSServiceRoleForAutoScaling","suspended_processes":[],"tag":[{"key":"Name","propagate_at_launch":true,"value":"three-tier-app-client-ec2"}],"tags":null,"target_group_arns":["arn:aws:elasticloadbalancing:us-east-1:513410254332:targetgroup/three-tier-app-tg/27e2a03b66342ee3"],"termination_policies":[],"timeouts":null,"vpc_zone_identifier":["subnet-060b9e1c01222f3b7","subnet-06927b7372ba82f7a"],"wait_for_capacity_timeout":"10m","wait_for_elb_capacity":null,"warm_pool":[],"warm_pool_size":0},"sensitive_values":{"availability_zones":[false,false],"enabled_metrics":[false,false,false,false,false],"initial_lifecycle_hook":[],"instance_refresh":[],"launch_template":[{}],"load_balancers":[],"mixed_instances_policy":[],"suspended_processes":[],"tag":[{}],"target_group_arns":[false],"termination_policies":[],"vpc_zone_identifier":[false,false],"warm_pool":[]},"depends_on":["module.alb.aws_lb.application_load_balancer","module.alb.aws_lb.internal_application_load_balancer","module.alb.aws_lb_listener.alb_http_listener","module.alb.aws_lb_listener.internal_alb_http_listener","module.alb.aws_lb_target_group.alb_target_group","module.alb.aws_lb_target_group.internal_alb_target_group","module.asg.aws_launch_template.lt_name","module.asg.data.aws_ami.latest_amazon_linux","module.iam_role.aws_flow_log.example_vpc_flow_log","module.iam_role.aws_iam_instance_profile.s3_ssm_cw_profile","module.iam_role.aws_iam_policy.cloudwatch_agent_policy","module.iam_role.aws_iam_role.s3_ssm_CW_role","module.iam_role.aws_iam_role.vpc_flow_logs_role","module.iam_role.aws_iam_role_policy_attachment.cloudwatch_agent_attachment","module.iam_role.aws_iam_role_policy_attachment.s3_readonly_attach","module.iam_role.aws_iam_role_policy_attachment.secret_manager-ReadWrite","module.iam_role.aws_iam_role_policy_attachment.ssm_core_attach","module.iam_role.aws_iam_role_policy_attachment.ssmparameter_read_only","module.iam_role.aws_s3_bucket.vpc_flow_logs_bucket","module.iam_role.aws_s3_bucket_acl.acl","module.iam_role.aws_s3_bucket_ownership_controls.vpc_flow_logs","module.iam_role.aws_s3_bucket_policy.vpc_flow_logs","module.iam_role.aws_s3_bucket_public_access_block.vpc_flow_logs","module.iam_role.aws_s3_bucket_server_side_encryption_configuration.SSE_config","module.iam_role.data.aws_caller_identity.current","module.nat_instance.aws_instance.nat_ec2_instance","module.nat_instance.aws_route_table.pri-rt-a","module.nat_instance.aws_route_table.pri-rt-b","module.nat_instance.aws_route_table_association.pri-sub-3a-with-Pri-rt-a","module.nat_instance.aws_route_table_association.pri-sub-4b-with-Pri-rt-b","module.nat_instance.aws_route_table_association.pri-sub-5a-with-pri-rt-b","module.nat_instance.aws_route_table_association.pri-sub-6b-with-pri-rt-b","module.nat_instance.aws_security_group.nat_ec2_sg","module.nat_instance.data.aws_ami.latest_amazon_linux","module.rds.aws_db_instance.panda-database","module.rds.aws_db_subnet_group.db-subnet","module.s3.aws_s3_bucket.panda-bucket","module.s3.aws_s3_object.app_code_upload","module.security-group.aws_security_group.alb_sg","module.security-group.aws_security_group.client_sg","module.security-group.aws_security_group.db_sg","module.security-group.aws_security_group.internal_alb_sg","module.security-group.aws_security_group.server_sg","module.vpc.aws_internet_gateway.internet_gateway","module.vpc.aws_route_table.public_route_table","module.vpc.aws_route_table_association.pub-sub-1a_route_table_association","module.vpc.aws_route_table_association.pub-sub-2-b_route_table_association","module.vpc.aws_subnet.pri_sub_3a","module.vpc.aws_subnet.pri_sub_4b","module.vpc.aws_subnet.pri_sub_5a","module.vpc.aws_subnet.pri_sub_6b","module.vpc.aws_subnet.pri_sub_7a","module.vpc.aws_subnet.pri_sub_8b","module.vpc.aws_subnet.pub_sub_1a","module.vpc.aws_subnet.pub_sub_2b","module.vpc.aws_vpc.vpc","module.vpc.data.aws_availability_zones.available_zones"]},{"address":"module.asg.aws_autoscaling_group.server_asg_name","mode":"managed","type":"aws_autoscaling_group","name":"server_asg_name","provider_name":"registry.terraform.io/hashicorp/aws","schema_version":0,"values":{"arn":"arn:aws:autoscaling:us-east-1:513410254332:autoScalingGroup:e19cc4f1-0f11-4993-b014-d96c56d88b38:autoScalingGroupName/three-tier-app-server-asg","availability_zones":["us-east-1a","us-east-1b"],"capacity_rebalance":false,"context":"","default_cooldown":300,"default_instance_warmup":0,"desired_capacity":1,"desired_capacity_type":"","enabled_metrics":["GroupDesiredCapacity","GroupInServiceInstances","GroupMaxSize","GroupMinSize","GroupTotalInstances"],"force_delete":false,"force_delete_warm_pool":false,"health_check_grace_period":300,"health_check_type":"ELB","id":"three-tier-app-server-asg","initial_lifecycle_hook":[],"instance_refresh":[],"launch_configuration":"","launch_template":[{"id":"lt-0a13a4c2de77186f8","name":"three-tier-app-server_tpl","version":"1"}],"load_balancers":[],"max_instance_lifetime":0,"max_size":1,"metrics_granularity":"1Minute","min_elb_capacity":null,"min_size":1,"mixed_instances_policy":[],"name":"three-tier-app-server-asg","name_prefix":"","placement_group":"","predicted_capacity":0,"protect_from_scale_in":false,"service_linked_role_arn":"arn:aws:iam::513410254332:role/aws-service-role/autoscaling.amazonaws.com/AWSServiceRoleForAutoScaling","suspended_processes":[],"tag":[{"key":"Name","propagate_at_launch":true,"value":"three-tier-app-server-ec2"}],"tags":null,"target_group_arns":["arn:aws:elasticloadbalancing:us-east-1:513410254332:targetgroup/three-tier-app-internal-alb-tg/ea7f626de7fb758f"],"termination_policies":[],"timeouts":null,"vpc_zone_identifier":["subnet-06d5b3d179bb223f3","subnet-0ee16b2ed1b905f04"],"wait_for_capacity_timeout":"10m","wait_for_elb_capacity":null,"warm_pool":[],"warm_pool_size":0},"sensitive_values":{"availability_zones":[false,false],"enabled_metrics":[false,false,false,false,false],"initial_lifecycle_hook":[],"instance_refresh":[],"launch_template":[{}],"load_balancers":[],"mixed_instances_policy":[],"suspended_processes":[],"tag":[{}],"target_group_arns":[false],"termination_policies":[],"vpc_zone_identifier":[false,false],"warm_pool":[]},"depends_on":["module.alb.aws_lb.application_load_balancer","module.alb.aws_lb.internal_application_load_balancer","module.alb.aws_lb_listener.alb_http_listener","module.alb.aws_lb_listener.internal_alb_http_listener","module.alb.aws_lb_target_group.alb_target_group","module.alb.aws_lb_target_group.internal_alb_target_group","module.asg.aws_launch_template.server_lt_name","module.asg.data.aws_ami.latest_amazon_linux","module.aws_secret.aws_secretsmanager_secret.db_secret","module.iam_role.aws_flow_log.example_vpc_flow_log","module.iam_role.aws_iam_instance_profile.s3_ssm_cw_profile","module.iam_role.aws_iam_policy.cloudwatch_agent_policy","module.iam_role.aws_iam_role.s3_ssm_CW_role","module.iam_role.aws_iam_role.vpc_flow_logs_role","module.iam_role.aws_iam_role_policy_attachment.cloudwatch_agent_attachment","module.iam_role.aws_iam_role_policy_attachment.s3_readonly_attach","module.iam_role.aws_iam_role_policy_attachment.secret_manager-ReadWrite","module.iam_role.aws_iam_role_policy_attachment.ssm_core_attach","module.iam_role.aws_iam_role_policy_attachment.ssmparameter_read_only","module.iam_role.aws_s3_bucket.vpc_flow_logs_bucket","module.iam_role.aws_s3_bucket_acl.acl","module.iam_role.aws_s3_bucket_ownership_controls.vpc_flow_logs","module.iam_role.aws_s3_bucket_policy.vpc_flow_logs","module.iam_role.aws_s3_bucket_public_access_block.vpc_flow_logs","module.iam_role.aws_s3_bucket_server_side_encryption_configuration.SSE_config","module.iam_role.data.aws_caller_identity.current","module.nat_instance.aws_instance.nat_ec2_instance","module.nat_instance.aws_route_table.pri-rt-a","module.nat_instance.aws_route_table.pri-rt-b","module.nat_instance.aws_route_table_association.pri-sub-3a-with-Pri-rt-a","module.nat_instance.aws_route_table_association.pri-sub-4b-with-Pri-rt-b","module.nat_instance.aws_route_table_association.pri-sub-5a-with-pri-rt-b","module.nat_instance.aws_route_table_association.pri-sub-6b-with-pri-rt-b","module.nat_instance.aws_security_group.nat_ec2_sg","module.nat_instance.data.aws_ami.latest_amazon_linux","module.rds.aws_db_instance.panda-database","module.rds.aws_db_subnet_group.db-subnet","module.s3.aws_s3_bucket.panda-bucket","module.s3.aws_s3_object.app_code_upload","module.security-group.aws_security_group.alb_sg","module.security-group.aws_security_group.client_sg","module.security-group.aws_security_group.db_sg","module.security-group.aws_security_group.internal_alb_sg","module.security-group.aws_security_group.server_sg","module.vpc.aws_internet_gateway.internet_gateway","module.vpc.aws_route_table.public_route_table","module.vpc.aws_route_table_association.pub-sub-1a_route_table_association","module.vpc.aws_route_table_association.pub-sub-2-b_route_table_association","module.vpc.aws_subnet.pri_sub_3a","module.vpc.aws_subnet.pri_sub_4b","module.vpc.aws_subnet.pri_sub_5a","module.vpc.aws_subnet.pri_sub_6b","module.vpc.aws_subnet.pri_sub_7a","module.vpc.aws_subnet.pri_sub_8b","module.vpc.aws_subnet.pub_sub_1a","module.vpc.aws_subnet.pub_sub_2b","module.vpc.aws_vpc.vpc","module.vpc.data.aws_availability_zones.available_zones"]},{"address":"module.asg.aws_autoscaling_policy.scale_down","mode":"managed","type":"aws_autoscaling_policy","name":"scale_down","provider_name":"registry.terraform.io/hashicorp/aws","schema_version":0,"values":{"adjustment_type":"ChangeInCapacity","arn":"arn:aws:autoscaling:us-east-1:513410254332:scalingPolicy:e3d9d7d3-56b7-42cb-8525-866ea2772b83:autoScalingGroupName/three-tier-app-asg:policyName/three-tier-app-asg-scale-down","autoscaling_group_name":"three-tier-app-asg","cooldown":300,"enabled":true,"estimated_instance_warmup":0,"id":"three-tier-app-asg-scale-down","metric_aggregation_type":"","min_adjustment_magnitude":0,"name":"three-tier-app-asg-scale-down","policy_type":"SimpleScaling","predictive_scaling_configuration":[],"scaling_adjustment":-1,"step_adjustment":[],"target_tracking_configuration":[]},"sensitive_values":{"predictive_scaling_configuration":[],"step_adjustment":[],"target_tracking_configuration":[]},"depends_on":["module.alb.aws_lb.application_load_balancer","module.alb.aws_lb.internal_application_load_balancer","module.alb.aws_lb_listener.alb_http_listener","module.alb.aws_lb_listener.internal_alb_http_listener","module.alb.aws_lb_target_group.alb_target_group","module.alb.aws_lb_target_group.internal_alb_target_group","module.asg.aws_autoscaling_group.asg_name","module.asg.aws_launch_template.lt_name","module.asg.data.aws_ami.latest_amazon_linux","module.iam_role.aws_flow_log.example_vpc_flow_log","module.iam_role.aws_iam_instance_profile.s3_ssm_cw_profile","module.iam_role.aws_iam_policy.cloudwatch_agent_policy","module.iam_role.aws_iam_role.s3_ssm_CW_role","module.iam_role.aws_iam_role.vpc_flow_logs_role","module.iam_role.aws_iam_role_policy_attachment.cloudwatch_agent_attachment","module.iam_role.aws_iam_role_policy_attachment.s3_readonly_attach","module.iam_role.aws_iam_role_policy_attachment.secret_manager-ReadWrite","module.iam_role.aws_iam_role_policy_attachment.ssm_core_attach","module.iam_role.aws_iam_role_policy_attachment.ssmparameter_read_only","module.iam_role.aws_s3_bucket.vpc_flow_logs_bucket","module.iam_role.aws_s3_bucket_acl.acl","module.iam_role.aws_s3_bucket_ownership_controls.vpc_flow_logs","module.iam_role.aws_s3_bucket_policy.vpc_flow_logs","module.iam_role.aws_s3_bucket_public_access_block.vpc_flow_logs","module.iam_role.aws_s3_bucket_server_side_encryption_configuration.SSE_config","module.iam_role.data.aws_caller_identity.current","module.nat_instance.aws_instance.nat_ec2_instance","module.nat_instance.aws_route_table.pri-rt-a","module.nat_instance.aws_route_table.pri-rt-b","module.nat_instance.aws_route_table_association.pri-sub-3a-with-Pri-rt-a","module.nat_instance.aws_route_table_association.pri-sub-4b-with-Pri-rt-b","module.nat_instance.aws_route_table_association.pri-sub-5a-with-pri-rt-b","module.nat_instance.aws_route_table_association.pri-sub-6b-with-pri-rt-b","module.nat_instance.aws_security_group.nat_ec2_sg","module.nat_instance.data.aws_ami.latest_amazon_linux","module.rds.aws_db_instance.panda-database","module.rds.aws_db_subnet_group.db-subnet","module.s3.aws_s3_bucket.panda-bucket","module.s3.aws_s3_object.app_code_upload","module.security-group.aws_security_group.alb_sg","module.security-group.aws_security_group.client_sg","module.security-group.aws_security_group.db_sg","module.security-group.aws_security_group.internal_alb_sg","module.security-group.aws_security_group.server_sg","module.vpc.aws_internet_gateway.internet_gateway","module.vpc.aws_route_table.public_route_table","module.vpc.aws_route_table_association.pub-sub-1a_route_table_association","module.vpc.aws_route_table_association.pub-sub-2-b_route_table_association","module.vpc.aws_subnet.pri_sub_3a","module.vpc.aws_subnet.pri_sub_4b","module.vpc.aws_subnet.pri_sub_5a","module.vpc.aws_subnet.pri_sub_6b","module.vpc.aws_subnet.pri_sub_7a","module.vpc.aws_subnet.pri_sub_8b","module.vpc.aws_subnet.pub_sub_1a","module.vpc.aws_subnet.pub_sub_2b","module.vpc.aws_vpc.vpc","module.vpc.data.aws_availability_zones.available_zones"]},{"address":"module.asg.aws_autoscaling_policy.scale_up","mode":"managed","type":"aws_autoscaling_policy","name":"scale_up","provider_name":"registry.terraform.io/hashicorp/aws","schema_version":0,"values":{"adjustment_type":"ChangeInCapacity","arn":"arn:aws:autoscaling:us-east-1:513410254332:scalingPolicy:69ef0225-61ac-4c9d-a5f1-bdd4d4c28fbb:autoScalingGroupName/three-tier-app-asg:policyName/three-tier-app-asg-scale-up","autoscaling_group_name":"three-tier-app-asg","cooldown":300,"enabled":true,"estimated_instance_warmup":0,"id":"three-tier-app-asg-scale-up","metric_aggregation_type":"","min_adjustment_magnitude":0,"name":"three-tier-app-asg-scale-up","policy_type":"SimpleScaling","predictive_scaling_configuration":[],"scaling_adjustment":1,"step_adjustment":[],"target_tracking_configuration":[]},"sensitive_values":{"predictive_scaling_configuration":[],"step_adjustment":[],"target_tracking_configuration":[]},"depends_on":["module.alb.aws_lb.application_load_balancer","module.alb.aws_lb.internal_application_load_balancer","module.alb.aws_lb_listener.alb_http_listener","module.alb.aws_lb_listener.internal_alb_http_listener","module.alb.aws_lb_target_group.alb_target_group","module.alb.aws_lb_target_group.internal_alb_target_group","module.asg.aws_autoscaling_group.asg_name","module.asg.aws_launch_template.lt_name","module.asg.data.aws_ami.latest_amazon_linux","module.iam_role.aws_flow_log.example_vpc_flow_log","module.iam_role.aws_iam_instance_profile.s3_ssm_cw_profile","module.iam_role.aws_iam_policy.cloudwatch_agent_policy","module.iam_role.aws_iam_role.s3_ssm_CW_role","module.iam_role.aws_iam_role.vpc_flow_logs_role","module.iam_role.aws_iam_role_policy_attachment.cloudwatch_agent_attachment","module.iam_role.aws_iam_role_policy_attachment.s3_readonly_attach","module.iam_role.aws_iam_role_policy_attachment.secret_manager-ReadWrite","module.iam_role.aws_iam_role_policy_attachment.ssm_core_attach","module.iam_role.aws_iam_role_policy_attachment.ssmparameter_read_only","module.iam_role.aws_s3_bucket.vpc_flow_logs_bucket","module.iam_role.aws_s3_bucket_acl.acl","module.iam_role.aws_s3_bucket_ownership_controls.vpc_flow_logs","module.iam_role.aws_s3_bucket_policy.vpc_flow_logs","module.iam_role.aws_s3_bucket_public_access_block.vpc_flow_logs","module.iam_role.aws_s3_bucket_server_side_encryption_configuration.SSE_config","module.iam_role.data.aws_caller_identity.current","module.nat_instance.aws_instance.nat_ec2_instance","module.nat_instance.aws_route_table.pri-rt-a","module.nat_instance.aws_route_table.pri-rt-b","module.nat_instance.aws_route_table_association.pri-sub-3a-with-Pri-rt-a","module.nat_instance.aws_route_table_association.pri-sub-4b-with-Pri-rt-b","module.nat_instance.aws_route_table_association.pri-sub-5a-with-pri-rt-b","module.nat_instance.aws_route_table_association.pri-sub-6b-with-pri-rt-b","module.nat_instance.aws_security_group.nat_ec2_sg","module.nat_instance.data.aws_ami.latest_amazon_linux","module.rds.aws_db_instance.panda-database","module.rds.aws_db_subnet_group.db-subnet","module.s3.aws_s3_bucket.panda-bucket","module.s3.aws_s3_object.app_code_upload","module.security-group.aws_security_group.alb_sg","module.security-group.aws_security_group.client_sg","module.security-group.aws_security_group.db_sg","module.security-group.aws_security_group.internal_alb_sg","module.security-group.aws_security_group.server_sg","module.vpc.aws_internet_gateway.internet_gateway","module.vpc.aws_route_table.public_route_table","module.vpc.aws_route_table_association.pub-sub-1a_route_table_association","module.vpc.aws_route_table_association.pub-sub-2-b_route_table_association","module.vpc.aws_subnet.pri_sub_3a","module.vpc.aws_subnet.pri_sub_4b","module.vpc.aws_subnet.pri_sub_5a","module.vpc.aws_subnet.pri_sub_6b","module.vpc.aws_subnet.pri_sub_7a","module.vpc.aws_subnet.pri_sub_8b","module.vpc.aws_subnet.pub_sub_1a","module.vpc.aws_subnet.pub_sub_2b","module.vpc.aws_vpc.vpc","module.vpc.data.aws_availability_zones.available_zones"]},{"address":"module.asg.aws_autoscaling_policy.server_scale_down","mode":"managed","type":"aws_autoscaling_policy","name":"server_scale_down","provider_name":"registry.terraform.io/hashicorp/aws","schema_version":0,"values":{"adjustment_type":"ChangeInCapacity","arn":"arn:aws:autoscaling:us-east-1:513410254332:scalingPolicy:568737a8-4025-4d4e-89b5-df1509c18736:autoScalingGroupName/three-tier-app-server-asg:policyName/three-tier-app-server-asg-scale-down","autoscaling_group_name":"three-tier-app-server-asg","cooldown":300,"enabled":true,"estimated_instance_warmup":0,"id":"three-tier-app-server-asg-scale-down","metric_aggregation_type":"","min_adjustment_magnitude":0,"name":"three-tier-app-server-asg-scale-down","policy_type":"SimpleScaling","predictive_scaling_configuration":[],"scaling_adjustment":-1,"step_adjustment":[],"target_tracking_configuration":[]},"sensitive_values":{"predictive_scaling_configuration":[],"step_adjustment":[],"target_tracking_configuration":[]},"depends_on":["module.alb.aws_lb.application_load_balancer","module.alb.aws_lb.internal_application_load_balancer","module.alb.aws_lb_listener.alb_http_listener","module.alb.aws_lb_listener.internal_alb_http_listener","module.alb.aws_lb_target_group.alb_target_group","module.alb.aws_lb_target_group.internal_alb_target_group","module.asg.aws_autoscaling_group.server_asg_name","module.asg.aws_launch_template.server_lt_name","module.asg.data.aws_ami.latest_amazon_linux","module.aws_secret.aws_secretsmanager_secret.db_secret","module.iam_role.aws_flow_log.example_vpc_flow_log","module.iam_role.aws_iam_instance_profile.s3_ssm_cw_profile","module.iam_role.aws_iam_policy.cloudwatch_agent_policy","module.iam_role.aws_iam_role.s3_ssm_CW_role","module.iam_role.aws_iam_role.vpc_flow_logs_role","module.iam_role.aws_iam_role_policy_attachment.cloudwatch_agent_attachment","module.iam_role.aws_iam_role_policy_attachment.s3_readonly_attach","module.iam_role.aws_iam_role_policy_attachment.secret_manager-ReadWrite","module.iam_role.aws_iam_role_policy_attachment.ssm_core_attach","module.iam_role.aws_iam_role_policy_attachment.ssmparameter_read_only","module.iam_role.aws_s3_bucket.vpc_flow_logs_bucket","module.iam_role.aws_s3_bucket_acl.acl","module.iam_role.aws_s3_bucket_ownership_controls.vpc_flow_logs","module.iam_role.aws_s3_bucket_policy.vpc_flow_logs","module.iam_role.aws_s3_bucket_public_access_block.vpc_flow_logs","module.iam_role.aws_s3_bucket_server_side_encryption_configuration.SSE_config","module.iam_role.data.aws_caller_identity.current","module.nat_instance.aws_instance.nat_ec2_instance","module.nat_instance.aws_route_table.pri-rt-a","module.nat_instance.aws_route_table.pri-rt-b","module.nat_instance.aws_route_table_association.pri-sub-3a-with-Pri-rt-a","module.nat_instance.aws_route_table_association.pri-sub-4b-with-Pri-rt-b","module.nat_instance.aws_route_table_association.pri-sub-5a-with-pri-rt-b","module.nat_instance.aws_route_table_association.pri-sub-6b-with-pri-rt-b","module.nat_instance.aws_security_group.nat_ec2_sg","module.nat_instance.data.aws_ami.latest_amazon_linux","module.rds.aws_db_instance.panda-database","module.rds.aws_db_subnet_group.db-subnet","module.s3.aws_s3_bucket.panda-bucket","module.s3.aws_s3_object.app_code_upload","module.security-group.aws_security_group.alb_sg","module.security-group.aws_security_group.client_sg","module.security-group.aws_security_group.db_sg","module.security-group.aws_security_group.internal_alb_sg","module.security-group.aws_security_group.server_sg","module.vpc.aws_internet_gateway.internet_gateway","module.vpc.aws_route_table.public_route_table","module.vpc.aws_route_table_association.pub-sub-1a_route_table_association","module.vpc.aws_route_table_association.pub-sub-2-b_route_table_association","module.vpc.aws_subnet.pri_sub_3a","module.vpc.aws_subnet.pri_sub_4b","module.vpc.aws_subnet.pri_sub_5a","module.vpc.aws_subnet.pri_sub_6b","module.vpc.aws_subnet.pri_sub_7a","module.vpc.aws_subnet.pri_sub_8b","module.vpc.aws_subnet.pub_sub_1a","module.vpc.aws_subnet.pub_sub_2b","module.vpc.aws_vpc.vpc","module.vpc.data.aws_availability_zones.available_zones"]},{"address":"module.asg.aws_autoscaling_policy.server_scale_up","mode":"managed","type":"aws_autoscaling_policy","name":"server_scale_up","provider_name":"registry.terraform.io/hashicorp/aws","schema_version":0,"values":{"adjustment_type":"ChangeInCapacity","arn":"arn:aws:autoscaling:us-east-1:513410254332:scalingPolicy:72db72bb-4690-40f2-9e06-2138d544eac0:autoScalingGroupName/three-tier-app-server-asg:policyName/three-tier-app-server-asg-scale-up","autoscaling_group_name":"three-tier-app-server-asg","cooldown":300,"enabled":true,"estimated_instance_warmup":0,"id":"three-tier-app-server-asg-scale-up","metric_aggregation_type":"","min_adjustment_magnitude":0,"name":"three-tier-app-server-asg-scale-up","policy_type":"SimpleScaling","predictive_scaling_configuration":[],"scaling_adjustment":1,"step_adjustment":[],"target_tracking_configuration":[]},"sensitive_values":{"predictive_scaling_configuration":[],"step_adjustment":[],"target_tracking_configuration":[]},"depends_on":["module.alb.aws_lb.application_load_balancer","module.alb.aws_lb.internal_application_load_balancer","module.alb.aws_lb_listener.alb_http_listener","module.alb.aws_lb_listener.internal_alb_http_listener","module.alb.aws_lb_target_group.alb_target_group","module.alb.aws_lb_target_group.internal_alb_target_group","module.asg.aws_autoscaling_group.server_asg_name","module.asg.aws_launch_template.server_lt_name","module.asg.data.aws_ami.latest_amazon_linux","module.aws_secret.aws_secretsmanager_secret.db_secret","module.iam_role.aws_flow_log.example_vpc_flow_log","module.iam_role.aws_iam_instance_profile.s3_ssm_cw_profile","module.iam_role.aws_iam_policy.cloudwatch_agent_policy","module.iam_role.aws_iam_role.s3_ssm_CW_role","module.iam_role.aws_iam_role.vpc_flow_logs_role","module.iam_role.aws_iam_role_policy_attachment.cloudwatch_agent_attachment","module.iam_role.aws_iam_role_policy_attachment.s3_readonly_attach","module.iam_role.aws_iam_role_policy_attachment.secret_manager-ReadWrite","module.iam_role.aws_iam_role_policy_attachment.ssm_core_attach","module.iam_role.aws_iam_role_policy_attachment.ssmparameter_read_only","module.iam_role.aws_s3_bucket.vpc_flow_logs_bucket","module.iam_role.aws_s3_bucket_acl.acl","module.iam_role.aws_s3_bucket_ownership_controls.vpc_flow_logs","module.iam_role.aws_s3_bucket_policy.vpc_flow_logs","module.iam_role.aws_s3_bucket_public_access_block.vpc_flow_logs","module.iam_role.aws_s3_bucket_server_side_encryption_configuration.SSE_config","module.iam_role.data.aws_caller_identity.current","module.nat_instance.aws_instance.nat_ec2_instance","module.nat_instance.aws_route_table.pri-rt-a","module.nat_instance.aws_route_table.pri-rt-b","module.nat_instance.aws_route_table_association.pri-sub-3a-with-Pri-rt-a","module.nat_instance.aws_route_table_association.pri-sub-4b-with-Pri-rt-b","module.nat_instance.aws_route_table_association.pri-sub-5a-with-pri-rt-b","module.nat_instance.aws_route_table_association.pri-sub-6b-with-pri-rt-b","module.nat_instance.aws_security_group.nat_ec2_sg","module.nat_instance.data.aws_ami.latest_amazon_linux","module.rds.aws_db_instance.panda-database","module.rds.aws_db_subnet_group.db-subnet","module.s3.aws_s3_bucket.panda-bucket","module.s3.aws_s3_object.app_code_upload","module.security-group.aws_security_group.alb_sg","module.security-group.aws_security_group.client_sg","module.security-group.aws_security_group.db_sg","module.security-group.aws_security_group.internal_alb_sg","module.security-group.aws_security_group.server_sg","module.vpc.aws_internet_gateway.internet_gateway","module.vpc.aws_route_table.public_route_table","module.vpc.aws_route_table_association.pub-sub-1a_route_table_association","module.vpc.aws_route_table_association.pub-sub-2-b_route_table_association","module.vpc.aws_subnet.pri_sub_3a","module.vpc.aws_subnet.pri_sub_4b","module.vpc.aws_subnet.pri_sub_5a","module.vpc.aws_subnet.pri_sub_6b","module.vpc.aws_subnet.pri_sub_7a","module.vpc.aws_subnet.pri_sub_8b","module.vpc.aws_subnet.pub_sub_1a","module.vpc.aws_subnet.pub_sub_2b","module.vpc.aws_vpc.vpc","module.vpc.data.aws_availability_zones.available_zones"]},{"address":"module.asg.aws_cloudwatch_metric_alarm.scale_down_alarm","mode":"managed","type":"aws_cloudwatch_metric_alarm","name":"scale_down_alarm","provider_name":"registry.terraform.io/hashicorp/aws","schema_version":1,"values":{"actions_enabled":true,"alarm_actions":["arn:aws:autoscaling:us-east-1:513410254332:scalingPolicy:e3d9d7d3-56b7-42cb-8525-866ea2772b83:autoScalingGroupName/three-tier-app-asg:policyName/three-tier-app-asg-scale-down"],"alarm_description":"asg-scale-down-cpu-alarm","alarm_name":"three-tier-app-asg-scale-down-alarm","arn":"arn:aws:cloudwatch:us-east-1:513410254332:alarm:three-tier-app-asg-scale-down-alarm","comparison_operator":"LessThanOrEqualToThreshold","datapoints_to_alarm":0,"dimensions":{"AutoScalingGroupName":"three-tier-app-asg"},"evaluate_low_sample_count_percentiles":"","evaluation_periods":2,"extended_statistic":"","id":"three-tier-app-asg-scale-down-alarm","insufficient_data_actions":[],"metric_name":"CPUUtilization","metric_query":[],"namespace":"AWS/EC2","ok_actions":[],"period":120,"statistic":"Average","tags":{},"tags_all":{},"threshold":5,"threshold_metric_id":"","treat_missing_data":"missing","unit":""},"sensitive_values":{"alarm_actions":[false],"dimensions":{},"insufficient_data_actions":[],"metric_query":[],"ok_actions":[],"tags":{},"tags_all":{}},"depends_on":["module.alb.aws_lb.application_load_balancer","module.alb.aws_lb.internal_application_load_balancer","module.alb.aws_lb_listener.alb_http_listener","module.alb.aws_lb_listener.internal_alb_http_listener","module.alb.aws_lb_target_group.alb_target_group","module.alb.aws_lb_target_group.internal_alb_target_group","module.asg.aws_autoscaling_group.asg_name","module.asg.aws_autoscaling_policy.scale_down","module.asg.aws_launch_template.lt_name","module.asg.data.aws_ami.latest_amazon_linux","module.iam_role.aws_flow_log.example_vpc_flow_log","module.iam_role.aws_iam_instance_profile.s3_ssm_cw_profile","module.iam_role.aws_iam_policy.cloudwatch_agent_policy","module.iam_role.aws_iam_role.s3_ssm_CW_role","module.iam_role.aws_iam_role.vpc_flow_logs_role","module.iam_role.aws_iam_role_policy_attachment.cloudwatch_agent_attachment","module.iam_role.aws_iam_role_policy_attachment.s3_readonly_attach","module.iam_role.aws_iam_role_policy_attachment.secret_manager-ReadWrite","module.iam_role.aws_iam_role_policy_attachment.ssm_core_attach","module.iam_role.aws_iam_role_policy_attachment.ssmparameter_read_only","module.iam_role.aws_s3_bucket.vpc_flow_logs_bucket","module.iam_role.aws_s3_bucket_acl.acl","module.iam_role.aws_s3_bucket_ownership_controls.vpc_flow_logs","module.iam_role.aws_s3_bucket_policy.vpc_flow_logs","module.iam_role.aws_s3_bucket_public_access_block.vpc_flow_logs","module.iam_role.aws_s3_bucket_server_side_encryption_configuration.SSE_config","module.iam_role.data.aws_caller_identity.current","module.nat_instance.aws_instance.nat_ec2_instance","module.nat_instance.aws_route_table.pri-rt-a","module.nat_instance.aws_route_table.pri-rt-b","module.nat_instance.aws_route_table_association.pri-sub-3a-with-Pri-rt-a","module.nat_instance.aws_route_table_association.pri-sub-4b-with-Pri-rt-b","module.nat_instance.aws_route_table_association.pri-sub-5a-with-pri-rt-b","module.nat_instance.aws_route_table_association.pri-sub-6b-with-pri-rt-b","module.nat_instance.aws_security_group.nat_ec2_sg","module.nat_instance.data.aws_ami.latest_amazon_linux","module.rds.aws_db_instance.panda-database","module.rds.aws_db_subnet_group.db-subnet","module.s3.aws_s3_bucket.panda-bucket","module.s3.aws_s3_object.app_code_upload","module.security-group.aws_security_group.alb_sg","module.security-group.aws_security_group.client_sg","module.security-group.aws_security_group.db_sg","module.security-group.aws_security_group.internal_alb_sg","module.security-group.aws_security_group.server_sg","module.vpc.aws_internet_gateway.internet_gateway","module.vpc.aws_route_table.public_route_table","module.vpc.aws_route_table_association.pub-sub-1a_route_table_association","module.vpc.aws_route_table_association.pub-sub-2-b_route_table_association","module.vpc.aws_subnet.pri_sub_3a","module.vpc.aws_subnet.pri_sub_4b","module.vpc.aws_subnet.pri_sub_5a","module.vpc.aws_subnet.pri_sub_6b","module.vpc.aws_subnet.pri_sub_7a","module.vpc.aws_subnet.pri_sub_8b","module.vpc.aws_subnet.pub_sub_1a","module.vpc.aws_subnet.pub_sub_2b","module.vpc.aws_vpc.vpc","module.vpc.data.aws_availability_zones.available_zones"]},{"address":"module.asg.aws_cloudwatch_metric_alarm.scale_up_alarm","mode":"managed","type":"aws_cloudwatch_metric_alarm","name":"scale_up_alarm","provider_name":"registry.terraform.io/hashicorp/aws","schema_version":1,"values":{"actions_enabled":true,"alarm_actions":["arn:aws:autoscaling:us-east-1:513410254332:scalingPolicy:69ef0225-61ac-4c9d-a5f1-bdd4d4c28fbb:autoScalingGroupName/three-tier-app-asg:policyName/three-tier-app-asg-scale-up"],"alarm_description":"asg-scale-up-cpu-alarm","alarm_name":"three-tier-app-asg-scale-up-alarm","arn":"arn:aws:cloudwatch:us-east-1:513410254332:alarm:three-tier-app-asg-scale-up-alarm","comparison_operator":"GreaterThanOrEqualToThreshold","datapoints_to_alarm":0,"dimensions":{"AutoScalingGroupName":"three-tier-app-asg"},"evaluate_low_sample_count_percentiles":"","evaluation_periods":2,"extended_statistic":"","id":"three-tier-app-asg-scale-up-alarm","insufficient_data_actions":[],"metric_name":"CPUUtilization","metric_query":[],"namespace":"AWS/EC2","ok_actions":[],"period":120,"statistic":"Average","tags":{},"tags_all":{},"threshold":50,"threshold_metric_id":"","treat_missing_data":"missing","unit":""},"sensitive_values":{"alarm_actions":[false],"dimensions":{},"insufficient_data_actions":[],"metric_query":[],"ok_actions":[],"tags":{},"tags_all":{}},"depends_on":["module.alb.aws_lb.application_load_balancer","module.alb.aws_lb.internal_application_load_balancer","module.alb.aws_lb_listener.alb_http_listener","module.alb.aws_lb_listener.internal_alb_http_listener","module.alb.aws_lb_target_group.alb_target_group","module.alb.aws_lb_target_group.internal_alb_target_group","module.asg.aws_autoscaling_group.asg_name","module.asg.aws_autoscaling_policy.scale_up","module.asg.aws_launch_template.lt_name","module.asg.data.aws_ami.latest_amazon_linux","module.iam_role.aws_flow_log.example_vpc_flow_log","module.iam_role.aws_iam_instance_profile.s3_ssm_cw_profile","module.iam_role.aws_iam_policy.cloudwatch_agent_policy","module.iam_role.aws_iam_role.s3_ssm_CW_role","module.iam_role.aws_iam_role.vpc_flow_logs_role","module.iam_role.aws_iam_role_policy_attachment.cloudwatch_agent_attachment","module.iam_role.aws_iam_role_policy_attachment.s3_readonly_attach","module.iam_role.aws_iam_role_policy_attachment.secret_manager-ReadWrite","module.iam_role.aws_iam_role_policy_attachment.ssm_core_attach","module.iam_role.aws_iam_role_policy_attachment.ssmparameter_read_only","module.iam_role.aws_s3_bucket.vpc_flow_logs_bucket","module.iam_role.aws_s3_bucket_acl.acl","module.iam_role.aws_s3_bucket_ownership_controls.vpc_flow_logs","module.iam_role.aws_s3_bucket_policy.vpc_flow_logs","module.iam_role.aws_s3_bucket_public_access_block.vpc_flow_logs","module.iam_role.aws_s3_bucket_server_side_encryption_configuration.SSE_config","module.iam_role.data.aws_caller_identity.current","module.nat_instance.aws_instance.nat_ec2_instance","module.nat_instance.aws_route_table.pri-rt-a","module.nat_instance.aws_route_table.pri-rt-b","module.nat_instance.aws_route_table_association.pri-sub-3a-with-Pri-rt-a","module.nat_instance.aws_route_table_association.pri-sub-4b-with-Pri-rt-b","module.nat_instance.aws_route_table_association.pri-sub-5a-with-pri-rt-b","module.nat_instance.aws_route_table_association.pri-sub-6b-with-pri-rt-b","module.nat_instance.aws_security_group.nat_ec2_sg","module.nat_instance.data.aws_ami.latest_amazon_linux","module.rds.aws_db_instance.panda-database","module.rds.aws_db_subnet_group.db-subnet","module.s3.aws_s3_bucket.panda-bucket","module.s3.aws_s3_object.app_code_upload","module.security-group.aws_security_group.alb_sg","module.security-group.aws_security_group.client_sg","module.security-group.aws_security_group.db_sg","module.security-group.aws_security_group.internal_alb_sg","module.security-group.aws_security_group.server_sg","module.vpc.aws_internet_gateway.internet_gateway","module.vpc.aws_route_table.public_route_table","module.vpc.aws_route_table_association.pub-sub-1a_route_table_association","module.vpc.aws_route_table_association.pub-sub-2-b_route_table_association","module.vpc.aws_subnet.pri_sub_3a","module.vpc.aws_subnet.pri_sub_4b","module.vpc.aws_subnet.pri_sub_5a","module.vpc.aws_subnet.pri_sub_6b","module.vpc.aws_subnet.pri_sub_7a","module.vpc.aws_subnet.pri_sub_8b","module.vpc.aws_subnet.pub_sub_1a","module.vpc.aws_subnet.pub_sub_2b","module.vpc.aws_vpc.vpc","module.vpc.data.aws_availability_zones.available_zones"]},{"address":"module.asg.aws_cloudwatch_metric_alarm.server_scale_down_alarm","mode":"managed","type":"aws_cloudwatch_metric_alarm","name":"server_scale_down_alarm","provider_name":"registry.terraform.io/hashicorp/aws","schema_version":1,"values":{"actions_enabled":true,"alarm_actions":["arn:aws:autoscaling:us-east-1:513410254332:scalingPolicy:568737a8-4025-4d4e-89b5-df1509c18736:autoScalingGroupName/three-tier-app-server-asg:policyName/three-tier-app-server-asg-scale-down"],"alarm_description":"asg-scale-down-cpu-alarm","alarm_name":"three-tier-app-server-asg-scale-down-alarm","arn":"arn:aws:cloudwatch:us-east-1:513410254332:alarm:three-tier-app-server-asg-scale-down-alarm","comparison_operator":"LessThanOrEqualToThreshold","datapoints_to_alarm":0,"dimensions":{"AutoScalingGroupName":"three-tier-app-server-asg"},"evaluate_low_sample_count_percentiles":"","evaluation_periods":2,"extended_statistic":"","id":"three-tier-app-server-asg-scale-down-alarm","insufficient_data_actions":[],"metric_name":"CPUUtilization","metric_query":[],"namespace":"AWS/EC2","ok_actions":[],"period":120,"statistic":"Average","tags":{},"tags_all":{},"threshold":5,"threshold_metric_id":"","treat_missing_data":"missing","unit":""},"sensitive_values":{"alarm_actions":[false],"dimensions":{},"insufficient_data_actions":[],"metric_query":[],"ok_actions":[],"tags":{},"tags_all":{}},"depends_on":["module.alb.aws_lb.application_load_balancer","module.alb.aws_lb.internal_application_load_balancer","module.alb.aws_lb_listener.alb_http_listener","module.alb.aws_lb_listener.internal_alb_http_listener","module.alb.aws_lb_target_group.alb_target_group","module.alb.aws_lb_target_group.internal_alb_target_group","module.asg.aws_autoscaling_group.server_asg_name","module.asg.aws_autoscaling_policy.server_scale_down","module.asg.aws_launch_template.server_lt_name","module.asg.data.aws_ami.latest_amazon_linux","module.aws_secret.aws_secretsmanager_secret.db_secret","module.iam_role.aws_flow_log.example_vpc_flow_log","module.iam_role.aws_iam_instance_profile.s3_ssm_cw_profile","module.iam_role.aws_iam_policy.cloudwatch_agent_policy","module.iam_role.aws_iam_role.s3_ssm_CW_role","module.iam_role.aws_iam_role.vpc_flow_logs_role","module.iam_role.aws_iam_role_policy_attachment.cloudwatch_agent_attachment","module.iam_role.aws_iam_role_policy_attachment.s3_readonly_attach","module.iam_role.aws_iam_role_policy_attachment.secret_manager-ReadWrite","module.iam_role.aws_iam_role_policy_attachment.ssm_core_attach","module.iam_role.aws_iam_role_policy_attachment.ssmparameter_read_only","module.iam_role.aws_s3_bucket.vpc_flow_logs_bucket","module.iam_role.aws_s3_bucket_acl.acl","module.iam_role.aws_s3_bucket_ownership_controls.vpc_flow_logs","module.iam_role.aws_s3_bucket_policy.vpc_flow_logs","module.iam_role.aws_s3_bucket_public_access_block.vpc_flow_logs","module.iam_role.aws_s3_bucket_server_side_encryption_configuration.SSE_config","module.iam_role.data.aws_caller_identity.current","module.nat_instance.aws_instance.nat_ec2_instance","module.nat_instance.aws_route_table.pri-rt-a","module.nat_instance.aws_route_table.pri-rt-b","module.nat_instance.aws_route_table_association.pri-sub-3a-with-Pri-rt-a","module.nat_instance.aws_route_table_association.pri-sub-4b-with-Pri-rt-b","module.nat_instance.aws_route_table_association.pri-sub-5a-with-pri-rt-b","module.nat_instance.aws_route_table_association.pri-sub-6b-with-pri-rt-b","module.nat_instance.aws_security_group.nat_ec2_sg","module.nat_instance.data.aws_ami.latest_amazon_linux","module.rds.aws_db_instance.panda-database","module.rds.aws_db_subnet_group.db-subnet","module.s3.aws_s3_bucket.panda-bucket","module.s3.aws_s3_object.app_code_upload","module.security-group.aws_security_group.alb_sg","module.security-group.aws_security_group.client_sg","module.security-group.aws_security_group.db_sg","module.security-group.aws_security_group.internal_alb_sg","module.security-group.aws_security_group.server_sg","module.vpc.aws_internet_gateway.internet_gateway","module.vpc.aws_route_table.public_route_table","module.vpc.aws_route_table_association.pub-sub-1a_route_table_association","module.vpc.aws_route_table_association.pub-sub-2-b_route_table_association","module.vpc.aws_subnet.pri_sub_3a","module.vpc.aws_subnet.pri_sub_4b","module.vpc.aws_subnet.pri_sub_5a","module.vpc.aws_subnet.pri_sub_6b","module.vpc.aws_subnet.pri_sub_7a","module.vpc.aws_subnet.pri_sub_8b","module.vpc.aws_subnet.pub_sub_1a","module.vpc.aws_subnet.pub_sub_2b","module.vpc.aws_vpc.vpc","module.vpc.data.aws_availability_zones.available_zones"]},{"address":"module.asg.aws_cloudwatch_metric_alarm.server_scale_up_alarm","mode":"managed","type":"aws_cloudwatch_metric_alarm","name":"server_scale_up_alarm","provider_name":"registry.terraform.io/hashicorp/aws","schema_version":1,"values":{"actions_enabled":true,"alarm_actions":["arn:aws:autoscaling:us-east-1:513410254332:scalingPolicy:72db72bb-4690-40f2-9e06-2138d544eac0:autoScalingGroupName/three-tier-app-server-asg:policyName/three-tier-app-server-asg-scale-up"],"alarm_description":"asg-scale-up-cpu-alarm","alarm_name":"three-tier-app-server-asg-scale-up-alarm","arn":"arn:aws:cloudwatch:us-east-1:513410254332:alarm:three-tier-app-server-asg-scale-up-alarm","comparison_operator":"GreaterThanOrEqualToThreshold","datapoints_to_alarm":0,"dimensions":{"AutoScalingGroupName":"three-tier-app-server-asg"},"evaluate_low_sample_count_percentiles":"","evaluation_periods":2,"extended_statistic":"","id":"three-tier-app-server-asg-scale-up-alarm","insufficient_data_actions":[],"metric_name":"CPUUtilization","metric_query":[],"namespace":"AWS/EC2","ok_actions":[],"period":120,"statistic":"Average","tags":{},"tags_all":{},"threshold":50,"threshold_metric_id":"","treat_missing_data":"missing","unit":""},"sensitive_values":{"alarm_actions":[false],"dimensions":{},"insufficient_data_actions":[],"metric_query":[],"ok_actions":[],"tags":{},"tags_all":{}},"depends_on":["module.alb.aws_lb.application_load_balancer","module.alb.aws_lb.internal_application_load_balancer","module.alb.aws_lb_listener.alb_http_listener","module.alb.aws_lb_listener.internal_alb_http_listener","module.alb.aws_lb_target_group.alb_target_group","module.alb.aws_lb_target_group.internal_alb_target_group","module.asg.aws_autoscaling_group.server_asg_name","module.asg.aws_autoscaling_policy.server_scale_up","module.asg.aws_launch_template.server_lt_name","module.asg.data.aws_ami.latest_amazon_linux","module.aws_secret.aws_secretsmanager_secret.db_secret","module.iam_role.aws_flow_log.example_vpc_flow_log","module.iam_role.aws_iam_instance_profile.s3_ssm_cw_profile","module.iam_role.aws_iam_policy.cloudwatch_agent_policy","module.iam_role.aws_iam_role.s3_ssm_CW_role","module.iam_role.aws_iam_role.vpc_flow_logs_role","module.iam_role.aws_iam_role_policy_attachment.cloudwatch_agent_attachment","module.iam_role.aws_iam_role_policy_attachment.s3_readonly_attach","module.iam_role.aws_iam_role_policy_attachment.secret_manager-ReadWrite","module.iam_role.aws_iam_role_policy_attachment.ssm_core_attach","module.iam_role.aws_iam_role_policy_attachment.ssmparameter_read_only","module.iam_role.aws_s3_bucket.vpc_flow_logs_bucket","module.iam_role.aws_s3_bucket_acl.acl","module.iam_role.aws_s3_bucket_ownership_controls.vpc_flow_logs","module.iam_role.aws_s3_bucket_policy.vpc_flow_logs","module.iam_role.aws_s3_bucket_public_access_block.vpc_flow_logs","module.iam_role.aws_s3_bucket_server_side_encryption_configuration.SSE_config","module.iam_role.data.aws_caller_identity.current","module.nat_instance.aws_instance.nat_ec2_instance","module.nat_instance.aws_route_table.pri-rt-a","module.nat_instance.aws_route_table.pri-rt-b","module.nat_instance.aws_route_table_association.pri-sub-3a-with-Pri-rt-a","module.nat_instance.aws_route_table_association.pri-sub-4b-with-Pri-rt-b","module.nat_instance.aws_route_table_association.pri-sub-5a-with-pri-rt-b","module.nat_instance.aws_route_table_association.pri-sub-6b-with-pri-rt-b","module.nat_instance.aws_security_group.nat_ec2_sg","module.nat_instance.data.aws_ami.latest_amazon_linux","module.rds.aws_db_instance.panda-database","module.rds.aws_db_subnet_group.db-subnet","module.s3.aws_s3_bucket.panda-bucket","module.s3.aws_s3_object.app_code_upload","module.security-group.aws_security_group.alb_sg","module.security-group.aws_security_group.client_sg","module.security-group.aws_security_group.db_sg","module.security-group.aws_security_group.internal_alb_sg","module.security-group.aws_security_group.server_sg","module.vpc.aws_internet_gateway.internet_gateway","module.vpc.aws_route_table.public_route_table","module.vpc.aws_route_table_association.pub-sub-1a_route_table_association","module.vpc.aws_route_table_association.pub-sub-2-b_route_table_association","module.vpc.aws_subnet.pri_sub_3a","module.vpc.aws_subnet.pri_sub_4b","module.vpc.aws_subnet.pri_sub_5a","module.vpc.aws_subnet.pri_sub_6b","module.vpc.aws_subnet.pri_sub_7a","module.vpc.aws_subnet.pri_sub_8b","module.vpc.aws_subnet.pub_sub_1a","module.vpc.aws_subnet.pub_sub_2b","module.vpc.aws_vpc.vpc","module.vpc.data.aws_availability_zones.available_zones"]},{"address":"module.asg.aws_launch_template.lt_name","mode":"managed","type":"aws_launch_template","name":"lt_name","provider_name":"registry.terraform.io/hashicorp/aws","schema_version":0,"values":{"arn":"arn:aws:ec2:us-east-1:513410254332:launch-template/lt-0ac991b26e6cf1e43","block_device_mappings":[{"device_name":"/dev/xvda","ebs":[{"delete_on_termination":"true","encrypted":"true","iops":0,"kms_key_id":"","snapshot_id":"","throughput":0,"volume_size":8,"volume_type":"standard"}],"no_device":"","virtual_name":""}],"capacity_reservation_specification":[],"cpu_options":[],"credit_specification":[],"default_version":1,"description":"","disable_api_stop":false,"disable_api_termination":false,"ebs_optimized":"","elastic_gpu_specifications":[],"elastic_inference_accelerator":[],"enclave_options":[],"hibernation_options":[],"iam_instance_profile":[{"arn":"","name":"S3-SSM-CW-Profile"}],"id":"lt-0ac991b26e6cf1e43","image_id":"ami-0858e76ce571eb464","instance_initiated_shutdown_behavior":"","instance_market_options":[],"instance_requirements":[],"instance_type":"t4g.micro","kernel_id":"","key_name":"","latest_version":1,"license_specification":[],"maintenance_options":[],"metadata_options":[],"monitoring":[],"name":"three-tier-app-tpl","name_prefix":"","network_interfaces":[{"associate_carrier_ip_address":"","associate_public_ip_address":"false","delete_on_termination":"","description":"","device_index":0,"interface_type":"","ipv4_address_count":0,"ipv4_addresses":[],"ipv4_prefix_count":0,"ipv4_prefixes":[],"ipv6_address_count":0,"ipv6_addresses":[],"ipv6_prefix_count":0,"ipv6_prefixes":[],"network_card_index":0,"network_interface_id":"","private_ip_address":"","security_groups":["sg-06f7dd670a0a78126"],"subnet_id":""}],"placement":[],"private_dns_name_options":[],"ram_disk_id":"","security_group_names":[],"tag_specifications":[{"resource_type":"instance","tags":{"Name":"three-tier-app-client"}}],"tags":{"Name":"three-tier-app-tpl"},"tags_all":{"Name":"three-tier-app-tpl"},"update_default_version":null,"user_data":"IyEvYmluL2Jhc2gKIyA9PT09PT09PT09PT09PT09PT09PT09PT09PT09PT09PT09PT09PT09PQojIENPTU1BTkRTIFRPIFJVTiBJTiBUSEUgV0VCIFNFUlZFUgojID09PT09PT09PT09PT09PT09PT09PT09PT09PT09PT09PT09PT09PT09CgojID09PT09PT09PT09PT09PT09PT09PT09PT09PT09PT09PT09PT09PT09CiMgQ09QWSBXRUItVElFUiBDT0RFIEZST00gUzMKIyA9PT09PT09PT09PT09PT09PT09PT09PT09PT09PT09PT09PT09PT09PQpleGVjID4gPih0ZWUgL3Zhci9sb2cvdXNlci1kYXRhLmxvZykgMj4mMQpzdWRvIC1zdSBlYzItdXNlcgpjZCAvaG9tZS9lYzItdXNlcgoKIyAhISEgSU1QICEhIQojIE1PRElGWSBCRUxPVyBDT0RFIFdJVEggWU9VUiBTMyBCVUNLRVQgTkFNRQpzdWRvIGF3cyBzMyBjcCBzMzovL3BhbmRhLWZpbGVzLWFwcC9hcHBsaWNhdGlvbi1jb2RlL3dlYi10aWVyIHdlYi10aWVyIC0tcmVjdXJzaXZlCnN1ZG8gY2hvd24gLVIgZWMyLXVzZXI6ZWMyLXVzZXIgL2hvbWUvZWMyLXVzZXIKc3VkbyBjaG1vZCAtUiA3NTUgL2hvbWUvZWMyLXVzZXIKCiMgPT09PT09PT09PT09PT09PT09PT09PT09PT09PT09PT09PT09PT09PT0KIyBJTlNUQUxMSU5HIE5PREVKUyAoRk9SIFVTSU5HIFJFQUNUIExJQlJBUlkpCiMgPT09PT09PT09PT09PT09PT09PT09PT09PT09PT09PT09PT09PT09PT0KIyAoUkVGOiBodHRwczovL2RvY3MuYXdzLmFtYXpvbi5jb20vc2RrLWZvci1qYXZhc2NyaXB0L3YyL2RldmVsb3Blci1ndWlkZS9zZXR0aW5nLXVwLW5vZGUtb24tZWMyLWluc3RhbmNlLmh0bWwpCQpzdWRvIHJ1bnVzZXIgLWwgZWMyLXVzZXIgLWMgJwpjdXJsIC1vLSBodHRwczovL3Jhdy5naXRodWJ1c2VyY29udGVudC5jb20vbnZtLXNoL252bS92MC4zOS43L2luc3RhbGwuc2ggfCBiYXNoCnNvdXJjZSB+Ly5iYXNocmMKbnZtIGluc3RhbGwgMTYKbnZtIHVzZSAxNgpjZCAvaG9tZS9lYzItdXNlci93ZWItdGllcgpucG0gaW5zdGFsbApucG0gYXVkaXQgZml4CgojID09PT09PT09PT09PT09PT09PT09PT09PT09PT09PT09PT09PT09PT09CiMgQlVJTERJTkcgVEhFIEFQUCBGT1IgUFJPRFVDVElPTgojID09PT09PT09PT09PT09PT09PT09PT09PT09PT09PT09PT09PT09PT09CiMgQmVsb3cgY29tbWFuZCBpcyB1c2VkIHRvIGJ1aWxkIHRoZSBjb2RlIHdoaWNoIGNhbiBiZSBzZXJ2ZWQgYnkgdGhlIHdlYnNlcnZlciAoTmdpbngpCmNkIC9ob21lL2VjMi11c2VyL3dlYi10aWVyCm5wbSBydW4gYnVpbGQKJwojID09PT09PT09PT09PT09PT09PT09PT09PT09PT09PT09PT09PT09PT09CiMgSU5TVEFMTElORyBOR0lOWCAoV0VCU0VSVkVSKQojID09PT09PT09PT09PT09PT09PT09PT09PT09PT09PT09PT09PT09PT09CiMgKFJFRjogaHR0cHM6Ly9kZXYudG8vMHhmZWRldi9ob3ctdG8taW5zdGFsbC1uZ2lueC1hcy1yZXZlcnNlLXByb3h5LWFuZC1jb25maWd1cmUtY2VydGJvdC1vbi1hbWF6b24tbGludXgtMjAyMy0yY2M5KQojIE5PVEU6IEJlZm9yZSB1c2luZyB0aGUgbmdpbnguY29uZiBmaWxlIGluIGJlbG93IGNvZGUsIGVuc3VyZSB0byBhZGQgdGhlIEludGVybmFsLUxvYWQtQmFsYW5jZXItRE5TIGluIHRoZSBuZ2lueC5jb25mIGZpbGUgJiB1cGxvYWQgaXQgdG8gUzMKCnN1ZG8geXVtIGluc3RhbGwgbmdpbnggLXkJCmNkIC9ldGMvbmdpbngKc3VkbyBtdiBuZ2lueC5jb25mIG5naW54LWJhY2t1cC5jb25mCgojICEhISBJTVAgISEhCiMgTU9ESUZZIEJFTE9XIENPREUgV0lUSCBZT1VSIFMzIEJVQ0tFVCBOQU1FCnN1ZG8gYXdzIHMzIGNwIHMzOi8vcGFuZGEtZmlsZXMtYXBwL2FwcGxpY2F0aW9uLWNvZGUvbmdpbnguY29uZiAuCnN1ZG8gc2VkIC1pICJzLzxZb3VyLUludGVybmFsLUxvYWRCYWxhbmNlci1ETlM+L2ludGVybmFsLXRocmVlLXRpZXItYXBwLWludGVybmFsLWFsYi00NTEwMDg1NjMudXMtZWFzdC0xLmVsYi5hbWF6b25hd3MuY29tL2ciIG5naW54LmNvbmYKCnN1ZG8gY2htb2QgLVIgNzU1IC9ob21lL2VjMi11c2VyCnN1ZG8gc2VydmljZSBuZ2lueCByZXN0YXJ0CnN1ZG8gY2hrY29uZmlnIG5naW54IG9uCgojIEluc3RhbGwgQ2xvdWRXYXRjaCBhZ2VudApzdWRvIHl1bSBpbnN0YWxsIC15IGFtYXpvbi1jbG91ZHdhdGNoLWFnZW50CgojIENyZWF0ZSBDbG91ZFdhdGNoIGFnZW50IGNvbmZpZ3VyYXRpb24Kc3VkbyB0ZWUgL29wdC9hd3MvYW1hem9uLWNsb3Vkd2F0Y2gtYWdlbnQvZXRjL2FtYXpvbi1jbG91ZHdhdGNoLWFnZW50Lmpzb24gPiAvZGV2L251bGwgPDxFT0wKewogICJsb2dzIjogewogICAgImxvZ3NfY29sbGVjdGVkIjogewogICAgICAiZmlsZXMiOiB7CiAgICAgICAgImNvbGxlY3RfbGlzdCI6IFsKICAgICAgICAgewogICAgICAgICAgICAiZmlsZV9wYXRoIjogIi92YXIvbG9nL25naW54L2FjY2Vzcy5sb2ciLAogICAgICAgICAgICAibG9nX2dyb3VwX25hbWUiOiAibmdpbngtbG9ncy1mcm9udGVuZCIsCiAgICAgICAgICAgICJsb2dfc3RyZWFtX25hbWUiOiAie2luc3RhbmNlX2lkfS1uZ2lueC1hY2Nlc3MiLAogICAgICAgICAgICAidGltZXN0YW1wX2Zvcm1hdCI6ICIlYiAlZCAlSDolTTolUyIKICAgICAgICAgIH0sCiAgICAgICAgICB7CiAgICAgICAgICAgICJmaWxlX3BhdGgiOiAiL3Zhci9sb2cvbmdpbngvZXJyb3IubG9nIiwKICAgICAgICAgICAgImxvZ19ncm91cF9uYW1lIjogIm5naW54LWxvZ3MtZnJvbnRlbmQiLAogICAgICAgICAgICAibG9nX3N0cmVhbV9uYW1lIjogIntpbnN0YW5jZV9pZH0tbmdpbngtZXJyb3IiLAogICAgICAgICAgICAidGltZXN0YW1wX2Zvcm1hdCI6ICIlYiAlZCAlSDolTTolUyIKICAgICAgICAgIH0KICAgICAgICAgIAogICAgICAgIF0KICAgICAgfQogICAgfQogIH0KfQpFT0wKCiMgU3RhcnQgQ2xvdWRXYXRjaCBhZ2VudApzdWRvIC9vcHQvYXdzL2FtYXpvbi1jbG91ZHdhdGNoLWFnZW50L2Jpbi9hbWF6b24tY2xvdWR3YXRjaC1hZ2VudC1jdGwgLWEgZmV0Y2gtY29uZmlnIC1tIGVjMiAtYyBmaWxlOi9vcHQvYXdzL2FtYXpvbi1jbG91ZHdhdGNoLWFnZW50L2V0Yy9hbWF6b24tY2xvdWR3YXRjaC1hZ2VudC5qc29uIC1zCgoKCg==","vpc_security_group_ids":[]},"sensitive_values":{"block_device_mappings":[{"ebs":[{}]}],"capacity_reservation_specification":[],"cpu_options":[],"credit_specification":[],"elastic_gpu_specifications":[],"elastic_inference_accelerator":[],"enclave_options":[],"hibernation_options":[],"iam_instance_profile":[{}],"instance_market_options":[],"instance_requirements":[],"license_specification":[],"maintenance_options":[],"metadata_options":[],"monitoring":[],"network_interfaces":[{"ipv4_addresses":[],"ipv4_prefixes":[],"ipv6_addresses":[],"ipv6_prefixes":[],"security_groups":[false]}],"placement":[],"private_dns_name_options":[],"security_group_names":[],"tag_specifications":[{"tags":{}}],"tags":{},"tags_all":{},"vpc_security_group_ids":[]},"depends_on":["module.alb.aws_lb.application_load_balancer","module.alb.aws_lb.internal_application_load_balancer","module.alb.aws_lb_listener.alb_http_listener","module.alb.aws_lb_listener.internal_alb_http_listener","module.alb.aws_lb_target_group.alb_target_group","module.alb.aws_lb_target_group.internal_alb_target_group","module.asg.data.aws_ami.latest_amazon_linux","module.iam_role.aws_flow_log.example_vpc_flow_log","module.iam_role.aws_iam_instance_profile.s3_ssm_cw_profile","module.iam_role.aws_iam_policy.cloudwatch_agent_policy","module.iam_role.aws_iam_role.s3_ssm_CW_role","module.iam_role.aws_iam_role.vpc_flow_logs_role","module.iam_role.aws_iam_role_policy_attachment.cloudwatch_agent_attachment","module.iam_role.aws_iam_role_policy_attachment.s3_readonly_attach","module.iam_role.aws_iam_role_policy_attachment.secret_manager-ReadWrite","module.iam_role.aws_iam_role_policy_attachment.ssm_core_attach","module.iam_role.aws_iam_role_policy_attachment.ssmparameter_read_only","module.iam_role.aws_s3_bucket.vpc_flow_logs_bucket","module.iam_role.aws_s3_bucket_acl.acl","module.iam_role.aws_s3_bucket_ownership_controls.vpc_flow_logs","module.iam_role.aws_s3_bucket_policy.vpc_flow_logs","module.iam_role.aws_s3_bucket_public_access_block.vpc_flow_logs","module.iam_role.aws_s3_bucket_server_side_encryption_configuration.SSE_config","module.iam_role.data.aws_caller_identity.current","module.nat_instance.aws_instance.nat_ec2_instance","module.nat_instance.aws_route_table.pri-rt-a","module.nat_instance.aws_route_table.pri-rt-b","module.nat_instance.aws_route_table_association.pri-sub-3a-with-Pri-rt-a","module.nat_instance.aws_route_table_association.pri-sub-4b-with-Pri-rt-b","module.nat_instance.aws_route_table_association.pri-sub-5a-with-pri-rt-b","module.nat_instance.aws_route_table_association.pri-sub-6b-with-pri-rt-b","module.nat_instance.aws_security_group.nat_ec2_sg","module.nat_instance.data.aws_ami.latest_amazon_linux","module.rds.aws_db_instance.panda-database","module.rds.aws_db_subnet_group.db-subnet","module.s3.aws_s3_bucket.panda-bucket","module.s3.aws_s3_object.app_code_upload","module.security-group.aws_security_group.alb_sg","module.security-group.aws_security_group.client_sg","module.security-group.aws_security_group.db_sg","module.security-group.aws_security_group.internal_alb_sg","module.security-group.aws_security_group.server_sg","module.vpc.aws_internet_gateway.internet_gateway","module.vpc.aws_route_table.public_route_table","module.vpc.aws_route_table_association.pub-sub-1a_route_table_association","module.vpc.aws_route_table_association.pub-sub-2-b_route_table_association","module.vpc.aws_subnet.pri_sub_3a","module.vpc.aws_subnet.pri_sub_4b","module.vpc.aws_subnet.pri_sub_5a","module.vpc.aws_subnet.pri_sub_6b","module.vpc.aws_subnet.pri_sub_7a","module.vpc.aws_subnet.pri_sub_8b","module.vpc.aws_subnet.pub_sub_1a","module.vpc.aws_subnet.pub_sub_2b","module.vpc.aws_vpc.vpc","module.vpc.data.aws_availability_zones.available_zones"]},{"address":"module.asg.aws_launch_template.server_lt_name","mode":"managed","type":"aws_launch_template","name":"server_lt_name","provider_name":"registry.terraform.io/hashicorp/aws","schema_version":0,"values":{"arn":"arn:aws:ec2:us-east-1:513410254332:launch-template/lt-0a13a4c2de77186f8","block_device_mappings":[{"device_name":"/dev/xvda","ebs":[{"delete_on_termination":"true","encrypted":"true","iops":0,"kms_key_id":"","snapshot_id":"","throughput":0,"volume_size":8,"volume_type":"standard"}],"no_device":"","virtual_name":""}],"capacity_reservation_specification":[],"cpu_options":[],"credit_specification":[],"default_version":1,"description":"","disable_api_stop":false,"disable_api_termination":false,"ebs_optimized":"","elastic_gpu_specifications":[],"elastic_inference_accelerator":[],"enclave_options":[],"hibernation_options":[],"iam_instance_profile":[{"arn":"","name":"S3-SSM-CW-Profile"}],"id":"lt-0a13a4c2de77186f8","image_id":"ami-0858e76ce571eb464","instance_initiated_shutdown_behavior":"","instance_market_options":[],"instance_requirements":[],"instance_type":"t4g.micro","kernel_id":"","key_name":"","latest_version":1,"license_specification":[],"maintenance_options":[],"metadata_options":[],"monitoring":[],"name":"three-tier-app-server_tpl","name_prefix":"","network_interfaces":[{"associate_carrier_ip_address":"","associate_public_ip_address":"false","delete_on_termination":"","description":"","device_index":0,"interface_type":"","ipv4_address_count":0,"ipv4_addresses":[],"ipv4_prefix_count":0,"ipv4_prefixes":[],"ipv6_address_count":0,"ipv6_addresses":[],"ipv6_prefix_count":0,"ipv6_prefixes":[],"network_card_index":0,"network_interface_id":"","private_ip_address":"","security_groups":["sg-090125fd0fc8b1f21"],"subnet_id":""}],"placement":[],"private_dns_name_options":[],"ram_disk_id":"","security_group_names":[],"tag_specifications":[{"resource_type":"instance","tags":{"Name":"three-tier-app-server"}}],"tags":{"Name":"three-tier-app-server_tpl"},"tags_all":{"Name":"three-tier-app-server_tpl"},"update_default_version":null,"user_data":"IyEvYmluL2Jhc2gKZXhlYyA+ID4odGVlIC92YXIvbG9nL3VzZXItZGF0YS5sb2cpIDI+JjEKI3NldCAteGUKCiMgPT09PT09PT09PT09PT09PT09PT09PT09PT09PT09PT09PT09PT09PT0KIyBDT01NQU5EUyBUTyBSVU4gSU4gVEhFIEFQUExJQ0FUSU9OIFNFUlZFUgojID09PT09PT09PT09PT09PT09PT09PT09PT09PT09PT09PT09PT09PT09CgojID09PT09PT09PT09PT09PT09PT09PT09PT09PT09PT09PT09PT09CiMgSU5TVEFMTElORyBNWVNRTCBJTiBBTUFaT04gTElOVVggMjAyMwojID09PT09PT09PT09PT09PT09PT09PT09PT09PT09PT09PT09PT09CiMgKFJFRjogaHR0cHM6Ly9kZXYudG8vYXdzLWJ1aWxkZXJzL2luc3RhbGxpbmctbXlzcWwtb24tYW1hem9uLWxpbnV4LTIwMjMtMTUxMikKCgoKc3VkbyAtc3UgZWMyLXVzZXIKCiMgQ09QWSBBUFAgQ09ERQpjZCAvaG9tZS9lYzItdXNlcgphd3MgczMgY3AgczM6Ly9wYW5kYS1maWxlcy1hcHAvYXBwbGljYXRpb24tY29kZS9hcHAtdGllciBhcHAtdGllciAtLXJlY3Vyc2l2ZQoKZWNobyAiPT09PT09PT09PSBQcmVwYXJpbmcgU1FMIHNjaGVtYSA9PT09PT09PT09IgpjcCBhcHAtdGllci9hcHBkYi5zcWwgL3RtcC9hcHBkYi5zcWwKCgpzdWRvIHdnZXQgaHR0cHM6Ly9kZXYubXlzcWwuY29tL2dldC9teXNxbDgwLWNvbW11bml0eS1yZWxlYXNlLWVsOS0xLm5vYXJjaC5ycG0Kc3VkbyBkbmYgaW5zdGFsbCBteXNxbDgwLWNvbW11bml0eS1yZWxlYXNlLWVsOS0xLm5vYXJjaC5ycG0gLXkKc3VkbyBycG0gLS1pbXBvcnQgaHR0cHM6Ly9yZXBvLm15c3FsLmNvbS9SUE0tR1BHLUtFWS1teXNxbC0yMDIzCnN1ZG8gZG5mIGluc3RhbGwgbXlzcWwtY29tbXVuaXR5LWNsaWVudCAteQpteXNxbCAtLXZlcnNpb24KCiMgVE8gVEVTVCBDT05ORUNUSU9OIEJFVFdFRU4gQVBQLVNFUlZFUiAmIERBVEFCQVNFIFNFUlZFUgojIG15c3FsIC1oICJwYW5kYS1kZXYtZGIuY3c1YzR1dW13OWg1LnVzLWVhc3QtMS5yZHMuYW1hem9uYXdzLmNvbSIgXAojICAgICAgIC11ICJhZG1pbl8zX3RpZXIiIFwKIyAgICAgICAtcCJBc2QxLUNhUFEyMiIgPDxFT0YKIyBDUkVBVEUgREFUQUJBU0UgSUYgTk9UIEVYSVNUUyByZWFjdF9ub2RlX2FwcDsKIyBTSE9XIERBVEFCQVNFUzsKIyBVU0UgcmVhY3Rfbm9kZV9hcHA7CiMgQ1JFQVRFIFRBQkxFIElGIE5PVCBFWElTVFMgdHJhbnNhY3Rpb25zKGlkIElOVCBOT1QgTlVMTAojIEFVVE9fSU5DUkVNRU5ULCBhbW91bnQgREVDSU1BTCgxMCwyKSwgZGVzY3JpcHRpb24KIyBWQVJDSEFSKDEwMCksIFBSSU1BUlkgS0VZKGlkKSk7ICAgIAojIFNIT1cgVEFCTEVTOyAgICAKIyBJTlNFUlQgSU5UTyB0cmFuc2FjdGlvbnMgKGFtb3VudCxkZXNjcmlwdGlvbikgVkFMVUVTICgnNDAwJywnZ3JvY2VyaWVzJyk7ICAgCiMgU0VMRUNUICogRlJPTSB0cmFuc2FjdGlvbnM7CiMgRU9GCgoKIyBUTyBURVNUIENPTk5FQ1RJT04gQkVUV0VFTiBBUFAtU0VSVkVSICYgREFUQUJBU0UgU0VSVkVSIGFuZCBpbnN0ZXJ0IGRhdGFiYXNlIHNjaGVtYQoKbXlzcWwgLWggInBhbmRhLWRldi1kYi5jdzVjNHV1bXc5aDUudXMtZWFzdC0xLnJkcy5hbWF6b25hd3MuY29tIiBcCiAgICAgIC11ICJhZG1pbl8zX3RpZXIiIFwKICAgICAgLXAiQXNkMS1DYVBRMjIiIDwgL3RtcC9hcHBkYi5zcWwKCgojPT09PT09PT09PT09PT09PT09PT09PT09PT09PT09PQojIENPUFlJTkcgQ09OVEVOVCBGUk9NIFMzIEJVQ0tFVAojPT09PT09PT09PT09PT09PT09PT09PT09PT09PT09PQojICEhISBJTVAgISEhCiMgTU9ESUZZIEJFTE9XIENPREUgV0lUSCBZT1VSIFMzIEJVQ0tFVCBOQU1FCiMgIyBDT1BZIEFQUCBDT0RFCiMgY2QgL2hvbWUvZWMyLXVzZXIKIyBhd3MgczMgY3AgczM6Ly9wYW5kYS1maWxlcy1hcHAvYXBwbGljYXRpb24tY29kZS9hcHAtdGllciBhcHAtdGllciAtLXJlY3Vyc2l2ZQojIG9yCiMgc3VkbyB5dW0gaW5zdGFsbCBnaXQgLXkKIyBnaXQgY2xvbmUgaHR0cHM6Ly9naXRodWIuY29tL3BhbmRhY2xvdWQxL0FXU19Qcm9qZWN0MS5naXQgYXBwbGljYXRpb24tY29kZQoKIyBzdWRvIHNlZCAtaSAicy9EQl9IT1NUIDogJycvREJfSE9TVCA6IFwicGFuZGEtZGV2LWRiLmN3NWM0dXVtdzloNS51cy1lYXN0LTEucmRzLmFtYXpvbmF3cy5jb21cIi8iIGFwcC10aWVyL0RiQ29uZmlnLmpzCiMgc3VkbyBzZWQgLWkgInMvREJfVVNFUiA6ICcnL0RCX1VTRVIgOiBcImFkbWluXzNfdGllclwiLyIgYXBwLXRpZXIvRGJDb25maWcuanMKIyBzdWRvIHNlZCAtaSAicy9EQl9QV0QgIDogJycvREJfUFdEICA6IFwiQXNkMS1DYVBRMjJcIi8iIGFwcC10aWVyL0RiQ29uZmlnLmpzCiMgc3VkbyBzZWQgLWkgInMvREJfREFUQUJBU0UgOiAnJy9EQl9EQVRBQkFTRSA6IFwicmVhY3Rfbm9kZV9hcHBcIi8iIGFwcC10aWVyL0RiQ29uZmlnLmpzCgoKc3VkbyBzZWQgLWkgInMvPHNlY3JldC1uYW1lPi90aHJlZS10aWVyLWFwcC1zZWNyZXQvZyIgYXBwLXRpZXIvRGJDb25maWcuanMKc3VkbyBzZWQgLWkgInMvPHJlZ2lvbj4vdXMtZWFzdC0xL2ciIGFwcC10aWVyL0RiQ29uZmlnLmpzCgpjaG93biAtUiBlYzItdXNlcjplYzItdXNlciAvaG9tZS9lYzItdXNlci9hcHAtdGllcgpjaG1vZCAtUiA3NTUgL2hvbWUvZWMyLXVzZXIvYXBwLXRpZXIKCiM9PT09PT09PT09PT09PT09PT09PT09PT09PT09PT09CiMgSU5TVEFMTElORyBOT0RFSlMKIz09PT09PT09PT09PT09PT09PT09PT09PT09PT09PT0KIyAoUkVGOiBodHRwczovL2RvY3MuYXdzLmFtYXpvbi5jb20vc2RrLWZvci1qYXZhc2NyaXB0L3YyL2RldmVsb3Blci1ndWlkZS9zZXR0aW5nLXVwLW5vZGUtb24tZWMyLWluc3RhbmNlLmh0bWwpCgojIFJVTiBOVk0vTm9kZS9QTTIgQVMgZWMyLXVzZXIKc3VkbyBydW51c2VyIC1sIGVjMi11c2VyIC1jICcKIyBzZXQgLXhlCmV4cG9ydCBIT01FPS9ob21lL2VjMi11c2VyCmV4cG9ydCBOVk1fRElSPSIkSE9NRS8ubnZtIgoKIyBJbnN0YWxsIE5WTQpjdXJsIC1vLSBodHRwczovL3Jhdy5naXRodWJ1c2VyY29udGVudC5jb20vbnZtLXNoL252bS92MC4zOS43L2luc3RhbGwuc2ggfCBiYXNoCgojIExvYWQgTlZNClsgLXMgIiROVk1fRElSL252bS5zaCIgXSAmJiBcLiAiJE5WTV9ESVIvbnZtLnNoIgoKIyBJbnN0YWxsIE5vZGUuanMgMTYgYW5kIHNldCBkZWZhdWx0Cm52bSBpbnN0YWxsIDE2Cm52bSBhbGlhcyBkZWZhdWx0IDE2Cm52bSB1c2UgMTYKCiMgSW5zdGFsbCBkZXBlbmRlbmNpZXMgYW5kIFBNMgpucG0gaW5zdGFsbCAtZyBwbTIKY2QgL2hvbWUvZWMyLXVzZXIvYXBwLXRpZXIKbnBtIGluc3RhbGwKbnBtIGF1ZGl0IGZpeCB8fCB0cnVlCgojPT09PT09PT09PT09PT09PT09PT09PT09PT09PT09PQojIFNUQVJUSU5HIElOREVYLkpTIEZJTEUKIz09PT09PT09PT09PT09PT09PT09PT09PT09PT09PT0KIyBTdGFydCBhcHAgd2l0aCBQTTIKcG0yIHN0YXJ0IGluZGV4LmpzCnBtMiBzdGFydHVwIHN5c3RlbWQgLXUgZWMyLXVzZXIgLS1ocCAvaG9tZS9lYzItdXNlcgonCnN1ZG8gZW52IFBBVEg9JFBBVEg6L2hvbWUvZWMyLXVzZXIvLm52bS92ZXJzaW9ucy9ub2RlL3YxNi4yMC4yL2JpbiAvaG9tZS9lYzItdXNlci8ubnZtL3ZlcnNpb25zL25vZGUvdjE2LjIwLjIvbGliL25vZGVfbW9kdWxlcy9wbTIvYmluL3BtMiBzdGFydHVwIHN5c3RlbWQgLXUgZWMyLXVzZXIgLS1ocCAvaG9tZS9lYzItdXNlcgpzdWRvIHJ1bnVzZXIgLWwgZWMyLXVzZXIgLWMgJ3BtMiBzYXZlJwoKIyBIRUFMVEggQ0hFQ0sKY3VybCAtZiBodHRwOi8vbG9jYWxob3N0OjQwMDAvaGVhbHRoIHx8IGVjaG8gIkhlYWx0aCBjaGVjayBmYWlsZWQiCgojIEluc3RhbGwgQ2xvdWRXYXRjaCBhZ2VudApzdWRvIHl1bSBpbnN0YWxsIC15IGFtYXpvbi1jbG91ZHdhdGNoLWFnZW50CmV4cG9ydCBMT0dfRElSPSIvaG9tZS9lYzItdXNlci8ucG0yL2xvZ3MiCiMgQ3JlYXRlIENsb3VkV2F0Y2ggYWdlbnQgY29uZmlndXJhdGlvbgpzdWRvIHRlZSAvb3B0L2F3cy9hbWF6b24tY2xvdWR3YXRjaC1hZ2VudC9ldGMvYW1hem9uLWNsb3Vkd2F0Y2gtYWdlbnQuanNvbiA+IC9kZXYvbnVsbCA8PEVPTAp7CiAgImxvZ3MiOiB7CiAgICAibG9nc19jb2xsZWN0ZWQiOiB7CiAgICAgICJmaWxlcyI6IHsKICAgICAgICAiY29sbGVjdF9saXN0IjogWwogICAgICAgICAgewogICAgICAgICAgICAiZmlsZV9wYXRoIjogIiRMT0dfRElSL2luZGV4LW91dC5sb2ciLAogICAgICAgICAgICAibG9nX2dyb3VwX25hbWUiOiAibm9kZS1hcHAtbG9ncy1iYWNrZW5kIiwKICAgICAgICAgICAgImxvZ19zdHJlYW1fbmFtZSI6ICJ7aW5zdGFuY2VfaWR9LWluZGV4LW91dC1sb2ciLAogICAgICAgICAgICAidGltZXN0YW1wX2Zvcm1hdCI6ICIlWS0lbS0lZCAlSDolTTolUyIKICAgICAgICAgIH0sCiAgICAgICAgICB7CiAgICAgICAgICAgICJmaWxlX3BhdGgiOiAiJExPR19ESVIvaW5kZXgtZXJyb3IubG9nIiwKICAgICAgICAgICAgImxvZ19ncm91cF9uYW1lIjogIm5vZGUtYXBwLWxvZ3MtYmFja2VuZCIsCiAgICAgICAgICAgICJsb2dfc3RyZWFtX25hbWUiOiAie2luc3RhbmNlX2lkfS1pbmRleC1lcnJvci1sb2ciLAogICAgICAgICAgICAidGltZXN0YW1wX2Zvcm1hdCI6ICIlWS0lbS0lZCAlSDolTTolUyIKICAgICAgICAgIH0KICAgICAgICBdCiAgICAgIH0KICAgIH0KICB9Cn0KRU9MCgojIFN0YXJ0IENsb3VkV2F0Y2ggYWdlbnQKc3VkbyAvb3B0L2F3cy9hbWF6b24tY2xvdWR3YXRjaC1hZ2VudC9iaW4vYW1hem9uLWNsb3Vkd2F0Y2gtYWdlbnQtY3RsIC1hIGZldGNoLWNvbmZpZyAtbSBlYzIgLWMgZmlsZTovb3B0L2F3cy9hbWF6b24tY2xvdWR3YXRjaC1hZ2VudC9ldGMvYW1hem9uLWNsb3Vkd2F0Y2gtYWdlbnQuanNvbiAtcwoKCgojL2V0Yy9zeXN0ZW1kL3N5c3RlbS9wbTItZWMyLXVzZXIuc2VydmljZS4K","vpc_security_group_ids":[]},"sensitive_values":{"block_device_mappings":[{"ebs":[{}]}],"capacity_reservation_specification":[],"cpu_options":[],"credit_specification":[],"elastic_gpu_specifications":[],"elastic_inference_accelerator":[],"enclave_options":[],"hibernation_options":[],"iam_instance_profile":[{}],"instance_market_options":[],"instance_requirements":[],"license_specification":[],"maintenance_options":[],"metadata_options":[],"monitoring":[],"network_interfaces":[{"ipv4_addresses":[],"ipv4_prefixes":[],"ipv6_addresses":[],"ipv6_prefixes":[],"security_groups":[false]}],"placement":[],"private_dns_name_options":[],"security_group_names":[],"tag_specifications":[{"tags":{}}],"tags":{},"tags_all":{},"vpc_security_group_ids":[]},"depends_on":["module.alb.aws_lb.application_load_balancer","module.alb.aws_lb.internal_application_load_balancer","module.alb.aws_lb_listener.alb_http_listener","module.alb.aws_lb_listener.internal_alb_http_listener","module.alb.aws_lb_target_group.alb_target_group","module.alb.aws_lb_target_group.internal_alb_target_group","module.asg.data.aws_ami.latest_amazon_linux","module.aws_secret.aws_secretsmanager_secret.db_secret","module.iam_role.aws_flow_log.example_vpc_flow_log","module.iam_role.aws_iam_instance_profile.s3_ssm_cw_profile","module.iam_role.aws_iam_policy.cloudwatch_agent_policy","module.iam_role.aws_iam_role.s3_ssm_CW_role","module.iam_role.aws_iam_role.vpc_flow_logs_role","module.iam_role.aws_iam_role_policy_attachment.cloudwatch_agent_attachment","module.iam_role.aws_iam_role_policy_attachment.s3_readonly_attach","module.iam_role.aws_iam_role_policy_attachment.secret_manager-ReadWrite","module.iam_role.aws_iam_role_policy_attachment.ssm_core_attach","module.iam_role.aws_iam_role_policy_attachment.ssmparameter_read_only","module.iam_role.aws_s3_bucket.vpc_flow_logs_bucket","module.iam_role.aws_s3_bucket_acl.acl","module.iam_role.aws_s3_bucket_ownership_controls.vpc_flow_logs","module.iam_role.aws_s3_bucket_policy.vpc_flow_logs","module.iam_role.aws_s3_bucket_public_access_block.vpc_flow_logs","module.iam_role.aws_s3_bucket_server_side_encryption_configuration.SSE_config","module.iam_role.data.aws_caller_identity.current","module.nat_instance.aws_instance.nat_ec2_instance","module.nat_instance.aws_route_table.pri-rt-a","module.nat_instance.aws_route_table.pri-rt-b","module.nat_instance.aws_route_table_association.pri-sub-3a-with-Pri-rt-a","module.nat_instance.aws_route_table_association.pri-sub-4b-with-Pri-rt-b","module.nat_instance.aws_route_table_association.pri-sub-5a-with-pri-rt-b","module.nat_instance.aws_route_table_association.pri-sub-6b-with-pri-rt-b","module.nat_instance.aws_security_group.nat_ec2_sg","module.nat_instance.data.aws_ami.latest_amazon_linux","module.rds.aws_db_instance.panda-database","module.rds.aws_db_subnet_group.db-subnet","module.s3.aws_s3_bucket.panda-bucket","module.s3.aws_s3_object.app_code_upload","module.security-group.aws_security_group.alb_sg","module.security-group.aws_security_group.client_sg","module.security-group.aws_security_group.db_sg","module.security-group.aws_security_group.internal_alb_sg","module.security-group.aws_security_group.server_sg","module.vpc.aws_internet_gateway.internet_gateway","module.vpc.aws_route_table.public_route_table","module.vpc.aws_route_table_association.pub-sub-1a_route_table_association","module.vpc.aws_route_table_association.pub-sub-2-b_route_table_association","module.vpc.aws_subnet.pri_sub_3a","module.vpc.aws_subnet.pri_sub_4b","module.vpc.aws_subnet.pri_sub_5a","module.vpc.aws_subnet.pri_sub_6b","module.vpc.aws_subnet.pri_sub_7a","module.vpc.aws_subnet.pri_sub_8b","module.vpc.aws_subnet.pub_sub_1a","module.vpc.aws_subnet.pub_sub_2b","module.vpc.aws_vpc.vpc","module.vpc.data.aws_availability_zones.available_zones"]}],"address":"module.asg"},{"resources":[{"address":"module.aws_secret.aws_secretsmanager_secret.db_secret","mode":"managed","type":"aws_secretsmanager_secret","name":"db_secret","provider_name":"registry.terraform.io/hashicorp/aws","schema_version":0,"values":{"arn":"arn:aws:secretsmanager:us-east-1:513410254332:secret:three-tier-app-secret-0rVkQW","description":"Database credentials for my application","force_overwrite_replica_secret":false,"id":"arn:aws:secretsmanager:us-east-1:513410254332:secret:three-tier-app-secret-0rVkQW","kms_key_id":"","name":"three-tier-app-secret","name_prefix":"","policy":"","recovery_window_in_days":0,"replica":[],"rotation_enabled":false,"rotation_lambda_arn":"","rotation_rules":[],"tags":{"Name":"three-tier-app-secret"},"tags_all":{"Name":"three-tier-app-secret"}},"sensitive_values":{"replica":[],"rotation_rules":[],"tags":{},"tags_all":{}}},{"address":"module.aws_secret.aws_secretsmanager_secret_version.db_secret_version","mode":"managed","type":"aws_secretsmanager_secret_version","name":"db_secret_version","provider_name":"registry.terraform.io/hashicorp/aws","schema_version":0,"values":{"arn":"arn:aws:secretsmanager:us-east-1:513410254332:secret:three-tier-app-secret-0rVkQW","id":"arn:aws:secretsmanager:us-east-1:513410254332:secret:three-tier-app-secret-0rVkQW|BC701E35-7D41-4EE7-8AC0-4F0EFFDFE820","secret_binary":"","secret_id":"arn:aws:secretsmanager:us-east-1:513410254332:secret:three-tier-app-secret-0rVkQW","secret_string":"{\"DB_HOST\":\"panda-dev-db.cw5c4uumw9h5.us-east-1.rds.amazonaws.com\",\"DB_NAME\":\"react_node_app\",\"DB_PASSWORD\":\"Asd1-CaPQ22\",\"DB_USERNAME\":\"admin_3_tier\"}","version_id":"BC701E35-7D41-4EE7-8AC0-4F0EFFDFE820","version_stages":["AWSCURRENT"]},"sensitive_values":{"secret_binary":true,"secret_string":true,"version_stages":[false]},"depends_on":["module.aws_secret.aws_secretsmanager_secret.db_secret","module.rds.aws_db_instance.panda-database","module.rds.aws_db_subnet_group.db-subnet","module.security-group.aws_security_group.alb_sg","module.security-group.aws_security_group.client_sg","module.security-group.aws_security_group.db_sg","module.security-group.aws_security_group.internal_alb_sg","module.security-group.aws_security_group.server_sg","module.vpc.aws_internet_gateway.internet_gateway","module.vpc.aws_route_table.public_route_table","module.vpc.aws_route_table_association.pub-sub-1a_route_table_association","module.vpc.aws_route_table_association.pub-sub-2-b_route_table_association","module.vpc.aws_subnet.pri_sub_3a","module.vpc.aws_subnet.pri_sub_4b","module.vpc.aws_subnet.pri_sub_5a","module.vpc.aws_subnet.pri_sub_6b","module.vpc.aws_subnet.pri_sub_7a","module.vpc.aws_subnet.pri_sub_8b","module.vpc.aws_subnet.pub_sub_1a","module.vpc.aws_subnet.pub_sub_2b","module.vpc.aws_vpc.vpc","module.vpc.data.aws_availability_zones.available_zones"]},{"address":"module.aws_secret.aws_ssm_parameter.db_host","mode":"managed","type":"aws_ssm_parameter","name":"db_host","provider_name":"registry.terraform.io/hashicorp/aws","schema_version":0,"values":{"allowed_pattern":"","arn":"arn:aws:ssm:us-east-1:513410254332:parameter/DB_HOST","data_type":"text","description":"database dns address","id":"DB_HOST","insecure_value":null,"key_id":"","name":"DB_HOST","overwrite":null,"tags":{"environment":"dev"},"tags_all":{"environment":"dev"},"tier":"Standard","type":"String","value":"panda-dev-db.cw5c4uumw9h5.us-east-1.rds.amazonaws.com","version":1},"sensitive_values":{"tags":{},"tags_all":{},"value":true},"depends_on":["module.rds.aws_db_instance.panda-database","module.rds.aws_db_subnet_group.db-subnet","module.security-group.aws_security_group.alb_sg","module.security-group.aws_security_group.client_sg","module.security-group.aws_security_group.db_sg","module.security-group.aws_security_group.internal_alb_sg","module.security-group.aws_security_group.server_sg","module.vpc.aws_internet_gateway.internet_gateway","module.vpc.aws_route_table.public_route_table","module.vpc.aws_route_table_association.pub-sub-1a_route_table_association","module.vpc.aws_route_table_association.pub-sub-2-b_route_table_association","module.vpc.aws_subnet.pri_sub_3a","module.vpc.aws_subnet.pri_sub_4b","module.vpc.aws_subnet.pri_sub_5a","module.vpc.aws_subnet.pri_sub_6b","module.vpc.aws_subnet.pri_sub_7a","module.vpc.aws_subnet.pri_sub_8b","module.vpc.aws_subnet.pub_sub_1a","module.vpc.aws_subnet.pub_sub_2b","module.vpc.aws_vpc.vpc","module.vpc.data.aws_availability_zones.available_zones"]},{"address":"module.aws_secret.aws_ssm_parameter.db_name","mode":"managed","type":"aws_ssm_parameter","name":"db_name","provider_name":"registry.terraform.io/hashicorp/aws","schema_version":0,"values":{"allowed_pattern":"","arn":"arn:aws:ssm:us-east-1:513410254332:parameter/DB_NAME","data_type":"text","description":"database name","id":"DB_NAME","insecure_value":null,"key_id":"","name":"DB_NAME","overwrite":null,"tags":{"environment":"dev"},"tags_all":{"environment":"dev"},"tier":"Standard","type":"String","value":"react_node_app","version":1},"sensitive_values":{"tags":{},"tags_all":{},"value":true}},{"address":"module.aws_secret.aws_ssm_parameter.db_password","mode":"managed","type":"aws_ssm_parameter","name":"db_password","provider_name":"registry.terraform.io/hashicorp/aws","schema_version":0,"values":{"allowed_pattern":"","arn":"arn:aws:ssm:us-east-1:513410254332:parameter/DB_PASSWORD","data_type":"text","description":"database password","id":"DB_PASSWORD","insecure_value":null,"key_id":"alias/aws/ssm","name":"DB_PASSWORD","overwrite":null,"tags":{"environment":"dev"},"tags_all":{"environment":"dev"},"tier":"Standard","type":"SecureString","value":"Asd1-CaPQ22","version":1},"sensitive_values":{"tags":{},"tags_all":{},"value":true}},{"address":"module.aws_secret.aws_ssm_parameter.db_username","mode":"managed","type":"aws_ssm_parameter","name":"db_username","provider_name":"registry.terraform.io/hashicorp/aws","schema_version":0,"values":{"allowed_pattern":"","arn":"arn:aws:ssm:us-east-1:513410254332:parameter/DB_USERNAME","data_type":"text","description":"database username","id":"DB_USERNAME","insecure_value":null,"key_id":"","name":"DB_USERNAME","overwrite":null,"tags":{"environment":"dev"},"tags_all":{"environment":"dev"},"tier":"Standard","type":"String","value":"admin_3_tier","version":1},"sensitive_values":{"tags":{},"tags_all":{},"value":true}}],"address":"module.aws_secret"},{"resources":[{"address":"module.cloudfront.aws_cloudfront_distribution.my_distribution","mode":"managed","type":"aws_cloudfront_distribution","name":"my_distribution","provider_name":"registry.terraform.io/hashicorp/aws","schema_version":1,"values":{"aliases":["www.devsandbox.space"],"arn":"arn:aws:cloudfront::513410254332:distribution/E3P78MJZOEIZ0F","caller_reference":"terraform-20251023125843853800000005","comment":null,"custom_error_response":[],"default_cache_behavior":[{"allowed_methods":["DELETE","GET","HEAD","OPTIONS","PATCH","POST","PUT"],"cache_policy_id":"","cached_methods":["GET","HEAD","OPTIONS"],"compress":false,"default_ttl":0,"field_level_encryption_id":"","forwarded_values":[{"cookies":[{"forward":"all","whitelisted_names":[]}],"headers":["host"],"query_string":true,"query_string_cache_keys":[]}],"function_association":[],"lambda_function_association":[],"max_ttl":0,"min_ttl":0,"origin_request_policy_id":"","realtime_log_config_arn":"","response_headers_policy_id":"","smooth_streaming":false,"target_origin_id":"three-tier-app-alb-1573992113.us-east-1.elb.amazonaws.com","trusted_key_groups":[],"trusted_signers":[],"viewer_protocol_policy":"redirect-to-https"}],"default_root_object":"","domain_name":"d13rolzhpu3gtp.cloudfront.net","enabled":true,"etag":"E14HTSM37YYLDI","hosted_zone_id":"Z2FDTNDATAQYW2","http_version":"http2","id":"E3P78MJZOEIZ0F","in_progress_validation_batches":0,"is_ipv6_enabled":false,"last_modified_time":"2025-10-23 12:58:45.781 +0000 UTC","logging_config":[],"ordered_cache_behavior":[],"origin":[{"connection_attempts":3,"connection_timeout":10,"custom_header":[],"custom_origin_config":[{"http_port":80,"https_port":443,"origin_keepalive_timeout":5,"origin_protocol_policy":"http-only","origin_read_timeout":30,"origin_ssl_protocols":["TLSv1.2"]}],"domain_name":"three-tier-app-alb-1573992113.us-east-1.elb.amazonaws.com","origin_access_control_id":"","origin_id":"three-tier-app-alb-1573992113.us-east-1.elb.amazonaws.com","origin_path":"","origin_shield":[],"s3_origin_config":[]}],"origin_group":[],"price_class":"PriceClass_All","restrictions":[{"geo_restriction":[{"locations":[],"restriction_type":"none"}]}],"retain_on_delete":false,"status":"Deployed","tags":{"Name":"three-tier-app"},"tags_all":{"Name":"three-tier-app"},"trusted_key_groups":[{"enabled":false,"items":[]}],"trusted_signers":[{"enabled":false,"items":[]}],"viewer_certificate":[{"acm_certificate_arn":"arn:aws:acm:us-east-1:513410254332:certificate/43ac9a5a-1c1c-4e1c-807d-17318e3329eb","cloudfront_default_certificate":false,"iam_certificate_id":"","minimum_protocol_version":"TLSv1.2_2018","ssl_support_method":"sni-only"}],"wait_for_deployment":true,"web_acl_id":""},"sensitive_values":{"aliases":[false],"custom_error_response":[],"default_cache_behavior":[{"allowed_methods":[false,false,false,false,false,false,false],"cached_methods":[false,false,false],"forwarded_values":[{"cookies":[{"whitelisted_names":[]}],"headers":[false],"query_string_cache_keys":[]}],"function_association":[],"lambda_function_association":[],"trusted_key_groups":[],"trusted_signers":[]}],"logging_config":[],"ordered_cache_behavior":[],"origin":[{"custom_header":[],"custom_origin_config":[{"origin_ssl_protocols":[false]}],"origin_shield":[],"s3_origin_config":[]}],"origin_group":[],"restrictions":[{"geo_restriction":[{"locations":[]}]}],"tags":{},"tags_all":{},"trusted_key_groups":[{"items":[]}],"trusted_signers":[{"items":[]}],"viewer_certificate":[{}]},"depends_on":["module.alb.aws_lb.application_load_balancer","module.alb.aws_lb.internal_application_load_balancer","module.alb.aws_lb_listener.alb_http_listener","module.alb.aws_lb_listener.internal_alb_http_listener","module.alb.aws_lb_target_group.alb_target_group","module.alb.aws_lb_target_group.internal_alb_target_group","module.asg.aws_autoscaling_group.asg_name","module.asg.aws_autoscaling_group.server_asg_name","module.asg.aws_autoscaling_policy.scale_down","module.asg.aws_autoscaling_policy.scale_up","module.asg.aws_autoscaling_policy.server_scale_down","module.asg.aws_autoscaling_policy.server_scale_up","module.asg.aws_cloudwatch_metric_alarm.scale_down_alarm","module.asg.aws_cloudwatch_metric_alarm.scale_up_alarm","module.asg.aws_cloudwatch_metric_alarm.server_scale_down_alarm","module.asg.aws_cloudwatch_metric_alarm.server_scale_up_alarm","module.asg.aws_launch_template.lt_name","module.asg.aws_launch_template.server_lt_name","module.asg.data.aws_ami.latest_amazon_linux","module.aws_secret.aws_secretsmanager_secret.db_secret","module.cloudfront.data.aws_acm_certificate.issued","module.iam_role.aws_flow_log.example_vpc_flow_log","module.iam_role.aws_iam_instance_profile.s3_ssm_cw_profile","module.iam_role.aws_iam_policy.cloudwatch_agent_policy","module.iam_role.aws_iam_role.s3_ssm_CW_role","module.iam_role.aws_iam_role.vpc_flow_logs_role","module.iam_role.aws_iam_role_policy_attachment.cloudwatch_agent_attachment","module.iam_role.aws_iam_role_policy_attachment.s3_readonly_attach","module.iam_role.aws_iam_role_policy_attachment.secret_manager-ReadWrite","module.iam_role.aws_iam_role_policy_attachment.ssm_core_attach","module.iam_role.aws_iam_role_policy_attachment.ssmparameter_read_only","module.iam_role.aws_s3_bucket.vpc_flow_logs_bucket","module.iam_role.aws_s3_bucket_acl.acl","module.iam_role.aws_s3_bucket_ownership_controls.vpc_flow_logs","module.iam_role.aws_s3_bucket_policy.vpc_flow_logs","module.iam_role.aws_s3_bucket_public_access_block.vpc_flow_logs","module.iam_role.aws_s3_bucket_server_side_encryption_configuration.SSE_config","module.iam_role.data.aws_caller_identity.current","module.nat_instance.aws_instance.nat_ec2_instance","module.nat_instance.aws_route_table.pri-rt-a","module.nat_instance.aws_route_table.pri-rt-b","module.nat_instance.aws_route_table_association.pri-sub-3a-with-Pri-rt-a","module.nat_instance.aws_route_table_association.pri-sub-4b-with-Pri-rt-b","module.nat_instance.aws_route_table_association.pri-sub-5a-with-pri-rt-b","module.nat_instance.aws_route_table_association.pri-sub-6b-with-pri-rt-b","module.nat_instance.aws_security_group.nat_ec2_sg","module.nat_instance.data.aws_ami.latest_amazon_linux","module.rds.aws_db_instance.panda-database","module.rds.aws_db_subnet_group.db-subnet","module.s3.aws_s3_bucket.panda-bucket","module.s3.aws_s3_object.app_code_upload","module.security-group.aws_security_group.alb_sg","module.security-group.aws_security_group.client_sg","module.security-group.aws_security_group.db_sg","module.security-group.aws_security_group.internal_alb_sg","module.security-group.aws_security_group.server_sg","module.vpc.aws_internet_gateway.internet_gateway","module.vpc.aws_route_table.public_route_table","module.vpc.aws_route_table_association.pub-sub-1a_route_table_association","module.vpc.aws_route_table_association.pub-sub-2-b_route_table_association","module.vpc.aws_subnet.pri_sub_3a","module.vpc.aws_subnet.pri_sub_4b","module.vpc.aws_subnet.pri_sub_5a","module.vpc.aws_subnet.pri_sub_6b","module.vpc.aws_subnet.pri_sub_7a","module.vpc.aws_subnet.pri_sub_8b","module.vpc.aws_subnet.pub_sub_1a","module.vpc.aws_subnet.pub_sub_2b","module.vpc.aws_vpc.vpc","module.vpc.data.aws_availability_zones.available_zones"]}],"address":"module.cloudfront"},{"resources":[{"address":"module.iam_role.data.aws_caller_identity.current","mode":"data","type":"aws_caller_identity","name":"current","provider_name":"registry.terraform.io/hashicorp/aws","schema_version":0,"values":{"account_id":"513410254332","arn":"arn:aws:iam::513410254332:user/Arsalan13IAM","id":"513410254332","user_id":"AIDAXPCNCYX6MQQRXCZTT"},"sensitive_values":{}},{"address":"module.iam_role.aws_flow_log.example_vpc_flow_log","mode":"managed","type":"aws_flow_log","name":"example_vpc_flow_log","provider_name":"registry.terraform.io/hashicorp/aws","schema_version":0,"values":{"arn":"arn:aws:ec2:us-east-1:513410254332:vpc-flow-log/fl-0e8e47b9060a53326","deliver_cross_account_role":"","destination_options":[{"file_format":"plain-text","hive_compatible_partitions":false,"per_hour_partition":false}],"eni_id":null,"iam_role_arn":"","id":"fl-0e8e47b9060a53326","log_destination":"arn:aws:s3:::vpc-flow-log-s3-bucket-panda","log_destination_type":"s3","log_format":"${version} ${account-id} ${interface-id} ${srcaddr} ${dstaddr} ${srcport} ${dstport} ${protocol} ${packets} ${bytes} ${start} ${end} ${action} ${log-status}","log_group_name":"","max_aggregation_interval":600,"subnet_id":null,"tags":{},"tags_all":{},"traffic_type":"ALL","transit_gateway_attachment_id":null,"transit_gateway_id":null,"vpc_id":"vpc-0ed9c7463763df965"},"sensitive_values":{"destination_options":[{}],"tags":{},"tags_all":{}},"depends_on":["module.iam_role.aws_s3_bucket.vpc_flow_logs_bucket","module.vpc.aws_vpc.vpc"]},{"address":"module.iam_role.aws_iam_instance_profile.s3_ssm_cw_profile","mode":"managed","type":"aws_iam_instance_profile","name":"s3_ssm_cw_profile","provider_name":"registry.terraform.io/hashicorp/aws","schema_version":0,"values":{"arn":"arn:aws:iam::513410254332:instance-profile/S3-SSM-CW-Profile","create_date":"2025-10-23T12:11:54Z","id":"S3-SSM-CW-Profile","name":"S3-SSM-CW-Profile","name_prefix":"","path":"/","role":"S3-SSM-CW-Role","tags":{},"tags_all":{},"unique_id":"AIPAXPCNCYX6LMIRF4CPS"},"sensitive_values":{"tags":{},"tags_all":{}},"depends_on":["module.iam_role.aws_iam_role.s3_ssm_CW_role"]},{"address":"module.iam_role.aws_iam_policy.cloudwatch_agent_policy","mode":"managed","type":"aws_iam_policy","name":"cloudwatch_agent_policy","provider_name":"registry.terraform.io/hashicorp/aws","schema_version":0,"values":{"arn":"arn:aws:iam::513410254332:policy/cloudwatch-agent-policy","description":"Policy for EC2 instances to send logs to CloudWatch","id":"arn:aws:iam::513410254332:policy/cloudwatch-agent-policy","name":"cloudwatch-agent-policy","name_prefix":"","path":"/","policy":"{\"Statement\":[{\"Action\":[\"logs:CreateLogStream\",\"logs:GetLogEvents\",\"logs:DeleteLogStream\",\"logs:PutLogEvents\"],\"Effect\":\"Allow\",\"Resource\":\"arn:aws:logs:*:*:log-group:*:log-stream:*\",\"Sid\":\"VisualEditor0\"},{\"Action\":[\"logs:ListTagsLogGroup\",\"logs:GetLogRecord\",\"logs:DeleteLogGroup\",\"logs:DescribeLogStreams\",\"logs:DescribeMetricFilters\",\"logs:GetLogGroupFields\",\"logs:CreateLogGroup\"],\"Effect\":\"Allow\",\"Resource\":\"arn:aws:logs:*:*:log-group:*\",\"Sid\":\"VisualEditor1\"},{\"Action\":[\"logs:CreateLogDelivery\",\"logs:DescribeLogGroups\",\"logs:ListLogGroupsForQuery\",\"logs:GetLogDelivery\",\"logs:ListLogGroups\",\"logs:DescribeDestinations\"],\"Effect\":\"Allow\",\"Resource\":\"*\",\"Sid\":\"VisualEditor2\"}],\"Version\":\"2012-10-17\"}","policy_id":"ANPAXPCNCYX6FEYRTI5GG","tags":{},"tags_all":{}},"sensitive_values":{"tags":{},"tags_all":{}}},{"address":"module.iam_role.aws_iam_role.s3_ssm_CW_role","mode":"managed","type":"aws_iam_role","name":"s3_ssm_CW_role","provider_name":"registry.terraform.io/hashicorp/aws","schema_version":0,"values":{"arn":"arn:aws:iam::513410254332:role/S3-SSM-CW-Role","assume_role_policy":"{\"Statement\":[{\"Action\":\"sts:AssumeRole\",\"Effect\":\"Allow\",\"Principal\":{\"Service\":\"ec2.amazonaws.com\"}}],\"Version\":\"2012-10-17\"}","create_date":"2025-10-23T12:11:53Z","description":"","force_detach_policies":false,"id":"S3-SSM-CW-Role","inline_policy":[],"managed_policy_arns":["arn:aws:iam::513410254332:policy/cloudwatch-agent-policy","arn:aws:iam::aws:policy/AmazonS3ReadOnlyAccess","arn:aws:iam::aws:policy/AmazonSSMManagedInstanceCore","arn:aws:iam::aws:policy/AmazonSSMReadOnlyAccess","arn:aws:iam::aws:policy/SecretsManagerReadWrite"],"max_session_duration":3600,"name":"S3-SSM-CW-Role","name_prefix":"","path":"/","permissions_boundary":null,"role_last_used":[{"last_used_date":"2025-10-23T13:10:10Z","region":"us-east-1"}],"tags":{"Name":"S3-SSM-Role","Purpose":"Allow EC2 to access S3 and use SSM agent"},"tags_all":{"Name":"S3-SSM-Role","Purpose":"Allow EC2 to access S3 and use SSM agent"},"unique_id":"AROAXPCNCYX6AJRCBJG43"},"sensitive_values":{"inline_policy":[],"managed_policy_arns":[false,false,false,false,false],"role_last_used":[{}],"tags":{},"tags_all":{}}},{"address":"module.iam_role.aws_iam_role.vpc_flow_logs_role","mode":"managed","type":"aws_iam_role","name":"vpc_flow_logs_role","provider_name":"registry.terraform.io/hashicorp/aws","schema_version":0,"values":{"arn":"arn:aws:iam::513410254332:role/VPCFlowLogsRole","assume_role_policy":"{\"Statement\":[{\"Action\":\"sts:AssumeRole\",\"Effect\":\"Allow\",\"Principal\":{\"Service\":\"vpc-flow-logs.amazonaws.com\"}}],\"Version\":\"2012-10-17\"}","create_date":"2025-10-23T12:11:53Z","description":"","force_detach_policies":false,"id":"VPCFlowLogsRole","inline_policy":[],"managed_policy_arns":[],"max_session_duration":3600,"name":"VPCFlowLogsRole","name_prefix":"","path":"/","permissions_boundary":null,"role_last_used":[{"last_used_date":"","region":""}],"tags":{},"tags_all":{},"unique_id":"AROAXPCNCYX6JNFAH4UTD"},"sensitive_values":{"inline_policy":[],"managed_policy_arns":[],"role_last_used":[{}],"tags":{},"tags_all":{}}},{"address":"module.iam_role.aws_iam_role_policy_attachment.cloudwatch_agent_attachment","mode":"managed","type":"aws_iam_role_policy_attachment","name":"cloudwatch_agent_attachment","provider_name":"registry.terraform.io/hashicorp/aws","schema_version":0,"values":{"id":"S3-SSM-CW-Role-20251023121153638800000002","policy_arn":"arn:aws:iam::513410254332:policy/cloudwatch-agent-policy","role":"S3-SSM-CW-Role"},"sensitive_values":{},"depends_on":["module.iam_role.aws_iam_policy.cloudwatch_agent_policy","module.iam_role.aws_iam_role.s3_ssm_CW_role"]},{"address":"module.iam_role.aws_iam_role_policy_attachment.s3_readonly_attach","mode":"managed","type":"aws_iam_role_policy_attachment","name":"s3_readonly_attach","provider_name":"registry.terraform.io/hashicorp/aws","schema_version":0,"values":{"id":"S3-SSM-CW-Role-20251023121153959900000006","policy_arn":"arn:aws:iam::aws:policy/AmazonS3ReadOnlyAccess","role":"S3-SSM-CW-Role"},"sensitive_values":{},"depends_on":["module.iam_role.aws_iam_role.s3_ssm_CW_role"]},{"address":"module.iam_role.aws_iam_role_policy_attachment.secret_manager-ReadWrite","mode":"managed","type":"aws_iam_role_policy_attachment","name":"secret_manager-ReadWrite","provider_name":"registry.terraform.io/hashicorp/aws","schema_version":0,"values":{"id":"S3-SSM-CW-Role-20251023121153941800000005","policy_arn":"arn:aws:iam::aws:policy/SecretsManagerReadWrite","role":"S3-SSM-CW-Role"},"sensitive_values":{},"depends_on":["module.iam_role.aws_iam_role.s3_ssm_CW_role"]},{"address":"module.iam_role.aws_iam_role_policy_attachment.ssm_core_attach","mode":"managed","type":"aws_iam_role_policy_attachment","name":"ssm_core_attach","provider_name":"registry.terraform.io/hashicorp/aws","schema_version":0,"values":{"id":"S3-SSM-CW-Role-20251023121153654800000003","policy_arn":"arn:aws:iam::aws:policy/AmazonSSMManagedInstanceCore","role":"S3-SSM-CW-Role"},"sensitive_values":{},"depends_on":["module.iam_role.aws_iam_role.s3_ssm_CW_role"]},{"address":"module.iam_role.aws_iam_role_policy_attachment.ssmparameter_read_only","mode":"managed","type":"aws_iam_role_policy_attachment","name":"ssmparameter_read_only","provider_name":"registry.terraform.io/hashicorp/aws","schema_version":0,"values":{"id":"S3-SSM-CW-Role-20251023121153658100000004","policy_arn":"arn:aws:iam::aws:policy/AmazonSSMReadOnlyAccess","role":"S3-SSM-CW-Role"},"sensitive_values":{},"depends_on":["module.iam_role.aws_iam_role.s3_ssm_CW_role"]},{"address":"module.iam_role.aws_s3_bucket.vpc_flow_logs_bucket","mode":"managed","type":"aws_s3_bucket","name":"vpc_flow_logs_bucket","provider_name":"registry.terraform.io/hashicorp/aws","schema_version":0,"values":{"acceleration_status":"","acl":null,"arn":"arn:aws:s3:::vpc-flow-log-s3-bucket-panda","bucket":"vpc-flow-log-s3-bucket-panda","bucket_domain_name":"vpc-flow-log-s3-bucket-panda.s3.amazonaws.com","bucket_prefix":"","bucket_regional_domain_name":"vpc-flow-log-s3-bucket-panda.s3.amazonaws.com","cors_rule":[],"force_destroy":false,"grant":[{"id":"1b8188c46fd8935275c8f66d99e3c7fda4fc46ac42327479ee84342e70e029cb","permissions":["FULL_CONTROL"],"type":"CanonicalUser","uri":""}],"hosted_zone_id":"Z3AQBSTGFYJSTF","id":"vpc-flow-log-s3-bucket-panda","lifecycle_rule":[],"logging":[],"object_lock_configuration":[],"object_lock_enabled":false,"policy":"{\"Statement\":[{\"Action\":\"s3:PutObject\",\"Condition\":{\"ArnLike\":{\"aws:SourceArn\":\"arn:aws:logs:us-east-1:513410254332:*\"},\"StringEquals\":{\"aws:SourceAccount\":\"513410254332\",\"s3:x-amz-acl\":\"bucket-owner-full-control\"}},\"Effect\":\"Allow\",\"Principal\":{\"Service\":\"delivery.logs.amazonaws.com\"},\"Resource\":\"arn:aws:s3:::vpc-flow-log-s3-bucket-panda/AWSLogs/513410254332/*\",\"Sid\":\"AWSLogDeliveryWrite\"},{\"Action\":\"s3:GetBucketAcl\",\"Condition\":{\"ArnLike\":{\"aws:SourceArn\":\"arn:aws:logs:us-east-1:513410254332:*\"},\"StringEquals\":{\"aws:SourceAccount\":\"513410254332\"}},\"Effect\":\"Allow\",\"Principal\":{\"Service\":\"delivery.logs.amazonaws.com\"},\"Resource\":\"arn:aws:s3:::vpc-flow-log-s3-bucket-panda\",\"Sid\":\"AWSLogDeliveryAclCheck\"}],\"Version\":\"2012-10-17\"}","region":"us-east-1","replication_configuration":[],"request_payer":"BucketOwner","server_side_encryption_configuration":[{"rule":[{"apply_server_side_encryption_by_default":[{"kms_master_key_id":"","sse_algorithm":"AES256"}],"bucket_key_enabled":false}]}],"tags":{},"tags_all":{},"timeouts":null,"versioning":[{"enabled":false,"mfa_delete":false}],"website":[],"website_domain":null,"website_endpoint":null},"sensitive_values":{"cors_rule":[],"grant":[{"permissions":[false]}],"lifecycle_rule":[],"logging":[],"object_lock_configuration":[],"replication_configuration":[],"server_side_encryption_configuration":[{"rule":[{"apply_server_side_encryption_by_default":[{}]}]}],"tags":{},"tags_all":{},"versioning":[{}],"website":[]}},{"address":"module.iam_role.aws_s3_bucket_acl.acl","mode":"managed","type":"aws_s3_bucket_acl","name":"acl","provider_name":"registry.terraform.io/hashicorp/aws","schema_version":0,"values":{"access_control_policy":[{"grant":[{"grantee":[{"display_name":"","email_address":"","id":"1b8188c46fd8935275c8f66d99e3c7fda4fc46ac42327479ee84342e70e029cb","type":"CanonicalUser","uri":""}],"permission":"FULL_CONTROL"}],"owner":[{"display_name":"","id":"1b8188c46fd8935275c8f66d99e3c7fda4fc46ac42327479ee84342e70e029cb"}]}],"acl":"private","bucket":"vpc-flow-log-s3-bucket-panda","expected_bucket_owner":"","id":"vpc-flow-log-s3-bucket-panda,private"},"sensitive_values":{"access_control_policy":[{"grant":[{"grantee":[{}]}],"owner":[{}]}]},"depends_on":["module.iam_role.aws_s3_bucket.vpc_flow_logs_bucket","module.iam_role.aws_s3_bucket_ownership_controls.vpc_flow_logs"]},{"address":"module.iam_role.aws_s3_bucket_ownership_controls.vpc_flow_logs","mode":"managed","type":"aws_s3_bucket_ownership_controls","name":"vpc_flow_logs","provider_name":"registry.terraform.io/hashicorp/aws","schema_version":0,"values":{"bucket":"vpc-flow-log-s3-bucket-panda","id":"vpc-flow-log-s3-bucket-panda","rule":[{"object_ownership":"BucketOwnerPreferred"}]},"sensitive_values":{"rule":[{}]},"depends_on":["module.iam_role.aws_s3_bucket.vpc_flow_logs_bucket"]},{"address":"module.iam_role.aws_s3_bucket_policy.vpc_flow_logs","mode":"managed","type":"aws_s3_bucket_policy","name":"vpc_flow_logs","provider_name":"registry.terraform.io/hashicorp/aws","schema_version":0,"values":{"bucket":"vpc-flow-log-s3-bucket-panda","id":"vpc-flow-log-s3-bucket-panda","policy":"{\"Statement\":[{\"Action\":\"s3:PutObject\",\"Condition\":{\"ArnLike\":{\"aws:SourceArn\":\"arn:aws:logs:us-east-1:513410254332:*\"},\"StringEquals\":{\"aws:SourceAccount\":\"513410254332\",\"s3:x-amz-acl\":\"bucket-owner-full-control\"}},\"Effect\":\"Allow\",\"Principal\":{\"Service\":\"delivery.logs.amazonaws.com\"},\"Resource\":\"arn:aws:s3:::vpc-flow-log-s3-bucket-panda/AWSLogs/513410254332/*\",\"Sid\":\"AWSLogDeliveryWrite\"},{\"Action\":\"s3:GetBucketAcl\",\"Condition\":{\"ArnLike\":{\"aws:SourceArn\":\"arn:aws:logs:us-east-1:513410254332:*\"},\"StringEquals\":{\"aws:SourceAccount\":\"513410254332\"}},\"Effect\":\"Allow\",\"Principal\":{\"Service\":\"delivery.logs.amazonaws.com\"},\"Resource\":\"arn:aws:s3:::vpc-flow-log-s3-bucket-panda\",\"Sid\":\"AWSLogDeliveryAclCheck\"}],\"Version\":\"2012-10-17\"}"},"sensitive_values":{},"depends_on":["module.iam_role.aws_s3_bucket.vpc_flow_logs_bucket","module.iam_role.data.aws_caller_identity.current"]},{"address":"module.iam_role.aws_s3_bucket_public_access_block.vpc_flow_logs","mode":"managed","type":"aws_s3_bucket_public_access_block","name":"vpc_flow_logs","provider_name":"registry.terraform.io/hashicorp/aws","schema_version":0,"values":{"block_public_acls":true,"block_public_policy":true,"bucket":"vpc-flow-log-s3-bucket-panda","id":"vpc-flow-log-s3-bucket-panda","ignore_public_acls":true,"restrict_public_buckets":true},"sensitive_values":{},"depends_on":["module.iam_role.aws_s3_bucket.vpc_flow_logs_bucket"]},{"address":"module.iam_role.aws_s3_bucket_server_side_encryption_configuration.SSE_config","mode":"managed","type":"aws_s3_bucket_server_side_encryption_configuration","name":"SSE_config","provider_name":"registry.terraform.io/hashicorp/aws","schema_version":0,"values":{"bucket":"vpc-flow-log-s3-bucket-panda","expected_bucket_owner":"","id":"vpc-flow-log-s3-bucket-panda","rule":[{"apply_server_side_encryption_by_default":[{"kms_master_key_id":"","sse_algorithm":"AES256"}],"bucket_key_enabled":false}]},"sensitive_values":{"rule":[{"apply_server_side_encryption_by_default":[{}]}]},"depends_on":["module.iam_role.aws_s3_bucket.vpc_flow_logs_bucket"]}],"address":"module.iam_role"},{"resources":[{"address":"module.nat_instance.data.aws_ami.latest_amazon_linux","mode":"data","type":"aws_ami","name":"latest_amazon_linux","provider_name":"registry.terraform.io/hashicorp/aws","schema_version":0,"values":{"architecture":"arm64","arn":"arn:aws:ec2:us-east-1::image/ami-0858e76ce571eb464","block_device_mappings":[{"device_name":"/dev/xvda","ebs":{"delete_on_termination":"true","encrypted":"false","iops":"3000","snapshot_id":"snap-014b57d909ba4648b","throughput":"125","volume_size":"8","volume_type":"gp3"},"no_device":"","virtual_name":""}],"boot_mode":"uefi","creation_date":"2025-10-09T16:42:44.000Z","deprecation_time":"2026-01-07T00:00:00.000Z","description":"Amazon Linux 2023 AMI 2023.9.20251014.0 arm64 HVM kernel-6.1","ena_support":true,"executable_users":null,"filter":[{"name":"name","values":["al2023-ami-2023.*-arm64"]},{"name":"virtualization-type","values":["hvm"]}],"hypervisor":"xen","id":"ami-0858e76ce571eb464","image_id":"ami-0858e76ce571eb464","image_location":"amazon/al2023-ami-2023.9.20251014.0-kernel-6.1-arm64","image_owner_alias":"amazon","image_type":"machine","imds_support":"v2.0","include_deprecated":false,"kernel_id":"","most_recent":true,"name":"al2023-ami-2023.9.20251014.0-kernel-6.1-arm64","name_regex":null,"owner_id":"137112412989","owners":["amazon"],"platform":"","platform_details":"Linux/UNIX","product_codes":[],"public":true,"ramdisk_id":"","root_device_name":"/dev/xvda","root_device_type":"ebs","root_snapshot_id":"snap-014b57d909ba4648b","sriov_net_support":"simple","state":"available","state_reason":{"code":"UNSET","message":"UNSET"},"tags":{},"timeouts":null,"tpm_support":"","usage_operation":"RunInstances","virtualization_type":"hvm"},"sensitive_values":{"block_device_mappings":[{"ebs":{}}],"filter":[{"values":[false]},{"values":[false]}],"owners":[false],"product_codes":[],"state_reason":{},"tags":{}}},{"address":"module.nat_instance.aws_instance.nat_ec2_instance","mode":"managed","type":"aws_instance","name":"nat_ec2_instance","provider_name":"registry.terraform.io/hashicorp/aws","schema_version":1,"values":{"ami":"ami-0858e76ce571eb464","arn":"arn:aws:ec2:us-east-1:513410254332:instance/i-0a6df63f99dc4fc15","associate_public_ip_address":true,"availability_zone":"us-east-1a","capacity_reservation_specification":[{"capacity_reservation_preference":"open","capacity_reservation_target":[]}],"cpu_core_count":2,"cpu_options":[{"amd_sev_snp":"","core_count":2,"threads_per_core":1}],"cpu_threads_per_core":1,"credit_specification":[{"cpu_credits":"unlimited"}],"disable_api_stop":false,"disable_api_termination":false,"ebs_block_device":[],"ebs_optimized":false,"enclave_options":[{"enabled":false}],"ephemeral_block_device":[],"get_password_data":false,"hibernation":false,"host_id":"","host_resource_group_arn":null,"iam_instance_profile":"S3-SSM-CW-Profile","id":"i-0a6df63f99dc4fc15","instance_initiated_shutdown_behavior":"stop","instance_state":"running","instance_type":"t4g.micro","ipv6_address_count":0,"ipv6_addresses":[],"key_name":"","launch_template":[],"maintenance_options":[{"auto_recovery":"default"}],"metadata_options":[{"http_endpoint":"enabled","http_put_response_hop_limit":2,"http_tokens":"required","instance_metadata_tags":"disabled"}],"monitoring":false,"network_interface":[],"outpost_arn":"","password_data":"","placement_group":"","placement_partition_number":0,"primary_network_interface_id":"eni-001d15b595c1ee6fc","private_dns":"ip-10-0-1-45.ec2.internal","private_dns_name_options":[{"enable_resource_name_dns_a_record":false,"enable_resource_name_dns_aaaa_record":false,"hostname_type":"ip-name"}],"private_ip":"10.0.1.45","public_dns":"ec2-34-205-9-230.compute-1.amazonaws.com","public_ip":"34.205.9.230","root_block_device":[{"delete_on_termination":true,"device_name":"/dev/xvda","encrypted":false,"iops":0,"kms_key_id":"","tags":{},"throughput":0,"volume_id":"vol-0c18a25abcf170a39","volume_size":8,"volume_type":"standard"}],"secondary_private_ips":[],"security_groups":[],"source_dest_check":false,"subnet_id":"subnet-02a62a8d91fd9772e","tags":{"Environment":"dev","Name":"self-managed-nat-ec2-instance","Terraform":"true"},"tags_all":{"Environment":"dev","Name":"self-managed-nat-ec2-instance","Terraform":"true"},"tenancy":"default","timeouts":null,"user_data":"37466f4f64deda81aba492cc4903affd8f02bc1b","user_data_base64":null,"user_data_replace_on_change":false,"volume_tags":null,"vpc_security_group_ids":["sg-05454c25137b66934"]},"sensitive_values":{"capacity_reservation_specification":[{"capacity_reservation_target":[]}],"cpu_options":[{}],"credit_specification":[{}],"ebs_block_device":[],"enclave_options":[{}],"ephemeral_block_device":[],"ipv6_addresses":[],"launch_template":[],"maintenance_options":[{}],"metadata_options":[{}],"network_interface":[],"private_dns_name_options":[{}],"root_block_device":[{"tags":{}}],"secondary_private_ips":[],"security_groups":[],"tags":{},"tags_all":{},"vpc_security_group_ids":[false]},"depends_on":["module.iam_role.aws_flow_log.example_vpc_flow_log","module.iam_role.aws_iam_instance_profile.s3_ssm_cw_profile","module.iam_role.aws_iam_policy.cloudwatch_agent_policy","module.iam_role.aws_iam_role.s3_ssm_CW_role","module.iam_role.aws_iam_role.vpc_flow_logs_role","module.iam_role.aws_iam_role_policy_attachment.cloudwatch_agent_attachment","module.iam_role.aws_iam_role_policy_attachment.s3_readonly_attach","module.iam_role.aws_iam_role_policy_attachment.secret_manager-ReadWrite","module.iam_role.aws_iam_role_policy_attachment.ssm_core_attach","module.iam_role.aws_iam_role_policy_attachment.ssmparameter_read_only","module.iam_role.aws_s3_bucket.vpc_flow_logs_bucket","module.iam_role.aws_s3_bucket_acl.acl","module.iam_role.aws_s3_bucket_ownership_controls.vpc_flow_logs","module.iam_role.aws_s3_bucket_policy.vpc_flow_logs","module.iam_role.aws_s3_bucket_public_access_block.vpc_flow_logs","module.iam_role.aws_s3_bucket_server_side_encryption_configuration.SSE_config","module.iam_role.data.aws_caller_identity.current","module.nat_instance.aws_security_group.nat_ec2_sg","module.nat_instance.data.aws_ami.latest_amazon_linux","module.vpc.aws_internet_gateway.internet_gateway","module.vpc.aws_route_table.public_route_table","module.vpc.aws_route_table_association.pub-sub-1a_route_table_association","module.vpc.aws_route_table_association.pub-sub-2-b_route_table_association","module.vpc.aws_subnet.pri_sub_3a","module.vpc.aws_subnet.pri_sub_4b","module.vpc.aws_subnet.pri_sub_5a","module.vpc.aws_subnet.pri_sub_6b","module.vpc.aws_subnet.pri_sub_7a","module.vpc.aws_subnet.pri_sub_8b","module.vpc.aws_subnet.pub_sub_1a","module.vpc.aws_subnet.pub_sub_2b","module.vpc.aws_vpc.vpc","module.vpc.data.aws_availability_zones.available_zones"]},{"address":"module.nat_instance.aws_route_table.pri-rt-a","mode":"managed","type":"aws_route_table","name":"pri-rt-a","provider_name":"registry.terraform.io/hashicorp/aws","schema_version":0,"values":{"arn":"arn:aws:ec2:us-east-1:513410254332:route-table/rtb-0e2f670a825c80f45","id":"rtb-0e2f670a825c80f45","owner_id":"513410254332","propagating_vgws":[],"route":[{"carrier_gateway_id":"","cidr_block":"0.0.0.0/0","core_network_arn":"","destination_prefix_list_id":"","egress_only_gateway_id":"","gateway_id":"","instance_id":"i-0a6df63f99dc4fc15","ipv6_cidr_block":"","local_gateway_id":"","nat_gateway_id":"","network_interface_id":"eni-001d15b595c1ee6fc","transit_gateway_id":"","vpc_endpoint_id":"","vpc_peering_connection_id":""}],"tags":{"Name":"Pri-rt-a"},"tags_all":{"Name":"Pri-rt-a"},"timeouts":null,"vpc_id":"vpc-0ed9c7463763df965"},"sensitive_values":{"propagating_vgws":[],"route":[{}],"tags":{},"tags_all":{}},"depends_on":["module.iam_role.aws_flow_log.example_vpc_flow_log","module.iam_role.aws_iam_instance_profile.s3_ssm_cw_profile","module.iam_role.aws_iam_policy.cloudwatch_agent_policy","module.iam_role.aws_iam_role.s3_ssm_CW_role","module.iam_role.aws_iam_role.vpc_flow_logs_role","module.iam_role.aws_iam_role_policy_attachment.cloudwatch_agent_attachment","module.iam_role.aws_iam_role_policy_attachment.s3_readonly_attach","module.iam_role.aws_iam_role_policy_attachment.secret_manager-ReadWrite","module.iam_role.aws_iam_role_policy_attachment.ssm_core_attach","module.iam_role.aws_iam_role_policy_attachment.ssmparameter_read_only","module.iam_role.aws_s3_bucket.vpc_flow_logs_bucket","module.iam_role.aws_s3_bucket_acl.acl","module.iam_role.aws_s3_bucket_ownership_controls.vpc_flow_logs","module.iam_role.aws_s3_bucket_policy.vpc_flow_logs","module.iam_role.aws_s3_bucket_public_access_block.vpc_flow_logs","module.iam_role.aws_s3_bucket_server_side_encryption_configuration.SSE_config","module.iam_role.data.aws_caller_identity.current","module.nat_instance.aws_instance.nat_ec2_instance","module.nat_instance.aws_security_group.nat_ec2_sg","module.nat_instance.data.aws_ami.latest_amazon_linux","module.vpc.aws_internet_gateway.internet_gateway","module.vpc.aws_route_table.public_route_table","module.vpc.aws_route_table_association.pub-sub-1a_route_table_association","module.vpc.aws_route_table_association.pub-sub-2-b_route_table_association","module.vpc.aws_subnet.pri_sub_3a","module.vpc.aws_subnet.pri_sub_4b","module.vpc.aws_subnet.pri_sub_5a","module.vpc.aws_subnet.pri_sub_6b","module.vpc.aws_subnet.pri_sub_7a","module.vpc.aws_subnet.pri_sub_8b","module.vpc.aws_subnet.pub_sub_1a","module.vpc.aws_subnet.pub_sub_2b","module.vpc.aws_vpc.vpc","module.vpc.data.aws_availability_zones.available_zones"]},{"address":"module.nat_instance.aws_route_table.pri-rt-b","mode":"managed","type":"aws_route_table","name":"pri-rt-b","provider_name":"registry.terraform.io/hashicorp/aws","schema_version":0,"values":{"arn":"arn:aws:ec2:us-east-1:513410254332:route-table/rtb-0791f4f85a3964a5b","id":"rtb-0791f4f85a3964a5b","owner_id":"513410254332","propagating_vgws":[],"route":[{"carrier_gateway_id":"","cidr_block":"0.0.0.0/0","core_network_arn":"","destination_prefix_list_id":"","egress_only_gateway_id":"","gateway_id":"","instance_id":"i-0a6df63f99dc4fc15","ipv6_cidr_block":"","local_gateway_id":"","nat_gateway_id":"","network_interface_id":"eni-001d15b595c1ee6fc","transit_gateway_id":"","vpc_endpoint_id":"","vpc_peering_connection_id":""}],"tags":{"Name":"pri-rt-b"},"tags_all":{"Name":"pri-rt-b"},"timeouts":null,"vpc_id":"vpc-0ed9c7463763df965"},"sensitive_values":{"propagating_vgws":[],"route":[{}],"tags":{},"tags_all":{}},"depends_on":["module.iam_role.aws_flow_log.example_vpc_flow_log","module.iam_role.aws_iam_instance_profile.s3_ssm_cw_profile","module.iam_role.aws_iam_policy.cloudwatch_agent_policy","module.iam_role.aws_iam_role.s3_ssm_CW_role","module.iam_role.aws_iam_role.vpc_flow_logs_role","module.iam_role.aws_iam_role_policy_attachment.cloudwatch_agent_attachment","module.iam_role.aws_iam_role_policy_attachment.s3_readonly_attach","module.iam_role.aws_iam_role_policy_attachment.secret_manager-ReadWrite","module.iam_role.aws_iam_role_policy_attachment.ssm_core_attach","module.iam_role.aws_iam_role_policy_attachment.ssmparameter_read_only","module.iam_role.aws_s3_bucket.vpc_flow_logs_bucket","module.iam_role.aws_s3_bucket_acl.acl","module.iam_role.aws_s3_bucket_ownership_controls.vpc_flow_logs","module.iam_role.aws_s3_bucket_policy.vpc_flow_logs","module.iam_role.aws_s3_bucket_public_access_block.vpc_flow_logs","module.iam_role.aws_s3_bucket_server_side_encryption_configuration.SSE_config","module.iam_role.data.aws_caller_identity.current","module.nat_instance.aws_instance.nat_ec2_instance","module.nat_instance.aws_security_group.nat_ec2_sg","module.nat_instance.data.aws_ami.latest_amazon_linux","module.vpc.aws_internet_gateway.internet_gateway","module.vpc.aws_route_table.public_route_table","module.vpc.aws_route_table_association.pub-sub-1a_route_table_association","module.vpc.aws_route_table_association.pub-sub-2-b_route_table_association","module.vpc.aws_subnet.pri_sub_3a","module.vpc.aws_subnet.pri_sub_4b","module.vpc.aws_subnet.pri_sub_5a","module.vpc.aws_subnet.pri_sub_6b","module.vpc.aws_subnet.pri_sub_7a","module.vpc.aws_subnet.pri_sub_8b","module.vpc.aws_subnet.pub_sub_1a","module.vpc.aws_subnet.pub_sub_2b","module.vpc.aws_vpc.vpc","module.vpc.data.aws_availability_zones.available_zones"]},{"address":"module.nat_instance.aws_route_table_association.pri-sub-3a-with-Pri-rt-a","mode":"managed","type":"aws_route_table_association","name":"pri-sub-3a-with-Pri-rt-a","provider_name":"registry.terraform.io/hashicorp/aws","schema_version":0,"values":{"gateway_id":"","id":"rtbassoc-0d3506c1a4ff3de16","route_table_id":"rtb-0e2f670a825c80f45","subnet_id":"subnet-06927b7372ba82f7a","timeouts":null},"sensitive_values":{},"depends_on":["module.iam_role.aws_flow_log.example_vpc_flow_log","module.iam_role.aws_iam_instance_profile.s3_ssm_cw_profile","module.iam_role.aws_iam_policy.cloudwatch_agent_policy","module.iam_role.aws_iam_role.s3_ssm_CW_role","module.iam_role.aws_iam_role.vpc_flow_logs_role","module.iam_role.aws_iam_role_policy_attachment.cloudwatch_agent_attachment","module.iam_role.aws_iam_role_policy_attachment.s3_readonly_attach","module.iam_role.aws_iam_role_policy_attachment.secret_manager-ReadWrite","module.iam_role.aws_iam_role_policy_attachment.ssm_core_attach","module.iam_role.aws_iam_role_policy_attachment.ssmparameter_read_only","module.iam_role.aws_s3_bucket.vpc_flow_logs_bucket","module.iam_role.aws_s3_bucket_acl.acl","module.iam_role.aws_s3_bucket_ownership_controls.vpc_flow_logs","module.iam_role.aws_s3_bucket_policy.vpc_flow_logs","module.iam_role.aws_s3_bucket_public_access_block.vpc_flow_logs","module.iam_role.aws_s3_bucket_server_side_encryption_configuration.SSE_config","module.iam_role.data.aws_caller_identity.current","module.nat_instance.aws_instance.nat_ec2_instance","module.nat_instance.aws_route_table.pri-rt-a","module.nat_instance.aws_security_group.nat_ec2_sg","module.nat_instance.data.aws_ami.latest_amazon_linux","module.vpc.aws_internet_gateway.internet_gateway","module.vpc.aws_route_table.public_route_table","module.vpc.aws_route_table_association.pub-sub-1a_route_table_association","module.vpc.aws_route_table_association.pub-sub-2-b_route_table_association","module.vpc.aws_subnet.pri_sub_3a","module.vpc.aws_subnet.pri_sub_4b","module.vpc.aws_subnet.pri_sub_5a","module.vpc.aws_subnet.pri_sub_6b","module.vpc.aws_subnet.pri_sub_7a","module.vpc.aws_subnet.pri_sub_8b","module.vpc.aws_subnet.pub_sub_1a","module.vpc.aws_subnet.pub_sub_2b","module.vpc.aws_vpc.vpc","module.vpc.data.aws_availability_zones.available_zones"]},{"address":"module.nat_instance.aws_route_table_association.pri-sub-4b-with-Pri-rt-b","mode":"managed","type":"aws_route_table_association","name":"pri-sub-4b-with-Pri-rt-b","provider_name":"registry.terraform.io/hashicorp/aws","schema_version":0,"values":{"gateway_id":"","id":"rtbassoc-0360bfcb6cb3f7442","route_table_id":"rtb-0e2f670a825c80f45","subnet_id":"subnet-060b9e1c01222f3b7","timeouts":null},"sensitive_values":{},"depends_on":["module.iam_role.aws_flow_log.example_vpc_flow_log","module.iam_role.aws_iam_instance_profile.s3_ssm_cw_profile","module.iam_role.aws_iam_policy.cloudwatch_agent_policy","module.iam_role.aws_iam_role.s3_ssm_CW_role","module.iam_role.aws_iam_role.vpc_flow_logs_role","module.iam_role.aws_iam_role_policy_attachment.cloudwatch_agent_attachment","module.iam_role.aws_iam_role_policy_attachment.s3_readonly_attach","module.iam_role.aws_iam_role_policy_attachment.secret_manager-ReadWrite","module.iam_role.aws_iam_role_policy_attachment.ssm_core_attach","module.iam_role.aws_iam_role_policy_attachment.ssmparameter_read_only","module.iam_role.aws_s3_bucket.vpc_flow_logs_bucket","module.iam_role.aws_s3_bucket_acl.acl","module.iam_role.aws_s3_bucket_ownership_controls.vpc_flow_logs","module.iam_role.aws_s3_bucket_policy.vpc_flow_logs","module.iam_role.aws_s3_bucket_public_access_block.vpc_flow_logs","module.iam_role.aws_s3_bucket_server_side_encryption_configuration.SSE_config","module.iam_role.data.aws_caller_identity.current","module.nat_instance.aws_instance.nat_ec2_instance","module.nat_instance.aws_route_table.pri-rt-a","module.nat_instance.aws_security_group.nat_ec2_sg","module.nat_instance.data.aws_ami.latest_amazon_linux","module.vpc.aws_internet_gateway.internet_gateway","module.vpc.aws_route_table.public_route_table","module.vpc.aws_route_table_association.pub-sub-1a_route_table_association","module.vpc.aws_route_table_association.pub-sub-2-b_route_table_association","module.vpc.aws_subnet.pri_sub_3a","module.vpc.aws_subnet.pri_sub_4b","module.vpc.aws_subnet.pri_sub_5a","module.vpc.aws_subnet.pri_sub_6b","module.vpc.aws_subnet.pri_sub_7a","module.vpc.aws_subnet.pri_sub_8b","module.vpc.aws_subnet.pub_sub_1a","module.vpc.aws_subnet.pub_sub_2b","module.vpc.aws_vpc.vpc","module.vpc.data.aws_availability_zones.available_zones"]},{"address":"module.nat_instance.aws_route_table_association.pri-sub-5a-with-pri-rt-b","mode":"managed","type":"aws_route_table_association","name":"pri-sub-5a-with-pri-rt-b","provider_name":"registry.terraform.io/hashicorp/aws","schema_version":0,"values":{"gateway_id":"","id":"rtbassoc-040b5caa53f958da5","route_table_id":"rtb-0791f4f85a3964a5b","subnet_id":"subnet-06d5b3d179bb223f3","timeouts":null},"sensitive_values":{},"depends_on":["module.iam_role.aws_flow_log.example_vpc_flow_log","module.iam_role.aws_iam_instance_profile.s3_ssm_cw_profile","module.iam_role.aws_iam_policy.cloudwatch_agent_policy","module.iam_role.aws_iam_role.s3_ssm_CW_role","module.iam_role.aws_iam_role.vpc_flow_logs_role","module.iam_role.aws_iam_role_policy_attachment.cloudwatch_agent_attachment","module.iam_role.aws_iam_role_policy_attachment.s3_readonly_attach","module.iam_role.aws_iam_role_policy_attachment.secret_manager-ReadWrite","module.iam_role.aws_iam_role_policy_attachment.ssm_core_attach","module.iam_role.aws_iam_role_policy_attachment.ssmparameter_read_only","module.iam_role.aws_s3_bucket.vpc_flow_logs_bucket","module.iam_role.aws_s3_bucket_acl.acl","module.iam_role.aws_s3_bucket_ownership_controls.vpc_flow_logs","module.iam_role.aws_s3_bucket_policy.vpc_flow_logs","module.iam_role.aws_s3_bucket_public_access_block.vpc_flow_logs","module.iam_role.aws_s3_bucket_server_side_encryption_configuration.SSE_config","module.iam_role.data.aws_caller_identity.current","module.nat_instance.aws_instance.nat_ec2_instance","module.nat_instance.aws_route_table.pri-rt-b","module.nat_instance.aws_security_group.nat_ec2_sg","module.nat_instance.data.aws_ami.latest_amazon_linux","module.vpc.aws_internet_gateway.internet_gateway","module.vpc.aws_route_table.public_route_table","module.vpc.aws_route_table_association.pub-sub-1a_route_table_association","module.vpc.aws_route_table_association.pub-sub-2-b_route_table_association","module.vpc.aws_subnet.pri_sub_3a","module.vpc.aws_subnet.pri_sub_4b","module.vpc.aws_subnet.pri_sub_5a","module.vpc.aws_subnet.pri_sub_6b","module.vpc.aws_subnet.pri_sub_7a","module.vpc.aws_subnet.pri_sub_8b","module.vpc.aws_subnet.pub_sub_1a","module.vpc.aws_subnet.pub_sub_2b","module.vpc.aws_vpc.vpc","module.vpc.data.aws_availability_zones.available_zones"]},{"address":"module.nat_instance.aws_route_table_association.pri-sub-6b-with-pri-rt-b","mode":"managed","type":"aws_route_table_association","name":"pri-sub-6b-with-pri-rt-b","provider_name":"registry.terraform.io/hashicorp/aws","schema_version":0,"values":{"gateway_id":"","id":"rtbassoc-08adc770625a65909","route_table_id":"rtb-0791f4f85a3964a5b","subnet_id":"subnet-0ee16b2ed1b905f04","timeouts":null},"sensitive_values":{},"depends_on":["module.iam_role.aws_flow_log.example_vpc_flow_log","module.iam_role.aws_iam_instance_profile.s3_ssm_cw_profile","module.iam_role.aws_iam_policy.cloudwatch_agent_policy","module.iam_role.aws_iam_role.s3_ssm_CW_role","module.iam_role.aws_iam_role.vpc_flow_logs_role","module.iam_role.aws_iam_role_policy_attachment.cloudwatch_agent_attachment","module.iam_role.aws_iam_role_policy_attachment.s3_readonly_attach","module.iam_role.aws_iam_role_policy_attachment.secret_manager-ReadWrite","module.iam_role.aws_iam_role_policy_attachment.ssm_core_attach","module.iam_role.aws_iam_role_policy_attachment.ssmparameter_read_only","module.iam_role.aws_s3_bucket.vpc_flow_logs_bucket","module.iam_role.aws_s3_bucket_acl.acl","module.iam_role.aws_s3_bucket_ownership_controls.vpc_flow_logs","module.iam_role.aws_s3_bucket_policy.vpc_flow_logs","module.iam_role.aws_s3_bucket_public_access_block.vpc_flow_logs","module.iam_role.aws_s3_bucket_server_side_encryption_configuration.SSE_config","module.iam_role.data.aws_caller_identity.current","module.nat_instance.aws_instance.nat_ec2_instance","module.nat_instance.aws_route_table.pri-rt-b","module.nat_instance.aws_security_group.nat_ec2_sg","module.nat_instance.data.aws_ami.latest_amazon_linux","module.vpc.aws_internet_gateway.internet_gateway","module.vpc.aws_route_table.public_route_table","module.vpc.aws_route_table_association.pub-sub-1a_route_table_association","module.vpc.aws_route_table_association.pub-sub-2-b_route_table_association","module.vpc.aws_subnet.pri_sub_3a","module.vpc.aws_subnet.pri_sub_4b","module.vpc.aws_subnet.pri_sub_5a","module.vpc.aws_subnet.pri_sub_6b","module.vpc.aws_subnet.pri_sub_7a","module.vpc.aws_subnet.pri_sub_8b","module.vpc.aws_subnet.pub_sub_1a","module.vpc.aws_subnet.pub_sub_2b","module.vpc.aws_vpc.vpc","module.vpc.data.aws_availability_zones.available_zones"]},{"address":"module.nat_instance.aws_security_group.nat_ec2_sg","mode":"managed","type":"aws_security_group","name":"nat_ec2_sg","provider_name":"registry.terraform.io/hashicorp/aws","schema_version":1,"values":{"arn":"arn:aws:ec2:us-east-1:513410254332:security-group/sg-05454c25137b66934","description":"Security group of Self-Managed NAT EC2 Instance","egress":[{"cidr_blocks":["0.0.0.0/0"],"description":"Allow all outbound traffic","from_port":0,"ipv6_cidr_blocks":[],"prefix_list_ids":[],"protocol":"-1","security_groups":[],"self":false,"to_port":0}],"id":"sg-05454c25137b66934","ingress":[{"cidr_blocks":["10.0.0.0/16"],"description":"Allow all TCP traffic from VPC CIDR","from_port":0,"ipv6_cidr_blocks":[],"prefix_list_ids":[],"protocol":"tcp","security_groups":[],"self":false,"to_port":65535}],"name":"self-managed-nat-ec2-sg","name_prefix":"","owner_id":"513410254332","revoke_rules_on_delete":false,"tags":{"Environment":"dev","Name":"self-managed-nat-ec2-instance-sg","Terraform":"true"},"tags_all":{"Environment":"dev","Name":"self-managed-nat-ec2-instance-sg","Terraform":"true"},"timeouts":null,"vpc_id":"vpc-0ed9c7463763df965"},"sensitive_values":{"egress":[{"cidr_blocks":[false],"ipv6_cidr_blocks":[],"prefix_list_ids":[],"security_groups":[]}],"ingress":[{"cidr_blocks":[false],"ipv6_cidr_blocks":[],"prefix_list_ids":[],"security_groups":[]}],"tags":{},"tags_all":{}},"depends_on":["module.iam_role.aws_flow_log.example_vpc_flow_log","module.iam_role.aws_iam_instance_profile.s3_ssm_cw_profile","module.iam_role.aws_iam_policy.cloudwatch_agent_policy","module.iam_role.aws_iam_role.s3_ssm_CW_role","module.iam_role.aws_iam_role.vpc_flow_logs_role","module.iam_role.aws_iam_role_policy_attachment.cloudwatch_agent_attachment","module.iam_role.aws_iam_role_policy_attachment.s3_readonly_attach","module.iam_role.aws_iam_role_policy_attachment.secret_manager-ReadWrite","module.iam_role.aws_iam_role_policy_attachment.ssm_core_attach","module.iam_role.aws_iam_role_policy_attachment.ssmparameter_read_only","module.iam_role.aws_s3_bucket.vpc_flow_logs_bucket","module.iam_role.aws_s3_bucket_acl.acl","module.iam_role.aws_s3_bucket_ownership_controls.vpc_flow_logs","module.iam_role.aws_s3_bucket_policy.vpc_flow_logs","module.iam_role.aws_s3_bucket_public_access_block.vpc_flow_logs","module.iam_role.aws_s3_bucket_server_side_encryption_configuration.SSE_config","module.iam_role.data.aws_caller_identity.current","module.vpc.aws_internet_gateway.internet_gateway","module.vpc.aws_route_table.public_route_table","module.vpc.aws_route_table_association.pub-sub-1a_route_table_association","module.vpc.aws_route_table_association.pub-sub-2-b_route_table_association","module.vpc.aws_subnet.pri_sub_3a","module.vpc.aws_subnet.pri_sub_4b","module.vpc.aws_subnet.pri_sub_5a","module.vpc.aws_subnet.pri_sub_6b","module.vpc.aws_subnet.pri_sub_7a","module.vpc.aws_subnet.pri_sub_8b","module.vpc.aws_subnet.pub_sub_1a","module.vpc.aws_subnet.pub_sub_2b","module.vpc.aws_vpc.vpc","module.vpc.data.aws_availability_zones.available_zones"]}],"address":"module.nat_instance"},{"resources":[{"address":"module.rds.aws_db_instance.panda-database","mode":"managed","type":"aws_db_instance","name":"panda-database","provider_name":"registry.terraform.io/hashicorp/aws","schema_version":1,"values":{"address":"panda-dev-db.cw5c4uumw9h5.us-east-1.rds.amazonaws.com","allocated_storage":20,"allow_major_version_upgrade":null,"apply_immediately":false,"arn":"arn:aws:rds:us-east-1:513410254332:db:panda-dev-db","auto_minor_version_upgrade":true,"availability_zone":"us-east-1b","backup_retention_period":0,"backup_window":"07:50-08:20","blue_green_update":[],"ca_cert_identifier":"rds-ca-rsa2048-g1","character_set_name":"","copy_tags_to_snapshot":false,"custom_iam_instance_profile":"","customer_owned_ip_enabled":false,"db_name":"","db_subnet_group_name":"panda-db-subnet-a-b","delete_automated_backups":true,"deletion_protection":false,"domain":"","domain_iam_role_name":"","enabled_cloudwatch_logs_exports":[],"endpoint":"panda-dev-db.cw5c4uumw9h5.us-east-1.rds.amazonaws.com:3306","engine":"mysql","engine_version":"8.0.42","engine_version_actual":"8.0.42","final_snapshot_identifier":null,"hosted_zone_id":"Z2R2ITUGPM61AM","iam_database_authentication_enabled":false,"id":"panda-dev-db","identifier":"panda-dev-db","identifier_prefix":"","instance_class":"db.t4g.micro","iops":0,"kms_key_id":"","latest_restorable_time":"","license_model":"general-public-license","listener_endpoint":[],"maintenance_window":"tue:04:55-tue:05:25","manage_master_user_password":null,"master_user_secret":[],"master_user_secret_kms_key_id":null,"max_allocated_storage":0,"monitoring_interval":0,"monitoring_role_arn":"","multi_az":true,"name":"","nchar_character_set_name":"","network_type":"IPV4","option_group_name":"default:mysql-8-0","parameter_group_name":"default.mysql8.0","password":"Asd1-CaPQ22","performance_insights_enabled":false,"performance_insights_kms_key_id":"","performance_insights_retention_period":0,"port":3306,"publicly_accessible":false,"replica_mode":"","replicas":[],"replicate_source_db":"","resource_id":"db-4ZVMG5BXCY2JU3SVET27NTDIEM","restore_to_point_in_time":[],"s3_import":[],"security_group_names":[],"skip_final_snapshot":true,"snapshot_identifier":null,"status":"available","storage_encrypted":false,"storage_throughput":0,"storage_type":"standard","tags":{"Name":"appdb"},"tags_all":{"Name":"appdb"},"timeouts":null,"timezone":"","username":"admin_3_tier","vpc_security_group_ids":["sg-0e09713dd04b840d0"]},"sensitive_values":{"blue_green_update":[],"enabled_cloudwatch_logs_exports":[],"listener_endpoint":[],"master_user_secret":[],"password":true,"replicas":[],"restore_to_point_in_time":[],"s3_import":[],"security_group_names":[],"tags":{},"tags_all":{},"vpc_security_group_ids":[false]},"depends_on":["module.rds.aws_db_subnet_group.db-subnet","module.security-group.aws_security_group.alb_sg","module.security-group.aws_security_group.client_sg","module.security-group.aws_security_group.db_sg","module.security-group.aws_security_group.internal_alb_sg","module.security-group.aws_security_group.server_sg","module.vpc.aws_internet_gateway.internet_gateway","module.vpc.aws_route_table.public_route_table","module.vpc.aws_route_table_association.pub-sub-1a_route_table_association","module.vpc.aws_route_table_association.pub-sub-2-b_route_table_association","module.vpc.aws_subnet.pri_sub_3a","module.vpc.aws_subnet.pri_sub_4b","module.vpc.aws_subnet.pri_sub_5a","module.vpc.aws_subnet.pri_sub_6b","module.vpc.aws_subnet.pri_sub_7a","module.vpc.aws_subnet.pri_sub_8b","module.vpc.aws_subnet.pub_sub_1a","module.vpc.aws_subnet.pub_sub_2b","module.vpc.aws_vpc.vpc","module.vpc.data.aws_availability_zones.available_zones"]},{"address":"module.rds.aws_db_subnet_group.db-subnet","mode":"managed","type":"aws_db_subnet_group","name":"db-subnet","provider_name":"registry.terraform.io/hashicorp/aws","schema_version":0,"values":{"arn":"arn:aws:rds:us-east-1:513410254332:subgrp:panda-db-subnet-a-b","description":"Managed by Terraform","id":"panda-db-subnet-a-b","name":"panda-db-subnet-a-b","name_prefix":"","subnet_ids":["subnet-0c48a9d9292782465","subnet-0d173725643e87c49"],"supported_network_types":["IPV4"],"tags":{},"tags_all":{},"vpc_id":"vpc-0ed9c7463763df965"},"sensitive_values":{"subnet_ids":[false,false],"supported_network_types":[false],"tags":{},"tags_all":{}},"depends_on":["module.security-group.aws_security_group.alb_sg","module.security-group.aws_security_group.client_sg","module.security-group.aws_security_group.db_sg","module.security-group.aws_security_group.internal_alb_sg","module.security-group.aws_security_group.server_sg","module.vpc.aws_internet_gateway.internet_gateway","module.vpc.aws_route_table.public_route_table","module.vpc.aws_route_table_association.pub-sub-1a_route_table_association","module.vpc.aws_route_table_association.pub-sub-2-b_route_table_association","module.vpc.aws_subnet.pri_sub_3a","module.vpc.aws_subnet.pri_sub_4b","module.vpc.aws_subnet.pri_sub_5a","module.vpc.aws_subnet.pri_sub_6b","module.vpc.aws_subnet.pri_sub_7a","module.vpc.aws_subnet.pri_sub_8b","module.vpc.aws_subnet.pub_sub_1a","module.vpc.aws_subnet.pub_sub_2b","module.vpc.aws_vpc.vpc","module.vpc.data.aws_availability_zones.available_zones"]}],"address":"module.rds"},{"resources":[{"address":"module.route53.data.aws_route53_zone.public-zone","mode":"data","type":"aws_route53_zone","name":"public-zone","provider_name":"registry.terraform.io/hashicorp/aws","schema_version":0,"values":{"arn":"arn:aws:route53:::hostedzone/Z01883253QKY9CDJWMTTM","caller_reference":"62abbaba-598c-448a-9a31-e7b267070082","comment":"development sandbox domain from me","id":"Z01883253QKY9CDJWMTTM","linked_service_description":null,"linked_service_principal":null,"name":"devsandbox.space","name_servers":["ns-49.awsdns-06.com","ns-1775.awsdns-29.co.uk","ns-1305.awsdns-35.org","ns-976.awsdns-58.net"],"primary_name_server":"ns-49.awsdns-06.com","private_zone":false,"resource_record_set_count":6,"tags":{"Name":"dev-sandbox"},"vpc_id":null,"zone_id":"Z01883253QKY9CDJWMTTM"},"sensitive_values":{"name_servers":[false,false,false,false],"tags":{}}},{"address":"module.route53.aws_acm_certificate.cert","mode":"managed","type":"aws_acm_certificate","name":"cert","provider_name":"registry.terraform.io/hashicorp/aws","schema_version":0,"values":{"arn":"arn:aws:acm:us-east-1:513410254332:certificate/43ac9a5a-1c1c-4e1c-807d-17318e3329eb","certificate_authority_arn":"","certificate_body":null,"certificate_chain":null,"domain_name":"devsandbox.space","domain_validation_options":[{"domain_name":"devsandbox.space","resource_record_name":"_b826de41894a255c19d48867f1c62d58.devsandbox.space.","resource_record_type":"CNAME","resource_record_value":"_cb3b95319b5da6ef31e4fc91b8f839ef.xlfgrmvvlj.acm-validations.aws."},{"domain_name":"www.devsandbox.space","resource_record_name":"_f6059a8ecf70bca8020a97e1ebecfcc2.www.devsandbox.space.","resource_record_type":"CNAME","resource_record_value":"_e50336ead38ce4b427ce78480c979697.xlfgrmvvlj.acm-validations.aws."}],"early_renewal_duration":"","id":"arn:aws:acm:us-east-1:513410254332:certificate/43ac9a5a-1c1c-4e1c-807d-17318e3329eb","key_algorithm":"RSA_2048","not_after":"2026-11-21T23:59:59Z","not_before":"2025-10-23T00:00:00Z","options":[{"certificate_transparency_logging_preference":"ENABLED"}],"pending_renewal":false,"private_key":null,"renewal_eligibility":"ELIGIBLE","renewal_summary":[],"status":"ISSUED","subject_alternative_names":["devsandbox.space","www.devsandbox.space"],"tags":{"Environment":"test"},"tags_all":{"Environment":"test"},"type":"AMAZON_ISSUED","validation_emails":[],"validation_method":"DNS","validation_option":[]},"sensitive_values":{"domain_validation_options":[{},{}],"options":[{}],"private_key":true,"renewal_summary":[],"subject_alternative_names":[false,false],"tags":{},"tags_all":{},"validation_emails":[],"validation_option":[]}},{"address":"module.route53.aws_acm_certificate_validation.cert_validation","mode":"managed","type":"aws_acm_certificate_validation","name":"cert_validation","provider_name":"registry.terraform.io/hashicorp/aws","schema_version":0,"values":{"certificate_arn":"arn:aws:acm:us-east-1:513410254332:certificate/43ac9a5a-1c1c-4e1c-807d-17318e3329eb","id":"2025-10-23 12:12:14.045 +0000 UTC","timeouts":{"create":"5m"},"validation_record_fqdns":["_b826de41894a255c19d48867f1c62d58.devsandbox.space","_f6059a8ecf70bca8020a97e1ebecfcc2.www.devsandbox.space"]},"sensitive_values":{"timeouts":{},"validation_record_fqdns":[false,false]},"depends_on":["module.route53.aws_acm_certificate.cert","module.route53.aws_route53_record.cert_validation_record","module.route53.data.aws_route53_zone.public-zone"]},{"address":"module.route53.aws_route53_record.cert_validation_record[\"devsandbox.space\"]","mode":"managed","type":"aws_route53_record","name":"cert_validation_record","index":"devsandbox.space","provider_name":"registry.terraform.io/hashicorp/aws","schema_version":2,"values":{"alias":[],"allow_overwrite":true,"cidr_routing_policy":[],"failover_routing_policy":[],"fqdn":"_b826de41894a255c19d48867f1c62d58.devsandbox.space","geolocation_routing_policy":[],"health_check_id":"","id":"Z01883253QKY9CDJWMTTM__b826de41894a255c19d48867f1c62d58.devsandbox.space._CNAME","latency_routing_policy":[],"multivalue_answer_routing_policy":false,"name":"_b826de41894a255c19d48867f1c62d58.devsandbox.space","records":["_cb3b95319b5da6ef31e4fc91b8f839ef.xlfgrmvvlj.acm-validations.aws."],"set_identifier":"","ttl":60,"type":"CNAME","weighted_routing_policy":[],"zone_id":"Z01883253QKY9CDJWMTTM"},"sensitive_values":{"alias":[],"cidr_routing_policy":[],"failover_routing_policy":[],"geolocation_routing_policy":[],"latency_routing_policy":[],"records":[false],"weighted_routing_policy":[]},"depends_on":["module.route53.aws_acm_certificate.cert","module.route53.data.aws_route53_zone.public-zone"]},{"address":"module.route53.aws_route53_record.cert_validation_record[\"www.devsandbox.space\"]","mode":"managed","type":"aws_route53_record","name":"cert_validation_record","index":"www.devsandbox.space","provider_name":"registry.terraform.io/hashicorp/aws","schema_version":2,"values":{"alias":[],"allow_overwrite":true,"cidr_routing_policy":[],"failover_routing_policy":[],"fqdn":"_f6059a8ecf70bca8020a97e1ebecfcc2.www.devsandbox.space","geolocation_routing_policy":[],"health_check_id":"","id":"Z01883253QKY9CDJWMTTM__f6059a8ecf70bca8020a97e1ebecfcc2.www.devsandbox.space._CNAME","latency_routing_policy":[],"multivalue_answer_routing_policy":false,"name":"_f6059a8ecf70bca8020a97e1ebecfcc2.www.devsandbox.space","records":["_e50336ead38ce4b427ce78480c979697.xlfgrmvvlj.acm-validations.aws."],"set_identifier":"","ttl":60,"type":"CNAME","weighted_routing_policy":[],"zone_id":"Z01883253QKY9CDJWMTTM"},"sensitive_values":{"alias":[],"cidr_routing_policy":[],"failover_routing_policy":[],"geolocation_routing_policy":[],"latency_routing_policy":[],"records":[false],"weighted_routing_policy":[]},"depends_on":["module.route53.aws_acm_certificate.cert","module.route53.data.aws_route53_zone.public-zone"]},{"address":"module.route53.aws_route53_record.cloudfront[\"www.devsandbox.space\"]","mode":"managed","type":"aws_route53_record","name":"cloudfront","index":"www.devsandbox.space","provider_name":"registry.terraform.io/hashicorp/aws","schema_version":2,"values":{"alias":[{"evaluate_target_health":false,"name":"d13rolzhpu3gtp.cloudfront.net","zone_id":"Z2FDTNDATAQYW2"}],"allow_overwrite":null,"cidr_routing_policy":[],"failover_routing_policy":[],"fqdn":"www.devsandbox.space","geolocation_routing_policy":[],"health_check_id":"","id":"Z01883253QKY9CDJWMTTM_www.devsandbox.space_A","latency_routing_policy":[],"multivalue_answer_routing_policy":false,"name":"www.devsandbox.space","records":[],"set_identifier":"","ttl":0,"type":"A","weighted_routing_policy":[],"zone_id":"Z01883253QKY9CDJWMTTM"},"sensitive_values":{"alias":[{}],"cidr_routing_policy":[],"failover_routing_policy":[],"geolocation_routing_policy":[],"latency_routing_policy":[],"records":[],"weighted_routing_policy":[]},"depends_on":["module.alb.aws_lb.application_load_balancer","module.alb.aws_lb.internal_application_load_balancer","module.alb.aws_lb_listener.alb_http_listener","module.alb.aws_lb_listener.internal_alb_http_listener","module.alb.aws_lb_target_group.alb_target_group","module.alb.aws_lb_target_group.internal_alb_target_group","module.asg.aws_autoscaling_group.asg_name","module.asg.aws_autoscaling_group.server_asg_name","module.asg.aws_autoscaling_policy.scale_down","module.asg.aws_autoscaling_policy.scale_up","module.asg.aws_autoscaling_policy.server_scale_down","module.asg.aws_autoscaling_policy.server_scale_up","module.asg.aws_cloudwatch_metric_alarm.scale_down_alarm","module.asg.aws_cloudwatch_metric_alarm.scale_up_alarm","module.asg.aws_cloudwatch_metric_alarm.server_scale_down_alarm","module.asg.aws_cloudwatch_metric_alarm.server_scale_up_alarm","module.asg.aws_launch_template.lt_name","module.asg.aws_launch_template.server_lt_name","module.asg.data.aws_ami.latest_amazon_linux","module.aws_secret.aws_secretsmanager_secret.db_secret","module.cloudfront.aws_cloudfront_distribution.my_distribution","module.cloudfront.data.aws_acm_certificate.issued","module.iam_role.aws_flow_log.example_vpc_flow_log","module.iam_role.aws_iam_instance_profile.s3_ssm_cw_profile","module.iam_role.aws_iam_policy.cloudwatch_agent_policy","module.iam_role.aws_iam_role.s3_ssm_CW_role","module.iam_role.aws_iam_role.vpc_flow_logs_role","module.iam_role.aws_iam_role_policy_attachment.cloudwatch_agent_attachment","module.iam_role.aws_iam_role_policy_attachment.s3_readonly_attach","module.iam_role.aws_iam_role_policy_attachment.secret_manager-ReadWrite","module.iam_role.aws_iam_role_policy_attachment.ssm_core_attach","module.iam_role.aws_iam_role_policy_attachment.ssmparameter_read_only","module.iam_role.aws_s3_bucket.vpc_flow_logs_bucket","module.iam_role.aws_s3_bucket_acl.acl","module.iam_role.aws_s3_bucket_ownership_controls.vpc_flow_logs","module.iam_role.aws_s3_bucket_policy.vpc_flow_logs","module.iam_role.aws_s3_bucket_public_access_block.vpc_flow_logs","module.iam_role.aws_s3_bucket_server_side_encryption_configuration.SSE_config","module.iam_role.data.aws_caller_identity.current","module.nat_instance.aws_instance.nat_ec2_instance","module.nat_instance.aws_route_table.pri-rt-a","module.nat_instance.aws_route_table.pri-rt-b","module.nat_instance.aws_route_table_association.pri-sub-3a-with-Pri-rt-a","module.nat_instance.aws_route_table_association.pri-sub-4b-with-Pri-rt-b","module.nat_instance.aws_route_table_association.pri-sub-5a-with-pri-rt-b","module.nat_instance.aws_route_table_association.pri-sub-6b-with-pri-rt-b","module.nat_instance.aws_security_group.nat_ec2_sg","module.nat_instance.data.aws_ami.latest_amazon_linux","module.rds.aws_db_instance.panda-database","module.rds.aws_db_subnet_group.db-subnet","module.route53.data.aws_route53_zone.public-zone","module.s3.aws_s3_bucket.panda-bucket","module.s3.aws_s3_object.app_code_upload","module.security-group.aws_security_group.alb_sg","module.security-group.aws_security_group.client_sg","module.security-group.aws_security_group.db_sg","module.security-group.aws_security_group.internal_alb_sg","module.security-group.aws_security_group.server_sg","module.vpc.aws_internet_gateway.internet_gateway","module.vpc.aws_route_table.public_route_table","module.vpc.aws_route_table_association.pub-sub-1a_route_table_association","module.vpc.aws_route_table_association.pub-sub-2-b_route_table_association","module.vpc.aws_subnet.pri_sub_3a","module.vpc.aws_subnet.pri_sub_4b","module.vpc.aws_subnet.pri_sub_5a","module.vpc.aws_subnet.pri_sub_6b","module.vpc.aws_subnet.pri_sub_7a","module.vpc.aws_subnet.pri_sub_8b","module.vpc.aws_subnet.pub_sub_1a","module.vpc.aws_subnet.pub_sub_2b","module.vpc.aws_vpc.vpc","module.vpc.data.aws_availability_zones.available_zones"]},{"address":"module.route53.aws_route53_record.cloudfront_record","mode":"managed","type":"aws_route53_record","name":"cloudfront_record","provider_name":"registry.terraform.io/hashicorp/aws","schema_version":2,"values":{"alias":[{"evaluate_target_health":false,"name":"d13rolzhpu3gtp.cloudfront.net","zone_id":"Z2FDTNDATAQYW2"}],"allow_overwrite":null,"cidr_routing_policy":[],"failover_routing_policy":[],"fqdn":"devsandbox.space","geolocation_routing_policy":[],"health_check_id":"","id":"Z01883253QKY9CDJWMTTM_devsandbox.space_A","latency_routing_policy":[],"multivalue_answer_routing_policy":false,"name":"devsandbox.space","records":[],"set_identifier":"","ttl":0,"type":"A","weighted_routing_policy":[],"zone_id":"Z01883253QKY9CDJWMTTM"},"sensitive_values":{"alias":[{}],"cidr_routing_policy":[],"failover_routing_policy":[],"geolocation_routing_policy":[],"latency_routing_policy":[],"records":[],"weighted_routing_policy":[]},"depends_on":["module.alb.aws_lb.application_load_balancer","module.alb.aws_lb.internal_application_load_balancer","module.alb.aws_lb_listener.alb_http_listener","module.alb.aws_lb_listener.internal_alb_http_listener","module.alb.aws_lb_target_group.alb_target_group","module.alb.aws_lb_target_group.internal_alb_target_group","module.asg.aws_autoscaling_group.asg_name","module.asg.aws_autoscaling_group.server_asg_name","module.asg.aws_autoscaling_policy.scale_down","module.asg.aws_autoscaling_policy.scale_up","module.asg.aws_autoscaling_policy.server_scale_down","module.asg.aws_autoscaling_policy.server_scale_up","module.asg.aws_cloudwatch_metric_alarm.scale_down_alarm","module.asg.aws_cloudwatch_metric_alarm.scale_up_alarm","module.asg.aws_cloudwatch_metric_alarm.server_scale_down_alarm","module.asg.aws_cloudwatch_metric_alarm.server_scale_up_alarm","module.asg.aws_launch_template.lt_name","module.asg.aws_launch_template.server_lt_name","module.asg.data.aws_ami.latest_amazon_linux","module.aws_secret.aws_secretsmanager_secret.db_secret","module.cloudfront.aws_cloudfront_distribution.my_distribution","module.cloudfront.data.aws_acm_certificate.issued","module.iam_role.aws_flow_log.example_vpc_flow_log","module.iam_role.aws_iam_instance_profile.s3_ssm_cw_profile","module.iam_role.aws_iam_policy.cloudwatch_agent_policy","module.iam_role.aws_iam_role.s3_ssm_CW_role","module.iam_role.aws_iam_role.vpc_flow_logs_role","module.iam_role.aws_iam_role_policy_attachment.cloudwatch_agent_attachment","module.iam_role.aws_iam_role_policy_attachment.s3_readonly_attach","module.iam_role.aws_iam_role_policy_attachment.secret_manager-ReadWrite","module.iam_role.aws_iam_role_policy_attachment.ssm_core_attach","module.iam_role.aws_iam_role_policy_attachment.ssmparameter_read_only","module.iam_role.aws_s3_bucket.vpc_flow_logs_bucket","module.iam_role.aws_s3_bucket_acl.acl","module.iam_role.aws_s3_bucket_ownership_controls.vpc_flow_logs","module.iam_role.aws_s3_bucket_policy.vpc_flow_logs","module.iam_role.aws_s3_bucket_public_access_block.vpc_flow_logs","module.iam_role.aws_s3_bucket_server_side_encryption_configuration.SSE_config","module.iam_role.data.aws_caller_identity.current","module.nat_instance.aws_instance.nat_ec2_instance","module.nat_instance.aws_route_table.pri-rt-a","module.nat_instance.aws_route_table.pri-rt-b","module.nat_instance.aws_route_table_association.pri-sub-3a-with-Pri-rt-a","module.nat_instance.aws_route_table_association.pri-sub-4b-with-Pri-rt-b","module.nat_instance.aws_route_table_association.pri-sub-5a-with-pri-rt-b","module.nat_instance.aws_route_table_association.pri-sub-6b-with-pri-rt-b","module.nat_instance.aws_security_group.nat_ec2_sg","module.nat_instance.data.aws_ami.latest_amazon_linux","module.rds.aws_db_instance.panda-database","module.rds.aws_db_subnet_group.db-subnet","module.route53.data.aws_route53_zone.public-zone","module.s3.aws_s3_bucket.panda-bucket","module.s3.aws_s3_object.app_code_upload","module.security-group.aws_security_group.alb_sg","module.security-group.aws_security_group.client_sg","module.security-group.aws_security_group.db_sg","module.security-group.aws_security_group.internal_alb_sg","module.security-group.aws_security_group.server_sg","module.vpc.aws_internet_gateway.internet_gateway","module.vpc.aws_route_table.public_route_table","module.vpc.aws_route_table_association.pub-sub-1a_route_table_association","module.vpc.aws_route_table_association.pub-sub-2-b_route_table_association","module.vpc.aws_subnet.pri_sub_3a","module.vpc.aws_subnet.pri_sub_4b","module.vpc.aws_subnet.pri_sub_5a","module.vpc.aws_subnet.pri_sub_6b","module.vpc.aws_subnet.pri_sub_7a","module.vpc.aws_subnet.pri_sub_8b","module.vpc.aws_subnet.pub_sub_1a","module.vpc.aws_subnet.pub_sub_2b","module.vpc.aws_vpc.vpc","module.vpc.data.aws_availability_zones.available_zones"]}],"address":"module.route53"},{"resources":[{"address":"module.s3.aws_s3_bucket.panda-bucket","mode":"managed","type":"aws_s3_bucket","name":"panda-bucket","provider_name":"registry.terraform.io/hashicorp/aws","schema_version":0,"values":{"acceleration_status":"","acl":null,"arn":"arn:aws:s3:::panda-files-app","bucket":"panda-files-app","bucket_domain_name":"panda-files-app.s3.amazonaws.com","bucket_prefix":"","bucket_regional_domain_name":"panda-files-app.s3.amazonaws.com","cors_rule":[],"force_destroy":true,"grant":[{"id":"1b8188c46fd8935275c8f66d99e3c7fda4fc46ac42327479ee84342e70e029cb","permissions":["FULL_CONTROL"],"type":"CanonicalUser","uri":""}],"hosted_zone_id":"Z3AQBSTGFYJSTF","id":"panda-files-app","lifecycle_rule":[],"logging":[],"object_lock_configuration":[],"object_lock_enabled":false,"policy":"","region":"us-east-1","replication_configuration":[],"request_payer":"BucketOwner","server_side_encryption_configuration":[{"rule":[{"apply_server_side_encryption_by_default":[{"kms_master_key_id":"","sse_algorithm":"AES256"}],"bucket_key_enabled":false}]}],"tags":{"Environment":"Dev","Name":"panda-files-app-files"},"tags_all":{"Environment":"Dev","Name":"panda-files-app-files"},"timeouts":null,"versioning":[{"enabled":false,"mfa_delete":false}],"website":[],"website_domain":null,"website_endpoint":null},"sensitive_values":{"cors_rule":[],"grant":[{"permissions":[false]}],"lifecycle_rule":[],"logging":[],"object_lock_configuration":[],"replication_configuration":[],"server_side_encryption_configuration":[{"rule":[{"apply_server_side_encryption_by_default":[{}]}]}],"tags":{},"tags_all":{},"versioning":[{}],"website":[]}},{"address":"module.s3.aws_s3_object.app_code_upload[\"app-tier/DbConfig.js\"]","mode":"managed","type":"aws_s3_object","name":"app_code_upload","index":"app-tier/DbConfig.js","provider_name":"registry.terraform.io/hashicorp/aws","schema_version":0,"values":{"acl":"private","bucket":"panda-files-app","bucket_key_enabled":false,"cache_control":"","content":null,"content_base64":null,"content_disposition":"","content_encoding":"","content_language":"","content_type":"binary/octet-stream","etag":"33fbbfc604edd63dcdbb914c2f59f909","force_destroy":false,"id":"application-code/app-tier/DbConfig.js","key":"application-code/app-tier/DbConfig.js","kms_key_id":null,"metadata":{},"object_lock_legal_hold_status":"","object_lock_mode":"","object_lock_retain_until_date":"","server_side_encryption":"AES256","source":"./application-code/application-code/app-tier/DbConfig.js","source_hash":null,"storage_class":"STANDARD","tags":{},"tags_all":{},"version_id":"","website_redirect":""},"sensitive_values":{"metadata":{},"tags":{},"tags_all":{}},"depends_on":["module.s3.aws_s3_bucket.panda-bucket"]},{"address":"module.s3.aws_s3_object.app_code_upload[\"app-tier/DbConfigParamater.js\"]","mode":"managed","type":"aws_s3_object","name":"app_code_upload","index":"app-tier/DbConfigParamater.js","provider_name":"registry.terraform.io/hashicorp/aws","schema_version":0,"values":{"acl":"private","bucket":"panda-files-app","bucket_key_enabled":false,"cache_control":"","content":null,"content_base64":null,"content_disposition":"","content_encoding":"","content_language":"","content_type":"binary/octet-stream","etag":"de5af0f30dc8d0fd89eaecad369e2a4d","force_destroy":false,"id":"application-code/app-tier/DbConfigParamater.js","key":"application-code/app-tier/DbConfigParamater.js","kms_key_id":null,"metadata":{},"object_lock_legal_hold_status":"","object_lock_mode":"","object_lock_retain_until_date":"","server_side_encryption":"AES256","source":"./application-code/application-code/app-tier/DbConfigParamater.js","source_hash":null,"storage_class":"STANDARD","tags":{},"tags_all":{},"version_id":"","website_redirect":""},"sensitive_values":{"metadata":{},"tags":{},"tags_all":{}},"depends_on":["module.s3.aws_s3_bucket.panda-bucket"]},{"address":"module.s3.aws_s3_object.app_code_upload[\"app-tier/README.md\"]","mode":"managed","type":"aws_s3_object","name":"app_code_upload","index":"app-tier/README.md","provider_name":"registry.terraform.io/hashicorp/aws","schema_version":0,"values":{"acl":"private","bucket":"panda-files-app","bucket_key_enabled":false,"cache_control":"","content":null,"content_base64":null,"content_disposition":"","content_encoding":"","content_language":"","content_type":"binary/octet-stream","etag":"ee26df7183085c627e5bda5360b78e44","force_destroy":false,"id":"application-code/app-tier/README.md","key":"application-code/app-tier/README.md","kms_key_id":null,"metadata":{},"object_lock_legal_hold_status":"","object_lock_mode":"","object_lock_retain_until_date":"","server_side_encryption":"AES256","source":"./application-code/application-code/app-tier/README.md","source_hash":null,"storage_class":"STANDARD","tags":{},"tags_all":{},"version_id":"","website_redirect":""},"sensitive_values":{"metadata":{},"tags":{},"tags_all":{}},"depends_on":["module.s3.aws_s3_bucket.panda-bucket"]},{"address":"module.s3.aws_s3_object.app_code_upload[\"app-tier/TransactionService.js\"]","mode":"managed","type":"aws_s3_object","name":"app_code_upload","index":"app-tier/TransactionService.js","provider_name":"registry.terraform.io/hashicorp/aws","schema_version":0,"values":{"acl":"private","bucket":"panda-files-app","bucket_key_enabled":false,"cache_control":"","content":null,"content_base64":null,"content_disposition":"","content_encoding":"","content_language":"","content_type":"binary/octet-stream","etag":"e8d86d592753e1fc582f2dc293268d93","force_destroy":false,"id":"application-code/app-tier/TransactionService.js","key":"application-code/app-tier/TransactionService.js","kms_key_id":null,"metadata":{},"object_lock_legal_hold_status":"","object_lock_mode":"","object_lock_retain_until_date":"","server_side_encryption":"AES256","source":"./application-code/application-code/app-tier/TransactionService.js","source_hash":null,"storage_class":"STANDARD","tags":{},"tags_all":{},"version_id":"","website_redirect":""},"sensitive_values":{"metadata":{},"tags":{},"tags_all":{}},"depends_on":["module.s3.aws_s3_bucket.panda-bucket"]},{"address":"module.s3.aws_s3_object.app_code_upload[\"app-tier/appdb.sql\"]","mode":"managed","type":"aws_s3_object","name":"app_code_upload","index":"app-tier/appdb.sql","provider_name":"registry.terraform.io/hashicorp/aws","schema_version":0,"values":{"acl":"private","bucket":"panda-files-app","bucket_key_enabled":false,"cache_control":"","content":null,"content_base64":null,"content_disposition":"","content_encoding":"","content_language":"","content_type":"binary/octet-stream","etag":"efccc0319b742e9208873e13cbbe1f06","force_destroy":false,"id":"application-code/app-tier/appdb.sql","key":"application-code/app-tier/appdb.sql","kms_key_id":null,"metadata":{},"object_lock_legal_hold_status":"","object_lock_mode":"","object_lock_retain_until_date":"","server_side_encryption":"AES256","source":"./application-code/application-code/app-tier/appdb.sql","source_hash":null,"storage_class":"STANDARD","tags":{},"tags_all":{},"version_id":"","website_redirect":""},"sensitive_values":{"metadata":{},"tags":{},"tags_all":{}},"depends_on":["module.s3.aws_s3_bucket.panda-bucket"]},{"address":"module.s3.aws_s3_object.app_code_upload[\"app-tier/index.js\"]","mode":"managed","type":"aws_s3_object","name":"app_code_upload","index":"app-tier/index.js","provider_name":"registry.terraform.io/hashicorp/aws","schema_version":0,"values":{"acl":"private","bucket":"panda-files-app","bucket_key_enabled":false,"cache_control":"","content":null,"content_base64":null,"content_disposition":"","content_encoding":"","content_language":"","content_type":"binary/octet-stream","etag":"b2c79ba7fd87a1b51221130e2c387a65","force_destroy":false,"id":"application-code/app-tier/index.js","key":"application-code/app-tier/index.js","kms_key_id":null,"metadata":{},"object_lock_legal_hold_status":"","object_lock_mode":"","object_lock_retain_until_date":"","server_side_encryption":"AES256","source":"./application-code/application-code/app-tier/index.js","source_hash":null,"storage_class":"STANDARD","tags":{},"tags_all":{},"version_id":"","website_redirect":""},"sensitive_values":{"metadata":{},"tags":{},"tags_all":{}},"depends_on":["module.s3.aws_s3_bucket.panda-bucket"]},{"address":"module.s3.aws_s3_object.app_code_upload[\"app-tier/package-lock.json\"]","mode":"managed","type":"aws_s3_object","name":"app_code_upload","index":"app-tier/package-lock.json","provider_name":"registry.terraform.io/hashicorp/aws","schema_version":0,"values":{"acl":"private","bucket":"panda-files-app","bucket_key_enabled":false,"cache_control":"","content":null,"content_base64":null,"content_disposition":"","content_encoding":"","content_language":"","content_type":"binary/octet-stream","etag":"d6592d4b62be9b5487ea71a435055dc4","force_destroy":false,"id":"application-code/app-tier/package-lock.json","key":"application-code/app-tier/package-lock.json","kms_key_id":null,"metadata":{},"object_lock_legal_hold_status":"","object_lock_mode":"","object_lock_retain_until_date":"","server_side_encryption":"AES256","source":"./application-code/application-code/app-tier/package-lock.json","source_hash":null,"storage_class":"STANDARD","tags":{},"tags_all":{},"version_id":"","website_redirect":""},"sensitive_values":{"metadata":{},"tags":{},"tags_all":{}},"depends_on":["module.s3.aws_s3_bucket.panda-bucket"]},{"address":"module.s3.aws_s3_object.app_code_upload[\"app-tier/package.json\"]","mode":"managed","type":"aws_s3_object","name":"app_code_upload","index":"app-tier/package.json","provider_name":"registry.terraform.io/hashicorp/aws","schema_version":0,"values":{"acl":"private","bucket":"panda-files-app","bucket_key_enabled":false,"cache_control":"","content":null,"content_base64":null,"content_disposition":"","content_encoding":"","content_language":"","content_type":"binary/octet-stream","etag":"ed9a1d43b1bc75150abb0111cb780fea","force_destroy":false,"id":"application-code/app-tier/package.json","key":"application-code/app-tier/package.json","kms_key_id":null,"metadata":{},"object_lock_legal_hold_status":"","object_lock_mode":"","object_lock_retain_until_date":"","server_side_encryption":"AES256","source":"./application-code/application-code/app-tier/package.json","source_hash":null,"storage_class":"STANDARD","tags":{},"tags_all":{},"version_id":"","website_redirect":""},"sensitive_values":{"metadata":{},"tags":{},"tags_all":{}},"depends_on":["module.s3.aws_s3_bucket.panda-bucket"]},{"address":"module.s3.aws_s3_object.app_code_upload[\"nginx.conf\"]","mode":"managed","type":"aws_s3_object","name":"app_code_upload","index":"nginx.conf","provider_name":"registry.terraform.io/hashicorp/aws","schema_version":0,"values":{"acl":"private","bucket":"panda-files-app","bucket_key_enabled":false,"cache_control":"","content":null,"content_base64":null,"content_disposition":"","content_encoding":"","content_language":"","content_type":"binary/octet-stream","etag":"621b719532f6d2b391605cd9be30c6a4","force_destroy":false,"id":"application-code/nginx.conf","key":"application-code/nginx.conf","kms_key_id":null,"metadata":{},"object_lock_legal_hold_status":"","object_lock_mode":"","object_lock_retain_until_date":"","server_side_encryption":"AES256","source":"./application-code/application-code/nginx.conf","source_hash":null,"storage_class":"STANDARD","tags":{},"tags_all":{},"version_id":"","website_redirect":""},"sensitive_values":{"metadata":{},"tags":{},"tags_all":{}},"depends_on":["module.s3.aws_s3_bucket.panda-bucket"]},{"address":"module.s3.aws_s3_object.app_code_upload[\"web-tier/README.md\"]","mode":"managed","type":"aws_s3_object","name":"app_code_upload","index":"web-tier/README.md","provider_name":"registry.terraform.io/hashicorp/aws","schema_version":0,"values":{"acl":"private","bucket":"panda-files-app","bucket_key_enabled":false,"cache_control":"","content":null,"content_base64":null,"content_disposition":"","content_encoding":"","content_language":"","content_type":"binary/octet-stream","etag":"c64ca2b5dc0ae30f3cf8ac05a46e998a","force_destroy":false,"id":"application-code/web-tier/README.md","key":"application-code/web-tier/README.md","kms_key_id":null,"metadata":{},"object_lock_legal_hold_status":"","object_lock_mode":"","object_lock_retain_until_date":"","server_side_encryption":"AES256","source":"./application-code/application-code/web-tier/README.md","source_hash":null,"storage_class":"STANDARD","tags":{},"tags_all":{},"version_id":"","website_redirect":""},"sensitive_values":{"metadata":{},"tags":{},"tags_all":{}},"depends_on":["module.s3.aws_s3_bucket.panda-bucket"]},{"address":"module.s3.aws_s3_object.app_code_upload[\"web-tier/package.json\"]","mode":"managed","type":"aws_s3_object","name":"app_code_upload","index":"web-tier/package.json","provider_name":"registry.terraform.io/hashicorp/aws","schema_version":0,"values":{"acl":"private","bucket":"panda-files-app","bucket_key_enabled":false,"cache_control":"","content":null,"content_base64":null,"content_disposition":"","content_encoding":"","content_language":"","content_type":"binary/octet-stream","etag":"48383a0576de4f3fb1977ef849b2eeed","force_destroy":false,"id":"application-code/web-tier/package.json","key":"application-code/web-tier/package.json","kms_key_id":null,"metadata":{},"object_lock_legal_hold_status":"","object_lock_mode":"","object_lock_retain_until_date":"","server_side_encryption":"AES256","source":"./application-code/application-code/web-tier/package.json","source_hash":null,"storage_class":"STANDARD","tags":{},"tags_all":{},"version_id":"","website_redirect":""},"sensitive_values":{"metadata":{},"tags":{},"tags_all":{}},"depends_on":["module.s3.aws_s3_bucket.panda-bucket"]},{"address":"module.s3.aws_s3_object.app_code_upload[\"web-tier/public/index.html\"]","mode":"managed","type":"aws_s3_object","name":"app_code_upload","index":"web-tier/public/index.html","provider_name":"registry.terraform.io/hashicorp/aws","schema_version":0,"values":{"acl":"private","bucket":"panda-files-app","bucket_key_enabled":false,"cache_control":"","content":null,"content_base64":null,"content_disposition":"","content_encoding":"","content_language":"","content_type":"binary/octet-stream","etag":"2713d23a48428953d282203441881094","force_destroy":false,"id":"application-code/web-tier/public/index.html","key":"application-code/web-tier/public/index.html","kms_key_id":null,"metadata":{},"object_lock_legal_hold_status":"","object_lock_mode":"","object_lock_retain_until_date":"","server_side_encryption":"AES256","source":"./application-code/application-code/web-tier/public/index.html","source_hash":null,"storage_class":"STANDARD","tags":{},"tags_all":{},"version_id":"","website_redirect":""},"sensitive_values":{"metadata":{},"tags":{},"tags_all":{}},"depends_on":["module.s3.aws_s3_bucket.panda-bucket"]},{"address":"module.s3.aws_s3_object.app_code_upload[\"web-tier/public/robots.txt\"]","mode":"managed","type":"aws_s3_object","name":"app_code_upload","index":"web-tier/public/robots.txt","provider_name":"registry.terraform.io/hashicorp/aws","schema_version":0,"values":{"acl":"private","bucket":"panda-files-app","bucket_key_enabled":false,"cache_control":"","content":null,"content_base64":null,"content_disposition":"","content_encoding":"","content_language":"","content_type":"binary/octet-stream","etag":"61c27d2cd39a713f7829422c3d9edcc7","force_destroy":false,"id":"application-code/web-tier/public/robots.txt","key":"application-code/web-tier/public/robots.txt","kms_key_id":null,"metadata":{},"object_lock_legal_hold_status":"","object_lock_mode":"","object_lock_retain_until_date":"","server_side_encryption":"AES256","source":"./application-code/application-code/web-tier/public/robots.txt","source_hash":null,"storage_class":"STANDARD","tags":{},"tags_all":{},"version_id":"","website_redirect":""},"sensitive_values":{"metadata":{},"tags":{},"tags_all":{}},"depends_on":["module.s3.aws_s3_bucket.panda-bucket"]},{"address":"module.s3.aws_s3_object.app_code_upload[\"web-tier/src/.DS_Store\"]","mode":"managed","type":"aws_s3_object","name":"app_code_upload","index":"web-tier/src/.DS_Store","provider_name":"registry.terraform.io/hashicorp/aws","schema_version":0,"values":{"acl":"private","bucket":"panda-files-app","bucket_key_enabled":false,"cache_control":"","content":null,"content_base64":null,"content_disposition":"","content_encoding":"","content_language":"","content_type":"binary/octet-stream","etag":"043538f594b20af06afac65638c12244","force_destroy":false,"id":"application-code/web-tier/src/.DS_Store","key":"application-code/web-tier/src/.DS_Store","kms_key_id":null,"metadata":{},"object_lock_legal_hold_status":"","object_lock_mode":"","object_lock_retain_until_date":"","server_side_encryption":"AES256","source":"./application-code/application-code/web-tier/src/.DS_Store","source_hash":null,"storage_class":"STANDARD","tags":{},"tags_all":{},"version_id":"","website_redirect":""},"sensitive_values":{"metadata":{},"tags":{},"tags_all":{}},"depends_on":["module.s3.aws_s3_bucket.panda-bucket"]},{"address":"module.s3.aws_s3_object.app_code_upload[\"web-tier/src/App.css\"]","mode":"managed","type":"aws_s3_object","name":"app_code_upload","index":"web-tier/src/App.css","provider_name":"registry.terraform.io/hashicorp/aws","schema_version":0,"values":{"acl":"private","bucket":"panda-files-app","bucket_key_enabled":false,"cache_control":"","content":null,"content_base64":null,"content_disposition":"","content_encoding":"","content_language":"","content_type":"binary/octet-stream","etag":"d13a52212899f79d8eaec9710ea53b39","force_destroy":false,"id":"application-code/web-tier/src/App.css","key":"application-code/web-tier/src/App.css","kms_key_id":null,"metadata":{},"object_lock_legal_hold_status":"","object_lock_mode":"","object_lock_retain_until_date":"","server_side_encryption":"AES256","source":"./application-code/application-code/web-tier/src/App.css","source_hash":null,"storage_class":"STANDARD","tags":{},"tags_all":{},"version_id":"","website_redirect":""},"sensitive_values":{"metadata":{},"tags":{},"tags_all":{}},"depends_on":["module.s3.aws_s3_bucket.panda-bucket"]},{"address":"module.s3.aws_s3_object.app_code_upload[\"web-tier/src/App.js\"]","mode":"managed","type":"aws_s3_object","name":"app_code_upload","index":"web-tier/src/App.js","provider_name":"registry.terraform.io/hashicorp/aws","schema_version":0,"values":{"acl":"private","bucket":"panda-files-app","bucket_key_enabled":false,"cache_control":"","content":null,"content_base64":null,"content_disposition":"","content_encoding":"","content_language":"","content_type":"binary/octet-stream","etag":"0ce5fe36ed49d37762aadb0a95fd2ae6","force_destroy":false,"id":"application-code/web-tier/src/App.js","key":"application-code/web-tier/src/App.js","kms_key_id":null,"metadata":{},"object_lock_legal_hold_status":"","object_lock_mode":"","object_lock_retain_until_date":"","server_side_encryption":"AES256","source":"./application-code/application-code/web-tier/src/App.js","source_hash":null,"storage_class":"STANDARD","tags":{},"tags_all":{},"version_id":"","website_redirect":""},"sensitive_values":{"metadata":{},"tags":{},"tags_all":{}},"depends_on":["module.s3.aws_s3_bucket.panda-bucket"]},{"address":"module.s3.aws_s3_object.app_code_upload[\"web-tier/src/App.test.js\"]","mode":"managed","type":"aws_s3_object","name":"app_code_upload","index":"web-tier/src/App.test.js","provider_name":"registry.terraform.io/hashicorp/aws","schema_version":0,"values":{"acl":"private","bucket":"panda-files-app","bucket_key_enabled":false,"cache_control":"","content":null,"content_base64":null,"content_disposition":"","content_encoding":"","content_language":"","content_type":"binary/octet-stream","etag":"83ca979af0e840672a4aa673b0c7be01","force_destroy":false,"id":"application-code/web-tier/src/App.test.js","key":"application-code/web-tier/src/App.test.js","kms_key_id":null,"metadata":{},"object_lock_legal_hold_status":"","object_lock_mode":"","object_lock_retain_until_date":"","server_side_encryption":"AES256","source":"./application-code/application-code/web-tier/src/App.test.js","source_hash":null,"storage_class":"STANDARD","tags":{},"tags_all":{},"version_id":"","website_redirect":""},"sensitive_values":{"metadata":{},"tags":{},"tags_all":{}},"depends_on":["module.s3.aws_s3_bucket.panda-bucket"]},{"address":"module.s3.aws_s3_object.app_code_upload[\"web-tier/src/assets/3TierArch.png\"]","mode":"managed","type":"aws_s3_object","name":"app_code_upload","index":"web-tier/src/assets/3TierArch.png","provider_name":"registry.terraform.io/hashicorp/aws","schema_version":0,"values":{"acl":"private","bucket":"panda-files-app","bucket_key_enabled":false,"cache_control":"","content":null,"content_base64":null,"content_disposition":"","content_encoding":"","content_language":"","content_type":"binary/octet-stream","etag":"f903537e49e4ce10607e4dc955ec8069","force_destroy":false,"id":"application-code/web-tier/src/assets/3TierArch.png","key":"application-code/web-tier/src/assets/3TierArch.png","kms_key_id":null,"metadata":{},"object_lock_legal_hold_status":"","object_lock_mode":"","object_lock_retain_until_date":"","server_side_encryption":"AES256","source":"./application-code/application-code/web-tier/src/assets/3TierArch.png","source_hash":null,"storage_class":"STANDARD","tags":{},"tags_all":{},"version_id":"","website_redirect":""},"sensitive_values":{"metadata":{},"tags":{},"tags_all":{}},"depends_on":["module.s3.aws_s3_bucket.panda-bucket"]},{"address":"module.s3.aws_s3_object.app_code_upload[\"web-tier/src/components/.DS_Store\"]","mode":"managed","type":"aws_s3_object","name":"app_code_upload","index":"web-tier/src/components/.DS_Store","provider_name":"registry.terraform.io/hashicorp/aws","schema_version":0,"values":{"acl":"private","bucket":"panda-files-app","bucket_key_enabled":false,"cache_control":"","content":null,"content_base64":null,"content_disposition":"","content_encoding":"","content_language":"","content_type":"binary/octet-stream","etag":"f8462d61a845bc6550b4ee37260002b6","force_destroy":false,"id":"application-code/web-tier/src/components/.DS_Store","key":"application-code/web-tier/src/components/.DS_Store","kms_key_id":null,"metadata":{},"object_lock_legal_hold_status":"","object_lock_mode":"","object_lock_retain_until_date":"","server_side_encryption":"AES256","source":"./application-code/application-code/web-tier/src/components/.DS_Store","source_hash":null,"storage_class":"STANDARD","tags":{},"tags_all":{},"version_id":"","website_redirect":""},"sensitive_values":{"metadata":{},"tags":{},"tags_all":{}},"depends_on":["module.s3.aws_s3_bucket.panda-bucket"]},{"address":"module.s3.aws_s3_object.app_code_upload[\"web-tier/src/components/Burger/Burger.js\"]","mode":"managed","type":"aws_s3_object","name":"app_code_upload","index":"web-tier/src/components/Burger/Burger.js","provider_name":"registry.terraform.io/hashicorp/aws","schema_version":0,"values":{"acl":"private","bucket":"panda-files-app","bucket_key_enabled":false,"cache_control":"","content":null,"content_base64":null,"content_disposition":"","content_encoding":"","content_language":"","content_type":"binary/octet-stream","etag":"a5d965b205409be80561f018b699adea","force_destroy":false,"id":"application-code/web-tier/src/components/Burger/Burger.js","key":"application-code/web-tier/src/components/Burger/Burger.js","kms_key_id":null,"metadata":{},"object_lock_legal_hold_status":"","object_lock_mode":"","object_lock_retain_until_date":"","server_side_encryption":"AES256","source":"./application-code/application-code/web-tier/src/components/Burger/Burger.js","source_hash":null,"storage_class":"STANDARD","tags":{},"tags_all":{},"version_id":"","website_redirect":""},"sensitive_values":{"metadata":{},"tags":{},"tags_all":{}},"depends_on":["module.s3.aws_s3_bucket.panda-bucket"]},{"address":"module.s3.aws_s3_object.app_code_upload[\"web-tier/src/components/Burger/Burger.styled.js\"]","mode":"managed","type":"aws_s3_object","name":"app_code_upload","index":"web-tier/src/components/Burger/Burger.styled.js","provider_name":"registry.terraform.io/hashicorp/aws","schema_version":0,"values":{"acl":"private","bucket":"panda-files-app","bucket_key_enabled":false,"cache_control":"","content":null,"content_base64":null,"content_disposition":"","content_encoding":"","content_language":"","content_type":"binary/octet-stream","etag":"b2a2b36bec8c7a1fb86c8c96c106dc10","force_destroy":false,"id":"application-code/web-tier/src/components/Burger/Burger.styled.js","key":"application-code/web-tier/src/components/Burger/Burger.styled.js","kms_key_id":null,"metadata":{},"object_lock_legal_hold_status":"","object_lock_mode":"","object_lock_retain_until_date":"","server_side_encryption":"AES256","source":"./application-code/application-code/web-tier/src/components/Burger/Burger.styled.js","source_hash":null,"storage_class":"STANDARD","tags":{},"tags_all":{},"version_id":"","website_redirect":""},"sensitive_values":{"metadata":{},"tags":{},"tags_all":{}},"depends_on":["module.s3.aws_s3_bucket.panda-bucket"]},{"address":"module.s3.aws_s3_object.app_code_upload[\"web-tier/src/components/Burger/index.js\"]","mode":"managed","type":"aws_s3_object","name":"app_code_upload","index":"web-tier/src/components/Burger/index.js","provider_name":"registry.terraform.io/hashicorp/aws","schema_version":0,"values":{"acl":"private","bucket":"panda-files-app","bucket_key_enabled":false,"cache_control":"","content":null,"content_base64":null,"content_disposition":"","content_encoding":"","content_language":"","content_type":"binary/octet-stream","etag":"6e4b039730ed4da56a4064232c202233","force_destroy":false,"id":"application-code/web-tier/src/components/Burger/index.js","key":"application-code/web-tier/src/components/Burger/index.js","kms_key_id":null,"metadata":{},"object_lock_legal_hold_status":"","object_lock_mode":"","object_lock_retain_until_date":"","server_side_encryption":"AES256","source":"./application-code/application-code/web-tier/src/components/Burger/index.js","source_hash":null,"storage_class":"STANDARD","tags":{},"tags_all":{},"version_id":"","website_redirect":""},"sensitive_values":{"metadata":{},"tags":{},"tags_all":{}},"depends_on":["module.s3.aws_s3_bucket.panda-bucket"]},{"address":"module.s3.aws_s3_object.app_code_upload[\"web-tier/src/components/DatabaseDemo/DatabaseDemo.css\"]","mode":"managed","type":"aws_s3_object","name":"app_code_upload","index":"web-tier/src/components/DatabaseDemo/DatabaseDemo.css","provider_name":"registry.terraform.io/hashicorp/aws","schema_version":0,"values":{"acl":"private","bucket":"panda-files-app","bucket_key_enabled":false,"cache_control":"","content":null,"content_base64":null,"content_disposition":"","content_encoding":"","content_language":"","content_type":"binary/octet-stream","etag":"ccbbea93949bbdc9215338ec1e53c762","force_destroy":false,"id":"application-code/web-tier/src/components/DatabaseDemo/DatabaseDemo.css","key":"application-code/web-tier/src/components/DatabaseDemo/DatabaseDemo.css","kms_key_id":null,"metadata":{},"object_lock_legal_hold_status":"","object_lock_mode":"","object_lock_retain_until_date":"","server_side_encryption":"AES256","source":"./application-code/application-code/web-tier/src/components/DatabaseDemo/DatabaseDemo.css","source_hash":null,"storage_class":"STANDARD","tags":{},"tags_all":{},"version_id":"","website_redirect":""},"sensitive_values":{"metadata":{},"tags":{},"tags_all":{}},"depends_on":["module.s3.aws_s3_bucket.panda-bucket"]},{"address":"module.s3.aws_s3_object.app_code_upload[\"web-tier/src/components/DatabaseDemo/DatabaseDemo.js\"]","mode":"managed","type":"aws_s3_object","name":"app_code_upload","index":"web-tier/src/components/DatabaseDemo/DatabaseDemo.js","provider_name":"registry.terraform.io/hashicorp/aws","schema_version":0,"values":{"acl":"private","bucket":"panda-files-app","bucket_key_enabled":false,"cache_control":"","content":null,"content_base64":null,"content_disposition":"","content_encoding":"","content_language":"","content_type":"binary/octet-stream","etag":"9ab2d96558ec2756e4c452cba6ee2cfd","force_destroy":false,"id":"application-code/web-tier/src/components/DatabaseDemo/DatabaseDemo.js","key":"application-code/web-tier/src/components/DatabaseDemo/DatabaseDemo.js","kms_key_id":null,"metadata":{},"object_lock_legal_hold_status":"","object_lock_mode":"","object_lock_retain_until_date":"","server_side_encryption":"AES256","source":"./application-code/application-code/web-tier/src/components/DatabaseDemo/DatabaseDemo.js","source_hash":null,"storage_class":"STANDARD","tags":{},"tags_all":{},"version_id":"","website_redirect":""},"sensitive_values":{"metadata":{},"tags":{},"tags_all":{}},"depends_on":["module.s3.aws_s3_bucket.panda-bucket"]},{"address":"module.s3.aws_s3_object.app_code_upload[\"web-tier/src/components/Home/Home.js\"]","mode":"managed","type":"aws_s3_object","name":"app_code_upload","index":"web-tier/src/components/Home/Home.js","provider_name":"registry.terraform.io/hashicorp/aws","schema_version":0,"values":{"acl":"private","bucket":"panda-files-app","bucket_key_enabled":false,"cache_control":"","content":null,"content_base64":null,"content_disposition":"","content_encoding":"","content_language":"","content_type":"binary/octet-stream","etag":"b772edaaa17e61f8f394ae63b304eaef","force_destroy":false,"id":"application-code/web-tier/src/components/Home/Home.js","key":"application-code/web-tier/src/components/Home/Home.js","kms_key_id":null,"metadata":{},"object_lock_legal_hold_status":"","object_lock_mode":"","object_lock_retain_until_date":"","server_side_encryption":"AES256","source":"./application-code/application-code/web-tier/src/components/Home/Home.js","source_hash":null,"storage_class":"STANDARD","tags":{},"tags_all":{},"version_id":"","website_redirect":""},"sensitive_values":{"metadata":{},"tags":{},"tags_all":{}},"depends_on":["module.s3.aws_s3_bucket.panda-bucket"]},{"address":"module.s3.aws_s3_object.app_code_upload[\"web-tier/src/components/Menu/Menu.js\"]","mode":"managed","type":"aws_s3_object","name":"app_code_upload","index":"web-tier/src/components/Menu/Menu.js","provider_name":"registry.terraform.io/hashicorp/aws","schema_version":0,"values":{"acl":"private","bucket":"panda-files-app","bucket_key_enabled":false,"cache_control":"","content":null,"content_base64":null,"content_disposition":"","content_encoding":"","content_language":"","content_type":"binary/octet-stream","etag":"dc803e695cfaaf3c7926e86f327d81b9","force_destroy":false,"id":"application-code/web-tier/src/components/Menu/Menu.js","key":"application-code/web-tier/src/components/Menu/Menu.js","kms_key_id":null,"metadata":{},"object_lock_legal_hold_status":"","object_lock_mode":"","object_lock_retain_until_date":"","server_side_encryption":"AES256","source":"./application-code/application-code/web-tier/src/components/Menu/Menu.js","source_hash":null,"storage_class":"STANDARD","tags":{},"tags_all":{},"version_id":"","website_redirect":""},"sensitive_values":{"metadata":{},"tags":{},"tags_all":{}},"depends_on":["module.s3.aws_s3_bucket.panda-bucket"]},{"address":"module.s3.aws_s3_object.app_code_upload[\"web-tier/src/components/Menu/Menu.styled.js\"]","mode":"managed","type":"aws_s3_object","name":"app_code_upload","index":"web-tier/src/components/Menu/Menu.styled.js","provider_name":"registry.terraform.io/hashicorp/aws","schema_version":0,"values":{"acl":"private","bucket":"panda-files-app","bucket_key_enabled":false,"cache_control":"","content":null,"content_base64":null,"content_disposition":"","content_encoding":"","content_language":"","content_type":"binary/octet-stream","etag":"0c08ea6a16e4d10b09ba5c67a1561193","force_destroy":false,"id":"application-code/web-tier/src/components/Menu/Menu.styled.js","key":"application-code/web-tier/src/components/Menu/Menu.styled.js","kms_key_id":null,"metadata":{},"object_lock_legal_hold_status":"","object_lock_mode":"","object_lock_retain_until_date":"","server_side_encryption":"AES256","source":"./application-code/application-code/web-tier/src/components/Menu/Menu.styled.js","source_hash":null,"storage_class":"STANDARD","tags":{},"tags_all":{},"version_id":"","website_redirect":""},"sensitive_values":{"metadata":{},"tags":{},"tags_all":{}},"depends_on":["module.s3.aws_s3_bucket.panda-bucket"]},{"address":"module.s3.aws_s3_object.app_code_upload[\"web-tier/src/components/Menu/index.js\"]","mode":"managed","type":"aws_s3_object","name":"app_code_upload","index":"web-tier/src/components/Menu/index.js","provider_name":"registry.terraform.io/hashicorp/aws","schema_version":0,"values":{"acl":"private","bucket":"panda-files-app","bucket_key_enabled":false,"cache_control":"","content":null,"content_base64":null,"content_disposition":"","content_encoding":"","content_language":"","content_type":"binary/octet-stream","etag":"a0d7779bf693d230afd821ba2785a0a3","force_destroy":false,"id":"application-code/web-tier/src/components/Menu/index.js","key":"application-code/web-tier/src/components/Menu/index.js","kms_key_id":null,"metadata":{},"object_lock_legal_hold_status":"","object_lock_mode":"","object_lock_retain_until_date":"","server_side_encryption":"AES256","source":"./application-code/application-code/web-tier/src/components/Menu/index.js","source_hash":null,"storage_class":"STANDARD","tags":{},"tags_all":{},"version_id":"","website_redirect":""},"sensitive_values":{"metadata":{},"tags":{},"tags_all":{}},"depends_on":["module.s3.aws_s3_bucket.panda-bucket"]},{"address":"module.s3.aws_s3_object.app_code_upload[\"web-tier/src/components/index.js\"]","mode":"managed","type":"aws_s3_object","name":"app_code_upload","index":"web-tier/src/components/index.js","provider_name":"registry.terraform.io/hashicorp/aws","schema_version":0,"values":{"acl":"private","bucket":"panda-files-app","bucket_key_enabled":false,"cache_control":"","content":null,"content_base64":null,"content_disposition":"","content_encoding":"","content_language":"","content_type":"binary/octet-stream","etag":"9754a556d58a9481d74e01a7cb1ff379","force_destroy":false,"id":"application-code/web-tier/src/components/index.js","key":"application-code/web-tier/src/components/index.js","kms_key_id":null,"metadata":{},"object_lock_legal_hold_status":"","object_lock_mode":"","object_lock_retain_until_date":"","server_side_encryption":"AES256","source":"./application-code/application-code/web-tier/src/components/index.js","source_hash":null,"storage_class":"STANDARD","tags":{},"tags_all":{},"version_id":"","website_redirect":""},"sensitive_values":{"metadata":{},"tags":{},"tags_all":{}},"depends_on":["module.s3.aws_s3_bucket.panda-bucket"]},{"address":"module.s3.aws_s3_object.app_code_upload[\"web-tier/src/global.js\"]","mode":"managed","type":"aws_s3_object","name":"app_code_upload","index":"web-tier/src/global.js","provider_name":"registry.terraform.io/hashicorp/aws","schema_version":0,"values":{"acl":"private","bucket":"panda-files-app","bucket_key_enabled":false,"cache_control":"","content":null,"content_base64":null,"content_disposition":"","content_encoding":"","content_language":"","content_type":"binary/octet-stream","etag":"8921ee2713f9fb38fb9c630cc1766904","force_destroy":false,"id":"application-code/web-tier/src/global.js","key":"application-code/web-tier/src/global.js","kms_key_id":null,"metadata":{},"object_lock_legal_hold_status":"","object_lock_mode":"","object_lock_retain_until_date":"","server_side_encryption":"AES256","source":"./application-code/application-code/web-tier/src/global.js","source_hash":null,"storage_class":"STANDARD","tags":{},"tags_all":{},"version_id":"","website_redirect":""},"sensitive_values":{"metadata":{},"tags":{},"tags_all":{}},"depends_on":["module.s3.aws_s3_bucket.panda-bucket"]},{"address":"module.s3.aws_s3_object.app_code_upload[\"web-tier/src/hooks.js\"]","mode":"managed","type":"aws_s3_object","name":"app_code_upload","index":"web-tier/src/hooks.js","provider_name":"registry.terraform.io/hashicorp/aws","schema_version":0,"values":{"acl":"private","bucket":"panda-files-app","bucket_key_enabled":false,"cache_control":"","content":null,"content_base64":null,"content_disposition":"","content_encoding":"","content_language":"","content_type":"binary/octet-stream","etag":"41d5a7e3d265564b7aa3c30180741b04","force_destroy":false,"id":"application-code/web-tier/src/hooks.js","key":"application-code/web-tier/src/hooks.js","kms_key_id":null,"metadata":{},"object_lock_legal_hold_status":"","object_lock_mode":"","object_lock_retain_until_date":"","server_side_encryption":"AES256","source":"./application-code/application-code/web-tier/src/hooks.js","source_hash":null,"storage_class":"STANDARD","tags":{},"tags_all":{},"version_id":"","website_redirect":""},"sensitive_values":{"metadata":{},"tags":{},"tags_all":{}},"depends_on":["module.s3.aws_s3_bucket.panda-bucket"]},{"address":"module.s3.aws_s3_object.app_code_upload[\"web-tier/src/index.css\"]","mode":"managed","type":"aws_s3_object","name":"app_code_upload","index":"web-tier/src/index.css","provider_name":"registry.terraform.io/hashicorp/aws","schema_version":0,"values":{"acl":"private","bucket":"panda-files-app","bucket_key_enabled":false,"cache_control":"","content":null,"content_base64":null,"content_disposition":"","content_encoding":"","content_language":"","content_type":"binary/octet-stream","etag":"7386d27f653921d6b5c3b54e0cd9d67d","force_destroy":false,"id":"application-code/web-tier/src/index.css","key":"application-code/web-tier/src/index.css","kms_key_id":null,"metadata":{},"object_lock_legal_hold_status":"","object_lock_mode":"","object_lock_retain_until_date":"","server_side_encryption":"AES256","source":"./application-code/application-code/web-tier/src/index.css","source_hash":null,"storage_class":"STANDARD","tags":{},"tags_all":{},"version_id":"","website_redirect":""},"sensitive_values":{"metadata":{},"tags":{},"tags_all":{}},"depends_on":["module.s3.aws_s3_bucket.panda-bucket"]},{"address":"module.s3.aws_s3_object.app_code_upload[\"web-tier/src/index.js\"]","mode":"managed","type":"aws_s3_object","name":"app_code_upload","index":"web-tier/src/index.js","provider_name":"registry.terraform.io/hashicorp/aws","schema_version":0,"values":{"acl":"private","bucket":"panda-files-app","bucket_key_enabled":false,"cache_control":"","content":null,"content_base64":null,"content_disposition":"","content_encoding":"","content_language":"","content_type":"binary/octet-stream","etag":"0f52bca8d3ae14f17fa443a1ab3c1ac3","force_destroy":false,"id":"application-code/web-tier/src/index.js","key":"application-code/web-tier/src/index.js","kms_key_id":null,"metadata":{},"object_lock_legal_hold_status":"","object_lock_mode":"","object_lock_retain_until_date":"","server_side_encryption":"AES256","source":"./application-code/application-code/web-tier/src/index.js","source_hash":null,"storage_class":"STANDARD","tags":{},"tags_all":{},"version_id":"","website_redirect":""},"sensitive_values":{"metadata":{},"tags":{},"tags_all":{}},"depends_on":["module.s3.aws_s3_bucket.panda-bucket"]},{"address":"module.s3.aws_s3_object.app_code_upload[\"web-tier/src/reportWebVitals.js\"]","mode":"managed","type":"aws_s3_object","name":"app_code_upload","index":"web-tier/src/reportWebVitals.js","provider_name":"registry.terraform.io/hashicorp/aws","schema_version":0,"values":{"acl":"private","bucket":"panda-files-app","bucket_key_enabled":false,"cache_control":"","content":null,"content_base64":null,"content_disposition":"","content_encoding":"","content_language":"","content_type":"binary/octet-stream","etag":"b528fd380de9b503eb5c84973639cca4","force_destroy":false,"id":"application-code/web-tier/src/reportWebVitals.js","key":"application-code/web-tier/src/reportWebVitals.js","kms_key_id":null,"metadata":{},"object_lock_legal_hold_status":"","object_lock_mode":"","object_lock_retain_until_date":"","server_side_encryption":"AES256","source":"./application-code/application-code/web-tier/src/reportWebVitals.js","source_hash":null,"storage_class":"STANDARD","tags":{},"tags_all":{},"version_id":"","website_redirect":""},"sensitive_values":{"metadata":{},"tags":{},"tags_all":{}},"depends_on":["module.s3.aws_s3_bucket.panda-bucket"]},{"address":"module.s3.aws_s3_object.app_code_upload[\"web-tier/src/setupTests.js\"]","mode":"managed","type":"aws_s3_object","name":"app_code_upload","index":"web-tier/src/setupTests.js","provider_name":"registry.terraform.io/hashicorp/aws","schema_version":0,"values":{"acl":"private","bucket":"panda-files-app","bucket_key_enabled":false,"cache_control":"","content":null,"content_base64":null,"content_disposition":"","content_encoding":"","content_language":"","content_type":"binary/octet-stream","etag":"72158175c4ba432ede32a7c2ca4143e0","force_destroy":false,"id":"application-code/web-tier/src/setupTests.js","key":"application-code/web-tier/src/setupTests.js","kms_key_id":null,"metadata":{},"object_lock_legal_hold_status":"","object_lock_mode":"","object_lock_retain_until_date":"","server_side_encryption":"AES256","source":"./application-code/application-code/web-tier/src/setupTests.js","source_hash":null,"storage_class":"STANDARD","tags":{},"tags_all":{},"version_id":"","website_redirect":""},"sensitive_values":{"metadata":{},"tags":{},"tags_all":{}},"depends_on":["module.s3.aws_s3_bucket.panda-bucket"]},{"address":"module.s3.aws_s3_object.app_code_upload[\"web-tier/src/theme.js\"]","mode":"managed","type":"aws_s3_object","name":"app_code_upload","index":"web-tier/src/theme.js","provider_name":"registry.terraform.io/hashicorp/aws","schema_version":0,"values":{"acl":"private","bucket":"panda-files-app","bucket_key_enabled":false,"cache_control":"","content":null,"content_base64":null,"content_disposition":"","content_encoding":"","content_language":"","content_type":"binary/octet-stream","etag":"a1aa698756c35f056a1b62fbbd0f1c40","force_destroy":false,"id":"application-code/web-tier/src/theme.js","key":"application-code/web-tier/src/theme.js","kms_key_id":null,"metadata":{},"object_lock_legal_hold_status":"","object_lock_mode":"","object_lock_retain_until_date":"","server_side_encryption":"AES256","source":"./application-code/application-code/web-tier/src/theme.js","source_hash":null,"storage_class":"STANDARD","tags":{},"tags_all":{},"version_id":"","website_redirect":""},"sensitive_values":{"metadata":{},"tags":{},"tags_all":{}},"depends_on":["module.s3.aws_s3_bucket.panda-bucket"]}],"address":"module.s3"},{"resources":[{"address":"module.security-group.aws_security_group.alb_sg","mode":"managed","type":"aws_security_group","name":"alb_sg","provider_name":"registry.terraform.io/hashicorp/aws","schema_version":1,"values":{"arn":"arn:aws:ec2:us-east-1:513410254332:security-group/sg-02ab4df8a4a243f1b","description":"enable http/https access on port 80/443","egress":[{"cidr_blocks":["0.0.0.0/0"],"description":"","from_port":0,"ipv6_cidr_blocks":[],"prefix_list_ids":[],"protocol":"-1","security_groups":[],"self":false,"to_port":0}],"id":"sg-02ab4df8a4a243f1b","ingress":[{"cidr_blocks":["0.0.0.0/0"],"description":"http access","from_port":80,"ipv6_cidr_blocks":[],"prefix_list_ids":[],"protocol":"tcp","security_groups":[],"self":false,"to_port":80},{"cidr_blocks":["0.0.0.0/0"],"description":"https access","from_port":443,"ipv6_cidr_blocks":[],"prefix_list_ids":[],"protocol":"tcp","security_groups":[],"self":false,"to_port":443}],"name":"alb security group","name_prefix":"","owner_id":"513410254332","revoke_rules_on_delete":false,"tags":{"Name":"alb_sg"},"tags_all":{"Name":"alb_sg"},"timeouts":null,"vpc_id":"vpc-0ed9c7463763df965"},"sensitive_values":{"egress":[{"cidr_blocks":[false],"ipv6_cidr_blocks":[],"prefix_list_ids":[],"security_groups":[]}],"ingress":[{"cidr_blocks":[false],"ipv6_cidr_blocks":[],"prefix_list_ids":[],"security_groups":[]},{"cidr_blocks":[false],"ipv6_cidr_blocks":[],"prefix_list_ids":[],"security_groups":[]}],"tags":{},"tags_all":{}},"depends_on":["module.vpc.aws_internet_gateway.internet_gateway","module.vpc.aws_route_table.public_route_table","module.vpc.aws_route_table_association.pub-sub-1a_route_table_association","module.vpc.aws_route_table_association.pub-sub-2-b_route_table_association","module.vpc.aws_subnet.pri_sub_3a","module.vpc.aws_subnet.pri_sub_4b","module.vpc.aws_subnet.pri_sub_5a","module.vpc.aws_subnet.pri_sub_6b","module.vpc.aws_subnet.pri_sub_7a","module.vpc.aws_subnet.pri_sub_8b","module.vpc.aws_subnet.pub_sub_1a","module.vpc.aws_subnet.pub_sub_2b","module.vpc.aws_vpc.vpc","module.vpc.data.aws_availability_zones.available_zones"]},{"address":"module.security-group.aws_security_group.client_sg","mode":"managed","type":"aws_security_group","name":"client_sg","provider_name":"registry.terraform.io/hashicorp/aws","schema_version":1,"values":{"arn":"arn:aws:ec2:us-east-1:513410254332:security-group/sg-06f7dd670a0a78126","description":"enable http/https access on port 80 for client sg","egress":[{"cidr_blocks":["0.0.0.0/0"],"description":"","from_port":0,"ipv6_cidr_blocks":[],"prefix_list_ids":[],"protocol":"-1","security_groups":[],"self":false,"to_port":0}],"id":"sg-06f7dd670a0a78126","ingress":[{"cidr_blocks":[],"description":"http access","from_port":80,"ipv6_cidr_blocks":[],"prefix_list_ids":[],"protocol":"tcp","security_groups":["sg-02ab4df8a4a243f1b"],"self":false,"to_port":80}],"name":"client_sg","name_prefix":"","owner_id":"513410254332","revoke_rules_on_delete":false,"tags":{"Name":"Client_sg"},"tags_all":{"Name":"Client_sg"},"timeouts":null,"vpc_id":"vpc-0ed9c7463763df965"},"sensitive_values":{"egress":[{"cidr_blocks":[false],"ipv6_cidr_blocks":[],"prefix_list_ids":[],"security_groups":[]}],"ingress":[{"cidr_blocks":[],"ipv6_cidr_blocks":[],"prefix_list_ids":[],"security_groups":[false]}],"tags":{},"tags_all":{}},"depends_on":["module.security-group.aws_security_group.alb_sg","module.vpc.aws_internet_gateway.internet_gateway","module.vpc.aws_route_table.public_route_table","module.vpc.aws_route_table_association.pub-sub-1a_route_table_association","module.vpc.aws_route_table_association.pub-sub-2-b_route_table_association","module.vpc.aws_subnet.pri_sub_3a","module.vpc.aws_subnet.pri_sub_4b","module.vpc.aws_subnet.pri_sub_5a","module.vpc.aws_subnet.pri_sub_6b","module.vpc.aws_subnet.pri_sub_7a","module.vpc.aws_subnet.pri_sub_8b","module.vpc.aws_subnet.pub_sub_1a","module.vpc.aws_subnet.pub_sub_2b","module.vpc.aws_vpc.vpc","module.vpc.data.aws_availability_zones.available_zones"]},{"address":"module.security-group.aws_security_group.db_sg","mode":"managed","type":"aws_security_group","name":"db_sg","provider_name":"registry.terraform.io/hashicorp/aws","schema_version":1,"values":{"arn":"arn:aws:ec2:us-east-1:513410254332:security-group/sg-0e09713dd04b840d0","description":"enable mysql access on port 3305 from server-sg","egress":[{"cidr_blocks":["0.0.0.0/0"],"description":"","from_port":0,"ipv6_cidr_blocks":[],"prefix_list_ids":[],"protocol":"-1","security_groups":[],"self":false,"to_port":0}],"id":"sg-0e09713dd04b840d0","ingress":[{"cidr_blocks":[],"description":"mysql access","from_port":3306,"ipv6_cidr_blocks":[],"prefix_list_ids":[],"protocol":"tcp","security_groups":["sg-090125fd0fc8b1f21"],"self":false,"to_port":3306}],"name":"db_sg","name_prefix":"","owner_id":"513410254332","revoke_rules_on_delete":false,"tags":{"Name":"database_sg"},"tags_all":{"Name":"database_sg"},"timeouts":null,"vpc_id":"vpc-0ed9c7463763df965"},"sensitive_values":{"egress":[{"cidr_blocks":[false],"ipv6_cidr_blocks":[],"prefix_list_ids":[],"security_groups":[]}],"ingress":[{"cidr_blocks":[],"ipv6_cidr_blocks":[],"prefix_list_ids":[],"security_groups":[false]}],"tags":{},"tags_all":{}},"depends_on":["module.security-group.aws_security_group.alb_sg","module.security-group.aws_security_group.client_sg","module.security-group.aws_security_group.internal_alb_sg","module.security-group.aws_security_group.server_sg","module.vpc.aws_internet_gateway.internet_gateway","module.vpc.aws_route_table.public_route_table","module.vpc.aws_route_table_association.pub-sub-1a_route_table_association","module.vpc.aws_route_table_association.pub-sub-2-b_route_table_association","module.vpc.aws_subnet.pri_sub_3a","module.vpc.aws_subnet.pri_sub_4b","module.vpc.aws_subnet.pri_sub_5a","module.vpc.aws_subnet.pri_sub_6b","module.vpc.aws_subnet.pri_sub_7a","module.vpc.aws_subnet.pri_sub_8b","module.vpc.aws_subnet.pub_sub_1a","module.vpc.aws_subnet.pub_sub_2b","module.vpc.aws_vpc.vpc","module.vpc.data.aws_availability_zones.available_zones"]},{"address":"module.security-group.aws_security_group.internal_alb_sg","mode":"managed","type":"aws_security_group","name":"internal_alb_sg","provider_name":"registry.terraform.io/hashicorp/aws","schema_version":1,"values":{"arn":"arn:aws:ec2:us-east-1:513410254332:security-group/sg-0d54f115b78ecc568","description":"enable http/https access on port 80 for internal alb sg","egress":[{"cidr_blocks":["0.0.0.0/0"],"description":"","from_port":0,"ipv6_cidr_blocks":[],"prefix_list_ids":[],"protocol":"-1","security_groups":[],"self":false,"to_port":0}],"id":"sg-0d54f115b78ecc568","ingress":[{"cidr_blocks":[],"description":"http access","from_port":80,"ipv6_cidr_blocks":[],"prefix_list_ids":[],"protocol":"tcp","security_groups":["sg-06f7dd670a0a78126"],"self":false,"to_port":80}],"name":"internal_alb_sg","name_prefix":"","owner_id":"513410254332","revoke_rules_on_delete":false,"tags":{"Name":"internal_alb_sg"},"tags_all":{"Name":"internal_alb_sg"},"timeouts":null,"vpc_id":"vpc-0ed9c7463763df965"},"sensitive_values":{"egress":[{"cidr_blocks":[false],"ipv6_cidr_blocks":[],"prefix_list_ids":[],"security_groups":[]}],"ingress":[{"cidr_blocks":[],"ipv6_cidr_blocks":[],"prefix_list_ids":[],"security_groups":[false]}],"tags":{},"tags_all":{}},"depends_on":["module.security-group.aws_security_group.alb_sg","module.security-group.aws_security_group.client_sg","module.vpc.aws_internet_gateway.internet_gateway","module.vpc.aws_route_table.public_route_table","module.vpc.aws_route_table_association.pub-sub-1a_route_table_association","module.vpc.aws_route_table_association.pub-sub-2-b_route_table_association","module.vpc.aws_subnet.pri_sub_3a","module.vpc.aws_subnet.pri_sub_4b","module.vpc.aws_subnet.pri_sub_5a","module.vpc.aws_subnet.pri_sub_6b","module.vpc.aws_subnet.pri_sub_7a","module.vpc.aws_subnet.pri_sub_8b","module.vpc.aws_subnet.pub_sub_1a","module.vpc.aws_subnet.pub_sub_2b","module.vpc.aws_vpc.vpc","module.vpc.data.aws_availability_zones.available_zones"]},{"address":"module.security-group.aws_security_group.server_sg","mode":"managed","type":"aws_security_group","name":"server_sg","provider_name":"registry.terraform.io/hashicorp/aws","schema_version":1,"values":{"arn":"arn:aws:ec2:us-east-1:513410254332:security-group/sg-090125fd0fc8b1f21","description":"enable http/https access on port 4000 for server app sg","egress":[{"cidr_blocks":["0.0.0.0/0"],"description":"","from_port":0,"ipv6_cidr_blocks":[],"prefix_list_ids":[],"protocol":"-1","security_groups":[],"self":false,"to_port":0}],"id":"sg-090125fd0fc8b1f21","ingress":[{"cidr_blocks":[],"description":"custom tcp access","from_port":4000,"ipv6_cidr_blocks":[],"prefix_list_ids":[],"protocol":"tcp","security_groups":["sg-0d54f115b78ecc568"],"self":false,"to_port":4000}],"name":"server_sg","name_prefix":"","owner_id":"513410254332","revoke_rules_on_delete":false,"tags":{"Name":"server_sg"},"tags_all":{"Name":"server_sg"},"timeouts":null,"vpc_id":"vpc-0ed9c7463763df965"},"sensitive_values":{"egress":[{"cidr_blocks":[false],"ipv6_cidr_blocks":[],"prefix_list_ids":[],"security_groups":[]}],"ingress":[{"cidr_blocks":[],"ipv6_cidr_blocks":[],"prefix_list_ids":[],"security_groups":[false]}],"tags":{},"tags_all":{}},"depends_on":["module.security-group.aws_security_group.alb_sg","module.security-group.aws_security_group.client_sg","module.security-group.aws_security_group.internal_alb_sg","module.vpc.aws_internet_gateway.internet_gateway","module.vpc.aws_route_table.public_route_table","module.vpc.aws_route_table_association.pub-sub-1a_route_table_association","module.vpc.aws_route_table_association.pub-sub-2-b_route_table_association","module.vpc.aws_subnet.pri_sub_3a","module.vpc.aws_subnet.pri_sub_4b","module.vpc.aws_subnet.pri_sub_5a","module.vpc.aws_subnet.pri_sub_6b","module.vpc.aws_subnet.pri_sub_7a","module.vpc.aws_subnet.pri_sub_8b","module.vpc.aws_subnet.pub_sub_1a","module.vpc.aws_subnet.pub_sub_2b","module.vpc.aws_vpc.vpc","module.vpc.data.aws_availability_zones.available_zones"]}],"address":"module.security-group"},{"resources":[{"address":"module.vpc.data.aws_availability_zones.available_zones","mode":"data","type":"aws_availability_zones","name":"available_zones","provider_name":"registry.terraform.io/hashicorp/aws","schema_version":0,"values":{"all_availability_zones":null,"exclude_names":null,"exclude_zone_ids":null,"filter":null,"group_names":["us-east-1-zg-1"],"id":"us-east-1","names":["us-east-1a","us-east-1b","us-east-1c","us-east-1d","us-east-1e","us-east-1f"],"state":null,"timeouts":null,"zone_ids":["use1-az1","use1-az2","use1-az4","use1-az6","use1-az3","use1-az5"]},"sensitive_values":{"group_names":[false],"names":[false,false,false,false,false,false],"zone_ids":[false,false,false,false,false,false]}},{"address":"module.vpc.aws_internet_gateway.internet_gateway","mode":"managed","type":"aws_internet_gateway","name":"internet_gateway","provider_name":"registry.terraform.io/hashicorp/aws","schema_version":0,"values":{"arn":"arn:aws:ec2:us-east-1:513410254332:internet-gateway/igw-0e62f99a8c9a13b7c","id":"igw-0e62f99a8c9a13b7c","owner_id":"513410254332","tags":{"Name":"three-tier-app-igw"},"tags_all":{"Name":"three-tier-app-igw"},"timeouts":null,"vpc_id":"vpc-0ed9c7463763df965"},"sensitive_values":{"tags":{},"tags_all":{}},"depends_on":["module.vpc.aws_vpc.vpc"]},{"address":"module.vpc.aws_route_table.public_route_table","mode":"managed","type":"aws_route_table","name":"public_route_table","provider_name":"registry.terraform.io/hashicorp/aws","schema_version":0,"values":{"arn":"arn:aws:ec2:us-east-1:513410254332:route-table/rtb-0f7ccde9a3bf9dfc6","id":"rtb-0f7ccde9a3bf9dfc6","owner_id":"513410254332","propagating_vgws":[],"route":[{"carrier_gateway_id":"","cidr_block":"0.0.0.0/0","core_network_arn":"","destination_prefix_list_id":"","egress_only_gateway_id":"","gateway_id":"igw-0e62f99a8c9a13b7c","instance_id":"","ipv6_cidr_block":"","local_gateway_id":"","nat_gateway_id":"","network_interface_id":"","transit_gateway_id":"","vpc_endpoint_id":"","vpc_peering_connection_id":""}],"tags":{"Name":"Public-rt"},"tags_all":{"Name":"Public-rt"},"timeouts":null,"vpc_id":"vpc-0ed9c7463763df965"},"sensitive_values":{"propagating_vgws":[],"route":[{}],"tags":{},"tags_all":{}},"depends_on":["module.vpc.aws_internet_gateway.internet_gateway","module.vpc.aws_vpc.vpc"]},{"address":"module.vpc.aws_route_table_association.pub-sub-1a_route_table_association","mode":"managed","type":"aws_route_table_association","name":"pub-sub-1a_route_table_association","provider_name":"registry.terraform.io/hashicorp/aws","schema_version":0,"values":{"gateway_id":"","id":"rtbassoc-044271983b00cf362","route_table_id":"rtb-0f7ccde9a3bf9dfc6","subnet_id":"subnet-02a62a8d91fd9772e","timeouts":null},"sensitive_values":{},"depends_on":["module.vpc.aws_internet_gateway.internet_gateway","module.vpc.aws_route_table.public_route_table","module.vpc.aws_subnet.pub_sub_1a","module.vpc.aws_vpc.vpc","module.vpc.data.aws_availability_zones.available_zones"]},{"address":"module.vpc.aws_route_table_association.pub-sub-2-b_route_table_association","mode":"managed","type":"aws_route_table_association","name":"pub-sub-2-b_route_table_association","provider_name":"registry.terraform.io/hashicorp/aws","schema_version":0,"values":{"gateway_id":"","id":"rtbassoc-0fa6d9b58257916c4","route_table_id":"rtb-0f7ccde9a3bf9dfc6","subnet_id":"subnet-05a81b6a463955e83","timeouts":null},"sensitive_values":{},"depends_on":["module.vpc.aws_internet_gateway.internet_gateway","module.vpc.aws_route_table.public_route_table","module.vpc.aws_subnet.pub_sub_2b","module.vpc.aws_vpc.vpc","module.vpc.data.aws_availability_zones.available_zones"]},{"address":"module.vpc.aws_subnet.pri_sub_3a","mode":"managed","type":"aws_subnet","name":"pri_sub_3a","provider_name":"registry.terraform.io/hashicorp/aws","schema_version":1,"values":{"arn":"arn:aws:ec2:us-east-1:513410254332:subnet/subnet-06927b7372ba82f7a","assign_ipv6_address_on_creation":false,"availability_zone":"us-east-1a","availability_zone_id":"use1-az1","cidr_block":"10.0.3.0/24","customer_owned_ipv4_pool":"","enable_dns64":false,"enable_lni_at_device_index":0,"enable_resource_name_dns_a_record_on_launch":false,"enable_resource_name_dns_aaaa_record_on_launch":false,"id":"subnet-06927b7372ba82f7a","ipv6_cidr_block":"","ipv6_cidr_block_association_id":"","ipv6_native":false,"map_customer_owned_ip_on_launch":false,"map_public_ip_on_launch":false,"outpost_arn":"","owner_id":"513410254332","private_dns_hostname_type_on_launch":"ip-name","tags":{"Name":"pri-sub-3a"},"tags_all":{"Name":"pri-sub-3a"},"timeouts":null,"vpc_id":"vpc-0ed9c7463763df965"},"sensitive_values":{"tags":{},"tags_all":{}},"depends_on":["module.vpc.aws_vpc.vpc","module.vpc.data.aws_availability_zones.available_zones"]},{"address":"module.vpc.aws_subnet.pri_sub_4b","mode":"managed","type":"aws_subnet","name":"pri_sub_4b","provider_name":"registry.terraform.io/hashicorp/aws","schema_version":1,"values":{"arn":"arn:aws:ec2:us-east-1:513410254332:subnet/subnet-060b9e1c01222f3b7","assign_ipv6_address_on_creation":false,"availability_zone":"us-east-1b","availability_zone_id":"use1-az2","cidr_block":"10.0.4.0/24","customer_owned_ipv4_pool":"","enable_dns64":false,"enable_lni_at_device_index":0,"enable_resource_name_dns_a_record_on_launch":false,"enable_resource_name_dns_aaaa_record_on_launch":false,"id":"subnet-060b9e1c01222f3b7","ipv6_cidr_block":"","ipv6_cidr_block_association_id":"","ipv6_native":false,"map_customer_owned_ip_on_launch":false,"map_public_ip_on_launch":false,"outpost_arn":"","owner_id":"513410254332","private_dns_hostname_type_on_launch":"ip-name","tags":{"Name":"pri-sub-4b"},"tags_all":{"Name":"pri-sub-4b"},"timeouts":null,"vpc_id":"vpc-0ed9c7463763df965"},"sensitive_values":{"tags":{},"tags_all":{}},"depends_on":["module.vpc.aws_vpc.vpc","module.vpc.data.aws_availability_zones.available_zones"]},{"address":"module.vpc.aws_subnet.pri_sub_5a","mode":"managed","type":"aws_subnet","name":"pri_sub_5a","provider_name":"registry.terraform.io/hashicorp/aws","schema_version":1,"values":{"arn":"arn:aws:ec2:us-east-1:513410254332:subnet/subnet-06d5b3d179bb223f3","assign_ipv6_address_on_creation":false,"availability_zone":"us-east-1a","availability_zone_id":"use1-az1","cidr_block":"10.0.5.0/24","customer_owned_ipv4_pool":"","enable_dns64":false,"enable_lni_at_device_index":0,"enable_resource_name_dns_a_record_on_launch":false,"enable_resource_name_dns_aaaa_record_on_launch":false,"id":"subnet-06d5b3d179bb223f3","ipv6_cidr_block":"","ipv6_cidr_block_association_id":"","ipv6_native":false,"map_customer_owned_ip_on_launch":false,"map_public_ip_on_launch":false,"outpost_arn":"","owner_id":"513410254332","private_dns_hostname_type_on_launch":"ip-name","tags":{"Name":"pri-sub-5a"},"tags_all":{"Name":"pri-sub-5a"},"timeouts":null,"vpc_id":"vpc-0ed9c7463763df965"},"sensitive_values":{"tags":{},"tags_all":{}},"depends_on":["module.vpc.aws_vpc.vpc","module.vpc.data.aws_availability_zones.available_zones"]},{"address":"module.vpc.aws_subnet.pri_sub_6b","mode":"managed","type":"aws_subnet","name":"pri_sub_6b","provider_name":"registry.terraform.io/hashicorp/aws","schema_version":1,"values":{"arn":"arn:aws:ec2:us-east-1:513410254332:subnet/subnet-0ee16b2ed1b905f04","assign_ipv6_address_on_creation":false,"availability_zone":"us-east-1b","availability_zone_id":"use1-az2","cidr_block":"10.0.6.0/24","customer_owned_ipv4_pool":"","enable_dns64":false,"enable_lni_at_device_index":0,"enable_resource_name_dns_a_record_on_launch":false,"enable_resource_name_dns_aaaa_record_on_launch":false,"id":"subnet-0ee16b2ed1b905f04","ipv6_cidr_block":"","ipv6_cidr_block_association_id":"","ipv6_native":false,"map_customer_owned_ip_on_launch":false,"map_public_ip_on_launch":false,"outpost_arn":"","owner_id":"513410254332","private_dns_hostname_type_on_launch":"ip-name","tags":{"Name":"pri-sub-6b"},"tags_all":{"Name":"pri-sub-6b"},"timeouts":null,"vpc_id":"vpc-0ed9c7463763df965"},"sensitive_values":{"tags":{},"tags_all":{}},"depends_on":["module.vpc.aws_vpc.vpc","module.vpc.data.aws_availability_zones.available_zones"]},{"address":"module.vpc.aws_subnet.pri_sub_7a","mode":"managed","type":"aws_subnet","name":"pri_sub_7a","provider_name":"registry.terraform.io/hashicorp/aws","schema_version":1,"values":{"arn":"arn:aws:ec2:us-east-1:513410254332:subnet/subnet-0d173725643e87c49","assign_ipv6_address_on_creation":false,"availability_zone":"us-east-1a","availability_zone_id":"use1-az1","cidr_block":"10.0.7.0/24","customer_owned_ipv4_pool":"","enable_dns64":false,"enable_lni_at_device_index":0,"enable_resource_name_dns_a_record_on_launch":false,"enable_resource_name_dns_aaaa_record_on_launch":false,"id":"subnet-0d173725643e87c49","ipv6_cidr_block":"","ipv6_cidr_block_association_id":"","ipv6_native":false,"map_customer_owned_ip_on_launch":false,"map_public_ip_on_launch":false,"outpost_arn":"","owner_id":"513410254332","private_dns_hostname_type_on_launch":"ip-name","tags":{"Name":"pri-sub-7a"},"tags_all":{"Name":"pri-sub-7a"},"timeouts":null,"vpc_id":"vpc-0ed9c7463763df965"},"sensitive_values":{"tags":{},"tags_all":{}},"depends_on":["module.vpc.aws_vpc.vpc","module.vpc.data.aws_availability_zones.available_zones"]},{"address":"module.vpc.aws_subnet.pri_sub_8b","mode":"managed","type":"aws_subnet","name":"pri_sub_8b","provider_name":"registry.terraform.io/hashicorp/aws","schema_version":1,"values":{"arn":"arn:aws:ec2:us-east-1:513410254332:subnet/subnet-0c48a9d9292782465","assign_ipv6_address_on_creation":false,"availability_zone":"us-east-1b","availability_zone_id":"use1-az2","cidr_block":"10.0.8.0/24","customer_owned_ipv4_pool":"","enable_dns64":false,"enable_lni_at_device_index":0,"enable_resource_name_dns_a_record_on_launch":false,"enable_resource_name_dns_aaaa_record_on_launch":false,"id":"subnet-0c48a9d9292782465","ipv6_cidr_block":"","ipv6_cidr_block_association_id":"","ipv6_native":false,"map_customer_owned_ip_on_launch":false,"map_public_ip_on_launch":false,"outpost_arn":"","owner_id":"513410254332","private_dns_hostname_type_on_launch":"ip-name","tags":{"Name":"pri-sub-8b"},"tags_all":{"Name":"pri-sub-8b"},"timeouts":null,"vpc_id":"vpc-0ed9c7463763df965"},"sensitive_values":{"tags":{},"tags_all":{}},"depends_on":["module.vpc.aws_vpc.vpc","module.vpc.data.aws_availability_zones.available_zones"]},{"address":"module.vpc.aws_subnet.pub_sub_1a","mode":"managed","type":"aws_subnet","name":"pub_sub_1a","provider_name":"registry.terraform.io/hashicorp/aws","schema_version":1,"values":{"arn":"arn:aws:ec2:us-east-1:513410254332:subnet/subnet-02a62a8d91fd9772e","assign_ipv6_address_on_creation":false,"availability_zone":"us-east-1a","availability_zone_id":"use1-az1","cidr_block":"10.0.1.0/24","customer_owned_ipv4_pool":"","enable_dns64":false,"enable_lni_at_device_index":0,"enable_resource_name_dns_a_record_on_launch":false,"enable_resource_name_dns_aaaa_record_on_launch":false,"id":"subnet-02a62a8d91fd9772e","ipv6_cidr_block":"","ipv6_cidr_block_association_id":"","ipv6_native":false,"map_customer_owned_ip_on_launch":false,"map_public_ip_on_launch":true,"outpost_arn":"","owner_id":"513410254332","private_dns_hostname_type_on_launch":"ip-name","tags":{"Name":"pub_sub_1a"},"tags_all":{"Name":"pub_sub_1a"},"timeouts":null,"vpc_id":"vpc-0ed9c7463763df965"},"sensitive_values":{"tags":{},"tags_all":{}},"depends_on":["module.vpc.aws_vpc.vpc","module.vpc.data.aws_availability_zones.available_zones"]},{"address":"module.vpc.aws_subnet.pub_sub_2b","mode":"managed","type":"aws_subnet","name":"pub_sub_2b","provider_name":"registry.terraform.io/hashicorp/aws","schema_version":1,"values":{"arn":"arn:aws:ec2:us-east-1:513410254332:subnet/subnet-05a81b6a463955e83","assign_ipv6_address_on_creation":false,"availability_zone":"us-east-1b","availability_zone_id":"use1-az2","cidr_block":"10.0.2.0/24","customer_owned_ipv4_pool":"","enable_dns64":false,"enable_lni_at_device_index":0,"enable_resource_name_dns_a_record_on_launch":false,"enable_resource_name_dns_aaaa_record_on_launch":false,"id":"subnet-05a81b6a463955e83","ipv6_cidr_block":"","ipv6_cidr_block_association_id":"","ipv6_native":false,"map_customer_owned_ip_on_launch":false,"map_public_ip_on_launch":true,"outpost_arn":"","owner_id":"513410254332","private_dns_hostname_type_on_launch":"ip-name","tags":{"Name":"pub_sub_2b"},"tags_all":{"Name":"pub_sub_2b"},"timeouts":null,"vpc_id":"vpc-0ed9c7463763df965"},"sensitive_values":{"tags":{},"tags_all":{}},"depends_on":["module.vpc.aws_vpc.vpc","module.vpc.data.aws_availability_zones.available_zones"]},{"address":"module.vpc.aws_vpc.vpc","mode":"managed","type":"aws_vpc","name":"vpc","provider_name":"registry.terraform.io/hashicorp/aws","schema_version":1,"values":{"arn":"arn:aws:ec2:us-east-1:513410254332:vpc/vpc-0ed9c7463763df965","assign_generated_ipv6_cidr_block":false,"cidr_block":"10.0.0.0/16","default_network_acl_id":"acl-08961104d71b62b93","default_route_table_id":"rtb-007c04d9ba2959e64","default_security_group_id":"sg-002110b5575625693","dhcp_options_id":"dopt-0ca36381dcb570912","enable_classiclink":false,"enable_classiclink_dns_support":false,"enable_dns_hostnames":true,"enable_dns_support":true,"enable_network_address_usage_metrics":false,"id":"vpc-0ed9c7463763df965","instance_tenancy":"default","ipv4_ipam_pool_id":null,"ipv4_netmask_length":null,"ipv6_association_id":"","ipv6_cidr_block":"","ipv6_cidr_block_network_border_group":"","ipv6_ipam_pool_id":"","ipv6_netmask_length":0,"main_route_table_id":"rtb-007c04d9ba2959e64","owner_id":"513410254332","tags":{"Name":"three-tier-app-vpc"},"tags_all":{"Name":"three-tier-app-vpc"}},"sensitive_values":{"tags":{},"tags_all":{}}}],"address":"module.vpc"}]}}},"configuration":{"provider_config":{"aws":{"name":"aws","full_name":"registry.terraform.io/hashicorp/aws","version_constraint":"4.67.0","expressions":{"region":{"references":["var.region"]}}}},"root_module":{"module_calls":{"alb":{"source":"../modules/alb","expressions":{"alb_sg_id":{"references":["module.security-group.alb_sg_id","module.security-group"]},"internal_alb_sg_id":{"references":["module.security-group.internal_alb_sg_id","module.security-group"]},"pri_sub_5a_id":{"references":["module.vpc.pri_sub_5a_id","module.vpc"]},"pri_sub_6b_id":{"references":["module.vpc.pri_sub_6b_id","module.vpc"]},"project_name":{"references":["module.vpc.project_name","module.vpc"]},"pub_sub_1a_id":{"references":["module.vpc.pub_sub_1a_id","module.vpc"]},"pub_sub_2b_id":{"references":["module.vpc.pub_sub_2b_id","module.vpc"]},"vpc_id":{"references":["module.vpc.vpc_id","module.vpc"]}},"module":{"outputs":{"alb_dns_name":{"expression":{"references":["aws_lb.application_load_balancer.dns_name","aws_lb.application_load_balancer"]}},"internal_alb_dns_name":{"expression":{"references":["aws_lb.internal_application_load_balancer.dns_name","aws_lb.internal_application_load_balancer"]}},"internal_tg_arn":{"expression":{"references":["aws_lb_target_group.internal_alb_target_group.arn","aws_lb_target_group.internal_alb_target_group"]}},"tg_arn":{"expression":{"references":["aws_lb_target_group.alb_target_group.arn","aws_lb_target_group.alb_target_group"]}}},"resources":[{"address":"aws_lb.application_load_balancer","mode":"managed","type":"aws_lb","name":"application_load_balancer","provider_config_key":"aws","expressions":{"enable_deletion_protection":{"constant_value":false},"internal":{"constant_value":false},"load_balancer_type":{"constant_value":"application"},"name":{"references":["var.project_name"]},"security_groups":{"references":["var.alb_sg_id"]},"subnets":{"references":["var.pub_sub_1a_id","var.pub_sub_2b_id"]},"tags":{"references":["var.project_name"]}},"schema_version":0},{"address":"aws_lb.internal_application_load_balancer","mode":"managed","type":"aws_lb","name":"internal_application_load_balancer","provider_config_key":"aws","expressions":{"enable_deletion_protection":{"constant_value":false},"internal":{"constant_value":true},"load_balancer_type":{"constant_value":"application"},"name":{"references":["var.project_name"]},"security_groups":{"references":["var.internal_alb_sg_id"]},"subnets":{"references":["var.pri_sub_5a_id","var.pri_sub_6b_id"]},"tags":{"references":["var.project_name"]}},"schema_version":0},{"address":"aws_lb_listener.alb_http_listener","mode":"managed","type":"aws_lb_listener","name":"alb_http_listener","provider_config_key":"aws","expressions":{"default_action":[{"target_group_arn":{"references":["aws_lb_target_group.alb_target_group.arn","aws_lb_target_group.alb_target_group"]},"type":{"constant_value":"forward"}}],"load_balancer_arn":{"references":["aws_lb.application_load_balancer.arn","aws_lb.application_load_balancer"]},"port":{"constant_value":80},"protocol":{"constant_value":"HTTP"}},"schema_version":0},{"address":"aws_lb_listener.internal_alb_http_listener","mode":"managed","type":"aws_lb_listener","name":"internal_alb_http_listener","provider_config_key":"aws","expressions":{"default_action":[{"target_group_arn":{"references":["aws_lb_target_group.internal_alb_target_group.arn","aws_lb_target_group.internal_alb_target_group"]},"type":{"constant_value":"forward"}}],"load_balancer_arn":{"references":["aws_lb.internal_application_load_balancer.arn","aws_lb.internal_application_load_balancer"]},"port":{"constant_value":80},"protocol":{"constant_value":"HTTP"}},"schema_version":0},{"address":"aws_lb_target_group.alb_target_group","mode":"managed","type":"aws_lb_target_group","name":"alb_target_group","provider_config_key":"aws","expressions":{"health_check":[{"enabled":{"constant_value":true},"healthy_threshold":{"constant_value":2},"interval":{"constant_value":300},"matcher":{"constant_value":200},"path":{"constant_value":"/health"},"port":{"constant_value":"traffic-port"},"timeout":{"constant_value":60},"unhealthy_threshold":{"constant_value":5}}],"name":{"references":["var.project_name"]},"port":{"constant_value":80},"protocol":{"constant_value":"HTTP"},"target_type":{"constant_value":"instance"},"vpc_id":{"references":["var.vpc_id"]}},"schema_version":0},{"address":"aws_lb_target_group.internal_alb_target_group","mode":"managed","type":"aws_lb_target_group","name":"internal_alb_target_group","provider_config_key":"aws","expressions":{"health_check":[{"enabled":{"constant_value":true},"healthy_threshold":{"constant_value":2},"interval":{"constant_value":300},"matcher":{"constant_value":200},"path":{"constant_value":"/health"},"port":{"constant_value":"traffic-port"},"timeout":{"constant_value":60},"unhealthy_threshold":{"constant_value":5}}],"name":{"references":["var.project_name"]},"port":{"constant_value":4000},"protocol":{"constant_value":"HTTP"},"target_type":{"constant_value":"instance"},"vpc_id":{"references":["var.vpc_id"]}},"schema_version":0}],"variables":{"alb_sg_id":{},"internal_alb_sg_id":{},"pri_sub_5a_id":{},"pri_sub_6b_id":{},"project_name":{},"pub_sub_1a_id":{},"pub_sub_2b_id":{},"vpc_id":{}}},"depends_on":["module.vpc","module.security-group","module.nat_instance"]},"asg":{"source":"../modules/asg","expressions":{"bucket_name":{"references":["module.s3.panda_bucket_name","module.s3"]},"client_sg_id":{"references":["module.security-group.client_sg_id","module.security-group"]},"db_dns_address":{"references":["module.rds.endpoint_address","module.rds"]},"db_endpoint":{"references":["module.rds.db_endpoint","module.rds"]},"db_name":{"references":["var.db_name"]},"db_password":{"references":["var.db_password"]},"db_secret_name":{"references":["module.aws_secret.db_secret_name","module.aws_secret"]},"db_username":{"references":["var.db_username"]},"internal_alb_dns_name":{"references":["module.alb.internal_alb_dns_name","module.alb"]},"internal_tg_arn":{"references":["module.alb.internal_tg_arn","module.alb"]},"pri_sub_3a_id":{"references":["module.vpc.pri_sub_3a_id","module.vpc"]},"pri_sub_4b_id":{"references":["module.vpc.pri_sub_4b_id","module.vpc"]},"pri_sub_5a_id":{"references":["module.vpc.pri_sub_5a_id","module.vpc"]},"pri_sub_6b_id":{"references":["module.vpc.pri_sub_6b_id","module.vpc"]},"project_name":{"references":["module.vpc.project_name","module.vpc"]},"region":{"references":["var.region"]},"s3_ssm_cw_instance_profile_name":{"references":["module.iam_role.s3_ssm_cw_instance_profile_name","module.iam_role"]},"server_sg_id":{"references":["module.security-group.server_sg_id","module.security-group"]},"tg_arn":{"references":["module.alb.tg_arn","module.alb"]}},"module":{"resources":[{"address":"aws_autoscaling_group.asg_name","mode":"managed","type":"aws_autoscaling_group","name":"asg_name","provider_config_key":"aws","expressions":{"desired_capacity":{"references":["var.desired_cap"]},"enabled_metrics":{"constant_value":["GroupMinSize","GroupMaxSize","GroupDesiredCapacity","GroupInServiceInstances","GroupTotalInstances"]},"health_check_grace_period":{"constant_value":300},"health_check_type":{"references":["var.asg_health_check_type"]},"launch_template":[{"id":{"references":["aws_launch_template.lt_name.id","aws_launch_template.lt_name"]},"version":{"references":["aws_launch_template.lt_name.latest_version","aws_launch_template.lt_name"]}}],"max_size":{"references":["var.max_size"]},"metrics_granularity":{"constant_value":"1Minute"},"min_size":{"references":["var.min_size"]},"name":{"references":["var.project_name"]},"tag":[{"key":{"constant_value":"Name"},"propagate_at_launch":{"constant_value":true},"value":{"references":["var.project_name"]}}],"target_group_arns":{"references":["var.tg_arn"]},"vpc_zone_identifier":{"references":["var.pri_sub_3a_id","var.pri_sub_4b_id"]}},"schema_version":0},{"address":"aws_autoscaling_group.server_asg_name","mode":"managed","type":"aws_autoscaling_group","name":"server_asg_name","provider_config_key":"aws","expressions":{"desired_capacity":{"references":["var.desired_cap"]},"enabled_metrics":{"constant_value":["GroupMinSize","GroupMaxSize","GroupDesiredCapacity","GroupInServiceInstances","GroupTotalInstances"]},"health_check_grace_period":{"constant_value":300},"health_check_type":{"references":["var.asg_health_check_type"]},"launch_template":[{"id":{"references":["aws_launch_template.server_lt_name.id","aws_launch_template.server_lt_name"]},"version":{"references":["aws_launch_template.server_lt_name.latest_version","aws_launch_template.server_lt_name"]}}],"max_size":{"references":["var.max_size"]},"metrics_granularity":{"constant_value":"1Minute"},"min_size":{"references":["var.min_size"]},"name":{"references":["var.project_name"]},"tag":[{"key":{"constant_value":"Name"},"propagate_at_launch":{"constant_value":true},"value":{"references":["var.project_name"]}}],"target_group_arns":{"references":["var.internal_tg_arn"]},"vpc_zone_identifier":{"references":["var.pri_sub_5a_id","var.pri_sub_6b_id"]}},"schema_version":0},{"address":"aws_autoscaling_policy.scale_down","mode":"managed","type":"aws_autoscaling_policy","name":"scale_down","provider_config_key":"aws","expressions":{"adjustment_type":{"constant_value":"ChangeInCapacity"},"autoscaling_group_name":{"references":["aws_autoscaling_group.asg_name.name","aws_autoscaling_group.asg_name"]},"cooldown":{"constant_value":"300"},"name":{"references":["var.project_name"]},"policy_type":{"constant_value":"SimpleScaling"},"scaling_adjustment":{"constant_value":"-1"}},"schema_version":0},{"address":"aws_autoscaling_policy.scale_up","mode":"managed","type":"aws_autoscaling_policy","name":"scale_up","provider_config_key":"aws","expressions":{"adjustment_type":{"constant_value":"ChangeInCapacity"},"autoscaling_group_name":{"references":["aws_autoscaling_group.asg_name.name","aws_autoscaling_group.asg_name"]},"cooldown":{"constant_value":"300"},"name":{"references":["var.project_name"]},"policy_type":{"constant_value":"SimpleScaling"},"scaling_adjustment":{"constant_value":"1"}},"schema_version":0},{"address":"aws_autoscaling_policy.server_scale_down","mode":"managed","type":"aws_autoscaling_policy","name":"server_scale_down","provider_config_key":"aws","expressions":{"adjustment_type":{"constant_value":"ChangeInCapacity"},"autoscaling_group_name":{"references":["aws_autoscaling_group.server_asg_name.name","aws_autoscaling_group.server_asg_name"]},"cooldown":{"constant_value":"300"},"name":{"references":["var.project_name"]},"policy_type":{"constant_value":"SimpleScaling"},"scaling_adjustment":{"constant_value":"-1"}},"schema_version":0},{"address":"aws_autoscaling_policy.server_scale_up","mode":"managed","type":"aws_autoscaling_policy","name":"server_scale_up","provider_config_key":"aws","expressions":{"adjustment_type":{"constant_value":"ChangeInCapacity"},"autoscaling_group_name":{"references":["aws_autoscaling_group.server_asg_name.name","aws_autoscaling_group.server_asg_name"]},"cooldown":{"constant_value":"300"},"name":{"references":["var.project_name"]},"policy_type":{"constant_value":"SimpleScaling"},"scaling_adjustment":{"constant_value":"1"}},"schema_version":0},{"address":"aws_cloudwatch_metric_alarm.scale_down_alarm","mode":"managed","type":"aws_cloudwatch_metric_alarm","name":"scale_down_alarm","provider_config_key":"aws","expressions":{"actions_enabled":{"constant_value":true},"alarm_actions":{"references":["aws_autoscaling_policy.scale_down.arn","aws_autoscaling_policy.scale_down"]},"alarm_description":{"constant_value":"asg-scale-down-cpu-alarm"},"alarm_name":{"references":["var.project_name"]},"comparison_operator":{"constant_value":"LessThanOrEqualToThreshold"},"dimensions":{"references":["aws_autoscaling_group.asg_name.name","aws_autoscaling_group.asg_name"]},"evaluation_periods":{"constant_value":"2"},"metric_name":{"constant_value":"CPUUtilization"},"namespace":{"constant_value":"AWS/EC2"},"period":{"constant_value":"120"},"statistic":{"constant_value":"Average"},"threshold":{"constant_value":"5"}},"schema_version":1},{"address":"aws_cloudwatch_metric_alarm.scale_up_alarm","mode":"managed","type":"aws_cloudwatch_metric_alarm","name":"scale_up_alarm","provider_config_key":"aws","expressions":{"actions_enabled":{"constant_value":true},"alarm_actions":{"references":["aws_autoscaling_policy.scale_up.arn","aws_autoscaling_policy.scale_up"]},"alarm_description":{"constant_value":"asg-scale-up-cpu-alarm"},"alarm_name":{"references":["var.project_name"]},"comparison_operator":{"constant_value":"GreaterThanOrEqualToThreshold"},"dimensions":{"references":["aws_autoscaling_group.asg_name.name","aws_autoscaling_group.asg_name"]},"evaluation_periods":{"constant_value":"2"},"metric_name":{"constant_value":"CPUUtilization"},"namespace":{"constant_value":"AWS/EC2"},"period":{"constant_value":"120"},"statistic":{"constant_value":"Average"},"threshold":{"constant_value":"50"}},"schema_version":1},{"address":"aws_cloudwatch_metric_alarm.server_scale_down_alarm","mode":"managed","type":"aws_cloudwatch_metric_alarm","name":"server_scale_down_alarm","provider_config_key":"aws","expressions":{"actions_enabled":{"constant_value":true},"alarm_actions":{"references":["aws_autoscaling_policy.server_scale_down.arn","aws_autoscaling_policy.server_scale_down"]},"alarm_description":{"constant_value":"asg-scale-down-cpu-alarm"},"alarm_name":{"references":["var.project_name"]},"comparison_operator":{"constant_value":"LessThanOrEqualToThreshold"},"dimensions":{"references":["aws_autoscaling_group.server_asg_name.name","aws_autoscaling_group.server_asg_name"]},"evaluation_periods":{"constant_value":"2"},"metric_name":{"constant_value":"CPUUtilization"},"namespace":{"constant_value":"AWS/EC2"},"period":{"constant_value":"120"},"statistic":{"constant_value":"Average"},"threshold":{"constant_value":"5"}},"schema_version":1},{"address":"aws_cloudwatch_metric_alarm.server_scale_up_alarm","mode":"managed","type":"aws_cloudwatch_metric_alarm","name":"server_scale_up_alarm","provider_config_key":"aws","expressions":{"actions_enabled":{"constant_value":true},"alarm_actions":{"references":["aws_autoscaling_policy.server_scale_up.arn","aws_autoscaling_policy.server_scale_up"]},"alarm_description":{"constant_value":"asg-scale-up-cpu-alarm"},"alarm_name":{"references":["var.project_name"]},"comparison_operator":{"constant_value":"GreaterThanOrEqualToThreshold"},"dimensions":{"references":["aws_autoscaling_group.server_asg_name.name","aws_autoscaling_group.server_asg_name"]},"evaluation_periods":{"constant_value":"2"},"metric_name":{"constant_value":"CPUUtilization"},"namespace":{"constant_value":"AWS/EC2"},"period":{"constant_value":"120"},"statistic":{"constant_value":"Average"},"threshold":{"constant_value":"50"}},"schema_version":1},{"address":"aws_launch_template.lt_name","mode":"managed","type":"aws_launch_template","name":"lt_name","provider_config_key":"aws","expressions":{"block_device_mappings":[{"device_name":{"constant_value":"/dev/xvda"},"ebs":[{"delete_on_termination":{"constant_value":true},"encrypted":{"constant_value":true},"volume_size":{"constant_value":8},"volume_type":{"constant_value":"standard"}}]}],"iam_instance_profile":[{"name":{"references":["var.s3_ssm_cw_instance_profile_name"]}}],"image_id":{"references":["data.aws_ami.latest_amazon_linux.id","data.aws_ami.latest_amazon_linux"]},"instance_type":{"references":["var.cpu"]},"name":{"references":["var.project_name"]},"network_interfaces":[{"associate_public_ip_address":{"constant_value":false},"security_groups":{"references":["var.client_sg_id"]}}],"tag_specifications":[{"resource_type":{"constant_value":"instance"},"tags":{"references":["var.project_name"]}}],"tags":{"references":["var.project_name"]},"user_data":{"references":["path.module","var.internal_alb_dns_name","var.bucket_name"]}},"schema_version":0},{"address":"aws_launch_template.server_lt_name","mode":"managed","type":"aws_launch_template","name":"server_lt_name","provider_config_key":"aws","expressions":{"block_device_mappings":[{"device_name":{"constant_value":"/dev/xvda"},"ebs":[{"delete_on_termination":{"constant_value":true},"encrypted":{"constant_value":true},"volume_size":{"constant_value":8},"volume_type":{"constant_value":"standard"}}]}],"iam_instance_profile":[{"name":{"references":["var.s3_ssm_cw_instance_profile_name"]}}],"image_id":{"references":["data.aws_ami.latest_amazon_linux.id","data.aws_ami.latest_amazon_linux"]},"instance_type":{"references":["var.cpu"]},"name":{"references":["var.project_name"]},"network_interfaces":[{"associate_public_ip_address":{"constant_value":false},"security_groups":{"references":["var.server_sg_id"]}}],"tag_specifications":[{"resource_type":{"constant_value":"instance"},"tags":{"references":["var.project_name"]}}],"tags":{"references":["var.project_name"]},"user_data":{"references":["path.module","var.db_dns_address","var.db_username","var.db_password","var.db_name","var.db_secret_name","var.bucket_name","var.region"]}},"schema_version":0},{"address":"data.aws_ami.latest_amazon_linux","mode":"data","type":"aws_ami","name":"latest_amazon_linux","provider_config_key":"aws","expressions":{"filter":[{"name":{"constant_value":"name"},"values":{"constant_value":["al2023-ami-2023.*-arm64"]}},{"name":{"constant_value":"virtualization-type"},"values":{"constant_value":["hvm"]}}],"most_recent":{"constant_value":true},"owners":{"constant_value":["amazon"]}},"schema_version":0}],"variables":{"asg_health_check_type":{"default":"ELB"},"bucket_name":{},"client_sg_id":{},"cpu":{"default":"t4g.micro"},"db_dns_address":{},"db_endpoint":{},"db_name":{},"db_password":{},"db_secret_name":{},"db_username":{},"desired_cap":{"default":1},"internal_alb_dns_name":{},"internal_tg_arn":{},"max_size":{"default":1},"min_size":{"default":1},"pri_sub_3a_id":{},"pri_sub_4b_id":{},"pri_sub_5a_id":{},"pri_sub_6b_id":{},"project_name":{},"region":{},"s3_ssm_cw_instance_profile_name":{},"server_sg_id":{},"tg_arn":{}}},"depends_on":["module.vpc","module.alb","module.iam_role","module.nat_instance","module.s3","module.rds"]},"aws_secret":{"source":"../modules/aws_secret","expressions":{"db_dns_address":{"references":["module.rds.endpoint_address","module.rds"]},"db_name":{"references":["var.db_name"]},"db_password":{"references":["var.db_password"]},"db_username":{"references":["var.db_username"]},"project_name":{"references":["module.vpc.project_name","module.vpc"]}},"module":{"outputs":{"db_secret_id":{"expression":{"references":["aws_secretsmanager_secret.db_secret.id","aws_secretsmanager_secret.db_secret"]}},"db_secret_name":{"expression":{"references":["aws_secretsmanager_secret.db_secret.name","aws_secretsmanager_secret.db_secret"]}}},"resources":[{"address":"aws_secretsmanager_secret.db_secret","mode":"managed","type":"aws_secretsmanager_secret","name":"db_secret","provider_config_key":"aws","expressions":{"description":{"constant_value":"Database credentials for my application"},"name":{"references":["var.project_name"]},"recovery_window_in_days":{"constant_value":0},"tags":{"references":["var.project_name"]}},"schema_version":0},{"address":"aws_secretsmanager_secret_version.db_secret_version","mode":"managed","type":"aws_secretsmanager_secret_version","name":"db_secret_version","provider_config_key":"aws","expressions":{"secret_id":{"references":["aws_secretsmanager_secret.db_secret.id","aws_secretsmanager_secret.db_secret"]},"secret_string":{"references":["var.db_dns_address","var.db_username","var.db_password","var.db_name"]}},"schema_version":0},{"address":"aws_ssm_parameter.db_host","mode":"managed","type":"aws_ssm_parameter","name":"db_host","provider_config_key":"aws","expressions":{"description":{"constant_value":"database dns address"},"name":{"constant_value":"DB_HOST"},"tags":{"constant_value":{"environment":"dev"}},"type":{"constant_value":"String"},"value":{"references":["var.db_dns_address"]}},"schema_version":0},{"address":"aws_ssm_parameter.db_name","mode":"managed","type":"aws_ssm_parameter","name":"db_name","provider_config_key":"aws","expressions":{"description":{"constant_value":"database name"},"name":{"constant_value":"DB_NAME"},"tags":{"constant_value":{"environment":"dev"}},"type":{"constant_value":"String"},"value":{"references":["var.db_name"]}},"schema_version":0},{"address":"aws_ssm_parameter.db_password","mode":"managed","type":"aws_ssm_parameter","name":"db_password","provider_config_key":"aws","expressions":{"description":{"constant_value":"database password"},"name":{"constant_value":"DB_PASSWORD"},"tags":{"constant_value":{"environment":"dev"}},"type":{"constant_value":"SecureString"},"value":{"references":["var.db_password"]}},"schema_version":0},{"address":"aws_ssm_parameter.db_username","mode":"managed","type":"aws_ssm_parameter","name":"db_username","provider_config_key":"aws","expressions":{"description":{"constant_value":"database username"},"name":{"constant_value":"DB_USERNAME"},"tags":{"constant_value":{"environment":"dev"}},"type":{"constant_value":"String"},"value":{"references":["var.db_username"]}},"schema_version":0}],"variables":{"db_dns_address":{},"db_name":{},"db_password":{},"db_username":{},"project_name":{}}}},"cloudfront":{"source":"../modules/cloudfront","expressions":{"additional_domain_name":{"references":["var.additional_domain_name"]},"alb_domain_name":{"references":["module.alb.alb_dns_name","module.alb"]},"certificate_domain_name":{"references":["var.certificate_domain_name"]},"project_name":{"references":["module.vpc.project_name","module.vpc"]}},"module":{"outputs":{"cloudfront_aliases":{"expression":{"references":["aws_cloudfront_distribution.my_distribution.aliases","aws_cloudfront_distribution.my_distribution"]}},"cloudfront_arn":{"expression":{"references":["aws_cloudfront_distribution.my_distribution.arn","aws_cloudfront_distribution.my_distribution"]}},"cloudfront_domain_name":{"expression":{"references":["aws_cloudfront_distribution.my_distribution.domain_name","aws_cloudfront_distribution.my_distribution"]}},"cloudfront_hosted_zone_id":{"expression":{"references":["aws_cloudfront_distribution.my_distribution.hosted_zone_id","aws_cloudfront_distribution.my_distribution"]}},"cloudfront_id":{"expression":{"references":["aws_cloudfront_distribution.my_distribution.id","aws_cloudfront_distribution.my_distribution"]}},"cloudfront_status":{"expression":{"references":["aws_cloudfront_distribution.my_distribution.status","aws_cloudfront_distribution.my_distribution"]}}},"resources":[{"address":"aws_cloudfront_distribution.my_distribution","mode":"managed","type":"aws_cloudfront_distribution","name":"my_distribution","provider_config_key":"aws","expressions":{"aliases":{"references":["var.additional_domain_name"]},"default_cache_behavior":[{"allowed_methods":{"constant_value":["GET","HEAD","OPTIONS","PUT","POST","PATCH","DELETE"]},"cached_methods":{"constant_value":["GET","HEAD","OPTIONS"]},"forwarded_values":[{"cookies":[{"forward":{"constant_value":"all"}}],"headers":{"constant_value":["host"]},"query_string":{"constant_value":true}}],"target_origin_id":{"references":["var.alb_domain_name"]},"viewer_protocol_policy":{"constant_value":"redirect-to-https"}}],"enabled":{"constant_value":true},"origin":[{"custom_origin_config":[{"http_port":{"constant_value":80},"https_port":{"constant_value":443},"origin_protocol_policy":{"constant_value":"http-only"},"origin_ssl_protocols":{"constant_value":["TLSv1.2"]}}],"domain_name":{"references":["var.alb_domain_name"]},"origin_id":{"references":["var.alb_domain_name"]}}],"restrictions":[{"geo_restriction":[{"restriction_type":{"constant_value":"none"}}]}],"tags":{"references":["var.project_name"]},"viewer_certificate":[{"acm_certificate_arn":{"references":["data.aws_acm_certificate.issued.arn","data.aws_acm_certificate.issued"]},"minimum_protocol_version":{"constant_value":"TLSv1.2_2018"},"ssl_support_method":{"constant_value":"sni-only"}}]},"schema_version":1},{"address":"data.aws_acm_certificate.issued","mode":"data","type":"aws_acm_certificate","name":"issued","provider_config_key":"aws","expressions":{"domain":{"references":["var.certificate_domain_name"]},"statuses":{"constant_value":["ISSUED"]}},"schema_version":0}],"variables":{"additional_domain_name":{},"alb_domain_name":{},"certificate_domain_name":{},"project_name":{}}},"depends_on":["module.vpc","module.iam_role","module.nat_instance","module.rds","module.alb","module.asg"]},"iam_role":{"source":"../modules/iam_role","expressions":{"vpc_id":{"references":["module.vpc.vpc_id","module.vpc"]}},"module":{"outputs":{"s3_ssm_cw_instance_profile_name":{"expression":{"references":["aws_iam_instance_profile.s3_ssm_cw_profile.name","aws_iam_instance_profile.s3_ssm_cw_profile"]},"description":"IAM role name for S3 and SSM access"},"s3_ssm_cw_role_name":{"expression":{"references":["aws_iam_role.s3_ssm_CW_role.name","aws_iam_role.s3_ssm_CW_role"]},"description":"IAM role name for S3 and SSM access"}},"resources":[{"address":"aws_flow_log.example_vpc_flow_log","mode":"managed","type":"aws_flow_log","name":"example_vpc_flow_log","provider_config_key":"aws","expressions":{"log_destination":{"references":["aws_s3_bucket.vpc_flow_logs_bucket.arn","aws_s3_bucket.vpc_flow_logs_bucket"]},"log_destination_type":{"constant_value":"s3"},"traffic_type":{"constant_value":"ALL"},"vpc_id":{"references":["var.vpc_id"]}},"schema_version":0},{"address":"aws_iam_instance_profile.s3_ssm_cw_profile","mode":"managed","type":"aws_iam_instance_profile","name":"s3_ssm_cw_profile","provider_config_key":"aws","expressions":{"name":{"constant_value":"S3-SSM-CW-Profile"},"role":{"references":["aws_iam_role.s3_ssm_CW_role.name","aws_iam_role.s3_ssm_CW_role"]}},"schema_version":0},{"address":"aws_iam_policy.cloudwatch_agent_policy","mode":"managed","type":"aws_iam_policy","name":"cloudwatch_agent_policy","provider_config_key":"aws","expressions":{"description":{"constant_value":"Policy for EC2 instances to send logs to CloudWatch"},"name":{"constant_value":"cloudwatch-agent-policy"},"policy":{}},"schema_version":0},{"address":"aws_iam_role.s3_ssm_CW_role","mode":"managed","type":"aws_iam_role","name":"s3_ssm_CW_role","provider_config_key":"aws","expressions":{"assume_role_policy":{},"name":{"constant_value":"S3-SSM-CW-Role"},"tags":{"constant_value":{"Name":"S3-SSM-Role","Purpose":"Allow EC2 to access S3 and use SSM agent"}}},"schema_version":0},{"address":"aws_iam_role.vpc_flow_logs_role","mode":"managed","type":"aws_iam_role","name":"vpc_flow_logs_role","provider_config_key":"aws","expressions":{"assume_role_policy":{},"name":{"constant_value":"VPCFlowLogsRole"}},"schema_version":0},{"address":"aws_iam_role_policy_attachment.cloudwatch_agent_attachment","mode":"managed","type":"aws_iam_role_policy_attachment","name":"cloudwatch_agent_attachment","provider_config_key":"aws","expressions":{"policy_arn":{"references":["aws_iam_policy.cloudwatch_agent_policy.arn","aws_iam_policy.cloudwatch_agent_policy"]},"role":{"references":["aws_iam_role.s3_ssm_CW_role.name","aws_iam_role.s3_ssm_CW_role"]}},"schema_version":0},{"address":"aws_iam_role_policy_attachment.s3_readonly_attach","mode":"managed","type":"aws_iam_role_policy_attachment","name":"s3_readonly_attach","provider_config_key":"aws","expressions":{"policy_arn":{"constant_value":"arn:aws:iam::aws:policy/AmazonS3ReadOnlyAccess"},"role":{"references":["aws_iam_role.s3_ssm_CW_role.name","aws_iam_role.s3_ssm_CW_role"]}},"schema_version":0},{"address":"aws_iam_role_policy_attachment.secret_manager-ReadWrite","mode":"managed","type":"aws_iam_role_policy_attachment","name":"secret_manager-ReadWrite","provider_config_key":"aws","expressions":{"policy_arn":{"constant_value":"arn:aws:iam::aws:policy/SecretsManagerReadWrite"},"role":{"references":["aws_iam_role.s3_ssm_CW_role.name","aws_iam_role.s3_ssm_CW_role"]}},"schema_version":0},{"address":"aws_iam_role_policy_attachment.ssm_core_attach","mode":"managed","type":"aws_iam_role_policy_attachment","name":"ssm_core_attach","provider_config_key":"aws","expressions":{"policy_arn":{"constant_value":"arn:aws:iam::aws:policy/AmazonSSMManagedInstanceCore"},"role":{"references":["aws_iam_role.s3_ssm_CW_role.name","aws_iam_role.s3_ssm_CW_role"]}},"schema_version":0},{"address":"aws_iam_role_policy_attachment.ssmparameter_read_only","mode":"managed","type":"aws_iam_role_policy_attachment","name":"ssmparameter_read_only","provider_config_key":"aws","expressions":{"policy_arn":{"constant_value":"arn:aws:iam::aws:policy/AmazonSSMReadOnlyAccess"},"role":{"references":["aws_iam_role.s3_ssm_CW_role.name","aws_iam_role.s3_ssm_CW_role"]}},"schema_version":0},{"address":"aws_s3_bucket.vpc_flow_logs_bucket","mode":"managed","type":"aws_s3_bucket","name":"vpc_flow_logs_bucket","provider_config_key":"aws","expressions":{"bucket":{"constant_value":"vpc-flow-log-s3-bucket-panda"}},"schema_version":0},{"address":"aws_s3_bucket_acl.acl","mode":"managed","type":"aws_s3_bucket_acl","name":"acl","provider_config_key":"aws","expressions":{"acl":{"constant_value":"private"},"bucket":{"references":["aws_s3_bucket.vpc_flow_logs_bucket.id","aws_s3_bucket.vpc_flow_logs_bucket"]}},"schema_version":0,"depends_on":["aws_s3_bucket_ownership_controls.vpc_flow_logs"]},{"address":"aws_s3_bucket_ownership_controls.vpc_flow_logs","mode":"managed","type":"aws_s3_bucket_ownership_controls","name":"vpc_flow_logs","provider_config_key":"aws","expressions":{"bucket":{"references":["aws_s3_bucket.vpc_flow_logs_bucket.id","aws_s3_bucket.vpc_flow_logs_bucket"]},"rule":[{"object_ownership":{"constant_value":"BucketOwnerPreferred"}}]},"schema_version":0},{"address":"aws_s3_bucket_policy.vpc_flow_logs","mode":"managed","type":"aws_s3_bucket_policy","name":"vpc_flow_logs","provider_config_key":"aws","expressions":{"bucket":{"references":["aws_s3_bucket.vpc_flow_logs_bucket.bucket","aws_s3_bucket.vpc_flow_logs_bucket"]},"policy":{"references":["aws_s3_bucket.vpc_flow_logs_bucket.arn","aws_s3_bucket.vpc_flow_logs_bucket","data.aws_caller_identity.current.account_id","data.aws_caller_identity.current","data.aws_caller_identity.current.account_id","data.aws_caller_identity.current","data.aws_caller_identity.current.account_id","data.aws_caller_identity.current","aws_s3_bucket.vpc_flow_logs_bucket.arn","aws_s3_bucket.vpc_flow_logs_bucket","data.aws_caller_identity.current.account_id","data.aws_caller_identity.current","data.aws_caller_identity.current.account_id","data.aws_caller_identity.current"]}},"schema_version":0},{"address":"aws_s3_bucket_public_access_block.vpc_flow_logs","mode":"managed","type":"aws_s3_bucket_public_access_block","name":"vpc_flow_logs","provider_config_key":"aws","expressions":{"block_public_acls":{"constant_value":true},"block_public_policy":{"constant_value":true},"bucket":{"references":["aws_s3_bucket.vpc_flow_logs_bucket.bucket","aws_s3_bucket.vpc_flow_logs_bucket"]},"ignore_public_acls":{"constant_value":true},"restrict_public_buckets":{"constant_value":true}},"schema_version":0},{"address":"aws_s3_bucket_server_side_encryption_configuration.SSE_config","mode":"managed","type":"aws_s3_bucket_server_side_encryption_configuration","name":"SSE_config","provider_config_key":"aws","expressions":{"bucket":{"references":["aws_s3_bucket.vpc_flow_logs_bucket.id","aws_s3_bucket.vpc_flow_logs_bucket"]},"rule":[{"apply_server_side_encryption_by_default":[{"sse_algorithm":{"constant_value":"AES256"}}],"bucket_key_enabled":{"constant_value":false}}]},"schema_version":0},{"address":"data.aws_caller_identity.current","mode":"data","type":"aws_caller_identity","name":"current","provider_config_key":"aws","schema_version":0}],"variables":{"vpc_id":{}}}},"nat_instance":{"source":"../modules/nat_instance","expressions":{"igw_id":{"references":["module.vpc.igw_id","module.vpc"]},"pri_sub_3a_id":{"references":["module.vpc.pri_sub_3a_id","module.vpc"]},"pri_sub_4b_id":{"references":["module.vpc.pri_sub_4b_id","module.vpc"]},"pri_sub_5a_id":{"references":["module.vpc.pri_sub_5a_id","module.vpc"]},"pri_sub_6b_id":{"references":["module.vpc.pri_sub_6b_id","module.vpc"]},"pub_sub_1a_id":{"references":["module.vpc.pub_sub_1a_id","module.vpc"]},"pub_sub_2b_id":{"references":["module.vpc.pub_sub_2b_id","module.vpc"]},"s3_ssm_cw_instance_profile_name":{"references":["module.iam_role.s3_ssm_cw_instance_profile_name","module.iam_role"]},"vpc_cidr_block":{"references":["module.vpc.vpc_cidr_block","module.vpc"]},"vpc_id":{"references":["module.vpc.vpc_id","module.vpc"]}},"module":{"resources":[{"address":"aws_instance.nat_ec2_instance","mode":"managed","type":"aws_instance","name":"nat_ec2_instance","provider_config_key":"aws","expressions":{"ami":{"references":["data.aws_ami.latest_amazon_linux.id","data.aws_ami.latest_amazon_linux"]},"associate_public_ip_address":{"constant_value":true},"iam_instance_profile":{"references":["var.s3_ssm_cw_instance_profile_name"]},"instance_type":{"constant_value":"t4g.micro"},"root_block_device":[{"volume_size":{"constant_value":8},"volume_type":{"constant_value":"standard"}}],"source_dest_check":{"constant_value":false},"subnet_id":{"references":["var.pub_sub_1a_id"]},"tags":{"constant_value":{"Environment":"dev","Name":"self-managed-nat-ec2-instance","Terraform":"true"}},"user_data":{},"vpc_security_group_ids":{"references":["aws_security_group.nat_ec2_sg.id","aws_security_group.nat_ec2_sg"]}},"schema_version":1},{"address":"aws_route_table.pri-rt-a","mode":"managed","type":"aws_route_table","name":"pri-rt-a","provider_config_key":"aws","expressions":{"route":{"references":["aws_instance.nat_ec2_instance.primary_network_interface_id","aws_instance.nat_ec2_instance"]},"tags":{"constant_value":{"Name":"Pri-rt-a"}},"vpc_id":{"references":["var.vpc_id"]}},"schema_version":0},{"address":"aws_route_table.pri-rt-b","mode":"managed","type":"aws_route_table","name":"pri-rt-b","provider_config_key":"aws","expressions":{"route":{"references":["aws_instance.nat_ec2_instance.primary_network_interface_id","aws_instance.nat_ec2_instance"]},"tags":{"constant_value":{"Name":"pri-rt-b"}},"vpc_id":{"references":["var.vpc_id"]}},"schema_version":0},{"address":"aws_route_table_association.pri-sub-3a-with-Pri-rt-a","mode":"managed","type":"aws_route_table_association","name":"pri-sub-3a-with-Pri-rt-a","provider_config_key":"aws","expressions":{"route_table_id":{"references":["aws_route_table.pri-rt-a.id","aws_route_table.pri-rt-a"]},"subnet_id":{"references":["var.pri_sub_3a_id"]}},"schema_version":0},{"address":"aws_route_table_association.pri-sub-4b-with-Pri-rt-b","mode":"managed","type":"aws_route_table_association","name":"pri-sub-4b-with-Pri-rt-b","provider_config_key":"aws","expressions":{"route_table_id":{"references":["aws_route_table.pri-rt-a.id","aws_route_table.pri-rt-a"]},"subnet_id":{"references":["var.pri_sub_4b_id"]}},"schema_version":0},{"address":"aws_route_table_association.pri-sub-5a-with-pri-rt-b","mode":"managed","type":"aws_route_table_association","name":"pri-sub-5a-with-pri-rt-b","provider_config_key":"aws","expressions":{"route_table_id":{"references":["aws_route_table.pri-rt-b.id","aws_route_table.pri-rt-b"]},"subnet_id":{"references":["var.pri_sub_5a_id"]}},"schema_version":0},{"address":"aws_route_table_association.pri-sub-6b-with-pri-rt-b","mode":"managed","type":"aws_route_table_association","name":"pri-sub-6b-with-pri-rt-b","provider_config_key":"aws","expressions":{"route_table_id":{"references":["aws_route_table.pri-rt-b.id","aws_route_table.pri-rt-b"]},"subnet_id":{"references":["var.pri_sub_6b_id"]}},"schema_version":0},{"address":"aws_security_group.nat_ec2_sg","mode":"managed","type":"aws_security_group","name":"nat_ec2_sg","provider_config_key":"aws","expressions":{"description":{"constant_value":"Security group of Self-Managed NAT EC2 Instance"},"egress":{"constant_value":[{"cidr_blocks":["0.0.0.0/0"],"description":"Allow all outbound traffic","from_port":0,"ipv6_cidr_blocks":null,"prefix_list_ids":null,"protocol":"-1","security_groups":null,"self":null,"to_port":0}]},"ingress":{"references":["var.vpc_cidr_block"]},"name":{"constant_value":"self-managed-nat-ec2-sg"},"tags":{"constant_value":{"Environment":"dev","Name":"self-managed-nat-ec2-instance-sg","Terraform":"true"}},"vpc_id":{"references":["var.vpc_id"]}},"schema_version":1},{"address":"data.aws_ami.latest_amazon_linux","mode":"data","type":"aws_ami","name":"latest_amazon_linux","provider_config_key":"aws","expressions":{"filter":[{"name":{"constant_value":"name"},"values":{"constant_value":["al2023-ami-2023.*-arm64"]}},{"name":{"constant_value":"virtualization-type"},"values":{"constant_value":["hvm"]}}],"most_recent":{"constant_value":true},"owners":{"constant_value":["amazon"]}},"schema_version":0}],"variables":{"igw_id":{},"pri_sub_3a_id":{},"pri_sub_4b_id":{},"pri_sub_5a_id":{},"pri_sub_6b_id":{},"pub_sub_1a_id":{},"pub_sub_2b_id":{},"s3_ssm_cw_instance_profile_name":{},"vpc_cidr_block":{},"vpc_id":{}}},"depends_on":["module.vpc","module.iam_role"]},"rds":{"source":"../modules/rds","expressions":{"db_password":{"references":["var.db_password"]},"db_sg_id":{"references":["module.security-group.db_sg_id","module.security-group"]},"db_username":{"references":["var.db_username"]},"pri_sub_7a_id":{"references":["module.vpc.pri_sub_7a_id","module.vpc"]},"pri_sub_8b_id":{"references":["module.vpc.pri_sub_8b_id","module.vpc"]}},"module":{"outputs":{"db_endpoint":{"expression":{"references":["aws_db_instance.panda-database.endpoint","aws_db_instance.panda-database"]},"description":"db instance  endpoint for db instance"},"endpoint_address":{"expression":{"references":["aws_db_instance.panda-database.address","aws_db_instance.panda-database"]},"description":"dns address for db instance endpoint"}},"resources":[{"address":"aws_db_instance.panda-database","mode":"managed","type":"aws_db_instance","name":"panda-database","provider_config_key":"aws","expressions":{"allocated_storage":{"constant_value":20},"backup_retention_period":{"constant_value":0},"db_subnet_group_name":{"references":["aws_db_subnet_group.db-subnet.name","aws_db_subnet_group.db-subnet"]},"engine":{"constant_value":"mysql"},"engine_version":{"constant_value":"8.0.42"},"identifier":{"constant_value":"panda-dev-db"},"instance_class":{"constant_value":"db.t4g.micro"},"multi_az":{"constant_value":true},"password":{"references":["var.db_password"]},"publicly_accessible":{"constant_value":false},"skip_final_snapshot":{"constant_value":true},"storage_encrypted":{"constant_value":false},"storage_type":{"constant_value":"standard"},"tags":{"constant_value":{"Name":"appdb"}},"username":{"references":["var.db_username"]},"vpc_security_group_ids":{"references":["var.db_sg_id"]}},"schema_version":1},{"address":"aws_db_subnet_group.db-subnet","mode":"managed","type":"aws_db_subnet_group","name":"db-subnet","provider_config_key":"aws","expressions":{"name":{"references":["var.db_sub_name"]},"subnet_ids":{"references":["var.pri_sub_7a_id","var.pri_sub_8b_id"]}},"schema_version":0}],"variables":{"db_password":{},"db_sg_id":{},"db_sub_name":{"default":"panda-db-subnet-a-b"},"db_username":{},"pri_sub_7a_id":{},"pri_sub_8b_id":{}}},"depends_on":["module.vpc","module.security-group"]},"route53":{"source":"../modules/route53","expressions":{"cloudfront_distro_aliases":{"references":["module.cloudfront.cloudfront_aliases","module.cloudfront"]},"cloudfront_domain_name":{"references":["module.cloudfront.cloudfront_domain_name","module.cloudfront"]},"cloudfront_hosted_zone_id":{"references":["module.cloudfront.cloudfront_hosted_zone_id","module.cloudfront"]}},"module":{"outputs":{"acm_domain_name":{"expression":{"references":["aws_acm_certificate.cert.domain_name","aws_acm_certificate.cert"]}}},"resources":[{"address":"aws_acm_certificate.cert","mode":"managed","type":"aws_acm_certificate","name":"cert","provider_config_key":"aws","expressions":{"domain_name":{"references":["var.hosted_zone_name"]},"subject_alternative_names":{"references":["var.hosted_zone_name"]},"tags":{"constant_value":{"Environment":"test"}},"validation_method":{"constant_value":"DNS"}},"schema_version":0},{"address":"aws_acm_certificate_validation.cert_validation","mode":"managed","type":"aws_acm_certificate_validation","name":"cert_validation","provider_config_key":"aws","expressions":{"certificate_arn":{"references":["aws_acm_certificate.cert.arn","aws_acm_certificate.cert"]},"timeouts":{"create":{"constant_value":"5m"}},"validation_record_fqdns":{"references":["aws_route53_record.cert_validation_record"]}},"schema_version":0},{"address":"aws_route53_record.cert_validation_record","mode":"managed","type":"aws_route53_record","name":"cert_validation_record","provider_config_key":"aws","expressions":{"allow_overwrite":{"constant_value":true},"name":{"references":["each.value.name","each.value"]},"records":{"references":["each.value.record","each.value"]},"ttl":{"constant_value":60},"type":{"references":["each.value.type","each.value"]},"zone_id":{"references":["data.aws_route53_zone.public-zone.zone_id","data.aws_route53_zone.public-zone"]}},"schema_version":2,"for_each_expression":{"references":["aws_acm_certificate.cert.domain_validation_options","aws_acm_certificate.cert"]}},{"address":"aws_route53_record.cloudfront","mode":"managed","type":"aws_route53_record","name":"cloudfront","provider_config_key":"aws","expressions":{"alias":[{"evaluate_target_health":{"constant_value":false},"name":{"references":["var.cloudfront_domain_name"]},"zone_id":{"references":["var.cloudfront_hosted_zone_id"]}}],"name":{"references":["each.value"]},"type":{"constant_value":"A"},"zone_id":{"references":["data.aws_route53_zone.public-zone.zone_id","data.aws_route53_zone.public-zone"]}},"schema_version":2,"for_each_expression":{"references":["var.cloudfront_distro_aliases"]}},{"address":"aws_route53_record.cloudfront_record","mode":"managed","type":"aws_route53_record","name":"cloudfront_record","provider_config_key":"aws","expressions":{"alias":[{"evaluate_target_health":{"constant_value":false},"name":{"references":["var.cloudfront_domain_name"]},"zone_id":{"references":["var.cloudfront_hosted_zone_id"]}}],"name":{"references":["data.aws_route53_zone.public-zone.name","data.aws_route53_zone.public-zone"]},"type":{"constant_value":"A"},"zone_id":{"references":["data.aws_route53_zone.public-zone.zone_id","data.aws_route53_zone.public-zone"]}},"schema_version":2},{"address":"data.aws_route53_zone.public-zone","mode":"data","type":"aws_route53_zone","name":"public-zone","provider_config_key":"aws","expressions":{"name":{"references":["var.hosted_zone_name"]},"private_zone":{"constant_value":false}},"schema_version":0}],"variables":{"cloudfront_distro_aliases":{},"cloudfront_domain_name":{},"cloudfront_hosted_zone_id":{},"hosted_zone_name":{"default":"devsandbox.space"}}}},"s3":{"source":"../modules/s3","expressions":{"bucket_name":{"references":["var.bucket_name"]}},"module":{"outputs":{"panda_bucket_name":{"expression":{"references":["aws_s3_bucket.panda-bucket.id","aws_s3_bucket.panda-bucket"]}}},"resources":[{"address":"aws_s3_bucket.panda-bucket","mode":"managed","type":"aws_s3_bucket","name":"panda-bucket","provider_config_key":"aws","expressions":{"bucket":{"references":["var.bucket_name"]},"force_destroy":{"constant_value":true},"tags":{"references":["var.bucket_name"]}},"schema_version":0},{"address":"aws_s3_object.app_code_upload","mode":"managed","type":"aws_s3_object","name":"app_code_upload","provider_config_key":"aws","expressions":{"acl":{"constant_value":"private"},"bucket":{"references":["aws_s3_bucket.panda-bucket.id","aws_s3_bucket.panda-bucket"]},"etag":{"references":["path.root","each.value"]},"key":{"references":["each.value"]},"source":{"references":["path.root","each.value"]}},"schema_version":0,"for_each_expression":{"references":["local.files_to_upload"]}}],"variables":{"bucket_name":{}}}},"security-group":{"source":"../modules/security-group","expressions":{"vpc_id":{"references":["module.vpc.vpc_id","module.vpc"]}},"module":{"outputs":{"alb_sg_id":{"expression":{"references":["aws_security_group.alb_sg.id","aws_security_group.alb_sg"]}},"client_sg_id":{"expression":{"references":["aws_security_group.client_sg.id","aws_security_group.client_sg"]}},"db_sg_id":{"expression":{"references":["aws_security_group.db_sg.id","aws_security_group.db_sg"]}},"internal_alb_sg_id":{"expression":{"references":["aws_security_group.internal_alb_sg.id","aws_security_group.internal_alb_sg"]}},"server_sg_id":{"expression":{"references":["aws_security_group.server_sg.id","aws_security_group.server_sg"]}}},"resources":[{"address":"aws_security_group.alb_sg","mode":"managed","type":"aws_security_group","name":"alb_sg","provider_config_key":"aws","expressions":{"description":{"constant_value":"enable http/https access on port 80/443"},"egress":{"constant_value":[{"cidr_blocks":["0.0.0.0/0"],"description":null,"from_port":0,"ipv6_cidr_blocks":null,"prefix_list_ids":null,"protocol":"-1","security_groups":null,"self":null,"to_port":0}]},"ingress":{"constant_value":[{"cidr_blocks":["0.0.0.0/0"],"description":"http access","from_port":80,"ipv6_cidr_blocks":null,"prefix_list_ids":null,"protocol":"tcp","security_groups":null,"self":null,"to_port":80},{"cidr_blocks":["0.0.0.0/0"],"description":"https access","from_port":443,"ipv6_cidr_blocks":null,"prefix_list_ids":null,"protocol":"tcp","security_groups":null,"self":null,"to_port":443}]},"name":{"constant_value":"alb security group"},"tags":{"constant_value":{"Name":"alb_sg"}},"vpc_id":{"references":["var.vpc_id"]}},"schema_version":1},{"address":"aws_security_group.client_sg","mode":"managed","type":"aws_security_group","name":"client_sg","provider_config_key":"aws","expressions":{"description":{"constant_value":"enable http/https access on port 80 for client sg"},"egress":{"constant_value":[{"cidr_blocks":["0.0.0.0/0"],"description":null,"from_port":0,"ipv6_cidr_blocks":null,"prefix_list_ids":null,"protocol":"-1","security_groups":null,"self":null,"to_port":0}]},"ingress":{"references":["aws_security_group.alb_sg.id","aws_security_group.alb_sg"]},"name":{"constant_value":"client_sg"},"tags":{"constant_value":{"Name":"Client_sg"}},"vpc_id":{"references":["var.vpc_id"]}},"schema_version":1,"depends_on":["aws_security_group.alb_sg"]},{"address":"aws_security_group.db_sg","mode":"managed","type":"aws_security_group","name":"db_sg","provider_config_key":"aws","expressions":{"description":{"constant_value":"enable mysql access on port 3305 from server-sg"},"egress":{"constant_value":[{"cidr_blocks":["0.0.0.0/0"],"description":null,"from_port":0,"ipv6_cidr_blocks":null,"prefix_list_ids":null,"protocol":"-1","security_groups":null,"self":null,"to_port":0}]},"ingress":{"references":["aws_security_group.server_sg.id","aws_security_group.server_sg"]},"name":{"constant_value":"db_sg"},"tags":{"constant_value":{"Name":"database_sg"}},"vpc_id":{"references":["var.vpc_id"]}},"schema_version":1,"depends_on":["aws_security_group.server_sg"]},{"address":"aws_security_group.internal_alb_sg","mode":"managed","type":"aws_security_group","name":"internal_alb_sg","provider_config_key":"aws","expressions":{"description":{"constant_value":"enable http/https access on port 80 for internal alb sg"},"egress":{"constant_value":[{"cidr_blocks":["0.0.0.0/0"],"description":null,"from_port":0,"ipv6_cidr_blocks":null,"prefix_list_ids":null,"protocol":"-1","security_groups":null,"self":null,"to_port":0}]},"ingress":{"references":["aws_security_group.client_sg.id","aws_security_group.client_sg"]},"name":{"constant_value":"internal_alb_sg"},"tags":{"constant_value":{"Name":"internal_alb_sg"}},"vpc_id":{"references":["var.vpc_id"]}},"schema_version":1,"depends_on":["aws_security_group.client_sg"]},{"address":"aws_security_group.server_sg","mode":"managed","type":"aws_security_group","name":"server_sg","provider_config_key":"aws","expressions":{"description":{"constant_value":"enable http/https access on port 4000 for server app sg"},"egress":{"constant_value":[{"cidr_blocks":["0.0.0.0/0"],"description":null,"from_port":0,"ipv6_cidr_blocks":null,"prefix_list_ids":null,"protocol":"-1","security_groups":null,"self":null,"to_port":0}]},"ingress":{"references":["aws_security_group.internal_alb_sg.id","aws_security_group.internal_alb_sg"]},"name":{"constant_value":"server_sg"},"tags":{"constant_value":{"Name":"server_sg"}},"vpc_id":{"references":["var.vpc_id"]}},"schema_version":1,"depends_on":["aws_security_group.internal_alb_sg"]}],"variables":{"vpc_id":{}}},"depends_on":["module.vpc"]},"vpc":{"source":"../modules/vpc","expressions":{"pri_sub_3a_cidr":{"references":["var.pri_sub_3a_cidr"]},"pri_sub_4b_cidr":{"references":["var.pri_sub_4b_cidr"]},"pri_sub_5a_cidr":{"references":["var.pri_sub_5a_cidr"]},"pri_sub_6b_cidr":{"references":["var.pri_sub_6b_cidr"]},"pri_sub_7a_cidr":{"references":["var.pri_sub_7a_cidr"]},"pri_sub_8b_cidr":{"references":["var.pri_sub_8b_cidr"]},"project_name":{"references":["var.project_name"]},"pub_sub_1a_cidr":{"references":["var.pub_sub_1a_cidr"]},"pub_sub_2b_cidr":{"references":["var.pub_sub_2b_cidr"]},"region":{"references":["var.region"]},"vpc_cidr":{"references":["var.vpc_cidr"]}},"module":{"outputs":{"igw_id":{"expression":{"references":["aws_internet_gateway.internet_gateway"]}},"pri_sub_3a_id":{"expression":{"references":["aws_subnet.pri_sub_3a.id","aws_subnet.pri_sub_3a"]}},"pri_sub_4b_id":{"expression":{"references":["aws_subnet.pri_sub_4b.id","aws_subnet.pri_sub_4b"]}},"pri_sub_5a_id":{"expression":{"references":["aws_subnet.pri_sub_5a.id","aws_subnet.pri_sub_5a"]}},"pri_sub_6b_id":{"expression":{"references":["aws_subnet.pri_sub_6b.id","aws_subnet.pri_sub_6b"]}},"pri_sub_7a_id":{"expression":{"references":["aws_subnet.pri_sub_7a.id","aws_subnet.pri_sub_7a"]}},"pri_sub_8b_id":{"expression":{"references":["aws_subnet.pri_sub_8b.id","aws_subnet.pri_sub_8b"]}},"project_name":{"expression":{"references":["var.project_name"]}},"pub_sub_1a_id":{"expression":{"references":["aws_subnet.pub_sub_1a.id","aws_subnet.pub_sub_1a"]}},"pub_sub_2b_id":{"expression":{"references":["aws_subnet.pub_sub_2b.id","aws_subnet.pub_sub_2b"]}},"region":{"expression":{"references":["var.region"]}},"vpc_cidr_block":{"expression":{"references":["aws_vpc.vpc.cidr_block","aws_vpc.vpc"]}},"vpc_id":{"expression":{"references":["aws_vpc.vpc.id","aws_vpc.vpc"]}}},"resources":[{"address":"aws_internet_gateway.internet_gateway","mode":"managed","type":"aws_internet_gateway","name":"internet_gateway","provider_config_key":"aws","expressions":{"tags":{"references":["var.project_name"]},"vpc_id":{"references":["aws_vpc.vpc.id","aws_vpc.vpc"]}},"schema_version":0},{"address":"aws_route_table.public_route_table","mode":"managed","type":"aws_route_table","name":"public_route_table","provider_config_key":"aws","expressions":{"route":{"references":["aws_internet_gateway.internet_gateway.id","aws_internet_gateway.internet_gateway"]},"tags":{"constant_value":{"Name":"Public-rt"}},"vpc_id":{"references":["aws_vpc.vpc.id","aws_vpc.vpc"]}},"schema_version":0},{"address":"aws_route_table_association.pub-sub-1a_route_table_association","mode":"managed","type":"aws_route_table_association","name":"pub-sub-1a_route_table_association","provider_config_key":"aws","expressions":{"route_table_id":{"references":["aws_route_table.public_route_table.id","aws_route_table.public_route_table"]},"subnet_id":{"references":["aws_subnet.pub_sub_1a.id","aws_subnet.pub_sub_1a"]}},"schema_version":0},{"address":"aws_route_table_association.pub-sub-2-b_route_table_association","mode":"managed","type":"aws_route_table_association","name":"pub-sub-2-b_route_table_association","provider_config_key":"aws","expressions":{"route_table_id":{"references":["aws_route_table.public_route_table.id","aws_route_table.public_route_table"]},"subnet_id":{"references":["aws_subnet.pub_sub_2b.id","aws_subnet.pub_sub_2b"]}},"schema_version":0},{"address":"aws_subnet.pri_sub_3a","mode":"managed","type":"aws_subnet","name":"pri_sub_3a","provider_config_key":"aws","expressions":{"availability_zone":{"references":["data.aws_availability_zones.available_zones.names[0]","data.aws_availability_zones.available_zones.names","data.aws_availability_zones.available_zones"]},"cidr_block":{"references":["var.pri_sub_3a_cidr"]},"map_public_ip_on_launch":{"constant_value":false},"tags":{"constant_value":{"Name":"pri-sub-3a"}},"vpc_id":{"references":["aws_vpc.vpc.id","aws_vpc.vpc"]}},"schema_version":1},{"address":"aws_subnet.pri_sub_4b","mode":"managed","type":"aws_subnet","name":"pri_sub_4b","provider_config_key":"aws","expressions":{"availability_zone":{"references":["data.aws_availability_zones.available_zones.names[1]","data.aws_availability_zones.available_zones.names","data.aws_availability_zones.available_zones"]},"cidr_block":{"references":["var.pri_sub_4b_cidr"]},"map_public_ip_on_launch":{"constant_value":false},"tags":{"constant_value":{"Name":"pri-sub-4b"}},"vpc_id":{"references":["aws_vpc.vpc.id","aws_vpc.vpc"]}},"schema_version":1},{"address":"aws_subnet.pri_sub_5a","mode":"managed","type":"aws_subnet","name":"pri_sub_5a","provider_config_key":"aws","expressions":{"availability_zone":{"references":["data.aws_availability_zones.available_zones.names[0]","data.aws_availability_zones.available_zones.names","data.aws_availability_zones.available_zones"]},"cidr_block":{"references":["var.pri_sub_5a_cidr"]},"map_public_ip_on_launch":{"constant_value":false},"tags":{"constant_value":{"Name":"pri-sub-5a"}},"vpc_id":{"references":["aws_vpc.vpc.id","aws_vpc.vpc"]}},"schema_version":1},{"address":"aws_subnet.pri_sub_6b","mode":"managed","type":"aws_subnet","name":"pri_sub_6b","provider_config_key":"aws","expressions":{"availability_zone":{"references":["data.aws_availability_zones.available_zones.names[1]","data.aws_availability_zones.available_zones.names","data.aws_availability_zones.available_zones"]},"cidr_block":{"references":["var.pri_sub_6b_cidr"]},"map_public_ip_on_launch":{"constant_value":false},"tags":{"constant_value":{"Name":"pri-sub-6b"}},"vpc_id":{"references":["aws_vpc.vpc.id","aws_vpc.vpc"]}},"schema_version":1},{"address":"aws_subnet.pri_sub_7a","mode":"managed","type":"aws_subnet","name":"pri_sub_7a","provider_config_key":"aws","expressions":{"availability_zone":{"references":["data.aws_availability_zones.available_zones.names[0]","data.aws_availability_zones.available_zones.names","data.aws_availability_zones.available_zones"]},"cidr_block":{"references":["var.pri_sub_7a_cidr"]},"map_public_ip_on_launch":{"constant_value":false},"tags":{"constant_value":{"Name":"pri-sub-7a"}},"vpc_id":{"references":["aws_vpc.vpc.id","aws_vpc.vpc"]}},"schema_version":1},{"address":"aws_subnet.pri_sub_8b","mode":"managed","type":"aws_subnet","name":"pri_sub_8b","provider_config_key":"aws","expressions":{"availability_zone":{"references":["data.aws_availability_zones.available_zones.names[1]","data.aws_availability_zones.available_zones.names","data.aws_availability_zones.available_zones"]},"cidr_block":{"references":["var.pri_sub_8b_cidr"]},"map_public_ip_on_launch":{"constant_value":false},"tags":{"constant_value":{"Name":"pri-sub-8b"}},"vpc_id":{"references":["aws_vpc.vpc.id","aws_vpc.vpc"]}},"schema_version":1},{"address":"aws_subnet.pub_sub_1a","mode":"managed","type":"aws_subnet","name":"pub_sub_1a","provider_config_key":"aws","expressions":{"availability_zone":{"references":["data.aws_availability_zones.available_zones.names[0]","data.aws_availability_zones.available_zones.names","data.aws_availability_zones.available_zones"]},"cidr_block":{"references":["var.pub_sub_1a_cidr"]},"map_public_ip_on_launch":{"constant_value":true},"tags":{"constant_value":{"Name":"pub_sub_1a"}},"vpc_id":{"references":["aws_vpc.vpc.id","aws_vpc.vpc"]}},"schema_version":1},{"address":"aws_subnet.pub_sub_2b","mode":"managed","type":"aws_subnet","name":"pub_sub_2b","provider_config_key":"aws","expressions":{"availability_zone":{"references":["data.aws_availability_zones.available_zones.names[1]","data.aws_availability_zones.available_zones.names","data.aws_availability_zones.available_zones"]},"cidr_block":{"references":["var.pub_sub_2b_cidr"]},"map_public_ip_on_launch":{"constant_value":true},"tags":{"constant_value":{"Name":"pub_sub_2b"}},"vpc_id":{"references":["aws_vpc.vpc.id","aws_vpc.vpc"]}},"schema_version":1},{"address":"aws_vpc.vpc","mode":"managed","type":"aws_vpc","name":"vpc","provider_config_key":"aws","expressions":{"cidr_block":{"references":["var.vpc_cidr"]},"enable_dns_hostnames":{"constant_value":true},"enable_dns_support":{"constant_value":true},"instance_tenancy":{"constant_value":"default"},"tags":{"references":["var.project_name"]}},"schema_version":1},{"address":"data.aws_availability_zones.available_zones","mode":"data","type":"aws_availability_zones","name":"available_zones","provider_config_key":"aws","schema_version":0}],"variables":{"pri_sub_3a_cidr":{},"pri_sub_4b_cidr":{},"pri_sub_5a_cidr":{},"pri_sub_6b_cidr":{},"pri_sub_7a_cidr":{},"pri_sub_8b_cidr":{},"project_name":{},"pub_sub_1a_cidr":{},"pub_sub_2b_cidr":{},"region":{},"vpc_cidr":{}}}}},"variables":{"additional_domain_name":{},"bucket_name":{},"certificate_domain_name":{},"db_name":{},"db_password":{},"db_username":{},"pri_sub_3a_cidr":{},"pri_sub_4b_cidr":{},"pri_sub_5a_cidr":{},"pri_sub_6b_cidr":{},"pri_sub_7a_cidr":{},"pri_sub_8b_cidr":{},"project_name":{},"pub_sub_1a_cidr":{},"pub_sub_2b_cidr":{},"region":{},"vpc_cidr":{}}}},"relevant_attributes":[{"resource":"module.nat_instance.aws_instance.nat_ec2_instance","attribute":["primary_network_interface_id"]},{"resource":"module.alb.aws_lb.application_load_balancer","attribute":["dns_name"]},{"resource":"module.vpc.aws_vpc.vpc","attribute":["cidr_block"]},{"resource":"module.alb.aws_lb_target_group.internal_alb_target_group","attribute":["arn"]},{"resource":"module.rds.aws_db_instance.panda-database","attribute":["address"]},{"resource":"module.security-group.aws_security_group.internal_alb_sg","attribute":["id"]},{"resource":"module.vpc.aws_subnet.pub_sub_1a","attribute":["id"]},{"resource":"module.aws_secret.aws_secretsmanager_secret.db_secret","attribute":["id"]},{"resource":"module.vpc.aws_subnet.pri_sub_5a","attribute":["id"]},{"resource":"module.cloudfront.aws_cloudfront_distribution.my_distribution","attribute":["aliases"]},{"resource":"module.aws_secret.aws_secretsmanager_secret.db_secret","attribute":["name"]},{"resource":"module.cloudfront.aws_cloudfront_distribution.my_distribution","attribute":["arn"]},{"resource":"module.security-group.aws_security_group.alb_sg","attribute":["id"]},{"resource":"module.vpc.aws_subnet.pri_sub_6b","attribute":["id"]},{"resource":"module.route53.aws_acm_certificate.cert","attribute":["domain_name"]},{"resource":"module.alb.aws_lb_target_group.alb_target_group","attribute":["arn"]},{"resource":"module.vpc.aws_subnet.pri_sub_7a","attribute":["id"]},{"resource":"module.iam_role.aws_iam_instance_profile.s3_ssm_cw_profile","attribute":["name"]},{"resource":"module.iam_role.aws_iam_role.s3_ssm_CW_role","attribute":["name"]},{"resource":"module.cloudfront.data.aws_acm_certificate.issued","attribute":["arn"]},{"resource":"module.vpc.aws_subnet.pri_sub_8b","attribute":["id"]},{"resource":"module.vpc.aws_subnet.pub_sub_2b","attribute":["id"]},{"resource":"module.cloudfront.aws_cloudfront_distribution.my_distribution","attribute":["domain_name"]},{"resource":"module.rds.aws_db_instance.panda-database","attribute":["endpoint"]},{"resource":"module.vpc.aws_vpc.vpc","attribute":["id"]},{"resource":"module.alb.aws_lb.internal_application_load_balancer","attribute":["dns_name"]},{"resource":"module.vpc.aws_subnet.pri_sub_3a","attribute":["id"]},{"resource":"module.vpc.aws_subnet.pri_sub_4b","attribute":["id"]},{"resource":"module.cloudfront.aws_cloudfront_distribution.my_distribution","attribute":["hosted_zone_id"]},{"resource":"module.security-group.aws_security_group.client_sg","attribute":["id"]},{"resource":"module.vpc.aws_internet_gateway.internet_gateway","attribute":[]},{"resource":"module.cloudfront.aws_cloudfront_distribution.my_distribution","attribute":["id"]},{"resource":"module.security-group.aws_security_group.db_sg","attribute":["id"]},{"resource":"module.cloudfront.aws_cloudfront_distribution.my_distribution","attribute":["status"]},{"resource":"module.security-group.aws_security_group.server_sg","attribute":["id"]},{"resource":"module.s3.aws_s3_bucket.panda-bucket","attribute":["id"]}],"timestamp":"2025-10-23T13:16:31Z","applyable":true,"complete":true,"errored":false}
