{"format_version":"1.2","terraform_version":"1.13.3","variables":{"additional_domain_name":{"value":"www.devsandbox.space"},"alb_api_domain_name":{"value":"api.devsandbox.space"},"bucket_name":{"value":"lirw-react-node-app"},"certificate_domain_name":{"value":"devsandbox.space"},"db_name":{"value":"lirw_react_node_app"},"db_password":{"value":"Asd1-CaPQ22"},"db_username":{"value":"admin_3_tier"},"pri_sub_3a_cidr":{"value":"10.0.3.0/24"},"pri_sub_4b_cidr":{"value":"10.0.4.0/24"},"pri_sub_5a_cidr":{"value":"10.0.5.0/24"},"pri_sub_6b_cidr":{"value":"10.0.6.0/24"},"pri_sub_7a_cidr":{"value":"10.0.7.0/24"},"pri_sub_8b_cidr":{"value":"10.0.8.0/24"},"project_name":{"value":"lirw-three-tier-app"},"pub_sub_1a_cidr":{"value":"10.0.1.0/24"},"pub_sub_2b_cidr":{"value":"10.0.2.0/24"},"region":{"value":"us-east-1"},"vpc_cidr":{"value":"10.0.0.0/16"}},"planned_values":{"outputs":{"client_key_name":{"sensitive":false,"type":"string","value":"client_key"},"server_key_name":{"sensitive":false,"type":"string","value":"client_key"}},"root_module":{"resources":[{"address":"null_resource.build_ami","mode":"managed","type":"null_resource","name":"build_ami","provider_name":"registry.terraform.io/hashicorp/null","schema_version":0,"values":{"triggers":null},"sensitive_values":{}}],"child_modules":[{"resources":[{"address":"module.acm.aws_acm_certificate.cert","mode":"managed","type":"aws_acm_certificate","name":"cert","provider_name":"registry.terraform.io/hashicorp/aws","schema_version":0,"values":{"certificate_authority_arn":null,"certificate_body":null,"certificate_chain":null,"domain_name":"devsandbox.space","domain_validation_options":[{"domain_name":"api.devsandbox.space"},{"domain_name":"devsandbox.space"},{"domain_name":"www.devsandbox.space"}],"early_renewal_duration":null,"private_key":null,"subject_alternative_names":["api.devsandbox.space","devsandbox.space","www.devsandbox.space"],"tags":{"Environment":"test"},"tags_all":{"Environment":"test"},"validation_method":"DNS","validation_option":[]},"sensitive_values":{"domain_validation_options":[{},{},{}],"options":[],"private_key":true,"renewal_summary":[],"subject_alternative_names":[false,false,false],"tags":{},"tags_all":{},"validation_emails":[],"validation_option":[]}},{"address":"module.acm.aws_acm_certificate_validation.cert_validation","mode":"managed","type":"aws_acm_certificate_validation","name":"cert_validation","provider_name":"registry.terraform.io/hashicorp/aws","schema_version":0,"values":{"timeouts":{"create":"5m"}},"sensitive_values":{"timeouts":{},"validation_record_fqdns":[]}},{"address":"module.acm.aws_route53_record.cert_validation_record[\"api.devsandbox.space\"]","mode":"managed","type":"aws_route53_record","name":"cert_validation_record","index":"api.devsandbox.space","provider_name":"registry.terraform.io/hashicorp/aws","schema_version":2,"values":{"alias":[],"allow_overwrite":true,"cidr_routing_policy":[],"failover_routing_policy":[],"geolocation_routing_policy":[],"health_check_id":null,"latency_routing_policy":[],"multivalue_answer_routing_policy":null,"set_identifier":null,"ttl":60,"weighted_routing_policy":[],"zone_id":"Z01883253QKY9CDJWMTTM"},"sensitive_values":{"alias":[],"cidr_routing_policy":[],"failover_routing_policy":[],"geolocation_routing_policy":[],"latency_routing_policy":[],"records":[],"weighted_routing_policy":[]}},{"address":"module.acm.aws_route53_record.cert_validation_record[\"devsandbox.space\"]","mode":"managed","type":"aws_route53_record","name":"cert_validation_record","index":"devsandbox.space","provider_name":"registry.terraform.io/hashicorp/aws","schema_version":2,"values":{"alias":[],"allow_overwrite":true,"cidr_routing_policy":[],"failover_routing_policy":[],"geolocation_routing_policy":[],"health_check_id":null,"latency_routing_policy":[],"multivalue_answer_routing_policy":null,"set_identifier":null,"ttl":60,"weighted_routing_policy":[],"zone_id":"Z01883253QKY9CDJWMTTM"},"sensitive_values":{"alias":[],"cidr_routing_policy":[],"failover_routing_policy":[],"geolocation_routing_policy":[],"latency_routing_policy":[],"records":[],"weighted_routing_policy":[]}},{"address":"module.acm.aws_route53_record.cert_validation_record[\"www.devsandbox.space\"]","mode":"managed","type":"aws_route53_record","name":"cert_validation_record","index":"www.devsandbox.space","provider_name":"registry.terraform.io/hashicorp/aws","schema_version":2,"values":{"alias":[],"allow_overwrite":true,"cidr_routing_policy":[],"failover_routing_policy":[],"geolocation_routing_policy":[],"health_check_id":null,"latency_routing_policy":[],"multivalue_answer_routing_policy":null,"set_identifier":null,"ttl":60,"weighted_routing_policy":[],"zone_id":"Z01883253QKY9CDJWMTTM"},"sensitive_values":{"alias":[],"cidr_routing_policy":[],"failover_routing_policy":[],"geolocation_routing_policy":[],"latency_routing_policy":[],"records":[],"weighted_routing_policy":[]}}],"address":"module.acm"},{"resources":[{"address":"module.alb.aws_lb.application_load_balancer","mode":"managed","type":"aws_lb","name":"application_load_balancer","provider_name":"registry.terraform.io/hashicorp/aws","schema_version":0,"values":{"access_logs":[],"customer_owned_ipv4_pool":null,"desync_mitigation_mode":"defensive","drop_invalid_header_fields":false,"enable_cross_zone_load_balancing":null,"enable_deletion_protection":false,"enable_http2":true,"enable_tls_version_and_cipher_suite_headers":false,"enable_waf_fail_open":false,"enable_xff_client_port":false,"idle_timeout":60,"internal":false,"load_balancer_type":"application","name":"lirw-three-tier-app-alb","name_prefix":null,"preserve_host_header":false,"tags":{"Name":"lirw-three-tier-app-alb"},"tags_all":{"Name":"lirw-three-tier-app-alb"},"timeouts":null,"xff_header_processing_mode":"append"},"sensitive_values":{"access_logs":[],"security_groups":[],"subnet_mapping":[],"subnets":[],"tags":{},"tags_all":{}}},{"address":"module.alb.aws_lb.internal_application_load_balancer","mode":"managed","type":"aws_lb","name":"internal_application_load_balancer","provider_name":"registry.terraform.io/hashicorp/aws","schema_version":0,"values":{"access_logs":[],"customer_owned_ipv4_pool":null,"desync_mitigation_mode":"defensive","drop_invalid_header_fields":false,"enable_cross_zone_load_balancing":null,"enable_deletion_protection":false,"enable_http2":true,"enable_tls_version_and_cipher_suite_headers":false,"enable_waf_fail_open":false,"enable_xff_client_port":false,"idle_timeout":60,"internal":true,"load_balancer_type":"application","name":"lirw-three-tier-app-internal-alb","name_prefix":null,"preserve_host_header":false,"tags":{"Name":"lirw-three-tier-app-internal-alb"},"tags_all":{"Name":"lirw-three-tier-app-internal-alb"},"timeouts":null,"xff_header_processing_mode":"append"},"sensitive_values":{"access_logs":[],"security_groups":[],"subnet_mapping":[],"subnets":[],"tags":{},"tags_all":{}}},{"address":"module.alb.aws_lb_listener.alb_http_listener","mode":"managed","type":"aws_lb_listener","name":"alb_http_listener","provider_name":"registry.terraform.io/hashicorp/aws","schema_version":0,"values":{"alpn_policy":null,"default_action":[{"authenticate_cognito":[],"authenticate_oidc":[],"fixed_response":[{"content_type":"text/plain","message_body":"Access Denied","status_code":"403"}],"forward":[],"redirect":[],"target_group_arn":null,"type":"fixed-response"}],"port":443,"protocol":"HTTPS","ssl_policy":"ELBSecurityPolicy-2016-08","tags":null,"timeouts":null},"sensitive_values":{"default_action":[{"authenticate_cognito":[],"authenticate_oidc":[],"fixed_response":[{}],"forward":[],"redirect":[]}],"tags_all":{}}},{"address":"module.alb.aws_lb_listener.http-redirect","mode":"managed","type":"aws_lb_listener","name":"http-redirect","provider_name":"registry.terraform.io/hashicorp/aws","schema_version":0,"values":{"alpn_policy":null,"certificate_arn":null,"default_action":[{"authenticate_cognito":[],"authenticate_oidc":[],"fixed_response":[],"forward":[],"redirect":[{"host":"#{host}","path":"/#{path}","port":"443","protocol":"HTTPS","query":"#{query}","status_code":"HTTP_301"}],"target_group_arn":null,"type":"redirect"}],"port":80,"protocol":"HTTP","tags":{"Name":"redirect-to-https"},"tags_all":{"Name":"redirect-to-https"},"timeouts":null},"sensitive_values":{"default_action":[{"authenticate_cognito":[],"authenticate_oidc":[],"fixed_response":[],"forward":[],"redirect":[{}]}],"tags":{},"tags_all":{}}},{"address":"module.alb.aws_lb_listener.internal_alb_http_listener","mode":"managed","type":"aws_lb_listener","name":"internal_alb_http_listener","provider_name":"registry.terraform.io/hashicorp/aws","schema_version":0,"values":{"alpn_policy":null,"certificate_arn":null,"default_action":[{"authenticate_cognito":[],"authenticate_oidc":[],"fixed_response":[],"forward":[],"redirect":[],"type":"forward"}],"port":80,"protocol":"HTTP","tags":null,"timeouts":null},"sensitive_values":{"default_action":[{"authenticate_cognito":[],"authenticate_oidc":[],"fixed_response":[],"forward":[],"redirect":[]}],"tags_all":{}}},{"address":"module.alb.aws_lb_listener_rule.forward-custom-http-header","mode":"managed","type":"aws_lb_listener_rule","name":"forward-custom-http-header","provider_name":"registry.terraform.io/hashicorp/aws","schema_version":0,"values":{"action":[{"authenticate_cognito":[],"authenticate_oidc":[],"fixed_response":[],"forward":[],"redirect":[],"type":"forward"}],"condition":[{"host_header":[],"http_header":[{"http_header_name":"X-Custom-Header","values":["random-value-123456"]}],"http_request_method":[],"path_pattern":[],"query_string":[],"source_ip":[]}],"priority":1,"tags":{"Name":"allow-access-to-custom-header-only"},"tags_all":{"Name":"allow-access-to-custom-header-only"}},"sensitive_values":{"action":[{"authenticate_cognito":[],"authenticate_oidc":[],"fixed_response":[],"forward":[],"redirect":[]}],"condition":[{"host_header":[],"http_header":[{"values":[false]}],"http_request_method":[],"path_pattern":[],"query_string":[],"source_ip":[]}],"tags":{},"tags_all":{}}},{"address":"module.alb.aws_lb_target_group.alb_target_group","mode":"managed","type":"aws_lb_target_group","name":"alb_target_group","provider_name":"registry.terraform.io/hashicorp/aws","schema_version":0,"values":{"connection_termination":false,"deregistration_delay":"300","health_check":[{"enabled":true,"healthy_threshold":2,"interval":300,"matcher":"200","path":"/health","port":"traffic-port","protocol":"HTTP","timeout":60,"unhealthy_threshold":5}],"lambda_multi_value_headers_enabled":false,"name":"lirw-three-tier-app-tg","name_prefix":null,"port":80,"protocol":"HTTP","proxy_protocol_v2":false,"slow_start":0,"tags":null,"target_type":"instance"},"sensitive_values":{"health_check":[{}],"stickiness":[],"tags_all":{},"target_failover":[]}},{"address":"module.alb.aws_lb_target_group.internal_alb_target_group","mode":"managed","type":"aws_lb_target_group","name":"internal_alb_target_group","provider_name":"registry.terraform.io/hashicorp/aws","schema_version":0,"values":{"connection_termination":false,"deregistration_delay":"300","health_check":[{"enabled":true,"healthy_threshold":2,"interval":300,"matcher":"200","path":"/health","port":"traffic-port","protocol":"HTTP","timeout":60,"unhealthy_threshold":5}],"lambda_multi_value_headers_enabled":false,"name":"lirw-three-tier-app-internal-tg","name_prefix":null,"port":4000,"protocol":"HTTP","proxy_protocol_v2":false,"slow_start":0,"tags":null,"target_type":"instance"},"sensitive_values":{"health_check":[{}],"stickiness":[],"tags_all":{},"target_failover":[]}},{"address":"module.alb.data.aws_acm_certificate.issued","mode":"data","type":"aws_acm_certificate","name":"issued","provider_name":"registry.terraform.io/hashicorp/aws","schema_version":0,"values":{"domain":"devsandbox.space","key_types":null,"most_recent":null,"statuses":["ISSUED"],"types":null},"sensitive_values":{"statuses":[false],"tags":{}}}],"address":"module.alb"},{"resources":[{"address":"module.asg.aws_autoscaling_group.asg_name","mode":"managed","type":"aws_autoscaling_group","name":"asg_name","provider_name":"registry.terraform.io/hashicorp/aws","schema_version":0,"values":{"capacity_rebalance":null,"context":null,"default_instance_warmup":null,"desired_capacity":1,"desired_capacity_type":null,"enabled_metrics":["GroupDesiredCapacity","GroupInServiceInstances","GroupMaxSize","GroupMinSize","GroupTotalInstances"],"force_delete":false,"force_delete_warm_pool":false,"health_check_grace_period":300,"health_check_type":"ELB","initial_lifecycle_hook":[],"instance_refresh":[],"launch_configuration":null,"launch_template":[{}],"load_balancers":null,"max_instance_lifetime":null,"max_size":1,"metrics_granularity":"1Minute","min_elb_capacity":null,"min_size":1,"mixed_instances_policy":[],"name":"lirw-three-tier-app-asg","placement_group":null,"protect_from_scale_in":false,"suspended_processes":null,"tag":[{"key":"Name","propagate_at_launch":true,"value":"lirw-three-tier-app-client-ec2"}],"tags":null,"termination_policies":null,"timeouts":null,"wait_for_capacity_timeout":"10m","wait_for_elb_capacity":null,"warm_pool":[]},"sensitive_values":{"availability_zones":[],"enabled_metrics":[false,false,false,false,false],"initial_lifecycle_hook":[],"instance_refresh":[],"launch_template":[{}],"mixed_instances_policy":[],"tag":[{}],"target_group_arns":[],"vpc_zone_identifier":[],"warm_pool":[]}},{"address":"module.asg.aws_autoscaling_group.server_asg_name","mode":"managed","type":"aws_autoscaling_group","name":"server_asg_name","provider_name":"registry.terraform.io/hashicorp/aws","schema_version":0,"values":{"capacity_rebalance":null,"context":null,"default_instance_warmup":null,"desired_capacity":1,"desired_capacity_type":null,"enabled_metrics":["GroupDesiredCapacity","GroupInServiceInstances","GroupMaxSize","GroupMinSize","GroupTotalInstances"],"force_delete":false,"force_delete_warm_pool":false,"health_check_grace_period":300,"health_check_type":"ELB","initial_lifecycle_hook":[],"instance_refresh":[],"launch_configuration":null,"launch_template":[{}],"load_balancers":null,"max_instance_lifetime":null,"max_size":1,"metrics_granularity":"1Minute","min_elb_capacity":null,"min_size":1,"mixed_instances_policy":[],"name":"lirw-three-tier-app-server-asg","placement_group":null,"protect_from_scale_in":false,"suspended_processes":null,"tag":[{"key":"Name","propagate_at_launch":true,"value":"lirw-three-tier-app-server-ec2"}],"tags":null,"termination_policies":null,"timeouts":null,"wait_for_capacity_timeout":"10m","wait_for_elb_capacity":null,"warm_pool":[]},"sensitive_values":{"availability_zones":[],"enabled_metrics":[false,false,false,false,false],"initial_lifecycle_hook":[],"instance_refresh":[],"launch_template":[{}],"mixed_instances_policy":[],"tag":[{}],"target_group_arns":[],"vpc_zone_identifier":[],"warm_pool":[]}},{"address":"module.asg.aws_autoscaling_policy.scale_down","mode":"managed","type":"aws_autoscaling_policy","name":"scale_down","provider_name":"registry.terraform.io/hashicorp/aws","schema_version":0,"values":{"adjustment_type":"ChangeInCapacity","autoscaling_group_name":"lirw-three-tier-app-asg","cooldown":300,"enabled":true,"estimated_instance_warmup":null,"min_adjustment_magnitude":null,"name":"lirw-three-tier-app-asg-scale-down","policy_type":"SimpleScaling","predictive_scaling_configuration":[],"scaling_adjustment":-1,"step_adjustment":[],"target_tracking_configuration":[]},"sensitive_values":{"predictive_scaling_configuration":[],"step_adjustment":[],"target_tracking_configuration":[]}},{"address":"module.asg.aws_autoscaling_policy.scale_up","mode":"managed","type":"aws_autoscaling_policy","name":"scale_up","provider_name":"registry.terraform.io/hashicorp/aws","schema_version":0,"values":{"adjustment_type":"ChangeInCapacity","autoscaling_group_name":"lirw-three-tier-app-asg","cooldown":300,"enabled":true,"estimated_instance_warmup":null,"min_adjustment_magnitude":null,"name":"lirw-three-tier-app-asg-scale-up","policy_type":"SimpleScaling","predictive_scaling_configuration":[],"scaling_adjustment":1,"step_adjustment":[],"target_tracking_configuration":[]},"sensitive_values":{"predictive_scaling_configuration":[],"step_adjustment":[],"target_tracking_configuration":[]}},{"address":"module.asg.aws_autoscaling_policy.server_scale_down","mode":"managed","type":"aws_autoscaling_policy","name":"server_scale_down","provider_name":"registry.terraform.io/hashicorp/aws","schema_version":0,"values":{"adjustment_type":"ChangeInCapacity","autoscaling_group_name":"lirw-three-tier-app-server-asg","cooldown":300,"enabled":true,"estimated_instance_warmup":null,"min_adjustment_magnitude":null,"name":"lirw-three-tier-app-server-asg-scale-down","policy_type":"SimpleScaling","predictive_scaling_configuration":[],"scaling_adjustment":-1,"step_adjustment":[],"target_tracking_configuration":[]},"sensitive_values":{"predictive_scaling_configuration":[],"step_adjustment":[],"target_tracking_configuration":[]}},{"address":"module.asg.aws_autoscaling_policy.server_scale_up","mode":"managed","type":"aws_autoscaling_policy","name":"server_scale_up","provider_name":"registry.terraform.io/hashicorp/aws","schema_version":0,"values":{"adjustment_type":"ChangeInCapacity","autoscaling_group_name":"lirw-three-tier-app-server-asg","cooldown":300,"enabled":true,"estimated_instance_warmup":null,"min_adjustment_magnitude":null,"name":"lirw-three-tier-app-server-asg-scale-up","policy_type":"SimpleScaling","predictive_scaling_configuration":[],"scaling_adjustment":1,"step_adjustment":[],"target_tracking_configuration":[]},"sensitive_values":{"predictive_scaling_configuration":[],"step_adjustment":[],"target_tracking_configuration":[]}},{"address":"module.asg.aws_cloudwatch_metric_alarm.scale_down_alarm","mode":"managed","type":"aws_cloudwatch_metric_alarm","name":"scale_down_alarm","provider_name":"registry.terraform.io/hashicorp/aws","schema_version":1,"values":{"actions_enabled":true,"alarm_description":"asg-scale-down-cpu-alarm","alarm_name":"lirw-three-tier-app-asg-scale-down-alarm","comparison_operator":"LessThanOrEqualToThreshold","datapoints_to_alarm":null,"dimensions":{"AutoScalingGroupName":"lirw-three-tier-app-asg"},"evaluation_periods":2,"extended_statistic":null,"insufficient_data_actions":null,"metric_name":"CPUUtilization","metric_query":[],"namespace":"AWS/EC2","ok_actions":null,"period":120,"statistic":"Average","tags":null,"threshold":5,"threshold_metric_id":null,"treat_missing_data":"notBreaching","unit":null},"sensitive_values":{"alarm_actions":[],"dimensions":{},"metric_query":[],"tags_all":{}}},{"address":"module.asg.aws_cloudwatch_metric_alarm.scale_up_alarm","mode":"managed","type":"aws_cloudwatch_metric_alarm","name":"scale_up_alarm","provider_name":"registry.terraform.io/hashicorp/aws","schema_version":1,"values":{"actions_enabled":true,"alarm_description":"asg-scale-up-cpu-alarm","alarm_name":"lirw-three-tier-app-asg-scale-up-alarm","comparison_operator":"GreaterThanOrEqualToThreshold","datapoints_to_alarm":null,"dimensions":{"AutoScalingGroupName":"lirw-three-tier-app-asg"},"evaluation_periods":2,"extended_statistic":null,"insufficient_data_actions":null,"metric_name":"CPUUtilization","metric_query":[],"namespace":"AWS/EC2","ok_actions":null,"period":120,"statistic":"Average","tags":null,"threshold":50,"threshold_metric_id":null,"treat_missing_data":"notBreaching","unit":null},"sensitive_values":{"alarm_actions":[],"dimensions":{},"metric_query":[],"tags_all":{}}},{"address":"module.asg.aws_cloudwatch_metric_alarm.server_scale_down_alarm","mode":"managed","type":"aws_cloudwatch_metric_alarm","name":"server_scale_down_alarm","provider_name":"registry.terraform.io/hashicorp/aws","schema_version":1,"values":{"actions_enabled":true,"alarm_description":"asg-scale-down-cpu-alarm","alarm_name":"lirw-three-tier-app-server-asg-scale-down-alarm","comparison_operator":"LessThanOrEqualToThreshold","datapoints_to_alarm":null,"dimensions":{"AutoScalingGroupName":"lirw-three-tier-app-server-asg"},"evaluation_periods":2,"extended_statistic":null,"insufficient_data_actions":null,"metric_name":"CPUUtilization","metric_query":[],"namespace":"AWS/EC2","ok_actions":null,"period":120,"statistic":"Average","tags":null,"threshold":5,"threshold_metric_id":null,"treat_missing_data":"notBreaching","unit":null},"sensitive_values":{"alarm_actions":[],"dimensions":{},"metric_query":[],"tags_all":{}}},{"address":"module.asg.aws_cloudwatch_metric_alarm.server_scale_up_alarm","mode":"managed","type":"aws_cloudwatch_metric_alarm","name":"server_scale_up_alarm","provider_name":"registry.terraform.io/hashicorp/aws","schema_version":1,"values":{"actions_enabled":true,"alarm_description":"asg-scale-up-cpu-alarm","alarm_name":"lirw-three-tier-app-server-asg-scale-up-alarm","comparison_operator":"GreaterThanOrEqualToThreshold","datapoints_to_alarm":null,"dimensions":{"AutoScalingGroupName":"lirw-three-tier-app-server-asg"},"evaluation_periods":2,"extended_statistic":null,"insufficient_data_actions":null,"metric_name":"CPUUtilization","metric_query":[],"namespace":"AWS/EC2","ok_actions":null,"period":120,"statistic":"Average","tags":null,"threshold":50,"threshold_metric_id":null,"treat_missing_data":"notBreaching","unit":null},"sensitive_values":{"alarm_actions":[],"dimensions":{},"metric_query":[],"tags_all":{}}},{"address":"module.asg.aws_launch_template.lt_name","mode":"managed","type":"aws_launch_template","name":"lt_name","provider_name":"registry.terraform.io/hashicorp/aws","schema_version":0,"values":{"block_device_mappings":[{"device_name":"/dev/xvda","ebs":[{"delete_on_termination":"true","encrypted":"true","kms_key_id":null,"snapshot_id":null,"volume_size":8,"volume_type":"standard"}],"no_device":null,"virtual_name":null}],"capacity_reservation_specification":[],"cpu_options":[],"credit_specification":[],"description":null,"disable_api_stop":null,"disable_api_termination":null,"ebs_optimized":null,"elastic_gpu_specifications":[],"elastic_inference_accelerator":[],"enclave_options":[],"hibernation_options":[],"iam_instance_profile":[{"arn":null,"name":"S3-SSM-CW-Profile"}],"instance_initiated_shutdown_behavior":null,"instance_market_options":[],"instance_requirements":[],"instance_type":"t4g.small","kernel_id":null,"key_name":"client_key","license_specification":[],"maintenance_options":[],"monitoring":[],"name":"lirw-three-tier-app-tpl","network_interfaces":[{"associate_carrier_ip_address":null,"associate_public_ip_address":"false","delete_on_termination":null,"description":null,"device_index":null,"interface_type":null,"ipv4_address_count":null,"ipv4_addresses":null,"ipv4_prefix_count":null,"ipv4_prefixes":null,"ipv6_address_count":null,"ipv6_addresses":null,"ipv6_prefix_count":null,"ipv6_prefixes":null,"network_card_index":null,"network_interface_id":null,"private_ip_address":null,"subnet_id":null}],"placement":[],"private_dns_name_options":[],"ram_disk_id":null,"security_group_names":null,"tag_specifications":[{"resource_type":"instance","tags":{"Name":"lirw-three-tier-app-client"}}],"tags":{"Name":"lirw-three-tier-app-tpl"},"tags_all":{"Name":"lirw-three-tier-app-tpl"},"update_default_version":null,"user_data":null,"vpc_security_group_ids":null},"sensitive_values":{"block_device_mappings":[{"ebs":[{}]}],"capacity_reservation_specification":[],"cpu_options":[],"credit_specification":[],"elastic_gpu_specifications":[],"elastic_inference_accelerator":[],"enclave_options":[],"hibernation_options":[],"iam_instance_profile":[{}],"instance_market_options":[],"instance_requirements":[],"license_specification":[],"maintenance_options":[],"metadata_options":[],"monitoring":[],"network_interfaces":[{"security_groups":[]}],"placement":[],"private_dns_name_options":[],"tag_specifications":[{"tags":{}}],"tags":{},"tags_all":{}}},{"address":"module.asg.aws_launch_template.server_lt_name","mode":"managed","type":"aws_launch_template","name":"server_lt_name","provider_name":"registry.terraform.io/hashicorp/aws","schema_version":0,"values":{"block_device_mappings":[{"device_name":"/dev/xvda","ebs":[{"delete_on_termination":"true","encrypted":"true","kms_key_id":null,"snapshot_id":null,"volume_size":8,"volume_type":"standard"}],"no_device":null,"virtual_name":null}],"capacity_reservation_specification":[],"cpu_options":[],"credit_specification":[],"description":null,"disable_api_stop":null,"disable_api_termination":null,"ebs_optimized":null,"elastic_gpu_specifications":[],"elastic_inference_accelerator":[],"enclave_options":[],"hibernation_options":[],"iam_instance_profile":[{"arn":null,"name":"S3-SSM-CW-Profile"}],"instance_initiated_shutdown_behavior":null,"instance_market_options":[],"instance_requirements":[],"instance_type":"t4g.small","kernel_id":null,"key_name":"client_key","license_specification":[],"maintenance_options":[],"monitoring":[],"name":"lirw-three-tier-app-server_tpl","network_interfaces":[{"associate_carrier_ip_address":null,"associate_public_ip_address":"false","delete_on_termination":null,"description":null,"device_index":null,"interface_type":null,"ipv4_address_count":null,"ipv4_addresses":null,"ipv4_prefix_count":null,"ipv4_prefixes":null,"ipv6_address_count":null,"ipv6_addresses":null,"ipv6_prefix_count":null,"ipv6_prefixes":null,"network_card_index":null,"network_interface_id":null,"private_ip_address":null,"subnet_id":null}],"placement":[],"private_dns_name_options":[],"ram_disk_id":null,"security_group_names":null,"tag_specifications":[{"resource_type":"instance","tags":{"Name":"lirw-three-tier-app-server"}}],"tags":{"Name":"lirw-three-tier-app-server_tpl"},"tags_all":{"Name":"lirw-three-tier-app-server_tpl"},"update_default_version":null,"user_data":null,"vpc_security_group_ids":null},"sensitive_values":{"block_device_mappings":[{"ebs":[{}]}],"capacity_reservation_specification":[],"cpu_options":[],"credit_specification":[],"elastic_gpu_specifications":[],"elastic_inference_accelerator":[],"enclave_options":[],"hibernation_options":[],"iam_instance_profile":[{}],"instance_market_options":[],"instance_requirements":[],"license_specification":[],"maintenance_options":[],"metadata_options":[],"monitoring":[],"network_interfaces":[{"security_groups":[]}],"placement":[],"private_dns_name_options":[],"tag_specifications":[{"tags":{}}],"tags":{},"tags_all":{}}},{"address":"module.asg.aws_security_group.vpc_endpoint_sg","mode":"managed","type":"aws_security_group","name":"vpc_endpoint_sg","provider_name":"registry.terraform.io/hashicorp/aws","schema_version":1,"values":{"description":"Security group for CloudWatch Logs VPC endpoint","egress":[{"cidr_blocks":["0.0.0.0/0"],"description":"","from_port":0,"ipv6_cidr_blocks":[],"prefix_list_ids":[],"protocol":"-1","security_groups":[],"self":false,"to_port":0}],"ingress":[{"cidr_blocks":["10.0.0.0/16"],"description":"","from_port":443,"ipv6_cidr_blocks":[],"prefix_list_ids":[],"protocol":"tcp","security_groups":[],"self":false,"to_port":443}],"name":"cloudwatch-logs-endpoint-sg","revoke_rules_on_delete":false,"tags":null,"timeouts":null},"sensitive_values":{"egress":[{"cidr_blocks":[false],"ipv6_cidr_blocks":[],"prefix_list_ids":[],"security_groups":[]}],"ingress":[{"cidr_blocks":[false],"ipv6_cidr_blocks":[],"prefix_list_ids":[],"security_groups":[]}],"tags_all":{}}},{"address":"module.asg.aws_sns_topic.topic","mode":"managed","type":"aws_sns_topic","name":"topic","provider_name":"registry.terraform.io/hashicorp/aws","schema_version":0,"values":{"application_failure_feedback_role_arn":null,"application_success_feedback_role_arn":null,"application_success_feedback_sample_rate":null,"content_based_deduplication":false,"delivery_policy":null,"display_name":null,"fifo_topic":false,"firehose_failure_feedback_role_arn":null,"firehose_success_feedback_role_arn":null,"firehose_success_feedback_sample_rate":null,"http_failure_feedback_role_arn":null,"http_success_feedback_role_arn":null,"http_success_feedback_sample_rate":null,"kms_master_key_id":null,"lambda_failure_feedback_role_arn":null,"lambda_success_feedback_role_arn":null,"lambda_success_feedback_sample_rate":null,"name":"WebServer-CPU_Utilization_alert","sqs_failure_feedback_role_arn":null,"sqs_success_feedback_role_arn":null,"sqs_success_feedback_sample_rate":null,"tags":null},"sensitive_values":{"tags_all":{}}},{"address":"module.asg.aws_sns_topic_subscription.topic_email_subscription[0]","mode":"managed","type":"aws_sns_topic_subscription","name":"topic_email_subscription","index":0,"provider_name":"registry.terraform.io/hashicorp/aws","schema_version":0,"values":{"confirmation_timeout_in_minutes":1,"delivery_policy":null,"endpoint":"ars786sh@gmail.com","endpoint_auto_confirms":false,"filter_policy":null,"protocol":"email","raw_message_delivery":false,"redrive_policy":null,"subscription_role_arn":null},"sensitive_values":{}},{"address":"module.asg.aws_vpc_endpoint.logs","mode":"managed","type":"aws_vpc_endpoint","name":"logs","provider_name":"registry.terraform.io/hashicorp/aws","schema_version":0,"values":{"auto_accept":null,"private_dns_enabled":true,"service_name":"com.amazonaws.us-east-1.logs","tags":null,"timeouts":null,"vpc_endpoint_type":"Interface"},"sensitive_values":{"cidr_blocks":[],"dns_entry":[],"dns_options":[],"network_interface_ids":[],"route_table_ids":[],"security_group_ids":[],"subnet_ids":[],"tags_all":{}}},{"address":"module.asg.aws_vpc_endpoint.ssm","mode":"managed","type":"aws_vpc_endpoint","name":"ssm","provider_name":"registry.terraform.io/hashicorp/aws","schema_version":0,"values":{"auto_accept":null,"private_dns_enabled":true,"service_name":"com.amazonaws.us-east-1.ssm","tags":null,"timeouts":null,"vpc_endpoint_type":"Interface"},"sensitive_values":{"cidr_blocks":[],"dns_entry":[],"dns_options":[],"network_interface_ids":[],"route_table_ids":[],"security_group_ids":[],"subnet_ids":[],"tags_all":{}}},{"address":"module.asg.data.local_file.backend_ami","mode":"data","type":"local_file","name":"backend_ami","provider_name":"registry.terraform.io/hashicorp/local","schema_version":0,"values":{"filename":"../modules/asg/ami_ids/backend_ami.txt"},"sensitive_values":{}},{"address":"module.asg.data.local_file.frontend_ami","mode":"data","type":"local_file","name":"frontend_ami","provider_name":"registry.terraform.io/hashicorp/local","schema_version":0,"values":{"filename":"../modules/asg/ami_ids/frontend_ami.txt"},"sensitive_values":{}}],"address":"module.asg"},{"resources":[{"address":"module.aws_ssm_param.aws_ssm_parameter.db_host","mode":"managed","type":"aws_ssm_parameter","name":"db_host","provider_name":"registry.terraform.io/hashicorp/aws","schema_version":0,"values":{"allowed_pattern":null,"description":"database dns address","name":"DB_HOST","overwrite":null,"tags":{"environment":"dev"},"tags_all":{"environment":"dev"},"type":"String"},"sensitive_values":{"tags":{},"tags_all":{},"value":true}},{"address":"module.aws_ssm_param.aws_ssm_parameter.db_name","mode":"managed","type":"aws_ssm_parameter","name":"db_name","provider_name":"registry.terraform.io/hashicorp/aws","schema_version":0,"values":{"allowed_pattern":null,"description":"database name","name":"DB_NAME","overwrite":null,"tags":{"environment":"dev"},"tags_all":{"environment":"dev"},"type":"String","value":"lirw_react_node_app"},"sensitive_values":{"tags":{},"tags_all":{},"value":true}},{"address":"module.aws_ssm_param.aws_ssm_parameter.db_password","mode":"managed","type":"aws_ssm_parameter","name":"db_password","provider_name":"registry.terraform.io/hashicorp/aws","schema_version":0,"values":{"allowed_pattern":null,"description":"database password","name":"DB_PASSWORD","overwrite":null,"tags":{"environment":"dev"},"tags_all":{"environment":"dev"},"type":"SecureString","value":"Asd1-CaPQ22"},"sensitive_values":{"tags":{},"tags_all":{},"value":true}},{"address":"module.aws_ssm_param.aws_ssm_parameter.db_username","mode":"managed","type":"aws_ssm_parameter","name":"db_username","provider_name":"registry.terraform.io/hashicorp/aws","schema_version":0,"values":{"allowed_pattern":null,"description":"database username","name":"DB_USERNAME","overwrite":null,"tags":{"environment":"dev"},"tags_all":{"environment":"dev"},"type":"String","value":"admin_3_tier"},"sensitive_values":{"tags":{},"tags_all":{},"value":true}}],"address":"module.aws_ssm_param"},{"resources":[{"address":"module.cloudfront.aws_cloudfront_cache_policy.caching_optimized","mode":"managed","type":"aws_cloudfront_cache_policy","name":"caching_optimized","provider_name":"registry.terraform.io/hashicorp/aws","schema_version":0,"values":{"comment":"test comment","default_ttl":50,"max_ttl":100,"min_ttl":1,"name":"Caching_optimized","parameters_in_cache_key_and_forwarded_to_origin":[{"cookies_config":[{"cookie_behavior":"none","cookies":[]}],"enable_accept_encoding_brotli":true,"enable_accept_encoding_gzip":true,"headers_config":[{"header_behavior":"none","headers":[]}],"query_strings_config":[{"query_string_behavior":"none","query_strings":[]}]}]},"sensitive_values":{"parameters_in_cache_key_and_forwarded_to_origin":[{"cookies_config":[{"cookies":[]}],"headers_config":[{"headers":[]}],"query_strings_config":[{"query_strings":[]}]}]}},{"address":"module.cloudfront.aws_cloudfront_distribution.my_distribution","mode":"managed","type":"aws_cloudfront_distribution","name":"my_distribution","provider_name":"registry.terraform.io/hashicorp/aws","schema_version":1,"values":{"aliases":["www.devsandbox.space"],"comment":null,"custom_error_response":[],"default_cache_behavior":[{"allowed_methods":["DELETE","GET","HEAD","OPTIONS","PATCH","POST","PUT"],"cached_methods":["GET","HEAD","OPTIONS"],"compress":false,"field_level_encryption_id":null,"forwarded_values":[],"function_association":[],"lambda_function_association":[],"min_ttl":0,"realtime_log_config_arn":null,"response_headers_policy_id":null,"smooth_streaming":null,"target_origin_id":"api.devsandbox.space","viewer_protocol_policy":"redirect-to-https"}],"default_root_object":null,"enabled":true,"http_version":"http2","is_ipv6_enabled":false,"logging_config":[],"ordered_cache_behavior":[],"origin":[{"connection_attempts":3,"connection_timeout":10,"custom_header":[{"name":"X-Custom-Header","value":"random-value-123456"}],"custom_origin_config":[{"http_port":80,"https_port":443,"origin_keepalive_timeout":5,"origin_protocol_policy":"https-only","origin_read_timeout":30,"origin_ssl_protocols":["TLSv1.2"]}],"domain_name":"api.devsandbox.space","origin_access_control_id":"","origin_id":"alb-api","origin_path":"","origin_shield":[],"s3_origin_config":[]}],"origin_group":[],"price_class":"PriceClass_All","restrictions":[{"geo_restriction":[{"restriction_type":"none"}]}],"retain_on_delete":false,"tags":{"Name":"lirw-three-tier-app"},"tags_all":{"Name":"lirw-three-tier-app"},"viewer_certificate":[{"cloudfront_default_certificate":null,"iam_certificate_id":null,"minimum_protocol_version":"TLSv1.2_2018","ssl_support_method":"sni-only"}],"wait_for_deployment":true,"web_acl_id":null},"sensitive_values":{"aliases":[false],"custom_error_response":[],"default_cache_behavior":[{"allowed_methods":[false,false,false,false,false,false,false],"cached_methods":[false,false,false],"forwarded_values":[],"function_association":[],"lambda_function_association":[],"trusted_key_groups":[],"trusted_signers":[]}],"logging_config":[],"ordered_cache_behavior":[],"origin":[{"custom_header":[{}],"custom_origin_config":[{"origin_ssl_protocols":[false]}],"origin_shield":[],"s3_origin_config":[]}],"origin_group":[],"restrictions":[{"geo_restriction":[{"locations":[]}]}],"tags":{},"tags_all":{},"trusted_key_groups":[],"trusted_signers":[],"viewer_certificate":[{}]}},{"address":"module.cloudfront.aws_cloudfront_origin_request_policy.only-host-header","mode":"managed","type":"aws_cloudfront_origin_request_policy","name":"only-host-header","provider_name":"registry.terraform.io/hashicorp/aws","schema_version":0,"values":{"comment":"Forwards only the Host header to ALB origin","cookies_config":[{"cookie_behavior":"all","cookies":[]}],"headers_config":[{"header_behavior":"whitelist","headers":[{"items":["host"]}]}],"name":"only-host-header","query_strings_config":[{"query_string_behavior":"none","query_strings":[]}]},"sensitive_values":{"cookies_config":[{"cookies":[]}],"headers_config":[{"headers":[{"items":[false]}]}],"query_strings_config":[{"query_strings":[]}]}},{"address":"module.cloudfront.aws_wafv2_ip_set.block_ipset","mode":"managed","type":"aws_wafv2_ip_set","name":"block_ipset","provider_name":"registry.terraform.io/hashicorp/aws","schema_version":0,"values":{"addresses":["103.179.122.6/32"],"description":"IP Set for blocking specific IPs","ip_address_version":"IPV4","name":"block-ip-set","scope":"CLOUDFRONT","tags":{"Environment":"production"},"tags_all":{"Environment":"production"}},"sensitive_values":{"addresses":[false],"tags":{},"tags_all":{}}},{"address":"module.cloudfront.aws_wafv2_web_acl.alb_acl","mode":"managed","type":"aws_wafv2_web_acl","name":"alb_acl","provider_name":"registry.terraform.io/hashicorp/aws","schema_version":0,"values":{"captcha_config":[],"custom_response_body":[],"default_action":[{"allow":[],"block":[{"custom_response":[]}]}],"description":"Minimal WAF: only CloudFront header allowed; block simple SQLi \u0026 XSS","name":"alb-waf-customHeader-sqli-xss","rule":[{"action":[{"allow":[{"custom_request_handling":[]}],"block":[],"captcha":[],"challenge":[],"count":[]}],"captcha_config":[],"name":"allow-cloudfront-header","override_action":[],"priority":1,"rule_label":[],"statement":[{"and_statement":[],"byte_match_statement":[{"field_to_match":[{"all_query_arguments":[],"body":[],"cookies":[],"headers":[],"json_body":[],"method":[],"query_string":[],"single_header":[{"name":"x-custom-header"}],"single_query_argument":[],"uri_path":[]}],"positional_constraint":"EXACTLY","search_string":"random-value-123456","text_transformation":[{"priority":0,"type":"NONE"}]}],"geo_match_statement":[],"ip_set_reference_statement":[],"label_match_statement":[],"managed_rule_group_statement":[],"not_statement":[],"or_statement":[],"rate_based_statement":[],"regex_match_statement":[],"regex_pattern_set_reference_statement":[],"rule_group_reference_statement":[],"size_constraint_statement":[],"sqli_match_statement":[],"xss_match_statement":[]}],"visibility_config":[{"cloudwatch_metrics_enabled":true,"metric_name":"allow-cloudfront-header","sampled_requests_enabled":true}]},{"action":[{"allow":[],"block":[{"custom_response":[]}],"captcha":[],"challenge":[],"count":[]}],"captcha_config":[],"name":"block-simple-sqli","override_action":[],"priority":10,"rule_label":[],"statement":[{"and_statement":[],"byte_match_statement":[],"geo_match_statement":[],"ip_set_reference_statement":[],"label_match_statement":[],"managed_rule_group_statement":[],"not_statement":[],"or_statement":[],"rate_based_statement":[],"regex_match_statement":[],"regex_pattern_set_reference_statement":[],"rule_group_reference_statement":[],"size_constraint_statement":[],"sqli_match_statement":[{"field_to_match":[{"all_query_arguments":[],"body":[],"cookies":[],"headers":[],"json_body":[],"method":[],"query_string":[{}],"single_header":[],"single_query_argument":[],"uri_path":[]}],"text_transformation":[{"priority":0,"type":"URL_DECODE"},{"priority":1,"type":"LOWERCASE"}]}],"xss_match_statement":[]}],"visibility_config":[{"cloudwatch_metrics_enabled":true,"metric_name":"block-simple-sqli","sampled_requests_enabled":true}]},{"action":[{"allow":[],"block":[{"custom_response":[]}],"captcha":[],"challenge":[],"count":[]}],"captcha_config":[],"name":"block-simple-xss","override_action":[],"priority":11,"rule_label":[],"statement":[{"and_statement":[],"byte_match_statement":[],"geo_match_statement":[],"ip_set_reference_statement":[],"label_match_statement":[],"managed_rule_group_statement":[],"not_statement":[],"or_statement":[],"rate_based_statement":[],"regex_match_statement":[],"regex_pattern_set_reference_statement":[],"rule_group_reference_statement":[],"size_constraint_statement":[],"sqli_match_statement":[],"xss_match_statement":[{"field_to_match":[{"all_query_arguments":[],"body":[],"cookies":[],"headers":[],"json_body":[],"method":[],"query_string":[{}],"single_header":[],"single_query_argument":[],"uri_path":[]}],"text_transformation":[{"priority":0,"type":"URL_DECODE"},{"priority":1,"type":"HTML_ENTITY_DECODE"},{"priority":2,"type":"LOWERCASE"}]}]}],"visibility_config":[{"cloudwatch_metrics_enabled":true,"metric_name":"block-simple-xss","sampled_requests_enabled":true}]}],"scope":"REGIONAL","tags":{"Environment":"dev"},"tags_all":{"Environment":"dev"},"token_domains":null,"visibility_config":[{"cloudwatch_metrics_enabled":true,"metric_name":"alb-waf-customHeader-sqli-xss-metrics","sampled_requests_enabled":true}]},"sensitive_values":{"captcha_config":[],"custom_response_body":[],"default_action":[{"allow":[],"block":[{"custom_response":[]}]}],"rule":[{"action":[{"allow":[{"custom_request_handling":[]}],"block":[],"captcha":[],"challenge":[],"count":[]}],"captcha_config":[],"override_action":[],"rule_label":[],"statement":[{"and_statement":[],"byte_match_statement":[{"field_to_match":[{"all_query_arguments":[],"body":[],"cookies":[],"headers":[],"json_body":[],"method":[],"query_string":[],"single_header":[{}],"single_query_argument":[],"uri_path":[]}],"text_transformation":[{}]}],"geo_match_statement":[],"ip_set_reference_statement":[],"label_match_statement":[],"managed_rule_group_statement":[],"not_statement":[],"or_statement":[],"rate_based_statement":[],"regex_match_statement":[],"regex_pattern_set_reference_statement":[],"rule_group_reference_statement":[],"size_constraint_statement":[],"sqli_match_statement":[],"xss_match_statement":[]}],"visibility_config":[{}]},{"action":[{"allow":[],"block":[{"custom_response":[]}],"captcha":[],"challenge":[],"count":[]}],"captcha_config":[],"override_action":[],"rule_label":[],"statement":[{"and_statement":[],"byte_match_statement":[],"geo_match_statement":[],"ip_set_reference_statement":[],"label_match_statement":[],"managed_rule_group_statement":[],"not_statement":[],"or_statement":[],"rate_based_statement":[],"regex_match_statement":[],"regex_pattern_set_reference_statement":[],"rule_group_reference_statement":[],"size_constraint_statement":[],"sqli_match_statement":[{"field_to_match":[{"all_query_arguments":[],"body":[],"cookies":[],"headers":[],"json_body":[],"method":[],"query_string":[{}],"single_header":[],"single_query_argument":[],"uri_path":[]}],"text_transformation":[{},{}]}],"xss_match_statement":[]}],"visibility_config":[{}]},{"action":[{"allow":[],"block":[{"custom_response":[]}],"captcha":[],"challenge":[],"count":[]}],"captcha_config":[],"override_action":[],"rule_label":[],"statement":[{"and_statement":[],"byte_match_statement":[],"geo_match_statement":[],"ip_set_reference_statement":[],"label_match_statement":[],"managed_rule_group_statement":[],"not_statement":[],"or_statement":[],"rate_based_statement":[],"regex_match_statement":[],"regex_pattern_set_reference_statement":[],"rule_group_reference_statement":[],"size_constraint_statement":[],"sqli_match_statement":[],"xss_match_statement":[{"field_to_match":[{"all_query_arguments":[],"body":[],"cookies":[],"headers":[],"json_body":[],"method":[],"query_string":[{}],"single_header":[],"single_query_argument":[],"uri_path":[]}],"text_transformation":[{},{},{}]}]}],"visibility_config":[{}]}],"tags":{},"tags_all":{},"visibility_config":[{}]}},{"address":"module.cloudfront.aws_wafv2_web_acl.block_web_acl","mode":"managed","type":"aws_wafv2_web_acl","name":"block_web_acl","provider_name":"registry.terraform.io/hashicorp/aws","schema_version":0,"values":{"captcha_config":[],"custom_response_body":[],"default_action":[{"allow":[{"custom_request_handling":[]}],"block":[]}],"description":"Web ACL with IP Set rule","name":"block-web-acl","rule":[{"action":[{"allow":[],"block":[{"custom_response":[]}],"captcha":[],"challenge":[],"count":[]}],"captcha_config":[],"name":"block-bad-useragents","override_action":[],"priority":3,"rule_label":[],"statement":[{"and_statement":[],"byte_match_statement":[{"field_to_match":[{"all_query_arguments":[],"body":[],"cookies":[],"headers":[],"json_body":[],"method":[],"query_string":[],"single_header":[{"name":"user-agent"}],"single_query_argument":[],"uri_path":[]}],"positional_constraint":"CONTAINS","search_string":"curl","text_transformation":[{"priority":0,"type":"NONE"}]}],"geo_match_statement":[],"ip_set_reference_statement":[],"label_match_statement":[],"managed_rule_group_statement":[],"not_statement":[],"or_statement":[],"rate_based_statement":[],"regex_match_statement":[],"regex_pattern_set_reference_statement":[],"rule_group_reference_statement":[],"size_constraint_statement":[],"sqli_match_statement":[],"xss_match_statement":[]}],"visibility_config":[{"cloudwatch_metrics_enabled":true,"metric_name":"block-bad-useragents","sampled_requests_enabled":true}]},{"action":[{"allow":[],"block":[{"custom_response":[]}],"captcha":[],"challenge":[],"count":[]}],"captcha_config":[],"name":"block-empty-useragent","override_action":[],"priority":4,"rule_label":[],"statement":[{"and_statement":[],"byte_match_statement":[],"geo_match_statement":[],"ip_set_reference_statement":[],"label_match_statement":[],"managed_rule_group_statement":[],"not_statement":[{"statement":[{"and_statement":[],"byte_match_statement":[{"field_to_match":[{"all_query_arguments":[],"body":[],"cookies":[],"headers":[],"json_body":[],"method":[],"query_string":[],"single_header":[{"name":"user-agent"}],"single_query_argument":[],"uri_path":[]}],"positional_constraint":"EXACTLY","search_string":"","text_transformation":[{"priority":0,"type":"NONE"}]}],"geo_match_statement":[],"ip_set_reference_statement":[],"label_match_statement":[],"not_statement":[],"or_statement":[],"regex_match_statement":[],"regex_pattern_set_reference_statement":[],"size_constraint_statement":[],"sqli_match_statement":[],"xss_match_statement":[]}]}],"or_statement":[],"rate_based_statement":[],"regex_match_statement":[],"regex_pattern_set_reference_statement":[],"rule_group_reference_statement":[],"size_constraint_statement":[],"sqli_match_statement":[],"xss_match_statement":[]}],"visibility_config":[{"cloudwatch_metrics_enabled":true,"metric_name":"block-empty-useragent","sampled_requests_enabled":true}]},{"action":[{"allow":[],"block":[{"custom_response":[]}],"captcha":[],"challenge":[],"count":[]}],"captcha_config":[],"name":"limit-ip-rate","override_action":[],"priority":2,"rule_label":[],"statement":[{"and_statement":[],"byte_match_statement":[],"geo_match_statement":[],"ip_set_reference_statement":[],"label_match_statement":[],"managed_rule_group_statement":[],"not_statement":[],"or_statement":[],"rate_based_statement":[{"aggregate_key_type":"IP","forwarded_ip_config":[],"limit":10,"scope_down_statement":[]}],"regex_match_statement":[],"regex_pattern_set_reference_statement":[],"rule_group_reference_statement":[],"size_constraint_statement":[],"sqli_match_statement":[],"xss_match_statement":[]}],"visibility_config":[{"cloudwatch_metrics_enabled":true,"metric_name":"limit-ip-rate","sampled_requests_enabled":true}]},{"action":[{"allow":[],"block":[],"captcha":[{"custom_request_handling":[]}],"challenge":[],"count":[]}],"captcha_config":[],"name":"block-ip-set-rule","override_action":[],"priority":1,"rule_label":[],"statement":[{"and_statement":[],"byte_match_statement":[],"geo_match_statement":[],"ip_set_reference_statement":[{"ip_set_forwarded_ip_config":[]}],"label_match_statement":[],"managed_rule_group_statement":[],"not_statement":[],"or_statement":[],"rate_based_statement":[],"regex_match_statement":[],"regex_pattern_set_reference_statement":[],"rule_group_reference_statement":[],"size_constraint_statement":[],"sqli_match_statement":[],"xss_match_statement":[]}],"visibility_config":[{"cloudwatch_metrics_enabled":true,"metric_name":"block-ip-set-rule","sampled_requests_enabled":true}]}],"scope":"CLOUDFRONT","tags":{"Environment":"dev"},"tags_all":{"Environment":"dev"},"token_domains":null,"visibility_config":[{"cloudwatch_metrics_enabled":true,"metric_name":"not-block-ip-set","sampled_requests_enabled":true}]},"sensitive_values":{"captcha_config":[],"custom_response_body":[],"default_action":[{"allow":[{"custom_request_handling":[]}],"block":[]}],"rule":[{"action":[{"allow":[],"block":[{"custom_response":[]}],"captcha":[],"challenge":[],"count":[]}],"captcha_config":[],"override_action":[],"rule_label":[],"statement":[{"and_statement":[],"byte_match_statement":[{"field_to_match":[{"all_query_arguments":[],"body":[],"cookies":[],"headers":[],"json_body":[],"method":[],"query_string":[],"single_header":[{}],"single_query_argument":[],"uri_path":[]}],"text_transformation":[{}]}],"geo_match_statement":[],"ip_set_reference_statement":[],"label_match_statement":[],"managed_rule_group_statement":[],"not_statement":[],"or_statement":[],"rate_based_statement":[],"regex_match_statement":[],"regex_pattern_set_reference_statement":[],"rule_group_reference_statement":[],"size_constraint_statement":[],"sqli_match_statement":[],"xss_match_statement":[]}],"visibility_config":[{}]},{"action":[{"allow":[],"block":[{"custom_response":[]}],"captcha":[],"challenge":[],"count":[]}],"captcha_config":[],"override_action":[],"rule_label":[],"statement":[{"and_statement":[],"byte_match_statement":[],"geo_match_statement":[],"ip_set_reference_statement":[],"label_match_statement":[],"managed_rule_group_statement":[],"not_statement":[{"statement":[{"and_statement":[],"byte_match_statement":[{"field_to_match":[{"all_query_arguments":[],"body":[],"cookies":[],"headers":[],"json_body":[],"method":[],"query_string":[],"single_header":[{}],"single_query_argument":[],"uri_path":[]}],"text_transformation":[{}]}],"geo_match_statement":[],"ip_set_reference_statement":[],"label_match_statement":[],"not_statement":[],"or_statement":[],"regex_match_statement":[],"regex_pattern_set_reference_statement":[],"size_constraint_statement":[],"sqli_match_statement":[],"xss_match_statement":[]}]}],"or_statement":[],"rate_based_statement":[],"regex_match_statement":[],"regex_pattern_set_reference_statement":[],"rule_group_reference_statement":[],"size_constraint_statement":[],"sqli_match_statement":[],"xss_match_statement":[]}],"visibility_config":[{}]},{"action":[{"allow":[],"block":[{"custom_response":[]}],"captcha":[],"challenge":[],"count":[]}],"captcha_config":[],"override_action":[],"rule_label":[],"statement":[{"and_statement":[],"byte_match_statement":[],"geo_match_statement":[],"ip_set_reference_statement":[],"label_match_statement":[],"managed_rule_group_statement":[],"not_statement":[],"or_statement":[],"rate_based_statement":[{"forwarded_ip_config":[],"scope_down_statement":[]}],"regex_match_statement":[],"regex_pattern_set_reference_statement":[],"rule_group_reference_statement":[],"size_constraint_statement":[],"sqli_match_statement":[],"xss_match_statement":[]}],"visibility_config":[{}]},{"action":[{"allow":[],"block":[],"captcha":[{"custom_request_handling":[]}],"challenge":[],"count":[]}],"captcha_config":[],"override_action":[],"rule_label":[],"statement":[{"and_statement":[],"byte_match_statement":[],"geo_match_statement":[],"ip_set_reference_statement":[{"ip_set_forwarded_ip_config":[]}],"label_match_statement":[],"managed_rule_group_statement":[],"not_statement":[],"or_statement":[],"rate_based_statement":[],"regex_match_statement":[],"regex_pattern_set_reference_statement":[],"rule_group_reference_statement":[],"size_constraint_statement":[],"sqli_match_statement":[],"xss_match_statement":[]}],"visibility_config":[{}]}],"tags":{},"tags_all":{},"visibility_config":[{}]}},{"address":"module.cloudfront.aws_wafv2_web_acl_association.assoc","mode":"managed","type":"aws_wafv2_web_acl_association","name":"assoc","provider_name":"registry.terraform.io/hashicorp/aws","schema_version":0,"values":{"timeouts":null},"sensitive_values":{}},{"address":"module.cloudfront.aws_wafv2_web_acl_association.example_association","mode":"managed","type":"aws_wafv2_web_acl_association","name":"example_association","provider_name":"registry.terraform.io/hashicorp/aws","schema_version":0,"values":{"timeouts":null},"sensitive_values":{}},{"address":"module.cloudfront.data.aws_acm_certificate.issued","mode":"data","type":"aws_acm_certificate","name":"issued","provider_name":"registry.terraform.io/hashicorp/aws","schema_version":0,"values":{"domain":"devsandbox.space","key_types":null,"most_recent":null,"statuses":["ISSUED"],"types":null},"sensitive_values":{"statuses":[false],"tags":{}}}],"address":"module.cloudfront"},{"resources":[{"address":"module.iam_role.aws_flow_log.example_vpc_flow_log","mode":"managed","type":"aws_flow_log","name":"example_vpc_flow_log","provider_name":"registry.terraform.io/hashicorp/aws","schema_version":0,"values":{"deliver_cross_account_role":null,"destination_options":[],"eni_id":null,"iam_role_arn":null,"log_destination_type":"s3","max_aggregation_interval":600,"subnet_id":null,"tags":null,"traffic_type":"ALL","transit_gateway_attachment_id":null,"transit_gateway_id":null},"sensitive_values":{"destination_options":[],"tags_all":{}}},{"address":"module.iam_role.aws_iam_instance_profile.s3_ssm_cw_profile","mode":"managed","type":"aws_iam_instance_profile","name":"s3_ssm_cw_profile","provider_name":"registry.terraform.io/hashicorp/aws","schema_version":0,"values":{"name":"S3-SSM-CW-Profile","path":"/","role":"S3-SSM-CW-Role","tags":null},"sensitive_values":{"tags_all":{}}},{"address":"module.iam_role.aws_iam_policy.cloudwatch_agent_policy","mode":"managed","type":"aws_iam_policy","name":"cloudwatch_agent_policy","provider_name":"registry.terraform.io/hashicorp/aws","schema_version":0,"values":{"description":"Policy for EC2 instances to send logs to CloudWatch","name":"cloudwatch-agent-policy","path":"/","policy":"{\"Statement\":[{\"Action\":[\"logs:CreateLogStream\",\"logs:GetLogEvents\",\"logs:DeleteLogStream\",\"logs:PutLogEvents\"],\"Effect\":\"Allow\",\"Resource\":\"arn:aws:logs:*:*:log-group:*:log-stream:*\",\"Sid\":\"VisualEditor0\"},{\"Action\":[\"logs:ListTagsLogGroup\",\"logs:GetLogRecord\",\"logs:DeleteLogGroup\",\"logs:DescribeLogStreams\",\"logs:DescribeMetricFilters\",\"logs:GetLogGroupFields\",\"logs:CreateLogGroup\"],\"Effect\":\"Allow\",\"Resource\":\"arn:aws:logs:*:*:log-group:*\",\"Sid\":\"VisualEditor1\"},{\"Action\":[\"logs:CreateLogDelivery\",\"logs:DescribeLogGroups\",\"logs:ListLogGroupsForQuery\",\"logs:GetLogDelivery\",\"logs:ListLogGroups\",\"logs:DescribeDestinations\"],\"Effect\":\"Allow\",\"Resource\":\"*\",\"Sid\":\"VisualEditor2\"}],\"Version\":\"2012-10-17\"}","tags":null},"sensitive_values":{"tags_all":{}}},{"address":"module.iam_role.aws_iam_role.s3_ssm_CW_role","mode":"managed","type":"aws_iam_role","name":"s3_ssm_CW_role","provider_name":"registry.terraform.io/hashicorp/aws","schema_version":0,"values":{"assume_role_policy":"{\"Statement\":[{\"Action\":\"sts:AssumeRole\",\"Effect\":\"Allow\",\"Principal\":{\"Service\":\"ec2.amazonaws.com\"}}],\"Version\":\"2012-10-17\"}","description":null,"force_detach_policies":false,"max_session_duration":3600,"name":"S3-SSM-CW-Role","path":"/","permissions_boundary":null,"tags":{"Name":"S3-SSM-Role","Purpose":"Allow EC2 to access S3 and use SSM agent"},"tags_all":{"Name":"S3-SSM-Role","Purpose":"Allow EC2 to access S3 and use SSM agent"}},"sensitive_values":{"inline_policy":[],"managed_policy_arns":[],"role_last_used":[],"tags":{},"tags_all":{}}},{"address":"module.iam_role.aws_iam_role_policy_attachment.cloudwatch_agent_attachment","mode":"managed","type":"aws_iam_role_policy_attachment","name":"cloudwatch_agent_attachment","provider_name":"registry.terraform.io/hashicorp/aws","schema_version":0,"values":{"role":"S3-SSM-CW-Role"},"sensitive_values":{}},{"address":"module.iam_role.aws_iam_role_policy_attachment.s3_readonly_attach","mode":"managed","type":"aws_iam_role_policy_attachment","name":"s3_readonly_attach","provider_name":"registry.terraform.io/hashicorp/aws","schema_version":0,"values":{"policy_arn":"arn:aws:iam::aws:policy/AmazonS3ReadOnlyAccess","role":"S3-SSM-CW-Role"},"sensitive_values":{}},{"address":"module.iam_role.aws_iam_role_policy_attachment.secret_manager-ReadWrite","mode":"managed","type":"aws_iam_role_policy_attachment","name":"secret_manager-ReadWrite","provider_name":"registry.terraform.io/hashicorp/aws","schema_version":0,"values":{"policy_arn":"arn:aws:iam::aws:policy/SecretsManagerReadWrite","role":"S3-SSM-CW-Role"},"sensitive_values":{}},{"address":"module.iam_role.aws_iam_role_policy_attachment.ssm_core_attach","mode":"managed","type":"aws_iam_role_policy_attachment","name":"ssm_core_attach","provider_name":"registry.terraform.io/hashicorp/aws","schema_version":0,"values":{"policy_arn":"arn:aws:iam::aws:policy/AmazonSSMManagedInstanceCore","role":"S3-SSM-CW-Role"},"sensitive_values":{}},{"address":"module.iam_role.aws_iam_role_policy_attachment.ssmparameter_read_only","mode":"managed","type":"aws_iam_role_policy_attachment","name":"ssmparameter_read_only","provider_name":"registry.terraform.io/hashicorp/aws","schema_version":0,"values":{"policy_arn":"arn:aws:iam::aws:policy/AmazonSSMReadOnlyAccess","role":"S3-SSM-CW-Role"},"sensitive_values":{}},{"address":"module.iam_role.aws_s3_bucket.vpc_flow_logs_bucket","mode":"managed","type":"aws_s3_bucket","name":"vpc_flow_logs_bucket","provider_name":"registry.terraform.io/hashicorp/aws","schema_version":0,"values":{"bucket":"vpc-flow-log-s3-bucket-panda","force_destroy":true,"tags":null,"timeouts":null},"sensitive_values":{"cors_rule":[],"grant":[],"lifecycle_rule":[],"logging":[],"object_lock_configuration":[],"replication_configuration":[],"server_side_encryption_configuration":[],"tags_all":{},"versioning":[],"website":[]}},{"address":"module.iam_role.aws_s3_bucket_acl.acl","mode":"managed","type":"aws_s3_bucket_acl","name":"acl","provider_name":"registry.terraform.io/hashicorp/aws","schema_version":0,"values":{"acl":"private","expected_bucket_owner":null},"sensitive_values":{"access_control_policy":[]}},{"address":"module.iam_role.aws_s3_bucket_ownership_controls.vpc_flow_logs","mode":"managed","type":"aws_s3_bucket_ownership_controls","name":"vpc_flow_logs","provider_name":"registry.terraform.io/hashicorp/aws","schema_version":0,"values":{"rule":[{"object_ownership":"BucketOwnerPreferred"}]},"sensitive_values":{"rule":[{}]}},{"address":"module.iam_role.aws_s3_bucket_policy.vpc_flow_logs","mode":"managed","type":"aws_s3_bucket_policy","name":"vpc_flow_logs","provider_name":"registry.terraform.io/hashicorp/aws","schema_version":0,"values":{"bucket":"vpc-flow-log-s3-bucket-panda"},"sensitive_values":{}},{"address":"module.iam_role.aws_s3_bucket_public_access_block.vpc_flow_logs","mode":"managed","type":"aws_s3_bucket_public_access_block","name":"vpc_flow_logs","provider_name":"registry.terraform.io/hashicorp/aws","schema_version":0,"values":{"block_public_acls":true,"block_public_policy":true,"bucket":"vpc-flow-log-s3-bucket-panda","ignore_public_acls":true,"restrict_public_buckets":true},"sensitive_values":{}},{"address":"module.iam_role.aws_s3_bucket_server_side_encryption_configuration.SSE_config","mode":"managed","type":"aws_s3_bucket_server_side_encryption_configuration","name":"SSE_config","provider_name":"registry.terraform.io/hashicorp/aws","schema_version":0,"values":{"expected_bucket_owner":null,"rule":[{"apply_server_side_encryption_by_default":[{"kms_master_key_id":"","sse_algorithm":"AES256"}],"bucket_key_enabled":false}]},"sensitive_values":{"rule":[{"apply_server_side_encryption_by_default":[{}]}]}},{"address":"module.iam_role.data.aws_caller_identity.current","mode":"data","type":"aws_caller_identity","name":"current","provider_name":"registry.terraform.io/hashicorp/aws","schema_version":0,"sensitive_values":{}}],"address":"module.iam_role"},{"resources":[{"address":"module.key.aws_key_pair.client_key","mode":"managed","type":"aws_key_pair","name":"client_key","provider_name":"registry.terraform.io/hashicorp/aws","schema_version":1,"values":{"key_name":"client_key","public_key":"ssh-rsa AAAAB3NzaC1yc2EAAAADAQABAAACAQDUEYq46CF/2/kcYgZCnrws43ngVKfxxaBmNqQIOKwdhVKfX/LRVbzUu8qMv7sdqYzk9Q63Yb5yzmWSwsldskFV9BZu0W/WSUQQUhcf1vpY5la90Kudh5cxdtDPwsMRS7hOqmh/IR/UL+rlZpyiqFZ0DTnOYhSeoWuB+Vg5GDfUALR3uBB+Xrb1i+UHNoQxIeVKSZtgCABG9UtK8LZNUfsHAcp/chHg7PlJlDAyn1kFFU6UMWYtOBq/qL2OKmM2IrAIVyVUCkdmSekgQWpecHp6nSQagZOpzdVpKjSi0aLt2ezX/mzkgP6IYSVQT4xm2IUssnrrbimbvuj2rAF6l/wv6QoEg9H2VX+KhsAKbex5lgSRtg7kCLZIXwIoZjV7dR6EjGouX5Jwnvh4Kz5T1yUNweLfoCzdB+EfwTFcbBCOqVEDhHqcYnXR3g48XfAudySFa6TNnclD1gicEXuCDbrfftPtti02ptziZ63AUHXln47ihEcz0FtXUWTSbbsJAXBpPcbEILyDPiR+7xvBRfnGUGPdzLaft0os+/vufutERKdiXNYWbpZlZz2nEIZcLC2zFdxRdC3RLD8F4EVw+KvOMy6eyrUiyyT21EzfFGRCCq/wHWUFLzUN2S1sfiT7C3waq52VjqVP3AL3CX7M/tTooqlwYXWW22/yIH0xz02T9Q== DELL@DESKTOP-AG365S6","tags":null},"sensitive_values":{"tags_all":{}}},{"address":"module.key.aws_key_pair.nat-bastion","mode":"managed","type":"aws_key_pair","name":"nat-bastion","provider_name":"registry.terraform.io/hashicorp/aws","schema_version":1,"values":{"key_name":"nat-bastion-key","public_key":"ssh-rsa AAAAB3NzaC1yc2EAAAADAQABAAACAQDBiZ4RbIEonr1GVre6qP6LfccfOwzIm/c8X6R+xnlInASRlcDSextMGs+1d+/3TwjEqLKuUeasTvBn0L/O2zEUS1feqOeb7c+IUc0KIgw6A96AVvTmETYAojQEocVLCel9f1gYN/ASzlAt7OjDSRF+QW1olcOtdf+UfRg076K3DJSI7Bb8HxtDdUOuStp6iEsgpfuGjSAHDCSjg02Nl4nO5OBaWccKlmafrjNTqzg40tXeIAaOQPT/9SDzvrp0u8XfVHA12FwOQ+B4/0VEZsxxjUeFjjHDz5Pt0UbU5zWKCZkZ+8yLZO8E1KHBlSIu1eQ6MiQRIeNNmhtrdj8HKHsvdFm9bQ7iRqiMR/1gZs6XIZVIQc177xqIe0APv85l//nY36TEoxi0YVr1rqFONTXs2jBO28M1LUwplyGcnxoblLNVDu2nfDhSk3Nk1jH/W51U1Rm3tppmzHUkZVMoH++6CYi5tr2GqQEMnAzYrbtilboE42qCAvUCa43+uEinsCPLxY0uf4Iqtixn7rQAC5Hs1NzdZcZ26iXoGgQgTyXigvy06T38DMtEfG9NXm2Wic0I/xC/YyMGDFYBBAGpAa8t1zT8XPrpNwHt5QrPbHqoyxeJkDEGOBDlzBjSFo4yXVwq6m3MG+IwW/kgsAcbMvhEVbQ1p6L046S+9o96LDAdFQ== DELL@DESKTOP-AG365S6","tags":null},"sensitive_values":{"tags_all":{}}},{"address":"module.key.aws_key_pair.server_key","mode":"managed","type":"aws_key_pair","name":"server_key","provider_name":"registry.terraform.io/hashicorp/aws","schema_version":1,"values":{"key_name":"client_key","public_key":"ssh-rsa AAAAB3NzaC1yc2EAAAADAQABAAACAQDlN6ICr3SEX8p06PAFntCviY+Nt8bKATwfiY9/S8SoczvJti1/0OgDswNh/ccp9KDkXw7ZtVTuvr7wR4s4Yi3g4LtY40+jZSnMubZXJdeANDHaKY65AOvb/mA8B+mpqOIxMGSRqS+pIbEL0x3LJtumHPvDgc9TgFvrO4gweeFrcp/tH8n1njjcJYVFS80aZRTFI/nMTrFogzGlObMjrOltdxXgEfRxLP0Nn5VzHbkovIGvV203+YCJWjc37coXuSCyg+1Zc74smdj+/0lxQ7fvjS5XBMrFAey6CyDgHVf00xPtj6r7BmBDB3DJB22OovJ1p1Q5W+vBZ3C0Cj0KvMTgzRzOJkKca0KK1Z5pK9qqv3pkOZICkLsg+JCHNSK8p9hqGZZcvj/Xyx6zTrbgxMvuIrysJ07coHHkD83J+XZtGwDuAM6eenh5wTJl4swVJ6Wnv9f8IQo/1JbXLdwINqz1UZ+xzK5tNfYcfEpOqYHCLa2ZjVpYor9HSfVIRI09NG/EVxZLqx8Leh9XGSZOX86Q0KuraGvQ6aILSDEH1N4S9fE+AWPLHWd/Qx0AJF3dlthrgZ0+Xj2RIG85YMALkGhiYcaCAoqAfuSLXMTKDHpVsZ2ekz32ANrQr+2IPVW4cvNhJiIXdtFn6zgHT0Csutgk5iAEFsa/8A5BcA/aGdweAw== DELL@DESKTOP-AG365S6","tags":null},"sensitive_values":{"tags_all":{}}}],"address":"module.key"},{"resources":[{"address":"module.rds.aws_db_instance.lirw-database","mode":"managed","type":"aws_db_instance","name":"lirw-database","provider_name":"registry.terraform.io/hashicorp/aws","schema_version":1,"values":{"allocated_storage":20,"allow_major_version_upgrade":null,"apply_immediately":false,"auto_minor_version_upgrade":true,"backup_retention_period":0,"blue_green_update":[],"copy_tags_to_snapshot":false,"custom_iam_instance_profile":null,"customer_owned_ip_enabled":null,"db_subnet_group_name":"lirw-db-subnet-a-b","delete_automated_backups":true,"deletion_protection":null,"domain":null,"domain_iam_role_name":null,"enabled_cloudwatch_logs_exports":null,"engine":"mysql","engine_version":"8.0.42","final_snapshot_identifier":null,"iam_database_authentication_enabled":null,"identifier":"lirw-dev-db","instance_class":"db.t4g.micro","manage_master_user_password":null,"max_allocated_storage":null,"monitoring_interval":0,"multi_az":false,"password":"Asd1-CaPQ22","performance_insights_enabled":false,"publicly_accessible":false,"replicate_source_db":null,"restore_to_point_in_time":[],"s3_import":[],"security_group_names":null,"skip_final_snapshot":true,"storage_encrypted":false,"storage_type":"standard","tags":{"Name":"appdb"},"tags_all":{"Name":"appdb"},"timeouts":null,"username":"admin_3_tier"},"sensitive_values":{"blue_green_update":[],"listener_endpoint":[],"master_user_secret":[],"password":true,"replicas":[],"restore_to_point_in_time":[],"s3_import":[],"tags":{},"tags_all":{},"vpc_security_group_ids":[]}},{"address":"module.rds.aws_db_subnet_group.db-subnet","mode":"managed","type":"aws_db_subnet_group","name":"db-subnet","provider_name":"registry.terraform.io/hashicorp/aws","schema_version":0,"values":{"description":"Managed by Terraform","name":"lirw-db-subnet-a-b","tags":null},"sensitive_values":{"subnet_ids":[],"supported_network_types":[],"tags_all":{}}}],"address":"module.rds"},{"resources":[{"address":"module.route53.aws_route53_record.api_alb_alias","mode":"managed","type":"aws_route53_record","name":"api_alb_alias","provider_name":"registry.terraform.io/hashicorp/aws","schema_version":2,"values":{"alias":[{"evaluate_target_health":false}],"cidr_routing_policy":[],"failover_routing_policy":[],"geolocation_routing_policy":[],"health_check_id":null,"latency_routing_policy":[],"multivalue_answer_routing_policy":null,"name":"api.devsandbox.space","records":null,"set_identifier":null,"ttl":null,"type":"A","weighted_routing_policy":[]},"sensitive_values":{"alias":[{}],"cidr_routing_policy":[],"failover_routing_policy":[],"geolocation_routing_policy":[],"latency_routing_policy":[],"weighted_routing_policy":[]}},{"address":"module.route53.aws_route53_record.cloudfront[\"www.devsandbox.space\"]","mode":"managed","type":"aws_route53_record","name":"cloudfront","index":"www.devsandbox.space","provider_name":"registry.terraform.io/hashicorp/aws","schema_version":2,"values":{"alias":[{"evaluate_target_health":false}],"cidr_routing_policy":[],"failover_routing_policy":[],"geolocation_routing_policy":[],"health_check_id":null,"latency_routing_policy":[],"multivalue_answer_routing_policy":null,"name":"www.devsandbox.space","records":null,"set_identifier":null,"ttl":null,"type":"A","weighted_routing_policy":[]},"sensitive_values":{"alias":[{}],"cidr_routing_policy":[],"failover_routing_policy":[],"geolocation_routing_policy":[],"latency_routing_policy":[],"weighted_routing_policy":[]}},{"address":"module.route53.aws_route53_record.cloudfront_record","mode":"managed","type":"aws_route53_record","name":"cloudfront_record","provider_name":"registry.terraform.io/hashicorp/aws","schema_version":2,"values":{"alias":[{"evaluate_target_health":false}],"cidr_routing_policy":[],"failover_routing_policy":[],"geolocation_routing_policy":[],"health_check_id":null,"latency_routing_policy":[],"multivalue_answer_routing_policy":null,"name":"devsandbox.space","records":null,"set_identifier":null,"ttl":null,"type":"A","weighted_routing_policy":[]},"sensitive_values":{"alias":[{}],"cidr_routing_policy":[],"failover_routing_policy":[],"geolocation_routing_policy":[],"latency_routing_policy":[],"weighted_routing_policy":[]}},{"address":"module.route53.data.aws_route53_zone.public-zone","mode":"data","type":"aws_route53_zone","name":"public-zone","provider_name":"registry.terraform.io/hashicorp/aws","schema_version":0,"values":{"name":"devsandbox.space","private_zone":false},"sensitive_values":{"name_servers":[],"tags":{}}}],"address":"module.route53"},{"resources":[{"address":"module.s3.aws_s3_bucket.lirw-bucket","mode":"managed","type":"aws_s3_bucket","name":"lirw-bucket","provider_name":"registry.terraform.io/hashicorp/aws","schema_version":0,"values":{"bucket":"lirw-react-node-app","force_destroy":true,"tags":{"Environment":"Dev","Name":"lirw-react-node-app-files"},"tags_all":{"Environment":"Dev","Name":"lirw-react-node-app-files"},"timeouts":null},"sensitive_values":{"cors_rule":[],"grant":[],"lifecycle_rule":[],"logging":[],"object_lock_configuration":[],"replication_configuration":[],"server_side_encryption_configuration":[],"tags":{},"tags_all":{},"versioning":[],"website":[]}},{"address":"module.s3.aws_s3_object.app_code_upload[\"README.md\"]","mode":"managed","type":"aws_s3_object","name":"app_code_upload","index":"README.md","provider_name":"registry.terraform.io/hashicorp/aws","schema_version":0,"values":{"acl":"private","cache_control":null,"content":null,"content_base64":null,"content_disposition":null,"content_encoding":null,"content_language":null,"etag":"59a0e7b42442adaa2b4275d6b29fc849","force_destroy":false,"key":"lirw-three-tier/README.md","metadata":null,"object_lock_legal_hold_status":null,"object_lock_mode":null,"object_lock_retain_until_date":null,"source":"./lirw-three-tier/README.md","source_hash":null,"tags":null,"website_redirect":null},"sensitive_values":{"tags_all":{}}},{"address":"module.s3.aws_s3_object.app_code_upload[\"backend/.gitignore\"]","mode":"managed","type":"aws_s3_object","name":"app_code_upload","index":"backend/.gitignore","provider_name":"registry.terraform.io/hashicorp/aws","schema_version":0,"values":{"acl":"private","cache_control":null,"content":null,"content_base64":null,"content_disposition":null,"content_encoding":null,"content_language":null,"etag":"ded7fddeba668d3bfd5f3db7d0ead176","force_destroy":false,"key":"lirw-three-tier/backend/.gitignore","metadata":null,"object_lock_legal_hold_status":null,"object_lock_mode":null,"object_lock_retain_until_date":null,"source":"./lirw-three-tier/backend/.gitignore","source_hash":null,"tags":null,"website_redirect":null},"sensitive_values":{"tags_all":{}}},{"address":"module.s3.aws_s3_object.app_code_upload[\"backend/app.js\"]","mode":"managed","type":"aws_s3_object","name":"app_code_upload","index":"backend/app.js","provider_name":"registry.terraform.io/hashicorp/aws","schema_version":0,"values":{"acl":"private","cache_control":null,"content":null,"content_base64":null,"content_disposition":null,"content_encoding":null,"content_language":null,"etag":"01ca07dcdf3f64fde3283f707f5099c8","force_destroy":false,"key":"lirw-three-tier/backend/app.js","metadata":null,"object_lock_legal_hold_status":null,"object_lock_mode":null,"object_lock_retain_until_date":null,"source":"./lirw-three-tier/backend/app.js","source_hash":null,"tags":null,"website_redirect":null},"sensitive_values":{"tags_all":{}}},{"address":"module.s3.aws_s3_object.app_code_upload[\"backend/configs/DbConfig.js\"]","mode":"managed","type":"aws_s3_object","name":"app_code_upload","index":"backend/configs/DbConfig.js","provider_name":"registry.terraform.io/hashicorp/aws","schema_version":0,"values":{"acl":"private","cache_control":null,"content":null,"content_base64":null,"content_disposition":null,"content_encoding":null,"content_language":null,"etag":"4f6caa1ac9f0a7818becd9bddab424c8","force_destroy":false,"key":"lirw-three-tier/backend/configs/DbConfig.js","metadata":null,"object_lock_legal_hold_status":null,"object_lock_mode":null,"object_lock_retain_until_date":null,"source":"./lirw-three-tier/backend/configs/DbConfig.js","source_hash":null,"tags":null,"website_redirect":null},"sensitive_values":{"tags_all":{}}},{"address":"module.s3.aws_s3_object.app_code_upload[\"backend/configs/db.js\"]","mode":"managed","type":"aws_s3_object","name":"app_code_upload","index":"backend/configs/db.js","provider_name":"registry.terraform.io/hashicorp/aws","schema_version":0,"values":{"acl":"private","cache_control":null,"content":null,"content_base64":null,"content_disposition":null,"content_encoding":null,"content_language":null,"etag":"d9a4887614d3157989012a670b5cfd8d","force_destroy":false,"key":"lirw-three-tier/backend/configs/db.js","metadata":null,"object_lock_legal_hold_status":null,"object_lock_mode":null,"object_lock_retain_until_date":null,"source":"./lirw-three-tier/backend/configs/db.js","source_hash":null,"tags":null,"website_redirect":null},"sensitive_values":{"tags_all":{}}},{"address":"module.s3.aws_s3_object.app_code_upload[\"backend/controllers/AuthorsController.js\"]","mode":"managed","type":"aws_s3_object","name":"app_code_upload","index":"backend/controllers/AuthorsController.js","provider_name":"registry.terraform.io/hashicorp/aws","schema_version":0,"values":{"acl":"private","cache_control":null,"content":null,"content_base64":null,"content_disposition":null,"content_encoding":null,"content_language":null,"etag":"30fc27f3f4517e3ef1deca947dbd3723","force_destroy":false,"key":"lirw-three-tier/backend/controllers/AuthorsController.js","metadata":null,"object_lock_legal_hold_status":null,"object_lock_mode":null,"object_lock_retain_until_date":null,"source":"./lirw-three-tier/backend/controllers/AuthorsController.js","source_hash":null,"tags":null,"website_redirect":null},"sensitive_values":{"tags_all":{}}},{"address":"module.s3.aws_s3_object.app_code_upload[\"backend/controllers/BooksController.js\"]","mode":"managed","type":"aws_s3_object","name":"app_code_upload","index":"backend/controllers/BooksController.js","provider_name":"registry.terraform.io/hashicorp/aws","schema_version":0,"values":{"acl":"private","cache_control":null,"content":null,"content_base64":null,"content_disposition":null,"content_encoding":null,"content_language":null,"etag":"e0c86ad90a21fdb8ea31621b60916a51","force_destroy":false,"key":"lirw-three-tier/backend/controllers/BooksController.js","metadata":null,"object_lock_legal_hold_status":null,"object_lock_mode":null,"object_lock_retain_until_date":null,"source":"./lirw-three-tier/backend/controllers/BooksController.js","source_hash":null,"tags":null,"website_redirect":null},"sensitive_values":{"tags_all":{}}},{"address":"module.s3.aws_s3_object.app_code_upload[\"backend/db.sql\"]","mode":"managed","type":"aws_s3_object","name":"app_code_upload","index":"backend/db.sql","provider_name":"registry.terraform.io/hashicorp/aws","schema_version":0,"values":{"acl":"private","cache_control":null,"content":null,"content_base64":null,"content_disposition":null,"content_encoding":null,"content_language":null,"etag":"61c1992a0e4570b0ce1a2f381831250e","force_destroy":false,"key":"lirw-three-tier/backend/db.sql","metadata":null,"object_lock_legal_hold_status":null,"object_lock_mode":null,"object_lock_retain_until_date":null,"source":"./lirw-three-tier/backend/db.sql","source_hash":null,"tags":null,"website_redirect":null},"sensitive_values":{"tags_all":{}}},{"address":"module.s3.aws_s3_object.app_code_upload[\"backend/package-lock.json\"]","mode":"managed","type":"aws_s3_object","name":"app_code_upload","index":"backend/package-lock.json","provider_name":"registry.terraform.io/hashicorp/aws","schema_version":0,"values":{"acl":"private","cache_control":null,"content":null,"content_base64":null,"content_disposition":null,"content_encoding":null,"content_language":null,"etag":"7b2340c6c365d2cd49182f301624cf65","force_destroy":false,"key":"lirw-three-tier/backend/package-lock.json","metadata":null,"object_lock_legal_hold_status":null,"object_lock_mode":null,"object_lock_retain_until_date":null,"source":"./lirw-three-tier/backend/package-lock.json","source_hash":null,"tags":null,"website_redirect":null},"sensitive_values":{"tags_all":{}}},{"address":"module.s3.aws_s3_object.app_code_upload[\"backend/package.json\"]","mode":"managed","type":"aws_s3_object","name":"app_code_upload","index":"backend/package.json","provider_name":"registry.terraform.io/hashicorp/aws","schema_version":0,"values":{"acl":"private","cache_control":null,"content":null,"content_base64":null,"content_disposition":null,"content_encoding":null,"content_language":null,"etag":"25c54e799ffd78bdb458dfeca679834c","force_destroy":false,"key":"lirw-three-tier/backend/package.json","metadata":null,"object_lock_legal_hold_status":null,"object_lock_mode":null,"object_lock_retain_until_date":null,"source":"./lirw-three-tier/backend/package.json","source_hash":null,"tags":null,"website_redirect":null},"sensitive_values":{"tags_all":{}}},{"address":"module.s3.aws_s3_object.app_code_upload[\"backend/routes/index.js\"]","mode":"managed","type":"aws_s3_object","name":"app_code_upload","index":"backend/routes/index.js","provider_name":"registry.terraform.io/hashicorp/aws","schema_version":0,"values":{"acl":"private","cache_control":null,"content":null,"content_base64":null,"content_disposition":null,"content_encoding":null,"content_language":null,"etag":"65fbda16ff61aacd03d59813efda294e","force_destroy":false,"key":"lirw-three-tier/backend/routes/index.js","metadata":null,"object_lock_legal_hold_status":null,"object_lock_mode":null,"object_lock_retain_until_date":null,"source":"./lirw-three-tier/backend/routes/index.js","source_hash":null,"tags":null,"website_redirect":null},"sensitive_values":{"tags_all":{}}},{"address":"module.s3.aws_s3_object.app_code_upload[\"backend/server.js\"]","mode":"managed","type":"aws_s3_object","name":"app_code_upload","index":"backend/server.js","provider_name":"registry.terraform.io/hashicorp/aws","schema_version":0,"values":{"acl":"private","cache_control":null,"content":null,"content_base64":null,"content_disposition":null,"content_encoding":null,"content_language":null,"etag":"f99aa78d9b399c7741442d9feef1434c","force_destroy":false,"key":"lirw-three-tier/backend/server.js","metadata":null,"object_lock_legal_hold_status":null,"object_lock_mode":null,"object_lock_retain_until_date":null,"source":"./lirw-three-tier/backend/server.js","source_hash":null,"tags":null,"website_redirect":null},"sensitive_values":{"tags_all":{}}},{"address":"module.s3.aws_s3_object.app_code_upload[\"backend/utils/logger.js\"]","mode":"managed","type":"aws_s3_object","name":"app_code_upload","index":"backend/utils/logger.js","provider_name":"registry.terraform.io/hashicorp/aws","schema_version":0,"values":{"acl":"private","cache_control":null,"content":null,"content_base64":null,"content_disposition":null,"content_encoding":null,"content_language":null,"etag":"3a2f5bbfb70155dd22cab07ec0171c99","force_destroy":false,"key":"lirw-three-tier/backend/utils/logger.js","metadata":null,"object_lock_legal_hold_status":null,"object_lock_mode":null,"object_lock_retain_until_date":null,"source":"./lirw-three-tier/backend/utils/logger.js","source_hash":null,"tags":null,"website_redirect":null},"sensitive_values":{"tags_all":{}}},{"address":"module.s3.aws_s3_object.app_code_upload[\"frontend/.eslintrc.cjs\"]","mode":"managed","type":"aws_s3_object","name":"app_code_upload","index":"frontend/.eslintrc.cjs","provider_name":"registry.terraform.io/hashicorp/aws","schema_version":0,"values":{"acl":"private","cache_control":null,"content":null,"content_base64":null,"content_disposition":null,"content_encoding":null,"content_language":null,"etag":"aa6276b33c9b49a92af33e7db40a99fc","force_destroy":false,"key":"lirw-three-tier/frontend/.eslintrc.cjs","metadata":null,"object_lock_legal_hold_status":null,"object_lock_mode":null,"object_lock_retain_until_date":null,"source":"./lirw-three-tier/frontend/.eslintrc.cjs","source_hash":null,"tags":null,"website_redirect":null},"sensitive_values":{"tags_all":{}}},{"address":"module.s3.aws_s3_object.app_code_upload[\"frontend/.gitignore\"]","mode":"managed","type":"aws_s3_object","name":"app_code_upload","index":"frontend/.gitignore","provider_name":"registry.terraform.io/hashicorp/aws","schema_version":0,"values":{"acl":"private","cache_control":null,"content":null,"content_base64":null,"content_disposition":null,"content_encoding":null,"content_language":null,"etag":"86c8f8c0e3300ef07499498a84d8a18a","force_destroy":false,"key":"lirw-three-tier/frontend/.gitignore","metadata":null,"object_lock_legal_hold_status":null,"object_lock_mode":null,"object_lock_retain_until_date":null,"source":"./lirw-three-tier/frontend/.gitignore","source_hash":null,"tags":null,"website_redirect":null},"sensitive_values":{"tags_all":{}}},{"address":"module.s3.aws_s3_object.app_code_upload[\"frontend/README.md\"]","mode":"managed","type":"aws_s3_object","name":"app_code_upload","index":"frontend/README.md","provider_name":"registry.terraform.io/hashicorp/aws","schema_version":0,"values":{"acl":"private","cache_control":null,"content":null,"content_base64":null,"content_disposition":null,"content_encoding":null,"content_language":null,"etag":"09dcd1fe8afb036e3319620ec15bf9df","force_destroy":false,"key":"lirw-three-tier/frontend/README.md","metadata":null,"object_lock_legal_hold_status":null,"object_lock_mode":null,"object_lock_retain_until_date":null,"source":"./lirw-three-tier/frontend/README.md","source_hash":null,"tags":null,"website_redirect":null},"sensitive_values":{"tags_all":{}}},{"address":"module.s3.aws_s3_object.app_code_upload[\"frontend/db.json\"]","mode":"managed","type":"aws_s3_object","name":"app_code_upload","index":"frontend/db.json","provider_name":"registry.terraform.io/hashicorp/aws","schema_version":0,"values":{"acl":"private","cache_control":null,"content":null,"content_base64":null,"content_disposition":null,"content_encoding":null,"content_language":null,"etag":"c15fc13f2bfdf5cb69a8e0f288281543","force_destroy":false,"key":"lirw-three-tier/frontend/db.json","metadata":null,"object_lock_legal_hold_status":null,"object_lock_mode":null,"object_lock_retain_until_date":null,"source":"./lirw-three-tier/frontend/db.json","source_hash":null,"tags":null,"website_redirect":null},"sensitive_values":{"tags_all":{}}},{"address":"module.s3.aws_s3_object.app_code_upload[\"frontend/index.html\"]","mode":"managed","type":"aws_s3_object","name":"app_code_upload","index":"frontend/index.html","provider_name":"registry.terraform.io/hashicorp/aws","schema_version":0,"values":{"acl":"private","cache_control":null,"content":null,"content_base64":null,"content_disposition":null,"content_encoding":null,"content_language":null,"etag":"aa76b0a1e00a2a42f4cc2f35d11457ee","force_destroy":false,"key":"lirw-three-tier/frontend/index.html","metadata":null,"object_lock_legal_hold_status":null,"object_lock_mode":null,"object_lock_retain_until_date":null,"source":"./lirw-three-tier/frontend/index.html","source_hash":null,"tags":null,"website_redirect":null},"sensitive_values":{"tags_all":{}}},{"address":"module.s3.aws_s3_object.app_code_upload[\"frontend/package-lock.json\"]","mode":"managed","type":"aws_s3_object","name":"app_code_upload","index":"frontend/package-lock.json","provider_name":"registry.terraform.io/hashicorp/aws","schema_version":0,"values":{"acl":"private","cache_control":null,"content":null,"content_base64":null,"content_disposition":null,"content_encoding":null,"content_language":null,"etag":"90856f5586200ddb5c77ead63e9779e0","force_destroy":false,"key":"lirw-three-tier/frontend/package-lock.json","metadata":null,"object_lock_legal_hold_status":null,"object_lock_mode":null,"object_lock_retain_until_date":null,"source":"./lirw-three-tier/frontend/package-lock.json","source_hash":null,"tags":null,"website_redirect":null},"sensitive_values":{"tags_all":{}}},{"address":"module.s3.aws_s3_object.app_code_upload[\"frontend/package.json\"]","mode":"managed","type":"aws_s3_object","name":"app_code_upload","index":"frontend/package.json","provider_name":"registry.terraform.io/hashicorp/aws","schema_version":0,"values":{"acl":"private","cache_control":null,"content":null,"content_base64":null,"content_disposition":null,"content_encoding":null,"content_language":null,"etag":"5014d35f6760cfa4c1c1a67378c75c79","force_destroy":false,"key":"lirw-three-tier/frontend/package.json","metadata":null,"object_lock_legal_hold_status":null,"object_lock_mode":null,"object_lock_retain_until_date":null,"source":"./lirw-three-tier/frontend/package.json","source_hash":null,"tags":null,"website_redirect":null},"sensitive_values":{"tags_all":{}}},{"address":"module.s3.aws_s3_object.app_code_upload[\"frontend/postcss.config.js\"]","mode":"managed","type":"aws_s3_object","name":"app_code_upload","index":"frontend/postcss.config.js","provider_name":"registry.terraform.io/hashicorp/aws","schema_version":0,"values":{"acl":"private","cache_control":null,"content":null,"content_base64":null,"content_disposition":null,"content_encoding":null,"content_language":null,"etag":"5b84f4567208c7c747079c0477373231","force_destroy":false,"key":"lirw-three-tier/frontend/postcss.config.js","metadata":null,"object_lock_legal_hold_status":null,"object_lock_mode":null,"object_lock_retain_until_date":null,"source":"./lirw-three-tier/frontend/postcss.config.js","source_hash":null,"tags":null,"website_redirect":null},"sensitive_values":{"tags_all":{}}},{"address":"module.s3.aws_s3_object.app_code_upload[\"frontend/public/ss/authors.png\"]","mode":"managed","type":"aws_s3_object","name":"app_code_upload","index":"frontend/public/ss/authors.png","provider_name":"registry.terraform.io/hashicorp/aws","schema_version":0,"values":{"acl":"private","cache_control":null,"content":null,"content_base64":null,"content_disposition":null,"content_encoding":null,"content_language":null,"etag":"92aa832acb8d5e6a4ccbfd2ea0cf8cce","force_destroy":false,"key":"lirw-three-tier/frontend/public/ss/authors.png","metadata":null,"object_lock_legal_hold_status":null,"object_lock_mode":null,"object_lock_retain_until_date":null,"source":"./lirw-three-tier/frontend/public/ss/authors.png","source_hash":null,"tags":null,"website_redirect":null},"sensitive_values":{"tags_all":{}}},{"address":"module.s3.aws_s3_object.app_code_upload[\"frontend/public/ss/books.png\"]","mode":"managed","type":"aws_s3_object","name":"app_code_upload","index":"frontend/public/ss/books.png","provider_name":"registry.terraform.io/hashicorp/aws","schema_version":0,"values":{"acl":"private","cache_control":null,"content":null,"content_base64":null,"content_disposition":null,"content_encoding":null,"content_language":null,"etag":"473393cb87f9dd76e75dabe0b71e18ba","force_destroy":false,"key":"lirw-three-tier/frontend/public/ss/books.png","metadata":null,"object_lock_legal_hold_status":null,"object_lock_mode":null,"object_lock_retain_until_date":null,"source":"./lirw-three-tier/frontend/public/ss/books.png","source_hash":null,"tags":null,"website_redirect":null},"sensitive_values":{"tags_all":{}}},{"address":"module.s3.aws_s3_object.app_code_upload[\"frontend/public/ss/dashboard.png\"]","mode":"managed","type":"aws_s3_object","name":"app_code_upload","index":"frontend/public/ss/dashboard.png","provider_name":"registry.terraform.io/hashicorp/aws","schema_version":0,"values":{"acl":"private","cache_control":null,"content":null,"content_base64":null,"content_disposition":null,"content_encoding":null,"content_language":null,"etag":"8304a4e3d6e1d384bf7f5140973060a9","force_destroy":false,"key":"lirw-three-tier/frontend/public/ss/dashboard.png","metadata":null,"object_lock_legal_hold_status":null,"object_lock_mode":null,"object_lock_retain_until_date":null,"source":"./lirw-three-tier/frontend/public/ss/dashboard.png","source_hash":null,"tags":null,"website_redirect":null},"sensitive_values":{"tags_all":{}}},{"address":"module.s3.aws_s3_object.app_code_upload[\"frontend/public/vite.svg\"]","mode":"managed","type":"aws_s3_object","name":"app_code_upload","index":"frontend/public/vite.svg","provider_name":"registry.terraform.io/hashicorp/aws","schema_version":0,"values":{"acl":"private","cache_control":null,"content":null,"content_base64":null,"content_disposition":null,"content_encoding":null,"content_language":null,"etag":"8e3a10e157f75ada21ab742c022d5430","force_destroy":false,"key":"lirw-three-tier/frontend/public/vite.svg","metadata":null,"object_lock_legal_hold_status":null,"object_lock_mode":null,"object_lock_retain_until_date":null,"source":"./lirw-three-tier/frontend/public/vite.svg","source_hash":null,"tags":null,"website_redirect":null},"sensitive_values":{"tags_all":{}}},{"address":"module.s3.aws_s3_object.app_code_upload[\"frontend/src/App.css\"]","mode":"managed","type":"aws_s3_object","name":"app_code_upload","index":"frontend/src/App.css","provider_name":"registry.terraform.io/hashicorp/aws","schema_version":0,"values":{"acl":"private","cache_control":null,"content":null,"content_base64":null,"content_disposition":null,"content_encoding":null,"content_language":null,"etag":"d41d8cd98f00b204e9800998ecf8427e","force_destroy":false,"key":"lirw-three-tier/frontend/src/App.css","metadata":null,"object_lock_legal_hold_status":null,"object_lock_mode":null,"object_lock_retain_until_date":null,"source":"./lirw-three-tier/frontend/src/App.css","source_hash":null,"tags":null,"website_redirect":null},"sensitive_values":{"tags_all":{}}},{"address":"module.s3.aws_s3_object.app_code_upload[\"frontend/src/App.tsx\"]","mode":"managed","type":"aws_s3_object","name":"app_code_upload","index":"frontend/src/App.tsx","provider_name":"registry.terraform.io/hashicorp/aws","schema_version":0,"values":{"acl":"private","cache_control":null,"content":null,"content_base64":null,"content_disposition":null,"content_encoding":null,"content_language":null,"etag":"76d2ed3e0c0c01c20be2bba8d5e9e717","force_destroy":false,"key":"lirw-three-tier/frontend/src/App.tsx","metadata":null,"object_lock_legal_hold_status":null,"object_lock_mode":null,"object_lock_retain_until_date":null,"source":"./lirw-three-tier/frontend/src/App.tsx","source_hash":null,"tags":null,"website_redirect":null},"sensitive_values":{"tags_all":{}}},{"address":"module.s3.aws_s3_object.app_code_upload[\"frontend/src/AuthorsPage.tsx\"]","mode":"managed","type":"aws_s3_object","name":"app_code_upload","index":"frontend/src/AuthorsPage.tsx","provider_name":"registry.terraform.io/hashicorp/aws","schema_version":0,"values":{"acl":"private","cache_control":null,"content":null,"content_base64":null,"content_disposition":null,"content_encoding":null,"content_language":null,"etag":"285b91760379ab861da20c00a3ced808","force_destroy":false,"key":"lirw-three-tier/frontend/src/AuthorsPage.tsx","metadata":null,"object_lock_legal_hold_status":null,"object_lock_mode":null,"object_lock_retain_until_date":null,"source":"./lirw-three-tier/frontend/src/AuthorsPage.tsx","source_hash":null,"tags":null,"website_redirect":null},"sensitive_values":{"tags_all":{}}},{"address":"module.s3.aws_s3_object.app_code_upload[\"frontend/src/BooksPage.tsx\"]","mode":"managed","type":"aws_s3_object","name":"app_code_upload","index":"frontend/src/BooksPage.tsx","provider_name":"registry.terraform.io/hashicorp/aws","schema_version":0,"values":{"acl":"private","cache_control":null,"content":null,"content_base64":null,"content_disposition":null,"content_encoding":null,"content_language":null,"etag":"4b643a7b5969decc70673a7a17484c76","force_destroy":false,"key":"lirw-three-tier/frontend/src/BooksPage.tsx","metadata":null,"object_lock_legal_hold_status":null,"object_lock_mode":null,"object_lock_retain_until_date":null,"source":"./lirw-three-tier/frontend/src/BooksPage.tsx","source_hash":null,"tags":null,"website_redirect":null},"sensitive_values":{"tags_all":{}}},{"address":"module.s3.aws_s3_object.app_code_upload[\"frontend/src/ErrorPage.tsx\"]","mode":"managed","type":"aws_s3_object","name":"app_code_upload","index":"frontend/src/ErrorPage.tsx","provider_name":"registry.terraform.io/hashicorp/aws","schema_version":0,"values":{"acl":"private","cache_control":null,"content":null,"content_base64":null,"content_disposition":null,"content_encoding":null,"content_language":null,"etag":"0f9e5220850cad3b5a694afd2b83a75f","force_destroy":false,"key":"lirw-three-tier/frontend/src/ErrorPage.tsx","metadata":null,"object_lock_legal_hold_status":null,"object_lock_mode":null,"object_lock_retain_until_date":null,"source":"./lirw-three-tier/frontend/src/ErrorPage.tsx","source_hash":null,"tags":null,"website_redirect":null},"sensitive_values":{"tags_all":{}}},{"address":"module.s3.aws_s3_object.app_code_upload[\"frontend/src/assets/react.svg\"]","mode":"managed","type":"aws_s3_object","name":"app_code_upload","index":"frontend/src/assets/react.svg","provider_name":"registry.terraform.io/hashicorp/aws","schema_version":0,"values":{"acl":"private","cache_control":null,"content":null,"content_base64":null,"content_disposition":null,"content_encoding":null,"content_language":null,"etag":"f0402b67b6ce880f65666bb49e841696","force_destroy":false,"key":"lirw-three-tier/frontend/src/assets/react.svg","metadata":null,"object_lock_legal_hold_status":null,"object_lock_mode":null,"object_lock_retain_until_date":null,"source":"./lirw-three-tier/frontend/src/assets/react.svg","source_hash":null,"tags":null,"website_redirect":null},"sensitive_values":{"tags_all":{}}},{"address":"module.s3.aws_s3_object.app_code_upload[\"frontend/src/components/AddEditAuthorModal.tsx\"]","mode":"managed","type":"aws_s3_object","name":"app_code_upload","index":"frontend/src/components/AddEditAuthorModal.tsx","provider_name":"registry.terraform.io/hashicorp/aws","schema_version":0,"values":{"acl":"private","cache_control":null,"content":null,"content_base64":null,"content_disposition":null,"content_encoding":null,"content_language":null,"etag":"451b4b469132c9de5465f17bb489bd42","force_destroy":false,"key":"lirw-three-tier/frontend/src/components/AddEditAuthorModal.tsx","metadata":null,"object_lock_legal_hold_status":null,"object_lock_mode":null,"object_lock_retain_until_date":null,"source":"./lirw-three-tier/frontend/src/components/AddEditAuthorModal.tsx","source_hash":null,"tags":null,"website_redirect":null},"sensitive_values":{"tags_all":{}}},{"address":"module.s3.aws_s3_object.app_code_upload[\"frontend/src/components/AddEditBookModal.tsx\"]","mode":"managed","type":"aws_s3_object","name":"app_code_upload","index":"frontend/src/components/AddEditBookModal.tsx","provider_name":"registry.terraform.io/hashicorp/aws","schema_version":0,"values":{"acl":"private","cache_control":null,"content":null,"content_base64":null,"content_disposition":null,"content_encoding":null,"content_language":null,"etag":"39bc1b370ef0b7f020e202e4098d9496","force_destroy":false,"key":"lirw-three-tier/frontend/src/components/AddEditBookModal.tsx","metadata":null,"object_lock_legal_hold_status":null,"object_lock_mode":null,"object_lock_retain_until_date":null,"source":"./lirw-three-tier/frontend/src/components/AddEditBookModal.tsx","source_hash":null,"tags":null,"website_redirect":null},"sensitive_values":{"tags_all":{}}},{"address":"module.s3.aws_s3_object.app_code_upload[\"frontend/src/components/AuthorCreateEditForm.tsx\"]","mode":"managed","type":"aws_s3_object","name":"app_code_upload","index":"frontend/src/components/AuthorCreateEditForm.tsx","provider_name":"registry.terraform.io/hashicorp/aws","schema_version":0,"values":{"acl":"private","cache_control":null,"content":null,"content_base64":null,"content_disposition":null,"content_encoding":null,"content_language":null,"etag":"17c6c8ca0bca1ac11639eef11e76351e","force_destroy":false,"key":"lirw-three-tier/frontend/src/components/AuthorCreateEditForm.tsx","metadata":null,"object_lock_legal_hold_status":null,"object_lock_mode":null,"object_lock_retain_until_date":null,"source":"./lirw-three-tier/frontend/src/components/AuthorCreateEditForm.tsx","source_hash":null,"tags":null,"website_redirect":null},"sensitive_values":{"tags_all":{}}},{"address":"module.s3.aws_s3_object.app_code_upload[\"frontend/src/components/BookCreateEditForm.tsx\"]","mode":"managed","type":"aws_s3_object","name":"app_code_upload","index":"frontend/src/components/BookCreateEditForm.tsx","provider_name":"registry.terraform.io/hashicorp/aws","schema_version":0,"values":{"acl":"private","cache_control":null,"content":null,"content_base64":null,"content_disposition":null,"content_encoding":null,"content_language":null,"etag":"b839ce9f9518e3250bf3948718cece51","force_destroy":false,"key":"lirw-three-tier/frontend/src/components/BookCreateEditForm.tsx","metadata":null,"object_lock_legal_hold_status":null,"object_lock_mode":null,"object_lock_retain_until_date":null,"source":"./lirw-three-tier/frontend/src/components/BookCreateEditForm.tsx","source_hash":null,"tags":null,"website_redirect":null},"sensitive_values":{"tags_all":{}}},{"address":"module.s3.aws_s3_object.app_code_upload[\"frontend/src/components/DeleteAuthorModal.tsx\"]","mode":"managed","type":"aws_s3_object","name":"app_code_upload","index":"frontend/src/components/DeleteAuthorModal.tsx","provider_name":"registry.terraform.io/hashicorp/aws","schema_version":0,"values":{"acl":"private","cache_control":null,"content":null,"content_base64":null,"content_disposition":null,"content_encoding":null,"content_language":null,"etag":"7eddda376a407aaed2e722ea429d882e","force_destroy":false,"key":"lirw-three-tier/frontend/src/components/DeleteAuthorModal.tsx","metadata":null,"object_lock_legal_hold_status":null,"object_lock_mode":null,"object_lock_retain_until_date":null,"source":"./lirw-three-tier/frontend/src/components/DeleteAuthorModal.tsx","source_hash":null,"tags":null,"website_redirect":null},"sensitive_values":{"tags_all":{}}},{"address":"module.s3.aws_s3_object.app_code_upload[\"frontend/src/components/DeleteBookModal.tsx\"]","mode":"managed","type":"aws_s3_object","name":"app_code_upload","index":"frontend/src/components/DeleteBookModal.tsx","provider_name":"registry.terraform.io/hashicorp/aws","schema_version":0,"values":{"acl":"private","cache_control":null,"content":null,"content_base64":null,"content_disposition":null,"content_encoding":null,"content_language":null,"etag":"9e90b662b7f1a50e32701dc849661a7f","force_destroy":false,"key":"lirw-three-tier/frontend/src/components/DeleteBookModal.tsx","metadata":null,"object_lock_legal_hold_status":null,"object_lock_mode":null,"object_lock_retain_until_date":null,"source":"./lirw-three-tier/frontend/src/components/DeleteBookModal.tsx","source_hash":null,"tags":null,"website_redirect":null},"sensitive_values":{"tags_all":{}}},{"address":"module.s3.aws_s3_object.app_code_upload[\"frontend/src/components/IconDelete.tsx\"]","mode":"managed","type":"aws_s3_object","name":"app_code_upload","index":"frontend/src/components/IconDelete.tsx","provider_name":"registry.terraform.io/hashicorp/aws","schema_version":0,"values":{"acl":"private","cache_control":null,"content":null,"content_base64":null,"content_disposition":null,"content_encoding":null,"content_language":null,"etag":"6fc8f30d09314dd3ae13c8bc93fa5fe6","force_destroy":false,"key":"lirw-three-tier/frontend/src/components/IconDelete.tsx","metadata":null,"object_lock_legal_hold_status":null,"object_lock_mode":null,"object_lock_retain_until_date":null,"source":"./lirw-three-tier/frontend/src/components/IconDelete.tsx","source_hash":null,"tags":null,"website_redirect":null},"sensitive_values":{"tags_all":{}}},{"address":"module.s3.aws_s3_object.app_code_upload[\"frontend/src/components/IconEdit.tsx\"]","mode":"managed","type":"aws_s3_object","name":"app_code_upload","index":"frontend/src/components/IconEdit.tsx","provider_name":"registry.terraform.io/hashicorp/aws","schema_version":0,"values":{"acl":"private","cache_control":null,"content":null,"content_base64":null,"content_disposition":null,"content_encoding":null,"content_language":null,"etag":"b75c46b29da449026f7c302eea9530ee","force_destroy":false,"key":"lirw-three-tier/frontend/src/components/IconEdit.tsx","metadata":null,"object_lock_legal_hold_status":null,"object_lock_mode":null,"object_lock_retain_until_date":null,"source":"./lirw-three-tier/frontend/src/components/IconEdit.tsx","source_hash":null,"tags":null,"website_redirect":null},"sensitive_values":{"tags_all":{}}},{"address":"module.s3.aws_s3_object.app_code_upload[\"frontend/src/components/IconView.tsx\"]","mode":"managed","type":"aws_s3_object","name":"app_code_upload","index":"frontend/src/components/IconView.tsx","provider_name":"registry.terraform.io/hashicorp/aws","schema_version":0,"values":{"acl":"private","cache_control":null,"content":null,"content_base64":null,"content_disposition":null,"content_encoding":null,"content_language":null,"etag":"b4abb7298be41b5eab8fa2a5a1424698","force_destroy":false,"key":"lirw-three-tier/frontend/src/components/IconView.tsx","metadata":null,"object_lock_legal_hold_status":null,"object_lock_mode":null,"object_lock_retain_until_date":null,"source":"./lirw-three-tier/frontend/src/components/IconView.tsx","source_hash":null,"tags":null,"website_redirect":null},"sensitive_values":{"tags_all":{}}},{"address":"module.s3.aws_s3_object.app_code_upload[\"frontend/src/components/ViewAuthorModal.tsx\"]","mode":"managed","type":"aws_s3_object","name":"app_code_upload","index":"frontend/src/components/ViewAuthorModal.tsx","provider_name":"registry.terraform.io/hashicorp/aws","schema_version":0,"values":{"acl":"private","cache_control":null,"content":null,"content_base64":null,"content_disposition":null,"content_encoding":null,"content_language":null,"etag":"c9379fb597a3a91f82b22614797e2970","force_destroy":false,"key":"lirw-three-tier/frontend/src/components/ViewAuthorModal.tsx","metadata":null,"object_lock_legal_hold_status":null,"object_lock_mode":null,"object_lock_retain_until_date":null,"source":"./lirw-three-tier/frontend/src/components/ViewAuthorModal.tsx","source_hash":null,"tags":null,"website_redirect":null},"sensitive_values":{"tags_all":{}}},{"address":"module.s3.aws_s3_object.app_code_upload[\"frontend/src/components/ViewBookModal.tsx\"]","mode":"managed","type":"aws_s3_object","name":"app_code_upload","index":"frontend/src/components/ViewBookModal.tsx","provider_name":"registry.terraform.io/hashicorp/aws","schema_version":0,"values":{"acl":"private","cache_control":null,"content":null,"content_base64":null,"content_disposition":null,"content_encoding":null,"content_language":null,"etag":"aaa7070f115ef3383d51484ba03fe1db","force_destroy":false,"key":"lirw-three-tier/frontend/src/components/ViewBookModal.tsx","metadata":null,"object_lock_legal_hold_status":null,"object_lock_mode":null,"object_lock_retain_until_date":null,"source":"./lirw-three-tier/frontend/src/components/ViewBookModal.tsx","source_hash":null,"tags":null,"website_redirect":null},"sensitive_values":{"tags_all":{}}},{"address":"module.s3.aws_s3_object.app_code_upload[\"frontend/src/index.css\"]","mode":"managed","type":"aws_s3_object","name":"app_code_upload","index":"frontend/src/index.css","provider_name":"registry.terraform.io/hashicorp/aws","schema_version":0,"values":{"acl":"private","cache_control":null,"content":null,"content_base64":null,"content_disposition":null,"content_encoding":null,"content_language":null,"etag":"99c0b8c65d13e76f9c36a6117baec41d","force_destroy":false,"key":"lirw-three-tier/frontend/src/index.css","metadata":null,"object_lock_legal_hold_status":null,"object_lock_mode":null,"object_lock_retain_until_date":null,"source":"./lirw-three-tier/frontend/src/index.css","source_hash":null,"tags":null,"website_redirect":null},"sensitive_values":{"tags_all":{}}},{"address":"module.s3.aws_s3_object.app_code_upload[\"frontend/src/main.tsx\"]","mode":"managed","type":"aws_s3_object","name":"app_code_upload","index":"frontend/src/main.tsx","provider_name":"registry.terraform.io/hashicorp/aws","schema_version":0,"values":{"acl":"private","cache_control":null,"content":null,"content_base64":null,"content_disposition":null,"content_encoding":null,"content_language":null,"etag":"7a8b3672b6b4eb860824002ec5ee155b","force_destroy":false,"key":"lirw-three-tier/frontend/src/main.tsx","metadata":null,"object_lock_legal_hold_status":null,"object_lock_mode":null,"object_lock_retain_until_date":null,"source":"./lirw-three-tier/frontend/src/main.tsx","source_hash":null,"tags":null,"website_redirect":null},"sensitive_values":{"tags_all":{}}},{"address":"module.s3.aws_s3_object.app_code_upload[\"frontend/src/models/Author.ts\"]","mode":"managed","type":"aws_s3_object","name":"app_code_upload","index":"frontend/src/models/Author.ts","provider_name":"registry.terraform.io/hashicorp/aws","schema_version":0,"values":{"acl":"private","cache_control":null,"content":null,"content_base64":null,"content_disposition":null,"content_encoding":null,"content_language":null,"etag":"d1bd1deb14d0532e381b6c36415cdd5c","force_destroy":false,"key":"lirw-three-tier/frontend/src/models/Author.ts","metadata":null,"object_lock_legal_hold_status":null,"object_lock_mode":null,"object_lock_retain_until_date":null,"source":"./lirw-three-tier/frontend/src/models/Author.ts","source_hash":null,"tags":null,"website_redirect":null},"sensitive_values":{"tags_all":{}}},{"address":"module.s3.aws_s3_object.app_code_upload[\"frontend/src/models/Books.ts\"]","mode":"managed","type":"aws_s3_object","name":"app_code_upload","index":"frontend/src/models/Books.ts","provider_name":"registry.terraform.io/hashicorp/aws","schema_version":0,"values":{"acl":"private","cache_control":null,"content":null,"content_base64":null,"content_disposition":null,"content_encoding":null,"content_language":null,"etag":"d1fa413bc269efb18ec79b1ad863018d","force_destroy":false,"key":"lirw-three-tier/frontend/src/models/Books.ts","metadata":null,"object_lock_legal_hold_status":null,"object_lock_mode":null,"object_lock_retain_until_date":null,"source":"./lirw-three-tier/frontend/src/models/Books.ts","source_hash":null,"tags":null,"website_redirect":null},"sensitive_values":{"tags_all":{}}},{"address":"module.s3.aws_s3_object.app_code_upload[\"frontend/src/vite-env.d.ts\"]","mode":"managed","type":"aws_s3_object","name":"app_code_upload","index":"frontend/src/vite-env.d.ts","provider_name":"registry.terraform.io/hashicorp/aws","schema_version":0,"values":{"acl":"private","cache_control":null,"content":null,"content_base64":null,"content_disposition":null,"content_encoding":null,"content_language":null,"etag":"8f68c27c3fc38817b2726b20e2d4f1ee","force_destroy":false,"key":"lirw-three-tier/frontend/src/vite-env.d.ts","metadata":null,"object_lock_legal_hold_status":null,"object_lock_mode":null,"object_lock_retain_until_date":null,"source":"./lirw-three-tier/frontend/src/vite-env.d.ts","source_hash":null,"tags":null,"website_redirect":null},"sensitive_values":{"tags_all":{}}},{"address":"module.s3.aws_s3_object.app_code_upload[\"frontend/tailwind.config.js\"]","mode":"managed","type":"aws_s3_object","name":"app_code_upload","index":"frontend/tailwind.config.js","provider_name":"registry.terraform.io/hashicorp/aws","schema_version":0,"values":{"acl":"private","cache_control":null,"content":null,"content_base64":null,"content_disposition":null,"content_encoding":null,"content_language":null,"etag":"89c0aadbaae0e7f84e9ff2504fcaa16a","force_destroy":false,"key":"lirw-three-tier/frontend/tailwind.config.js","metadata":null,"object_lock_legal_hold_status":null,"object_lock_mode":null,"object_lock_retain_until_date":null,"source":"./lirw-three-tier/frontend/tailwind.config.js","source_hash":null,"tags":null,"website_redirect":null},"sensitive_values":{"tags_all":{}}},{"address":"module.s3.aws_s3_object.app_code_upload[\"frontend/tsconfig.json\"]","mode":"managed","type":"aws_s3_object","name":"app_code_upload","index":"frontend/tsconfig.json","provider_name":"registry.terraform.io/hashicorp/aws","schema_version":0,"values":{"acl":"private","cache_control":null,"content":null,"content_base64":null,"content_disposition":null,"content_encoding":null,"content_language":null,"etag":"7a931cf665b999dd157ba517f5cbd820","force_destroy":false,"key":"lirw-three-tier/frontend/tsconfig.json","metadata":null,"object_lock_legal_hold_status":null,"object_lock_mode":null,"object_lock_retain_until_date":null,"source":"./lirw-three-tier/frontend/tsconfig.json","source_hash":null,"tags":null,"website_redirect":null},"sensitive_values":{"tags_all":{}}},{"address":"module.s3.aws_s3_object.app_code_upload[\"frontend/tsconfig.node.json\"]","mode":"managed","type":"aws_s3_object","name":"app_code_upload","index":"frontend/tsconfig.node.json","provider_name":"registry.terraform.io/hashicorp/aws","schema_version":0,"values":{"acl":"private","cache_control":null,"content":null,"content_base64":null,"content_disposition":null,"content_encoding":null,"content_language":null,"etag":"1b9d83e27fae726e66ba0661575c7f15","force_destroy":false,"key":"lirw-three-tier/frontend/tsconfig.node.json","metadata":null,"object_lock_legal_hold_status":null,"object_lock_mode":null,"object_lock_retain_until_date":null,"source":"./lirw-three-tier/frontend/tsconfig.node.json","source_hash":null,"tags":null,"website_redirect":null},"sensitive_values":{"tags_all":{}}},{"address":"module.s3.aws_s3_object.app_code_upload[\"frontend/vite.config.ts\"]","mode":"managed","type":"aws_s3_object","name":"app_code_upload","index":"frontend/vite.config.ts","provider_name":"registry.terraform.io/hashicorp/aws","schema_version":0,"values":{"acl":"private","cache_control":null,"content":null,"content_base64":null,"content_disposition":null,"content_encoding":null,"content_language":null,"etag":"0a81e4c5b32b2af661ac6853bbe8d961","force_destroy":false,"key":"lirw-three-tier/frontend/vite.config.ts","metadata":null,"object_lock_legal_hold_status":null,"object_lock_mode":null,"object_lock_retain_until_date":null,"source":"./lirw-three-tier/frontend/vite.config.ts","source_hash":null,"tags":null,"website_redirect":null},"sensitive_values":{"tags_all":{}}}],"address":"module.s3"},{"resources":[{"address":"module.security-group.aws_security_group.alb_sg","mode":"managed","type":"aws_security_group","name":"alb_sg","provider_name":"registry.terraform.io/hashicorp/aws","schema_version":1,"values":{"description":"enable http/https access on port 80/443","egress":[{"cidr_blocks":["0.0.0.0/0"],"description":"","from_port":0,"ipv6_cidr_blocks":[],"prefix_list_ids":[],"protocol":"-1","security_groups":[],"self":false,"to_port":0}],"ingress":[{"cidr_blocks":["0.0.0.0/0"],"description":"http access","from_port":80,"ipv6_cidr_blocks":[],"prefix_list_ids":[],"protocol":"tcp","security_groups":[],"self":false,"to_port":80},{"cidr_blocks":["0.0.0.0/0"],"description":"https access","from_port":443,"ipv6_cidr_blocks":[],"prefix_list_ids":[],"protocol":"tcp","security_groups":[],"self":false,"to_port":443}],"name":"alb security group","revoke_rules_on_delete":false,"tags":{"Name":"alb_sg"},"tags_all":{"Name":"alb_sg"},"timeouts":null},"sensitive_values":{"egress":[{"cidr_blocks":[false],"ipv6_cidr_blocks":[],"prefix_list_ids":[],"security_groups":[]}],"ingress":[{"cidr_blocks":[false],"ipv6_cidr_blocks":[],"prefix_list_ids":[],"security_groups":[]},{"cidr_blocks":[false],"ipv6_cidr_blocks":[],"prefix_list_ids":[],"security_groups":[]}],"tags":{},"tags_all":{}}},{"address":"module.security-group.aws_security_group.client_sg","mode":"managed","type":"aws_security_group","name":"client_sg","provider_name":"registry.terraform.io/hashicorp/aws","schema_version":1,"values":{"description":"enable http/https access on port 80 for client sg","egress":[{"cidr_blocks":["0.0.0.0/0"],"description":"","from_port":0,"ipv6_cidr_blocks":[],"prefix_list_ids":[],"protocol":"-1","security_groups":[],"self":false,"to_port":0}],"ingress":[{"cidr_blocks":["0.0.0.0/0"],"description":"custom ssh access","from_port":22,"ipv6_cidr_blocks":[],"prefix_list_ids":[],"protocol":"ssh","security_groups":[],"self":false,"to_port":22},{"cidr_blocks":[],"description":"http access","from_port":80,"ipv6_cidr_blocks":[],"prefix_list_ids":[],"protocol":"tcp","self":false,"to_port":80}],"name":"client_sg","revoke_rules_on_delete":false,"tags":{"Name":"Client_sg"},"tags_all":{"Name":"Client_sg"},"timeouts":null},"sensitive_values":{"egress":[{"cidr_blocks":[false],"ipv6_cidr_blocks":[],"prefix_list_ids":[],"security_groups":[]}],"ingress":[{"cidr_blocks":[false],"ipv6_cidr_blocks":[],"prefix_list_ids":[],"security_groups":[]},{"cidr_blocks":[],"ipv6_cidr_blocks":[],"prefix_list_ids":[],"security_groups":[]}],"tags":{},"tags_all":{}}},{"address":"module.security-group.aws_security_group.db_sg","mode":"managed","type":"aws_security_group","name":"db_sg","provider_name":"registry.terraform.io/hashicorp/aws","schema_version":1,"values":{"description":"enable mysql access on port 3305 from server-sg","egress":[{"cidr_blocks":["0.0.0.0/0"],"description":"","from_port":0,"ipv6_cidr_blocks":[],"prefix_list_ids":[],"protocol":"-1","security_groups":[],"self":false,"to_port":0}],"ingress":[{"cidr_blocks":[],"description":"mysql access","from_port":3306,"ipv6_cidr_blocks":[],"prefix_list_ids":[],"protocol":"tcp","self":false,"to_port":3306}],"name":"db_sg","revoke_rules_on_delete":false,"tags":{"Name":"database_sg"},"tags_all":{"Name":"database_sg"},"timeouts":null},"sensitive_values":{"egress":[{"cidr_blocks":[false],"ipv6_cidr_blocks":[],"prefix_list_ids":[],"security_groups":[]}],"ingress":[{"cidr_blocks":[],"ipv6_cidr_blocks":[],"prefix_list_ids":[],"security_groups":[]}],"tags":{},"tags_all":{}}},{"address":"module.security-group.aws_security_group.internal_alb_sg","mode":"managed","type":"aws_security_group","name":"internal_alb_sg","provider_name":"registry.terraform.io/hashicorp/aws","schema_version":1,"values":{"description":"enable http/https access on port 80 for internal alb sg","egress":[{"cidr_blocks":["0.0.0.0/0"],"description":"","from_port":0,"ipv6_cidr_blocks":[],"prefix_list_ids":[],"protocol":"-1","security_groups":[],"self":false,"to_port":0}],"ingress":[{"cidr_blocks":[],"description":"http access","from_port":80,"ipv6_cidr_blocks":[],"prefix_list_ids":[],"protocol":"tcp","self":false,"to_port":80}],"name":"internal_alb_sg","revoke_rules_on_delete":false,"tags":{"Name":"internal_alb_sg"},"tags_all":{"Name":"internal_alb_sg"},"timeouts":null},"sensitive_values":{"egress":[{"cidr_blocks":[false],"ipv6_cidr_blocks":[],"prefix_list_ids":[],"security_groups":[]}],"ingress":[{"cidr_blocks":[],"ipv6_cidr_blocks":[],"prefix_list_ids":[],"security_groups":[]}],"tags":{},"tags_all":{}}},{"address":"module.security-group.aws_security_group.server_sg","mode":"managed","type":"aws_security_group","name":"server_sg","provider_name":"registry.terraform.io/hashicorp/aws","schema_version":1,"values":{"description":"enable http/https access on port 4000 for server app sg","egress":[{"cidr_blocks":["0.0.0.0/0"],"description":"","from_port":0,"ipv6_cidr_blocks":[],"prefix_list_ids":[],"protocol":"-1","security_groups":[],"self":false,"to_port":0}],"ingress":[{"cidr_blocks":["0.0.0.0/0"],"description":"custom ssh access","from_port":22,"ipv6_cidr_blocks":[],"prefix_list_ids":[],"protocol":"ssh","security_groups":[],"self":false,"to_port":22},{"cidr_blocks":[],"description":"custom tcp access","from_port":4000,"ipv6_cidr_blocks":[],"prefix_list_ids":[],"protocol":"tcp","self":false,"to_port":4000}],"name":"server_sg","revoke_rules_on_delete":false,"tags":{"Name":"server_sg"},"tags_all":{"Name":"server_sg"},"timeouts":null},"sensitive_values":{"egress":[{"cidr_blocks":[false],"ipv6_cidr_blocks":[],"prefix_list_ids":[],"security_groups":[]}],"ingress":[{"cidr_blocks":[false],"ipv6_cidr_blocks":[],"prefix_list_ids":[],"security_groups":[]},{"cidr_blocks":[],"ipv6_cidr_blocks":[],"prefix_list_ids":[],"security_groups":[]}],"tags":{},"tags_all":{}}}],"address":"module.security-group"},{"resources":[{"address":"module.vpc.aws_internet_gateway.internet_gateway","mode":"managed","type":"aws_internet_gateway","name":"internet_gateway","provider_name":"registry.terraform.io/hashicorp/aws","schema_version":0,"values":{"tags":{"Name":"lirw-three-tier-app-igw"},"tags_all":{"Name":"lirw-three-tier-app-igw"},"timeouts":null},"sensitive_values":{"tags":{},"tags_all":{}}},{"address":"module.vpc.aws_route_table.public_route_table","mode":"managed","type":"aws_route_table","name":"public_route_table","provider_name":"registry.terraform.io/hashicorp/aws","schema_version":0,"values":{"route":[{"carrier_gateway_id":"","cidr_block":"0.0.0.0/0","core_network_arn":"","destination_prefix_list_id":"","egress_only_gateway_id":"","instance_id":"","ipv6_cidr_block":"","local_gateway_id":"","nat_gateway_id":"","network_interface_id":"","transit_gateway_id":"","vpc_endpoint_id":"","vpc_peering_connection_id":""}],"tags":{"Name":"Public-rt"},"tags_all":{"Name":"Public-rt"},"timeouts":null},"sensitive_values":{"propagating_vgws":[],"route":[{}],"tags":{},"tags_all":{}}},{"address":"module.vpc.aws_route_table_association.pub-sub-1a_route_table_association","mode":"managed","type":"aws_route_table_association","name":"pub-sub-1a_route_table_association","provider_name":"registry.terraform.io/hashicorp/aws","schema_version":0,"values":{"gateway_id":null,"timeouts":null},"sensitive_values":{}},{"address":"module.vpc.aws_route_table_association.pub-sub-2-b_route_table_association","mode":"managed","type":"aws_route_table_association","name":"pub-sub-2-b_route_table_association","provider_name":"registry.terraform.io/hashicorp/aws","schema_version":0,"values":{"gateway_id":null,"timeouts":null},"sensitive_values":{}},{"address":"module.vpc.aws_subnet.pri_sub_3a","mode":"managed","type":"aws_subnet","name":"pri_sub_3a","provider_name":"registry.terraform.io/hashicorp/aws","schema_version":1,"values":{"assign_ipv6_address_on_creation":false,"availability_zone":"us-east-1a","cidr_block":"10.0.3.0/24","customer_owned_ipv4_pool":null,"enable_dns64":false,"enable_lni_at_device_index":null,"enable_resource_name_dns_a_record_on_launch":false,"enable_resource_name_dns_aaaa_record_on_launch":false,"ipv6_cidr_block":null,"ipv6_native":false,"map_customer_owned_ip_on_launch":null,"map_public_ip_on_launch":false,"outpost_arn":null,"tags":{"Name":"pri-sub-3a"},"tags_all":{"Name":"pri-sub-3a"},"timeouts":null},"sensitive_values":{"tags":{},"tags_all":{}}},{"address":"module.vpc.aws_subnet.pri_sub_4b","mode":"managed","type":"aws_subnet","name":"pri_sub_4b","provider_name":"registry.terraform.io/hashicorp/aws","schema_version":1,"values":{"assign_ipv6_address_on_creation":false,"availability_zone":"us-east-1b","cidr_block":"10.0.4.0/24","customer_owned_ipv4_pool":null,"enable_dns64":false,"enable_lni_at_device_index":null,"enable_resource_name_dns_a_record_on_launch":false,"enable_resource_name_dns_aaaa_record_on_launch":false,"ipv6_cidr_block":null,"ipv6_native":false,"map_customer_owned_ip_on_launch":null,"map_public_ip_on_launch":false,"outpost_arn":null,"tags":{"Name":"pri-sub-4b"},"tags_all":{"Name":"pri-sub-4b"},"timeouts":null},"sensitive_values":{"tags":{},"tags_all":{}}},{"address":"module.vpc.aws_subnet.pri_sub_5a","mode":"managed","type":"aws_subnet","name":"pri_sub_5a","provider_name":"registry.terraform.io/hashicorp/aws","schema_version":1,"values":{"assign_ipv6_address_on_creation":false,"availability_zone":"us-east-1a","cidr_block":"10.0.5.0/24","customer_owned_ipv4_pool":null,"enable_dns64":false,"enable_lni_at_device_index":null,"enable_resource_name_dns_a_record_on_launch":false,"enable_resource_name_dns_aaaa_record_on_launch":false,"ipv6_cidr_block":null,"ipv6_native":false,"map_customer_owned_ip_on_launch":null,"map_public_ip_on_launch":false,"outpost_arn":null,"tags":{"Name":"pri-sub-5a"},"tags_all":{"Name":"pri-sub-5a"},"timeouts":null},"sensitive_values":{"tags":{},"tags_all":{}}},{"address":"module.vpc.aws_subnet.pri_sub_6b","mode":"managed","type":"aws_subnet","name":"pri_sub_6b","provider_name":"registry.terraform.io/hashicorp/aws","schema_version":1,"values":{"assign_ipv6_address_on_creation":false,"availability_zone":"us-east-1b","cidr_block":"10.0.6.0/24","customer_owned_ipv4_pool":null,"enable_dns64":false,"enable_lni_at_device_index":null,"enable_resource_name_dns_a_record_on_launch":false,"enable_resource_name_dns_aaaa_record_on_launch":false,"ipv6_cidr_block":null,"ipv6_native":false,"map_customer_owned_ip_on_launch":null,"map_public_ip_on_launch":false,"outpost_arn":null,"tags":{"Name":"pri-sub-6b"},"tags_all":{"Name":"pri-sub-6b"},"timeouts":null},"sensitive_values":{"tags":{},"tags_all":{}}},{"address":"module.vpc.aws_subnet.pri_sub_7a","mode":"managed","type":"aws_subnet","name":"pri_sub_7a","provider_name":"registry.terraform.io/hashicorp/aws","schema_version":1,"values":{"assign_ipv6_address_on_creation":false,"availability_zone":"us-east-1a","cidr_block":"10.0.7.0/24","customer_owned_ipv4_pool":null,"enable_dns64":false,"enable_lni_at_device_index":null,"enable_resource_name_dns_a_record_on_launch":false,"enable_resource_name_dns_aaaa_record_on_launch":false,"ipv6_cidr_block":null,"ipv6_native":false,"map_customer_owned_ip_on_launch":null,"map_public_ip_on_launch":false,"outpost_arn":null,"tags":{"Name":"pri-sub-7a"},"tags_all":{"Name":"pri-sub-7a"},"timeouts":null},"sensitive_values":{"tags":{},"tags_all":{}}},{"address":"module.vpc.aws_subnet.pri_sub_8b","mode":"managed","type":"aws_subnet","name":"pri_sub_8b","provider_name":"registry.terraform.io/hashicorp/aws","schema_version":1,"values":{"assign_ipv6_address_on_creation":false,"availability_zone":"us-east-1b","cidr_block":"10.0.8.0/24","customer_owned_ipv4_pool":null,"enable_dns64":false,"enable_lni_at_device_index":null,"enable_resource_name_dns_a_record_on_launch":false,"enable_resource_name_dns_aaaa_record_on_launch":false,"ipv6_cidr_block":null,"ipv6_native":false,"map_customer_owned_ip_on_launch":null,"map_public_ip_on_launch":false,"outpost_arn":null,"tags":{"Name":"pri-sub-8b"},"tags_all":{"Name":"pri-sub-8b"},"timeouts":null},"sensitive_values":{"tags":{},"tags_all":{}}},{"address":"module.vpc.aws_subnet.pub_sub_1a","mode":"managed","type":"aws_subnet","name":"pub_sub_1a","provider_name":"registry.terraform.io/hashicorp/aws","schema_version":1,"values":{"assign_ipv6_address_on_creation":false,"availability_zone":"us-east-1a","cidr_block":"10.0.1.0/24","customer_owned_ipv4_pool":null,"enable_dns64":false,"enable_lni_at_device_index":null,"enable_resource_name_dns_a_record_on_launch":false,"enable_resource_name_dns_aaaa_record_on_launch":false,"ipv6_cidr_block":null,"ipv6_native":false,"map_customer_owned_ip_on_launch":null,"map_public_ip_on_launch":true,"outpost_arn":null,"tags":{"Name":"pub_sub_1a"},"tags_all":{"Name":"pub_sub_1a"},"timeouts":null},"sensitive_values":{"tags":{},"tags_all":{}}},{"address":"module.vpc.aws_subnet.pub_sub_2b","mode":"managed","type":"aws_subnet","name":"pub_sub_2b","provider_name":"registry.terraform.io/hashicorp/aws","schema_version":1,"values":{"assign_ipv6_address_on_creation":false,"availability_zone":"us-east-1b","cidr_block":"10.0.2.0/24","customer_owned_ipv4_pool":null,"enable_dns64":false,"enable_lni_at_device_index":null,"enable_resource_name_dns_a_record_on_launch":false,"enable_resource_name_dns_aaaa_record_on_launch":false,"ipv6_cidr_block":null,"ipv6_native":false,"map_customer_owned_ip_on_launch":null,"map_public_ip_on_launch":true,"outpost_arn":null,"tags":{"Name":"pub_sub_2b"},"tags_all":{"Name":"pub_sub_2b"},"timeouts":null},"sensitive_values":{"tags":{},"tags_all":{}}},{"address":"module.vpc.aws_vpc.vpc","mode":"managed","type":"aws_vpc","name":"vpc","provider_name":"registry.terraform.io/hashicorp/aws","schema_version":1,"values":{"assign_generated_ipv6_cidr_block":null,"cidr_block":"10.0.0.0/16","enable_dns_hostnames":true,"enable_dns_support":true,"instance_tenancy":"default","ipv4_ipam_pool_id":null,"ipv4_netmask_length":null,"ipv6_ipam_pool_id":null,"ipv6_netmask_length":null,"tags":{"Name":"lirw-three-tier-app-vpc"},"tags_all":{"Name":"lirw-three-tier-app-vpc"}},"sensitive_values":{"tags":{},"tags_all":{}}}],"address":"module.vpc"}]}},"resource_changes":[{"address":"null_resource.build_ami","mode":"managed","type":"null_resource","name":"build_ami","provider_name":"registry.terraform.io/hashicorp/null","change":{"actions":["create"],"before":null,"after":{"triggers":null},"after_unknown":{"id":true},"before_sensitive":false,"after_sensitive":{}}},{"address":"module.acm.aws_acm_certificate.cert","module_address":"module.acm","mode":"managed","type":"aws_acm_certificate","name":"cert","provider_name":"registry.terraform.io/hashicorp/aws","change":{"actions":["create"],"before":null,"after":{"certificate_authority_arn":null,"certificate_body":null,"certificate_chain":null,"domain_name":"devsandbox.space","domain_validation_options":[{"domain_name":"api.devsandbox.space"},{"domain_name":"devsandbox.space"},{"domain_name":"www.devsandbox.space"}],"early_renewal_duration":null,"private_key":null,"subject_alternative_names":["api.devsandbox.space","devsandbox.space","www.devsandbox.space"],"tags":{"Environment":"test"},"tags_all":{"Environment":"test"},"validation_method":"DNS","validation_option":[]},"after_unknown":{"arn":true,"domain_validation_options":[{"resource_record_name":true,"resource_record_type":true,"resource_record_value":true},{"resource_record_name":true,"resource_record_type":true,"resource_record_value":true},{"resource_record_name":true,"resource_record_type":true,"resource_record_value":true}],"id":true,"key_algorithm":true,"not_after":true,"not_before":true,"options":true,"pending_renewal":true,"renewal_eligibility":true,"renewal_summary":true,"status":true,"subject_alternative_names":[false,false,false],"tags":{},"tags_all":{},"type":true,"validation_emails":true,"validation_option":[]},"before_sensitive":false,"after_sensitive":{"domain_validation_options":[{},{},{}],"options":[],"private_key":true,"renewal_summary":[],"subject_alternative_names":[false,false,false],"tags":{},"tags_all":{},"validation_emails":[],"validation_option":[]}}},{"address":"module.acm.aws_acm_certificate_validation.cert_validation","module_address":"module.acm","mode":"managed","type":"aws_acm_certificate_validation","name":"cert_validation","provider_name":"registry.terraform.io/hashicorp/aws","change":{"actions":["create"],"before":null,"after":{"timeouts":{"create":"5m"}},"after_unknown":{"certificate_arn":true,"id":true,"timeouts":{},"validation_record_fqdns":true},"before_sensitive":false,"after_sensitive":{"timeouts":{},"validation_record_fqdns":[]}}},{"address":"module.acm.aws_route53_record.cert_validation_record[\"api.devsandbox.space\"]","module_address":"module.acm","mode":"managed","type":"aws_route53_record","name":"cert_validation_record","index":"api.devsandbox.space","provider_name":"registry.terraform.io/hashicorp/aws","change":{"actions":["create"],"before":null,"after":{"alias":[],"allow_overwrite":true,"cidr_routing_policy":[],"failover_routing_policy":[],"geolocation_routing_policy":[],"health_check_id":null,"latency_routing_policy":[],"multivalue_answer_routing_policy":null,"set_identifier":null,"ttl":60,"weighted_routing_policy":[],"zone_id":"Z01883253QKY9CDJWMTTM"},"after_unknown":{"alias":[],"cidr_routing_policy":[],"failover_routing_policy":[],"fqdn":true,"geolocation_routing_policy":[],"id":true,"latency_routing_policy":[],"name":true,"records":true,"type":true,"weighted_routing_policy":[]},"before_sensitive":false,"after_sensitive":{"alias":[],"cidr_routing_policy":[],"failover_routing_policy":[],"geolocation_routing_policy":[],"latency_routing_policy":[],"records":[],"weighted_routing_policy":[]}}},{"address":"module.acm.aws_route53_record.cert_validation_record[\"devsandbox.space\"]","module_address":"module.acm","mode":"managed","type":"aws_route53_record","name":"cert_validation_record","index":"devsandbox.space","provider_name":"registry.terraform.io/hashicorp/aws","change":{"actions":["create"],"before":null,"after":{"alias":[],"allow_overwrite":true,"cidr_routing_policy":[],"failover_routing_policy":[],"geolocation_routing_policy":[],"health_check_id":null,"latency_routing_policy":[],"multivalue_answer_routing_policy":null,"set_identifier":null,"ttl":60,"weighted_routing_policy":[],"zone_id":"Z01883253QKY9CDJWMTTM"},"after_unknown":{"alias":[],"cidr_routing_policy":[],"failover_routing_policy":[],"fqdn":true,"geolocation_routing_policy":[],"id":true,"latency_routing_policy":[],"name":true,"records":true,"type":true,"weighted_routing_policy":[]},"before_sensitive":false,"after_sensitive":{"alias":[],"cidr_routing_policy":[],"failover_routing_policy":[],"geolocation_routing_policy":[],"latency_routing_policy":[],"records":[],"weighted_routing_policy":[]}}},{"address":"module.acm.aws_route53_record.cert_validation_record[\"www.devsandbox.space\"]","module_address":"module.acm","mode":"managed","type":"aws_route53_record","name":"cert_validation_record","index":"www.devsandbox.space","provider_name":"registry.terraform.io/hashicorp/aws","change":{"actions":["create"],"before":null,"after":{"alias":[],"allow_overwrite":true,"cidr_routing_policy":[],"failover_routing_policy":[],"geolocation_routing_policy":[],"health_check_id":null,"latency_routing_policy":[],"multivalue_answer_routing_policy":null,"set_identifier":null,"ttl":60,"weighted_routing_policy":[],"zone_id":"Z01883253QKY9CDJWMTTM"},"after_unknown":{"alias":[],"cidr_routing_policy":[],"failover_routing_policy":[],"fqdn":true,"geolocation_routing_policy":[],"id":true,"latency_routing_policy":[],"name":true,"records":true,"type":true,"weighted_routing_policy":[]},"before_sensitive":false,"after_sensitive":{"alias":[],"cidr_routing_policy":[],"failover_routing_policy":[],"geolocation_routing_policy":[],"latency_routing_policy":[],"records":[],"weighted_routing_policy":[]}}},{"address":"module.alb.data.aws_acm_certificate.issued","module_address":"module.alb","mode":"data","type":"aws_acm_certificate","name":"issued","provider_name":"registry.terraform.io/hashicorp/aws","change":{"actions":["read"],"before":null,"after":{"domain":"devsandbox.space","key_types":null,"most_recent":null,"statuses":["ISSUED"],"types":null},"after_unknown":{"arn":true,"certificate":true,"certificate_chain":true,"id":true,"status":true,"statuses":[false],"tags":true},"before_sensitive":false,"after_sensitive":{"statuses":[false],"tags":{}}},"action_reason":"read_because_dependency_pending"},{"address":"module.alb.aws_lb.application_load_balancer","module_address":"module.alb","mode":"managed","type":"aws_lb","name":"application_load_balancer","provider_name":"registry.terraform.io/hashicorp/aws","change":{"actions":["create"],"before":null,"after":{"access_logs":[],"customer_owned_ipv4_pool":null,"desync_mitigation_mode":"defensive","drop_invalid_header_fields":false,"enable_cross_zone_load_balancing":null,"enable_deletion_protection":false,"enable_http2":true,"enable_tls_version_and_cipher_suite_headers":false,"enable_waf_fail_open":false,"enable_xff_client_port":false,"idle_timeout":60,"internal":false,"load_balancer_type":"application","name":"lirw-three-tier-app-alb","name_prefix":null,"preserve_host_header":false,"tags":{"Name":"lirw-three-tier-app-alb"},"tags_all":{"Name":"lirw-three-tier-app-alb"},"timeouts":null,"xff_header_processing_mode":"append"},"after_unknown":{"access_logs":[],"arn":true,"arn_suffix":true,"dns_name":true,"id":true,"ip_address_type":true,"security_groups":true,"subnet_mapping":true,"subnets":true,"tags":{},"tags_all":{},"vpc_id":true,"zone_id":true},"before_sensitive":false,"after_sensitive":{"access_logs":[],"security_groups":[],"subnet_mapping":[],"subnets":[],"tags":{},"tags_all":{}}}},{"address":"module.alb.aws_lb.internal_application_load_balancer","module_address":"module.alb","mode":"managed","type":"aws_lb","name":"internal_application_load_balancer","provider_name":"registry.terraform.io/hashicorp/aws","change":{"actions":["create"],"before":null,"after":{"access_logs":[],"customer_owned_ipv4_pool":null,"desync_mitigation_mode":"defensive","drop_invalid_header_fields":false,"enable_cross_zone_load_balancing":null,"enable_deletion_protection":false,"enable_http2":true,"enable_tls_version_and_cipher_suite_headers":false,"enable_waf_fail_open":false,"enable_xff_client_port":false,"idle_timeout":60,"internal":true,"load_balancer_type":"application","name":"lirw-three-tier-app-internal-alb","name_prefix":null,"preserve_host_header":false,"tags":{"Name":"lirw-three-tier-app-internal-alb"},"tags_all":{"Name":"lirw-three-tier-app-internal-alb"},"timeouts":null,"xff_header_processing_mode":"append"},"after_unknown":{"access_logs":[],"arn":true,"arn_suffix":true,"dns_name":true,"id":true,"ip_address_type":true,"security_groups":true,"subnet_mapping":true,"subnets":true,"tags":{},"tags_all":{},"vpc_id":true,"zone_id":true},"before_sensitive":false,"after_sensitive":{"access_logs":[],"security_groups":[],"subnet_mapping":[],"subnets":[],"tags":{},"tags_all":{}}}},{"address":"module.alb.aws_lb_listener.alb_http_listener","module_address":"module.alb","mode":"managed","type":"aws_lb_listener","name":"alb_http_listener","provider_name":"registry.terraform.io/hashicorp/aws","change":{"actions":["create"],"before":null,"after":{"alpn_policy":null,"default_action":[{"authenticate_cognito":[],"authenticate_oidc":[],"fixed_response":[{"content_type":"text/plain","message_body":"Access Denied","status_code":"403"}],"forward":[],"redirect":[],"target_group_arn":null,"type":"fixed-response"}],"port":443,"protocol":"HTTPS","ssl_policy":"ELBSecurityPolicy-2016-08","tags":null,"timeouts":null},"after_unknown":{"arn":true,"certificate_arn":true,"default_action":[{"authenticate_cognito":[],"authenticate_oidc":[],"fixed_response":[{}],"forward":[],"order":true,"redirect":[]}],"id":true,"load_balancer_arn":true,"tags_all":true},"before_sensitive":false,"after_sensitive":{"default_action":[{"authenticate_cognito":[],"authenticate_oidc":[],"fixed_response":[{}],"forward":[],"redirect":[]}],"tags_all":{}}}},{"address":"module.alb.aws_lb_listener.http-redirect","module_address":"module.alb","mode":"managed","type":"aws_lb_listener","name":"http-redirect","provider_name":"registry.terraform.io/hashicorp/aws","change":{"actions":["create"],"before":null,"after":{"alpn_policy":null,"certificate_arn":null,"default_action":[{"authenticate_cognito":[],"authenticate_oidc":[],"fixed_response":[],"forward":[],"redirect":[{"host":"#{host}","path":"/#{path}","port":"443","protocol":"HTTPS","query":"#{query}","status_code":"HTTP_301"}],"target_group_arn":null,"type":"redirect"}],"port":80,"protocol":"HTTP","tags":{"Name":"redirect-to-https"},"tags_all":{"Name":"redirect-to-https"},"timeouts":null},"after_unknown":{"arn":true,"default_action":[{"authenticate_cognito":[],"authenticate_oidc":[],"fixed_response":[],"forward":[],"order":true,"redirect":[{}]}],"id":true,"load_balancer_arn":true,"ssl_policy":true,"tags":{},"tags_all":{}},"before_sensitive":false,"after_sensitive":{"default_action":[{"authenticate_cognito":[],"authenticate_oidc":[],"fixed_response":[],"forward":[],"redirect":[{}]}],"tags":{},"tags_all":{}}}},{"address":"module.alb.aws_lb_listener.internal_alb_http_listener","module_address":"module.alb","mode":"managed","type":"aws_lb_listener","name":"internal_alb_http_listener","provider_name":"registry.terraform.io/hashicorp/aws","change":{"actions":["create"],"before":null,"after":{"alpn_policy":null,"certificate_arn":null,"default_action":[{"authenticate_cognito":[],"authenticate_oidc":[],"fixed_response":[],"forward":[],"redirect":[],"type":"forward"}],"port":80,"protocol":"HTTP","tags":null,"timeouts":null},"after_unknown":{"arn":true,"default_action":[{"authenticate_cognito":[],"authenticate_oidc":[],"fixed_response":[],"forward":[],"order":true,"redirect":[],"target_group_arn":true}],"id":true,"load_balancer_arn":true,"ssl_policy":true,"tags_all":true},"before_sensitive":false,"after_sensitive":{"default_action":[{"authenticate_cognito":[],"authenticate_oidc":[],"fixed_response":[],"forward":[],"redirect":[]}],"tags_all":{}}}},{"address":"module.alb.aws_lb_listener_rule.forward-custom-http-header","module_address":"module.alb","mode":"managed","type":"aws_lb_listener_rule","name":"forward-custom-http-header","provider_name":"registry.terraform.io/hashicorp/aws","change":{"actions":["create"],"before":null,"after":{"action":[{"authenticate_cognito":[],"authenticate_oidc":[],"fixed_response":[],"forward":[],"redirect":[],"type":"forward"}],"condition":[{"host_header":[],"http_header":[{"http_header_name":"X-Custom-Header","values":["random-value-123456"]}],"http_request_method":[],"path_pattern":[],"query_string":[],"source_ip":[]}],"priority":1,"tags":{"Name":"allow-access-to-custom-header-only"},"tags_all":{"Name":"allow-access-to-custom-header-only"}},"after_unknown":{"action":[{"authenticate_cognito":[],"authenticate_oidc":[],"fixed_response":[],"forward":[],"order":true,"redirect":[],"target_group_arn":true}],"arn":true,"condition":[{"host_header":[],"http_header":[{"values":[false]}],"http_request_method":[],"path_pattern":[],"query_string":[],"source_ip":[]}],"id":true,"listener_arn":true,"tags":{},"tags_all":{}},"before_sensitive":false,"after_sensitive":{"action":[{"authenticate_cognito":[],"authenticate_oidc":[],"fixed_response":[],"forward":[],"redirect":[]}],"condition":[{"host_header":[],"http_header":[{"values":[false]}],"http_request_method":[],"path_pattern":[],"query_string":[],"source_ip":[]}],"tags":{},"tags_all":{}}}},{"address":"module.alb.aws_lb_target_group.alb_target_group","module_address":"module.alb","mode":"managed","type":"aws_lb_target_group","name":"alb_target_group","provider_name":"registry.terraform.io/hashicorp/aws","change":{"actions":["create"],"before":null,"after":{"connection_termination":false,"deregistration_delay":"300","health_check":[{"enabled":true,"healthy_threshold":2,"interval":300,"matcher":"200","path":"/health","port":"traffic-port","protocol":"HTTP","timeout":60,"unhealthy_threshold":5}],"lambda_multi_value_headers_enabled":false,"name":"lirw-three-tier-app-tg","name_prefix":null,"port":80,"protocol":"HTTP","proxy_protocol_v2":false,"slow_start":0,"tags":null,"target_type":"instance"},"after_unknown":{"arn":true,"arn_suffix":true,"health_check":[{}],"id":true,"ip_address_type":true,"load_balancing_algorithm_type":true,"load_balancing_cross_zone_enabled":true,"preserve_client_ip":true,"protocol_version":true,"stickiness":true,"tags_all":true,"target_failover":true,"vpc_id":true},"before_sensitive":false,"after_sensitive":{"health_check":[{}],"stickiness":[],"tags_all":{},"target_failover":[]}}},{"address":"module.alb.aws_lb_target_group.internal_alb_target_group","module_address":"module.alb","mode":"managed","type":"aws_lb_target_group","name":"internal_alb_target_group","provider_name":"registry.terraform.io/hashicorp/aws","change":{"actions":["create"],"before":null,"after":{"connection_termination":false,"deregistration_delay":"300","health_check":[{"enabled":true,"healthy_threshold":2,"interval":300,"matcher":"200","path":"/health","port":"traffic-port","protocol":"HTTP","timeout":60,"unhealthy_threshold":5}],"lambda_multi_value_headers_enabled":false,"name":"lirw-three-tier-app-internal-tg","name_prefix":null,"port":4000,"protocol":"HTTP","proxy_protocol_v2":false,"slow_start":0,"tags":null,"target_type":"instance"},"after_unknown":{"arn":true,"arn_suffix":true,"health_check":[{}],"id":true,"ip_address_type":true,"load_balancing_algorithm_type":true,"load_balancing_cross_zone_enabled":true,"preserve_client_ip":true,"protocol_version":true,"stickiness":true,"tags_all":true,"target_failover":true,"vpc_id":true},"before_sensitive":false,"after_sensitive":{"health_check":[{}],"stickiness":[],"tags_all":{},"target_failover":[]}}},{"address":"module.asg.data.local_file.backend_ami","module_address":"module.asg","mode":"data","type":"local_file","name":"backend_ami","provider_name":"registry.terraform.io/hashicorp/local","change":{"actions":["read"],"before":null,"after":{"filename":"../modules/asg/ami_ids/backend_ami.txt"},"after_unknown":{"content":true,"content_base64":true,"content_base64sha256":true,"content_base64sha512":true,"content_md5":true,"content_sha1":true,"content_sha256":true,"content_sha512":true,"id":true},"before_sensitive":false,"after_sensitive":{}},"action_reason":"read_because_dependency_pending"},{"address":"module.asg.data.local_file.frontend_ami","module_address":"module.asg","mode":"data","type":"local_file","name":"frontend_ami","provider_name":"registry.terraform.io/hashicorp/local","change":{"actions":["read"],"before":null,"after":{"filename":"../modules/asg/ami_ids/frontend_ami.txt"},"after_unknown":{"content":true,"content_base64":true,"content_base64sha256":true,"content_base64sha512":true,"content_md5":true,"content_sha1":true,"content_sha256":true,"content_sha512":true,"id":true},"before_sensitive":false,"after_sensitive":{}},"action_reason":"read_because_dependency_pending"},{"address":"module.asg.aws_autoscaling_group.asg_name","module_address":"module.asg","mode":"managed","type":"aws_autoscaling_group","name":"asg_name","provider_name":"registry.terraform.io/hashicorp/aws","change":{"actions":["create"],"before":null,"after":{"capacity_rebalance":null,"context":null,"default_instance_warmup":null,"desired_capacity":1,"desired_capacity_type":null,"enabled_metrics":["GroupDesiredCapacity","GroupInServiceInstances","GroupMaxSize","GroupMinSize","GroupTotalInstances"],"force_delete":false,"force_delete_warm_pool":false,"health_check_grace_period":300,"health_check_type":"ELB","initial_lifecycle_hook":[],"instance_refresh":[],"launch_configuration":null,"launch_template":[{}],"load_balancers":null,"max_instance_lifetime":null,"max_size":1,"metrics_granularity":"1Minute","min_elb_capacity":null,"min_size":1,"mixed_instances_policy":[],"name":"lirw-three-tier-app-asg","placement_group":null,"protect_from_scale_in":false,"suspended_processes":null,"tag":[{"key":"Name","propagate_at_launch":true,"value":"lirw-three-tier-app-client-ec2"}],"tags":null,"termination_policies":null,"timeouts":null,"wait_for_capacity_timeout":"10m","wait_for_elb_capacity":null,"warm_pool":[]},"after_unknown":{"arn":true,"availability_zones":true,"default_cooldown":true,"enabled_metrics":[false,false,false,false,false],"id":true,"initial_lifecycle_hook":[],"instance_refresh":[],"launch_template":[{"id":true,"name":true,"version":true}],"mixed_instances_policy":[],"name_prefix":true,"predicted_capacity":true,"service_linked_role_arn":true,"tag":[{}],"target_group_arns":true,"vpc_zone_identifier":true,"warm_pool":[],"warm_pool_size":true},"before_sensitive":false,"after_sensitive":{"availability_zones":[],"enabled_metrics":[false,false,false,false,false],"initial_lifecycle_hook":[],"instance_refresh":[],"launch_template":[{}],"mixed_instances_policy":[],"tag":[{}],"target_group_arns":[],"vpc_zone_identifier":[],"warm_pool":[]}}},{"address":"module.asg.aws_autoscaling_group.server_asg_name","module_address":"module.asg","mode":"managed","type":"aws_autoscaling_group","name":"server_asg_name","provider_name":"registry.terraform.io/hashicorp/aws","change":{"actions":["create"],"before":null,"after":{"capacity_rebalance":null,"context":null,"default_instance_warmup":null,"desired_capacity":1,"desired_capacity_type":null,"enabled_metrics":["GroupDesiredCapacity","GroupInServiceInstances","GroupMaxSize","GroupMinSize","GroupTotalInstances"],"force_delete":false,"force_delete_warm_pool":false,"health_check_grace_period":300,"health_check_type":"ELB","initial_lifecycle_hook":[],"instance_refresh":[],"launch_configuration":null,"launch_template":[{}],"load_balancers":null,"max_instance_lifetime":null,"max_size":1,"metrics_granularity":"1Minute","min_elb_capacity":null,"min_size":1,"mixed_instances_policy":[],"name":"lirw-three-tier-app-server-asg","placement_group":null,"protect_from_scale_in":false,"suspended_processes":null,"tag":[{"key":"Name","propagate_at_launch":true,"value":"lirw-three-tier-app-server-ec2"}],"tags":null,"termination_policies":null,"timeouts":null,"wait_for_capacity_timeout":"10m","wait_for_elb_capacity":null,"warm_pool":[]},"after_unknown":{"arn":true,"availability_zones":true,"default_cooldown":true,"enabled_metrics":[false,false,false,false,false],"id":true,"initial_lifecycle_hook":[],"instance_refresh":[],"launch_template":[{"id":true,"name":true,"version":true}],"mixed_instances_policy":[],"name_prefix":true,"predicted_capacity":true,"service_linked_role_arn":true,"tag":[{}],"target_group_arns":true,"vpc_zone_identifier":true,"warm_pool":[],"warm_pool_size":true},"before_sensitive":false,"after_sensitive":{"availability_zones":[],"enabled_metrics":[false,false,false,false,false],"initial_lifecycle_hook":[],"instance_refresh":[],"launch_template":[{}],"mixed_instances_policy":[],"tag":[{}],"target_group_arns":[],"vpc_zone_identifier":[],"warm_pool":[]}}},{"address":"module.asg.aws_autoscaling_policy.scale_down","module_address":"module.asg","mode":"managed","type":"aws_autoscaling_policy","name":"scale_down","provider_name":"registry.terraform.io/hashicorp/aws","change":{"actions":["create"],"before":null,"after":{"adjustment_type":"ChangeInCapacity","autoscaling_group_name":"lirw-three-tier-app-asg","cooldown":300,"enabled":true,"estimated_instance_warmup":null,"min_adjustment_magnitude":null,"name":"lirw-three-tier-app-asg-scale-down","policy_type":"SimpleScaling","predictive_scaling_configuration":[],"scaling_adjustment":-1,"step_adjustment":[],"target_tracking_configuration":[]},"after_unknown":{"arn":true,"id":true,"metric_aggregation_type":true,"predictive_scaling_configuration":[],"step_adjustment":[],"target_tracking_configuration":[]},"before_sensitive":false,"after_sensitive":{"predictive_scaling_configuration":[],"step_adjustment":[],"target_tracking_configuration":[]}}},{"address":"module.asg.aws_autoscaling_policy.scale_up","module_address":"module.asg","mode":"managed","type":"aws_autoscaling_policy","name":"scale_up","provider_name":"registry.terraform.io/hashicorp/aws","change":{"actions":["create"],"before":null,"after":{"adjustment_type":"ChangeInCapacity","autoscaling_group_name":"lirw-three-tier-app-asg","cooldown":300,"enabled":true,"estimated_instance_warmup":null,"min_adjustment_magnitude":null,"name":"lirw-three-tier-app-asg-scale-up","policy_type":"SimpleScaling","predictive_scaling_configuration":[],"scaling_adjustment":1,"step_adjustment":[],"target_tracking_configuration":[]},"after_unknown":{"arn":true,"id":true,"metric_aggregation_type":true,"predictive_scaling_configuration":[],"step_adjustment":[],"target_tracking_configuration":[]},"before_sensitive":false,"after_sensitive":{"predictive_scaling_configuration":[],"step_adjustment":[],"target_tracking_configuration":[]}}},{"address":"module.asg.aws_autoscaling_policy.server_scale_down","module_address":"module.asg","mode":"managed","type":"aws_autoscaling_policy","name":"server_scale_down","provider_name":"registry.terraform.io/hashicorp/aws","change":{"actions":["create"],"before":null,"after":{"adjustment_type":"ChangeInCapacity","autoscaling_group_name":"lirw-three-tier-app-server-asg","cooldown":300,"enabled":true,"estimated_instance_warmup":null,"min_adjustment_magnitude":null,"name":"lirw-three-tier-app-server-asg-scale-down","policy_type":"SimpleScaling","predictive_scaling_configuration":[],"scaling_adjustment":-1,"step_adjustment":[],"target_tracking_configuration":[]},"after_unknown":{"arn":true,"id":true,"metric_aggregation_type":true,"predictive_scaling_configuration":[],"step_adjustment":[],"target_tracking_configuration":[]},"before_sensitive":false,"after_sensitive":{"predictive_scaling_configuration":[],"step_adjustment":[],"target_tracking_configuration":[]}}},{"address":"module.asg.aws_autoscaling_policy.server_scale_up","module_address":"module.asg","mode":"managed","type":"aws_autoscaling_policy","name":"server_scale_up","provider_name":"registry.terraform.io/hashicorp/aws","change":{"actions":["create"],"before":null,"after":{"adjustment_type":"ChangeInCapacity","autoscaling_group_name":"lirw-three-tier-app-server-asg","cooldown":300,"enabled":true,"estimated_instance_warmup":null,"min_adjustment_magnitude":null,"name":"lirw-three-tier-app-server-asg-scale-up","policy_type":"SimpleScaling","predictive_scaling_configuration":[],"scaling_adjustment":1,"step_adjustment":[],"target_tracking_configuration":[]},"after_unknown":{"arn":true,"id":true,"metric_aggregation_type":true,"predictive_scaling_configuration":[],"step_adjustment":[],"target_tracking_configuration":[]},"before_sensitive":false,"after_sensitive":{"predictive_scaling_configuration":[],"step_adjustment":[],"target_tracking_configuration":[]}}},{"address":"module.asg.aws_cloudwatch_metric_alarm.scale_down_alarm","module_address":"module.asg","mode":"managed","type":"aws_cloudwatch_metric_alarm","name":"scale_down_alarm","provider_name":"registry.terraform.io/hashicorp/aws","change":{"actions":["create"],"before":null,"after":{"actions_enabled":true,"alarm_description":"asg-scale-down-cpu-alarm","alarm_name":"lirw-three-tier-app-asg-scale-down-alarm","comparison_operator":"LessThanOrEqualToThreshold","datapoints_to_alarm":null,"dimensions":{"AutoScalingGroupName":"lirw-three-tier-app-asg"},"evaluation_periods":2,"extended_statistic":null,"insufficient_data_actions":null,"metric_name":"CPUUtilization","metric_query":[],"namespace":"AWS/EC2","ok_actions":null,"period":120,"statistic":"Average","tags":null,"threshold":5,"threshold_metric_id":null,"treat_missing_data":"notBreaching","unit":null},"after_unknown":{"alarm_actions":true,"arn":true,"dimensions":{},"evaluate_low_sample_count_percentiles":true,"id":true,"metric_query":[],"tags_all":true},"before_sensitive":false,"after_sensitive":{"alarm_actions":[],"dimensions":{},"metric_query":[],"tags_all":{}}}},{"address":"module.asg.aws_cloudwatch_metric_alarm.scale_up_alarm","module_address":"module.asg","mode":"managed","type":"aws_cloudwatch_metric_alarm","name":"scale_up_alarm","provider_name":"registry.terraform.io/hashicorp/aws","change":{"actions":["create"],"before":null,"after":{"actions_enabled":true,"alarm_description":"asg-scale-up-cpu-alarm","alarm_name":"lirw-three-tier-app-asg-scale-up-alarm","comparison_operator":"GreaterThanOrEqualToThreshold","datapoints_to_alarm":null,"dimensions":{"AutoScalingGroupName":"lirw-three-tier-app-asg"},"evaluation_periods":2,"extended_statistic":null,"insufficient_data_actions":null,"metric_name":"CPUUtilization","metric_query":[],"namespace":"AWS/EC2","ok_actions":null,"period":120,"statistic":"Average","tags":null,"threshold":50,"threshold_metric_id":null,"treat_missing_data":"notBreaching","unit":null},"after_unknown":{"alarm_actions":true,"arn":true,"dimensions":{},"evaluate_low_sample_count_percentiles":true,"id":true,"metric_query":[],"tags_all":true},"before_sensitive":false,"after_sensitive":{"alarm_actions":[],"dimensions":{},"metric_query":[],"tags_all":{}}}},{"address":"module.asg.aws_cloudwatch_metric_alarm.server_scale_down_alarm","module_address":"module.asg","mode":"managed","type":"aws_cloudwatch_metric_alarm","name":"server_scale_down_alarm","provider_name":"registry.terraform.io/hashicorp/aws","change":{"actions":["create"],"before":null,"after":{"actions_enabled":true,"alarm_description":"asg-scale-down-cpu-alarm","alarm_name":"lirw-three-tier-app-server-asg-scale-down-alarm","comparison_operator":"LessThanOrEqualToThreshold","datapoints_to_alarm":null,"dimensions":{"AutoScalingGroupName":"lirw-three-tier-app-server-asg"},"evaluation_periods":2,"extended_statistic":null,"insufficient_data_actions":null,"metric_name":"CPUUtilization","metric_query":[],"namespace":"AWS/EC2","ok_actions":null,"period":120,"statistic":"Average","tags":null,"threshold":5,"threshold_metric_id":null,"treat_missing_data":"notBreaching","unit":null},"after_unknown":{"alarm_actions":true,"arn":true,"dimensions":{},"evaluate_low_sample_count_percentiles":true,"id":true,"metric_query":[],"tags_all":true},"before_sensitive":false,"after_sensitive":{"alarm_actions":[],"dimensions":{},"metric_query":[],"tags_all":{}}}},{"address":"module.asg.aws_cloudwatch_metric_alarm.server_scale_up_alarm","module_address":"module.asg","mode":"managed","type":"aws_cloudwatch_metric_alarm","name":"server_scale_up_alarm","provider_name":"registry.terraform.io/hashicorp/aws","change":{"actions":["create"],"before":null,"after":{"actions_enabled":true,"alarm_description":"asg-scale-up-cpu-alarm","alarm_name":"lirw-three-tier-app-server-asg-scale-up-alarm","comparison_operator":"GreaterThanOrEqualToThreshold","datapoints_to_alarm":null,"dimensions":{"AutoScalingGroupName":"lirw-three-tier-app-server-asg"},"evaluation_periods":2,"extended_statistic":null,"insufficient_data_actions":null,"metric_name":"CPUUtilization","metric_query":[],"namespace":"AWS/EC2","ok_actions":null,"period":120,"statistic":"Average","tags":null,"threshold":50,"threshold_metric_id":null,"treat_missing_data":"notBreaching","unit":null},"after_unknown":{"alarm_actions":true,"arn":true,"dimensions":{},"evaluate_low_sample_count_percentiles":true,"id":true,"metric_query":[],"tags_all":true},"before_sensitive":false,"after_sensitive":{"alarm_actions":[],"dimensions":{},"metric_query":[],"tags_all":{}}}},{"address":"module.asg.aws_launch_template.lt_name","module_address":"module.asg","mode":"managed","type":"aws_launch_template","name":"lt_name","provider_name":"registry.terraform.io/hashicorp/aws","change":{"actions":["create"],"before":null,"after":{"block_device_mappings":[{"device_name":"/dev/xvda","ebs":[{"delete_on_termination":"true","encrypted":"true","kms_key_id":null,"snapshot_id":null,"volume_size":8,"volume_type":"standard"}],"no_device":null,"virtual_name":null}],"capacity_reservation_specification":[],"cpu_options":[],"credit_specification":[],"description":null,"disable_api_stop":null,"disable_api_termination":null,"ebs_optimized":null,"elastic_gpu_specifications":[],"elastic_inference_accelerator":[],"enclave_options":[],"hibernation_options":[],"iam_instance_profile":[{"arn":null,"name":"S3-SSM-CW-Profile"}],"instance_initiated_shutdown_behavior":null,"instance_market_options":[],"instance_requirements":[],"instance_type":"t4g.small","kernel_id":null,"key_name":"client_key","license_specification":[],"maintenance_options":[],"monitoring":[],"name":"lirw-three-tier-app-tpl","network_interfaces":[{"associate_carrier_ip_address":null,"associate_public_ip_address":"false","delete_on_termination":null,"description":null,"device_index":null,"interface_type":null,"ipv4_address_count":null,"ipv4_addresses":null,"ipv4_prefix_count":null,"ipv4_prefixes":null,"ipv6_address_count":null,"ipv6_addresses":null,"ipv6_prefix_count":null,"ipv6_prefixes":null,"network_card_index":null,"network_interface_id":null,"private_ip_address":null,"subnet_id":null}],"placement":[],"private_dns_name_options":[],"ram_disk_id":null,"security_group_names":null,"tag_specifications":[{"resource_type":"instance","tags":{"Name":"lirw-three-tier-app-client"}}],"tags":{"Name":"lirw-three-tier-app-tpl"},"tags_all":{"Name":"lirw-three-tier-app-tpl"},"update_default_version":null,"user_data":null,"vpc_security_group_ids":null},"after_unknown":{"arn":true,"block_device_mappings":[{"ebs":[{"iops":true,"throughput":true}]}],"capacity_reservation_specification":[],"cpu_options":[],"credit_specification":[],"default_version":true,"elastic_gpu_specifications":[],"elastic_inference_accelerator":[],"enclave_options":[],"hibernation_options":[],"iam_instance_profile":[{}],"id":true,"image_id":true,"instance_market_options":[],"instance_requirements":[],"latest_version":true,"license_specification":[],"maintenance_options":[],"metadata_options":true,"monitoring":[],"name_prefix":true,"network_interfaces":[{"security_groups":true}],"placement":[],"private_dns_name_options":[],"tag_specifications":[{"tags":{}}],"tags":{},"tags_all":{}},"before_sensitive":false,"after_sensitive":{"block_device_mappings":[{"ebs":[{}]}],"capacity_reservation_specification":[],"cpu_options":[],"credit_specification":[],"elastic_gpu_specifications":[],"elastic_inference_accelerator":[],"enclave_options":[],"hibernation_options":[],"iam_instance_profile":[{}],"instance_market_options":[],"instance_requirements":[],"license_specification":[],"maintenance_options":[],"metadata_options":[],"monitoring":[],"network_interfaces":[{"security_groups":[]}],"placement":[],"private_dns_name_options":[],"tag_specifications":[{"tags":{}}],"tags":{},"tags_all":{}}}},{"address":"module.asg.aws_launch_template.server_lt_name","module_address":"module.asg","mode":"managed","type":"aws_launch_template","name":"server_lt_name","provider_name":"registry.terraform.io/hashicorp/aws","change":{"actions":["create"],"before":null,"after":{"block_device_mappings":[{"device_name":"/dev/xvda","ebs":[{"delete_on_termination":"true","encrypted":"true","kms_key_id":null,"snapshot_id":null,"volume_size":8,"volume_type":"standard"}],"no_device":null,"virtual_name":null}],"capacity_reservation_specification":[],"cpu_options":[],"credit_specification":[],"description":null,"disable_api_stop":null,"disable_api_termination":null,"ebs_optimized":null,"elastic_gpu_specifications":[],"elastic_inference_accelerator":[],"enclave_options":[],"hibernation_options":[],"iam_instance_profile":[{"arn":null,"name":"S3-SSM-CW-Profile"}],"instance_initiated_shutdown_behavior":null,"instance_market_options":[],"instance_requirements":[],"instance_type":"t4g.small","kernel_id":null,"key_name":"client_key","license_specification":[],"maintenance_options":[],"monitoring":[],"name":"lirw-three-tier-app-server_tpl","network_interfaces":[{"associate_carrier_ip_address":null,"associate_public_ip_address":"false","delete_on_termination":null,"description":null,"device_index":null,"interface_type":null,"ipv4_address_count":null,"ipv4_addresses":null,"ipv4_prefix_count":null,"ipv4_prefixes":null,"ipv6_address_count":null,"ipv6_addresses":null,"ipv6_prefix_count":null,"ipv6_prefixes":null,"network_card_index":null,"network_interface_id":null,"private_ip_address":null,"subnet_id":null}],"placement":[],"private_dns_name_options":[],"ram_disk_id":null,"security_group_names":null,"tag_specifications":[{"resource_type":"instance","tags":{"Name":"lirw-three-tier-app-server"}}],"tags":{"Name":"lirw-three-tier-app-server_tpl"},"tags_all":{"Name":"lirw-three-tier-app-server_tpl"},"update_default_version":null,"user_data":null,"vpc_security_group_ids":null},"after_unknown":{"arn":true,"block_device_mappings":[{"ebs":[{"iops":true,"throughput":true}]}],"capacity_reservation_specification":[],"cpu_options":[],"credit_specification":[],"default_version":true,"elastic_gpu_specifications":[],"elastic_inference_accelerator":[],"enclave_options":[],"hibernation_options":[],"iam_instance_profile":[{}],"id":true,"image_id":true,"instance_market_options":[],"instance_requirements":[],"latest_version":true,"license_specification":[],"maintenance_options":[],"metadata_options":true,"monitoring":[],"name_prefix":true,"network_interfaces":[{"security_groups":true}],"placement":[],"private_dns_name_options":[],"tag_specifications":[{"tags":{}}],"tags":{},"tags_all":{}},"before_sensitive":false,"after_sensitive":{"block_device_mappings":[{"ebs":[{}]}],"capacity_reservation_specification":[],"cpu_options":[],"credit_specification":[],"elastic_gpu_specifications":[],"elastic_inference_accelerator":[],"enclave_options":[],"hibernation_options":[],"iam_instance_profile":[{}],"instance_market_options":[],"instance_requirements":[],"license_specification":[],"maintenance_options":[],"metadata_options":[],"monitoring":[],"network_interfaces":[{"security_groups":[]}],"placement":[],"private_dns_name_options":[],"tag_specifications":[{"tags":{}}],"tags":{},"tags_all":{}}}},{"address":"module.asg.aws_security_group.vpc_endpoint_sg","module_address":"module.asg","mode":"managed","type":"aws_security_group","name":"vpc_endpoint_sg","provider_name":"registry.terraform.io/hashicorp/aws","change":{"actions":["create"],"before":null,"after":{"description":"Security group for CloudWatch Logs VPC endpoint","egress":[{"cidr_blocks":["0.0.0.0/0"],"description":"","from_port":0,"ipv6_cidr_blocks":[],"prefix_list_ids":[],"protocol":"-1","security_groups":[],"self":false,"to_port":0}],"ingress":[{"cidr_blocks":["10.0.0.0/16"],"description":"","from_port":443,"ipv6_cidr_blocks":[],"prefix_list_ids":[],"protocol":"tcp","security_groups":[],"self":false,"to_port":443}],"name":"cloudwatch-logs-endpoint-sg","revoke_rules_on_delete":false,"tags":null,"timeouts":null},"after_unknown":{"arn":true,"egress":[{"cidr_blocks":[false],"ipv6_cidr_blocks":[],"prefix_list_ids":[],"security_groups":[]}],"id":true,"ingress":[{"cidr_blocks":[false],"ipv6_cidr_blocks":[],"prefix_list_ids":[],"security_groups":[]}],"name_prefix":true,"owner_id":true,"tags_all":true,"vpc_id":true},"before_sensitive":false,"after_sensitive":{"egress":[{"cidr_blocks":[false],"ipv6_cidr_blocks":[],"prefix_list_ids":[],"security_groups":[]}],"ingress":[{"cidr_blocks":[false],"ipv6_cidr_blocks":[],"prefix_list_ids":[],"security_groups":[]}],"tags_all":{}}}},{"address":"module.asg.aws_sns_topic.topic","module_address":"module.asg","mode":"managed","type":"aws_sns_topic","name":"topic","provider_name":"registry.terraform.io/hashicorp/aws","change":{"actions":["create"],"before":null,"after":{"application_failure_feedback_role_arn":null,"application_success_feedback_role_arn":null,"application_success_feedback_sample_rate":null,"content_based_deduplication":false,"delivery_policy":null,"display_name":null,"fifo_topic":false,"firehose_failure_feedback_role_arn":null,"firehose_success_feedback_role_arn":null,"firehose_success_feedback_sample_rate":null,"http_failure_feedback_role_arn":null,"http_success_feedback_role_arn":null,"http_success_feedback_sample_rate":null,"kms_master_key_id":null,"lambda_failure_feedback_role_arn":null,"lambda_success_feedback_role_arn":null,"lambda_success_feedback_sample_rate":null,"name":"WebServer-CPU_Utilization_alert","sqs_failure_feedback_role_arn":null,"sqs_success_feedback_role_arn":null,"sqs_success_feedback_sample_rate":null,"tags":null},"after_unknown":{"arn":true,"id":true,"name_prefix":true,"owner":true,"policy":true,"signature_version":true,"tags_all":true,"tracing_config":true},"before_sensitive":false,"after_sensitive":{"tags_all":{}}}},{"address":"module.asg.aws_sns_topic_subscription.topic_email_subscription[0]","module_address":"module.asg","mode":"managed","type":"aws_sns_topic_subscription","name":"topic_email_subscription","index":0,"provider_name":"registry.terraform.io/hashicorp/aws","change":{"actions":["create"],"before":null,"after":{"confirmation_timeout_in_minutes":1,"delivery_policy":null,"endpoint":"ars786sh@gmail.com","endpoint_auto_confirms":false,"filter_policy":null,"protocol":"email","raw_message_delivery":false,"redrive_policy":null,"subscription_role_arn":null},"after_unknown":{"arn":true,"confirmation_was_authenticated":true,"filter_policy_scope":true,"id":true,"owner_id":true,"pending_confirmation":true,"topic_arn":true},"before_sensitive":false,"after_sensitive":{}}},{"address":"module.asg.aws_vpc_endpoint.logs","module_address":"module.asg","mode":"managed","type":"aws_vpc_endpoint","name":"logs","provider_name":"registry.terraform.io/hashicorp/aws","change":{"actions":["create"],"before":null,"after":{"auto_accept":null,"private_dns_enabled":true,"service_name":"com.amazonaws.us-east-1.logs","tags":null,"timeouts":null,"vpc_endpoint_type":"Interface"},"after_unknown":{"arn":true,"cidr_blocks":true,"dns_entry":true,"dns_options":true,"id":true,"ip_address_type":true,"network_interface_ids":true,"owner_id":true,"policy":true,"prefix_list_id":true,"requester_managed":true,"route_table_ids":true,"security_group_ids":true,"state":true,"subnet_ids":true,"tags_all":true,"vpc_id":true},"before_sensitive":false,"after_sensitive":{"cidr_blocks":[],"dns_entry":[],"dns_options":[],"network_interface_ids":[],"route_table_ids":[],"security_group_ids":[],"subnet_ids":[],"tags_all":{}}}},{"address":"module.asg.aws_vpc_endpoint.ssm","module_address":"module.asg","mode":"managed","type":"aws_vpc_endpoint","name":"ssm","provider_name":"registry.terraform.io/hashicorp/aws","change":{"actions":["create"],"before":null,"after":{"auto_accept":null,"private_dns_enabled":true,"service_name":"com.amazonaws.us-east-1.ssm","tags":null,"timeouts":null,"vpc_endpoint_type":"Interface"},"after_unknown":{"arn":true,"cidr_blocks":true,"dns_entry":true,"dns_options":true,"id":true,"ip_address_type":true,"network_interface_ids":true,"owner_id":true,"policy":true,"prefix_list_id":true,"requester_managed":true,"route_table_ids":true,"security_group_ids":true,"state":true,"subnet_ids":true,"tags_all":true,"vpc_id":true},"before_sensitive":false,"after_sensitive":{"cidr_blocks":[],"dns_entry":[],"dns_options":[],"network_interface_ids":[],"route_table_ids":[],"security_group_ids":[],"subnet_ids":[],"tags_all":{}}}},{"address":"module.aws_ssm_param.aws_ssm_parameter.db_host","module_address":"module.aws_ssm_param","mode":"managed","type":"aws_ssm_parameter","name":"db_host","provider_name":"registry.terraform.io/hashicorp/aws","change":{"actions":["create"],"before":null,"after":{"allowed_pattern":null,"description":"database dns address","name":"DB_HOST","overwrite":null,"tags":{"environment":"dev"},"tags_all":{"environment":"dev"},"type":"String"},"after_unknown":{"arn":true,"data_type":true,"id":true,"insecure_value":true,"key_id":true,"tags":{},"tags_all":{},"tier":true,"value":true,"version":true},"before_sensitive":false,"after_sensitive":{"tags":{},"tags_all":{},"value":true}}},{"address":"module.aws_ssm_param.aws_ssm_parameter.db_name","module_address":"module.aws_ssm_param","mode":"managed","type":"aws_ssm_parameter","name":"db_name","provider_name":"registry.terraform.io/hashicorp/aws","change":{"actions":["create"],"before":null,"after":{"allowed_pattern":null,"description":"database name","name":"DB_NAME","overwrite":null,"tags":{"environment":"dev"},"tags_all":{"environment":"dev"},"type":"String","value":"lirw_react_node_app"},"after_unknown":{"arn":true,"data_type":true,"id":true,"insecure_value":true,"key_id":true,"tags":{},"tags_all":{},"tier":true,"version":true},"before_sensitive":false,"after_sensitive":{"tags":{},"tags_all":{},"value":true}}},{"address":"module.aws_ssm_param.aws_ssm_parameter.db_password","module_address":"module.aws_ssm_param","mode":"managed","type":"aws_ssm_parameter","name":"db_password","provider_name":"registry.terraform.io/hashicorp/aws","change":{"actions":["create"],"before":null,"after":{"allowed_pattern":null,"description":"database password","name":"DB_PASSWORD","overwrite":null,"tags":{"environment":"dev"},"tags_all":{"environment":"dev"},"type":"SecureString","value":"Asd1-CaPQ22"},"after_unknown":{"arn":true,"data_type":true,"id":true,"insecure_value":true,"key_id":true,"tags":{},"tags_all":{},"tier":true,"version":true},"before_sensitive":false,"after_sensitive":{"tags":{},"tags_all":{},"value":true}}},{"address":"module.aws_ssm_param.aws_ssm_parameter.db_username","module_address":"module.aws_ssm_param","mode":"managed","type":"aws_ssm_parameter","name":"db_username","provider_name":"registry.terraform.io/hashicorp/aws","change":{"actions":["create"],"before":null,"after":{"allowed_pattern":null,"description":"database username","name":"DB_USERNAME","overwrite":null,"tags":{"environment":"dev"},"tags_all":{"environment":"dev"},"type":"String","value":"admin_3_tier"},"after_unknown":{"arn":true,"data_type":true,"id":true,"insecure_value":true,"key_id":true,"tags":{},"tags_all":{},"tier":true,"version":true},"before_sensitive":false,"after_sensitive":{"tags":{},"tags_all":{},"value":true}}},{"address":"module.cloudfront.data.aws_acm_certificate.issued","module_address":"module.cloudfront","mode":"data","type":"aws_acm_certificate","name":"issued","provider_name":"registry.terraform.io/hashicorp/aws","change":{"actions":["read"],"before":null,"after":{"domain":"devsandbox.space","key_types":null,"most_recent":null,"statuses":["ISSUED"],"types":null},"after_unknown":{"arn":true,"certificate":true,"certificate_chain":true,"id":true,"status":true,"statuses":[false],"tags":true},"before_sensitive":false,"after_sensitive":{"statuses":[false],"tags":{}}},"action_reason":"read_because_dependency_pending"},{"address":"module.cloudfront.aws_cloudfront_cache_policy.caching_optimized","module_address":"module.cloudfront","mode":"managed","type":"aws_cloudfront_cache_policy","name":"caching_optimized","provider_name":"registry.terraform.io/hashicorp/aws","change":{"actions":["create"],"before":null,"after":{"comment":"test comment","default_ttl":50,"max_ttl":100,"min_ttl":1,"name":"Caching_optimized","parameters_in_cache_key_and_forwarded_to_origin":[{"cookies_config":[{"cookie_behavior":"none","cookies":[]}],"enable_accept_encoding_brotli":true,"enable_accept_encoding_gzip":true,"headers_config":[{"header_behavior":"none","headers":[]}],"query_strings_config":[{"query_string_behavior":"none","query_strings":[]}]}]},"after_unknown":{"etag":true,"id":true,"parameters_in_cache_key_and_forwarded_to_origin":[{"cookies_config":[{"cookies":[]}],"headers_config":[{"headers":[]}],"query_strings_config":[{"query_strings":[]}]}]},"before_sensitive":false,"after_sensitive":{"parameters_in_cache_key_and_forwarded_to_origin":[{"cookies_config":[{"cookies":[]}],"headers_config":[{"headers":[]}],"query_strings_config":[{"query_strings":[]}]}]}}},{"address":"module.cloudfront.aws_cloudfront_distribution.my_distribution","module_address":"module.cloudfront","mode":"managed","type":"aws_cloudfront_distribution","name":"my_distribution","provider_name":"registry.terraform.io/hashicorp/aws","change":{"actions":["create"],"before":null,"after":{"aliases":["www.devsandbox.space"],"comment":null,"custom_error_response":[],"default_cache_behavior":[{"allowed_methods":["DELETE","GET","HEAD","OPTIONS","PATCH","POST","PUT"],"cached_methods":["GET","HEAD","OPTIONS"],"compress":false,"field_level_encryption_id":null,"forwarded_values":[],"function_association":[],"lambda_function_association":[],"min_ttl":0,"realtime_log_config_arn":null,"response_headers_policy_id":null,"smooth_streaming":null,"target_origin_id":"api.devsandbox.space","viewer_protocol_policy":"redirect-to-https"}],"default_root_object":null,"enabled":true,"http_version":"http2","is_ipv6_enabled":false,"logging_config":[],"ordered_cache_behavior":[],"origin":[{"connection_attempts":3,"connection_timeout":10,"custom_header":[{"name":"X-Custom-Header","value":"random-value-123456"}],"custom_origin_config":[{"http_port":80,"https_port":443,"origin_keepalive_timeout":5,"origin_protocol_policy":"https-only","origin_read_timeout":30,"origin_ssl_protocols":["TLSv1.2"]}],"domain_name":"api.devsandbox.space","origin_access_control_id":"","origin_id":"alb-api","origin_path":"","origin_shield":[],"s3_origin_config":[]}],"origin_group":[],"price_class":"PriceClass_All","restrictions":[{"geo_restriction":[{"restriction_type":"none"}]}],"retain_on_delete":false,"tags":{"Name":"lirw-three-tier-app"},"tags_all":{"Name":"lirw-three-tier-app"},"viewer_certificate":[{"cloudfront_default_certificate":null,"iam_certificate_id":null,"minimum_protocol_version":"TLSv1.2_2018","ssl_support_method":"sni-only"}],"wait_for_deployment":true,"web_acl_id":null},"after_unknown":{"aliases":[false],"arn":true,"caller_reference":true,"custom_error_response":[],"default_cache_behavior":[{"allowed_methods":[false,false,false,false,false,false,false],"cache_policy_id":true,"cached_methods":[false,false,false],"default_ttl":true,"forwarded_values":[],"function_association":[],"lambda_function_association":[],"max_ttl":true,"origin_request_policy_id":true,"trusted_key_groups":true,"trusted_signers":true}],"domain_name":true,"etag":true,"hosted_zone_id":true,"id":true,"in_progress_validation_batches":true,"last_modified_time":true,"logging_config":[],"ordered_cache_behavior":[],"origin":[{"custom_header":[{}],"custom_origin_config":[{"origin_ssl_protocols":[false]}],"origin_shield":[],"s3_origin_config":[]}],"origin_group":[],"restrictions":[{"geo_restriction":[{"locations":true}]}],"status":true,"tags":{},"tags_all":{},"trusted_key_groups":true,"trusted_signers":true,"viewer_certificate":[{"acm_certificate_arn":true}]},"before_sensitive":false,"after_sensitive":{"aliases":[false],"custom_error_response":[],"default_cache_behavior":[{"allowed_methods":[false,false,false,false,false,false,false],"cached_methods":[false,false,false],"forwarded_values":[],"function_association":[],"lambda_function_association":[],"trusted_key_groups":[],"trusted_signers":[]}],"logging_config":[],"ordered_cache_behavior":[],"origin":[{"custom_header":[{}],"custom_origin_config":[{"origin_ssl_protocols":[false]}],"origin_shield":[],"s3_origin_config":[]}],"origin_group":[],"restrictions":[{"geo_restriction":[{"locations":[]}]}],"tags":{},"tags_all":{},"trusted_key_groups":[],"trusted_signers":[],"viewer_certificate":[{}]}}},{"address":"module.cloudfront.aws_cloudfront_origin_request_policy.only-host-header","module_address":"module.cloudfront","mode":"managed","type":"aws_cloudfront_origin_request_policy","name":"only-host-header","provider_name":"registry.terraform.io/hashicorp/aws","change":{"actions":["create"],"before":null,"after":{"comment":"Forwards only the Host header to ALB origin","cookies_config":[{"cookie_behavior":"all","cookies":[]}],"headers_config":[{"header_behavior":"whitelist","headers":[{"items":["host"]}]}],"name":"only-host-header","query_strings_config":[{"query_string_behavior":"none","query_strings":[]}]},"after_unknown":{"cookies_config":[{"cookies":[]}],"etag":true,"headers_config":[{"headers":[{"items":[false]}]}],"id":true,"query_strings_config":[{"query_strings":[]}]},"before_sensitive":false,"after_sensitive":{"cookies_config":[{"cookies":[]}],"headers_config":[{"headers":[{"items":[false]}]}],"query_strings_config":[{"query_strings":[]}]}}},{"address":"module.cloudfront.aws_wafv2_ip_set.block_ipset","module_address":"module.cloudfront","mode":"managed","type":"aws_wafv2_ip_set","name":"block_ipset","provider_name":"registry.terraform.io/hashicorp/aws","change":{"actions":["create"],"before":null,"after":{"addresses":["103.179.122.6/32"],"description":"IP Set for blocking specific IPs","ip_address_version":"IPV4","name":"block-ip-set","scope":"CLOUDFRONT","tags":{"Environment":"production"},"tags_all":{"Environment":"production"}},"after_unknown":{"addresses":[false],"arn":true,"id":true,"lock_token":true,"tags":{},"tags_all":{}},"before_sensitive":false,"after_sensitive":{"addresses":[false],"tags":{},"tags_all":{}}}},{"address":"module.cloudfront.aws_wafv2_web_acl.alb_acl","module_address":"module.cloudfront","mode":"managed","type":"aws_wafv2_web_acl","name":"alb_acl","provider_name":"registry.terraform.io/hashicorp/aws","change":{"actions":["create"],"before":null,"after":{"captcha_config":[],"custom_response_body":[],"default_action":[{"allow":[],"block":[{"custom_response":[]}]}],"description":"Minimal WAF: only CloudFront header allowed; block simple SQLi \u0026 XSS","name":"alb-waf-customHeader-sqli-xss","rule":[{"action":[{"allow":[{"custom_request_handling":[]}],"block":[],"captcha":[],"challenge":[],"count":[]}],"captcha_config":[],"name":"allow-cloudfront-header","override_action":[],"priority":1,"rule_label":[],"statement":[{"and_statement":[],"byte_match_statement":[{"field_to_match":[{"all_query_arguments":[],"body":[],"cookies":[],"headers":[],"json_body":[],"method":[],"query_string":[],"single_header":[{"name":"x-custom-header"}],"single_query_argument":[],"uri_path":[]}],"positional_constraint":"EXACTLY","search_string":"random-value-123456","text_transformation":[{"priority":0,"type":"NONE"}]}],"geo_match_statement":[],"ip_set_reference_statement":[],"label_match_statement":[],"managed_rule_group_statement":[],"not_statement":[],"or_statement":[],"rate_based_statement":[],"regex_match_statement":[],"regex_pattern_set_reference_statement":[],"rule_group_reference_statement":[],"size_constraint_statement":[],"sqli_match_statement":[],"xss_match_statement":[]}],"visibility_config":[{"cloudwatch_metrics_enabled":true,"metric_name":"allow-cloudfront-header","sampled_requests_enabled":true}]},{"action":[{"allow":[],"block":[{"custom_response":[]}],"captcha":[],"challenge":[],"count":[]}],"captcha_config":[],"name":"block-simple-sqli","override_action":[],"priority":10,"rule_label":[],"statement":[{"and_statement":[],"byte_match_statement":[],"geo_match_statement":[],"ip_set_reference_statement":[],"label_match_statement":[],"managed_rule_group_statement":[],"not_statement":[],"or_statement":[],"rate_based_statement":[],"regex_match_statement":[],"regex_pattern_set_reference_statement":[],"rule_group_reference_statement":[],"size_constraint_statement":[],"sqli_match_statement":[{"field_to_match":[{"all_query_arguments":[],"body":[],"cookies":[],"headers":[],"json_body":[],"method":[],"query_string":[{}],"single_header":[],"single_query_argument":[],"uri_path":[]}],"text_transformation":[{"priority":0,"type":"URL_DECODE"},{"priority":1,"type":"LOWERCASE"}]}],"xss_match_statement":[]}],"visibility_config":[{"cloudwatch_metrics_enabled":true,"metric_name":"block-simple-sqli","sampled_requests_enabled":true}]},{"action":[{"allow":[],"block":[{"custom_response":[]}],"captcha":[],"challenge":[],"count":[]}],"captcha_config":[],"name":"block-simple-xss","override_action":[],"priority":11,"rule_label":[],"statement":[{"and_statement":[],"byte_match_statement":[],"geo_match_statement":[],"ip_set_reference_statement":[],"label_match_statement":[],"managed_rule_group_statement":[],"not_statement":[],"or_statement":[],"rate_based_statement":[],"regex_match_statement":[],"regex_pattern_set_reference_statement":[],"rule_group_reference_statement":[],"size_constraint_statement":[],"sqli_match_statement":[],"xss_match_statement":[{"field_to_match":[{"all_query_arguments":[],"body":[],"cookies":[],"headers":[],"json_body":[],"method":[],"query_string":[{}],"single_header":[],"single_query_argument":[],"uri_path":[]}],"text_transformation":[{"priority":0,"type":"URL_DECODE"},{"priority":1,"type":"HTML_ENTITY_DECODE"},{"priority":2,"type":"LOWERCASE"}]}]}],"visibility_config":[{"cloudwatch_metrics_enabled":true,"metric_name":"block-simple-xss","sampled_requests_enabled":true}]}],"scope":"REGIONAL","tags":{"Environment":"dev"},"tags_all":{"Environment":"dev"},"token_domains":null,"visibility_config":[{"cloudwatch_metrics_enabled":true,"metric_name":"alb-waf-customHeader-sqli-xss-metrics","sampled_requests_enabled":true}]},"after_unknown":{"arn":true,"capacity":true,"captcha_config":[],"custom_response_body":[],"default_action":[{"allow":[],"block":[{"custom_response":[]}]}],"id":true,"lock_token":true,"rule":[{"action":[{"allow":[{"custom_request_handling":[]}],"block":[],"captcha":[],"challenge":[],"count":[]}],"captcha_config":[],"override_action":[],"rule_label":[],"statement":[{"and_statement":[],"byte_match_statement":[{"field_to_match":[{"all_query_arguments":[],"body":[],"cookies":[],"headers":[],"json_body":[],"method":[],"query_string":[],"single_header":[{}],"single_query_argument":[],"uri_path":[]}],"text_transformation":[{}]}],"geo_match_statement":[],"ip_set_reference_statement":[],"label_match_statement":[],"managed_rule_group_statement":[],"not_statement":[],"or_statement":[],"rate_based_statement":[],"regex_match_statement":[],"regex_pattern_set_reference_statement":[],"rule_group_reference_statement":[],"size_constraint_statement":[],"sqli_match_statement":[],"xss_match_statement":[]}],"visibility_config":[{}]},{"action":[{"allow":[],"block":[{"custom_response":[]}],"captcha":[],"challenge":[],"count":[]}],"captcha_config":[],"override_action":[],"rule_label":[],"statement":[{"and_statement":[],"byte_match_statement":[],"geo_match_statement":[],"ip_set_reference_statement":[],"label_match_statement":[],"managed_rule_group_statement":[],"not_statement":[],"or_statement":[],"rate_based_statement":[],"regex_match_statement":[],"regex_pattern_set_reference_statement":[],"rule_group_reference_statement":[],"size_constraint_statement":[],"sqli_match_statement":[{"field_to_match":[{"all_query_arguments":[],"body":[],"cookies":[],"headers":[],"json_body":[],"method":[],"query_string":[{}],"single_header":[],"single_query_argument":[],"uri_path":[]}],"text_transformation":[{},{}]}],"xss_match_statement":[]}],"visibility_config":[{}]},{"action":[{"allow":[],"block":[{"custom_response":[]}],"captcha":[],"challenge":[],"count":[]}],"captcha_config":[],"override_action":[],"rule_label":[],"statement":[{"and_statement":[],"byte_match_statement":[],"geo_match_statement":[],"ip_set_reference_statement":[],"label_match_statement":[],"managed_rule_group_statement":[],"not_statement":[],"or_statement":[],"rate_based_statement":[],"regex_match_statement":[],"regex_pattern_set_reference_statement":[],"rule_group_reference_statement":[],"size_constraint_statement":[],"sqli_match_statement":[],"xss_match_statement":[{"field_to_match":[{"all_query_arguments":[],"body":[],"cookies":[],"headers":[],"json_body":[],"method":[],"query_string":[{}],"single_header":[],"single_query_argument":[],"uri_path":[]}],"text_transformation":[{},{},{}]}]}],"visibility_config":[{}]}],"tags":{},"tags_all":{},"visibility_config":[{}]},"before_sensitive":false,"after_sensitive":{"captcha_config":[],"custom_response_body":[],"default_action":[{"allow":[],"block":[{"custom_response":[]}]}],"rule":[{"action":[{"allow":[{"custom_request_handling":[]}],"block":[],"captcha":[],"challenge":[],"count":[]}],"captcha_config":[],"override_action":[],"rule_label":[],"statement":[{"and_statement":[],"byte_match_statement":[{"field_to_match":[{"all_query_arguments":[],"body":[],"cookies":[],"headers":[],"json_body":[],"method":[],"query_string":[],"single_header":[{}],"single_query_argument":[],"uri_path":[]}],"text_transformation":[{}]}],"geo_match_statement":[],"ip_set_reference_statement":[],"label_match_statement":[],"managed_rule_group_statement":[],"not_statement":[],"or_statement":[],"rate_based_statement":[],"regex_match_statement":[],"regex_pattern_set_reference_statement":[],"rule_group_reference_statement":[],"size_constraint_statement":[],"sqli_match_statement":[],"xss_match_statement":[]}],"visibility_config":[{}]},{"action":[{"allow":[],"block":[{"custom_response":[]}],"captcha":[],"challenge":[],"count":[]}],"captcha_config":[],"override_action":[],"rule_label":[],"statement":[{"and_statement":[],"byte_match_statement":[],"geo_match_statement":[],"ip_set_reference_statement":[],"label_match_statement":[],"managed_rule_group_statement":[],"not_statement":[],"or_statement":[],"rate_based_statement":[],"regex_match_statement":[],"regex_pattern_set_reference_statement":[],"rule_group_reference_statement":[],"size_constraint_statement":[],"sqli_match_statement":[{"field_to_match":[{"all_query_arguments":[],"body":[],"cookies":[],"headers":[],"json_body":[],"method":[],"query_string":[{}],"single_header":[],"single_query_argument":[],"uri_path":[]}],"text_transformation":[{},{}]}],"xss_match_statement":[]}],"visibility_config":[{}]},{"action":[{"allow":[],"block":[{"custom_response":[]}],"captcha":[],"challenge":[],"count":[]}],"captcha_config":[],"override_action":[],"rule_label":[],"statement":[{"and_statement":[],"byte_match_statement":[],"geo_match_statement":[],"ip_set_reference_statement":[],"label_match_statement":[],"managed_rule_group_statement":[],"not_statement":[],"or_statement":[],"rate_based_statement":[],"regex_match_statement":[],"regex_pattern_set_reference_statement":[],"rule_group_reference_statement":[],"size_constraint_statement":[],"sqli_match_statement":[],"xss_match_statement":[{"field_to_match":[{"all_query_arguments":[],"body":[],"cookies":[],"headers":[],"json_body":[],"method":[],"query_string":[{}],"single_header":[],"single_query_argument":[],"uri_path":[]}],"text_transformation":[{},{},{}]}]}],"visibility_config":[{}]}],"tags":{},"tags_all":{},"visibility_config":[{}]}}},{"address":"module.cloudfront.aws_wafv2_web_acl.block_web_acl","module_address":"module.cloudfront","mode":"managed","type":"aws_wafv2_web_acl","name":"block_web_acl","provider_name":"registry.terraform.io/hashicorp/aws","change":{"actions":["create"],"before":null,"after":{"captcha_config":[],"custom_response_body":[],"default_action":[{"allow":[{"custom_request_handling":[]}],"block":[]}],"description":"Web ACL with IP Set rule","name":"block-web-acl","rule":[{"action":[{"allow":[],"block":[{"custom_response":[]}],"captcha":[],"challenge":[],"count":[]}],"captcha_config":[],"name":"block-bad-useragents","override_action":[],"priority":3,"rule_label":[],"statement":[{"and_statement":[],"byte_match_statement":[{"field_to_match":[{"all_query_arguments":[],"body":[],"cookies":[],"headers":[],"json_body":[],"method":[],"query_string":[],"single_header":[{"name":"user-agent"}],"single_query_argument":[],"uri_path":[]}],"positional_constraint":"CONTAINS","search_string":"curl","text_transformation":[{"priority":0,"type":"NONE"}]}],"geo_match_statement":[],"ip_set_reference_statement":[],"label_match_statement":[],"managed_rule_group_statement":[],"not_statement":[],"or_statement":[],"rate_based_statement":[],"regex_match_statement":[],"regex_pattern_set_reference_statement":[],"rule_group_reference_statement":[],"size_constraint_statement":[],"sqli_match_statement":[],"xss_match_statement":[]}],"visibility_config":[{"cloudwatch_metrics_enabled":true,"metric_name":"block-bad-useragents","sampled_requests_enabled":true}]},{"action":[{"allow":[],"block":[{"custom_response":[]}],"captcha":[],"challenge":[],"count":[]}],"captcha_config":[],"name":"block-empty-useragent","override_action":[],"priority":4,"rule_label":[],"statement":[{"and_statement":[],"byte_match_statement":[],"geo_match_statement":[],"ip_set_reference_statement":[],"label_match_statement":[],"managed_rule_group_statement":[],"not_statement":[{"statement":[{"and_statement":[],"byte_match_statement":[{"field_to_match":[{"all_query_arguments":[],"body":[],"cookies":[],"headers":[],"json_body":[],"method":[],"query_string":[],"single_header":[{"name":"user-agent"}],"single_query_argument":[],"uri_path":[]}],"positional_constraint":"EXACTLY","search_string":"","text_transformation":[{"priority":0,"type":"NONE"}]}],"geo_match_statement":[],"ip_set_reference_statement":[],"label_match_statement":[],"not_statement":[],"or_statement":[],"regex_match_statement":[],"regex_pattern_set_reference_statement":[],"size_constraint_statement":[],"sqli_match_statement":[],"xss_match_statement":[]}]}],"or_statement":[],"rate_based_statement":[],"regex_match_statement":[],"regex_pattern_set_reference_statement":[],"rule_group_reference_statement":[],"size_constraint_statement":[],"sqli_match_statement":[],"xss_match_statement":[]}],"visibility_config":[{"cloudwatch_metrics_enabled":true,"metric_name":"block-empty-useragent","sampled_requests_enabled":true}]},{"action":[{"allow":[],"block":[{"custom_response":[]}],"captcha":[],"challenge":[],"count":[]}],"captcha_config":[],"name":"limit-ip-rate","override_action":[],"priority":2,"rule_label":[],"statement":[{"and_statement":[],"byte_match_statement":[],"geo_match_statement":[],"ip_set_reference_statement":[],"label_match_statement":[],"managed_rule_group_statement":[],"not_statement":[],"or_statement":[],"rate_based_statement":[{"aggregate_key_type":"IP","forwarded_ip_config":[],"limit":10,"scope_down_statement":[]}],"regex_match_statement":[],"regex_pattern_set_reference_statement":[],"rule_group_reference_statement":[],"size_constraint_statement":[],"sqli_match_statement":[],"xss_match_statement":[]}],"visibility_config":[{"cloudwatch_metrics_enabled":true,"metric_name":"limit-ip-rate","sampled_requests_enabled":true}]},{"action":[{"allow":[],"block":[],"captcha":[{"custom_request_handling":[]}],"challenge":[],"count":[]}],"captcha_config":[],"name":"block-ip-set-rule","override_action":[],"priority":1,"rule_label":[],"statement":[{"and_statement":[],"byte_match_statement":[],"geo_match_statement":[],"ip_set_reference_statement":[{"ip_set_forwarded_ip_config":[]}],"label_match_statement":[],"managed_rule_group_statement":[],"not_statement":[],"or_statement":[],"rate_based_statement":[],"regex_match_statement":[],"regex_pattern_set_reference_statement":[],"rule_group_reference_statement":[],"size_constraint_statement":[],"sqli_match_statement":[],"xss_match_statement":[]}],"visibility_config":[{"cloudwatch_metrics_enabled":true,"metric_name":"block-ip-set-rule","sampled_requests_enabled":true}]}],"scope":"CLOUDFRONT","tags":{"Environment":"dev"},"tags_all":{"Environment":"dev"},"token_domains":null,"visibility_config":[{"cloudwatch_metrics_enabled":true,"metric_name":"not-block-ip-set","sampled_requests_enabled":true}]},"after_unknown":{"arn":true,"capacity":true,"captcha_config":[],"custom_response_body":[],"default_action":[{"allow":[{"custom_request_handling":[]}],"block":[]}],"id":true,"lock_token":true,"rule":[{"action":[{"allow":[],"block":[{"custom_response":[]}],"captcha":[],"challenge":[],"count":[]}],"captcha_config":[],"override_action":[],"rule_label":[],"statement":[{"and_statement":[],"byte_match_statement":[{"field_to_match":[{"all_query_arguments":[],"body":[],"cookies":[],"headers":[],"json_body":[],"method":[],"query_string":[],"single_header":[{}],"single_query_argument":[],"uri_path":[]}],"text_transformation":[{}]}],"geo_match_statement":[],"ip_set_reference_statement":[],"label_match_statement":[],"managed_rule_group_statement":[],"not_statement":[],"or_statement":[],"rate_based_statement":[],"regex_match_statement":[],"regex_pattern_set_reference_statement":[],"rule_group_reference_statement":[],"size_constraint_statement":[],"sqli_match_statement":[],"xss_match_statement":[]}],"visibility_config":[{}]},{"action":[{"allow":[],"block":[{"custom_response":[]}],"captcha":[],"challenge":[],"count":[]}],"captcha_config":[],"override_action":[],"rule_label":[],"statement":[{"and_statement":[],"byte_match_statement":[],"geo_match_statement":[],"ip_set_reference_statement":[],"label_match_statement":[],"managed_rule_group_statement":[],"not_statement":[{"statement":[{"and_statement":[],"byte_match_statement":[{"field_to_match":[{"all_query_arguments":[],"body":[],"cookies":[],"headers":[],"json_body":[],"method":[],"query_string":[],"single_header":[{}],"single_query_argument":[],"uri_path":[]}],"text_transformation":[{}]}],"geo_match_statement":[],"ip_set_reference_statement":[],"label_match_statement":[],"not_statement":[],"or_statement":[],"regex_match_statement":[],"regex_pattern_set_reference_statement":[],"size_constraint_statement":[],"sqli_match_statement":[],"xss_match_statement":[]}]}],"or_statement":[],"rate_based_statement":[],"regex_match_statement":[],"regex_pattern_set_reference_statement":[],"rule_group_reference_statement":[],"size_constraint_statement":[],"sqli_match_statement":[],"xss_match_statement":[]}],"visibility_config":[{}]},{"action":[{"allow":[],"block":[{"custom_response":[]}],"captcha":[],"challenge":[],"count":[]}],"captcha_config":[],"override_action":[],"rule_label":[],"statement":[{"and_statement":[],"byte_match_statement":[],"geo_match_statement":[],"ip_set_reference_statement":[],"label_match_statement":[],"managed_rule_group_statement":[],"not_statement":[],"or_statement":[],"rate_based_statement":[{"forwarded_ip_config":[],"scope_down_statement":[]}],"regex_match_statement":[],"regex_pattern_set_reference_statement":[],"rule_group_reference_statement":[],"size_constraint_statement":[],"sqli_match_statement":[],"xss_match_statement":[]}],"visibility_config":[{}]},{"action":[{"allow":[],"block":[],"captcha":[{"custom_request_handling":[]}],"challenge":[],"count":[]}],"captcha_config":[],"override_action":[],"rule_label":[],"statement":[{"and_statement":[],"byte_match_statement":[],"geo_match_statement":[],"ip_set_reference_statement":[{"arn":true,"ip_set_forwarded_ip_config":[]}],"label_match_statement":[],"managed_rule_group_statement":[],"not_statement":[],"or_statement":[],"rate_based_statement":[],"regex_match_statement":[],"regex_pattern_set_reference_statement":[],"rule_group_reference_statement":[],"size_constraint_statement":[],"sqli_match_statement":[],"xss_match_statement":[]}],"visibility_config":[{}]}],"tags":{},"tags_all":{},"visibility_config":[{}]},"before_sensitive":false,"after_sensitive":{"captcha_config":[],"custom_response_body":[],"default_action":[{"allow":[{"custom_request_handling":[]}],"block":[]}],"rule":[{"action":[{"allow":[],"block":[{"custom_response":[]}],"captcha":[],"challenge":[],"count":[]}],"captcha_config":[],"override_action":[],"rule_label":[],"statement":[{"and_statement":[],"byte_match_statement":[{"field_to_match":[{"all_query_arguments":[],"body":[],"cookies":[],"headers":[],"json_body":[],"method":[],"query_string":[],"single_header":[{}],"single_query_argument":[],"uri_path":[]}],"text_transformation":[{}]}],"geo_match_statement":[],"ip_set_reference_statement":[],"label_match_statement":[],"managed_rule_group_statement":[],"not_statement":[],"or_statement":[],"rate_based_statement":[],"regex_match_statement":[],"regex_pattern_set_reference_statement":[],"rule_group_reference_statement":[],"size_constraint_statement":[],"sqli_match_statement":[],"xss_match_statement":[]}],"visibility_config":[{}]},{"action":[{"allow":[],"block":[{"custom_response":[]}],"captcha":[],"challenge":[],"count":[]}],"captcha_config":[],"override_action":[],"rule_label":[],"statement":[{"and_statement":[],"byte_match_statement":[],"geo_match_statement":[],"ip_set_reference_statement":[],"label_match_statement":[],"managed_rule_group_statement":[],"not_statement":[{"statement":[{"and_statement":[],"byte_match_statement":[{"field_to_match":[{"all_query_arguments":[],"body":[],"cookies":[],"headers":[],"json_body":[],"method":[],"query_string":[],"single_header":[{}],"single_query_argument":[],"uri_path":[]}],"text_transformation":[{}]}],"geo_match_statement":[],"ip_set_reference_statement":[],"label_match_statement":[],"not_statement":[],"or_statement":[],"regex_match_statement":[],"regex_pattern_set_reference_statement":[],"size_constraint_statement":[],"sqli_match_statement":[],"xss_match_statement":[]}]}],"or_statement":[],"rate_based_statement":[],"regex_match_statement":[],"regex_pattern_set_reference_statement":[],"rule_group_reference_statement":[],"size_constraint_statement":[],"sqli_match_statement":[],"xss_match_statement":[]}],"visibility_config":[{}]},{"action":[{"allow":[],"block":[{"custom_response":[]}],"captcha":[],"challenge":[],"count":[]}],"captcha_config":[],"override_action":[],"rule_label":[],"statement":[{"and_statement":[],"byte_match_statement":[],"geo_match_statement":[],"ip_set_reference_statement":[],"label_match_statement":[],"managed_rule_group_statement":[],"not_statement":[],"or_statement":[],"rate_based_statement":[{"forwarded_ip_config":[],"scope_down_statement":[]}],"regex_match_statement":[],"regex_pattern_set_reference_statement":[],"rule_group_reference_statement":[],"size_constraint_statement":[],"sqli_match_statement":[],"xss_match_statement":[]}],"visibility_config":[{}]},{"action":[{"allow":[],"block":[],"captcha":[{"custom_request_handling":[]}],"challenge":[],"count":[]}],"captcha_config":[],"override_action":[],"rule_label":[],"statement":[{"and_statement":[],"byte_match_statement":[],"geo_match_statement":[],"ip_set_reference_statement":[{"ip_set_forwarded_ip_config":[]}],"label_match_statement":[],"managed_rule_group_statement":[],"not_statement":[],"or_statement":[],"rate_based_statement":[],"regex_match_statement":[],"regex_pattern_set_reference_statement":[],"rule_group_reference_statement":[],"size_constraint_statement":[],"sqli_match_statement":[],"xss_match_statement":[]}],"visibility_config":[{}]}],"tags":{},"tags_all":{},"visibility_config":[{}]}}},{"address":"module.cloudfront.aws_wafv2_web_acl_association.assoc","module_address":"module.cloudfront","mode":"managed","type":"aws_wafv2_web_acl_association","name":"assoc","provider_name":"registry.terraform.io/hashicorp/aws","change":{"actions":["create"],"before":null,"after":{"timeouts":null},"after_unknown":{"id":true,"resource_arn":true,"web_acl_arn":true},"before_sensitive":false,"after_sensitive":{}}},{"address":"module.cloudfront.aws_wafv2_web_acl_association.example_association","module_address":"module.cloudfront","mode":"managed","type":"aws_wafv2_web_acl_association","name":"example_association","provider_name":"registry.terraform.io/hashicorp/aws","change":{"actions":["create"],"before":null,"after":{"timeouts":null},"after_unknown":{"id":true,"resource_arn":true,"web_acl_arn":true},"before_sensitive":false,"after_sensitive":{}}},{"address":"module.iam_role.data.aws_caller_identity.current","module_address":"module.iam_role","mode":"data","type":"aws_caller_identity","name":"current","provider_name":"registry.terraform.io/hashicorp/aws","change":{"actions":["read"],"before":null,"after":{},"after_unknown":{"account_id":true,"arn":true,"id":true,"user_id":true},"before_sensitive":false,"after_sensitive":{}},"action_reason":"read_because_dependency_pending"},{"address":"module.iam_role.aws_flow_log.example_vpc_flow_log","module_address":"module.iam_role","mode":"managed","type":"aws_flow_log","name":"example_vpc_flow_log","provider_name":"registry.terraform.io/hashicorp/aws","change":{"actions":["create"],"before":null,"after":{"deliver_cross_account_role":null,"destination_options":[],"eni_id":null,"iam_role_arn":null,"log_destination_type":"s3","max_aggregation_interval":600,"subnet_id":null,"tags":null,"traffic_type":"ALL","transit_gateway_attachment_id":null,"transit_gateway_id":null},"after_unknown":{"arn":true,"destination_options":[],"id":true,"log_destination":true,"log_format":true,"log_group_name":true,"tags_all":true,"vpc_id":true},"before_sensitive":false,"after_sensitive":{"destination_options":[],"tags_all":{}}}},{"address":"module.iam_role.aws_iam_instance_profile.s3_ssm_cw_profile","module_address":"module.iam_role","mode":"managed","type":"aws_iam_instance_profile","name":"s3_ssm_cw_profile","provider_name":"registry.terraform.io/hashicorp/aws","change":{"actions":["create"],"before":null,"after":{"name":"S3-SSM-CW-Profile","path":"/","role":"S3-SSM-CW-Role","tags":null},"after_unknown":{"arn":true,"create_date":true,"id":true,"name_prefix":true,"tags_all":true,"unique_id":true},"before_sensitive":false,"after_sensitive":{"tags_all":{}}}},{"address":"module.iam_role.aws_iam_policy.cloudwatch_agent_policy","module_address":"module.iam_role","mode":"managed","type":"aws_iam_policy","name":"cloudwatch_agent_policy","provider_name":"registry.terraform.io/hashicorp/aws","change":{"actions":["create"],"before":null,"after":{"description":"Policy for EC2 instances to send logs to CloudWatch","name":"cloudwatch-agent-policy","path":"/","policy":"{\"Statement\":[{\"Action\":[\"logs:CreateLogStream\",\"logs:GetLogEvents\",\"logs:DeleteLogStream\",\"logs:PutLogEvents\"],\"Effect\":\"Allow\",\"Resource\":\"arn:aws:logs:*:*:log-group:*:log-stream:*\",\"Sid\":\"VisualEditor0\"},{\"Action\":[\"logs:ListTagsLogGroup\",\"logs:GetLogRecord\",\"logs:DeleteLogGroup\",\"logs:DescribeLogStreams\",\"logs:DescribeMetricFilters\",\"logs:GetLogGroupFields\",\"logs:CreateLogGroup\"],\"Effect\":\"Allow\",\"Resource\":\"arn:aws:logs:*:*:log-group:*\",\"Sid\":\"VisualEditor1\"},{\"Action\":[\"logs:CreateLogDelivery\",\"logs:DescribeLogGroups\",\"logs:ListLogGroupsForQuery\",\"logs:GetLogDelivery\",\"logs:ListLogGroups\",\"logs:DescribeDestinations\"],\"Effect\":\"Allow\",\"Resource\":\"*\",\"Sid\":\"VisualEditor2\"}],\"Version\":\"2012-10-17\"}","tags":null},"after_unknown":{"arn":true,"id":true,"name_prefix":true,"policy_id":true,"tags_all":true},"before_sensitive":false,"after_sensitive":{"tags_all":{}}}},{"address":"module.iam_role.aws_iam_role.s3_ssm_CW_role","module_address":"module.iam_role","mode":"managed","type":"aws_iam_role","name":"s3_ssm_CW_role","provider_name":"registry.terraform.io/hashicorp/aws","change":{"actions":["create"],"before":null,"after":{"assume_role_policy":"{\"Statement\":[{\"Action\":\"sts:AssumeRole\",\"Effect\":\"Allow\",\"Principal\":{\"Service\":\"ec2.amazonaws.com\"}}],\"Version\":\"2012-10-17\"}","description":null,"force_detach_policies":false,"max_session_duration":3600,"name":"S3-SSM-CW-Role","path":"/","permissions_boundary":null,"tags":{"Name":"S3-SSM-Role","Purpose":"Allow EC2 to access S3 and use SSM agent"},"tags_all":{"Name":"S3-SSM-Role","Purpose":"Allow EC2 to access S3 and use SSM agent"}},"after_unknown":{"arn":true,"create_date":true,"id":true,"inline_policy":true,"managed_policy_arns":true,"name_prefix":true,"role_last_used":true,"tags":{},"tags_all":{},"unique_id":true},"before_sensitive":false,"after_sensitive":{"inline_policy":[],"managed_policy_arns":[],"role_last_used":[],"tags":{},"tags_all":{}}}},{"address":"module.iam_role.aws_iam_role_policy_attachment.cloudwatch_agent_attachment","module_address":"module.iam_role","mode":"managed","type":"aws_iam_role_policy_attachment","name":"cloudwatch_agent_attachment","provider_name":"registry.terraform.io/hashicorp/aws","change":{"actions":["create"],"before":null,"after":{"role":"S3-SSM-CW-Role"},"after_unknown":{"id":true,"policy_arn":true},"before_sensitive":false,"after_sensitive":{}}},{"address":"module.iam_role.aws_iam_role_policy_attachment.s3_readonly_attach","module_address":"module.iam_role","mode":"managed","type":"aws_iam_role_policy_attachment","name":"s3_readonly_attach","provider_name":"registry.terraform.io/hashicorp/aws","change":{"actions":["create"],"before":null,"after":{"policy_arn":"arn:aws:iam::aws:policy/AmazonS3ReadOnlyAccess","role":"S3-SSM-CW-Role"},"after_unknown":{"id":true},"before_sensitive":false,"after_sensitive":{}}},{"address":"module.iam_role.aws_iam_role_policy_attachment.secret_manager-ReadWrite","module_address":"module.iam_role","mode":"managed","type":"aws_iam_role_policy_attachment","name":"secret_manager-ReadWrite","provider_name":"registry.terraform.io/hashicorp/aws","change":{"actions":["create"],"before":null,"after":{"policy_arn":"arn:aws:iam::aws:policy/SecretsManagerReadWrite","role":"S3-SSM-CW-Role"},"after_unknown":{"id":true},"before_sensitive":false,"after_sensitive":{}}},{"address":"module.iam_role.aws_iam_role_policy_attachment.ssm_core_attach","module_address":"module.iam_role","mode":"managed","type":"aws_iam_role_policy_attachment","name":"ssm_core_attach","provider_name":"registry.terraform.io/hashicorp/aws","change":{"actions":["create"],"before":null,"after":{"policy_arn":"arn:aws:iam::aws:policy/AmazonSSMManagedInstanceCore","role":"S3-SSM-CW-Role"},"after_unknown":{"id":true},"before_sensitive":false,"after_sensitive":{}}},{"address":"module.iam_role.aws_iam_role_policy_attachment.ssmparameter_read_only","module_address":"module.iam_role","mode":"managed","type":"aws_iam_role_policy_attachment","name":"ssmparameter_read_only","provider_name":"registry.terraform.io/hashicorp/aws","change":{"actions":["create"],"before":null,"after":{"policy_arn":"arn:aws:iam::aws:policy/AmazonSSMReadOnlyAccess","role":"S3-SSM-CW-Role"},"after_unknown":{"id":true},"before_sensitive":false,"after_sensitive":{}}},{"address":"module.iam_role.aws_s3_bucket.vpc_flow_logs_bucket","module_address":"module.iam_role","mode":"managed","type":"aws_s3_bucket","name":"vpc_flow_logs_bucket","provider_name":"registry.terraform.io/hashicorp/aws","change":{"actions":["create"],"before":null,"after":{"bucket":"vpc-flow-log-s3-bucket-panda","force_destroy":true,"tags":null,"timeouts":null},"after_unknown":{"acceleration_status":true,"acl":true,"arn":true,"bucket_domain_name":true,"bucket_prefix":true,"bucket_regional_domain_name":true,"cors_rule":true,"grant":true,"hosted_zone_id":true,"id":true,"lifecycle_rule":true,"logging":true,"object_lock_configuration":true,"object_lock_enabled":true,"policy":true,"region":true,"replication_configuration":true,"request_payer":true,"server_side_encryption_configuration":true,"tags_all":true,"versioning":true,"website":true,"website_domain":true,"website_endpoint":true},"before_sensitive":false,"after_sensitive":{"cors_rule":[],"grant":[],"lifecycle_rule":[],"logging":[],"object_lock_configuration":[],"replication_configuration":[],"server_side_encryption_configuration":[],"tags_all":{},"versioning":[],"website":[]}}},{"address":"module.iam_role.aws_s3_bucket_acl.acl","module_address":"module.iam_role","mode":"managed","type":"aws_s3_bucket_acl","name":"acl","provider_name":"registry.terraform.io/hashicorp/aws","change":{"actions":["create"],"before":null,"after":{"acl":"private","expected_bucket_owner":null},"after_unknown":{"access_control_policy":true,"bucket":true,"id":true},"before_sensitive":false,"after_sensitive":{"access_control_policy":[]}}},{"address":"module.iam_role.aws_s3_bucket_ownership_controls.vpc_flow_logs","module_address":"module.iam_role","mode":"managed","type":"aws_s3_bucket_ownership_controls","name":"vpc_flow_logs","provider_name":"registry.terraform.io/hashicorp/aws","change":{"actions":["create"],"before":null,"after":{"rule":[{"object_ownership":"BucketOwnerPreferred"}]},"after_unknown":{"bucket":true,"id":true,"rule":[{}]},"before_sensitive":false,"after_sensitive":{"rule":[{}]}}},{"address":"module.iam_role.aws_s3_bucket_policy.vpc_flow_logs","module_address":"module.iam_role","mode":"managed","type":"aws_s3_bucket_policy","name":"vpc_flow_logs","provider_name":"registry.terraform.io/hashicorp/aws","change":{"actions":["create"],"before":null,"after":{"bucket":"vpc-flow-log-s3-bucket-panda"},"after_unknown":{"id":true,"policy":true},"before_sensitive":false,"after_sensitive":{}}},{"address":"module.iam_role.aws_s3_bucket_public_access_block.vpc_flow_logs","module_address":"module.iam_role","mode":"managed","type":"aws_s3_bucket_public_access_block","name":"vpc_flow_logs","provider_name":"registry.terraform.io/hashicorp/aws","change":{"actions":["create"],"before":null,"after":{"block_public_acls":true,"block_public_policy":true,"bucket":"vpc-flow-log-s3-bucket-panda","ignore_public_acls":true,"restrict_public_buckets":true},"after_unknown":{"id":true},"before_sensitive":false,"after_sensitive":{}}},{"address":"module.iam_role.aws_s3_bucket_server_side_encryption_configuration.SSE_config","module_address":"module.iam_role","mode":"managed","type":"aws_s3_bucket_server_side_encryption_configuration","name":"SSE_config","provider_name":"registry.terraform.io/hashicorp/aws","change":{"actions":["create"],"before":null,"after":{"expected_bucket_owner":null,"rule":[{"apply_server_side_encryption_by_default":[{"kms_master_key_id":"","sse_algorithm":"AES256"}],"bucket_key_enabled":false}]},"after_unknown":{"bucket":true,"id":true,"rule":[{"apply_server_side_encryption_by_default":[{}]}]},"before_sensitive":false,"after_sensitive":{"rule":[{"apply_server_side_encryption_by_default":[{}]}]}}},{"address":"module.key.aws_key_pair.client_key","module_address":"module.key","mode":"managed","type":"aws_key_pair","name":"client_key","provider_name":"registry.terraform.io/hashicorp/aws","change":{"actions":["create"],"before":null,"after":{"key_name":"client_key","public_key":"ssh-rsa AAAAB3NzaC1yc2EAAAADAQABAAACAQDUEYq46CF/2/kcYgZCnrws43ngVKfxxaBmNqQIOKwdhVKfX/LRVbzUu8qMv7sdqYzk9Q63Yb5yzmWSwsldskFV9BZu0W/WSUQQUhcf1vpY5la90Kudh5cxdtDPwsMRS7hOqmh/IR/UL+rlZpyiqFZ0DTnOYhSeoWuB+Vg5GDfUALR3uBB+Xrb1i+UHNoQxIeVKSZtgCABG9UtK8LZNUfsHAcp/chHg7PlJlDAyn1kFFU6UMWYtOBq/qL2OKmM2IrAIVyVUCkdmSekgQWpecHp6nSQagZOpzdVpKjSi0aLt2ezX/mzkgP6IYSVQT4xm2IUssnrrbimbvuj2rAF6l/wv6QoEg9H2VX+KhsAKbex5lgSRtg7kCLZIXwIoZjV7dR6EjGouX5Jwnvh4Kz5T1yUNweLfoCzdB+EfwTFcbBCOqVEDhHqcYnXR3g48XfAudySFa6TNnclD1gicEXuCDbrfftPtti02ptziZ63AUHXln47ihEcz0FtXUWTSbbsJAXBpPcbEILyDPiR+7xvBRfnGUGPdzLaft0os+/vufutERKdiXNYWbpZlZz2nEIZcLC2zFdxRdC3RLD8F4EVw+KvOMy6eyrUiyyT21EzfFGRCCq/wHWUFLzUN2S1sfiT7C3waq52VjqVP3AL3CX7M/tTooqlwYXWW22/yIH0xz02T9Q== DELL@DESKTOP-AG365S6","tags":null},"after_unknown":{"arn":true,"fingerprint":true,"id":true,"key_name_prefix":true,"key_pair_id":true,"key_type":true,"tags_all":true},"before_sensitive":false,"after_sensitive":{"tags_all":{}}}},{"address":"module.key.aws_key_pair.nat-bastion","module_address":"module.key","mode":"managed","type":"aws_key_pair","name":"nat-bastion","provider_name":"registry.terraform.io/hashicorp/aws","change":{"actions":["create"],"before":null,"after":{"key_name":"nat-bastion-key","public_key":"ssh-rsa AAAAB3NzaC1yc2EAAAADAQABAAACAQDBiZ4RbIEonr1GVre6qP6LfccfOwzIm/c8X6R+xnlInASRlcDSextMGs+1d+/3TwjEqLKuUeasTvBn0L/O2zEUS1feqOeb7c+IUc0KIgw6A96AVvTmETYAojQEocVLCel9f1gYN/ASzlAt7OjDSRF+QW1olcOtdf+UfRg076K3DJSI7Bb8HxtDdUOuStp6iEsgpfuGjSAHDCSjg02Nl4nO5OBaWccKlmafrjNTqzg40tXeIAaOQPT/9SDzvrp0u8XfVHA12FwOQ+B4/0VEZsxxjUeFjjHDz5Pt0UbU5zWKCZkZ+8yLZO8E1KHBlSIu1eQ6MiQRIeNNmhtrdj8HKHsvdFm9bQ7iRqiMR/1gZs6XIZVIQc177xqIe0APv85l//nY36TEoxi0YVr1rqFONTXs2jBO28M1LUwplyGcnxoblLNVDu2nfDhSk3Nk1jH/W51U1Rm3tppmzHUkZVMoH++6CYi5tr2GqQEMnAzYrbtilboE42qCAvUCa43+uEinsCPLxY0uf4Iqtixn7rQAC5Hs1NzdZcZ26iXoGgQgTyXigvy06T38DMtEfG9NXm2Wic0I/xC/YyMGDFYBBAGpAa8t1zT8XPrpNwHt5QrPbHqoyxeJkDEGOBDlzBjSFo4yXVwq6m3MG+IwW/kgsAcbMvhEVbQ1p6L046S+9o96LDAdFQ== DELL@DESKTOP-AG365S6","tags":null},"after_unknown":{"arn":true,"fingerprint":true,"id":true,"key_name_prefix":true,"key_pair_id":true,"key_type":true,"tags_all":true},"before_sensitive":false,"after_sensitive":{"tags_all":{}}}},{"address":"module.key.aws_key_pair.server_key","module_address":"module.key","mode":"managed","type":"aws_key_pair","name":"server_key","provider_name":"registry.terraform.io/hashicorp/aws","change":{"actions":["create"],"before":null,"after":{"key_name":"client_key","public_key":"ssh-rsa AAAAB3NzaC1yc2EAAAADAQABAAACAQDlN6ICr3SEX8p06PAFntCviY+Nt8bKATwfiY9/S8SoczvJti1/0OgDswNh/ccp9KDkXw7ZtVTuvr7wR4s4Yi3g4LtY40+jZSnMubZXJdeANDHaKY65AOvb/mA8B+mpqOIxMGSRqS+pIbEL0x3LJtumHPvDgc9TgFvrO4gweeFrcp/tH8n1njjcJYVFS80aZRTFI/nMTrFogzGlObMjrOltdxXgEfRxLP0Nn5VzHbkovIGvV203+YCJWjc37coXuSCyg+1Zc74smdj+/0lxQ7fvjS5XBMrFAey6CyDgHVf00xPtj6r7BmBDB3DJB22OovJ1p1Q5W+vBZ3C0Cj0KvMTgzRzOJkKca0KK1Z5pK9qqv3pkOZICkLsg+JCHNSK8p9hqGZZcvj/Xyx6zTrbgxMvuIrysJ07coHHkD83J+XZtGwDuAM6eenh5wTJl4swVJ6Wnv9f8IQo/1JbXLdwINqz1UZ+xzK5tNfYcfEpOqYHCLa2ZjVpYor9HSfVIRI09NG/EVxZLqx8Leh9XGSZOX86Q0KuraGvQ6aILSDEH1N4S9fE+AWPLHWd/Qx0AJF3dlthrgZ0+Xj2RIG85YMALkGhiYcaCAoqAfuSLXMTKDHpVsZ2ekz32ANrQr+2IPVW4cvNhJiIXdtFn6zgHT0Csutgk5iAEFsa/8A5BcA/aGdweAw== DELL@DESKTOP-AG365S6","tags":null},"after_unknown":{"arn":true,"fingerprint":true,"id":true,"key_name_prefix":true,"key_pair_id":true,"key_type":true,"tags_all":true},"before_sensitive":false,"after_sensitive":{"tags_all":{}}}},{"address":"module.rds.aws_db_instance.lirw-database","module_address":"module.rds","mode":"managed","type":"aws_db_instance","name":"lirw-database","provider_name":"registry.terraform.io/hashicorp/aws","change":{"actions":["create"],"before":null,"after":{"allocated_storage":20,"allow_major_version_upgrade":null,"apply_immediately":false,"auto_minor_version_upgrade":true,"backup_retention_period":0,"blue_green_update":[],"copy_tags_to_snapshot":false,"custom_iam_instance_profile":null,"customer_owned_ip_enabled":null,"db_subnet_group_name":"lirw-db-subnet-a-b","delete_automated_backups":true,"deletion_protection":null,"domain":null,"domain_iam_role_name":null,"enabled_cloudwatch_logs_exports":null,"engine":"mysql","engine_version":"8.0.42","final_snapshot_identifier":null,"iam_database_authentication_enabled":null,"identifier":"lirw-dev-db","instance_class":"db.t4g.micro","manage_master_user_password":null,"max_allocated_storage":null,"monitoring_interval":0,"multi_az":false,"password":"Asd1-CaPQ22","performance_insights_enabled":false,"publicly_accessible":false,"replicate_source_db":null,"restore_to_point_in_time":[],"s3_import":[],"security_group_names":null,"skip_final_snapshot":true,"storage_encrypted":false,"storage_type":"standard","tags":{"Name":"appdb"},"tags_all":{"Name":"appdb"},"timeouts":null,"username":"admin_3_tier"},"after_unknown":{"address":true,"arn":true,"availability_zone":true,"backup_window":true,"blue_green_update":[],"ca_cert_identifier":true,"character_set_name":true,"db_name":true,"endpoint":true,"engine_version_actual":true,"hosted_zone_id":true,"id":true,"identifier_prefix":true,"iops":true,"kms_key_id":true,"latest_restorable_time":true,"license_model":true,"listener_endpoint":true,"maintenance_window":true,"master_user_secret":true,"master_user_secret_kms_key_id":true,"monitoring_role_arn":true,"name":true,"nchar_character_set_name":true,"network_type":true,"option_group_name":true,"parameter_group_name":true,"performance_insights_kms_key_id":true,"performance_insights_retention_period":true,"port":true,"replica_mode":true,"replicas":true,"resource_id":true,"restore_to_point_in_time":[],"s3_import":[],"snapshot_identifier":true,"status":true,"storage_throughput":true,"tags":{},"tags_all":{},"timezone":true,"vpc_security_group_ids":true},"before_sensitive":false,"after_sensitive":{"blue_green_update":[],"listener_endpoint":[],"master_user_secret":[],"password":true,"replicas":[],"restore_to_point_in_time":[],"s3_import":[],"tags":{},"tags_all":{},"vpc_security_group_ids":[]}}},{"address":"module.rds.aws_db_subnet_group.db-subnet","module_address":"module.rds","mode":"managed","type":"aws_db_subnet_group","name":"db-subnet","provider_name":"registry.terraform.io/hashicorp/aws","change":{"actions":["create"],"before":null,"after":{"description":"Managed by Terraform","name":"lirw-db-subnet-a-b","tags":null},"after_unknown":{"arn":true,"id":true,"name_prefix":true,"subnet_ids":true,"supported_network_types":true,"tags_all":true,"vpc_id":true},"before_sensitive":false,"after_sensitive":{"subnet_ids":[],"supported_network_types":[],"tags_all":{}}}},{"address":"module.route53.data.aws_route53_zone.public-zone","module_address":"module.route53","mode":"data","type":"aws_route53_zone","name":"public-zone","provider_name":"registry.terraform.io/hashicorp/aws","change":{"actions":["read"],"before":null,"after":{"name":"devsandbox.space","private_zone":false},"after_unknown":{"arn":true,"caller_reference":true,"comment":true,"id":true,"linked_service_description":true,"linked_service_principal":true,"name_servers":true,"primary_name_server":true,"resource_record_set_count":true,"tags":true,"vpc_id":true,"zone_id":true},"before_sensitive":false,"after_sensitive":{"name_servers":[],"tags":{}}},"action_reason":"read_because_dependency_pending"},{"address":"module.route53.aws_route53_record.api_alb_alias","module_address":"module.route53","mode":"managed","type":"aws_route53_record","name":"api_alb_alias","provider_name":"registry.terraform.io/hashicorp/aws","change":{"actions":["create"],"before":null,"after":{"alias":[{"evaluate_target_health":false}],"cidr_routing_policy":[],"failover_routing_policy":[],"geolocation_routing_policy":[],"health_check_id":null,"latency_routing_policy":[],"multivalue_answer_routing_policy":null,"name":"api.devsandbox.space","records":null,"set_identifier":null,"ttl":null,"type":"A","weighted_routing_policy":[]},"after_unknown":{"alias":[{"name":true,"zone_id":true}],"allow_overwrite":true,"cidr_routing_policy":[],"failover_routing_policy":[],"fqdn":true,"geolocation_routing_policy":[],"id":true,"latency_routing_policy":[],"weighted_routing_policy":[],"zone_id":true},"before_sensitive":false,"after_sensitive":{"alias":[{}],"cidr_routing_policy":[],"failover_routing_policy":[],"geolocation_routing_policy":[],"latency_routing_policy":[],"weighted_routing_policy":[]}}},{"address":"module.route53.aws_route53_record.cloudfront[\"www.devsandbox.space\"]","module_address":"module.route53","mode":"managed","type":"aws_route53_record","name":"cloudfront","index":"www.devsandbox.space","provider_name":"registry.terraform.io/hashicorp/aws","change":{"actions":["create"],"before":null,"after":{"alias":[{"evaluate_target_health":false}],"cidr_routing_policy":[],"failover_routing_policy":[],"geolocation_routing_policy":[],"health_check_id":null,"latency_routing_policy":[],"multivalue_answer_routing_policy":null,"name":"www.devsandbox.space","records":null,"set_identifier":null,"ttl":null,"type":"A","weighted_routing_policy":[]},"after_unknown":{"alias":[{"name":true,"zone_id":true}],"allow_overwrite":true,"cidr_routing_policy":[],"failover_routing_policy":[],"fqdn":true,"geolocation_routing_policy":[],"id":true,"latency_routing_policy":[],"weighted_routing_policy":[],"zone_id":true},"before_sensitive":false,"after_sensitive":{"alias":[{}],"cidr_routing_policy":[],"failover_routing_policy":[],"geolocation_routing_policy":[],"latency_routing_policy":[],"weighted_routing_policy":[]}}},{"address":"module.route53.aws_route53_record.cloudfront_record","module_address":"module.route53","mode":"managed","type":"aws_route53_record","name":"cloudfront_record","provider_name":"registry.terraform.io/hashicorp/aws","change":{"actions":["create"],"before":null,"after":{"alias":[{"evaluate_target_health":false}],"cidr_routing_policy":[],"failover_routing_policy":[],"geolocation_routing_policy":[],"health_check_id":null,"latency_routing_policy":[],"multivalue_answer_routing_policy":null,"name":"devsandbox.space","records":null,"set_identifier":null,"ttl":null,"type":"A","weighted_routing_policy":[]},"after_unknown":{"alias":[{"name":true,"zone_id":true}],"allow_overwrite":true,"cidr_routing_policy":[],"failover_routing_policy":[],"fqdn":true,"geolocation_routing_policy":[],"id":true,"latency_routing_policy":[],"weighted_routing_policy":[],"zone_id":true},"before_sensitive":false,"after_sensitive":{"alias":[{}],"cidr_routing_policy":[],"failover_routing_policy":[],"geolocation_routing_policy":[],"latency_routing_policy":[],"weighted_routing_policy":[]}}},{"address":"module.s3.aws_s3_bucket.lirw-bucket","module_address":"module.s3","mode":"managed","type":"aws_s3_bucket","name":"lirw-bucket","provider_name":"registry.terraform.io/hashicorp/aws","change":{"actions":["create"],"before":null,"after":{"bucket":"lirw-react-node-app","force_destroy":true,"tags":{"Environment":"Dev","Name":"lirw-react-node-app-files"},"tags_all":{"Environment":"Dev","Name":"lirw-react-node-app-files"},"timeouts":null},"after_unknown":{"acceleration_status":true,"acl":true,"arn":true,"bucket_domain_name":true,"bucket_prefix":true,"bucket_regional_domain_name":true,"cors_rule":true,"grant":true,"hosted_zone_id":true,"id":true,"lifecycle_rule":true,"logging":true,"object_lock_configuration":true,"object_lock_enabled":true,"policy":true,"region":true,"replication_configuration":true,"request_payer":true,"server_side_encryption_configuration":true,"tags":{},"tags_all":{},"versioning":true,"website":true,"website_domain":true,"website_endpoint":true},"before_sensitive":false,"after_sensitive":{"cors_rule":[],"grant":[],"lifecycle_rule":[],"logging":[],"object_lock_configuration":[],"replication_configuration":[],"server_side_encryption_configuration":[],"tags":{},"tags_all":{},"versioning":[],"website":[]}}},{"address":"module.s3.aws_s3_object.app_code_upload[\"README.md\"]","module_address":"module.s3","mode":"managed","type":"aws_s3_object","name":"app_code_upload","index":"README.md","provider_name":"registry.terraform.io/hashicorp/aws","change":{"actions":["create"],"before":null,"after":{"acl":"private","cache_control":null,"content":null,"content_base64":null,"content_disposition":null,"content_encoding":null,"content_language":null,"etag":"59a0e7b42442adaa2b4275d6b29fc849","force_destroy":false,"key":"lirw-three-tier/README.md","metadata":null,"object_lock_legal_hold_status":null,"object_lock_mode":null,"object_lock_retain_until_date":null,"source":"./lirw-three-tier/README.md","source_hash":null,"tags":null,"website_redirect":null},"after_unknown":{"bucket":true,"bucket_key_enabled":true,"content_type":true,"id":true,"kms_key_id":true,"server_side_encryption":true,"storage_class":true,"tags_all":true,"version_id":true},"before_sensitive":false,"after_sensitive":{"tags_all":{}}}},{"address":"module.s3.aws_s3_object.app_code_upload[\"backend/.gitignore\"]","module_address":"module.s3","mode":"managed","type":"aws_s3_object","name":"app_code_upload","index":"backend/.gitignore","provider_name":"registry.terraform.io/hashicorp/aws","change":{"actions":["create"],"before":null,"after":{"acl":"private","cache_control":null,"content":null,"content_base64":null,"content_disposition":null,"content_encoding":null,"content_language":null,"etag":"ded7fddeba668d3bfd5f3db7d0ead176","force_destroy":false,"key":"lirw-three-tier/backend/.gitignore","metadata":null,"object_lock_legal_hold_status":null,"object_lock_mode":null,"object_lock_retain_until_date":null,"source":"./lirw-three-tier/backend/.gitignore","source_hash":null,"tags":null,"website_redirect":null},"after_unknown":{"bucket":true,"bucket_key_enabled":true,"content_type":true,"id":true,"kms_key_id":true,"server_side_encryption":true,"storage_class":true,"tags_all":true,"version_id":true},"before_sensitive":false,"after_sensitive":{"tags_all":{}}}},{"address":"module.s3.aws_s3_object.app_code_upload[\"backend/app.js\"]","module_address":"module.s3","mode":"managed","type":"aws_s3_object","name":"app_code_upload","index":"backend/app.js","provider_name":"registry.terraform.io/hashicorp/aws","change":{"actions":["create"],"before":null,"after":{"acl":"private","cache_control":null,"content":null,"content_base64":null,"content_disposition":null,"content_encoding":null,"content_language":null,"etag":"01ca07dcdf3f64fde3283f707f5099c8","force_destroy":false,"key":"lirw-three-tier/backend/app.js","metadata":null,"object_lock_legal_hold_status":null,"object_lock_mode":null,"object_lock_retain_until_date":null,"source":"./lirw-three-tier/backend/app.js","source_hash":null,"tags":null,"website_redirect":null},"after_unknown":{"bucket":true,"bucket_key_enabled":true,"content_type":true,"id":true,"kms_key_id":true,"server_side_encryption":true,"storage_class":true,"tags_all":true,"version_id":true},"before_sensitive":false,"after_sensitive":{"tags_all":{}}}},{"address":"module.s3.aws_s3_object.app_code_upload[\"backend/configs/DbConfig.js\"]","module_address":"module.s3","mode":"managed","type":"aws_s3_object","name":"app_code_upload","index":"backend/configs/DbConfig.js","provider_name":"registry.terraform.io/hashicorp/aws","change":{"actions":["create"],"before":null,"after":{"acl":"private","cache_control":null,"content":null,"content_base64":null,"content_disposition":null,"content_encoding":null,"content_language":null,"etag":"4f6caa1ac9f0a7818becd9bddab424c8","force_destroy":false,"key":"lirw-three-tier/backend/configs/DbConfig.js","metadata":null,"object_lock_legal_hold_status":null,"object_lock_mode":null,"object_lock_retain_until_date":null,"source":"./lirw-three-tier/backend/configs/DbConfig.js","source_hash":null,"tags":null,"website_redirect":null},"after_unknown":{"bucket":true,"bucket_key_enabled":true,"content_type":true,"id":true,"kms_key_id":true,"server_side_encryption":true,"storage_class":true,"tags_all":true,"version_id":true},"before_sensitive":false,"after_sensitive":{"tags_all":{}}}},{"address":"module.s3.aws_s3_object.app_code_upload[\"backend/configs/db.js\"]","module_address":"module.s3","mode":"managed","type":"aws_s3_object","name":"app_code_upload","index":"backend/configs/db.js","provider_name":"registry.terraform.io/hashicorp/aws","change":{"actions":["create"],"before":null,"after":{"acl":"private","cache_control":null,"content":null,"content_base64":null,"content_disposition":null,"content_encoding":null,"content_language":null,"etag":"d9a4887614d3157989012a670b5cfd8d","force_destroy":false,"key":"lirw-three-tier/backend/configs/db.js","metadata":null,"object_lock_legal_hold_status":null,"object_lock_mode":null,"object_lock_retain_until_date":null,"source":"./lirw-three-tier/backend/configs/db.js","source_hash":null,"tags":null,"website_redirect":null},"after_unknown":{"bucket":true,"bucket_key_enabled":true,"content_type":true,"id":true,"kms_key_id":true,"server_side_encryption":true,"storage_class":true,"tags_all":true,"version_id":true},"before_sensitive":false,"after_sensitive":{"tags_all":{}}}},{"address":"module.s3.aws_s3_object.app_code_upload[\"backend/controllers/AuthorsController.js\"]","module_address":"module.s3","mode":"managed","type":"aws_s3_object","name":"app_code_upload","index":"backend/controllers/AuthorsController.js","provider_name":"registry.terraform.io/hashicorp/aws","change":{"actions":["create"],"before":null,"after":{"acl":"private","cache_control":null,"content":null,"content_base64":null,"content_disposition":null,"content_encoding":null,"content_language":null,"etag":"30fc27f3f4517e3ef1deca947dbd3723","force_destroy":false,"key":"lirw-three-tier/backend/controllers/AuthorsController.js","metadata":null,"object_lock_legal_hold_status":null,"object_lock_mode":null,"object_lock_retain_until_date":null,"source":"./lirw-three-tier/backend/controllers/AuthorsController.js","source_hash":null,"tags":null,"website_redirect":null},"after_unknown":{"bucket":true,"bucket_key_enabled":true,"content_type":true,"id":true,"kms_key_id":true,"server_side_encryption":true,"storage_class":true,"tags_all":true,"version_id":true},"before_sensitive":false,"after_sensitive":{"tags_all":{}}}},{"address":"module.s3.aws_s3_object.app_code_upload[\"backend/controllers/BooksController.js\"]","module_address":"module.s3","mode":"managed","type":"aws_s3_object","name":"app_code_upload","index":"backend/controllers/BooksController.js","provider_name":"registry.terraform.io/hashicorp/aws","change":{"actions":["create"],"before":null,"after":{"acl":"private","cache_control":null,"content":null,"content_base64":null,"content_disposition":null,"content_encoding":null,"content_language":null,"etag":"e0c86ad90a21fdb8ea31621b60916a51","force_destroy":false,"key":"lirw-three-tier/backend/controllers/BooksController.js","metadata":null,"object_lock_legal_hold_status":null,"object_lock_mode":null,"object_lock_retain_until_date":null,"source":"./lirw-three-tier/backend/controllers/BooksController.js","source_hash":null,"tags":null,"website_redirect":null},"after_unknown":{"bucket":true,"bucket_key_enabled":true,"content_type":true,"id":true,"kms_key_id":true,"server_side_encryption":true,"storage_class":true,"tags_all":true,"version_id":true},"before_sensitive":false,"after_sensitive":{"tags_all":{}}}},{"address":"module.s3.aws_s3_object.app_code_upload[\"backend/db.sql\"]","module_address":"module.s3","mode":"managed","type":"aws_s3_object","name":"app_code_upload","index":"backend/db.sql","provider_name":"registry.terraform.io/hashicorp/aws","change":{"actions":["create"],"before":null,"after":{"acl":"private","cache_control":null,"content":null,"content_base64":null,"content_disposition":null,"content_encoding":null,"content_language":null,"etag":"61c1992a0e4570b0ce1a2f381831250e","force_destroy":false,"key":"lirw-three-tier/backend/db.sql","metadata":null,"object_lock_legal_hold_status":null,"object_lock_mode":null,"object_lock_retain_until_date":null,"source":"./lirw-three-tier/backend/db.sql","source_hash":null,"tags":null,"website_redirect":null},"after_unknown":{"bucket":true,"bucket_key_enabled":true,"content_type":true,"id":true,"kms_key_id":true,"server_side_encryption":true,"storage_class":true,"tags_all":true,"version_id":true},"before_sensitive":false,"after_sensitive":{"tags_all":{}}}},{"address":"module.s3.aws_s3_object.app_code_upload[\"backend/package-lock.json\"]","module_address":"module.s3","mode":"managed","type":"aws_s3_object","name":"app_code_upload","index":"backend/package-lock.json","provider_name":"registry.terraform.io/hashicorp/aws","change":{"actions":["create"],"before":null,"after":{"acl":"private","cache_control":null,"content":null,"content_base64":null,"content_disposition":null,"content_encoding":null,"content_language":null,"etag":"7b2340c6c365d2cd49182f301624cf65","force_destroy":false,"key":"lirw-three-tier/backend/package-lock.json","metadata":null,"object_lock_legal_hold_status":null,"object_lock_mode":null,"object_lock_retain_until_date":null,"source":"./lirw-three-tier/backend/package-lock.json","source_hash":null,"tags":null,"website_redirect":null},"after_unknown":{"bucket":true,"bucket_key_enabled":true,"content_type":true,"id":true,"kms_key_id":true,"server_side_encryption":true,"storage_class":true,"tags_all":true,"version_id":true},"before_sensitive":false,"after_sensitive":{"tags_all":{}}}},{"address":"module.s3.aws_s3_object.app_code_upload[\"backend/package.json\"]","module_address":"module.s3","mode":"managed","type":"aws_s3_object","name":"app_code_upload","index":"backend/package.json","provider_name":"registry.terraform.io/hashicorp/aws","change":{"actions":["create"],"before":null,"after":{"acl":"private","cache_control":null,"content":null,"content_base64":null,"content_disposition":null,"content_encoding":null,"content_language":null,"etag":"25c54e799ffd78bdb458dfeca679834c","force_destroy":false,"key":"lirw-three-tier/backend/package.json","metadata":null,"object_lock_legal_hold_status":null,"object_lock_mode":null,"object_lock_retain_until_date":null,"source":"./lirw-three-tier/backend/package.json","source_hash":null,"tags":null,"website_redirect":null},"after_unknown":{"bucket":true,"bucket_key_enabled":true,"content_type":true,"id":true,"kms_key_id":true,"server_side_encryption":true,"storage_class":true,"tags_all":true,"version_id":true},"before_sensitive":false,"after_sensitive":{"tags_all":{}}}},{"address":"module.s3.aws_s3_object.app_code_upload[\"backend/routes/index.js\"]","module_address":"module.s3","mode":"managed","type":"aws_s3_object","name":"app_code_upload","index":"backend/routes/index.js","provider_name":"registry.terraform.io/hashicorp/aws","change":{"actions":["create"],"before":null,"after":{"acl":"private","cache_control":null,"content":null,"content_base64":null,"content_disposition":null,"content_encoding":null,"content_language":null,"etag":"65fbda16ff61aacd03d59813efda294e","force_destroy":false,"key":"lirw-three-tier/backend/routes/index.js","metadata":null,"object_lock_legal_hold_status":null,"object_lock_mode":null,"object_lock_retain_until_date":null,"source":"./lirw-three-tier/backend/routes/index.js","source_hash":null,"tags":null,"website_redirect":null},"after_unknown":{"bucket":true,"bucket_key_enabled":true,"content_type":true,"id":true,"kms_key_id":true,"server_side_encryption":true,"storage_class":true,"tags_all":true,"version_id":true},"before_sensitive":false,"after_sensitive":{"tags_all":{}}}},{"address":"module.s3.aws_s3_object.app_code_upload[\"backend/server.js\"]","module_address":"module.s3","mode":"managed","type":"aws_s3_object","name":"app_code_upload","index":"backend/server.js","provider_name":"registry.terraform.io/hashicorp/aws","change":{"actions":["create"],"before":null,"after":{"acl":"private","cache_control":null,"content":null,"content_base64":null,"content_disposition":null,"content_encoding":null,"content_language":null,"etag":"f99aa78d9b399c7741442d9feef1434c","force_destroy":false,"key":"lirw-three-tier/backend/server.js","metadata":null,"object_lock_legal_hold_status":null,"object_lock_mode":null,"object_lock_retain_until_date":null,"source":"./lirw-three-tier/backend/server.js","source_hash":null,"tags":null,"website_redirect":null},"after_unknown":{"bucket":true,"bucket_key_enabled":true,"content_type":true,"id":true,"kms_key_id":true,"server_side_encryption":true,"storage_class":true,"tags_all":true,"version_id":true},"before_sensitive":false,"after_sensitive":{"tags_all":{}}}},{"address":"module.s3.aws_s3_object.app_code_upload[\"backend/utils/logger.js\"]","module_address":"module.s3","mode":"managed","type":"aws_s3_object","name":"app_code_upload","index":"backend/utils/logger.js","provider_name":"registry.terraform.io/hashicorp/aws","change":{"actions":["create"],"before":null,"after":{"acl":"private","cache_control":null,"content":null,"content_base64":null,"content_disposition":null,"content_encoding":null,"content_language":null,"etag":"3a2f5bbfb70155dd22cab07ec0171c99","force_destroy":false,"key":"lirw-three-tier/backend/utils/logger.js","metadata":null,"object_lock_legal_hold_status":null,"object_lock_mode":null,"object_lock_retain_until_date":null,"source":"./lirw-three-tier/backend/utils/logger.js","source_hash":null,"tags":null,"website_redirect":null},"after_unknown":{"bucket":true,"bucket_key_enabled":true,"content_type":true,"id":true,"kms_key_id":true,"server_side_encryption":true,"storage_class":true,"tags_all":true,"version_id":true},"before_sensitive":false,"after_sensitive":{"tags_all":{}}}},{"address":"module.s3.aws_s3_object.app_code_upload[\"frontend/.eslintrc.cjs\"]","module_address":"module.s3","mode":"managed","type":"aws_s3_object","name":"app_code_upload","index":"frontend/.eslintrc.cjs","provider_name":"registry.terraform.io/hashicorp/aws","change":{"actions":["create"],"before":null,"after":{"acl":"private","cache_control":null,"content":null,"content_base64":null,"content_disposition":null,"content_encoding":null,"content_language":null,"etag":"aa6276b33c9b49a92af33e7db40a99fc","force_destroy":false,"key":"lirw-three-tier/frontend/.eslintrc.cjs","metadata":null,"object_lock_legal_hold_status":null,"object_lock_mode":null,"object_lock_retain_until_date":null,"source":"./lirw-three-tier/frontend/.eslintrc.cjs","source_hash":null,"tags":null,"website_redirect":null},"after_unknown":{"bucket":true,"bucket_key_enabled":true,"content_type":true,"id":true,"kms_key_id":true,"server_side_encryption":true,"storage_class":true,"tags_all":true,"version_id":true},"before_sensitive":false,"after_sensitive":{"tags_all":{}}}},{"address":"module.s3.aws_s3_object.app_code_upload[\"frontend/.gitignore\"]","module_address":"module.s3","mode":"managed","type":"aws_s3_object","name":"app_code_upload","index":"frontend/.gitignore","provider_name":"registry.terraform.io/hashicorp/aws","change":{"actions":["create"],"before":null,"after":{"acl":"private","cache_control":null,"content":null,"content_base64":null,"content_disposition":null,"content_encoding":null,"content_language":null,"etag":"86c8f8c0e3300ef07499498a84d8a18a","force_destroy":false,"key":"lirw-three-tier/frontend/.gitignore","metadata":null,"object_lock_legal_hold_status":null,"object_lock_mode":null,"object_lock_retain_until_date":null,"source":"./lirw-three-tier/frontend/.gitignore","source_hash":null,"tags":null,"website_redirect":null},"after_unknown":{"bucket":true,"bucket_key_enabled":true,"content_type":true,"id":true,"kms_key_id":true,"server_side_encryption":true,"storage_class":true,"tags_all":true,"version_id":true},"before_sensitive":false,"after_sensitive":{"tags_all":{}}}},{"address":"module.s3.aws_s3_object.app_code_upload[\"frontend/README.md\"]","module_address":"module.s3","mode":"managed","type":"aws_s3_object","name":"app_code_upload","index":"frontend/README.md","provider_name":"registry.terraform.io/hashicorp/aws","change":{"actions":["create"],"before":null,"after":{"acl":"private","cache_control":null,"content":null,"content_base64":null,"content_disposition":null,"content_encoding":null,"content_language":null,"etag":"09dcd1fe8afb036e3319620ec15bf9df","force_destroy":false,"key":"lirw-three-tier/frontend/README.md","metadata":null,"object_lock_legal_hold_status":null,"object_lock_mode":null,"object_lock_retain_until_date":null,"source":"./lirw-three-tier/frontend/README.md","source_hash":null,"tags":null,"website_redirect":null},"after_unknown":{"bucket":true,"bucket_key_enabled":true,"content_type":true,"id":true,"kms_key_id":true,"server_side_encryption":true,"storage_class":true,"tags_all":true,"version_id":true},"before_sensitive":false,"after_sensitive":{"tags_all":{}}}},{"address":"module.s3.aws_s3_object.app_code_upload[\"frontend/db.json\"]","module_address":"module.s3","mode":"managed","type":"aws_s3_object","name":"app_code_upload","index":"frontend/db.json","provider_name":"registry.terraform.io/hashicorp/aws","change":{"actions":["create"],"before":null,"after":{"acl":"private","cache_control":null,"content":null,"content_base64":null,"content_disposition":null,"content_encoding":null,"content_language":null,"etag":"c15fc13f2bfdf5cb69a8e0f288281543","force_destroy":false,"key":"lirw-three-tier/frontend/db.json","metadata":null,"object_lock_legal_hold_status":null,"object_lock_mode":null,"object_lock_retain_until_date":null,"source":"./lirw-three-tier/frontend/db.json","source_hash":null,"tags":null,"website_redirect":null},"after_unknown":{"bucket":true,"bucket_key_enabled":true,"content_type":true,"id":true,"kms_key_id":true,"server_side_encryption":true,"storage_class":true,"tags_all":true,"version_id":true},"before_sensitive":false,"after_sensitive":{"tags_all":{}}}},{"address":"module.s3.aws_s3_object.app_code_upload[\"frontend/index.html\"]","module_address":"module.s3","mode":"managed","type":"aws_s3_object","name":"app_code_upload","index":"frontend/index.html","provider_name":"registry.terraform.io/hashicorp/aws","change":{"actions":["create"],"before":null,"after":{"acl":"private","cache_control":null,"content":null,"content_base64":null,"content_disposition":null,"content_encoding":null,"content_language":null,"etag":"aa76b0a1e00a2a42f4cc2f35d11457ee","force_destroy":false,"key":"lirw-three-tier/frontend/index.html","metadata":null,"object_lock_legal_hold_status":null,"object_lock_mode":null,"object_lock_retain_until_date":null,"source":"./lirw-three-tier/frontend/index.html","source_hash":null,"tags":null,"website_redirect":null},"after_unknown":{"bucket":true,"bucket_key_enabled":true,"content_type":true,"id":true,"kms_key_id":true,"server_side_encryption":true,"storage_class":true,"tags_all":true,"version_id":true},"before_sensitive":false,"after_sensitive":{"tags_all":{}}}},{"address":"module.s3.aws_s3_object.app_code_upload[\"frontend/package-lock.json\"]","module_address":"module.s3","mode":"managed","type":"aws_s3_object","name":"app_code_upload","index":"frontend/package-lock.json","provider_name":"registry.terraform.io/hashicorp/aws","change":{"actions":["create"],"before":null,"after":{"acl":"private","cache_control":null,"content":null,"content_base64":null,"content_disposition":null,"content_encoding":null,"content_language":null,"etag":"90856f5586200ddb5c77ead63e9779e0","force_destroy":false,"key":"lirw-three-tier/frontend/package-lock.json","metadata":null,"object_lock_legal_hold_status":null,"object_lock_mode":null,"object_lock_retain_until_date":null,"source":"./lirw-three-tier/frontend/package-lock.json","source_hash":null,"tags":null,"website_redirect":null},"after_unknown":{"bucket":true,"bucket_key_enabled":true,"content_type":true,"id":true,"kms_key_id":true,"server_side_encryption":true,"storage_class":true,"tags_all":true,"version_id":true},"before_sensitive":false,"after_sensitive":{"tags_all":{}}}},{"address":"module.s3.aws_s3_object.app_code_upload[\"frontend/package.json\"]","module_address":"module.s3","mode":"managed","type":"aws_s3_object","name":"app_code_upload","index":"frontend/package.json","provider_name":"registry.terraform.io/hashicorp/aws","change":{"actions":["create"],"before":null,"after":{"acl":"private","cache_control":null,"content":null,"content_base64":null,"content_disposition":null,"content_encoding":null,"content_language":null,"etag":"5014d35f6760cfa4c1c1a67378c75c79","force_destroy":false,"key":"lirw-three-tier/frontend/package.json","metadata":null,"object_lock_legal_hold_status":null,"object_lock_mode":null,"object_lock_retain_until_date":null,"source":"./lirw-three-tier/frontend/package.json","source_hash":null,"tags":null,"website_redirect":null},"after_unknown":{"bucket":true,"bucket_key_enabled":true,"content_type":true,"id":true,"kms_key_id":true,"server_side_encryption":true,"storage_class":true,"tags_all":true,"version_id":true},"before_sensitive":false,"after_sensitive":{"tags_all":{}}}},{"address":"module.s3.aws_s3_object.app_code_upload[\"frontend/postcss.config.js\"]","module_address":"module.s3","mode":"managed","type":"aws_s3_object","name":"app_code_upload","index":"frontend/postcss.config.js","provider_name":"registry.terraform.io/hashicorp/aws","change":{"actions":["create"],"before":null,"after":{"acl":"private","cache_control":null,"content":null,"content_base64":null,"content_disposition":null,"content_encoding":null,"content_language":null,"etag":"5b84f4567208c7c747079c0477373231","force_destroy":false,"key":"lirw-three-tier/frontend/postcss.config.js","metadata":null,"object_lock_legal_hold_status":null,"object_lock_mode":null,"object_lock_retain_until_date":null,"source":"./lirw-three-tier/frontend/postcss.config.js","source_hash":null,"tags":null,"website_redirect":null},"after_unknown":{"bucket":true,"bucket_key_enabled":true,"content_type":true,"id":true,"kms_key_id":true,"server_side_encryption":true,"storage_class":true,"tags_all":true,"version_id":true},"before_sensitive":false,"after_sensitive":{"tags_all":{}}}},{"address":"module.s3.aws_s3_object.app_code_upload[\"frontend/public/ss/authors.png\"]","module_address":"module.s3","mode":"managed","type":"aws_s3_object","name":"app_code_upload","index":"frontend/public/ss/authors.png","provider_name":"registry.terraform.io/hashicorp/aws","change":{"actions":["create"],"before":null,"after":{"acl":"private","cache_control":null,"content":null,"content_base64":null,"content_disposition":null,"content_encoding":null,"content_language":null,"etag":"92aa832acb8d5e6a4ccbfd2ea0cf8cce","force_destroy":false,"key":"lirw-three-tier/frontend/public/ss/authors.png","metadata":null,"object_lock_legal_hold_status":null,"object_lock_mode":null,"object_lock_retain_until_date":null,"source":"./lirw-three-tier/frontend/public/ss/authors.png","source_hash":null,"tags":null,"website_redirect":null},"after_unknown":{"bucket":true,"bucket_key_enabled":true,"content_type":true,"id":true,"kms_key_id":true,"server_side_encryption":true,"storage_class":true,"tags_all":true,"version_id":true},"before_sensitive":false,"after_sensitive":{"tags_all":{}}}},{"address":"module.s3.aws_s3_object.app_code_upload[\"frontend/public/ss/books.png\"]","module_address":"module.s3","mode":"managed","type":"aws_s3_object","name":"app_code_upload","index":"frontend/public/ss/books.png","provider_name":"registry.terraform.io/hashicorp/aws","change":{"actions":["create"],"before":null,"after":{"acl":"private","cache_control":null,"content":null,"content_base64":null,"content_disposition":null,"content_encoding":null,"content_language":null,"etag":"473393cb87f9dd76e75dabe0b71e18ba","force_destroy":false,"key":"lirw-three-tier/frontend/public/ss/books.png","metadata":null,"object_lock_legal_hold_status":null,"object_lock_mode":null,"object_lock_retain_until_date":null,"source":"./lirw-three-tier/frontend/public/ss/books.png","source_hash":null,"tags":null,"website_redirect":null},"after_unknown":{"bucket":true,"bucket_key_enabled":true,"content_type":true,"id":true,"kms_key_id":true,"server_side_encryption":true,"storage_class":true,"tags_all":true,"version_id":true},"before_sensitive":false,"after_sensitive":{"tags_all":{}}}},{"address":"module.s3.aws_s3_object.app_code_upload[\"frontend/public/ss/dashboard.png\"]","module_address":"module.s3","mode":"managed","type":"aws_s3_object","name":"app_code_upload","index":"frontend/public/ss/dashboard.png","provider_name":"registry.terraform.io/hashicorp/aws","change":{"actions":["create"],"before":null,"after":{"acl":"private","cache_control":null,"content":null,"content_base64":null,"content_disposition":null,"content_encoding":null,"content_language":null,"etag":"8304a4e3d6e1d384bf7f5140973060a9","force_destroy":false,"key":"lirw-three-tier/frontend/public/ss/dashboard.png","metadata":null,"object_lock_legal_hold_status":null,"object_lock_mode":null,"object_lock_retain_until_date":null,"source":"./lirw-three-tier/frontend/public/ss/dashboard.png","source_hash":null,"tags":null,"website_redirect":null},"after_unknown":{"bucket":true,"bucket_key_enabled":true,"content_type":true,"id":true,"kms_key_id":true,"server_side_encryption":true,"storage_class":true,"tags_all":true,"version_id":true},"before_sensitive":false,"after_sensitive":{"tags_all":{}}}},{"address":"module.s3.aws_s3_object.app_code_upload[\"frontend/public/vite.svg\"]","module_address":"module.s3","mode":"managed","type":"aws_s3_object","name":"app_code_upload","index":"frontend/public/vite.svg","provider_name":"registry.terraform.io/hashicorp/aws","change":{"actions":["create"],"before":null,"after":{"acl":"private","cache_control":null,"content":null,"content_base64":null,"content_disposition":null,"content_encoding":null,"content_language":null,"etag":"8e3a10e157f75ada21ab742c022d5430","force_destroy":false,"key":"lirw-three-tier/frontend/public/vite.svg","metadata":null,"object_lock_legal_hold_status":null,"object_lock_mode":null,"object_lock_retain_until_date":null,"source":"./lirw-three-tier/frontend/public/vite.svg","source_hash":null,"tags":null,"website_redirect":null},"after_unknown":{"bucket":true,"bucket_key_enabled":true,"content_type":true,"id":true,"kms_key_id":true,"server_side_encryption":true,"storage_class":true,"tags_all":true,"version_id":true},"before_sensitive":false,"after_sensitive":{"tags_all":{}}}},{"address":"module.s3.aws_s3_object.app_code_upload[\"frontend/src/App.css\"]","module_address":"module.s3","mode":"managed","type":"aws_s3_object","name":"app_code_upload","index":"frontend/src/App.css","provider_name":"registry.terraform.io/hashicorp/aws","change":{"actions":["create"],"before":null,"after":{"acl":"private","cache_control":null,"content":null,"content_base64":null,"content_disposition":null,"content_encoding":null,"content_language":null,"etag":"d41d8cd98f00b204e9800998ecf8427e","force_destroy":false,"key":"lirw-three-tier/frontend/src/App.css","metadata":null,"object_lock_legal_hold_status":null,"object_lock_mode":null,"object_lock_retain_until_date":null,"source":"./lirw-three-tier/frontend/src/App.css","source_hash":null,"tags":null,"website_redirect":null},"after_unknown":{"bucket":true,"bucket_key_enabled":true,"content_type":true,"id":true,"kms_key_id":true,"server_side_encryption":true,"storage_class":true,"tags_all":true,"version_id":true},"before_sensitive":false,"after_sensitive":{"tags_all":{}}}},{"address":"module.s3.aws_s3_object.app_code_upload[\"frontend/src/App.tsx\"]","module_address":"module.s3","mode":"managed","type":"aws_s3_object","name":"app_code_upload","index":"frontend/src/App.tsx","provider_name":"registry.terraform.io/hashicorp/aws","change":{"actions":["create"],"before":null,"after":{"acl":"private","cache_control":null,"content":null,"content_base64":null,"content_disposition":null,"content_encoding":null,"content_language":null,"etag":"76d2ed3e0c0c01c20be2bba8d5e9e717","force_destroy":false,"key":"lirw-three-tier/frontend/src/App.tsx","metadata":null,"object_lock_legal_hold_status":null,"object_lock_mode":null,"object_lock_retain_until_date":null,"source":"./lirw-three-tier/frontend/src/App.tsx","source_hash":null,"tags":null,"website_redirect":null},"after_unknown":{"bucket":true,"bucket_key_enabled":true,"content_type":true,"id":true,"kms_key_id":true,"server_side_encryption":true,"storage_class":true,"tags_all":true,"version_id":true},"before_sensitive":false,"after_sensitive":{"tags_all":{}}}},{"address":"module.s3.aws_s3_object.app_code_upload[\"frontend/src/AuthorsPage.tsx\"]","module_address":"module.s3","mode":"managed","type":"aws_s3_object","name":"app_code_upload","index":"frontend/src/AuthorsPage.tsx","provider_name":"registry.terraform.io/hashicorp/aws","change":{"actions":["create"],"before":null,"after":{"acl":"private","cache_control":null,"content":null,"content_base64":null,"content_disposition":null,"content_encoding":null,"content_language":null,"etag":"285b91760379ab861da20c00a3ced808","force_destroy":false,"key":"lirw-three-tier/frontend/src/AuthorsPage.tsx","metadata":null,"object_lock_legal_hold_status":null,"object_lock_mode":null,"object_lock_retain_until_date":null,"source":"./lirw-three-tier/frontend/src/AuthorsPage.tsx","source_hash":null,"tags":null,"website_redirect":null},"after_unknown":{"bucket":true,"bucket_key_enabled":true,"content_type":true,"id":true,"kms_key_id":true,"server_side_encryption":true,"storage_class":true,"tags_all":true,"version_id":true},"before_sensitive":false,"after_sensitive":{"tags_all":{}}}},{"address":"module.s3.aws_s3_object.app_code_upload[\"frontend/src/BooksPage.tsx\"]","module_address":"module.s3","mode":"managed","type":"aws_s3_object","name":"app_code_upload","index":"frontend/src/BooksPage.tsx","provider_name":"registry.terraform.io/hashicorp/aws","change":{"actions":["create"],"before":null,"after":{"acl":"private","cache_control":null,"content":null,"content_base64":null,"content_disposition":null,"content_encoding":null,"content_language":null,"etag":"4b643a7b5969decc70673a7a17484c76","force_destroy":false,"key":"lirw-three-tier/frontend/src/BooksPage.tsx","metadata":null,"object_lock_legal_hold_status":null,"object_lock_mode":null,"object_lock_retain_until_date":null,"source":"./lirw-three-tier/frontend/src/BooksPage.tsx","source_hash":null,"tags":null,"website_redirect":null},"after_unknown":{"bucket":true,"bucket_key_enabled":true,"content_type":true,"id":true,"kms_key_id":true,"server_side_encryption":true,"storage_class":true,"tags_all":true,"version_id":true},"before_sensitive":false,"after_sensitive":{"tags_all":{}}}},{"address":"module.s3.aws_s3_object.app_code_upload[\"frontend/src/ErrorPage.tsx\"]","module_address":"module.s3","mode":"managed","type":"aws_s3_object","name":"app_code_upload","index":"frontend/src/ErrorPage.tsx","provider_name":"registry.terraform.io/hashicorp/aws","change":{"actions":["create"],"before":null,"after":{"acl":"private","cache_control":null,"content":null,"content_base64":null,"content_disposition":null,"content_encoding":null,"content_language":null,"etag":"0f9e5220850cad3b5a694afd2b83a75f","force_destroy":false,"key":"lirw-three-tier/frontend/src/ErrorPage.tsx","metadata":null,"object_lock_legal_hold_status":null,"object_lock_mode":null,"object_lock_retain_until_date":null,"source":"./lirw-three-tier/frontend/src/ErrorPage.tsx","source_hash":null,"tags":null,"website_redirect":null},"after_unknown":{"bucket":true,"bucket_key_enabled":true,"content_type":true,"id":true,"kms_key_id":true,"server_side_encryption":true,"storage_class":true,"tags_all":true,"version_id":true},"before_sensitive":false,"after_sensitive":{"tags_all":{}}}},{"address":"module.s3.aws_s3_object.app_code_upload[\"frontend/src/assets/react.svg\"]","module_address":"module.s3","mode":"managed","type":"aws_s3_object","name":"app_code_upload","index":"frontend/src/assets/react.svg","provider_name":"registry.terraform.io/hashicorp/aws","change":{"actions":["create"],"before":null,"after":{"acl":"private","cache_control":null,"content":null,"content_base64":null,"content_disposition":null,"content_encoding":null,"content_language":null,"etag":"f0402b67b6ce880f65666bb49e841696","force_destroy":false,"key":"lirw-three-tier/frontend/src/assets/react.svg","metadata":null,"object_lock_legal_hold_status":null,"object_lock_mode":null,"object_lock_retain_until_date":null,"source":"./lirw-three-tier/frontend/src/assets/react.svg","source_hash":null,"tags":null,"website_redirect":null},"after_unknown":{"bucket":true,"bucket_key_enabled":true,"content_type":true,"id":true,"kms_key_id":true,"server_side_encryption":true,"storage_class":true,"tags_all":true,"version_id":true},"before_sensitive":false,"after_sensitive":{"tags_all":{}}}},{"address":"module.s3.aws_s3_object.app_code_upload[\"frontend/src/components/AddEditAuthorModal.tsx\"]","module_address":"module.s3","mode":"managed","type":"aws_s3_object","name":"app_code_upload","index":"frontend/src/components/AddEditAuthorModal.tsx","provider_name":"registry.terraform.io/hashicorp/aws","change":{"actions":["create"],"before":null,"after":{"acl":"private","cache_control":null,"content":null,"content_base64":null,"content_disposition":null,"content_encoding":null,"content_language":null,"etag":"451b4b469132c9de5465f17bb489bd42","force_destroy":false,"key":"lirw-three-tier/frontend/src/components/AddEditAuthorModal.tsx","metadata":null,"object_lock_legal_hold_status":null,"object_lock_mode":null,"object_lock_retain_until_date":null,"source":"./lirw-three-tier/frontend/src/components/AddEditAuthorModal.tsx","source_hash":null,"tags":null,"website_redirect":null},"after_unknown":{"bucket":true,"bucket_key_enabled":true,"content_type":true,"id":true,"kms_key_id":true,"server_side_encryption":true,"storage_class":true,"tags_all":true,"version_id":true},"before_sensitive":false,"after_sensitive":{"tags_all":{}}}},{"address":"module.s3.aws_s3_object.app_code_upload[\"frontend/src/components/AddEditBookModal.tsx\"]","module_address":"module.s3","mode":"managed","type":"aws_s3_object","name":"app_code_upload","index":"frontend/src/components/AddEditBookModal.tsx","provider_name":"registry.terraform.io/hashicorp/aws","change":{"actions":["create"],"before":null,"after":{"acl":"private","cache_control":null,"content":null,"content_base64":null,"content_disposition":null,"content_encoding":null,"content_language":null,"etag":"39bc1b370ef0b7f020e202e4098d9496","force_destroy":false,"key":"lirw-three-tier/frontend/src/components/AddEditBookModal.tsx","metadata":null,"object_lock_legal_hold_status":null,"object_lock_mode":null,"object_lock_retain_until_date":null,"source":"./lirw-three-tier/frontend/src/components/AddEditBookModal.tsx","source_hash":null,"tags":null,"website_redirect":null},"after_unknown":{"bucket":true,"bucket_key_enabled":true,"content_type":true,"id":true,"kms_key_id":true,"server_side_encryption":true,"storage_class":true,"tags_all":true,"version_id":true},"before_sensitive":false,"after_sensitive":{"tags_all":{}}}},{"address":"module.s3.aws_s3_object.app_code_upload[\"frontend/src/components/AuthorCreateEditForm.tsx\"]","module_address":"module.s3","mode":"managed","type":"aws_s3_object","name":"app_code_upload","index":"frontend/src/components/AuthorCreateEditForm.tsx","provider_name":"registry.terraform.io/hashicorp/aws","change":{"actions":["create"],"before":null,"after":{"acl":"private","cache_control":null,"content":null,"content_base64":null,"content_disposition":null,"content_encoding":null,"content_language":null,"etag":"17c6c8ca0bca1ac11639eef11e76351e","force_destroy":false,"key":"lirw-three-tier/frontend/src/components/AuthorCreateEditForm.tsx","metadata":null,"object_lock_legal_hold_status":null,"object_lock_mode":null,"object_lock_retain_until_date":null,"source":"./lirw-three-tier/frontend/src/components/AuthorCreateEditForm.tsx","source_hash":null,"tags":null,"website_redirect":null},"after_unknown":{"bucket":true,"bucket_key_enabled":true,"content_type":true,"id":true,"kms_key_id":true,"server_side_encryption":true,"storage_class":true,"tags_all":true,"version_id":true},"before_sensitive":false,"after_sensitive":{"tags_all":{}}}},{"address":"module.s3.aws_s3_object.app_code_upload[\"frontend/src/components/BookCreateEditForm.tsx\"]","module_address":"module.s3","mode":"managed","type":"aws_s3_object","name":"app_code_upload","index":"frontend/src/components/BookCreateEditForm.tsx","provider_name":"registry.terraform.io/hashicorp/aws","change":{"actions":["create"],"before":null,"after":{"acl":"private","cache_control":null,"content":null,"content_base64":null,"content_disposition":null,"content_encoding":null,"content_language":null,"etag":"b839ce9f9518e3250bf3948718cece51","force_destroy":false,"key":"lirw-three-tier/frontend/src/components/BookCreateEditForm.tsx","metadata":null,"object_lock_legal_hold_status":null,"object_lock_mode":null,"object_lock_retain_until_date":null,"source":"./lirw-three-tier/frontend/src/components/BookCreateEditForm.tsx","source_hash":null,"tags":null,"website_redirect":null},"after_unknown":{"bucket":true,"bucket_key_enabled":true,"content_type":true,"id":true,"kms_key_id":true,"server_side_encryption":true,"storage_class":true,"tags_all":true,"version_id":true},"before_sensitive":false,"after_sensitive":{"tags_all":{}}}},{"address":"module.s3.aws_s3_object.app_code_upload[\"frontend/src/components/DeleteAuthorModal.tsx\"]","module_address":"module.s3","mode":"managed","type":"aws_s3_object","name":"app_code_upload","index":"frontend/src/components/DeleteAuthorModal.tsx","provider_name":"registry.terraform.io/hashicorp/aws","change":{"actions":["create"],"before":null,"after":{"acl":"private","cache_control":null,"content":null,"content_base64":null,"content_disposition":null,"content_encoding":null,"content_language":null,"etag":"7eddda376a407aaed2e722ea429d882e","force_destroy":false,"key":"lirw-three-tier/frontend/src/components/DeleteAuthorModal.tsx","metadata":null,"object_lock_legal_hold_status":null,"object_lock_mode":null,"object_lock_retain_until_date":null,"source":"./lirw-three-tier/frontend/src/components/DeleteAuthorModal.tsx","source_hash":null,"tags":null,"website_redirect":null},"after_unknown":{"bucket":true,"bucket_key_enabled":true,"content_type":true,"id":true,"kms_key_id":true,"server_side_encryption":true,"storage_class":true,"tags_all":true,"version_id":true},"before_sensitive":false,"after_sensitive":{"tags_all":{}}}},{"address":"module.s3.aws_s3_object.app_code_upload[\"frontend/src/components/DeleteBookModal.tsx\"]","module_address":"module.s3","mode":"managed","type":"aws_s3_object","name":"app_code_upload","index":"frontend/src/components/DeleteBookModal.tsx","provider_name":"registry.terraform.io/hashicorp/aws","change":{"actions":["create"],"before":null,"after":{"acl":"private","cache_control":null,"content":null,"content_base64":null,"content_disposition":null,"content_encoding":null,"content_language":null,"etag":"9e90b662b7f1a50e32701dc849661a7f","force_destroy":false,"key":"lirw-three-tier/frontend/src/components/DeleteBookModal.tsx","metadata":null,"object_lock_legal_hold_status":null,"object_lock_mode":null,"object_lock_retain_until_date":null,"source":"./lirw-three-tier/frontend/src/components/DeleteBookModal.tsx","source_hash":null,"tags":null,"website_redirect":null},"after_unknown":{"bucket":true,"bucket_key_enabled":true,"content_type":true,"id":true,"kms_key_id":true,"server_side_encryption":true,"storage_class":true,"tags_all":true,"version_id":true},"before_sensitive":false,"after_sensitive":{"tags_all":{}}}},{"address":"module.s3.aws_s3_object.app_code_upload[\"frontend/src/components/IconDelete.tsx\"]","module_address":"module.s3","mode":"managed","type":"aws_s3_object","name":"app_code_upload","index":"frontend/src/components/IconDelete.tsx","provider_name":"registry.terraform.io/hashicorp/aws","change":{"actions":["create"],"before":null,"after":{"acl":"private","cache_control":null,"content":null,"content_base64":null,"content_disposition":null,"content_encoding":null,"content_language":null,"etag":"6fc8f30d09314dd3ae13c8bc93fa5fe6","force_destroy":false,"key":"lirw-three-tier/frontend/src/components/IconDelete.tsx","metadata":null,"object_lock_legal_hold_status":null,"object_lock_mode":null,"object_lock_retain_until_date":null,"source":"./lirw-three-tier/frontend/src/components/IconDelete.tsx","source_hash":null,"tags":null,"website_redirect":null},"after_unknown":{"bucket":true,"bucket_key_enabled":true,"content_type":true,"id":true,"kms_key_id":true,"server_side_encryption":true,"storage_class":true,"tags_all":true,"version_id":true},"before_sensitive":false,"after_sensitive":{"tags_all":{}}}},{"address":"module.s3.aws_s3_object.app_code_upload[\"frontend/src/components/IconEdit.tsx\"]","module_address":"module.s3","mode":"managed","type":"aws_s3_object","name":"app_code_upload","index":"frontend/src/components/IconEdit.tsx","provider_name":"registry.terraform.io/hashicorp/aws","change":{"actions":["create"],"before":null,"after":{"acl":"private","cache_control":null,"content":null,"content_base64":null,"content_disposition":null,"content_encoding":null,"content_language":null,"etag":"b75c46b29da449026f7c302eea9530ee","force_destroy":false,"key":"lirw-three-tier/frontend/src/components/IconEdit.tsx","metadata":null,"object_lock_legal_hold_status":null,"object_lock_mode":null,"object_lock_retain_until_date":null,"source":"./lirw-three-tier/frontend/src/components/IconEdit.tsx","source_hash":null,"tags":null,"website_redirect":null},"after_unknown":{"bucket":true,"bucket_key_enabled":true,"content_type":true,"id":true,"kms_key_id":true,"server_side_encryption":true,"storage_class":true,"tags_all":true,"version_id":true},"before_sensitive":false,"after_sensitive":{"tags_all":{}}}},{"address":"module.s3.aws_s3_object.app_code_upload[\"frontend/src/components/IconView.tsx\"]","module_address":"module.s3","mode":"managed","type":"aws_s3_object","name":"app_code_upload","index":"frontend/src/components/IconView.tsx","provider_name":"registry.terraform.io/hashicorp/aws","change":{"actions":["create"],"before":null,"after":{"acl":"private","cache_control":null,"content":null,"content_base64":null,"content_disposition":null,"content_encoding":null,"content_language":null,"etag":"b4abb7298be41b5eab8fa2a5a1424698","force_destroy":false,"key":"lirw-three-tier/frontend/src/components/IconView.tsx","metadata":null,"object_lock_legal_hold_status":null,"object_lock_mode":null,"object_lock_retain_until_date":null,"source":"./lirw-three-tier/frontend/src/components/IconView.tsx","source_hash":null,"tags":null,"website_redirect":null},"after_unknown":{"bucket":true,"bucket_key_enabled":true,"content_type":true,"id":true,"kms_key_id":true,"server_side_encryption":true,"storage_class":true,"tags_all":true,"version_id":true},"before_sensitive":false,"after_sensitive":{"tags_all":{}}}},{"address":"module.s3.aws_s3_object.app_code_upload[\"frontend/src/components/ViewAuthorModal.tsx\"]","module_address":"module.s3","mode":"managed","type":"aws_s3_object","name":"app_code_upload","index":"frontend/src/components/ViewAuthorModal.tsx","provider_name":"registry.terraform.io/hashicorp/aws","change":{"actions":["create"],"before":null,"after":{"acl":"private","cache_control":null,"content":null,"content_base64":null,"content_disposition":null,"content_encoding":null,"content_language":null,"etag":"c9379fb597a3a91f82b22614797e2970","force_destroy":false,"key":"lirw-three-tier/frontend/src/components/ViewAuthorModal.tsx","metadata":null,"object_lock_legal_hold_status":null,"object_lock_mode":null,"object_lock_retain_until_date":null,"source":"./lirw-three-tier/frontend/src/components/ViewAuthorModal.tsx","source_hash":null,"tags":null,"website_redirect":null},"after_unknown":{"bucket":true,"bucket_key_enabled":true,"content_type":true,"id":true,"kms_key_id":true,"server_side_encryption":true,"storage_class":true,"tags_all":true,"version_id":true},"before_sensitive":false,"after_sensitive":{"tags_all":{}}}},{"address":"module.s3.aws_s3_object.app_code_upload[\"frontend/src/components/ViewBookModal.tsx\"]","module_address":"module.s3","mode":"managed","type":"aws_s3_object","name":"app_code_upload","index":"frontend/src/components/ViewBookModal.tsx","provider_name":"registry.terraform.io/hashicorp/aws","change":{"actions":["create"],"before":null,"after":{"acl":"private","cache_control":null,"content":null,"content_base64":null,"content_disposition":null,"content_encoding":null,"content_language":null,"etag":"aaa7070f115ef3383d51484ba03fe1db","force_destroy":false,"key":"lirw-three-tier/frontend/src/components/ViewBookModal.tsx","metadata":null,"object_lock_legal_hold_status":null,"object_lock_mode":null,"object_lock_retain_until_date":null,"source":"./lirw-three-tier/frontend/src/components/ViewBookModal.tsx","source_hash":null,"tags":null,"website_redirect":null},"after_unknown":{"bucket":true,"bucket_key_enabled":true,"content_type":true,"id":true,"kms_key_id":true,"server_side_encryption":true,"storage_class":true,"tags_all":true,"version_id":true},"before_sensitive":false,"after_sensitive":{"tags_all":{}}}},{"address":"module.s3.aws_s3_object.app_code_upload[\"frontend/src/index.css\"]","module_address":"module.s3","mode":"managed","type":"aws_s3_object","name":"app_code_upload","index":"frontend/src/index.css","provider_name":"registry.terraform.io/hashicorp/aws","change":{"actions":["create"],"before":null,"after":{"acl":"private","cache_control":null,"content":null,"content_base64":null,"content_disposition":null,"content_encoding":null,"content_language":null,"etag":"99c0b8c65d13e76f9c36a6117baec41d","force_destroy":false,"key":"lirw-three-tier/frontend/src/index.css","metadata":null,"object_lock_legal_hold_status":null,"object_lock_mode":null,"object_lock_retain_until_date":null,"source":"./lirw-three-tier/frontend/src/index.css","source_hash":null,"tags":null,"website_redirect":null},"after_unknown":{"bucket":true,"bucket_key_enabled":true,"content_type":true,"id":true,"kms_key_id":true,"server_side_encryption":true,"storage_class":true,"tags_all":true,"version_id":true},"before_sensitive":false,"after_sensitive":{"tags_all":{}}}},{"address":"module.s3.aws_s3_object.app_code_upload[\"frontend/src/main.tsx\"]","module_address":"module.s3","mode":"managed","type":"aws_s3_object","name":"app_code_upload","index":"frontend/src/main.tsx","provider_name":"registry.terraform.io/hashicorp/aws","change":{"actions":["create"],"before":null,"after":{"acl":"private","cache_control":null,"content":null,"content_base64":null,"content_disposition":null,"content_encoding":null,"content_language":null,"etag":"7a8b3672b6b4eb860824002ec5ee155b","force_destroy":false,"key":"lirw-three-tier/frontend/src/main.tsx","metadata":null,"object_lock_legal_hold_status":null,"object_lock_mode":null,"object_lock_retain_until_date":null,"source":"./lirw-three-tier/frontend/src/main.tsx","source_hash":null,"tags":null,"website_redirect":null},"after_unknown":{"bucket":true,"bucket_key_enabled":true,"content_type":true,"id":true,"kms_key_id":true,"server_side_encryption":true,"storage_class":true,"tags_all":true,"version_id":true},"before_sensitive":false,"after_sensitive":{"tags_all":{}}}},{"address":"module.s3.aws_s3_object.app_code_upload[\"frontend/src/models/Author.ts\"]","module_address":"module.s3","mode":"managed","type":"aws_s3_object","name":"app_code_upload","index":"frontend/src/models/Author.ts","provider_name":"registry.terraform.io/hashicorp/aws","change":{"actions":["create"],"before":null,"after":{"acl":"private","cache_control":null,"content":null,"content_base64":null,"content_disposition":null,"content_encoding":null,"content_language":null,"etag":"d1bd1deb14d0532e381b6c36415cdd5c","force_destroy":false,"key":"lirw-three-tier/frontend/src/models/Author.ts","metadata":null,"object_lock_legal_hold_status":null,"object_lock_mode":null,"object_lock_retain_until_date":null,"source":"./lirw-three-tier/frontend/src/models/Author.ts","source_hash":null,"tags":null,"website_redirect":null},"after_unknown":{"bucket":true,"bucket_key_enabled":true,"content_type":true,"id":true,"kms_key_id":true,"server_side_encryption":true,"storage_class":true,"tags_all":true,"version_id":true},"before_sensitive":false,"after_sensitive":{"tags_all":{}}}},{"address":"module.s3.aws_s3_object.app_code_upload[\"frontend/src/models/Books.ts\"]","module_address":"module.s3","mode":"managed","type":"aws_s3_object","name":"app_code_upload","index":"frontend/src/models/Books.ts","provider_name":"registry.terraform.io/hashicorp/aws","change":{"actions":["create"],"before":null,"after":{"acl":"private","cache_control":null,"content":null,"content_base64":null,"content_disposition":null,"content_encoding":null,"content_language":null,"etag":"d1fa413bc269efb18ec79b1ad863018d","force_destroy":false,"key":"lirw-three-tier/frontend/src/models/Books.ts","metadata":null,"object_lock_legal_hold_status":null,"object_lock_mode":null,"object_lock_retain_until_date":null,"source":"./lirw-three-tier/frontend/src/models/Books.ts","source_hash":null,"tags":null,"website_redirect":null},"after_unknown":{"bucket":true,"bucket_key_enabled":true,"content_type":true,"id":true,"kms_key_id":true,"server_side_encryption":true,"storage_class":true,"tags_all":true,"version_id":true},"before_sensitive":false,"after_sensitive":{"tags_all":{}}}},{"address":"module.s3.aws_s3_object.app_code_upload[\"frontend/src/vite-env.d.ts\"]","module_address":"module.s3","mode":"managed","type":"aws_s3_object","name":"app_code_upload","index":"frontend/src/vite-env.d.ts","provider_name":"registry.terraform.io/hashicorp/aws","change":{"actions":["create"],"before":null,"after":{"acl":"private","cache_control":null,"content":null,"content_base64":null,"content_disposition":null,"content_encoding":null,"content_language":null,"etag":"8f68c27c3fc38817b2726b20e2d4f1ee","force_destroy":false,"key":"lirw-three-tier/frontend/src/vite-env.d.ts","metadata":null,"object_lock_legal_hold_status":null,"object_lock_mode":null,"object_lock_retain_until_date":null,"source":"./lirw-three-tier/frontend/src/vite-env.d.ts","source_hash":null,"tags":null,"website_redirect":null},"after_unknown":{"bucket":true,"bucket_key_enabled":true,"content_type":true,"id":true,"kms_key_id":true,"server_side_encryption":true,"storage_class":true,"tags_all":true,"version_id":true},"before_sensitive":false,"after_sensitive":{"tags_all":{}}}},{"address":"module.s3.aws_s3_object.app_code_upload[\"frontend/tailwind.config.js\"]","module_address":"module.s3","mode":"managed","type":"aws_s3_object","name":"app_code_upload","index":"frontend/tailwind.config.js","provider_name":"registry.terraform.io/hashicorp/aws","change":{"actions":["create"],"before":null,"after":{"acl":"private","cache_control":null,"content":null,"content_base64":null,"content_disposition":null,"content_encoding":null,"content_language":null,"etag":"89c0aadbaae0e7f84e9ff2504fcaa16a","force_destroy":false,"key":"lirw-three-tier/frontend/tailwind.config.js","metadata":null,"object_lock_legal_hold_status":null,"object_lock_mode":null,"object_lock_retain_until_date":null,"source":"./lirw-three-tier/frontend/tailwind.config.js","source_hash":null,"tags":null,"website_redirect":null},"after_unknown":{"bucket":true,"bucket_key_enabled":true,"content_type":true,"id":true,"kms_key_id":true,"server_side_encryption":true,"storage_class":true,"tags_all":true,"version_id":true},"before_sensitive":false,"after_sensitive":{"tags_all":{}}}},{"address":"module.s3.aws_s3_object.app_code_upload[\"frontend/tsconfig.json\"]","module_address":"module.s3","mode":"managed","type":"aws_s3_object","name":"app_code_upload","index":"frontend/tsconfig.json","provider_name":"registry.terraform.io/hashicorp/aws","change":{"actions":["create"],"before":null,"after":{"acl":"private","cache_control":null,"content":null,"content_base64":null,"content_disposition":null,"content_encoding":null,"content_language":null,"etag":"7a931cf665b999dd157ba517f5cbd820","force_destroy":false,"key":"lirw-three-tier/frontend/tsconfig.json","metadata":null,"object_lock_legal_hold_status":null,"object_lock_mode":null,"object_lock_retain_until_date":null,"source":"./lirw-three-tier/frontend/tsconfig.json","source_hash":null,"tags":null,"website_redirect":null},"after_unknown":{"bucket":true,"bucket_key_enabled":true,"content_type":true,"id":true,"kms_key_id":true,"server_side_encryption":true,"storage_class":true,"tags_all":true,"version_id":true},"before_sensitive":false,"after_sensitive":{"tags_all":{}}}},{"address":"module.s3.aws_s3_object.app_code_upload[\"frontend/tsconfig.node.json\"]","module_address":"module.s3","mode":"managed","type":"aws_s3_object","name":"app_code_upload","index":"frontend/tsconfig.node.json","provider_name":"registry.terraform.io/hashicorp/aws","change":{"actions":["create"],"before":null,"after":{"acl":"private","cache_control":null,"content":null,"content_base64":null,"content_disposition":null,"content_encoding":null,"content_language":null,"etag":"1b9d83e27fae726e66ba0661575c7f15","force_destroy":false,"key":"lirw-three-tier/frontend/tsconfig.node.json","metadata":null,"object_lock_legal_hold_status":null,"object_lock_mode":null,"object_lock_retain_until_date":null,"source":"./lirw-three-tier/frontend/tsconfig.node.json","source_hash":null,"tags":null,"website_redirect":null},"after_unknown":{"bucket":true,"bucket_key_enabled":true,"content_type":true,"id":true,"kms_key_id":true,"server_side_encryption":true,"storage_class":true,"tags_all":true,"version_id":true},"before_sensitive":false,"after_sensitive":{"tags_all":{}}}},{"address":"module.s3.aws_s3_object.app_code_upload[\"frontend/vite.config.ts\"]","module_address":"module.s3","mode":"managed","type":"aws_s3_object","name":"app_code_upload","index":"frontend/vite.config.ts","provider_name":"registry.terraform.io/hashicorp/aws","change":{"actions":["create"],"before":null,"after":{"acl":"private","cache_control":null,"content":null,"content_base64":null,"content_disposition":null,"content_encoding":null,"content_language":null,"etag":"0a81e4c5b32b2af661ac6853bbe8d961","force_destroy":false,"key":"lirw-three-tier/frontend/vite.config.ts","metadata":null,"object_lock_legal_hold_status":null,"object_lock_mode":null,"object_lock_retain_until_date":null,"source":"./lirw-three-tier/frontend/vite.config.ts","source_hash":null,"tags":null,"website_redirect":null},"after_unknown":{"bucket":true,"bucket_key_enabled":true,"content_type":true,"id":true,"kms_key_id":true,"server_side_encryption":true,"storage_class":true,"tags_all":true,"version_id":true},"before_sensitive":false,"after_sensitive":{"tags_all":{}}}},{"address":"module.security-group.aws_security_group.alb_sg","module_address":"module.security-group","mode":"managed","type":"aws_security_group","name":"alb_sg","provider_name":"registry.terraform.io/hashicorp/aws","change":{"actions":["create"],"before":null,"after":{"description":"enable http/https access on port 80/443","egress":[{"cidr_blocks":["0.0.0.0/0"],"description":"","from_port":0,"ipv6_cidr_blocks":[],"prefix_list_ids":[],"protocol":"-1","security_groups":[],"self":false,"to_port":0}],"ingress":[{"cidr_blocks":["0.0.0.0/0"],"description":"http access","from_port":80,"ipv6_cidr_blocks":[],"prefix_list_ids":[],"protocol":"tcp","security_groups":[],"self":false,"to_port":80},{"cidr_blocks":["0.0.0.0/0"],"description":"https access","from_port":443,"ipv6_cidr_blocks":[],"prefix_list_ids":[],"protocol":"tcp","security_groups":[],"self":false,"to_port":443}],"name":"alb security group","revoke_rules_on_delete":false,"tags":{"Name":"alb_sg"},"tags_all":{"Name":"alb_sg"},"timeouts":null},"after_unknown":{"arn":true,"egress":[{"cidr_blocks":[false],"ipv6_cidr_blocks":[],"prefix_list_ids":[],"security_groups":[]}],"id":true,"ingress":[{"cidr_blocks":[false],"ipv6_cidr_blocks":[],"prefix_list_ids":[],"security_groups":[]},{"cidr_blocks":[false],"ipv6_cidr_blocks":[],"prefix_list_ids":[],"security_groups":[]}],"name_prefix":true,"owner_id":true,"tags":{},"tags_all":{},"vpc_id":true},"before_sensitive":false,"after_sensitive":{"egress":[{"cidr_blocks":[false],"ipv6_cidr_blocks":[],"prefix_list_ids":[],"security_groups":[]}],"ingress":[{"cidr_blocks":[false],"ipv6_cidr_blocks":[],"prefix_list_ids":[],"security_groups":[]},{"cidr_blocks":[false],"ipv6_cidr_blocks":[],"prefix_list_ids":[],"security_groups":[]}],"tags":{},"tags_all":{}}}},{"address":"module.security-group.aws_security_group.client_sg","module_address":"module.security-group","mode":"managed","type":"aws_security_group","name":"client_sg","provider_name":"registry.terraform.io/hashicorp/aws","change":{"actions":["create"],"before":null,"after":{"description":"enable http/https access on port 80 for client sg","egress":[{"cidr_blocks":["0.0.0.0/0"],"description":"","from_port":0,"ipv6_cidr_blocks":[],"prefix_list_ids":[],"protocol":"-1","security_groups":[],"self":false,"to_port":0}],"ingress":[{"cidr_blocks":["0.0.0.0/0"],"description":"custom ssh access","from_port":22,"ipv6_cidr_blocks":[],"prefix_list_ids":[],"protocol":"ssh","security_groups":[],"self":false,"to_port":22},{"cidr_blocks":[],"description":"http access","from_port":80,"ipv6_cidr_blocks":[],"prefix_list_ids":[],"protocol":"tcp","self":false,"to_port":80}],"name":"client_sg","revoke_rules_on_delete":false,"tags":{"Name":"Client_sg"},"tags_all":{"Name":"Client_sg"},"timeouts":null},"after_unknown":{"arn":true,"egress":[{"cidr_blocks":[false],"ipv6_cidr_blocks":[],"prefix_list_ids":[],"security_groups":[]}],"id":true,"ingress":[{"cidr_blocks":[false],"ipv6_cidr_blocks":[],"prefix_list_ids":[],"security_groups":[]},{"cidr_blocks":[],"ipv6_cidr_blocks":[],"prefix_list_ids":[],"security_groups":true}],"name_prefix":true,"owner_id":true,"tags":{},"tags_all":{},"vpc_id":true},"before_sensitive":false,"after_sensitive":{"egress":[{"cidr_blocks":[false],"ipv6_cidr_blocks":[],"prefix_list_ids":[],"security_groups":[]}],"ingress":[{"cidr_blocks":[false],"ipv6_cidr_blocks":[],"prefix_list_ids":[],"security_groups":[]},{"cidr_blocks":[],"ipv6_cidr_blocks":[],"prefix_list_ids":[],"security_groups":[]}],"tags":{},"tags_all":{}}}},{"address":"module.security-group.aws_security_group.db_sg","module_address":"module.security-group","mode":"managed","type":"aws_security_group","name":"db_sg","provider_name":"registry.terraform.io/hashicorp/aws","change":{"actions":["create"],"before":null,"after":{"description":"enable mysql access on port 3305 from server-sg","egress":[{"cidr_blocks":["0.0.0.0/0"],"description":"","from_port":0,"ipv6_cidr_blocks":[],"prefix_list_ids":[],"protocol":"-1","security_groups":[],"self":false,"to_port":0}],"ingress":[{"cidr_blocks":[],"description":"mysql access","from_port":3306,"ipv6_cidr_blocks":[],"prefix_list_ids":[],"protocol":"tcp","self":false,"to_port":3306}],"name":"db_sg","revoke_rules_on_delete":false,"tags":{"Name":"database_sg"},"tags_all":{"Name":"database_sg"},"timeouts":null},"after_unknown":{"arn":true,"egress":[{"cidr_blocks":[false],"ipv6_cidr_blocks":[],"prefix_list_ids":[],"security_groups":[]}],"id":true,"ingress":[{"cidr_blocks":[],"ipv6_cidr_blocks":[],"prefix_list_ids":[],"security_groups":true}],"name_prefix":true,"owner_id":true,"tags":{},"tags_all":{},"vpc_id":true},"before_sensitive":false,"after_sensitive":{"egress":[{"cidr_blocks":[false],"ipv6_cidr_blocks":[],"prefix_list_ids":[],"security_groups":[]}],"ingress":[{"cidr_blocks":[],"ipv6_cidr_blocks":[],"prefix_list_ids":[],"security_groups":[]}],"tags":{},"tags_all":{}}}},{"address":"module.security-group.aws_security_group.internal_alb_sg","module_address":"module.security-group","mode":"managed","type":"aws_security_group","name":"internal_alb_sg","provider_name":"registry.terraform.io/hashicorp/aws","change":{"actions":["create"],"before":null,"after":{"description":"enable http/https access on port 80 for internal alb sg","egress":[{"cidr_blocks":["0.0.0.0/0"],"description":"","from_port":0,"ipv6_cidr_blocks":[],"prefix_list_ids":[],"protocol":"-1","security_groups":[],"self":false,"to_port":0}],"ingress":[{"cidr_blocks":[],"description":"http access","from_port":80,"ipv6_cidr_blocks":[],"prefix_list_ids":[],"protocol":"tcp","self":false,"to_port":80}],"name":"internal_alb_sg","revoke_rules_on_delete":false,"tags":{"Name":"internal_alb_sg"},"tags_all":{"Name":"internal_alb_sg"},"timeouts":null},"after_unknown":{"arn":true,"egress":[{"cidr_blocks":[false],"ipv6_cidr_blocks":[],"prefix_list_ids":[],"security_groups":[]}],"id":true,"ingress":[{"cidr_blocks":[],"ipv6_cidr_blocks":[],"prefix_list_ids":[],"security_groups":true}],"name_prefix":true,"owner_id":true,"tags":{},"tags_all":{},"vpc_id":true},"before_sensitive":false,"after_sensitive":{"egress":[{"cidr_blocks":[false],"ipv6_cidr_blocks":[],"prefix_list_ids":[],"security_groups":[]}],"ingress":[{"cidr_blocks":[],"ipv6_cidr_blocks":[],"prefix_list_ids":[],"security_groups":[]}],"tags":{},"tags_all":{}}}},{"address":"module.security-group.aws_security_group.server_sg","module_address":"module.security-group","mode":"managed","type":"aws_security_group","name":"server_sg","provider_name":"registry.terraform.io/hashicorp/aws","change":{"actions":["create"],"before":null,"after":{"description":"enable http/https access on port 4000 for server app sg","egress":[{"cidr_blocks":["0.0.0.0/0"],"description":"","from_port":0,"ipv6_cidr_blocks":[],"prefix_list_ids":[],"protocol":"-1","security_groups":[],"self":false,"to_port":0}],"ingress":[{"cidr_blocks":["0.0.0.0/0"],"description":"custom ssh access","from_port":22,"ipv6_cidr_blocks":[],"prefix_list_ids":[],"protocol":"ssh","security_groups":[],"self":false,"to_port":22},{"cidr_blocks":[],"description":"custom tcp access","from_port":4000,"ipv6_cidr_blocks":[],"prefix_list_ids":[],"protocol":"tcp","self":false,"to_port":4000}],"name":"server_sg","revoke_rules_on_delete":false,"tags":{"Name":"server_sg"},"tags_all":{"Name":"server_sg"},"timeouts":null},"after_unknown":{"arn":true,"egress":[{"cidr_blocks":[false],"ipv6_cidr_blocks":[],"prefix_list_ids":[],"security_groups":[]}],"id":true,"ingress":[{"cidr_blocks":[false],"ipv6_cidr_blocks":[],"prefix_list_ids":[],"security_groups":[]},{"cidr_blocks":[],"ipv6_cidr_blocks":[],"prefix_list_ids":[],"security_groups":true}],"name_prefix":true,"owner_id":true,"tags":{},"tags_all":{},"vpc_id":true},"before_sensitive":false,"after_sensitive":{"egress":[{"cidr_blocks":[false],"ipv6_cidr_blocks":[],"prefix_list_ids":[],"security_groups":[]}],"ingress":[{"cidr_blocks":[false],"ipv6_cidr_blocks":[],"prefix_list_ids":[],"security_groups":[]},{"cidr_blocks":[],"ipv6_cidr_blocks":[],"prefix_list_ids":[],"security_groups":[]}],"tags":{},"tags_all":{}}}},{"address":"module.vpc.aws_internet_gateway.internet_gateway","module_address":"module.vpc","mode":"managed","type":"aws_internet_gateway","name":"internet_gateway","provider_name":"registry.terraform.io/hashicorp/aws","change":{"actions":["create"],"before":null,"after":{"tags":{"Name":"lirw-three-tier-app-igw"},"tags_all":{"Name":"lirw-three-tier-app-igw"},"timeouts":null},"after_unknown":{"arn":true,"id":true,"owner_id":true,"tags":{},"tags_all":{},"vpc_id":true},"before_sensitive":false,"after_sensitive":{"tags":{},"tags_all":{}}}},{"address":"module.vpc.aws_route_table.public_route_table","module_address":"module.vpc","mode":"managed","type":"aws_route_table","name":"public_route_table","provider_name":"registry.terraform.io/hashicorp/aws","change":{"actions":["create"],"before":null,"after":{"route":[{"carrier_gateway_id":"","cidr_block":"0.0.0.0/0","core_network_arn":"","destination_prefix_list_id":"","egress_only_gateway_id":"","instance_id":"","ipv6_cidr_block":"","local_gateway_id":"","nat_gateway_id":"","network_interface_id":"","transit_gateway_id":"","vpc_endpoint_id":"","vpc_peering_connection_id":""}],"tags":{"Name":"Public-rt"},"tags_all":{"Name":"Public-rt"},"timeouts":null},"after_unknown":{"arn":true,"id":true,"owner_id":true,"propagating_vgws":true,"route":[{"gateway_id":true}],"tags":{},"tags_all":{},"vpc_id":true},"before_sensitive":false,"after_sensitive":{"propagating_vgws":[],"route":[{}],"tags":{},"tags_all":{}}}},{"address":"module.vpc.aws_route_table_association.pub-sub-1a_route_table_association","module_address":"module.vpc","mode":"managed","type":"aws_route_table_association","name":"pub-sub-1a_route_table_association","provider_name":"registry.terraform.io/hashicorp/aws","change":{"actions":["create"],"before":null,"after":{"gateway_id":null,"timeouts":null},"after_unknown":{"id":true,"route_table_id":true,"subnet_id":true},"before_sensitive":false,"after_sensitive":{}}},{"address":"module.vpc.aws_route_table_association.pub-sub-2-b_route_table_association","module_address":"module.vpc","mode":"managed","type":"aws_route_table_association","name":"pub-sub-2-b_route_table_association","provider_name":"registry.terraform.io/hashicorp/aws","change":{"actions":["create"],"before":null,"after":{"gateway_id":null,"timeouts":null},"after_unknown":{"id":true,"route_table_id":true,"subnet_id":true},"before_sensitive":false,"after_sensitive":{}}},{"address":"module.vpc.aws_subnet.pri_sub_3a","module_address":"module.vpc","mode":"managed","type":"aws_subnet","name":"pri_sub_3a","provider_name":"registry.terraform.io/hashicorp/aws","change":{"actions":["create"],"before":null,"after":{"assign_ipv6_address_on_creation":false,"availability_zone":"us-east-1a","cidr_block":"10.0.3.0/24","customer_owned_ipv4_pool":null,"enable_dns64":false,"enable_lni_at_device_index":null,"enable_resource_name_dns_a_record_on_launch":false,"enable_resource_name_dns_aaaa_record_on_launch":false,"ipv6_cidr_block":null,"ipv6_native":false,"map_customer_owned_ip_on_launch":null,"map_public_ip_on_launch":false,"outpost_arn":null,"tags":{"Name":"pri-sub-3a"},"tags_all":{"Name":"pri-sub-3a"},"timeouts":null},"after_unknown":{"arn":true,"availability_zone_id":true,"id":true,"ipv6_cidr_block_association_id":true,"owner_id":true,"private_dns_hostname_type_on_launch":true,"tags":{},"tags_all":{},"vpc_id":true},"before_sensitive":false,"after_sensitive":{"tags":{},"tags_all":{}}}},{"address":"module.vpc.aws_subnet.pri_sub_4b","module_address":"module.vpc","mode":"managed","type":"aws_subnet","name":"pri_sub_4b","provider_name":"registry.terraform.io/hashicorp/aws","change":{"actions":["create"],"before":null,"after":{"assign_ipv6_address_on_creation":false,"availability_zone":"us-east-1b","cidr_block":"10.0.4.0/24","customer_owned_ipv4_pool":null,"enable_dns64":false,"enable_lni_at_device_index":null,"enable_resource_name_dns_a_record_on_launch":false,"enable_resource_name_dns_aaaa_record_on_launch":false,"ipv6_cidr_block":null,"ipv6_native":false,"map_customer_owned_ip_on_launch":null,"map_public_ip_on_launch":false,"outpost_arn":null,"tags":{"Name":"pri-sub-4b"},"tags_all":{"Name":"pri-sub-4b"},"timeouts":null},"after_unknown":{"arn":true,"availability_zone_id":true,"id":true,"ipv6_cidr_block_association_id":true,"owner_id":true,"private_dns_hostname_type_on_launch":true,"tags":{},"tags_all":{},"vpc_id":true},"before_sensitive":false,"after_sensitive":{"tags":{},"tags_all":{}}}},{"address":"module.vpc.aws_subnet.pri_sub_5a","module_address":"module.vpc","mode":"managed","type":"aws_subnet","name":"pri_sub_5a","provider_name":"registry.terraform.io/hashicorp/aws","change":{"actions":["create"],"before":null,"after":{"assign_ipv6_address_on_creation":false,"availability_zone":"us-east-1a","cidr_block":"10.0.5.0/24","customer_owned_ipv4_pool":null,"enable_dns64":false,"enable_lni_at_device_index":null,"enable_resource_name_dns_a_record_on_launch":false,"enable_resource_name_dns_aaaa_record_on_launch":false,"ipv6_cidr_block":null,"ipv6_native":false,"map_customer_owned_ip_on_launch":null,"map_public_ip_on_launch":false,"outpost_arn":null,"tags":{"Name":"pri-sub-5a"},"tags_all":{"Name":"pri-sub-5a"},"timeouts":null},"after_unknown":{"arn":true,"availability_zone_id":true,"id":true,"ipv6_cidr_block_association_id":true,"owner_id":true,"private_dns_hostname_type_on_launch":true,"tags":{},"tags_all":{},"vpc_id":true},"before_sensitive":false,"after_sensitive":{"tags":{},"tags_all":{}}}},{"address":"module.vpc.aws_subnet.pri_sub_6b","module_address":"module.vpc","mode":"managed","type":"aws_subnet","name":"pri_sub_6b","provider_name":"registry.terraform.io/hashicorp/aws","change":{"actions":["create"],"before":null,"after":{"assign_ipv6_address_on_creation":false,"availability_zone":"us-east-1b","cidr_block":"10.0.6.0/24","customer_owned_ipv4_pool":null,"enable_dns64":false,"enable_lni_at_device_index":null,"enable_resource_name_dns_a_record_on_launch":false,"enable_resource_name_dns_aaaa_record_on_launch":false,"ipv6_cidr_block":null,"ipv6_native":false,"map_customer_owned_ip_on_launch":null,"map_public_ip_on_launch":false,"outpost_arn":null,"tags":{"Name":"pri-sub-6b"},"tags_all":{"Name":"pri-sub-6b"},"timeouts":null},"after_unknown":{"arn":true,"availability_zone_id":true,"id":true,"ipv6_cidr_block_association_id":true,"owner_id":true,"private_dns_hostname_type_on_launch":true,"tags":{},"tags_all":{},"vpc_id":true},"before_sensitive":false,"after_sensitive":{"tags":{},"tags_all":{}}}},{"address":"module.vpc.aws_subnet.pri_sub_7a","module_address":"module.vpc","mode":"managed","type":"aws_subnet","name":"pri_sub_7a","provider_name":"registry.terraform.io/hashicorp/aws","change":{"actions":["create"],"before":null,"after":{"assign_ipv6_address_on_creation":false,"availability_zone":"us-east-1a","cidr_block":"10.0.7.0/24","customer_owned_ipv4_pool":null,"enable_dns64":false,"enable_lni_at_device_index":null,"enable_resource_name_dns_a_record_on_launch":false,"enable_resource_name_dns_aaaa_record_on_launch":false,"ipv6_cidr_block":null,"ipv6_native":false,"map_customer_owned_ip_on_launch":null,"map_public_ip_on_launch":false,"outpost_arn":null,"tags":{"Name":"pri-sub-7a"},"tags_all":{"Name":"pri-sub-7a"},"timeouts":null},"after_unknown":{"arn":true,"availability_zone_id":true,"id":true,"ipv6_cidr_block_association_id":true,"owner_id":true,"private_dns_hostname_type_on_launch":true,"tags":{},"tags_all":{},"vpc_id":true},"before_sensitive":false,"after_sensitive":{"tags":{},"tags_all":{}}}},{"address":"module.vpc.aws_subnet.pri_sub_8b","module_address":"module.vpc","mode":"managed","type":"aws_subnet","name":"pri_sub_8b","provider_name":"registry.terraform.io/hashicorp/aws","change":{"actions":["create"],"before":null,"after":{"assign_ipv6_address_on_creation":false,"availability_zone":"us-east-1b","cidr_block":"10.0.8.0/24","customer_owned_ipv4_pool":null,"enable_dns64":false,"enable_lni_at_device_index":null,"enable_resource_name_dns_a_record_on_launch":false,"enable_resource_name_dns_aaaa_record_on_launch":false,"ipv6_cidr_block":null,"ipv6_native":false,"map_customer_owned_ip_on_launch":null,"map_public_ip_on_launch":false,"outpost_arn":null,"tags":{"Name":"pri-sub-8b"},"tags_all":{"Name":"pri-sub-8b"},"timeouts":null},"after_unknown":{"arn":true,"availability_zone_id":true,"id":true,"ipv6_cidr_block_association_id":true,"owner_id":true,"private_dns_hostname_type_on_launch":true,"tags":{},"tags_all":{},"vpc_id":true},"before_sensitive":false,"after_sensitive":{"tags":{},"tags_all":{}}}},{"address":"module.vpc.aws_subnet.pub_sub_1a","module_address":"module.vpc","mode":"managed","type":"aws_subnet","name":"pub_sub_1a","provider_name":"registry.terraform.io/hashicorp/aws","change":{"actions":["create"],"before":null,"after":{"assign_ipv6_address_on_creation":false,"availability_zone":"us-east-1a","cidr_block":"10.0.1.0/24","customer_owned_ipv4_pool":null,"enable_dns64":false,"enable_lni_at_device_index":null,"enable_resource_name_dns_a_record_on_launch":false,"enable_resource_name_dns_aaaa_record_on_launch":false,"ipv6_cidr_block":null,"ipv6_native":false,"map_customer_owned_ip_on_launch":null,"map_public_ip_on_launch":true,"outpost_arn":null,"tags":{"Name":"pub_sub_1a"},"tags_all":{"Name":"pub_sub_1a"},"timeouts":null},"after_unknown":{"arn":true,"availability_zone_id":true,"id":true,"ipv6_cidr_block_association_id":true,"owner_id":true,"private_dns_hostname_type_on_launch":true,"tags":{},"tags_all":{},"vpc_id":true},"before_sensitive":false,"after_sensitive":{"tags":{},"tags_all":{}}}},{"address":"module.vpc.aws_subnet.pub_sub_2b","module_address":"module.vpc","mode":"managed","type":"aws_subnet","name":"pub_sub_2b","provider_name":"registry.terraform.io/hashicorp/aws","change":{"actions":["create"],"before":null,"after":{"assign_ipv6_address_on_creation":false,"availability_zone":"us-east-1b","cidr_block":"10.0.2.0/24","customer_owned_ipv4_pool":null,"enable_dns64":false,"enable_lni_at_device_index":null,"enable_resource_name_dns_a_record_on_launch":false,"enable_resource_name_dns_aaaa_record_on_launch":false,"ipv6_cidr_block":null,"ipv6_native":false,"map_customer_owned_ip_on_launch":null,"map_public_ip_on_launch":true,"outpost_arn":null,"tags":{"Name":"pub_sub_2b"},"tags_all":{"Name":"pub_sub_2b"},"timeouts":null},"after_unknown":{"arn":true,"availability_zone_id":true,"id":true,"ipv6_cidr_block_association_id":true,"owner_id":true,"private_dns_hostname_type_on_launch":true,"tags":{},"tags_all":{},"vpc_id":true},"before_sensitive":false,"after_sensitive":{"tags":{},"tags_all":{}}}},{"address":"module.vpc.aws_vpc.vpc","module_address":"module.vpc","mode":"managed","type":"aws_vpc","name":"vpc","provider_name":"registry.terraform.io/hashicorp/aws","change":{"actions":["create"],"before":null,"after":{"assign_generated_ipv6_cidr_block":null,"cidr_block":"10.0.0.0/16","enable_dns_hostnames":true,"enable_dns_support":true,"instance_tenancy":"default","ipv4_ipam_pool_id":null,"ipv4_netmask_length":null,"ipv6_ipam_pool_id":null,"ipv6_netmask_length":null,"tags":{"Name":"lirw-three-tier-app-vpc"},"tags_all":{"Name":"lirw-three-tier-app-vpc"}},"after_unknown":{"arn":true,"default_network_acl_id":true,"default_route_table_id":true,"default_security_group_id":true,"dhcp_options_id":true,"enable_classiclink":true,"enable_classiclink_dns_support":true,"enable_network_address_usage_metrics":true,"id":true,"ipv6_association_id":true,"ipv6_cidr_block":true,"ipv6_cidr_block_network_border_group":true,"main_route_table_id":true,"owner_id":true,"tags":{},"tags_all":{}},"before_sensitive":false,"after_sensitive":{"tags":{},"tags_all":{}}}}],"output_changes":{"client_key_name":{"actions":["create"],"before":null,"after":"client_key","after_unknown":false,"before_sensitive":false,"after_sensitive":false},"server_key_name":{"actions":["create"],"before":null,"after":"client_key","after_unknown":false,"before_sensitive":false,"after_sensitive":false}},"prior_state":{"format_version":"1.0","terraform_version":"1.13.3","values":{"outputs":{"client_key_name":{"sensitive":false,"value":"client_key","type":"string"},"server_key_name":{"sensitive":false,"value":"client_key","type":"string"}},"root_module":{"child_modules":[{"resources":[{"address":"module.acm.data.aws_route53_zone.public-zone","mode":"data","type":"aws_route53_zone","name":"public-zone","provider_name":"registry.terraform.io/hashicorp/aws","schema_version":0,"values":{"arn":"arn:aws:route53:::hostedzone/Z01883253QKY9CDJWMTTM","caller_reference":"62abbaba-598c-448a-9a31-e7b267070082","comment":"development sandbox domain from me","id":"Z01883253QKY9CDJWMTTM","linked_service_description":null,"linked_service_principal":null,"name":"devsandbox.space","name_servers":["ns-49.awsdns-06.com","ns-1775.awsdns-29.co.uk","ns-1305.awsdns-35.org","ns-976.awsdns-58.net"],"primary_name_server":"ns-49.awsdns-06.com","private_zone":false,"resource_record_set_count":2,"tags":{"Name":"dev-sandbox"},"vpc_id":null,"zone_id":"Z01883253QKY9CDJWMTTM"},"sensitive_values":{"name_servers":[false,false,false,false],"tags":{}}}],"address":"module.acm"},{"resources":[{"address":"module.vpc.data.aws_availability_zones.available_zones","mode":"data","type":"aws_availability_zones","name":"available_zones","provider_name":"registry.terraform.io/hashicorp/aws","schema_version":0,"values":{"all_availability_zones":null,"exclude_names":null,"exclude_zone_ids":null,"filter":null,"group_names":["us-east-1-zg-1"],"id":"us-east-1","names":["us-east-1a","us-east-1b","us-east-1c","us-east-1d","us-east-1e","us-east-1f"],"state":null,"timeouts":null,"zone_ids":["use1-az1","use1-az2","use1-az4","use1-az6","use1-az3","use1-az5"]},"sensitive_values":{"group_names":[false],"names":[false,false,false,false,false,false],"zone_ids":[false,false,false,false,false,false]}}],"address":"module.vpc"}]}}},"configuration":{"provider_config":{"aws":{"name":"aws","full_name":"registry.terraform.io/hashicorp/aws","version_constraint":"4.67.0","expressions":{"region":{"references":["var.region"]}}},"local":{"name":"local","full_name":"registry.terraform.io/hashicorp/local","version_constraint":"~\u003e 2.4"},"null":{"name":"null","full_name":"registry.terraform.io/hashicorp/null","version_constraint":"~\u003e 3.2"}},"root_module":{"outputs":{"client_key_name":{"expression":{"references":["module.key.client_key_name","module.key"]}},"server_key_name":{"expression":{"references":["module.key.server_key_name","module.key"]}}},"resources":[{"address":"null_resource.build_ami","mode":"managed","type":"null_resource","name":"build_ami","provider_config_key":"null","provisioners":[{"type":"local-exec","expressions":{"command":{"constant_value":"bash ../packer/packer-script.sh"},"environment":{"references":["module.vpc.vpc_id","module.vpc","module.vpc.pub_sub_1a_id","module.vpc","module.rds.endpoint_address","module.rds","var.db_username","var.db_password","var.db_name","module.security-group.db_sg_id","module.security-group","module.iam_role.s3_ssm_cw_instance_profile_name","module.iam_role","module.alb.internal_alb_dns_name","module.alb","module.s3.lirw_bucket_name","module.s3","var.region"]}}}],"schema_version":0,"depends_on":["module.vpc","module.security-group","module.aws_ssm_param","module.iam_role","module.rds","module.alb"]}],"module_calls":{"acm":{"source":"../modules/acm","module":{"outputs":{"certificate_arn":{"expression":{"references":["aws_acm_certificate.cert.arn","aws_acm_certificate.cert"]},"description":"ACM Certificate ARN"},"certificate_domain_name":{"expression":{"references":["aws_acm_certificate.cert.domain_name","aws_acm_certificate.cert"]},"description":"ACM Certificate Domain Name"},"certificate_status":{"expression":{"references":["aws_acm_certificate.cert.status","aws_acm_certificate.cert"]},"description":"ACM Certificate Status"}},"resources":[{"address":"aws_acm_certificate.cert","mode":"managed","type":"aws_acm_certificate","name":"cert","provider_config_key":"aws","expressions":{"domain_name":{"references":["var.hosted_zone_name"]},"subject_alternative_names":{"references":["var.hosted_zone_name","var.hosted_zone_name"]},"tags":{"constant_value":{"Environment":"test"}},"validation_method":{"constant_value":"DNS"}},"schema_version":0},{"address":"aws_acm_certificate_validation.cert_validation","mode":"managed","type":"aws_acm_certificate_validation","name":"cert_validation","provider_config_key":"aws","expressions":{"certificate_arn":{"references":["aws_acm_certificate.cert.arn","aws_acm_certificate.cert"]},"timeouts":{"create":{"constant_value":"5m"}},"validation_record_fqdns":{"references":["aws_route53_record.cert_validation_record"]}},"schema_version":0},{"address":"aws_route53_record.cert_validation_record","mode":"managed","type":"aws_route53_record","name":"cert_validation_record","provider_config_key":"aws","expressions":{"allow_overwrite":{"constant_value":true},"name":{"references":["each.value.name","each.value"]},"records":{"references":["each.value.record","each.value"]},"ttl":{"constant_value":60},"type":{"references":["each.value.type","each.value"]},"zone_id":{"references":["data.aws_route53_zone.public-zone.zone_id","data.aws_route53_zone.public-zone"]}},"schema_version":2,"for_each_expression":{"references":["aws_acm_certificate.cert.domain_validation_options","aws_acm_certificate.cert"]}},{"address":"data.aws_route53_zone.public-zone","mode":"data","type":"aws_route53_zone","name":"public-zone","provider_config_key":"aws","expressions":{"name":{"references":["var.hosted_zone_name"]},"private_zone":{"constant_value":false}},"schema_version":0}],"variables":{"hosted_zone_name":{"default":"devsandbox.space"}}}},"alb":{"source":"../modules/alb","expressions":{"alb_sg_id":{"references":["module.security-group.alb_sg_id","module.security-group"]},"certificate_domain_name":{"references":["var.certificate_domain_name"]},"internal_alb_sg_id":{"references":["module.security-group.internal_alb_sg_id","module.security-group"]},"pri_sub_5a_id":{"references":["module.vpc.pri_sub_5a_id","module.vpc"]},"pri_sub_6b_id":{"references":["module.vpc.pri_sub_6b_id","module.vpc"]},"project_name":{"references":["module.vpc.project_name","module.vpc"]},"pub_sub_1a_id":{"references":["module.vpc.pub_sub_1a_id","module.vpc"]},"pub_sub_2b_id":{"references":["module.vpc.pub_sub_2b_id","module.vpc"]},"vpc_id":{"references":["module.vpc.vpc_id","module.vpc"]}},"module":{"outputs":{"alb_dns_name":{"expression":{"references":["aws_lb.application_load_balancer.dns_name","aws_lb.application_load_balancer"]}},"alb_zone_id":{"expression":{"references":["aws_lb.application_load_balancer.zone_id","aws_lb.application_load_balancer"]}},"internal_alb_dns_name":{"expression":{"references":["aws_lb.internal_application_load_balancer.dns_name","aws_lb.internal_application_load_balancer"]}},"internal_tg_arn":{"expression":{"references":["aws_lb_target_group.internal_alb_target_group.arn","aws_lb_target_group.internal_alb_target_group"]}},"public_alb_arn":{"expression":{"references":["aws_lb.application_load_balancer.arn","aws_lb.application_load_balancer"]}},"tg_arn":{"expression":{"references":["aws_lb_target_group.alb_target_group.arn","aws_lb_target_group.alb_target_group"]}}},"resources":[{"address":"aws_lb.application_load_balancer","mode":"managed","type":"aws_lb","name":"application_load_balancer","provider_config_key":"aws","expressions":{"enable_deletion_protection":{"constant_value":false},"internal":{"constant_value":false},"load_balancer_type":{"constant_value":"application"},"name":{"references":["var.project_name"]},"security_groups":{"references":["var.alb_sg_id"]},"subnets":{"references":["var.pub_sub_1a_id","var.pub_sub_2b_id"]},"tags":{"references":["var.project_name"]}},"schema_version":0},{"address":"aws_lb.internal_application_load_balancer","mode":"managed","type":"aws_lb","name":"internal_application_load_balancer","provider_config_key":"aws","expressions":{"enable_deletion_protection":{"constant_value":false},"internal":{"constant_value":true},"load_balancer_type":{"constant_value":"application"},"name":{"references":["var.project_name"]},"security_groups":{"references":["var.internal_alb_sg_id"]},"subnets":{"references":["var.pri_sub_5a_id","var.pri_sub_6b_id"]},"tags":{"references":["var.project_name"]}},"schema_version":0},{"address":"aws_lb_listener.alb_http_listener","mode":"managed","type":"aws_lb_listener","name":"alb_http_listener","provider_config_key":"aws","expressions":{"certificate_arn":{"references":["data.aws_acm_certificate.issued.arn","data.aws_acm_certificate.issued"]},"default_action":[{"fixed_response":[{"content_type":{"constant_value":"text/plain"},"message_body":{"constant_value":"Access Denied"},"status_code":{"constant_value":"403"}}],"type":{"constant_value":"fixed-response"}}],"load_balancer_arn":{"references":["aws_lb.application_load_balancer.arn","aws_lb.application_load_balancer"]},"port":{"constant_value":443},"protocol":{"constant_value":"HTTPS"},"ssl_policy":{"constant_value":"ELBSecurityPolicy-2016-08"}},"schema_version":0},{"address":"aws_lb_listener.http-redirect","mode":"managed","type":"aws_lb_listener","name":"http-redirect","provider_config_key":"aws","expressions":{"default_action":[{"redirect":[{"port":{"constant_value":"443"},"protocol":{"constant_value":"HTTPS"},"status_code":{"constant_value":"HTTP_301"}}],"type":{"constant_value":"redirect"}}],"load_balancer_arn":{"references":["aws_lb.application_load_balancer.arn","aws_lb.application_load_balancer"]},"port":{"constant_value":"80"},"protocol":{"constant_value":"HTTP"},"tags":{"constant_value":{"Name":"redirect-to-https"}}},"schema_version":0},{"address":"aws_lb_listener.internal_alb_http_listener","mode":"managed","type":"aws_lb_listener","name":"internal_alb_http_listener","provider_config_key":"aws","expressions":{"default_action":[{"target_group_arn":{"references":["aws_lb_target_group.internal_alb_target_group.arn","aws_lb_target_group.internal_alb_target_group"]},"type":{"constant_value":"forward"}}],"load_balancer_arn":{"references":["aws_lb.internal_application_load_balancer.arn","aws_lb.internal_application_load_balancer"]},"port":{"constant_value":80},"protocol":{"constant_value":"HTTP"}},"schema_version":0},{"address":"aws_lb_listener_rule.forward-custom-http-header","mode":"managed","type":"aws_lb_listener_rule","name":"forward-custom-http-header","provider_config_key":"aws","expressions":{"action":[{"target_group_arn":{"references":["aws_lb_target_group.alb_target_group.arn","aws_lb_target_group.alb_target_group"]},"type":{"constant_value":"forward"}}],"condition":[{"http_header":[{"http_header_name":{"constant_value":"X-Custom-Header"},"values":{"constant_value":["random-value-123456"]}}]}],"listener_arn":{"references":["aws_lb_listener.alb_http_listener.arn","aws_lb_listener.alb_http_listener"]},"priority":{"constant_value":1},"tags":{"constant_value":{"Name":"allow-access-to-custom-header-only"}}},"schema_version":0},{"address":"aws_lb_target_group.alb_target_group","mode":"managed","type":"aws_lb_target_group","name":"alb_target_group","provider_config_key":"aws","expressions":{"health_check":[{"enabled":{"constant_value":true},"healthy_threshold":{"constant_value":2},"interval":{"constant_value":300},"matcher":{"constant_value":200},"path":{"constant_value":"/health"},"port":{"constant_value":"traffic-port"},"timeout":{"constant_value":60},"unhealthy_threshold":{"constant_value":5}}],"name":{"references":["var.project_name"]},"port":{"constant_value":80},"protocol":{"constant_value":"HTTP"},"target_type":{"constant_value":"instance"},"vpc_id":{"references":["var.vpc_id"]}},"schema_version":0},{"address":"aws_lb_target_group.internal_alb_target_group","mode":"managed","type":"aws_lb_target_group","name":"internal_alb_target_group","provider_config_key":"aws","expressions":{"health_check":[{"enabled":{"constant_value":true},"healthy_threshold":{"constant_value":2},"interval":{"constant_value":300},"matcher":{"constant_value":200},"path":{"constant_value":"/health"},"port":{"constant_value":"traffic-port"},"timeout":{"constant_value":60},"unhealthy_threshold":{"constant_value":5}}],"name":{"references":["var.project_name"]},"port":{"constant_value":4000},"protocol":{"constant_value":"HTTP"},"target_type":{"constant_value":"instance"},"vpc_id":{"references":["var.vpc_id"]}},"schema_version":0},{"address":"data.aws_acm_certificate.issued","mode":"data","type":"aws_acm_certificate","name":"issued","provider_config_key":"aws","expressions":{"domain":{"references":["var.certificate_domain_name"]},"statuses":{"constant_value":["ISSUED"]}},"schema_version":0}],"variables":{"alb_sg_id":{},"certificate_domain_name":{},"internal_alb_sg_id":{},"pri_sub_5a_id":{},"pri_sub_6b_id":{},"project_name":{},"pub_sub_1a_id":{},"pub_sub_2b_id":{},"vpc_id":{}}},"depends_on":["module.vpc","module.security-group","module.acm"]},"asg":{"source":"../modules/asg","expressions":{"bucket_name":{"references":["module.s3.lirw_bucket_name","module.s3"]},"client_key_name":{"references":["module.key.client_key_name","module.key"]},"client_sg_id":{"references":["module.security-group.client_sg_id","module.security-group"]},"db_dns_address":{"references":["module.rds.endpoint_address","module.rds"]},"db_endpoint":{"references":["module.rds.db_endpoint","module.rds"]},"db_name":{"references":["var.db_name"]},"db_password":{"references":["var.db_password"]},"db_username":{"references":["var.db_username"]},"internal_alb_dns_name":{"references":["module.alb.internal_alb_dns_name","module.alb"]},"internal_tg_arn":{"references":["module.alb.internal_tg_arn","module.alb"]},"pri_sub_3a_id":{"references":["module.vpc.pri_sub_3a_id","module.vpc"]},"pri_sub_4b_id":{"references":["module.vpc.pri_sub_4b_id","module.vpc"]},"pri_sub_5a_id":{"references":["module.vpc.pri_sub_5a_id","module.vpc"]},"pri_sub_6b_id":{"references":["module.vpc.pri_sub_6b_id","module.vpc"]},"project_name":{"references":["module.vpc.project_name","module.vpc"]},"region":{"references":["var.region"]},"s3_ssm_cw_instance_profile_name":{"references":["module.iam_role.s3_ssm_cw_instance_profile_name","module.iam_role"]},"server_key_name":{"references":["module.key.server_key_name","module.key"]},"server_sg_id":{"references":["module.security-group.server_sg_id","module.security-group"]},"tg_arn":{"references":["module.alb.tg_arn","module.alb"]},"vpc_cidr_block":{"references":["module.vpc.vpc_cidr_block","module.vpc"]},"vpc_id":{"references":["module.vpc.vpc_id","module.vpc"]}},"module":{"resources":[{"address":"aws_autoscaling_group.asg_name","mode":"managed","type":"aws_autoscaling_group","name":"asg_name","provider_config_key":"aws","expressions":{"desired_capacity":{"references":["var.desired_cap"]},"enabled_metrics":{"constant_value":["GroupMinSize","GroupMaxSize","GroupDesiredCapacity","GroupInServiceInstances","GroupTotalInstances"]},"health_check_grace_period":{"constant_value":300},"health_check_type":{"references":["var.asg_health_check_type"]},"launch_template":[{"id":{"references":["aws_launch_template.lt_name.id","aws_launch_template.lt_name"]},"version":{"references":["aws_launch_template.lt_name.latest_version","aws_launch_template.lt_name"]}}],"max_size":{"references":["var.max_size"]},"metrics_granularity":{"constant_value":"1Minute"},"min_size":{"references":["var.min_size"]},"name":{"references":["var.project_name"]},"tag":[{"key":{"constant_value":"Name"},"propagate_at_launch":{"constant_value":true},"value":{"references":["var.project_name"]}}],"target_group_arns":{"references":["var.tg_arn"]},"vpc_zone_identifier":{"references":["var.pri_sub_3a_id","var.pri_sub_4b_id"]}},"schema_version":0},{"address":"aws_autoscaling_group.server_asg_name","mode":"managed","type":"aws_autoscaling_group","name":"server_asg_name","provider_config_key":"aws","expressions":{"desired_capacity":{"references":["var.desired_cap"]},"enabled_metrics":{"constant_value":["GroupMinSize","GroupMaxSize","GroupDesiredCapacity","GroupInServiceInstances","GroupTotalInstances"]},"health_check_grace_period":{"constant_value":300},"health_check_type":{"references":["var.asg_health_check_type"]},"launch_template":[{"id":{"references":["aws_launch_template.server_lt_name.id","aws_launch_template.server_lt_name"]},"version":{"references":["aws_launch_template.server_lt_name.latest_version","aws_launch_template.server_lt_name"]}}],"max_size":{"references":["var.max_size"]},"metrics_granularity":{"constant_value":"1Minute"},"min_size":{"references":["var.min_size"]},"name":{"references":["var.project_name"]},"tag":[{"key":{"constant_value":"Name"},"propagate_at_launch":{"constant_value":true},"value":{"references":["var.project_name"]}}],"target_group_arns":{"references":["var.internal_tg_arn"]},"vpc_zone_identifier":{"references":["var.pri_sub_5a_id","var.pri_sub_6b_id"]}},"schema_version":0},{"address":"aws_autoscaling_policy.scale_down","mode":"managed","type":"aws_autoscaling_policy","name":"scale_down","provider_config_key":"aws","expressions":{"adjustment_type":{"constant_value":"ChangeInCapacity"},"autoscaling_group_name":{"references":["aws_autoscaling_group.asg_name.name","aws_autoscaling_group.asg_name"]},"cooldown":{"constant_value":"300"},"name":{"references":["var.project_name"]},"policy_type":{"constant_value":"SimpleScaling"},"scaling_adjustment":{"constant_value":"-1"}},"schema_version":0},{"address":"aws_autoscaling_policy.scale_up","mode":"managed","type":"aws_autoscaling_policy","name":"scale_up","provider_config_key":"aws","expressions":{"adjustment_type":{"constant_value":"ChangeInCapacity"},"autoscaling_group_name":{"references":["aws_autoscaling_group.asg_name.name","aws_autoscaling_group.asg_name"]},"cooldown":{"constant_value":"300"},"name":{"references":["var.project_name"]},"policy_type":{"constant_value":"SimpleScaling"},"scaling_adjustment":{"constant_value":"1"}},"schema_version":0},{"address":"aws_autoscaling_policy.server_scale_down","mode":"managed","type":"aws_autoscaling_policy","name":"server_scale_down","provider_config_key":"aws","expressions":{"adjustment_type":{"constant_value":"ChangeInCapacity"},"autoscaling_group_name":{"references":["aws_autoscaling_group.server_asg_name.name","aws_autoscaling_group.server_asg_name"]},"cooldown":{"constant_value":"300"},"name":{"references":["var.project_name"]},"policy_type":{"constant_value":"SimpleScaling"},"scaling_adjustment":{"constant_value":"-1"}},"schema_version":0},{"address":"aws_autoscaling_policy.server_scale_up","mode":"managed","type":"aws_autoscaling_policy","name":"server_scale_up","provider_config_key":"aws","expressions":{"adjustment_type":{"constant_value":"ChangeInCapacity"},"autoscaling_group_name":{"references":["aws_autoscaling_group.server_asg_name.name","aws_autoscaling_group.server_asg_name"]},"cooldown":{"constant_value":"300"},"name":{"references":["var.project_name"]},"policy_type":{"constant_value":"SimpleScaling"},"scaling_adjustment":{"constant_value":"1"}},"schema_version":0},{"address":"aws_cloudwatch_metric_alarm.scale_down_alarm","mode":"managed","type":"aws_cloudwatch_metric_alarm","name":"scale_down_alarm","provider_config_key":"aws","expressions":{"actions_enabled":{"constant_value":true},"alarm_actions":{"references":["aws_autoscaling_policy.scale_down.arn","aws_autoscaling_policy.scale_down","aws_sns_topic.topic.arn","aws_sns_topic.topic"]},"alarm_description":{"constant_value":"asg-scale-down-cpu-alarm"},"alarm_name":{"references":["var.project_name"]},"comparison_operator":{"constant_value":"LessThanOrEqualToThreshold"},"dimensions":{"references":["aws_autoscaling_group.asg_name.name","aws_autoscaling_group.asg_name"]},"evaluation_periods":{"constant_value":"2"},"insufficient_data_actions":{"constant_value":[]},"metric_name":{"constant_value":"CPUUtilization"},"namespace":{"constant_value":"AWS/EC2"},"period":{"constant_value":"120"},"statistic":{"constant_value":"Average"},"threshold":{"constant_value":"5"},"treat_missing_data":{"constant_value":"notBreaching"}},"schema_version":1},{"address":"aws_cloudwatch_metric_alarm.scale_up_alarm","mode":"managed","type":"aws_cloudwatch_metric_alarm","name":"scale_up_alarm","provider_config_key":"aws","expressions":{"actions_enabled":{"constant_value":true},"alarm_actions":{"references":["aws_autoscaling_policy.scale_up.arn","aws_autoscaling_policy.scale_up","aws_sns_topic.topic.arn","aws_sns_topic.topic"]},"alarm_description":{"constant_value":"asg-scale-up-cpu-alarm"},"alarm_name":{"references":["var.project_name"]},"comparison_operator":{"constant_value":"GreaterThanOrEqualToThreshold"},"dimensions":{"references":["aws_autoscaling_group.asg_name.name","aws_autoscaling_group.asg_name"]},"evaluation_periods":{"constant_value":"2"},"insufficient_data_actions":{"constant_value":[]},"metric_name":{"constant_value":"CPUUtilization"},"namespace":{"constant_value":"AWS/EC2"},"period":{"constant_value":"120"},"statistic":{"constant_value":"Average"},"threshold":{"constant_value":"50"},"treat_missing_data":{"constant_value":"notBreaching"}},"schema_version":1},{"address":"aws_cloudwatch_metric_alarm.server_scale_down_alarm","mode":"managed","type":"aws_cloudwatch_metric_alarm","name":"server_scale_down_alarm","provider_config_key":"aws","expressions":{"actions_enabled":{"constant_value":true},"alarm_actions":{"references":["aws_autoscaling_policy.server_scale_down.arn","aws_autoscaling_policy.server_scale_down","aws_sns_topic.topic.arn","aws_sns_topic.topic"]},"alarm_description":{"constant_value":"asg-scale-down-cpu-alarm"},"alarm_name":{"references":["var.project_name"]},"comparison_operator":{"constant_value":"LessThanOrEqualToThreshold"},"dimensions":{"references":["aws_autoscaling_group.server_asg_name.name","aws_autoscaling_group.server_asg_name"]},"evaluation_periods":{"constant_value":"2"},"insufficient_data_actions":{"constant_value":[]},"metric_name":{"constant_value":"CPUUtilization"},"namespace":{"constant_value":"AWS/EC2"},"period":{"constant_value":"120"},"statistic":{"constant_value":"Average"},"threshold":{"constant_value":"5"},"treat_missing_data":{"constant_value":"notBreaching"}},"schema_version":1},{"address":"aws_cloudwatch_metric_alarm.server_scale_up_alarm","mode":"managed","type":"aws_cloudwatch_metric_alarm","name":"server_scale_up_alarm","provider_config_key":"aws","expressions":{"actions_enabled":{"constant_value":true},"alarm_actions":{"references":["aws_autoscaling_policy.server_scale_up.arn","aws_autoscaling_policy.server_scale_up","aws_sns_topic.topic.arn","aws_sns_topic.topic"]},"alarm_description":{"constant_value":"asg-scale-up-cpu-alarm"},"alarm_name":{"references":["var.project_name"]},"comparison_operator":{"constant_value":"GreaterThanOrEqualToThreshold"},"dimensions":{"references":["aws_autoscaling_group.server_asg_name.name","aws_autoscaling_group.server_asg_name"]},"evaluation_periods":{"constant_value":"2"},"insufficient_data_actions":{"constant_value":[]},"metric_name":{"constant_value":"CPUUtilization"},"namespace":{"constant_value":"AWS/EC2"},"period":{"constant_value":"120"},"statistic":{"constant_value":"Average"},"threshold":{"constant_value":"50"},"treat_missing_data":{"constant_value":"notBreaching"}},"schema_version":1},{"address":"aws_launch_template.lt_name","mode":"managed","type":"aws_launch_template","name":"lt_name","provider_config_key":"aws","expressions":{"block_device_mappings":[{"device_name":{"constant_value":"/dev/xvda"},"ebs":[{"delete_on_termination":{"constant_value":true},"encrypted":{"constant_value":true},"volume_size":{"constant_value":8},"volume_type":{"constant_value":"standard"}}]}],"iam_instance_profile":[{"name":{"references":["var.s3_ssm_cw_instance_profile_name"]}}],"image_id":{"references":["local.frontend_ami_id"]},"instance_type":{"references":["var.cpu"]},"key_name":{"references":["var.client_key_name"]},"name":{"references":["var.project_name"]},"network_interfaces":[{"associate_public_ip_address":{"constant_value":false},"security_groups":{"references":["var.client_sg_id"]}}],"tag_specifications":[{"resource_type":{"constant_value":"instance"},"tags":{"references":["var.project_name"]}}],"tags":{"references":["var.project_name"]}},"schema_version":0},{"address":"aws_launch_template.server_lt_name","mode":"managed","type":"aws_launch_template","name":"server_lt_name","provider_config_key":"aws","expressions":{"block_device_mappings":[{"device_name":{"constant_value":"/dev/xvda"},"ebs":[{"delete_on_termination":{"constant_value":true},"encrypted":{"constant_value":true},"volume_size":{"constant_value":8},"volume_type":{"constant_value":"standard"}}]}],"iam_instance_profile":[{"name":{"references":["var.s3_ssm_cw_instance_profile_name"]}}],"image_id":{"references":["local.backend_ami_id"]},"instance_type":{"references":["var.cpu"]},"key_name":{"references":["var.server_key_name"]},"name":{"references":["var.project_name"]},"network_interfaces":[{"associate_public_ip_address":{"constant_value":false},"security_groups":{"references":["var.server_sg_id"]}}],"tag_specifications":[{"resource_type":{"constant_value":"instance"},"tags":{"references":["var.project_name"]}}],"tags":{"references":["var.project_name"]}},"schema_version":0},{"address":"aws_security_group.vpc_endpoint_sg","mode":"managed","type":"aws_security_group","name":"vpc_endpoint_sg","provider_config_key":"aws","expressions":{"description":{"constant_value":"Security group for CloudWatch Logs VPC endpoint"},"egress":{"constant_value":[{"cidr_blocks":["0.0.0.0/0"],"description":null,"from_port":0,"ipv6_cidr_blocks":null,"prefix_list_ids":null,"protocol":"-1","security_groups":null,"self":null,"to_port":0}]},"ingress":{"references":["var.vpc_cidr_block"]},"name":{"constant_value":"cloudwatch-logs-endpoint-sg"},"vpc_id":{"references":["var.vpc_id"]}},"schema_version":1},{"address":"aws_sns_topic.topic","mode":"managed","type":"aws_sns_topic","name":"topic","provider_config_key":"aws","expressions":{"name":{"constant_value":"WebServer-CPU_Utilization_alert"}},"schema_version":0},{"address":"aws_sns_topic_subscription.topic_email_subscription","mode":"managed","type":"aws_sns_topic_subscription","name":"topic_email_subscription","provider_config_key":"aws","expressions":{"endpoint":{"references":["var.email_address","count.index"]},"protocol":{"constant_value":"email"},"topic_arn":{"references":["aws_sns_topic.topic.arn","aws_sns_topic.topic"]}},"schema_version":0,"count_expression":{"references":["var.email_address"]}},{"address":"aws_vpc_endpoint.logs","mode":"managed","type":"aws_vpc_endpoint","name":"logs","provider_config_key":"aws","expressions":{"private_dns_enabled":{"constant_value":true},"security_group_ids":{"references":["aws_security_group.vpc_endpoint_sg.id","aws_security_group.vpc_endpoint_sg"]},"service_name":{"references":["var.region"]},"subnet_ids":{"references":["var.pri_sub_5a_id","var.pri_sub_6b_id"]},"vpc_endpoint_type":{"constant_value":"Interface"},"vpc_id":{"references":["var.vpc_id"]}},"schema_version":0},{"address":"aws_vpc_endpoint.ssm","mode":"managed","type":"aws_vpc_endpoint","name":"ssm","provider_config_key":"aws","expressions":{"private_dns_enabled":{"constant_value":true},"security_group_ids":{"references":["aws_security_group.vpc_endpoint_sg.id","aws_security_group.vpc_endpoint_sg"]},"service_name":{"references":["var.region"]},"subnet_ids":{"references":["var.pri_sub_5a_id","var.pri_sub_6b_id"]},"vpc_endpoint_type":{"constant_value":"Interface"},"vpc_id":{"references":["var.vpc_id"]}},"schema_version":0},{"address":"data.local_file.backend_ami","mode":"data","type":"local_file","name":"backend_ami","provider_config_key":"local","expressions":{"filename":{"references":["path.module"]}},"schema_version":0},{"address":"data.local_file.frontend_ami","mode":"data","type":"local_file","name":"frontend_ami","provider_config_key":"local","expressions":{"filename":{"references":["path.module"]}},"schema_version":0}],"variables":{"asg_health_check_type":{"default":"ELB"},"bucket_name":{},"client_key_name":{},"client_sg_id":{},"cpu":{"default":"t4g.small"},"db_dns_address":{},"db_endpoint":{},"db_name":{},"db_password":{},"db_username":{},"desired_cap":{"default":1},"email_address":{"default":["ars786sh@gmail.com"],"description":"List of email addresses to receive email alert"},"internal_alb_dns_name":{},"internal_tg_arn":{},"max_size":{"default":1},"min_size":{"default":1},"pri_sub_3a_id":{},"pri_sub_4b_id":{},"pri_sub_5a_id":{},"pri_sub_6b_id":{},"project_name":{},"region":{},"s3_ssm_cw_instance_profile_name":{},"server_key_name":{},"server_sg_id":{},"tg_arn":{},"vpc_cidr_block":{},"vpc_id":{}}},"depends_on":["module.alb","module.iam_role","module.s3","module.rds","null_resource.build_ami"]},"aws_ssm_param":{"source":"../modules/aws_ssm_param","expressions":{"db_dns_address":{"references":["module.rds.endpoint_address","module.rds"]},"db_name":{"references":["var.db_name"]},"db_password":{"references":["var.db_password"]},"db_username":{"references":["var.db_username"]},"project_name":{"references":["module.vpc.project_name","module.vpc"]}},"module":{"resources":[{"address":"aws_ssm_parameter.db_host","mode":"managed","type":"aws_ssm_parameter","name":"db_host","provider_config_key":"aws","expressions":{"description":{"constant_value":"database dns address"},"name":{"constant_value":"DB_HOST"},"tags":{"constant_value":{"environment":"dev"}},"type":{"constant_value":"String"},"value":{"references":["var.db_dns_address"]}},"schema_version":0},{"address":"aws_ssm_parameter.db_name","mode":"managed","type":"aws_ssm_parameter","name":"db_name","provider_config_key":"aws","expressions":{"description":{"constant_value":"database name"},"name":{"constant_value":"DB_NAME"},"tags":{"constant_value":{"environment":"dev"}},"type":{"constant_value":"String"},"value":{"references":["var.db_name"]}},"schema_version":0},{"address":"aws_ssm_parameter.db_password","mode":"managed","type":"aws_ssm_parameter","name":"db_password","provider_config_key":"aws","expressions":{"description":{"constant_value":"database password"},"name":{"constant_value":"DB_PASSWORD"},"tags":{"constant_value":{"environment":"dev"}},"type":{"constant_value":"SecureString"},"value":{"references":["var.db_password"]}},"schema_version":0},{"address":"aws_ssm_parameter.db_username","mode":"managed","type":"aws_ssm_parameter","name":"db_username","provider_config_key":"aws","expressions":{"description":{"constant_value":"database username"},"name":{"constant_value":"DB_USERNAME"},"tags":{"constant_value":{"environment":"dev"}},"type":{"constant_value":"String"},"value":{"references":["var.db_username"]}},"schema_version":0}],"variables":{"db_dns_address":{},"db_name":{},"db_password":{},"db_username":{},"project_name":{}}},"depends_on":["module.rds"]},"cloudfront":{"source":"../modules/cloudfront","expressions":{"additional_domain_name":{"references":["var.additional_domain_name"]},"alb_api_domain_name":{"references":["var.alb_api_domain_name"]},"certificate_domain_name":{"references":["var.certificate_domain_name"]},"project_name":{"references":["module.vpc.project_name","module.vpc"]},"public_alb_arn":{"references":["module.alb.public_alb_arn","module.alb"]}},"module":{"outputs":{"cloudfront_aliases":{"expression":{"references":["aws_cloudfront_distribution.my_distribution.aliases","aws_cloudfront_distribution.my_distribution"]}},"cloudfront_arn":{"expression":{"references":["aws_cloudfront_distribution.my_distribution.arn","aws_cloudfront_distribution.my_distribution"]}},"cloudfront_domain_name":{"expression":{"references":["aws_cloudfront_distribution.my_distribution.domain_name","aws_cloudfront_distribution.my_distribution"]}},"cloudfront_hosted_zone_id":{"expression":{"references":["aws_cloudfront_distribution.my_distribution.hosted_zone_id","aws_cloudfront_distribution.my_distribution"]}},"cloudfront_id":{"expression":{"references":["aws_cloudfront_distribution.my_distribution.id","aws_cloudfront_distribution.my_distribution"]}},"cloudfront_status":{"expression":{"references":["aws_cloudfront_distribution.my_distribution.status","aws_cloudfront_distribution.my_distribution"]}}},"resources":[{"address":"aws_cloudfront_cache_policy.caching_optimized","mode":"managed","type":"aws_cloudfront_cache_policy","name":"caching_optimized","provider_config_key":"aws","expressions":{"comment":{"constant_value":"test comment"},"default_ttl":{"constant_value":50},"max_ttl":{"constant_value":100},"min_ttl":{"constant_value":1},"name":{"constant_value":"Caching_optimized"},"parameters_in_cache_key_and_forwarded_to_origin":[{"cookies_config":[{"cookie_behavior":{"constant_value":"none"}}],"enable_accept_encoding_brotli":{"constant_value":true},"enable_accept_encoding_gzip":{"constant_value":true},"headers_config":[{"header_behavior":{"constant_value":"none"}}],"query_strings_config":[{"query_string_behavior":{"constant_value":"none"}}]}]},"schema_version":0},{"address":"aws_cloudfront_distribution.my_distribution","mode":"managed","type":"aws_cloudfront_distribution","name":"my_distribution","provider_config_key":"aws","expressions":{"aliases":{"references":["var.additional_domain_name"]},"default_cache_behavior":[{"allowed_methods":{"constant_value":["GET","HEAD","OPTIONS","PUT","POST","PATCH","DELETE"]},"cache_policy_id":{"references":["aws_cloudfront_cache_policy.caching_optimized.id","aws_cloudfront_cache_policy.caching_optimized"]},"cached_methods":{"constant_value":["GET","HEAD","OPTIONS"]},"origin_request_policy_id":{"references":["aws_cloudfront_origin_request_policy.only-host-header.id","aws_cloudfront_origin_request_policy.only-host-header"]},"target_origin_id":{"references":["var.alb_api_domain_name"]},"viewer_protocol_policy":{"constant_value":"redirect-to-https"}}],"enabled":{"constant_value":true},"origin":[{"connection_attempts":{"constant_value":3},"connection_timeout":{"constant_value":10},"custom_header":[{"name":{"constant_value":"X-Custom-Header"},"value":{"constant_value":"random-value-123456"}}],"custom_origin_config":[{"http_port":{"constant_value":80},"https_port":{"constant_value":443},"origin_keepalive_timeout":{"constant_value":5},"origin_protocol_policy":{"constant_value":"https-only"},"origin_read_timeout":{"constant_value":30},"origin_ssl_protocols":{"constant_value":["TLSv1.2"]}}],"domain_name":{"references":["var.alb_api_domain_name"]},"origin_id":{"constant_value":"alb-api"}}],"restrictions":[{"geo_restriction":[{"restriction_type":{"constant_value":"none"}}]}],"tags":{"references":["var.project_name"]},"viewer_certificate":[{"acm_certificate_arn":{"references":["data.aws_acm_certificate.issued.arn","data.aws_acm_certificate.issued"]},"minimum_protocol_version":{"constant_value":"TLSv1.2_2018"},"ssl_support_method":{"constant_value":"sni-only"}}]},"schema_version":1},{"address":"aws_cloudfront_origin_request_policy.only-host-header","mode":"managed","type":"aws_cloudfront_origin_request_policy","name":"only-host-header","provider_config_key":"aws","expressions":{"comment":{"constant_value":"Forwards only the Host header to ALB origin"},"cookies_config":[{"cookie_behavior":{"constant_value":"all"}}],"headers_config":[{"header_behavior":{"constant_value":"whitelist"},"headers":[{"items":{"constant_value":["host"]}}]}],"name":{"constant_value":"only-host-header"},"query_strings_config":[{"query_string_behavior":{"constant_value":"none"}}]},"schema_version":0},{"address":"aws_wafv2_ip_set.block_ipset","mode":"managed","type":"aws_wafv2_ip_set","name":"block_ipset","provider_config_key":"aws","expressions":{"addresses":{"constant_value":["103.179.122.6/32"]},"description":{"constant_value":"IP Set for blocking specific IPs"},"ip_address_version":{"constant_value":"IPV4"},"name":{"constant_value":"block-ip-set"},"scope":{"constant_value":"CLOUDFRONT"},"tags":{"constant_value":{"Environment":"production"}}},"schema_version":0},{"address":"aws_wafv2_web_acl.alb_acl","mode":"managed","type":"aws_wafv2_web_acl","name":"alb_acl","provider_config_key":"aws","expressions":{"default_action":[{"block":[{}]}],"description":{"constant_value":"Minimal WAF: only CloudFront header allowed; block simple SQLi \u0026 XSS"},"name":{"references":["var.alb_waf_name"]},"rule":[{"action":[{"allow":[{}]}],"name":{"constant_value":"allow-cloudfront-header"},"priority":{"constant_value":1},"statement":[{"byte_match_statement":[{"field_to_match":[{"single_header":[{"name":{"references":["var.cloudfront_header_name"]}}]}],"positional_constraint":{"constant_value":"EXACTLY"},"search_string":{"references":["var.cloudfront_header_value"]},"text_transformation":[{"priority":{"constant_value":0},"type":{"constant_value":"NONE"}}]}]}],"visibility_config":[{"cloudwatch_metrics_enabled":{"constant_value":true},"metric_name":{"constant_value":"allow-cloudfront-header"},"sampled_requests_enabled":{"constant_value":true}}]},{"action":[{"block":[{}]}],"name":{"constant_value":"block-simple-sqli"},"priority":{"constant_value":10},"statement":[{"sqli_match_statement":[{"field_to_match":[{"query_string":[{}]}],"text_transformation":[{"priority":{"constant_value":0},"type":{"constant_value":"URL_DECODE"}},{"priority":{"constant_value":1},"type":{"constant_value":"LOWERCASE"}}]}]}],"visibility_config":[{"cloudwatch_metrics_enabled":{"constant_value":true},"metric_name":{"constant_value":"block-simple-sqli"},"sampled_requests_enabled":{"constant_value":true}}]},{"action":[{"block":[{}]}],"name":{"constant_value":"block-simple-xss"},"priority":{"constant_value":11},"statement":[{"xss_match_statement":[{"field_to_match":[{"query_string":[{}]}],"text_transformation":[{"priority":{"constant_value":0},"type":{"constant_value":"URL_DECODE"}},{"priority":{"constant_value":1},"type":{"constant_value":"HTML_ENTITY_DECODE"}},{"priority":{"constant_value":2},"type":{"constant_value":"LOWERCASE"}}]}]}],"visibility_config":[{"cloudwatch_metrics_enabled":{"constant_value":true},"metric_name":{"constant_value":"block-simple-xss"},"sampled_requests_enabled":{"constant_value":true}}]}],"scope":{"constant_value":"REGIONAL"},"tags":{"constant_value":{"Environment":"dev"}},"visibility_config":[{"cloudwatch_metrics_enabled":{"constant_value":true},"metric_name":{"references":["var.alb_waf_name"]},"sampled_requests_enabled":{"constant_value":true}}]},"schema_version":0},{"address":"aws_wafv2_web_acl.block_web_acl","mode":"managed","type":"aws_wafv2_web_acl","name":"block_web_acl","provider_config_key":"aws","expressions":{"default_action":[{"allow":[{}]}],"description":{"constant_value":"Web ACL with IP Set rule"},"name":{"constant_value":"block-web-acl"},"rule":[{"action":[{"captcha":[{}]}],"name":{"constant_value":"block-ip-set-rule"},"priority":{"constant_value":1},"statement":[{"ip_set_reference_statement":[{"arn":{"references":["aws_wafv2_ip_set.block_ipset.arn","aws_wafv2_ip_set.block_ipset"]}}]}],"visibility_config":[{"cloudwatch_metrics_enabled":{"constant_value":true},"metric_name":{"constant_value":"block-ip-set-rule"},"sampled_requests_enabled":{"constant_value":true}}]},{"action":[{"block":[{}]}],"name":{"constant_value":"block-bad-useragents"},"priority":{"constant_value":3},"statement":[{"byte_match_statement":[{"field_to_match":[{"single_header":[{"name":{"constant_value":"user-agent"}}]}],"positional_constraint":{"constant_value":"CONTAINS"},"search_string":{"constant_value":"curl"},"text_transformation":[{"priority":{"constant_value":0},"type":{"constant_value":"NONE"}}]}]}],"visibility_config":[{"cloudwatch_metrics_enabled":{"constant_value":true},"metric_name":{"constant_value":"block-bad-useragents"},"sampled_requests_enabled":{"constant_value":true}}]},{"action":[{"block":[{}]}],"name":{"constant_value":"block-empty-useragent"},"priority":{"constant_value":4},"statement":[{"not_statement":[{"statement":[{"byte_match_statement":[{"field_to_match":[{"single_header":[{"name":{"constant_value":"user-agent"}}]}],"positional_constraint":{"constant_value":"EXACTLY"},"search_string":{"constant_value":""},"text_transformation":[{"priority":{"constant_value":0},"type":{"constant_value":"NONE"}}]}]}]}]}],"visibility_config":[{"cloudwatch_metrics_enabled":{"constant_value":true},"metric_name":{"constant_value":"block-empty-useragent"},"sampled_requests_enabled":{"constant_value":true}}]},{"action":[{"block":[{}]}],"name":{"constant_value":"limit-ip-rate"},"priority":{"constant_value":2},"statement":[{"rate_based_statement":[{"aggregate_key_type":{"constant_value":"IP"},"limit":{"constant_value":10}}]}],"visibility_config":[{"cloudwatch_metrics_enabled":{"constant_value":true},"metric_name":{"constant_value":"limit-ip-rate"},"sampled_requests_enabled":{"constant_value":true}}]}],"scope":{"constant_value":"CLOUDFRONT"},"tags":{"constant_value":{"Environment":"dev"}},"visibility_config":[{"cloudwatch_metrics_enabled":{"constant_value":true},"metric_name":{"constant_value":"not-block-ip-set"},"sampled_requests_enabled":{"constant_value":true}}]},"schema_version":0},{"address":"aws_wafv2_web_acl_association.assoc","mode":"managed","type":"aws_wafv2_web_acl_association","name":"assoc","provider_config_key":"aws","expressions":{"resource_arn":{"references":["var.public_alb_arn"]},"web_acl_arn":{"references":["aws_wafv2_web_acl.alb_acl.arn","aws_wafv2_web_acl.alb_acl"]}},"schema_version":0},{"address":"aws_wafv2_web_acl_association.example_association","mode":"managed","type":"aws_wafv2_web_acl_association","name":"example_association","provider_config_key":"aws","expressions":{"resource_arn":{"references":["aws_cloudfront_distribution.my_distribution.arn","aws_cloudfront_distribution.my_distribution"]},"web_acl_arn":{"references":["aws_wafv2_web_acl.block_web_acl.arn","aws_wafv2_web_acl.block_web_acl"]}},"schema_version":0},{"address":"data.aws_acm_certificate.issued","mode":"data","type":"aws_acm_certificate","name":"issued","provider_config_key":"aws","expressions":{"domain":{"references":["var.certificate_domain_name"]},"statuses":{"constant_value":["ISSUED"]}},"schema_version":0}],"variables":{"additional_domain_name":{},"alb_api_domain_name":{},"alb_waf_name":{"default":"alb-waf-customHeader-sqli-xss"},"certificate_domain_name":{},"cloudfront_header_name":{"default":"X-Custom-Header"},"cloudfront_header_value":{"default":"random-value-123456"},"project_name":{},"public_alb_arn":{"description":"ARN of ALB (load balancer listener or ALB) to associate with WAF"}}},"depends_on":["module.alb","module.asg"]},"iam_role":{"source":"../modules/iam_role","expressions":{"vpc_id":{"references":["module.vpc.vpc_id","module.vpc"]}},"module":{"outputs":{"s3_ssm_cw_instance_profile_name":{"expression":{"references":["aws_iam_instance_profile.s3_ssm_cw_profile.name","aws_iam_instance_profile.s3_ssm_cw_profile"]},"description":"IAM role name for S3 and SSM access"},"s3_ssm_cw_role_name":{"expression":{"references":["aws_iam_role.s3_ssm_CW_role.name","aws_iam_role.s3_ssm_CW_role"]},"description":"IAM role name for S3 and SSM access"}},"resources":[{"address":"aws_flow_log.example_vpc_flow_log","mode":"managed","type":"aws_flow_log","name":"example_vpc_flow_log","provider_config_key":"aws","expressions":{"log_destination":{"references":["aws_s3_bucket.vpc_flow_logs_bucket.arn","aws_s3_bucket.vpc_flow_logs_bucket"]},"log_destination_type":{"constant_value":"s3"},"traffic_type":{"constant_value":"ALL"},"vpc_id":{"references":["var.vpc_id"]}},"schema_version":0},{"address":"aws_iam_instance_profile.s3_ssm_cw_profile","mode":"managed","type":"aws_iam_instance_profile","name":"s3_ssm_cw_profile","provider_config_key":"aws","expressions":{"name":{"constant_value":"S3-SSM-CW-Profile"},"role":{"references":["aws_iam_role.s3_ssm_CW_role.name","aws_iam_role.s3_ssm_CW_role"]}},"schema_version":0},{"address":"aws_iam_policy.cloudwatch_agent_policy","mode":"managed","type":"aws_iam_policy","name":"cloudwatch_agent_policy","provider_config_key":"aws","expressions":{"description":{"constant_value":"Policy for EC2 instances to send logs to CloudWatch"},"name":{"constant_value":"cloudwatch-agent-policy"},"policy":{}},"schema_version":0},{"address":"aws_iam_role.s3_ssm_CW_role","mode":"managed","type":"aws_iam_role","name":"s3_ssm_CW_role","provider_config_key":"aws","expressions":{"assume_role_policy":{},"name":{"constant_value":"S3-SSM-CW-Role"},"tags":{"constant_value":{"Name":"S3-SSM-Role","Purpose":"Allow EC2 to access S3 and use SSM agent"}}},"schema_version":0},{"address":"aws_iam_role_policy_attachment.cloudwatch_agent_attachment","mode":"managed","type":"aws_iam_role_policy_attachment","name":"cloudwatch_agent_attachment","provider_config_key":"aws","expressions":{"policy_arn":{"references":["aws_iam_policy.cloudwatch_agent_policy.arn","aws_iam_policy.cloudwatch_agent_policy"]},"role":{"references":["aws_iam_role.s3_ssm_CW_role.name","aws_iam_role.s3_ssm_CW_role"]}},"schema_version":0},{"address":"aws_iam_role_policy_attachment.s3_readonly_attach","mode":"managed","type":"aws_iam_role_policy_attachment","name":"s3_readonly_attach","provider_config_key":"aws","expressions":{"policy_arn":{"constant_value":"arn:aws:iam::aws:policy/AmazonS3ReadOnlyAccess"},"role":{"references":["aws_iam_role.s3_ssm_CW_role.name","aws_iam_role.s3_ssm_CW_role"]}},"schema_version":0},{"address":"aws_iam_role_policy_attachment.secret_manager-ReadWrite","mode":"managed","type":"aws_iam_role_policy_attachment","name":"secret_manager-ReadWrite","provider_config_key":"aws","expressions":{"policy_arn":{"constant_value":"arn:aws:iam::aws:policy/SecretsManagerReadWrite"},"role":{"references":["aws_iam_role.s3_ssm_CW_role.name","aws_iam_role.s3_ssm_CW_role"]}},"schema_version":0},{"address":"aws_iam_role_policy_attachment.ssm_core_attach","mode":"managed","type":"aws_iam_role_policy_attachment","name":"ssm_core_attach","provider_config_key":"aws","expressions":{"policy_arn":{"constant_value":"arn:aws:iam::aws:policy/AmazonSSMManagedInstanceCore"},"role":{"references":["aws_iam_role.s3_ssm_CW_role.name","aws_iam_role.s3_ssm_CW_role"]}},"schema_version":0},{"address":"aws_iam_role_policy_attachment.ssmparameter_read_only","mode":"managed","type":"aws_iam_role_policy_attachment","name":"ssmparameter_read_only","provider_config_key":"aws","expressions":{"policy_arn":{"constant_value":"arn:aws:iam::aws:policy/AmazonSSMReadOnlyAccess"},"role":{"references":["aws_iam_role.s3_ssm_CW_role.name","aws_iam_role.s3_ssm_CW_role"]}},"schema_version":0},{"address":"aws_s3_bucket.vpc_flow_logs_bucket","mode":"managed","type":"aws_s3_bucket","name":"vpc_flow_logs_bucket","provider_config_key":"aws","expressions":{"bucket":{"constant_value":"vpc-flow-log-s3-bucket-panda"},"force_destroy":{"constant_value":true}},"schema_version":0},{"address":"aws_s3_bucket_acl.acl","mode":"managed","type":"aws_s3_bucket_acl","name":"acl","provider_config_key":"aws","expressions":{"acl":{"constant_value":"private"},"bucket":{"references":["aws_s3_bucket.vpc_flow_logs_bucket.id","aws_s3_bucket.vpc_flow_logs_bucket"]}},"schema_version":0,"depends_on":["aws_s3_bucket_ownership_controls.vpc_flow_logs"]},{"address":"aws_s3_bucket_ownership_controls.vpc_flow_logs","mode":"managed","type":"aws_s3_bucket_ownership_controls","name":"vpc_flow_logs","provider_config_key":"aws","expressions":{"bucket":{"references":["aws_s3_bucket.vpc_flow_logs_bucket.id","aws_s3_bucket.vpc_flow_logs_bucket"]},"rule":[{"object_ownership":{"constant_value":"BucketOwnerPreferred"}}]},"schema_version":0},{"address":"aws_s3_bucket_policy.vpc_flow_logs","mode":"managed","type":"aws_s3_bucket_policy","name":"vpc_flow_logs","provider_config_key":"aws","expressions":{"bucket":{"references":["aws_s3_bucket.vpc_flow_logs_bucket.bucket","aws_s3_bucket.vpc_flow_logs_bucket"]},"policy":{"references":["aws_s3_bucket.vpc_flow_logs_bucket.arn","aws_s3_bucket.vpc_flow_logs_bucket","data.aws_caller_identity.current.account_id","data.aws_caller_identity.current","data.aws_caller_identity.current.account_id","data.aws_caller_identity.current","data.aws_caller_identity.current.account_id","data.aws_caller_identity.current","aws_s3_bucket.vpc_flow_logs_bucket.arn","aws_s3_bucket.vpc_flow_logs_bucket","data.aws_caller_identity.current.account_id","data.aws_caller_identity.current","data.aws_caller_identity.current.account_id","data.aws_caller_identity.current"]}},"schema_version":0},{"address":"aws_s3_bucket_public_access_block.vpc_flow_logs","mode":"managed","type":"aws_s3_bucket_public_access_block","name":"vpc_flow_logs","provider_config_key":"aws","expressions":{"block_public_acls":{"constant_value":true},"block_public_policy":{"constant_value":true},"bucket":{"references":["aws_s3_bucket.vpc_flow_logs_bucket.bucket","aws_s3_bucket.vpc_flow_logs_bucket"]},"ignore_public_acls":{"constant_value":true},"restrict_public_buckets":{"constant_value":true}},"schema_version":0},{"address":"aws_s3_bucket_server_side_encryption_configuration.SSE_config","mode":"managed","type":"aws_s3_bucket_server_side_encryption_configuration","name":"SSE_config","provider_config_key":"aws","expressions":{"bucket":{"references":["aws_s3_bucket.vpc_flow_logs_bucket.id","aws_s3_bucket.vpc_flow_logs_bucket"]},"rule":[{"apply_server_side_encryption_by_default":[{"sse_algorithm":{"constant_value":"AES256"}}],"bucket_key_enabled":{"constant_value":false}}]},"schema_version":0},{"address":"data.aws_caller_identity.current","mode":"data","type":"aws_caller_identity","name":"current","provider_config_key":"aws","schema_version":0}],"variables":{"vpc_id":{}}},"depends_on":["module.vpc"]},"key":{"source":"../modules/key","module":{"outputs":{"client_key_name":{"expression":{"references":["aws_key_pair.client_key.key_name","aws_key_pair.client_key"]}},"nat_bastion_key_name":{"expression":{"references":["aws_key_pair.nat-bastion.key_name","aws_key_pair.nat-bastion"]}},"server_key_name":{"expression":{"references":["aws_key_pair.server_key.key_name","aws_key_pair.server_key"]}}},"resources":[{"address":"aws_key_pair.client_key","mode":"managed","type":"aws_key_pair","name":"client_key","provider_config_key":"aws","expressions":{"key_name":{"constant_value":"client_key"},"public_key":{}},"schema_version":1},{"address":"aws_key_pair.nat-bastion","mode":"managed","type":"aws_key_pair","name":"nat-bastion","provider_config_key":"aws","expressions":{"key_name":{"constant_value":"nat-bastion-key"},"public_key":{}},"schema_version":1},{"address":"aws_key_pair.server_key","mode":"managed","type":"aws_key_pair","name":"server_key","provider_config_key":"aws","expressions":{"key_name":{"constant_value":"client_key"},"public_key":{}},"schema_version":1}]}},"rds":{"source":"../modules/rds","expressions":{"db_password":{"references":["var.db_password"]},"db_sg_id":{"references":["module.security-group.db_sg_id","module.security-group"]},"db_username":{"references":["var.db_username"]},"pri_sub_7a_id":{"references":["module.vpc.pri_sub_7a_id","module.vpc"]},"pri_sub_8b_id":{"references":["module.vpc.pri_sub_8b_id","module.vpc"]}},"module":{"outputs":{"db_endpoint":{"expression":{"references":["aws_db_instance.lirw-database.endpoint","aws_db_instance.lirw-database"]},"description":"db instance  endpoint for db instance"},"endpoint_address":{"expression":{"references":["aws_db_instance.lirw-database.address","aws_db_instance.lirw-database"]},"description":"dns address for db instance endpoint"}},"resources":[{"address":"aws_db_instance.lirw-database","mode":"managed","type":"aws_db_instance","name":"lirw-database","provider_config_key":"aws","expressions":{"allocated_storage":{"constant_value":20},"backup_retention_period":{"constant_value":0},"db_subnet_group_name":{"references":["aws_db_subnet_group.db-subnet.name","aws_db_subnet_group.db-subnet"]},"engine":{"constant_value":"mysql"},"engine_version":{"constant_value":"8.0.42"},"identifier":{"constant_value":"lirw-dev-db"},"instance_class":{"constant_value":"db.t4g.micro"},"multi_az":{"constant_value":false},"password":{"references":["var.db_password"]},"publicly_accessible":{"constant_value":false},"skip_final_snapshot":{"constant_value":true},"storage_encrypted":{"constant_value":false},"storage_type":{"constant_value":"standard"},"tags":{"constant_value":{"Name":"appdb"}},"username":{"references":["var.db_username"]},"vpc_security_group_ids":{"references":["var.db_sg_id"]}},"schema_version":1},{"address":"aws_db_subnet_group.db-subnet","mode":"managed","type":"aws_db_subnet_group","name":"db-subnet","provider_config_key":"aws","expressions":{"name":{"references":["var.db_sub_name"]},"subnet_ids":{"references":["var.pri_sub_7a_id","var.pri_sub_8b_id"]}},"schema_version":0}],"variables":{"db_password":{},"db_sg_id":{},"db_sub_name":{"default":"lirw-db-subnet-a-b"},"db_username":{},"pri_sub_7a_id":{},"pri_sub_8b_id":{}}},"depends_on":["module.vpc","module.security-group"]},"route53":{"source":"../modules/route53","expressions":{"cloudfront_distro_aliases":{"references":["module.cloudfront.cloudfront_aliases","module.cloudfront"]},"cloudfront_domain_name":{"references":["module.cloudfront.cloudfront_domain_name","module.cloudfront"]},"cloudfront_hosted_zone_id":{"references":["module.cloudfront.cloudfront_hosted_zone_id","module.cloudfront"]},"public_alb_dns_name":{"references":["module.alb.alb_dns_name","module.alb"]},"public_alb_zone_id":{"references":["module.alb.alb_zone_id","module.alb"]}},"module":{"resources":[{"address":"aws_route53_record.api_alb_alias","mode":"managed","type":"aws_route53_record","name":"api_alb_alias","provider_config_key":"aws","expressions":{"alias":[{"evaluate_target_health":{"constant_value":false},"name":{"references":["var.public_alb_dns_name"]},"zone_id":{"references":["var.public_alb_zone_id"]}}],"name":{"references":["var.hosted_zone_name"]},"type":{"constant_value":"A"},"zone_id":{"references":["data.aws_route53_zone.public-zone.zone_id","data.aws_route53_zone.public-zone"]}},"schema_version":2},{"address":"aws_route53_record.cloudfront","mode":"managed","type":"aws_route53_record","name":"cloudfront","provider_config_key":"aws","expressions":{"alias":[{"evaluate_target_health":{"constant_value":false},"name":{"references":["var.cloudfront_domain_name"]},"zone_id":{"references":["var.cloudfront_hosted_zone_id"]}}],"name":{"references":["each.value"]},"type":{"constant_value":"A"},"zone_id":{"references":["data.aws_route53_zone.public-zone.zone_id","data.aws_route53_zone.public-zone"]}},"schema_version":2,"for_each_expression":{"references":["var.cloudfront_distro_aliases"]}},{"address":"aws_route53_record.cloudfront_record","mode":"managed","type":"aws_route53_record","name":"cloudfront_record","provider_config_key":"aws","expressions":{"alias":[{"evaluate_target_health":{"constant_value":false},"name":{"references":["var.cloudfront_domain_name"]},"zone_id":{"references":["var.cloudfront_hosted_zone_id"]}}],"name":{"references":["data.aws_route53_zone.public-zone.name","data.aws_route53_zone.public-zone"]},"type":{"constant_value":"A"},"zone_id":{"references":["data.aws_route53_zone.public-zone.zone_id","data.aws_route53_zone.public-zone"]}},"schema_version":2},{"address":"data.aws_route53_zone.public-zone","mode":"data","type":"aws_route53_zone","name":"public-zone","provider_config_key":"aws","expressions":{"name":{"references":["var.hosted_zone_name"]},"private_zone":{"constant_value":false}},"schema_version":0}],"variables":{"cloudfront_distro_aliases":{},"cloudfront_domain_name":{},"cloudfront_hosted_zone_id":{},"hosted_zone_name":{"default":"devsandbox.space"},"public_alb_dns_name":{},"public_alb_zone_id":{}}},"depends_on":["module.alb"]},"s3":{"source":"../modules/s3","expressions":{"bucket_name":{"references":["var.bucket_name"]}},"module":{"outputs":{"lirw_bucket_name":{"expression":{"references":["aws_s3_bucket.lirw-bucket.id","aws_s3_bucket.lirw-bucket"]}}},"resources":[{"address":"aws_s3_bucket.lirw-bucket","mode":"managed","type":"aws_s3_bucket","name":"lirw-bucket","provider_config_key":"aws","expressions":{"bucket":{"references":["var.bucket_name"]},"force_destroy":{"constant_value":true},"tags":{"references":["var.bucket_name"]}},"schema_version":0},{"address":"aws_s3_object.app_code_upload","mode":"managed","type":"aws_s3_object","name":"app_code_upload","provider_config_key":"aws","expressions":{"acl":{"constant_value":"private"},"bucket":{"references":["aws_s3_bucket.lirw-bucket.id","aws_s3_bucket.lirw-bucket"]},"etag":{"references":["path.root","each.value"]},"key":{"references":["each.value"]},"source":{"references":["path.root","each.value"]}},"schema_version":0,"for_each_expression":{"references":["local.files_to_upload"]}}],"variables":{"bucket_name":{}}}},"security-group":{"source":"../modules/security-group","expressions":{"vpc_id":{"references":["module.vpc.vpc_id","module.vpc"]}},"module":{"outputs":{"alb_sg_id":{"expression":{"references":["aws_security_group.alb_sg.id","aws_security_group.alb_sg"]}},"client_sg_id":{"expression":{"references":["aws_security_group.client_sg.id","aws_security_group.client_sg"]}},"db_sg_id":{"expression":{"references":["aws_security_group.db_sg.id","aws_security_group.db_sg"]}},"internal_alb_sg_id":{"expression":{"references":["aws_security_group.internal_alb_sg.id","aws_security_group.internal_alb_sg"]}},"server_sg_id":{"expression":{"references":["aws_security_group.server_sg.id","aws_security_group.server_sg"]}}},"resources":[{"address":"aws_security_group.alb_sg","mode":"managed","type":"aws_security_group","name":"alb_sg","provider_config_key":"aws","expressions":{"description":{"constant_value":"enable http/https access on port 80/443"},"egress":{"constant_value":[{"cidr_blocks":["0.0.0.0/0"],"description":null,"from_port":0,"ipv6_cidr_blocks":null,"prefix_list_ids":null,"protocol":"-1","security_groups":null,"self":null,"to_port":0}]},"ingress":{"constant_value":[{"cidr_blocks":["0.0.0.0/0"],"description":"http access","from_port":80,"ipv6_cidr_blocks":null,"prefix_list_ids":null,"protocol":"tcp","security_groups":null,"self":null,"to_port":80},{"cidr_blocks":["0.0.0.0/0"],"description":"https access","from_port":443,"ipv6_cidr_blocks":null,"prefix_list_ids":null,"protocol":"tcp","security_groups":null,"self":null,"to_port":443}]},"name":{"constant_value":"alb security group"},"tags":{"constant_value":{"Name":"alb_sg"}},"vpc_id":{"references":["var.vpc_id"]}},"schema_version":1},{"address":"aws_security_group.client_sg","mode":"managed","type":"aws_security_group","name":"client_sg","provider_config_key":"aws","expressions":{"description":{"constant_value":"enable http/https access on port 80 for client sg"},"egress":{"constant_value":[{"cidr_blocks":["0.0.0.0/0"],"description":null,"from_port":0,"ipv6_cidr_blocks":null,"prefix_list_ids":null,"protocol":"-1","security_groups":null,"self":null,"to_port":0}]},"ingress":{"references":["aws_security_group.alb_sg.id","aws_security_group.alb_sg"]},"name":{"constant_value":"client_sg"},"tags":{"constant_value":{"Name":"Client_sg"}},"vpc_id":{"references":["var.vpc_id"]}},"schema_version":1,"depends_on":["aws_security_group.alb_sg"]},{"address":"aws_security_group.db_sg","mode":"managed","type":"aws_security_group","name":"db_sg","provider_config_key":"aws","expressions":{"description":{"constant_value":"enable mysql access on port 3305 from server-sg"},"egress":{"constant_value":[{"cidr_blocks":["0.0.0.0/0"],"description":null,"from_port":0,"ipv6_cidr_blocks":null,"prefix_list_ids":null,"protocol":"-1","security_groups":null,"self":null,"to_port":0}]},"ingress":{"references":["aws_security_group.server_sg.id","aws_security_group.server_sg"]},"name":{"constant_value":"db_sg"},"tags":{"constant_value":{"Name":"database_sg"}},"vpc_id":{"references":["var.vpc_id"]}},"schema_version":1,"depends_on":["aws_security_group.server_sg"]},{"address":"aws_security_group.internal_alb_sg","mode":"managed","type":"aws_security_group","name":"internal_alb_sg","provider_config_key":"aws","expressions":{"description":{"constant_value":"enable http/https access on port 80 for internal alb sg"},"egress":{"constant_value":[{"cidr_blocks":["0.0.0.0/0"],"description":null,"from_port":0,"ipv6_cidr_blocks":null,"prefix_list_ids":null,"protocol":"-1","security_groups":null,"self":null,"to_port":0}]},"ingress":{"references":["aws_security_group.client_sg.id","aws_security_group.client_sg"]},"name":{"constant_value":"internal_alb_sg"},"tags":{"constant_value":{"Name":"internal_alb_sg"}},"vpc_id":{"references":["var.vpc_id"]}},"schema_version":1,"depends_on":["aws_security_group.client_sg"]},{"address":"aws_security_group.server_sg","mode":"managed","type":"aws_security_group","name":"server_sg","provider_config_key":"aws","expressions":{"description":{"constant_value":"enable http/https access on port 4000 for server app sg"},"egress":{"constant_value":[{"cidr_blocks":["0.0.0.0/0"],"description":null,"from_port":0,"ipv6_cidr_blocks":null,"prefix_list_ids":null,"protocol":"-1","security_groups":null,"self":null,"to_port":0}]},"ingress":{"references":["aws_security_group.internal_alb_sg.id","aws_security_group.internal_alb_sg"]},"name":{"constant_value":"server_sg"},"tags":{"constant_value":{"Name":"server_sg"}},"vpc_id":{"references":["var.vpc_id"]}},"schema_version":1,"depends_on":["aws_security_group.internal_alb_sg"]}],"variables":{"vpc_id":{}}},"depends_on":["module.vpc"]},"vpc":{"source":"../modules/vpc","expressions":{"pri_sub_3a_cidr":{"references":["var.pri_sub_3a_cidr"]},"pri_sub_4b_cidr":{"references":["var.pri_sub_4b_cidr"]},"pri_sub_5a_cidr":{"references":["var.pri_sub_5a_cidr"]},"pri_sub_6b_cidr":{"references":["var.pri_sub_6b_cidr"]},"pri_sub_7a_cidr":{"references":["var.pri_sub_7a_cidr"]},"pri_sub_8b_cidr":{"references":["var.pri_sub_8b_cidr"]},"project_name":{"references":["var.project_name"]},"pub_sub_1a_cidr":{"references":["var.pub_sub_1a_cidr"]},"pub_sub_2b_cidr":{"references":["var.pub_sub_2b_cidr"]},"region":{"references":["var.region"]},"vpc_cidr":{"references":["var.vpc_cidr"]}},"module":{"outputs":{"igw_id":{"expression":{"references":["aws_internet_gateway.internet_gateway"]}},"pri_sub_3a_id":{"expression":{"references":["aws_subnet.pri_sub_3a.id","aws_subnet.pri_sub_3a"]}},"pri_sub_4b_id":{"expression":{"references":["aws_subnet.pri_sub_4b.id","aws_subnet.pri_sub_4b"]}},"pri_sub_5a_id":{"expression":{"references":["aws_subnet.pri_sub_5a.id","aws_subnet.pri_sub_5a"]}},"pri_sub_6b_id":{"expression":{"references":["aws_subnet.pri_sub_6b.id","aws_subnet.pri_sub_6b"]}},"pri_sub_7a_id":{"expression":{"references":["aws_subnet.pri_sub_7a.id","aws_subnet.pri_sub_7a"]}},"pri_sub_8b_id":{"expression":{"references":["aws_subnet.pri_sub_8b.id","aws_subnet.pri_sub_8b"]}},"project_name":{"expression":{"references":["var.project_name"]}},"pub_sub_1a_id":{"expression":{"references":["aws_subnet.pub_sub_1a.id","aws_subnet.pub_sub_1a"]}},"pub_sub_2b_id":{"expression":{"references":["aws_subnet.pub_sub_2b.id","aws_subnet.pub_sub_2b"]}},"region":{"expression":{"references":["var.region"]}},"vpc_cidr_block":{"expression":{"references":["aws_vpc.vpc.cidr_block","aws_vpc.vpc"]}},"vpc_id":{"expression":{"references":["aws_vpc.vpc.id","aws_vpc.vpc"]}}},"resources":[{"address":"aws_internet_gateway.internet_gateway","mode":"managed","type":"aws_internet_gateway","name":"internet_gateway","provider_config_key":"aws","expressions":{"tags":{"references":["var.project_name"]},"vpc_id":{"references":["aws_vpc.vpc.id","aws_vpc.vpc"]}},"schema_version":0},{"address":"aws_route_table.public_route_table","mode":"managed","type":"aws_route_table","name":"public_route_table","provider_config_key":"aws","expressions":{"route":{"references":["aws_internet_gateway.internet_gateway.id","aws_internet_gateway.internet_gateway"]},"tags":{"constant_value":{"Name":"Public-rt"}},"vpc_id":{"references":["aws_vpc.vpc.id","aws_vpc.vpc"]}},"schema_version":0},{"address":"aws_route_table_association.pub-sub-1a_route_table_association","mode":"managed","type":"aws_route_table_association","name":"pub-sub-1a_route_table_association","provider_config_key":"aws","expressions":{"route_table_id":{"references":["aws_route_table.public_route_table.id","aws_route_table.public_route_table"]},"subnet_id":{"references":["aws_subnet.pub_sub_1a.id","aws_subnet.pub_sub_1a"]}},"schema_version":0},{"address":"aws_route_table_association.pub-sub-2-b_route_table_association","mode":"managed","type":"aws_route_table_association","name":"pub-sub-2-b_route_table_association","provider_config_key":"aws","expressions":{"route_table_id":{"references":["aws_route_table.public_route_table.id","aws_route_table.public_route_table"]},"subnet_id":{"references":["aws_subnet.pub_sub_2b.id","aws_subnet.pub_sub_2b"]}},"schema_version":0},{"address":"aws_subnet.pri_sub_3a","mode":"managed","type":"aws_subnet","name":"pri_sub_3a","provider_config_key":"aws","expressions":{"availability_zone":{"references":["data.aws_availability_zones.available_zones.names[0]","data.aws_availability_zones.available_zones.names","data.aws_availability_zones.available_zones"]},"cidr_block":{"references":["var.pri_sub_3a_cidr"]},"map_public_ip_on_launch":{"constant_value":false},"tags":{"constant_value":{"Name":"pri-sub-3a"}},"vpc_id":{"references":["aws_vpc.vpc.id","aws_vpc.vpc"]}},"schema_version":1},{"address":"aws_subnet.pri_sub_4b","mode":"managed","type":"aws_subnet","name":"pri_sub_4b","provider_config_key":"aws","expressions":{"availability_zone":{"references":["data.aws_availability_zones.available_zones.names[1]","data.aws_availability_zones.available_zones.names","data.aws_availability_zones.available_zones"]},"cidr_block":{"references":["var.pri_sub_4b_cidr"]},"map_public_ip_on_launch":{"constant_value":false},"tags":{"constant_value":{"Name":"pri-sub-4b"}},"vpc_id":{"references":["aws_vpc.vpc.id","aws_vpc.vpc"]}},"schema_version":1},{"address":"aws_subnet.pri_sub_5a","mode":"managed","type":"aws_subnet","name":"pri_sub_5a","provider_config_key":"aws","expressions":{"availability_zone":{"references":["data.aws_availability_zones.available_zones.names[0]","data.aws_availability_zones.available_zones.names","data.aws_availability_zones.available_zones"]},"cidr_block":{"references":["var.pri_sub_5a_cidr"]},"map_public_ip_on_launch":{"constant_value":false},"tags":{"constant_value":{"Name":"pri-sub-5a"}},"vpc_id":{"references":["aws_vpc.vpc.id","aws_vpc.vpc"]}},"schema_version":1},{"address":"aws_subnet.pri_sub_6b","mode":"managed","type":"aws_subnet","name":"pri_sub_6b","provider_config_key":"aws","expressions":{"availability_zone":{"references":["data.aws_availability_zones.available_zones.names[1]","data.aws_availability_zones.available_zones.names","data.aws_availability_zones.available_zones"]},"cidr_block":{"references":["var.pri_sub_6b_cidr"]},"map_public_ip_on_launch":{"constant_value":false},"tags":{"constant_value":{"Name":"pri-sub-6b"}},"vpc_id":{"references":["aws_vpc.vpc.id","aws_vpc.vpc"]}},"schema_version":1},{"address":"aws_subnet.pri_sub_7a","mode":"managed","type":"aws_subnet","name":"pri_sub_7a","provider_config_key":"aws","expressions":{"availability_zone":{"references":["data.aws_availability_zones.available_zones.names[0]","data.aws_availability_zones.available_zones.names","data.aws_availability_zones.available_zones"]},"cidr_block":{"references":["var.pri_sub_7a_cidr"]},"map_public_ip_on_launch":{"constant_value":false},"tags":{"constant_value":{"Name":"pri-sub-7a"}},"vpc_id":{"references":["aws_vpc.vpc.id","aws_vpc.vpc"]}},"schema_version":1},{"address":"aws_subnet.pri_sub_8b","mode":"managed","type":"aws_subnet","name":"pri_sub_8b","provider_config_key":"aws","expressions":{"availability_zone":{"references":["data.aws_availability_zones.available_zones.names[1]","data.aws_availability_zones.available_zones.names","data.aws_availability_zones.available_zones"]},"cidr_block":{"references":["var.pri_sub_8b_cidr"]},"map_public_ip_on_launch":{"constant_value":false},"tags":{"constant_value":{"Name":"pri-sub-8b"}},"vpc_id":{"references":["aws_vpc.vpc.id","aws_vpc.vpc"]}},"schema_version":1},{"address":"aws_subnet.pub_sub_1a","mode":"managed","type":"aws_subnet","name":"pub_sub_1a","provider_config_key":"aws","expressions":{"availability_zone":{"references":["data.aws_availability_zones.available_zones.names[0]","data.aws_availability_zones.available_zones.names","data.aws_availability_zones.available_zones"]},"cidr_block":{"references":["var.pub_sub_1a_cidr"]},"map_public_ip_on_launch":{"constant_value":true},"tags":{"constant_value":{"Name":"pub_sub_1a"}},"vpc_id":{"references":["aws_vpc.vpc.id","aws_vpc.vpc"]}},"schema_version":1},{"address":"aws_subnet.pub_sub_2b","mode":"managed","type":"aws_subnet","name":"pub_sub_2b","provider_config_key":"aws","expressions":{"availability_zone":{"references":["data.aws_availability_zones.available_zones.names[1]","data.aws_availability_zones.available_zones.names","data.aws_availability_zones.available_zones"]},"cidr_block":{"references":["var.pub_sub_2b_cidr"]},"map_public_ip_on_launch":{"constant_value":true},"tags":{"constant_value":{"Name":"pub_sub_2b"}},"vpc_id":{"references":["aws_vpc.vpc.id","aws_vpc.vpc"]}},"schema_version":1},{"address":"aws_vpc.vpc","mode":"managed","type":"aws_vpc","name":"vpc","provider_config_key":"aws","expressions":{"cidr_block":{"references":["var.vpc_cidr"]},"enable_dns_hostnames":{"constant_value":true},"enable_dns_support":{"constant_value":true},"instance_tenancy":{"constant_value":"default"},"tags":{"references":["var.project_name"]}},"schema_version":1},{"address":"data.aws_availability_zones.available_zones","mode":"data","type":"aws_availability_zones","name":"available_zones","provider_config_key":"aws","schema_version":0}],"variables":{"pri_sub_3a_cidr":{},"pri_sub_4b_cidr":{},"pri_sub_5a_cidr":{},"pri_sub_6b_cidr":{},"pri_sub_7a_cidr":{},"pri_sub_8b_cidr":{},"project_name":{},"pub_sub_1a_cidr":{},"pub_sub_2b_cidr":{},"region":{},"vpc_cidr":{}}}}},"variables":{"additional_domain_name":{},"alb_api_domain_name":{},"bucket_name":{},"certificate_domain_name":{},"db_name":{},"db_password":{},"db_username":{},"pri_sub_3a_cidr":{},"pri_sub_4b_cidr":{},"pri_sub_5a_cidr":{},"pri_sub_6b_cidr":{},"pri_sub_7a_cidr":{},"pri_sub_8b_cidr":{},"project_name":{},"pub_sub_1a_cidr":{},"pub_sub_2b_cidr":{},"region":{},"vpc_cidr":{}}}},"relevant_attributes":[{"resource":"module.iam_role.aws_s3_bucket.vpc_flow_logs_bucket","attribute":["arn"]},{"resource":"module.asg.aws_autoscaling_policy.scale_up","attribute":["arn"]},{"resource":"module.s3.aws_s3_bucket.lirw-bucket","attribute":["id"]},{"resource":"module.acm.aws_acm_certificate.cert","attribute":["domain_name"]},{"resource":"module.cloudfront.aws_cloudfront_origin_request_policy.only-host-header","attribute":["id"]},{"resource":"module.asg.aws_autoscaling_policy.server_scale_down","attribute":["arn"]},{"resource":"module.alb.aws_lb.internal_application_load_balancer","attribute":["dns_name"]},{"resource":"module.vpc.aws_subnet.pri_sub_3a","attribute":["id"]},{"resource":"module.asg.data.local_file.frontend_ami","attribute":["content"]},{"resource":"module.asg.aws_launch_template.server_lt_name","attribute":["latest_version"]},{"resource":"module.cloudfront.aws_wafv2_web_acl.block_web_acl","attribute":["arn"]},{"resource":"module.asg.aws_autoscaling_policy.server_scale_up","attribute":["arn"]},{"resource":"module.cloudfront.aws_cloudfront_distribution.my_distribution","attribute":["id"]},{"resource":"module.cloudfront.aws_cloudfront_distribution.my_distribution","attribute":["aliases"]},{"resource":"module.iam_role.aws_iam_instance_profile.s3_ssm_cw_profile","attribute":["name"]},{"resource":"module.acm.aws_route53_record.cert_validation_record","attribute":[]},{"resource":"module.vpc.aws_subnet.pri_sub_8b","attribute":["id"]},{"resource":"module.alb.data.aws_acm_certificate.issued","attribute":["arn"]},{"resource":"module.security-group.aws_security_group.client_sg","attribute":["id"]},{"resource":"module.vpc.aws_subnet.pub_sub_1a","attribute":["id"]},{"resource":"module.asg.aws_security_group.vpc_endpoint_sg","attribute":["id"]},{"resource":"module.acm.aws_acm_certificate.cert","attribute":["status"]},{"resource":"module.acm.aws_acm_certificate.cert","attribute":["domain_validation_options"]},{"resource":"module.iam_role.aws_s3_bucket.vpc_flow_logs_bucket","attribute":["id"]},{"resource":"module.key.aws_key_pair.client_key","attribute":["key_name"]},{"resource":"module.vpc.data.aws_availability_zones.available_zones","attribute":["names",1]},{"resource":"module.alb.aws_lb_listener.alb_http_listener","attribute":["arn"]},{"resource":"module.security-group.aws_security_group.alb_sg","attribute":["id"]},{"resource":"module.vpc.aws_route_table.public_route_table","attribute":["id"]},{"resource":"module.asg.aws_launch_template.lt_name","attribute":["id"]},{"resource":"module.cloudfront.aws_cloudfront_distribution.my_distribution","attribute":["domain_name"]},{"resource":"module.vpc.aws_subnet.pri_sub_5a","attribute":["id"]},{"resource":"module.asg.aws_launch_template.server_lt_name","attribute":["id"]},{"resource":"module.security-group.aws_security_group.server_sg","attribute":["id"]},{"resource":"module.cloudfront.aws_wafv2_ip_set.block_ipset","attribute":["arn"]},{"resource":"module.acm.data.aws_route53_zone.public-zone","attribute":["zone_id"]},{"resource":"module.cloudfront.aws_cloudfront_distribution.my_distribution","attribute":["hosted_zone_id"]},{"resource":"module.vpc.aws_subnet.pri_sub_4b","attribute":["id"]},{"resource":"module.asg.aws_autoscaling_policy.scale_down","attribute":["arn"]},{"resource":"module.cloudfront.aws_cloudfront_cache_policy.caching_optimized","attribute":["id"]},{"resource":"module.rds.aws_db_instance.lirw-database","attribute":["address"]},{"resource":"module.vpc.aws_subnet.pri_sub_7a","attribute":["id"]},{"resource":"module.vpc.aws_subnet.pri_sub_6b","attribute":["id"]},{"resource":"module.alb.aws_lb.application_load_balancer","attribute":["arn"]},{"resource":"module.alb.aws_lb_target_group.internal_alb_target_group","attribute":["arn"]},{"resource":"module.asg.aws_sns_topic.topic","attribute":["arn"]},{"resource":"module.rds.aws_db_instance.lirw-database","attribute":["endpoint"]},{"resource":"module.iam_role.aws_s3_bucket.vpc_flow_logs_bucket","attribute":["bucket"]},{"resource":"module.vpc.aws_vpc.vpc","attribute":["id"]},{"resource":"module.alb.aws_lb.internal_application_load_balancer","attribute":["arn"]},{"resource":"module.iam_role.aws_iam_role.s3_ssm_CW_role","attribute":["name"]},{"resource":"module.vpc.data.aws_availability_zones.available_zones","attribute":["names",0]},{"resource":"module.acm.aws_acm_certificate.cert","attribute":["arn"]},{"resource":"module.rds.aws_db_subnet_group.db-subnet","attribute":["name"]},{"resource":"module.alb.aws_lb.application_load_balancer","attribute":["dns_name"]},{"resource":"module.cloudfront.aws_wafv2_web_acl.alb_acl","attribute":["arn"]},{"resource":"module.vpc.aws_internet_gateway.internet_gateway","attribute":["id"]},{"resource":"module.cloudfront.aws_cloudfront_distribution.my_distribution","attribute":["status"]},{"resource":"module.asg.aws_autoscaling_group.asg_name","attribute":["name"]},{"resource":"module.iam_role.data.aws_caller_identity.current","attribute":["account_id"]},{"resource":"module.cloudfront.data.aws_acm_certificate.issued","attribute":["arn"]},{"resource":"module.asg.aws_autoscaling_group.server_asg_name","attribute":["name"]},{"resource":"module.key.aws_key_pair.nat-bastion","attribute":["key_name"]},{"resource":"module.asg.data.local_file.backend_ami","attribute":["content"]},{"resource":"module.vpc.aws_vpc.vpc","attribute":["cidr_block"]},{"resource":"module.alb.aws_lb_target_group.alb_target_group","attribute":["arn"]},{"resource":"module.vpc.aws_subnet.pub_sub_2b","attribute":["id"]},{"resource":"module.route53.data.aws_route53_zone.public-zone","attribute":["zone_id"]},{"resource":"module.cloudfront.aws_cloudfront_distribution.my_distribution","attribute":["arn"]},{"resource":"module.security-group.aws_security_group.internal_alb_sg","attribute":["id"]},{"resource":"module.asg.aws_launch_template.lt_name","attribute":["latest_version"]},{"resource":"module.iam_role.aws_iam_policy.cloudwatch_agent_policy","attribute":["arn"]},{"resource":"module.vpc.aws_internet_gateway.internet_gateway","attribute":[]},{"resource":"module.key.aws_key_pair.server_key","attribute":["key_name"]},{"resource":"module.route53.data.aws_route53_zone.public-zone","attribute":["name"]},{"resource":"module.alb.aws_lb.application_load_balancer","attribute":["zone_id"]},{"resource":"module.security-group.aws_security_group.db_sg","attribute":["id"]}],"timestamp":"2025-11-01T16:00:52Z","applyable":true,"complete":true,"errored":false}
